{
  "version": 4,
  "terraform_version": "0.13.5",
  "serial": 35,
  "lineage": "f1627020-5b19-2cda-e2a3-dce89974bb6e",
  "outputs": {
    "Enterprise_SH": {
      "value": [
        {
          "alb_dns_name": "prod-splunk-alb-enterprise-1156362694.us-east-1.elb.amazonaws.com",
          "intance_sg": "sg-0b7438182a5794bba",
          "lb_sg": "sg-03c5dd2f197d66bc0"
        }
      ],
      "type": [
        "tuple",
        [
          [
            "object",
            {
              "alb_dns_name": "string",
              "intance_sg": "string",
              "lb_sg": "string"
            }
          ]
        ]
      ]
    },
    "common": {
      "value": [
        {
          "iam_role_name": "prod-splunk-ec2-role",
          "kms_smartstore_key": {
            "arn": "arn:aws:kms:us-east-1:740749460388:key/da9432c0-e9c1-4029-9fbd-02ae80b7a2c2",
            "customer_master_key_spec": "SYMMETRIC_DEFAULT",
            "deletion_window_in_days": 7,
            "description": "Key for splunk SSE S3",
            "enable_key_rotation": false,
            "id": "da9432c0-e9c1-4029-9fbd-02ae80b7a2c2",
            "is_enabled": true,
            "key_id": "da9432c0-e9c1-4029-9fbd-02ae80b7a2c2",
            "key_usage": "ENCRYPT_DECRYPT",
            "policy": "{\"Statement\":[{\"Action\":\"kms:*\",\"Effect\":\"Allow\",\"Principal\":{\"AWS\":\"arn:aws:iam::740749460388:root\"},\"Resource\":\"*\",\"Sid\":\"Enable IAM User Permissions\"},{\"Action\":[\"kms:Encrypt\",\"kms:Decrypt\",\"kms:ReEncrypt*\",\"kms:GenerateDataKey*\",\"kms:DescribeKey\"],\"Effect\":\"Allow\",\"Principal\":{\"AWS\":\"arn:aws:iam::740749460388:role/prod-splunk-ec2-role\"},\"Resource\":\"*\",\"Sid\":\"Allow EC2 Role to use key\"}],\"Version\":\"2012-10-17\"}",
            "tags": {
              "Managed_by": "terraform",
              "Module": "splunk_common",
              "Name": "prod-splunk-sse-splunk",
              "application_name": "splunk",
              "environment": "prod",
              "prj_name": "splunk",
              "prj_owner": "Juan Becerra"
            }
          },
          "s3_config_bucket": "prod-<customer>splunkprod-us-east-1-splunk-initial-configs",
          "waf_acl_arn": "arn:aws:wafv2:us-east-1:740749460388:regional/webacl/prod-splunk-waf-splunk/bbc8c958-ec97-4708-a740-7fa7b1956e7b"
        }
      ],
      "type": [
        "tuple",
        [
          [
            "object",
            {
              "iam_role_name": "string",
              "kms_smartstore_key": [
                "object",
                {
                  "arn": "string",
                  "customer_master_key_spec": "string",
                  "deletion_window_in_days": "number",
                  "description": "string",
                  "enable_key_rotation": "bool",
                  "id": "string",
                  "is_enabled": "bool",
                  "key_id": "string",
                  "key_usage": "string",
                  "policy": "string",
                  "tags": [
                    "map",
                    "string"
                  ]
                }
              ],
              "s3_config_bucket": "string",
              "waf_acl_arn": "string"
            }
          ]
        ]
      ]
    },
    "route53_dns": {
      "value": [
        {
          "cert_arn": "arn:aws:acm:us-east-1:740749460388:certificate/4839e66a-518c-4f9c-9554-2e3227386806",
          "ddns_role": "arn:aws:iam::740749460388:role/ddns_lifecycle",
          "ddns_topic": "arn:aws:sns:us-east-1:740749460388:ddns_handling",
          "private_zone_id": "Z1025878278SY9EZW6LQL"
        }
      ],
      "type": [
        "tuple",
        [
          [
            "object",
            {
              "cert_arn": "string",
              "ddns_role": "string",
              "ddns_topic": "string",
              "private_zone_id": "string"
            }
          ]
        ]
      ]
    }
  },
  "resources": [
    {
      "mode": "data",
      "type": "aws_secretsmanager_secret_version",
      "name": "admin_account",
      "provider": "provider[\"registry.terraform.io/hashicorp/aws\"]",
      "instances": [
        {
          "schema_version": 0,
          "attributes": {
            "arn": "arn:aws:secretsmanager:us-east-1:740749460388:secret:adminUser-iPC3BN",
            "id": "adminUser|AWSCURRENT",
            "secret_binary": "",
            "secret_id": "adminUser",
            "secret_string": "{\"admin_userid\":\"admin\",\"admin_password\":\"m2EWRPu#8A\u0026ntKuwbcT5EDQTDG8yYe#X\",\"admin_userid_deployment\":\"<customer>_admin_ds\",\"admin_password_deployment\":\"\u0026\u00263RVfGS$DUe6nkPc6PATG\u0026kB8NyA%#^\",\"admin_password_encrypted\":\"$6$cLaQ0TcV0eew9X.N$VjgRrGxHePbkp2Bfpc1AZFowV2feMBc598yorNsnagClESc42mQpaT55bHP/gZbkbju13WJfMOFi1S0FoP8LU0\",\"admin_password_deployment_encrypted\":\"$6$jkFnKnr8wG90zNOq$.IHlprWUDwAE1QePoXj/Zm9rgq4zRPLN9PSBos2dcnFztAiiPDcP.j8jekEI1zkYP1PmC3tsDzlm/EArEMSh0/\"}",
            "version_id": "03f4d29f-2b6e-44f6-a389-5d747392c86e",
            "version_stage": "AWSCURRENT",
            "version_stages": [
              "AWSCURRENT"
            ]
          }
        }
      ]
    },
    {
      "module": "module.Customer_SH",
      "mode": "data",
      "type": "aws_ami",
      "name": "ami_source",
      "provider": "provider[\"registry.terraform.io/hashicorp/aws\"]",
      "instances": [
        {
          "schema_version": 0,
          "attributes": {
            "architecture": "x86_64",
            "arn": "arn:aws:ec2:us-east-1::image/ami-0d693553bf937a68f",
            "block_device_mappings": [
              {
                "device_name": "/dev/xvda",
                "ebs": {
                  "delete_on_termination": "true",
                  "encrypted": "false",
                  "iops": "0",
                  "snapshot_id": "snap-019c86245fde6dc75",
                  "volume_size": "300",
                  "volume_type": "gp2"
                },
                "no_device": "",
                "virtual_name": ""
              }
            ],
            "creation_date": "2020-11-06T21:25:38.000Z",
            "description": "Lambda created AMI of instance i-0699ca70ebed7e102",
            "executable_users": null,
            "filter": [
              {
                "name": "tag:Name",
                "values": [
                  "splunk-base-ami",
                  "splunk-search-customer"
                ]
              }
            ],
            "hypervisor": "xen",
            "id": "ami-0d693553bf937a68f",
            "image_id": "ami-0d693553bf937a68f",
            "image_location": "740749460388/splunk-search-customer_06-11-2020.21.25",
            "image_owner_alias": null,
            "image_type": "machine",
            "kernel_id": null,
            "most_recent": true,
            "name": "splunk-search-customer_06-11-2020.21.25",
            "name_regex": null,
            "owner_id": "740749460388",
            "owners": [
              "self"
            ],
            "platform": null,
            "product_codes": [],
            "public": false,
            "ramdisk_id": null,
            "root_device_name": "/dev/xvda",
            "root_device_type": "ebs",
            "root_snapshot_id": "snap-019c86245fde6dc75",
            "sriov_net_support": "simple",
            "state": "available",
            "state_reason": {
              "code": "UNSET",
              "message": "UNSET"
            },
            "tags": {
              "CreatedOn": "06-11-2020.21.25",
              "Name": "splunk-search-customer",
              "Type": "HOURLY"
            },
            "virtualization_type": "hvm"
          }
        }
      ]
    },
    {
      "module": "module.Customer_SH",
      "mode": "data",
      "type": "aws_route53_zone",
      "name": "private_zone",
      "provider": "provider[\"registry.terraform.io/hashicorp/aws\"]",
      "instances": [
        {
          "schema_version": 0,
          "attributes": {
            "caller_reference": "terraform-20201106142453677500000001",
            "comment": "Managed by Terraform",
            "id": "Z1025878278SY9EZW6LQL",
            "linked_service_description": null,
            "linked_service_principal": null,
            "name": "splunkinternal.com.",
            "name_servers": [],
            "private_zone": true,
            "resource_record_set_count": 14,
            "tags": {},
            "vpc_id": null,
            "zone_id": "Z1025878278SY9EZW6LQL"
          }
        }
      ]
    },
    {
      "module": "module.Customer_SH",
      "mode": "data",
      "type": "aws_route53_zone",
      "name": "public_zone",
      "provider": "provider[\"registry.terraform.io/hashicorp/aws\"]",
      "instances": [
        {
          "schema_version": 0,
          "attributes": {
            "caller_reference": "4e9ee2b0-8d7d-45b1-bef2-d843fa05c63b",
            "comment": "Hosted Zone for Splunk URLs",
            "id": "Z07522651BG4B102L9QDK",
            "linked_service_description": null,
            "linked_service_principal": null,
            "name": "splunk.<customer>home.com.",
            "name_servers": [
              "ns-931.awsdns-52.net",
              "ns-153.awsdns-19.com",
              "ns-1627.awsdns-11.co.uk",
              "ns-1098.awsdns-09.org"
            ],
            "private_zone": false,
            "resource_record_set_count": 19,
            "tags": {},
            "vpc_id": null,
            "zone_id": "Z07522651BG4B102L9QDK"
          }
        }
      ]
    },
    {
      "module": "module.Customer_SH",
      "mode": "managed",
      "type": "aws_alb",
      "name": "load_balancer",
      "provider": "provider[\"registry.terraform.io/hashicorp/aws\"]",
      "instances": [
        {
          "schema_version": 0,
          "attributes": {
            "access_logs": [
              {
                "bucket": "",
                "enabled": false,
                "prefix": ""
              }
            ],
            "arn": "arn:aws:elasticloadbalancing:us-east-1:740749460388:loadbalancer/app/prod-splunk-alb-customer/0ef06b2ee3d505b7",
            "arn_suffix": "app/prod-splunk-alb-customer/0ef06b2ee3d505b7",
            "dns_name": "prod-splunk-alb-customer-1396673613.us-east-1.elb.amazonaws.com",
            "drop_invalid_header_fields": false,
            "enable_cross_zone_load_balancing": null,
            "enable_deletion_protection": false,
            "enable_http2": true,
            "id": "arn:aws:elasticloadbalancing:us-east-1:740749460388:loadbalancer/app/prod-splunk-alb-customer/0ef06b2ee3d505b7",
            "idle_timeout": 60,
            "internal": false,
            "ip_address_type": "ipv4",
            "load_balancer_type": "application",
            "name": "prod-splunk-alb-customer",
            "name_prefix": null,
            "security_groups": [
              "sg-039a5030e17633970"
            ],
            "subnet_mapping": [
              {
                "allocation_id": "",
                "subnet_id": "subnet-0057ea47be6c0a6e1"
              },
              {
                "allocation_id": "",
                "subnet_id": "subnet-09b0446a3f0f2aafa"
              },
              {
                "allocation_id": "",
                "subnet_id": "subnet-0a2528d789dd75efd"
              }
            ],
            "subnets": [
              "subnet-0057ea47be6c0a6e1",
              "subnet-09b0446a3f0f2aafa",
              "subnet-0a2528d789dd75efd"
            ],
            "tags": {
              "Managed_by": "terraform",
              "Module": "splunk_sh",
              "Name": "prod-splunk-alb-customer",
              "application_name": "splunk",
              "created_by": "Juan Becerra",
              "environment": "prod"
            },
            "timeouts": null,
            "vpc_id": "vpc-0f9afbd827c17d71a",
            "zone_id": "Z35SXDOTRQ7X7K"
          },
          "private": "eyJlMmJmYjczMC1lY2FhLTExZTYtOGY4OC0zNDM2M2JjN2M0YzAiOnsiY3JlYXRlIjo2MDAwMDAwMDAwMDAsImRlbGV0ZSI6NjAwMDAwMDAwMDAwLCJ1cGRhdGUiOjYwMDAwMDAwMDAwMH19",
          "dependencies": [
            "module.Customer_SH.aws_security_group.lb_sg"
          ]
        }
      ]
    },
    {
      "module": "module.Customer_SH",
      "mode": "managed",
      "type": "aws_alb_listener",
      "name": "load_balancer",
      "provider": "provider[\"registry.terraform.io/hashicorp/aws\"]",
      "instances": [
        {
          "schema_version": 0,
          "attributes": {
            "arn": "arn:aws:elasticloadbalancing:us-east-1:740749460388:listener/app/prod-splunk-alb-customer/0ef06b2ee3d505b7/c44b338071e3136c",
            "certificate_arn": null,
            "default_action": [
              {
                "authenticate_cognito": [],
                "authenticate_oidc": [],
                "fixed_response": [],
                "forward": [],
                "order": 1,
                "redirect": [
                  {
                    "host": "#{host}",
                    "path": "/#{path}",
                    "port": "443",
                    "protocol": "HTTPS",
                    "query": "#{query}",
                    "status_code": "HTTP_301"
                  }
                ],
                "target_group_arn": "",
                "type": "redirect"
              }
            ],
            "id": "arn:aws:elasticloadbalancing:us-east-1:740749460388:listener/app/prod-splunk-alb-customer/0ef06b2ee3d505b7/c44b338071e3136c",
            "load_balancer_arn": "arn:aws:elasticloadbalancing:us-east-1:740749460388:loadbalancer/app/prod-splunk-alb-customer/0ef06b2ee3d505b7",
            "port": 80,
            "protocol": "HTTP",
            "ssl_policy": "",
            "timeouts": null
          },
          "private": "eyJlMmJmYjczMC1lY2FhLTExZTYtOGY4OC0zNDM2M2JjN2M0YzAiOnsicmVhZCI6NjAwMDAwMDAwMDAwfX0=",
          "dependencies": [
            "module.Customer_SH.aws_alb.load_balancer",
            "module.Customer_SH.aws_security_group.lb_sg"
          ]
        }
      ]
    },
    {
      "module": "module.Customer_SH",
      "mode": "managed",
      "type": "aws_alb_listener",
      "name": "load_balancer_443",
      "provider": "provider[\"registry.terraform.io/hashicorp/aws\"]",
      "instances": [
        {
          "schema_version": 0,
          "attributes": {
            "arn": "arn:aws:elasticloadbalancing:us-east-1:740749460388:listener/app/prod-splunk-alb-customer/0ef06b2ee3d505b7/9129e2269dc64578",
            "certificate_arn": "arn:aws:acm:us-east-1:740749460388:certificate/4839e66a-518c-4f9c-9554-2e3227386806",
            "default_action": [
              {
                "authenticate_cognito": [],
                "authenticate_oidc": [],
                "fixed_response": [],
                "forward": [],
                "order": 1,
                "redirect": [],
                "target_group_arn": "arn:aws:elasticloadbalancing:us-east-1:740749460388:targetgroup/prod-splunk-alb-8000-customer/28ec84f1de672610",
                "type": "forward"
              }
            ],
            "id": "arn:aws:elasticloadbalancing:us-east-1:740749460388:listener/app/prod-splunk-alb-customer/0ef06b2ee3d505b7/9129e2269dc64578",
            "load_balancer_arn": "arn:aws:elasticloadbalancing:us-east-1:740749460388:loadbalancer/app/prod-splunk-alb-customer/0ef06b2ee3d505b7",
            "port": 443,
            "protocol": "HTTPS",
            "ssl_policy": "ELBSecurityPolicy-2016-08",
            "timeouts": null
          },
          "private": "eyJlMmJmYjczMC1lY2FhLTExZTYtOGY4OC0zNDM2M2JjN2M0YzAiOnsicmVhZCI6NjAwMDAwMDAwMDAwfX0=",
          "dependencies": [
            "module.Customer_SH.aws_alb.load_balancer",
            "module.Customer_SH.aws_alb_target_group.lb_target_8000",
            "module.Customer_SH.aws_security_group.lb_sg",
            "module.route53_dns.aws_acm_certificate.cert",
            "module.route53_dns.data.aws_route53_zone.public_zone"
          ]
        }
      ]
    },
    {
      "module": "module.Customer_SH",
      "mode": "managed",
      "type": "aws_alb_target_group",
      "name": "lb_target_8000",
      "provider": "provider[\"registry.terraform.io/hashicorp/aws\"]",
      "instances": [
        {
          "schema_version": 0,
          "attributes": {
            "arn": "arn:aws:elasticloadbalancing:us-east-1:740749460388:targetgroup/prod-splunk-alb-8000-customer/28ec84f1de672610",
            "arn_suffix": "targetgroup/prod-splunk-alb-8000-customer/28ec84f1de672610",
            "deregistration_delay": 300,
            "health_check": [
              {
                "enabled": true,
                "healthy_threshold": 2,
                "interval": 30,
                "matcher": "200",
                "path": "/en-US/account/login",
                "port": "traffic-port",
                "protocol": "HTTPS",
                "timeout": 5,
                "unhealthy_threshold": 5
              }
            ],
            "id": "arn:aws:elasticloadbalancing:us-east-1:740749460388:targetgroup/prod-splunk-alb-8000-customer/28ec84f1de672610",
            "lambda_multi_value_headers_enabled": false,
            "load_balancing_algorithm_type": "round_robin",
            "name": "prod-splunk-alb-8000-customer",
            "name_prefix": null,
            "port": 8000,
            "protocol": "HTTPS",
            "proxy_protocol_v2": false,
            "slow_start": 0,
            "stickiness": [
              {
                "cookie_duration": 86400,
                "enabled": false,
                "type": "lb_cookie"
              }
            ],
            "tags": {
              "Managed_by": "terraform",
              "Module": "splunk_sh",
              "Name": "prod-splunk-alb-8000-customer",
              "application_name": "splunk",
              "created_by": "Juan Becerra",
              "environment": "prod"
            },
            "target_type": "instance",
            "vpc_id": "vpc-0f9afbd827c17d71a"
          },
          "private": "bnVsbA==",
          "dependencies": [
            "module.Customer_SH.aws_alb.load_balancer",
            "module.Customer_SH.aws_security_group.lb_sg"
          ],
          "create_before_destroy": true
        }
      ]
    },
    {
      "module": "module.Customer_SH",
      "mode": "managed",
      "type": "aws_autoscaling_group",
      "name": "asg",
      "provider": "provider[\"registry.terraform.io/hashicorp/aws\"]",
      "instances": [
        {
          "schema_version": 0,
          "attributes": {
            "arn": "arn:aws:autoscaling:us-east-1:740749460388:autoScalingGroup:165d1f01-3d5d-43d2-a3be-9d29dd3268ff:autoScalingGroupName/prod-splunk-asg-customer",
            "availability_zones": [
              "us-east-1a",
              "us-east-1b",
              "us-east-1c"
            ],
            "default_cooldown": 300,
            "desired_capacity": 1,
            "enabled_metrics": [],
            "force_delete": false,
            "health_check_grace_period": 300,
            "health_check_type": "EC2",
            "id": "prod-splunk-asg-customer",
            "initial_lifecycle_hook": [],
            "launch_configuration": "",
            "launch_template": [
              {
                "id": "lt-0adb1e9555f2735c3",
                "name": "splunk-search-customer_template",
                "version": "$Latest"
              }
            ],
            "load_balancers": [],
            "max_instance_lifetime": 0,
            "max_size": 1,
            "metrics_granularity": "1Minute",
            "min_elb_capacity": null,
            "min_size": 1,
            "mixed_instances_policy": [],
            "name": "prod-splunk-asg-customer",
            "name_prefix": null,
            "placement_group": "",
            "protect_from_scale_in": false,
            "service_linked_role_arn": "arn:aws:iam::740749460388:role/aws-service-role/autoscaling.amazonaws.com/AWSServiceRoleForAutoScaling",
            "suspended_processes": [],
            "tag": [
              {
                "key": "Name",
                "propagate_at_launch": true,
                "value": "splunk-search-customer"
              },
              {
                "key": "asg:hostname",
                "propagate_at_launch": true,
                "value": "splunk-search-customer.splunkinternal.com@Z1025878278SY9EZW6LQL"
              }
            ],
            "tags": null,
            "target_group_arns": [
              "arn:aws:elasticloadbalancing:us-east-1:740749460388:targetgroup/prod-splunk-alb-8000-customer/28ec84f1de672610"
            ],
            "termination_policies": [],
            "timeouts": null,
            "vpc_zone_identifier": [
              "subnet-02bb68a15c69c57b7",
              "subnet-04e34d59a76c94fb8",
              "subnet-0e8d86d222995993e"
            ],
            "wait_for_capacity_timeout": "0",
            "wait_for_elb_capacity": null
          },
          "private": "eyJlMmJmYjczMC1lY2FhLTExZTYtOGY4OC0zNDM2M2JjN2M0YzAiOnsiZGVsZXRlIjo2MDAwMDAwMDAwMDB9fQ==",
          "dependencies": [
            "module.Customer_SH.aws_alb_target_group.lb_target_8000",
            "module.Customer_SH.aws_alb_target_group.lb_target_8089",
            "module.Customer_SH.aws_alb_target_group.nlb_target_8089",
            "module.Customer_SH.aws_launch_template.instance_template",
            "module.Customer_SH.aws_security_group.instance_sg",
            "module.Customer_SH.data.aws_ami.ami_source",
            "module.Customer_SH.data.aws_route53_zone.private_zone",
            "module.common.aws_iam_instance_profile.splunk-instance-profile",
            "module.common.aws_iam_role.splunk-instance-profile",
            "module.common.aws_s3_bucket.inits",
            "module.route53_dns.aws_route53_zone.private"
          ],
          "create_before_destroy": true
        }
      ]
    },
    {
      "module": "module.Customer_SH",
      "mode": "managed",
      "type": "aws_autoscaling_lifecycle_hook",
      "name": "asg_launch_hook",
      "provider": "provider[\"registry.terraform.io/hashicorp/aws\"]",
      "instances": [
        {
          "schema_version": 0,
          "attributes": {
            "autoscaling_group_name": "prod-splunk-asg-customer",
            "default_result": "CONTINUE",
            "heartbeat_timeout": 60,
            "id": "prod-splunk-asg-customer-launch",
            "lifecycle_transition": "autoscaling:EC2_INSTANCE_LAUNCHING",
            "name": "prod-splunk-asg-customer-launch",
            "notification_metadata": "",
            "notification_target_arn": "arn:aws:sns:us-east-1:740749460388:ddns_handling",
            "role_arn": "arn:aws:iam::740749460388:role/ddns_lifecycle"
          },
          "private": "bnVsbA==",
          "dependencies": [
            "module.Customer_SH.aws_autoscaling_group.asg",
            "module.route53_dns.aws_iam_role.ddns_lifecycle",
            "module.route53_dns.aws_sns_topic.ddns_handling"
          ]
        }
      ]
    },
    {
      "module": "module.Customer_SH",
      "mode": "managed",
      "type": "aws_launch_template",
      "name": "instance_template",
      "provider": "provider[\"registry.terraform.io/hashicorp/aws\"]",
      "instances": [
        {
          "schema_version": 0,
          "attributes": {
            "arn": "arn:aws:ec2:us-east-1:740749460388:launch-template/lt-0adb1e9555f2735c3",
            "block_device_mappings": [
              {
                "device_name": "/dev/xvda",
                "ebs": [
                  {
                    "delete_on_termination": "",
                    "encrypted": "",
                    "iops": 0,
                    "kms_key_id": "",
                    "snapshot_id": "",
                    "volume_size": 300,
                    "volume_type": ""
                  }
                ],
                "no_device": "",
                "virtual_name": ""
              }
            ],
            "capacity_reservation_specification": [],
            "cpu_options": [],
            "credit_specification": [],
            "default_version": 1,
            "description": "",
            "disable_api_termination": false,
            "ebs_optimized": "true",
            "elastic_gpu_specifications": [],
            "elastic_inference_accelerator": [],
            "hibernation_options": [],
            "iam_instance_profile": [
              {
                "arn": "",
                "name": "prod-splunk-ec2-role"
              }
            ],
            "id": "lt-0adb1e9555f2735c3",
            "image_id": "ami-0d693553bf937a68f",
            "instance_initiated_shutdown_behavior": "",
            "instance_market_options": [],
            "instance_type": "c5.2xlarge",
            "kernel_id": "",
            "key_name": "splunk-prod",
            "latest_version": 8,
            "license_specification": [],
            "metadata_options": [],
            "monitoring": [
              {
                "enabled": true
              }
            ],
            "name": "splunk-search-customer_template",
            "name_prefix": null,
            "network_interfaces": [],
            "placement": [],
            "ram_disk_id": "",
            "security_group_names": [],
            "tag_specifications": [
              {
                "resource_type": "instance",
                "tags": {
                  "Managed_by": "terraform",
                  "Module": "splunk_sh",
                  "S3_Config_Bucket": "prod-<customer>splunkprod-us-east-1-splunk-initial-configs",
                  "SessionsManager": "Devops",
                  "application_name": "splunk",
                  "created_by": "Juan Becerra",
                  "environment": "prod"
                }
              },
              {
                "resource_type": "volume",
                "tags": {
                  "Managed_by": "terraform",
                  "Module": "splunk_sh",
                  "Name": "splunk-search-customer",
                  "application_name": "splunk",
                  "created_by": "Juan Becerra",
                  "environment": "prod"
                }
              }
            ],
            "tags": {},
            "update_default_version": null,
            "user_data": "IyEvdXNyL2Jpbi9lbnYgYmFzaApzZXQgLWUKZXhwb3J0IEFWQUlMQUJJTElUWV9aT05FPSQoY3VybCAtc0xmIGh0dHA6Ly8xNjkuMjU0LjE2OS4yNTQvbGF0ZXN0L21ldGEtZGF0YS9wbGFjZW1lbnQvYXZhaWxhYmlsaXR5LXpvbmUpCmV4cG9ydCBJTlNUQU5DRV9JRD0kKGN1cmwgLXNMZiBodHRwOi8vMTY5LjI1NC4xNjkuMjU0L2xhdGVzdC9tZXRhLWRhdGEvaW5zdGFuY2UtaWQpCmV4cG9ydCBBV1NfUkVHSU9OPSQoY3VybCAtcyAxNjkuMjU0LjE2OS4yNTQvbGF0ZXN0L21ldGEtZGF0YS9wbGFjZW1lbnQvYXZhaWxhYmlsaXR5LXpvbmUgfCBzZWQgJ3MvLiQvLycpCmV4cG9ydCBORVdfSE9TVE5BTUU9JChhd3MgZWMyIGRlc2NyaWJlLXRhZ3MgLS1maWx0ZXJzICJOYW1lPXJlc291cmNlLWlkLFZhbHVlcz0ke0lOU1RBTkNFX0lEfSIgLS1yZWdpb24gJEFXU19SRUdJT04gLS1vdXRwdXQ9dGV4dHwgIGdyZXAgIlxzTmFtZSIgfGF3ayAne3ByaW50ICQ1fScpCmV4cG9ydCBORVdfRlFETj0kKGF3cyBlYzIgZGVzY3JpYmUtdGFncyAtLWZpbHRlcnMgIk5hbWU9cmVzb3VyY2UtaWQsVmFsdWVzPSR7SU5TVEFOQ0VfSUR9IiAtLXJlZ2lvbiAkQVdTX1JFR0lPTiAtLW91dHB1dD10ZXh0fCAgZ3JlcCAiYXNnOmhvc3RuYW1lIiB8YXdrICd7cHJpbnQgJDV9JyB8c2VkICdzL0AuKi8vJykKZXhwb3J0IEFXU19BQ0NPVU5UPSQoYXdzIHN0cyBnZXQtY2FsbGVyLWlkZW50aXR5IHxncmVwIEFjY291bnQgfGF3ayAne3ByaW50ICQyfScgfHNlZCAncy9cIlwsLy8nfHNlZCAncy9cIi8vJykKZXhwb3J0IFMzX0NPTkZJR19CVUNLRVQ9JChhd3MgZWMyIGRlc2NyaWJlLXRhZ3MgLS1maWx0ZXJzICJOYW1lPXJlc291cmNlLWlkLFZhbHVlcz0ke0lOU1RBTkNFX0lEfSIgIk5hbWU9a2V5LFZhbHVlcz1TM19Db25maWdfQnVja2V0IiAtLXJlZ2lvbiAkQVdTX1JFR0lPTiAtLW91dHB1dD10ZXh0IHwgY3V0IC1mNSkKCiNlY2hvICJob3N0IG5hbWUgJElOU1RBTkNFX0lEICwgJEFXU19SRUdJT04gLCAkTkVXX0hPU1ROQU1FIiA+IC90bXAvYm9vdC5sb2cKZWNobyAiMTI3LjAuMC4xICR7TkVXX0hPU1ROQU1FfSAke05FV19GUUROfSBsb2NhbGhvc3QubG9jYWxkb21haW4gbG9jYWxob3N0IiA+IC9ldGMvaG9zdHMKCgpob3N0bmFtZSAke05FV19IT1NUTkFNRX0KCiNlY2hvICJtb3VudGluZyBmaWxlIHN5c3RlbSIgPj4vdG1wL2Jvb3QubG9nCiNta2RpciAvdTAxCgojZm9yIGV4dDIsIGV4dDMsIG9yIGV4dDQgZmlsZSBzeXN0ZW0gcmVzaXplMmZzIC9kZXYveHZkZjEKI21vdW50IC9kZXYveHZkZiAvdTAxID4+L3RtcC9ib290LmxvZwoKI2RmIC1rID4+L3RtcC9ib290LmxvZwojeGZzX2dyb3dmcyAtZCAvdTAxCiNkZiAtayA+Pi90bXAvYm9vdC5sb2cKCi9vcHQvYXdzL2FtYXpvbi1jbG91ZHdhdGNoLWFnZW50L2Jpbi9hbWF6b24tY2xvdWR3YXRjaC1hZ2VudC1jdGwgLWEgZmV0Y2gtY29uZmlnIC1tIGVjMiAtcyAtYyBzc206L0FtYXpvbkNsb3VkV2F0Y2gtU3BsdW5rCgphd3MgY2xvdWR3YXRjaCBwdXQtbWV0cmljLWFsYXJtIC0tYWxhcm0tbmFtZSAiJHtORVdfSE9TVE5BTUV9X2Rpc2tfdXNlZF9wZXJjZW50X1dhcm5pbmdfOTUiIC0tbWV0cmljLW5hbWUgImRpc2tfdXNlZF9wZXJjZW50IiAtLWFsYXJtLWRlc2NyaXB0aW9uICJXYXJuaW5nOiBEaXNrIFVzZWQgaXMgYWJvdmUgOTUlIiAtLW5hbWVzcGFjZSBDV0FnZW50IC0tc3RhdGlzdGljIEF2ZXJhZ2UgLS1wZXJpb2QgNjAgLS10aHJlc2hvbGQgOTUgLS1jb21wYXJpc29uLW9wZXJhdG9yIEdyZWF0ZXJUaGFuVGhyZXNob2xkIC0tZGltZW5zaW9ucyBOYW1lPUluc3RhbmNlSWQsVmFsdWU9JHtJTlNUQU5DRV9JRH0gTmFtZT1wYXRoLFZhbHVlPS8gTmFtZT1kZXZpY2UsVmFsdWU9bnZtZTBuMXAxIE5hbWU9ZnN0eXBlLFZhbHVlPXhmcyAtLWV2YWx1YXRpb24tcGVyaW9kcyA1IC0tYWxhcm0tYWN0aW9ucyBhcm46YXdzOnNuczoke0FXU19SRUdJT059OiR7QVdTX0FDQ09VTlR9OnNwbHVuay1hbGFybXMgLS1yZWdpb24gJHtBV1NfUkVHSU9OfQphd3MgY2xvdWR3YXRjaCBwdXQtbWV0cmljLWFsYXJtIC0tYWxhcm0tbmFtZSAiJHtORVdfSE9TVE5BTUV9X2Rpc2tfdXNlZF9wZXJjZW50X0Vycm9yXzk2IiAtLW1ldHJpYy1uYW1lICJkaXNrX3VzZWRfcGVyY2VudCIgLS1hbGFybS1kZXNjcmlwdGlvbiAiRXJyb3I6IERpc2sgVXNlZCBpcyBhYm92ZSA5NiUiIC0tbmFtZXNwYWNlIENXQWdlbnQgLS1zdGF0aXN0aWMgQXZlcmFnZSAtLXBlcmlvZCA2MCAtLXRocmVzaG9sZCA5NiAtLWNvbXBhcmlzb24tb3BlcmF0b3IgR3JlYXRlclRoYW5UaHJlc2hvbGQgLS1kaW1lbnNpb25zIE5hbWU9SW5zdGFuY2VJZCxWYWx1ZT0ke0lOU1RBTkNFX0lEfSBOYW1lPXBhdGgsVmFsdWU9LyBOYW1lPWRldmljZSxWYWx1ZT1udm1lMG4xcDEgTmFtZT1mc3R5cGUsVmFsdWU9eGZzIC0tZXZhbHVhdGlvbi1wZXJpb2RzIDUgLS1hbGFybS1hY3Rpb25zIGFybjphd3M6c25zOiR7QVdTX1JFR0lPTn06JHtBV1NfQUNDT1VOVH06c3BsdW5rLWFsYXJtcyAtLXJlZ2lvbiAke0FXU19SRUdJT059CmF3cyBjbG91ZHdhdGNoIHB1dC1tZXRyaWMtYWxhcm0gLS1hbGFybS1uYW1lICIke05FV19IT1NUTkFNRX1fZGlza191c2VkX3BlcmNlbnRfQ3JpdGljYWxfOTciIC0tbWV0cmljLW5hbWUgImRpc2tfdXNlZF9wZXJjZW50IiAtLWFsYXJtLWRlc2NyaXB0aW9uICJDcml0aWNhbDogRGlzayBVc2VkIGlzIGFib3ZlIDk3JSIgLS1uYW1lc3BhY2UgQ1dBZ2VudCAtLXN0YXRpc3RpYyBBdmVyYWdlIC0tcGVyaW9kIDYwIC0tdGhyZXNob2xkIDk3IC0tY29tcGFyaXNvbi1vcGVyYXRvciBHcmVhdGVyVGhhblRocmVzaG9sZCAtLWRpbWVuc2lvbnMgTmFtZT1JbnN0YW5jZUlkLFZhbHVlPSR7SU5TVEFOQ0VfSUR9IE5hbWU9cGF0aCxWYWx1ZT0vIE5hbWU9ZGV2aWNlLFZhbHVlPW52bWUwbjFwMSBOYW1lPWZzdHlwZSxWYWx1ZT14ZnMgLS1ldmFsdWF0aW9uLXBlcmlvZHMgNSAtLWFsYXJtLWFjdGlvbnMgYXJuOmF3czpzbnM6JHtBV1NfUkVHSU9OfToke0FXU19BQ0NPVU5UfTpzcGx1bmstYWxhcm1zIC0tcmVnaW9uICR7QVdTX1JFR0lPTn0KCmF3cyBjbG91ZHdhdGNoIHB1dC1tZXRyaWMtYWxhcm0gLS1hbGFybS1uYW1lICIke05FV19IT1NUTkFNRX1fQ1BVVXRpbGl6YXRpb25fV2FybmluZ185MCIgLS1tZXRyaWMtbmFtZSAiQ1BVVXRpbGl6YXRpb24iIC0tYWxhcm0tZGVzY3JpcHRpb24gIldhcm5pbmc6IENQVSBVdGlsaXphdGlvbiBpcyBhYm92ZSA5MCUiIC0tbmFtZXNwYWNlIEFXUy9FQzIgLS1zdGF0aXN0aWMgQXZlcmFnZSAtLXBlcmlvZCA2MCAtLXRocmVzaG9sZCA5MCAtLWNvbXBhcmlzb24tb3BlcmF0b3IgR3JlYXRlclRoYW5UaHJlc2hvbGQgLS1kaW1lbnNpb25zIE5hbWU9SW5zdGFuY2VJZCxWYWx1ZT0ke0lOU1RBTkNFX0lEfSAtLWV2YWx1YXRpb24tcGVyaW9kcyA1IC0tYWxhcm0tYWN0aW9ucyBhcm46YXdzOnNuczoke0FXU19SRUdJT059OiR7QVdTX0FDQ09VTlR9OnNwbHVuay1hbGFybXMgLS1yZWdpb24gJHtBV1NfUkVHSU9OfQphd3MgY2xvdWR3YXRjaCBwdXQtbWV0cmljLWFsYXJtIC0tYWxhcm0tbmFtZSAiJHtORVdfSE9TVE5BTUV9X0NQVVV0aWxpemF0aW9uX0Vycm9yXzk4IiAtLW1ldHJpYy1uYW1lICJDUFVVdGlsaXphdGlvbiIgLS1hbGFybS1kZXNjcmlwdGlvbiAiRXJyb3I6IENQVSBVdGlsaXphdGlvbiBpcyBhYm92ZSA5OCUiIC0tbmFtZXNwYWNlIEFXUy9FQzIgLS1zdGF0aXN0aWMgQXZlcmFnZSAtLXBlcmlvZCA2MCAtLXRocmVzaG9sZCA5OCAtLWNvbXBhcmlzb24tb3BlcmF0b3IgR3JlYXRlclRoYW5UaHJlc2hvbGQgLS1kaW1lbnNpb25zIE5hbWU9SW5zdGFuY2VJZCxWYWx1ZT0ke0lOU1RBTkNFX0lEfSAtLWV2YWx1YXRpb24tcGVyaW9kcyA1IC0tYWxhcm0tYWN0aW9ucyBhcm46YXdzOnNuczoke0FXU19SRUdJT059OiR7QVdTX0FDQ09VTlR9OnNwbHVuay1hbGFybXMgLS1yZWdpb24gJHtBV1NfUkVHSU9OfQoKYXdzIGNsb3Vkd2F0Y2ggcHV0LW1ldHJpYy1hbGFybSAtLWFsYXJtLW5hbWUgIiR7TkVXX0hPU1ROQU1FfV9zd2FwX3VzZWRfcGVyY2VudF9XYXJuaW5nXzc1IiAtLW1ldHJpYy1uYW1lICJzd2FwX3VzZWRfcGVyY2VudCIgLS1hbGFybS1kZXNjcmlwdGlvbiAiV2FybmluZzogU3dhcCB1c2VkIGlzIGFib3ZlIDc1JSIgLS1uYW1lc3BhY2UgQ1dBZ2VudCAtLXN0YXRpc3RpYyBBdmVyYWdlIC0tcGVyaW9kIDYwIC0tdGhyZXNob2xkIDc1IC0tY29tcGFyaXNvbi1vcGVyYXRvciBHcmVhdGVyVGhhblRocmVzaG9sZCAtLWRpbWVuc2lvbnMgTmFtZT1JbnN0YW5jZUlkLFZhbHVlPSR7SU5TVEFOQ0VfSUR9IC0tZXZhbHVhdGlvbi1wZXJpb2RzIDUgLS1hbGFybS1hY3Rpb25zIGFybjphd3M6c25zOiR7QVdTX1JFR0lPTn06JHtBV1NfQUNDT1VOVH06c3BsdW5rLWFsYXJtcyAtLXJlZ2lvbiAke0FXU19SRUdJT059CmF3cyBjbG91ZHdhdGNoIHB1dC1tZXRyaWMtYWxhcm0gLS1hbGFybS1uYW1lICIke05FV19IT1NUTkFNRX1fc3dhcF91c2VkX3BlcmNlbnRfRXJyb3JfODUiIC0tbWV0cmljLW5hbWUgInN3YXBfdXNlZF9wZXJjZW50IiAtLWFsYXJtLWRlc2NyaXB0aW9uICJFcnJvcjogU3dhcCB1c2VkIGlzIGFib3ZlIDU1JSIgLS1uYW1lc3BhY2UgQ1dBZ2VudCAtLXN0YXRpc3RpYyBBdmVyYWdlIC0tcGVyaW9kIDYwIC0tdGhyZXNob2xkIDg1IC0tY29tcGFyaXNvbi1vcGVyYXRvciBHcmVhdGVyVGhhblRocmVzaG9sZCAtLWRpbWVuc2lvbnMgTmFtZT1JbnN0YW5jZUlkLFZhbHVlPSR7SU5TVEFOQ0VfSUR9IC0tZXZhbHVhdGlvbi1wZXJpb2RzIDUgLS1hbGFybS1hY3Rpb25zIGFybjphd3M6c25zOiR7QVdTX1JFR0lPTn06JHtBV1NfQUNDT1VOVH06c3BsdW5rLWFsYXJtcyAtLXJlZ2lvbiAke0FXU19SRUdJT059CmF3cyBjbG91ZHdhdGNoIHB1dC1tZXRyaWMtYWxhcm0gLS1hbGFybS1uYW1lICIke05FV19IT1NUTkFNRX1fc3dhcF91c2VkX3BlcmNlbnRfQ3JpdGljYWxfOTUiIC0tbWV0cmljLW5hbWUgInN3YXBfdXNlZF9wZXJjZW50IiAtLWFsYXJtLWRlc2NyaXB0aW9uICJDcml0aWNhbDogU3dhcCB1c2VkIGlzIGFib3ZlIDk1JSIgLS1uYW1lc3BhY2UgQ1dBZ2VudCAtLXN0YXRpc3RpYyBBdmVyYWdlIC0tcGVyaW9kIDYwIC0tdGhyZXNob2xkIDk1IC0tY29tcGFyaXNvbi1vcGVyYXRvciBHcmVhdGVyVGhhblRocmVzaG9sZCAtLWRpbWVuc2lvbnMgTmFtZT1JbnN0YW5jZUlkLFZhbHVlPSR7SU5TVEFOQ0VfSUR9IC0tZXZhbHVhdGlvbi1wZXJpb2RzIDUgLS1hbGFybS1hY3Rpb25zIGFybjphd3M6c25zOiR7QVdTX1JFR0lPTn06JHtBV1NfQUNDT1VOVH06c3BsdW5rLWFsYXJtcyAtLXJlZ2lvbiAke0FXU19SRUdJT059CgoKaWYgWyAhIC1mICIvZXRjL3N5c3RlbWQvc3lzdGVtL1NwbHVua2Quc2VydmljZSIgXTsgdGhlbgogICAgIyBkbyBmaXJzdC10aW1lIGluaXRpYWxpemlvbi4gTm90IG5lZWRlZCBpZiBuZXcgaW5zdGFuY2UgY2FtZSBmcm9tIGEgc25hcHNob3Qgb2YgYSBydW5uaW5nIGluc3RhbmNlCgogICAgIyBDb3B5IGRvd24gaW5pdGlhbCBjb25maWcgc2NyaXB0cyBmcm9tIFMzCiAgICBhd3MgczMgc3luYyBzMzovLyR7UzNfQ09ORklHX0JVQ0tFVH0vJHtORVdfSE9TVE5BTUV9IC9vcHQvc3BsdW5rCgogICAgIyBzZXQgZGVwbG95bWVudCBjbGllbnQgbmFtZQogICAgY2F0ID4+IC9vcHQvc3BsdW5rL2V0Yy9zeXN0ZW0vbG9jYWwvZGVwbG95bWVudGNsaWVudC5jb25mIDw8IEVPRgpbZGVwbG95bWVudC1jbGllbnRdCmNsaWVudE5hbWUgPSAke05FV19IT1NUTkFNRX0KRU9GCiAgICAKICAgICMgRmluYWwgY2hvd24gdG8gZW5zdXJlIFNwbHVuayBvd25zIGV2ZXJ5dGhpbmcKICAgIHN1ZG8gY2hvd24gLVIgc3BsdW5rOnNwbHVuayAvb3B0L3NwbHVuawoKICAgICMgU2V0IHVsaW1pdHMgZm9yIFNwbHVua2Qgc2VydmljZQogICAgbWtkaXIgLXAgL2V0Yy9zeXN0ZW1kL3N5c3RlbS9TcGx1bmtkLnNlcnZpY2UuZAogICAgY2F0ID4+IC9ldGMvc3lzdGVtZC9zeXN0ZW0vU3BsdW5rZC5zZXJ2aWNlLmQvb3ZlcnJpZGUuY29uZiA8PCBFT0YKW1NlcnZpY2VdCkxpbWl0Tk9GSUxFPTY0MDAwCkxpbWl0TlBST0M9MTYwMDAKTGltaXRGU0laRT1pbmZpbml0eQpUYXNrc01heD0xNjAwMAojIFNlbmQgJEtpbGxTaWduYWwgb25seSB0byBtYWluIChzcGx1bmtkKSBwcm9jZXNzLCBpZiBhbnkgb2YgdGhlIGNoaWxkIHByb2Nlc3NlcyBpcyBzdGlsbCBhbGl2ZSBhZnRlciAkVGltZW91dFN0b3BTZWMsIFNJR0tJTEwgdGhlbS4KS2lsbE1vZGU9bWl4ZWQKIyBTcGx1bmsgZG9lc24ndCBzaHV0ZG93biBncmFjZWZ1bGx5IG9uIFNJR1RFUk0KS2lsbFNpZ25hbD1TSUdJTlQKIyBHaXZlIFNwbHVuayB0aW1lIHRvIHNodXRkb3duIC0gZXNwZWNpYWxseSBidXN5IGluZGV4ZXJzIGNhbiB0YWtlIHRpbWUKVGltZW91dFN0b3BTZWM9MTBtaW4KRU9GCgogICAgIyBTZXQgU3BsdW5rIHRvIHN0YXJ0IGF0IGJvb3QKICAgIC9vcHQvc3BsdW5rL2Jpbi9zcGx1bmsgZW5hYmxlIGJvb3Qtc3RhcnQgLXVzZXIgc3BsdW5rIC1zeXN0ZW1kLW1hbmFnZWQgMSAtLWFjY2VwdC1saWNlbnNlIC0tYW5zd2VyLXllcwoKICAgICMgU3RhcnQgdXAgc3BsdW5rIQogICAgc3lzdGVtY3RsIHN0YXJ0IFNwbHVua2QKCmZpCg==",
            "vpc_security_group_ids": [
              "sg-06fdb445b6a9c80ff"
            ]
          },
          "private": "bnVsbA==",
          "dependencies": [
            "module.Customer_SH.aws_security_group.instance_sg",
            "module.Customer_SH.data.aws_ami.ami_source",
            "module.common.aws_iam_instance_profile.splunk-instance-profile",
            "module.common.aws_iam_role.splunk-instance-profile",
            "module.common.aws_s3_bucket.inits"
          ]
        }
      ]
    },
    {
      "module": "module.Customer_SH",
      "mode": "managed",
      "type": "aws_route53_record",
      "name": "dns_record",
      "provider": "provider[\"registry.terraform.io/hashicorp/aws\"]",
      "instances": [
        {
          "schema_version": 2,
          "attributes": {
            "alias": [
              {
                "evaluate_target_health": true,
                "name": "prod-splunk-alb-customer-1396673613.us-east-1.elb.amazonaws.com",
                "zone_id": "Z35SXDOTRQ7X7K"
              }
            ],
            "allow_overwrite": null,
            "failover_routing_policy": [],
            "fqdn": "customer.splunk.<customer>home.com",
            "geolocation_routing_policy": [],
            "health_check_id": "",
            "id": "Z07522651BG4B102L9QDK_customer.splunk.<customer>home.com_A",
            "latency_routing_policy": [],
            "multivalue_answer_routing_policy": null,
            "name": "customer.splunk.<customer>home.com",
            "records": [],
            "set_identifier": "",
            "ttl": 0,
            "type": "A",
            "weighted_routing_policy": [],
            "zone_id": "Z07522651BG4B102L9QDK"
          },
          "private": "eyJzY2hlbWFfdmVyc2lvbiI6IjIifQ==",
          "dependencies": [
            "module.Customer_SH.aws_alb.load_balancer",
            "module.Customer_SH.aws_security_group.lb_sg",
            "module.Customer_SH.data.aws_route53_zone.public_zone"
          ]
        }
      ]
    },
    {
      "module": "module.Customer_SH",
      "mode": "managed",
      "type": "aws_s3_bucket_object",
      "name": "userseed",
      "provider": "provider[\"registry.terraform.io/hashicorp/aws\"]",
      "instances": [
        {
          "schema_version": 0,
          "attributes": {
            "acl": "private",
            "bucket": "prod-<customer>splunkprod-us-east-1-splunk-initial-configs",
            "cache_control": "",
            "content": "[user_info]\nUSERNAME = admin\nHASHED_PASSWORD = $6$cLaQ0TcV0eew9X.N$VjgRrGxHePbkp2Bfpc1AZFowV2feMBc598yorNsnagClESc42mQpaT55bHP/gZbkbju13WJfMOFi1S0FoP8LU0",
            "content_base64": null,
            "content_disposition": "",
            "content_encoding": "",
            "content_language": "",
            "content_type": "binary/octet-stream",
            "etag": "3f6afd2cb3361b65721b4693dd79f8a6",
            "force_destroy": false,
            "id": "splunk-search-customer/etc/system/local/user-seed.conf",
            "key": "splunk-search-customer/etc/system/local/user-seed.conf",
            "kms_key_id": null,
            "metadata": {},
            "object_lock_legal_hold_status": "",
            "object_lock_mode": "",
            "object_lock_retain_until_date": "",
            "server_side_encryption": "",
            "source": null,
            "storage_class": "STANDARD",
            "tags": {},
            "version_id": "",
            "website_redirect": ""
          },
          "private": "bnVsbA==",
          "dependencies": [
            "data.aws_secretsmanager_secret_version.admin_account",
            "module.common.aws_s3_bucket.inits"
          ]
        }
      ]
    },
    {
      "module": "module.Customer_SH",
      "mode": "managed",
      "type": "aws_security_group",
      "name": "instance_sg",
      "provider": "provider[\"registry.terraform.io/hashicorp/aws\"]",
      "instances": [
        {
          "schema_version": 1,
          "attributes": {
            "arn": "arn:aws:ec2:us-east-1:740749460388:security-group/sg-06fdb445b6a9c80ff",
            "description": "Security group for splunk sh and forwarders instances",
            "egress": [
              {
                "cidr_blocks": [
                  "0.0.0.0/0"
                ],
                "description": "",
                "from_port": 0,
                "ipv6_cidr_blocks": [],
                "prefix_list_ids": [],
                "protocol": "-1",
                "security_groups": [],
                "self": false,
                "to_port": 0
              }
            ],
            "id": "sg-06fdb445b6a9c80ff",
            "ingress": [
              {
                "cidr_blocks": [
                  "0.0.0.0/0"
                ],
                "description": "",
                "from_port": 8089,
                "ipv6_cidr_blocks": [],
                "prefix_list_ids": [],
                "protocol": "tcp",
                "security_groups": [],
                "self": false,
                "to_port": 8089
              },
              {
                "cidr_blocks": [
                  "10.1.0.0/20",
                  "10.1.16.0/20",
                  "10.1.32.0/20"
                ],
                "description": "",
                "from_port": -1,
                "ipv6_cidr_blocks": [],
                "prefix_list_ids": [],
                "protocol": "icmp",
                "security_groups": [],
                "self": false,
                "to_port": -1
              },
              {
                "cidr_blocks": [],
                "description": "",
                "from_port": 8000,
                "ipv6_cidr_blocks": [],
                "prefix_list_ids": [],
                "protocol": "tcp",
                "security_groups": [
                  "sg-039a5030e17633970"
                ],
                "self": false,
                "to_port": 8000
              }
            ],
            "name": "prod-splunk-instance-customer",
            "name_prefix": null,
            "owner_id": "740749460388",
            "revoke_rules_on_delete": false,
            "tags": {
              "Managed_by": "terraform",
              "Module": "splunk_sh",
              "Name": "prod-splunk-instance-customer",
              "application_name": "splunk",
              "created_by": "Juan Becerra",
              "environment": "prod"
            },
            "timeouts": null,
            "vpc_id": "vpc-0f9afbd827c17d71a"
          },
          "private": "eyJlMmJmYjczMC1lY2FhLTExZTYtOGY4OC0zNDM2M2JjN2M0YzAiOnsiY3JlYXRlIjo2MDAwMDAwMDAwMDAsImRlbGV0ZSI6NjAwMDAwMDAwMDAwfSwic2NoZW1hX3ZlcnNpb24iOiIxIn0=",
          "dependencies": [
            "module.Customer_SH.aws_security_group.lb_sg"
          ]
        }
      ]
    },
    {
      "module": "module.Customer_SH",
      "mode": "managed",
      "type": "aws_security_group",
      "name": "lb_sg",
      "provider": "provider[\"registry.terraform.io/hashicorp/aws\"]",
      "instances": [
        {
          "schema_version": 1,
          "attributes": {
            "arn": "arn:aws:ec2:us-east-1:740749460388:security-group/sg-039a5030e17633970",
            "description": "Security group for splunk ALBs",
            "egress": [
              {
                "cidr_blocks": [
                  "0.0.0.0/0"
                ],
                "description": "",
                "from_port": 0,
                "ipv6_cidr_blocks": [],
                "prefix_list_ids": [],
                "protocol": "-1",
                "security_groups": [],
                "self": false,
                "to_port": 0
              }
            ],
            "id": "sg-039a5030e17633970",
            "ingress": [
              {
                "cidr_blocks": [
                  "0.0.0.0/0"
                ],
                "description": "",
                "from_port": 443,
                "ipv6_cidr_blocks": [],
                "prefix_list_ids": [],
                "protocol": "tcp",
                "security_groups": [],
                "self": false,
                "to_port": 443
              },
              {
                "cidr_blocks": [
                  "0.0.0.0/0"
                ],
                "description": "",
                "from_port": 80,
                "ipv6_cidr_blocks": [],
                "prefix_list_ids": [],
                "protocol": "tcp",
                "security_groups": [],
                "self": false,
                "to_port": 80
              },
              {
                "cidr_blocks": [
                  "10.1.0.0/20",
                  "10.1.16.0/20",
                  "10.1.32.0/20"
                ],
                "description": "",
                "from_port": 8089,
                "ipv6_cidr_blocks": [],
                "prefix_list_ids": [],
                "protocol": "tcp",
                "security_groups": [],
                "self": false,
                "to_port": 8089
              }
            ],
            "name": "prod-splunk-alb-customer",
            "name_prefix": null,
            "owner_id": "740749460388",
            "revoke_rules_on_delete": false,
            "tags": {
              "Managed_by": "terraform",
              "Module": "splunk_sh",
              "Name": "prod-splunk-alb-customer",
              "application_name": "splunk",
              "created_by": "Juan Becerra",
              "environment": "prod"
            },
            "timeouts": null,
            "vpc_id": "vpc-0f9afbd827c17d71a"
          },
          "private": "eyJlMmJmYjczMC1lY2FhLTExZTYtOGY4OC0zNDM2M2JjN2M0YzAiOnsiY3JlYXRlIjo2MDAwMDAwMDAwMDAsImRlbGV0ZSI6NjAwMDAwMDAwMDAwfSwic2NoZW1hX3ZlcnNpb24iOiIxIn0="
        }
      ]
    },
    {
      "module": "module.Customer_SH",
      "mode": "managed",
      "type": "aws_wafv2_web_acl_association",
      "name": "load_balancer",
      "provider": "provider[\"registry.terraform.io/hashicorp/aws\"]",
      "instances": [
        {
          "schema_version": 0,
          "attributes": {
            "id": "arn:aws:wafv2:us-east-1:740749460388:regional/webacl/prod-splunk-waf-splunk/bbc8c958-ec97-4708-a740-7fa7b1956e7b,arn:aws:elasticloadbalancing:us-east-1:740749460388:loadbalancer/app/prod-splunk-alb-customer/0ef06b2ee3d505b7",
            "resource_arn": "arn:aws:elasticloadbalancing:us-east-1:740749460388:loadbalancer/app/prod-splunk-alb-customer/0ef06b2ee3d505b7",
            "web_acl_arn": "arn:aws:wafv2:us-east-1:740749460388:regional/webacl/prod-splunk-waf-splunk/bbc8c958-ec97-4708-a740-7fa7b1956e7b"
          },
          "private": "bnVsbA==",
          "dependencies": [
            "module.Customer_SH.aws_alb.load_balancer",
            "module.Customer_SH.aws_security_group.lb_sg",
            "module.common.aws_wafv2_web_acl.waf"
          ]
        }
      ]
    },
    {
      "module": "module.Enterprise_SH",
      "mode": "data",
      "type": "aws_ami",
      "name": "ami_source",
      "provider": "provider[\"registry.terraform.io/hashicorp/aws\"]",
      "instances": [
        {
          "schema_version": 0,
          "attributes": {
            "architecture": "x86_64",
            "arn": "arn:aws:ec2:us-east-1::image/ami-029e531ad0c7a9c5a",
            "block_device_mappings": [
              {
                "device_name": "/dev/xvda",
                "ebs": {
                  "delete_on_termination": "true",
                  "encrypted": "false",
                  "iops": "0",
                  "snapshot_id": "snap-0d50babe6b6f64e9a",
                  "volume_size": "300",
                  "volume_type": "gp2"
                },
                "no_device": "",
                "virtual_name": ""
              }
            ],
            "creation_date": "2020-11-06T21:25:49.000Z",
            "description": "Lambda created AMI of instance i-02469d04b1257b75d",
            "executable_users": null,
            "filter": [
              {
                "name": "tag:Name",
                "values": [
                  "splunk-base-ami",
                  "splunk-search-enterprise"
                ]
              }
            ],
            "hypervisor": "xen",
            "id": "ami-029e531ad0c7a9c5a",
            "image_id": "ami-029e531ad0c7a9c5a",
            "image_location": "740749460388/splunk-search-enterprise_06-11-2020.21.25",
            "image_owner_alias": null,
            "image_type": "machine",
            "kernel_id": null,
            "most_recent": true,
            "name": "splunk-search-enterprise_06-11-2020.21.25",
            "name_regex": null,
            "owner_id": "740749460388",
            "owners": [
              "self"
            ],
            "platform": null,
            "product_codes": [],
            "public": false,
            "ramdisk_id": null,
            "root_device_name": "/dev/xvda",
            "root_device_type": "ebs",
            "root_snapshot_id": "snap-0d50babe6b6f64e9a",
            "sriov_net_support": "simple",
            "state": "available",
            "state_reason": {
              "code": "UNSET",
              "message": "UNSET"
            },
            "tags": {
              "CreatedOn": "06-11-2020.21.25",
              "Name": "splunk-search-enterprise",
              "Type": "HOURLY"
            },
            "virtualization_type": "hvm"
          }
        }
      ]
    },
    {
      "module": "module.Enterprise_SH",
      "mode": "data",
      "type": "aws_route53_zone",
      "name": "private_zone",
      "provider": "provider[\"registry.terraform.io/hashicorp/aws\"]",
      "instances": [
        {
          "schema_version": 0,
          "attributes": {
            "caller_reference": "terraform-20201106142453677500000001",
            "comment": "Managed by Terraform",
            "id": "Z1025878278SY9EZW6LQL",
            "linked_service_description": null,
            "linked_service_principal": null,
            "name": "splunkinternal.com.",
            "name_servers": [],
            "private_zone": true,
            "resource_record_set_count": 14,
            "tags": {},
            "vpc_id": null,
            "zone_id": "Z1025878278SY9EZW6LQL"
          }
        }
      ]
    },
    {
      "module": "module.Enterprise_SH",
      "mode": "data",
      "type": "aws_route53_zone",
      "name": "public_zone",
      "provider": "provider[\"registry.terraform.io/hashicorp/aws\"]",
      "instances": [
        {
          "schema_version": 0,
          "attributes": {
            "caller_reference": "4e9ee2b0-8d7d-45b1-bef2-d843fa05c63b",
            "comment": "Hosted Zone for Splunk URLs",
            "id": "Z07522651BG4B102L9QDK",
            "linked_service_description": null,
            "linked_service_principal": null,
            "name": "splunk.<customer>home.com.",
            "name_servers": [
              "ns-931.awsdns-52.net",
              "ns-153.awsdns-19.com",
              "ns-1627.awsdns-11.co.uk",
              "ns-1098.awsdns-09.org"
            ],
            "private_zone": false,
            "resource_record_set_count": 19,
            "tags": {},
            "vpc_id": null,
            "zone_id": "Z07522651BG4B102L9QDK"
          }
        }
      ]
    },
    {
      "module": "module.Enterprise_SH",
      "mode": "managed",
      "type": "aws_alb",
      "name": "load_balancer",
      "provider": "provider[\"registry.terraform.io/hashicorp/aws\"]",
      "instances": [
        {
          "schema_version": 0,
          "attributes": {
            "access_logs": [
              {
                "bucket": "",
                "enabled": false,
                "prefix": ""
              }
            ],
            "arn": "arn:aws:elasticloadbalancing:us-east-1:740749460388:loadbalancer/app/prod-splunk-alb-enterprise/d2b6f8813105c6ed",
            "arn_suffix": "app/prod-splunk-alb-enterprise/d2b6f8813105c6ed",
            "dns_name": "prod-splunk-alb-enterprise-1156362694.us-east-1.elb.amazonaws.com",
            "drop_invalid_header_fields": false,
            "enable_cross_zone_load_balancing": null,
            "enable_deletion_protection": false,
            "enable_http2": true,
            "id": "arn:aws:elasticloadbalancing:us-east-1:740749460388:loadbalancer/app/prod-splunk-alb-enterprise/d2b6f8813105c6ed",
            "idle_timeout": 60,
            "internal": false,
            "ip_address_type": "ipv4",
            "load_balancer_type": "application",
            "name": "prod-splunk-alb-enterprise",
            "name_prefix": null,
            "security_groups": [
              "sg-03c5dd2f197d66bc0"
            ],
            "subnet_mapping": [
              {
                "allocation_id": "",
                "subnet_id": "subnet-0057ea47be6c0a6e1"
              },
              {
                "allocation_id": "",
                "subnet_id": "subnet-09b0446a3f0f2aafa"
              },
              {
                "allocation_id": "",
                "subnet_id": "subnet-0a2528d789dd75efd"
              }
            ],
            "subnets": [
              "subnet-0057ea47be6c0a6e1",
              "subnet-09b0446a3f0f2aafa",
              "subnet-0a2528d789dd75efd"
            ],
            "tags": {
              "Managed_by": "terraform",
              "Module": "splunk_sh",
              "Name": "prod-splunk-alb-enterprise",
              "application_name": "splunk",
              "created_by": "Juan Becerra",
              "environment": "prod"
            },
            "timeouts": null,
            "vpc_id": "vpc-0f9afbd827c17d71a",
            "zone_id": "Z35SXDOTRQ7X7K"
          },
          "private": "eyJlMmJmYjczMC1lY2FhLTExZTYtOGY4OC0zNDM2M2JjN2M0YzAiOnsiY3JlYXRlIjo2MDAwMDAwMDAwMDAsImRlbGV0ZSI6NjAwMDAwMDAwMDAwLCJ1cGRhdGUiOjYwMDAwMDAwMDAwMH19",
          "dependencies": [
            "module.Enterprise_SH.aws_security_group.lb_sg"
          ]
        }
      ]
    },
    {
      "module": "module.Enterprise_SH",
      "mode": "managed",
      "type": "aws_alb_listener",
      "name": "load_balancer",
      "provider": "provider[\"registry.terraform.io/hashicorp/aws\"]",
      "instances": [
        {
          "schema_version": 0,
          "attributes": {
            "arn": "arn:aws:elasticloadbalancing:us-east-1:740749460388:listener/app/prod-splunk-alb-enterprise/d2b6f8813105c6ed/5ce67e1300ff070e",
            "certificate_arn": null,
            "default_action": [
              {
                "authenticate_cognito": [],
                "authenticate_oidc": [],
                "fixed_response": [],
                "forward": [],
                "order": 1,
                "redirect": [
                  {
                    "host": "#{host}",
                    "path": "/#{path}",
                    "port": "443",
                    "protocol": "HTTPS",
                    "query": "#{query}",
                    "status_code": "HTTP_301"
                  }
                ],
                "target_group_arn": "",
                "type": "redirect"
              }
            ],
            "id": "arn:aws:elasticloadbalancing:us-east-1:740749460388:listener/app/prod-splunk-alb-enterprise/d2b6f8813105c6ed/5ce67e1300ff070e",
            "load_balancer_arn": "arn:aws:elasticloadbalancing:us-east-1:740749460388:loadbalancer/app/prod-splunk-alb-enterprise/d2b6f8813105c6ed",
            "port": 80,
            "protocol": "HTTP",
            "ssl_policy": "",
            "timeouts": null
          },
          "private": "eyJlMmJmYjczMC1lY2FhLTExZTYtOGY4OC0zNDM2M2JjN2M0YzAiOnsicmVhZCI6NjAwMDAwMDAwMDAwfX0=",
          "dependencies": [
            "module.Enterprise_SH.aws_alb.load_balancer",
            "module.Enterprise_SH.aws_security_group.lb_sg"
          ]
        }
      ]
    },
    {
      "module": "module.Enterprise_SH",
      "mode": "managed",
      "type": "aws_alb_listener",
      "name": "load_balancer_443",
      "provider": "provider[\"registry.terraform.io/hashicorp/aws\"]",
      "instances": [
        {
          "schema_version": 0,
          "attributes": {
            "arn": "arn:aws:elasticloadbalancing:us-east-1:740749460388:listener/app/prod-splunk-alb-enterprise/d2b6f8813105c6ed/f909e70b1b98d66e",
            "certificate_arn": "arn:aws:acm:us-east-1:740749460388:certificate/4839e66a-518c-4f9c-9554-2e3227386806",
            "default_action": [
              {
                "authenticate_cognito": [],
                "authenticate_oidc": [],
                "fixed_response": [],
                "forward": [],
                "order": 1,
                "redirect": [],
                "target_group_arn": "arn:aws:elasticloadbalancing:us-east-1:740749460388:targetgroup/prod-splunk-alb-8000-enterprise/681359f7534f8b27",
                "type": "forward"
              }
            ],
            "id": "arn:aws:elasticloadbalancing:us-east-1:740749460388:listener/app/prod-splunk-alb-enterprise/d2b6f8813105c6ed/f909e70b1b98d66e",
            "load_balancer_arn": "arn:aws:elasticloadbalancing:us-east-1:740749460388:loadbalancer/app/prod-splunk-alb-enterprise/d2b6f8813105c6ed",
            "port": 443,
            "protocol": "HTTPS",
            "ssl_policy": "ELBSecurityPolicy-2016-08",
            "timeouts": null
          },
          "private": "eyJlMmJmYjczMC1lY2FhLTExZTYtOGY4OC0zNDM2M2JjN2M0YzAiOnsicmVhZCI6NjAwMDAwMDAwMDAwfX0=",
          "dependencies": [
            "module.Enterprise_SH.aws_alb.load_balancer",
            "module.Enterprise_SH.aws_alb_target_group.lb_target_8000",
            "module.Enterprise_SH.aws_security_group.lb_sg",
            "module.route53_dns.aws_acm_certificate.cert",
            "module.route53_dns.data.aws_route53_zone.public_zone"
          ]
        }
      ]
    },
    {
      "module": "module.Enterprise_SH",
      "mode": "managed",
      "type": "aws_alb_target_group",
      "name": "lb_target_8000",
      "provider": "provider[\"registry.terraform.io/hashicorp/aws\"]",
      "instances": [
        {
          "schema_version": 0,
          "attributes": {
            "arn": "arn:aws:elasticloadbalancing:us-east-1:740749460388:targetgroup/prod-splunk-alb-8000-enterprise/681359f7534f8b27",
            "arn_suffix": "targetgroup/prod-splunk-alb-8000-enterprise/681359f7534f8b27",
            "deregistration_delay": 300,
            "health_check": [
              {
                "enabled": true,
                "healthy_threshold": 2,
                "interval": 30,
                "matcher": "200",
                "path": "/en-US/account/login",
                "port": "traffic-port",
                "protocol": "HTTPS",
                "timeout": 5,
                "unhealthy_threshold": 5
              }
            ],
            "id": "arn:aws:elasticloadbalancing:us-east-1:740749460388:targetgroup/prod-splunk-alb-8000-enterprise/681359f7534f8b27",
            "lambda_multi_value_headers_enabled": false,
            "load_balancing_algorithm_type": "round_robin",
            "name": "prod-splunk-alb-8000-enterprise",
            "name_prefix": null,
            "port": 8000,
            "protocol": "HTTPS",
            "proxy_protocol_v2": false,
            "slow_start": 0,
            "stickiness": [
              {
                "cookie_duration": 86400,
                "enabled": false,
                "type": "lb_cookie"
              }
            ],
            "tags": {
              "Managed_by": "terraform",
              "Module": "splunk_sh",
              "Name": "prod-splunk-alb-8000-enterprise",
              "application_name": "splunk",
              "created_by": "Juan Becerra",
              "environment": "prod"
            },
            "target_type": "instance",
            "vpc_id": "vpc-0f9afbd827c17d71a"
          },
          "private": "bnVsbA==",
          "dependencies": [
            "module.Enterprise_SH.aws_alb.load_balancer",
            "module.Enterprise_SH.aws_security_group.lb_sg"
          ],
          "create_before_destroy": true
        }
      ]
    },
    {
      "module": "module.Enterprise_SH",
      "mode": "managed",
      "type": "aws_autoscaling_group",
      "name": "asg",
      "provider": "provider[\"registry.terraform.io/hashicorp/aws\"]",
      "instances": [
        {
          "schema_version": 0,
          "attributes": {
            "arn": "arn:aws:autoscaling:us-east-1:740749460388:autoScalingGroup:129edce6-8e1f-4fe8-9634-bf7eb60cd9e7:autoScalingGroupName/prod-splunk-asg-enterprise",
            "availability_zones": [
              "us-east-1a",
              "us-east-1b",
              "us-east-1c"
            ],
            "default_cooldown": 300,
            "desired_capacity": 1,
            "enabled_metrics": [],
            "force_delete": false,
            "health_check_grace_period": 300,
            "health_check_type": "EC2",
            "id": "prod-splunk-asg-enterprise",
            "initial_lifecycle_hook": [],
            "launch_configuration": "",
            "launch_template": [
              {
                "id": "lt-0954152c1a796f929",
                "name": "splunk-search-enterprise_template",
                "version": "$Latest"
              }
            ],
            "load_balancers": [],
            "max_instance_lifetime": 0,
            "max_size": 1,
            "metrics_granularity": "1Minute",
            "min_elb_capacity": null,
            "min_size": 1,
            "mixed_instances_policy": [],
            "name": "prod-splunk-asg-enterprise",
            "name_prefix": null,
            "placement_group": "",
            "protect_from_scale_in": false,
            "service_linked_role_arn": "arn:aws:iam::740749460388:role/aws-service-role/autoscaling.amazonaws.com/AWSServiceRoleForAutoScaling",
            "suspended_processes": [],
            "tag": [
              {
                "key": "Name",
                "propagate_at_launch": true,
                "value": "splunk-search-enterprise"
              },
              {
                "key": "asg:hostname",
                "propagate_at_launch": true,
                "value": "splunk-search-enterprise.splunkinternal.com@Z1025878278SY9EZW6LQL"
              }
            ],
            "tags": null,
            "target_group_arns": [
              "arn:aws:elasticloadbalancing:us-east-1:740749460388:targetgroup/prod-splunk-alb-8000-enterprise/681359f7534f8b27"
            ],
            "termination_policies": [],
            "timeouts": null,
            "vpc_zone_identifier": [
              "subnet-02bb68a15c69c57b7",
              "subnet-04e34d59a76c94fb8",
              "subnet-0e8d86d222995993e"
            ],
            "wait_for_capacity_timeout": "0",
            "wait_for_elb_capacity": null
          },
          "private": "eyJlMmJmYjczMC1lY2FhLTExZTYtOGY4OC0zNDM2M2JjN2M0YzAiOnsiZGVsZXRlIjo2MDAwMDAwMDAwMDB9fQ==",
          "dependencies": [
            "module.Enterprise_SH.aws_alb_target_group.lb_target_8000",
            "module.Enterprise_SH.aws_alb_target_group.lb_target_8089",
            "module.Enterprise_SH.aws_alb_target_group.nlb_target_8089",
            "module.Enterprise_SH.aws_launch_template.instance_template",
            "module.Enterprise_SH.aws_security_group.instance_sg",
            "module.Enterprise_SH.data.aws_ami.ami_source",
            "module.Enterprise_SH.data.aws_route53_zone.private_zone",
            "module.common.aws_iam_instance_profile.splunk-instance-profile",
            "module.common.aws_iam_role.splunk-instance-profile",
            "module.common.aws_s3_bucket.inits",
            "module.route53_dns.aws_route53_zone.private"
          ],
          "create_before_destroy": true
        }
      ]
    },
    {
      "module": "module.Enterprise_SH",
      "mode": "managed",
      "type": "aws_autoscaling_lifecycle_hook",
      "name": "asg_launch_hook",
      "provider": "provider[\"registry.terraform.io/hashicorp/aws\"]",
      "instances": [
        {
          "schema_version": 0,
          "attributes": {
            "autoscaling_group_name": "prod-splunk-asg-enterprise",
            "default_result": "CONTINUE",
            "heartbeat_timeout": 60,
            "id": "prod-splunk-asg-enterprise-launch",
            "lifecycle_transition": "autoscaling:EC2_INSTANCE_LAUNCHING",
            "name": "prod-splunk-asg-enterprise-launch",
            "notification_metadata": "",
            "notification_target_arn": "arn:aws:sns:us-east-1:740749460388:ddns_handling",
            "role_arn": "arn:aws:iam::740749460388:role/ddns_lifecycle"
          },
          "private": "bnVsbA==",
          "dependencies": [
            "module.Enterprise_SH.aws_autoscaling_group.asg",
            "module.route53_dns.aws_iam_role.ddns_lifecycle",
            "module.route53_dns.aws_sns_topic.ddns_handling"
          ]
        }
      ]
    },
    {
      "module": "module.Enterprise_SH",
      "mode": "managed",
      "type": "aws_launch_template",
      "name": "instance_template",
      "provider": "provider[\"registry.terraform.io/hashicorp/aws\"]",
      "instances": [
        {
          "schema_version": 0,
          "attributes": {
            "arn": "arn:aws:ec2:us-east-1:740749460388:launch-template/lt-0954152c1a796f929",
            "block_device_mappings": [
              {
                "device_name": "/dev/xvda",
                "ebs": [
                  {
                    "delete_on_termination": "",
                    "encrypted": "",
                    "iops": 0,
                    "kms_key_id": "",
                    "snapshot_id": "",
                    "volume_size": 300,
                    "volume_type": ""
                  }
                ],
                "no_device": "",
                "virtual_name": ""
              }
            ],
            "capacity_reservation_specification": [],
            "cpu_options": [],
            "credit_specification": [],
            "default_version": 1,
            "description": "",
            "disable_api_termination": false,
            "ebs_optimized": "true",
            "elastic_gpu_specifications": [],
            "elastic_inference_accelerator": [],
            "hibernation_options": [],
            "iam_instance_profile": [
              {
                "arn": "",
                "name": "prod-splunk-ec2-role"
              }
            ],
            "id": "lt-0954152c1a796f929",
            "image_id": "ami-029e531ad0c7a9c5a",
            "instance_initiated_shutdown_behavior": "",
            "instance_market_options": [],
            "instance_type": "c5.xlarge",
            "kernel_id": "",
            "key_name": "splunk-prod",
            "latest_version": 8,
            "license_specification": [],
            "metadata_options": [],
            "monitoring": [
              {
                "enabled": true
              }
            ],
            "name": "splunk-search-enterprise_template",
            "name_prefix": null,
            "network_interfaces": [],
            "placement": [],
            "ram_disk_id": "",
            "security_group_names": [],
            "tag_specifications": [
              {
                "resource_type": "instance",
                "tags": {
                  "Managed_by": "terraform",
                  "Module": "splunk_sh",
                  "S3_Config_Bucket": "prod-<customer>splunkprod-us-east-1-splunk-initial-configs",
                  "SessionsManager": "Devops",
                  "application_name": "splunk",
                  "created_by": "Juan Becerra",
                  "environment": "prod"
                }
              },
              {
                "resource_type": "volume",
                "tags": {
                  "Managed_by": "terraform",
                  "Module": "splunk_sh",
                  "Name": "splunk-search-enterprise",
                  "application_name": "splunk",
                  "created_by": "Juan Becerra",
                  "environment": "prod"
                }
              }
            ],
            "tags": {},
            "update_default_version": null,
            "user_data": "IyEvdXNyL2Jpbi9lbnYgYmFzaApzZXQgLWUKZXhwb3J0IEFWQUlMQUJJTElUWV9aT05FPSQoY3VybCAtc0xmIGh0dHA6Ly8xNjkuMjU0LjE2OS4yNTQvbGF0ZXN0L21ldGEtZGF0YS9wbGFjZW1lbnQvYXZhaWxhYmlsaXR5LXpvbmUpCmV4cG9ydCBJTlNUQU5DRV9JRD0kKGN1cmwgLXNMZiBodHRwOi8vMTY5LjI1NC4xNjkuMjU0L2xhdGVzdC9tZXRhLWRhdGEvaW5zdGFuY2UtaWQpCmV4cG9ydCBBV1NfUkVHSU9OPSQoY3VybCAtcyAxNjkuMjU0LjE2OS4yNTQvbGF0ZXN0L21ldGEtZGF0YS9wbGFjZW1lbnQvYXZhaWxhYmlsaXR5LXpvbmUgfCBzZWQgJ3MvLiQvLycpCmV4cG9ydCBORVdfSE9TVE5BTUU9JChhd3MgZWMyIGRlc2NyaWJlLXRhZ3MgLS1maWx0ZXJzICJOYW1lPXJlc291cmNlLWlkLFZhbHVlcz0ke0lOU1RBTkNFX0lEfSIgLS1yZWdpb24gJEFXU19SRUdJT04gLS1vdXRwdXQ9dGV4dHwgIGdyZXAgIlxzTmFtZSIgfGF3ayAne3ByaW50ICQ1fScpCmV4cG9ydCBORVdfRlFETj0kKGF3cyBlYzIgZGVzY3JpYmUtdGFncyAtLWZpbHRlcnMgIk5hbWU9cmVzb3VyY2UtaWQsVmFsdWVzPSR7SU5TVEFOQ0VfSUR9IiAtLXJlZ2lvbiAkQVdTX1JFR0lPTiAtLW91dHB1dD10ZXh0fCAgZ3JlcCAiYXNnOmhvc3RuYW1lIiB8YXdrICd7cHJpbnQgJDV9JyB8c2VkICdzL0AuKi8vJykKZXhwb3J0IEFXU19BQ0NPVU5UPSQoYXdzIHN0cyBnZXQtY2FsbGVyLWlkZW50aXR5IHxncmVwIEFjY291bnQgfGF3ayAne3ByaW50ICQyfScgfHNlZCAncy9cIlwsLy8nfHNlZCAncy9cIi8vJykKZXhwb3J0IFMzX0NPTkZJR19CVUNLRVQ9JChhd3MgZWMyIGRlc2NyaWJlLXRhZ3MgLS1maWx0ZXJzICJOYW1lPXJlc291cmNlLWlkLFZhbHVlcz0ke0lOU1RBTkNFX0lEfSIgIk5hbWU9a2V5LFZhbHVlcz1TM19Db25maWdfQnVja2V0IiAtLXJlZ2lvbiAkQVdTX1JFR0lPTiAtLW91dHB1dD10ZXh0IHwgY3V0IC1mNSkKCiNlY2hvICJob3N0IG5hbWUgJElOU1RBTkNFX0lEICwgJEFXU19SRUdJT04gLCAkTkVXX0hPU1ROQU1FIiA+IC90bXAvYm9vdC5sb2cKZWNobyAiMTI3LjAuMC4xICR7TkVXX0hPU1ROQU1FfSAke05FV19GUUROfSBsb2NhbGhvc3QubG9jYWxkb21haW4gbG9jYWxob3N0IiA+IC9ldGMvaG9zdHMKCgpob3N0bmFtZSAke05FV19IT1NUTkFNRX0KCiNlY2hvICJtb3VudGluZyBmaWxlIHN5c3RlbSIgPj4vdG1wL2Jvb3QubG9nCiNta2RpciAvdTAxCgojZm9yIGV4dDIsIGV4dDMsIG9yIGV4dDQgZmlsZSBzeXN0ZW0gcmVzaXplMmZzIC9kZXYveHZkZjEKI21vdW50IC9kZXYveHZkZiAvdTAxID4+L3RtcC9ib290LmxvZwoKI2RmIC1rID4+L3RtcC9ib290LmxvZwojeGZzX2dyb3dmcyAtZCAvdTAxCiNkZiAtayA+Pi90bXAvYm9vdC5sb2cKCi9vcHQvYXdzL2FtYXpvbi1jbG91ZHdhdGNoLWFnZW50L2Jpbi9hbWF6b24tY2xvdWR3YXRjaC1hZ2VudC1jdGwgLWEgZmV0Y2gtY29uZmlnIC1tIGVjMiAtcyAtYyBzc206L0FtYXpvbkNsb3VkV2F0Y2gtU3BsdW5rCgphd3MgY2xvdWR3YXRjaCBwdXQtbWV0cmljLWFsYXJtIC0tYWxhcm0tbmFtZSAiJHtORVdfSE9TVE5BTUV9X2Rpc2tfdXNlZF9wZXJjZW50X1dhcm5pbmdfOTUiIC0tbWV0cmljLW5hbWUgImRpc2tfdXNlZF9wZXJjZW50IiAtLWFsYXJtLWRlc2NyaXB0aW9uICJXYXJuaW5nOiBEaXNrIFVzZWQgaXMgYWJvdmUgOTUlIiAtLW5hbWVzcGFjZSBDV0FnZW50IC0tc3RhdGlzdGljIEF2ZXJhZ2UgLS1wZXJpb2QgNjAgLS10aHJlc2hvbGQgOTUgLS1jb21wYXJpc29uLW9wZXJhdG9yIEdyZWF0ZXJUaGFuVGhyZXNob2xkIC0tZGltZW5zaW9ucyBOYW1lPUluc3RhbmNlSWQsVmFsdWU9JHtJTlNUQU5DRV9JRH0gTmFtZT1wYXRoLFZhbHVlPS8gTmFtZT1kZXZpY2UsVmFsdWU9bnZtZTBuMXAxIE5hbWU9ZnN0eXBlLFZhbHVlPXhmcyAtLWV2YWx1YXRpb24tcGVyaW9kcyA1IC0tYWxhcm0tYWN0aW9ucyBhcm46YXdzOnNuczoke0FXU19SRUdJT059OiR7QVdTX0FDQ09VTlR9OnNwbHVuay1hbGFybXMgLS1yZWdpb24gJHtBV1NfUkVHSU9OfQphd3MgY2xvdWR3YXRjaCBwdXQtbWV0cmljLWFsYXJtIC0tYWxhcm0tbmFtZSAiJHtORVdfSE9TVE5BTUV9X2Rpc2tfdXNlZF9wZXJjZW50X0Vycm9yXzk2IiAtLW1ldHJpYy1uYW1lICJkaXNrX3VzZWRfcGVyY2VudCIgLS1hbGFybS1kZXNjcmlwdGlvbiAiRXJyb3I6IERpc2sgVXNlZCBpcyBhYm92ZSA5NiUiIC0tbmFtZXNwYWNlIENXQWdlbnQgLS1zdGF0aXN0aWMgQXZlcmFnZSAtLXBlcmlvZCA2MCAtLXRocmVzaG9sZCA5NiAtLWNvbXBhcmlzb24tb3BlcmF0b3IgR3JlYXRlclRoYW5UaHJlc2hvbGQgLS1kaW1lbnNpb25zIE5hbWU9SW5zdGFuY2VJZCxWYWx1ZT0ke0lOU1RBTkNFX0lEfSBOYW1lPXBhdGgsVmFsdWU9LyBOYW1lPWRldmljZSxWYWx1ZT1udm1lMG4xcDEgTmFtZT1mc3R5cGUsVmFsdWU9eGZzIC0tZXZhbHVhdGlvbi1wZXJpb2RzIDUgLS1hbGFybS1hY3Rpb25zIGFybjphd3M6c25zOiR7QVdTX1JFR0lPTn06JHtBV1NfQUNDT1VOVH06c3BsdW5rLWFsYXJtcyAtLXJlZ2lvbiAke0FXU19SRUdJT059CmF3cyBjbG91ZHdhdGNoIHB1dC1tZXRyaWMtYWxhcm0gLS1hbGFybS1uYW1lICIke05FV19IT1NUTkFNRX1fZGlza191c2VkX3BlcmNlbnRfQ3JpdGljYWxfOTciIC0tbWV0cmljLW5hbWUgImRpc2tfdXNlZF9wZXJjZW50IiAtLWFsYXJtLWRlc2NyaXB0aW9uICJDcml0aWNhbDogRGlzayBVc2VkIGlzIGFib3ZlIDk3JSIgLS1uYW1lc3BhY2UgQ1dBZ2VudCAtLXN0YXRpc3RpYyBBdmVyYWdlIC0tcGVyaW9kIDYwIC0tdGhyZXNob2xkIDk3IC0tY29tcGFyaXNvbi1vcGVyYXRvciBHcmVhdGVyVGhhblRocmVzaG9sZCAtLWRpbWVuc2lvbnMgTmFtZT1JbnN0YW5jZUlkLFZhbHVlPSR7SU5TVEFOQ0VfSUR9IE5hbWU9cGF0aCxWYWx1ZT0vIE5hbWU9ZGV2aWNlLFZhbHVlPW52bWUwbjFwMSBOYW1lPWZzdHlwZSxWYWx1ZT14ZnMgLS1ldmFsdWF0aW9uLXBlcmlvZHMgNSAtLWFsYXJtLWFjdGlvbnMgYXJuOmF3czpzbnM6JHtBV1NfUkVHSU9OfToke0FXU19BQ0NPVU5UfTpzcGx1bmstYWxhcm1zIC0tcmVnaW9uICR7QVdTX1JFR0lPTn0KCmF3cyBjbG91ZHdhdGNoIHB1dC1tZXRyaWMtYWxhcm0gLS1hbGFybS1uYW1lICIke05FV19IT1NUTkFNRX1fQ1BVVXRpbGl6YXRpb25fV2FybmluZ185MCIgLS1tZXRyaWMtbmFtZSAiQ1BVVXRpbGl6YXRpb24iIC0tYWxhcm0tZGVzY3JpcHRpb24gIldhcm5pbmc6IENQVSBVdGlsaXphdGlvbiBpcyBhYm92ZSA5MCUiIC0tbmFtZXNwYWNlIEFXUy9FQzIgLS1zdGF0aXN0aWMgQXZlcmFnZSAtLXBlcmlvZCA2MCAtLXRocmVzaG9sZCA5MCAtLWNvbXBhcmlzb24tb3BlcmF0b3IgR3JlYXRlclRoYW5UaHJlc2hvbGQgLS1kaW1lbnNpb25zIE5hbWU9SW5zdGFuY2VJZCxWYWx1ZT0ke0lOU1RBTkNFX0lEfSAtLWV2YWx1YXRpb24tcGVyaW9kcyA1IC0tYWxhcm0tYWN0aW9ucyBhcm46YXdzOnNuczoke0FXU19SRUdJT059OiR7QVdTX0FDQ09VTlR9OnNwbHVuay1hbGFybXMgLS1yZWdpb24gJHtBV1NfUkVHSU9OfQphd3MgY2xvdWR3YXRjaCBwdXQtbWV0cmljLWFsYXJtIC0tYWxhcm0tbmFtZSAiJHtORVdfSE9TVE5BTUV9X0NQVVV0aWxpemF0aW9uX0Vycm9yXzk4IiAtLW1ldHJpYy1uYW1lICJDUFVVdGlsaXphdGlvbiIgLS1hbGFybS1kZXNjcmlwdGlvbiAiRXJyb3I6IENQVSBVdGlsaXphdGlvbiBpcyBhYm92ZSA5OCUiIC0tbmFtZXNwYWNlIEFXUy9FQzIgLS1zdGF0aXN0aWMgQXZlcmFnZSAtLXBlcmlvZCA2MCAtLXRocmVzaG9sZCA5OCAtLWNvbXBhcmlzb24tb3BlcmF0b3IgR3JlYXRlclRoYW5UaHJlc2hvbGQgLS1kaW1lbnNpb25zIE5hbWU9SW5zdGFuY2VJZCxWYWx1ZT0ke0lOU1RBTkNFX0lEfSAtLWV2YWx1YXRpb24tcGVyaW9kcyA1IC0tYWxhcm0tYWN0aW9ucyBhcm46YXdzOnNuczoke0FXU19SRUdJT059OiR7QVdTX0FDQ09VTlR9OnNwbHVuay1hbGFybXMgLS1yZWdpb24gJHtBV1NfUkVHSU9OfQoKYXdzIGNsb3Vkd2F0Y2ggcHV0LW1ldHJpYy1hbGFybSAtLWFsYXJtLW5hbWUgIiR7TkVXX0hPU1ROQU1FfV9zd2FwX3VzZWRfcGVyY2VudF9XYXJuaW5nXzc1IiAtLW1ldHJpYy1uYW1lICJzd2FwX3VzZWRfcGVyY2VudCIgLS1hbGFybS1kZXNjcmlwdGlvbiAiV2FybmluZzogU3dhcCB1c2VkIGlzIGFib3ZlIDc1JSIgLS1uYW1lc3BhY2UgQ1dBZ2VudCAtLXN0YXRpc3RpYyBBdmVyYWdlIC0tcGVyaW9kIDYwIC0tdGhyZXNob2xkIDc1IC0tY29tcGFyaXNvbi1vcGVyYXRvciBHcmVhdGVyVGhhblRocmVzaG9sZCAtLWRpbWVuc2lvbnMgTmFtZT1JbnN0YW5jZUlkLFZhbHVlPSR7SU5TVEFOQ0VfSUR9IC0tZXZhbHVhdGlvbi1wZXJpb2RzIDUgLS1hbGFybS1hY3Rpb25zIGFybjphd3M6c25zOiR7QVdTX1JFR0lPTn06JHtBV1NfQUNDT1VOVH06c3BsdW5rLWFsYXJtcyAtLXJlZ2lvbiAke0FXU19SRUdJT059CmF3cyBjbG91ZHdhdGNoIHB1dC1tZXRyaWMtYWxhcm0gLS1hbGFybS1uYW1lICIke05FV19IT1NUTkFNRX1fc3dhcF91c2VkX3BlcmNlbnRfRXJyb3JfODUiIC0tbWV0cmljLW5hbWUgInN3YXBfdXNlZF9wZXJjZW50IiAtLWFsYXJtLWRlc2NyaXB0aW9uICJFcnJvcjogU3dhcCB1c2VkIGlzIGFib3ZlIDU1JSIgLS1uYW1lc3BhY2UgQ1dBZ2VudCAtLXN0YXRpc3RpYyBBdmVyYWdlIC0tcGVyaW9kIDYwIC0tdGhyZXNob2xkIDg1IC0tY29tcGFyaXNvbi1vcGVyYXRvciBHcmVhdGVyVGhhblRocmVzaG9sZCAtLWRpbWVuc2lvbnMgTmFtZT1JbnN0YW5jZUlkLFZhbHVlPSR7SU5TVEFOQ0VfSUR9IC0tZXZhbHVhdGlvbi1wZXJpb2RzIDUgLS1hbGFybS1hY3Rpb25zIGFybjphd3M6c25zOiR7QVdTX1JFR0lPTn06JHtBV1NfQUNDT1VOVH06c3BsdW5rLWFsYXJtcyAtLXJlZ2lvbiAke0FXU19SRUdJT059CmF3cyBjbG91ZHdhdGNoIHB1dC1tZXRyaWMtYWxhcm0gLS1hbGFybS1uYW1lICIke05FV19IT1NUTkFNRX1fc3dhcF91c2VkX3BlcmNlbnRfQ3JpdGljYWxfOTUiIC0tbWV0cmljLW5hbWUgInN3YXBfdXNlZF9wZXJjZW50IiAtLWFsYXJtLWRlc2NyaXB0aW9uICJDcml0aWNhbDogU3dhcCB1c2VkIGlzIGFib3ZlIDk1JSIgLS1uYW1lc3BhY2UgQ1dBZ2VudCAtLXN0YXRpc3RpYyBBdmVyYWdlIC0tcGVyaW9kIDYwIC0tdGhyZXNob2xkIDk1IC0tY29tcGFyaXNvbi1vcGVyYXRvciBHcmVhdGVyVGhhblRocmVzaG9sZCAtLWRpbWVuc2lvbnMgTmFtZT1JbnN0YW5jZUlkLFZhbHVlPSR7SU5TVEFOQ0VfSUR9IC0tZXZhbHVhdGlvbi1wZXJpb2RzIDUgLS1hbGFybS1hY3Rpb25zIGFybjphd3M6c25zOiR7QVdTX1JFR0lPTn06JHtBV1NfQUNDT1VOVH06c3BsdW5rLWFsYXJtcyAtLXJlZ2lvbiAke0FXU19SRUdJT059CgoKaWYgWyAhIC1mICIvZXRjL3N5c3RlbWQvc3lzdGVtL1NwbHVua2Quc2VydmljZSIgXTsgdGhlbgogICAgIyBkbyBmaXJzdC10aW1lIGluaXRpYWxpemlvbi4gTm90IG5lZWRlZCBpZiBuZXcgaW5zdGFuY2UgY2FtZSBmcm9tIGEgc25hcHNob3Qgb2YgYSBydW5uaW5nIGluc3RhbmNlCgogICAgIyBDb3B5IGRvd24gaW5pdGlhbCBjb25maWcgc2NyaXB0cyBmcm9tIFMzCiAgICBhd3MgczMgc3luYyBzMzovLyR7UzNfQ09ORklHX0JVQ0tFVH0vJHtORVdfSE9TVE5BTUV9IC9vcHQvc3BsdW5rCgogICAgIyBzZXQgZGVwbG95bWVudCBjbGllbnQgbmFtZQogICAgY2F0ID4+IC9vcHQvc3BsdW5rL2V0Yy9zeXN0ZW0vbG9jYWwvZGVwbG95bWVudGNsaWVudC5jb25mIDw8IEVPRgpbZGVwbG95bWVudC1jbGllbnRdCmNsaWVudE5hbWUgPSAke05FV19IT1NUTkFNRX0KRU9GCiAgICAKICAgICMgRmluYWwgY2hvd24gdG8gZW5zdXJlIFNwbHVuayBvd25zIGV2ZXJ5dGhpbmcKICAgIHN1ZG8gY2hvd24gLVIgc3BsdW5rOnNwbHVuayAvb3B0L3NwbHVuawoKICAgICMgU2V0IHVsaW1pdHMgZm9yIFNwbHVua2Qgc2VydmljZQogICAgbWtkaXIgLXAgL2V0Yy9zeXN0ZW1kL3N5c3RlbS9TcGx1bmtkLnNlcnZpY2UuZAogICAgY2F0ID4+IC9ldGMvc3lzdGVtZC9zeXN0ZW0vU3BsdW5rZC5zZXJ2aWNlLmQvb3ZlcnJpZGUuY29uZiA8PCBFT0YKW1NlcnZpY2VdCkxpbWl0Tk9GSUxFPTY0MDAwCkxpbWl0TlBST0M9MTYwMDAKTGltaXRGU0laRT1pbmZpbml0eQpUYXNrc01heD0xNjAwMAojIFNlbmQgJEtpbGxTaWduYWwgb25seSB0byBtYWluIChzcGx1bmtkKSBwcm9jZXNzLCBpZiBhbnkgb2YgdGhlIGNoaWxkIHByb2Nlc3NlcyBpcyBzdGlsbCBhbGl2ZSBhZnRlciAkVGltZW91dFN0b3BTZWMsIFNJR0tJTEwgdGhlbS4KS2lsbE1vZGU9bWl4ZWQKIyBTcGx1bmsgZG9lc24ndCBzaHV0ZG93biBncmFjZWZ1bGx5IG9uIFNJR1RFUk0KS2lsbFNpZ25hbD1TSUdJTlQKIyBHaXZlIFNwbHVuayB0aW1lIHRvIHNodXRkb3duIC0gZXNwZWNpYWxseSBidXN5IGluZGV4ZXJzIGNhbiB0YWtlIHRpbWUKVGltZW91dFN0b3BTZWM9MTBtaW4KRU9GCgogICAgIyBTZXQgU3BsdW5rIHRvIHN0YXJ0IGF0IGJvb3QKICAgIC9vcHQvc3BsdW5rL2Jpbi9zcGx1bmsgZW5hYmxlIGJvb3Qtc3RhcnQgLXVzZXIgc3BsdW5rIC1zeXN0ZW1kLW1hbmFnZWQgMSAtLWFjY2VwdC1saWNlbnNlIC0tYW5zd2VyLXllcwoKICAgICMgU3RhcnQgdXAgc3BsdW5rIQogICAgc3lzdGVtY3RsIHN0YXJ0IFNwbHVua2QKCmZpCg==",
            "vpc_security_group_ids": [
              "sg-0b7438182a5794bba"
            ]
          },
          "private": "bnVsbA==",
          "dependencies": [
            "module.Enterprise_SH.aws_security_group.instance_sg",
            "module.Enterprise_SH.data.aws_ami.ami_source",
            "module.common.aws_iam_instance_profile.splunk-instance-profile",
            "module.common.aws_iam_role.splunk-instance-profile",
            "module.common.aws_s3_bucket.inits"
          ]
        }
      ]
    },
    {
      "module": "module.Enterprise_SH",
      "mode": "managed",
      "type": "aws_route53_record",
      "name": "dns_record",
      "provider": "provider[\"registry.terraform.io/hashicorp/aws\"]",
      "instances": [
        {
          "schema_version": 2,
          "attributes": {
            "alias": [
              {
                "evaluate_target_health": true,
                "name": "prod-splunk-alb-enterprise-1156362694.us-east-1.elb.amazonaws.com",
                "zone_id": "Z35SXDOTRQ7X7K"
              }
            ],
            "allow_overwrite": null,
            "failover_routing_policy": [],
            "fqdn": "enterprise.splunk.<customer>home.com",
            "geolocation_routing_policy": [],
            "health_check_id": "",
            "id": "Z07522651BG4B102L9QDK_enterprise.splunk.<customer>home.com_A",
            "latency_routing_policy": [],
            "multivalue_answer_routing_policy": null,
            "name": "enterprise.splunk.<customer>home.com",
            "records": [],
            "set_identifier": "",
            "ttl": 0,
            "type": "A",
            "weighted_routing_policy": [],
            "zone_id": "Z07522651BG4B102L9QDK"
          },
          "private": "eyJzY2hlbWFfdmVyc2lvbiI6IjIifQ==",
          "dependencies": [
            "module.Enterprise_SH.aws_alb.load_balancer",
            "module.Enterprise_SH.aws_security_group.lb_sg",
            "module.Enterprise_SH.data.aws_route53_zone.public_zone"
          ]
        }
      ]
    },
    {
      "module": "module.Enterprise_SH",
      "mode": "managed",
      "type": "aws_s3_bucket_object",
      "name": "userseed",
      "provider": "provider[\"registry.terraform.io/hashicorp/aws\"]",
      "instances": [
        {
          "schema_version": 0,
          "attributes": {
            "acl": "private",
            "bucket": "prod-<customer>splunkprod-us-east-1-splunk-initial-configs",
            "cache_control": "",
            "content": "[user_info]\nUSERNAME = admin\nHASHED_PASSWORD = $6$cLaQ0TcV0eew9X.N$VjgRrGxHePbkp2Bfpc1AZFowV2feMBc598yorNsnagClESc42mQpaT55bHP/gZbkbju13WJfMOFi1S0FoP8LU0",
            "content_base64": null,
            "content_disposition": "",
            "content_encoding": "",
            "content_language": "",
            "content_type": "binary/octet-stream",
            "etag": "3f6afd2cb3361b65721b4693dd79f8a6",
            "force_destroy": false,
            "id": "splunk-search-enterprise/etc/system/local/user-seed.conf",
            "key": "splunk-search-enterprise/etc/system/local/user-seed.conf",
            "kms_key_id": null,
            "metadata": {},
            "object_lock_legal_hold_status": "",
            "object_lock_mode": "",
            "object_lock_retain_until_date": "",
            "server_side_encryption": "",
            "source": null,
            "storage_class": "STANDARD",
            "tags": {},
            "version_id": "",
            "website_redirect": ""
          },
          "private": "bnVsbA==",
          "dependencies": [
            "data.aws_secretsmanager_secret_version.admin_account",
            "module.common.aws_s3_bucket.inits"
          ]
        }
      ]
    },
    {
      "module": "module.Enterprise_SH",
      "mode": "managed",
      "type": "aws_security_group",
      "name": "instance_sg",
      "provider": "provider[\"registry.terraform.io/hashicorp/aws\"]",
      "instances": [
        {
          "schema_version": 1,
          "attributes": {
            "arn": "arn:aws:ec2:us-east-1:740749460388:security-group/sg-0b7438182a5794bba",
            "description": "Security group for splunk sh and forwarders instances",
            "egress": [
              {
                "cidr_blocks": [
                  "0.0.0.0/0"
                ],
                "description": "",
                "from_port": 0,
                "ipv6_cidr_blocks": [],
                "prefix_list_ids": [],
                "protocol": "-1",
                "security_groups": [],
                "self": false,
                "to_port": 0
              }
            ],
            "id": "sg-0b7438182a5794bba",
            "ingress": [
              {
                "cidr_blocks": [
                  "0.0.0.0/0"
                ],
                "description": "",
                "from_port": 8089,
                "ipv6_cidr_blocks": [],
                "prefix_list_ids": [],
                "protocol": "tcp",
                "security_groups": [],
                "self": false,
                "to_port": 8089
              },
              {
                "cidr_blocks": [
                  "10.1.0.0/20",
                  "10.1.16.0/20",
                  "10.1.32.0/20"
                ],
                "description": "",
                "from_port": -1,
                "ipv6_cidr_blocks": [],
                "prefix_list_ids": [],
                "protocol": "icmp",
                "security_groups": [],
                "self": false,
                "to_port": -1
              },
              {
                "cidr_blocks": [],
                "description": "",
                "from_port": 8000,
                "ipv6_cidr_blocks": [],
                "prefix_list_ids": [],
                "protocol": "tcp",
                "security_groups": [
                  "sg-03c5dd2f197d66bc0"
                ],
                "self": false,
                "to_port": 8000
              }
            ],
            "name": "prod-splunk-instance-enterprise",
            "name_prefix": null,
            "owner_id": "740749460388",
            "revoke_rules_on_delete": false,
            "tags": {
              "Managed_by": "terraform",
              "Module": "splunk_sh",
              "Name": "prod-splunk-instance-enterprise",
              "application_name": "splunk",
              "created_by": "Juan Becerra",
              "environment": "prod"
            },
            "timeouts": null,
            "vpc_id": "vpc-0f9afbd827c17d71a"
          },
          "private": "eyJlMmJmYjczMC1lY2FhLTExZTYtOGY4OC0zNDM2M2JjN2M0YzAiOnsiY3JlYXRlIjo2MDAwMDAwMDAwMDAsImRlbGV0ZSI6NjAwMDAwMDAwMDAwfSwic2NoZW1hX3ZlcnNpb24iOiIxIn0=",
          "dependencies": [
            "module.Enterprise_SH.aws_security_group.lb_sg"
          ]
        }
      ]
    },
    {
      "module": "module.Enterprise_SH",
      "mode": "managed",
      "type": "aws_security_group",
      "name": "lb_sg",
      "provider": "provider[\"registry.terraform.io/hashicorp/aws\"]",
      "instances": [
        {
          "schema_version": 1,
          "attributes": {
            "arn": "arn:aws:ec2:us-east-1:740749460388:security-group/sg-03c5dd2f197d66bc0",
            "description": "Security group for splunk ALBs",
            "egress": [
              {
                "cidr_blocks": [
                  "0.0.0.0/0"
                ],
                "description": "",
                "from_port": 0,
                "ipv6_cidr_blocks": [],
                "prefix_list_ids": [],
                "protocol": "-1",
                "security_groups": [],
                "self": false,
                "to_port": 0
              }
            ],
            "id": "sg-03c5dd2f197d66bc0",
            "ingress": [
              {
                "cidr_blocks": [
                  "0.0.0.0/0"
                ],
                "description": "",
                "from_port": 443,
                "ipv6_cidr_blocks": [],
                "prefix_list_ids": [],
                "protocol": "tcp",
                "security_groups": [],
                "self": false,
                "to_port": 443
              },
              {
                "cidr_blocks": [
                  "0.0.0.0/0"
                ],
                "description": "",
                "from_port": 80,
                "ipv6_cidr_blocks": [],
                "prefix_list_ids": [],
                "protocol": "tcp",
                "security_groups": [],
                "self": false,
                "to_port": 80
              },
              {
                "cidr_blocks": [
                  "10.1.0.0/20",
                  "10.1.16.0/20",
                  "10.1.32.0/20"
                ],
                "description": "",
                "from_port": 8089,
                "ipv6_cidr_blocks": [],
                "prefix_list_ids": [],
                "protocol": "tcp",
                "security_groups": [],
                "self": false,
                "to_port": 8089
              }
            ],
            "name": "prod-splunk-alb-enterprise",
            "name_prefix": null,
            "owner_id": "740749460388",
            "revoke_rules_on_delete": false,
            "tags": {
              "Managed_by": "terraform",
              "Module": "splunk_sh",
              "Name": "prod-splunk-alb-enterprise",
              "application_name": "splunk",
              "created_by": "Juan Becerra",
              "environment": "prod"
            },
            "timeouts": null,
            "vpc_id": "vpc-0f9afbd827c17d71a"
          },
          "private": "eyJlMmJmYjczMC1lY2FhLTExZTYtOGY4OC0zNDM2M2JjN2M0YzAiOnsiY3JlYXRlIjo2MDAwMDAwMDAwMDAsImRlbGV0ZSI6NjAwMDAwMDAwMDAwfSwic2NoZW1hX3ZlcnNpb24iOiIxIn0="
        }
      ]
    },
    {
      "module": "module.Enterprise_SH",
      "mode": "managed",
      "type": "aws_wafv2_web_acl_association",
      "name": "load_balancer",
      "provider": "provider[\"registry.terraform.io/hashicorp/aws\"]",
      "instances": [
        {
          "schema_version": 0,
          "attributes": {
            "id": "arn:aws:wafv2:us-east-1:740749460388:regional/webacl/prod-splunk-waf-splunk/bbc8c958-ec97-4708-a740-7fa7b1956e7b,arn:aws:elasticloadbalancing:us-east-1:740749460388:loadbalancer/app/prod-splunk-alb-enterprise/d2b6f8813105c6ed",
            "resource_arn": "arn:aws:elasticloadbalancing:us-east-1:740749460388:loadbalancer/app/prod-splunk-alb-enterprise/d2b6f8813105c6ed",
            "web_acl_arn": "arn:aws:wafv2:us-east-1:740749460388:regional/webacl/prod-splunk-waf-splunk/bbc8c958-ec97-4708-a740-7fa7b1956e7b"
          },
          "private": "bnVsbA==",
          "dependencies": [
            "module.Enterprise_SH.aws_alb.load_balancer",
            "module.Enterprise_SH.aws_security_group.lb_sg",
            "module.common.aws_wafv2_web_acl.waf"
          ]
        }
      ]
    },
    {
      "module": "module.Security_SH",
      "mode": "data",
      "type": "aws_ami",
      "name": "ami_source",
      "provider": "provider[\"registry.terraform.io/hashicorp/aws\"]",
      "instances": [
        {
          "schema_version": 0,
          "attributes": {
            "architecture": "x86_64",
            "arn": "arn:aws:ec2:us-east-1::image/ami-0dd75d4eff6daad43",
            "block_device_mappings": [
              {
                "device_name": "/dev/xvda",
                "ebs": {
                  "delete_on_termination": "true",
                  "encrypted": "false",
                  "iops": "0",
                  "snapshot_id": "snap-06d4a1fb2738e990a",
                  "volume_size": "300",
                  "volume_type": "gp2"
                },
                "no_device": "",
                "virtual_name": ""
              }
            ],
            "creation_date": "2020-11-06T21:25:27.000Z",
            "description": "Lambda created AMI of instance i-054bfb996439a3eb6",
            "executable_users": null,
            "filter": [
              {
                "name": "tag:Name",
                "values": [
                  "splunk-base-ami",
                  "splunk-search-security"
                ]
              }
            ],
            "hypervisor": "xen",
            "id": "ami-0dd75d4eff6daad43",
            "image_id": "ami-0dd75d4eff6daad43",
            "image_location": "740749460388/splunk-search-security_06-11-2020.21.25",
            "image_owner_alias": null,
            "image_type": "machine",
            "kernel_id": null,
            "most_recent": true,
            "name": "splunk-search-security_06-11-2020.21.25",
            "name_regex": null,
            "owner_id": "740749460388",
            "owners": [
              "self"
            ],
            "platform": null,
            "product_codes": [],
            "public": false,
            "ramdisk_id": null,
            "root_device_name": "/dev/xvda",
            "root_device_type": "ebs",
            "root_snapshot_id": "snap-06d4a1fb2738e990a",
            "sriov_net_support": "simple",
            "state": "available",
            "state_reason": {
              "code": "UNSET",
              "message": "UNSET"
            },
            "tags": {
              "CreatedOn": "06-11-2020.21.25",
              "Name": "splunk-search-security",
              "Type": "HOURLY"
            },
            "virtualization_type": "hvm"
          }
        }
      ]
    },
    {
      "module": "module.Security_SH",
      "mode": "data",
      "type": "aws_route53_zone",
      "name": "private_zone",
      "provider": "provider[\"registry.terraform.io/hashicorp/aws\"]",
      "instances": [
        {
          "schema_version": 0,
          "attributes": {
            "caller_reference": "terraform-20201106142453677500000001",
            "comment": "Managed by Terraform",
            "id": "Z1025878278SY9EZW6LQL",
            "linked_service_description": null,
            "linked_service_principal": null,
            "name": "splunkinternal.com.",
            "name_servers": [],
            "private_zone": true,
            "resource_record_set_count": 14,
            "tags": {},
            "vpc_id": null,
            "zone_id": "Z1025878278SY9EZW6LQL"
          }
        }
      ]
    },
    {
      "module": "module.Security_SH",
      "mode": "data",
      "type": "aws_route53_zone",
      "name": "public_zone",
      "provider": "provider[\"registry.terraform.io/hashicorp/aws\"]",
      "instances": [
        {
          "schema_version": 0,
          "attributes": {
            "caller_reference": "4e9ee2b0-8d7d-45b1-bef2-d843fa05c63b",
            "comment": "Hosted Zone for Splunk URLs",
            "id": "Z07522651BG4B102L9QDK",
            "linked_service_description": null,
            "linked_service_principal": null,
            "name": "splunk.<customer>home.com.",
            "name_servers": [
              "ns-931.awsdns-52.net",
              "ns-153.awsdns-19.com",
              "ns-1627.awsdns-11.co.uk",
              "ns-1098.awsdns-09.org"
            ],
            "private_zone": false,
            "resource_record_set_count": 19,
            "tags": {},
            "vpc_id": null,
            "zone_id": "Z07522651BG4B102L9QDK"
          }
        }
      ]
    },
    {
      "module": "module.Security_SH",
      "mode": "managed",
      "type": "aws_alb",
      "name": "load_balancer",
      "provider": "provider[\"registry.terraform.io/hashicorp/aws\"]",
      "instances": [
        {
          "schema_version": 0,
          "attributes": {
            "access_logs": [
              {
                "bucket": "",
                "enabled": false,
                "prefix": ""
              }
            ],
            "arn": "arn:aws:elasticloadbalancing:us-east-1:740749460388:loadbalancer/app/prod-splunk-alb-security/54af86bde2f66530",
            "arn_suffix": "app/prod-splunk-alb-security/54af86bde2f66530",
            "dns_name": "prod-splunk-alb-security-269355020.us-east-1.elb.amazonaws.com",
            "drop_invalid_header_fields": false,
            "enable_cross_zone_load_balancing": null,
            "enable_deletion_protection": false,
            "enable_http2": true,
            "id": "arn:aws:elasticloadbalancing:us-east-1:740749460388:loadbalancer/app/prod-splunk-alb-security/54af86bde2f66530",
            "idle_timeout": 60,
            "internal": false,
            "ip_address_type": "ipv4",
            "load_balancer_type": "application",
            "name": "prod-splunk-alb-security",
            "name_prefix": null,
            "security_groups": [
              "sg-00186afe88248ccd0"
            ],
            "subnet_mapping": [
              {
                "allocation_id": "",
                "subnet_id": "subnet-0057ea47be6c0a6e1"
              },
              {
                "allocation_id": "",
                "subnet_id": "subnet-09b0446a3f0f2aafa"
              },
              {
                "allocation_id": "",
                "subnet_id": "subnet-0a2528d789dd75efd"
              }
            ],
            "subnets": [
              "subnet-0057ea47be6c0a6e1",
              "subnet-09b0446a3f0f2aafa",
              "subnet-0a2528d789dd75efd"
            ],
            "tags": {
              "Managed_by": "terraform",
              "Module": "splunk_sh",
              "Name": "prod-splunk-alb-security",
              "application_name": "splunk",
              "created_by": "Juan Becerra",
              "environment": "prod"
            },
            "timeouts": null,
            "vpc_id": "vpc-0f9afbd827c17d71a",
            "zone_id": "Z35SXDOTRQ7X7K"
          },
          "private": "eyJlMmJmYjczMC1lY2FhLTExZTYtOGY4OC0zNDM2M2JjN2M0YzAiOnsiY3JlYXRlIjo2MDAwMDAwMDAwMDAsImRlbGV0ZSI6NjAwMDAwMDAwMDAwLCJ1cGRhdGUiOjYwMDAwMDAwMDAwMH19",
          "dependencies": [
            "module.Security_SH.aws_security_group.lb_sg"
          ]
        }
      ]
    },
    {
      "module": "module.Security_SH",
      "mode": "managed",
      "type": "aws_alb_listener",
      "name": "load_balancer",
      "provider": "provider[\"registry.terraform.io/hashicorp/aws\"]",
      "instances": [
        {
          "schema_version": 0,
          "attributes": {
            "arn": "arn:aws:elasticloadbalancing:us-east-1:740749460388:listener/app/prod-splunk-alb-security/54af86bde2f66530/967303ebc3912246",
            "certificate_arn": null,
            "default_action": [
              {
                "authenticate_cognito": [],
                "authenticate_oidc": [],
                "fixed_response": [],
                "forward": [],
                "order": 1,
                "redirect": [
                  {
                    "host": "#{host}",
                    "path": "/#{path}",
                    "port": "443",
                    "protocol": "HTTPS",
                    "query": "#{query}",
                    "status_code": "HTTP_301"
                  }
                ],
                "target_group_arn": "",
                "type": "redirect"
              }
            ],
            "id": "arn:aws:elasticloadbalancing:us-east-1:740749460388:listener/app/prod-splunk-alb-security/54af86bde2f66530/967303ebc3912246",
            "load_balancer_arn": "arn:aws:elasticloadbalancing:us-east-1:740749460388:loadbalancer/app/prod-splunk-alb-security/54af86bde2f66530",
            "port": 80,
            "protocol": "HTTP",
            "ssl_policy": "",
            "timeouts": null
          },
          "private": "eyJlMmJmYjczMC1lY2FhLTExZTYtOGY4OC0zNDM2M2JjN2M0YzAiOnsicmVhZCI6NjAwMDAwMDAwMDAwfX0=",
          "dependencies": [
            "module.Security_SH.aws_alb.load_balancer",
            "module.Security_SH.aws_security_group.lb_sg"
          ]
        }
      ]
    },
    {
      "module": "module.Security_SH",
      "mode": "managed",
      "type": "aws_alb_listener",
      "name": "load_balancer_443",
      "provider": "provider[\"registry.terraform.io/hashicorp/aws\"]",
      "instances": [
        {
          "schema_version": 0,
          "attributes": {
            "arn": "arn:aws:elasticloadbalancing:us-east-1:740749460388:listener/app/prod-splunk-alb-security/54af86bde2f66530/82927ef465210bc1",
            "certificate_arn": "arn:aws:acm:us-east-1:740749460388:certificate/4839e66a-518c-4f9c-9554-2e3227386806",
            "default_action": [
              {
                "authenticate_cognito": [],
                "authenticate_oidc": [],
                "fixed_response": [],
                "forward": [],
                "order": 1,
                "redirect": [],
                "target_group_arn": "arn:aws:elasticloadbalancing:us-east-1:740749460388:targetgroup/prod-splunk-alb-8000-security/184267379eb9eff1",
                "type": "forward"
              }
            ],
            "id": "arn:aws:elasticloadbalancing:us-east-1:740749460388:listener/app/prod-splunk-alb-security/54af86bde2f66530/82927ef465210bc1",
            "load_balancer_arn": "arn:aws:elasticloadbalancing:us-east-1:740749460388:loadbalancer/app/prod-splunk-alb-security/54af86bde2f66530",
            "port": 443,
            "protocol": "HTTPS",
            "ssl_policy": "ELBSecurityPolicy-2016-08",
            "timeouts": null
          },
          "private": "eyJlMmJmYjczMC1lY2FhLTExZTYtOGY4OC0zNDM2M2JjN2M0YzAiOnsicmVhZCI6NjAwMDAwMDAwMDAwfX0=",
          "dependencies": [
            "module.Security_SH.aws_alb.load_balancer",
            "module.Security_SH.aws_alb_target_group.lb_target_8000",
            "module.Security_SH.aws_security_group.lb_sg",
            "module.route53_dns.aws_acm_certificate.cert",
            "module.route53_dns.data.aws_route53_zone.public_zone"
          ]
        }
      ]
    },
    {
      "module": "module.Security_SH",
      "mode": "managed",
      "type": "aws_alb_listener",
      "name": "load_balancer_8089",
      "provider": "provider[\"registry.terraform.io/hashicorp/aws\"]",
      "instances": [
        {
          "index_key": 0,
          "schema_version": 0,
          "attributes": {
            "arn": "arn:aws:elasticloadbalancing:us-east-1:740749460388:listener/app/prod-splunk-alb-security/54af86bde2f66530/1640b3198a81f100",
            "certificate_arn": "arn:aws:acm:us-east-1:740749460388:certificate/4839e66a-518c-4f9c-9554-2e3227386806",
            "default_action": [
              {
                "authenticate_cognito": [],
                "authenticate_oidc": [],
                "fixed_response": [],
                "forward": [],
                "order": 1,
                "redirect": [],
                "target_group_arn": "arn:aws:elasticloadbalancing:us-east-1:740749460388:targetgroup/prod-splunk-alb-8089-security/fea03cae1ef02244",
                "type": "forward"
              }
            ],
            "id": "arn:aws:elasticloadbalancing:us-east-1:740749460388:listener/app/prod-splunk-alb-security/54af86bde2f66530/1640b3198a81f100",
            "load_balancer_arn": "arn:aws:elasticloadbalancing:us-east-1:740749460388:loadbalancer/app/prod-splunk-alb-security/54af86bde2f66530",
            "port": 8089,
            "protocol": "HTTPS",
            "ssl_policy": "ELBSecurityPolicy-2016-08",
            "timeouts": null
          },
          "private": "eyJlMmJmYjczMC1lY2FhLTExZTYtOGY4OC0zNDM2M2JjN2M0YzAiOnsicmVhZCI6NjAwMDAwMDAwMDAwfX0=",
          "dependencies": [
            "module.Security_SH.aws_alb.load_balancer",
            "module.Security_SH.aws_alb_target_group.lb_target_8089",
            "module.Security_SH.aws_security_group.lb_sg",
            "module.route53_dns.aws_acm_certificate.cert",
            "module.route53_dns.data.aws_route53_zone.public_zone"
          ]
        }
      ]
    },
    {
      "module": "module.Security_SH",
      "mode": "managed",
      "type": "aws_alb_target_group",
      "name": "lb_target_8000",
      "provider": "provider[\"registry.terraform.io/hashicorp/aws\"]",
      "instances": [
        {
          "schema_version": 0,
          "attributes": {
            "arn": "arn:aws:elasticloadbalancing:us-east-1:740749460388:targetgroup/prod-splunk-alb-8000-security/184267379eb9eff1",
            "arn_suffix": "targetgroup/prod-splunk-alb-8000-security/184267379eb9eff1",
            "deregistration_delay": 300,
            "health_check": [
              {
                "enabled": true,
                "healthy_threshold": 2,
                "interval": 30,
                "matcher": "200",
                "path": "/en-US/account/login",
                "port": "traffic-port",
                "protocol": "HTTPS",
                "timeout": 5,
                "unhealthy_threshold": 5
              }
            ],
            "id": "arn:aws:elasticloadbalancing:us-east-1:740749460388:targetgroup/prod-splunk-alb-8000-security/184267379eb9eff1",
            "lambda_multi_value_headers_enabled": false,
            "load_balancing_algorithm_type": "round_robin",
            "name": "prod-splunk-alb-8000-security",
            "name_prefix": null,
            "port": 8000,
            "protocol": "HTTPS",
            "proxy_protocol_v2": false,
            "slow_start": 0,
            "stickiness": [
              {
                "cookie_duration": 86400,
                "enabled": false,
                "type": "lb_cookie"
              }
            ],
            "tags": {
              "Managed_by": "terraform",
              "Module": "splunk_sh",
              "Name": "prod-splunk-alb-8000-security",
              "application_name": "splunk",
              "created_by": "Juan Becerra",
              "environment": "prod"
            },
            "target_type": "instance",
            "vpc_id": "vpc-0f9afbd827c17d71a"
          },
          "private": "bnVsbA==",
          "dependencies": [
            "module.Security_SH.aws_alb.load_balancer",
            "module.Security_SH.aws_security_group.lb_sg"
          ],
          "create_before_destroy": true
        }
      ]
    },
    {
      "module": "module.Security_SH",
      "mode": "managed",
      "type": "aws_alb_target_group",
      "name": "lb_target_8089",
      "provider": "provider[\"registry.terraform.io/hashicorp/aws\"]",
      "instances": [
        {
          "index_key": 0,
          "schema_version": 0,
          "attributes": {
            "arn": "arn:aws:elasticloadbalancing:us-east-1:740749460388:targetgroup/prod-splunk-alb-8089-security/fea03cae1ef02244",
            "arn_suffix": "targetgroup/prod-splunk-alb-8089-security/fea03cae1ef02244",
            "deregistration_delay": 300,
            "health_check": [
              {
                "enabled": true,
                "healthy_threshold": 2,
                "interval": 30,
                "matcher": "200",
                "path": "/",
                "port": "traffic-port",
                "protocol": "HTTPS",
                "timeout": 5,
                "unhealthy_threshold": 5
              }
            ],
            "id": "arn:aws:elasticloadbalancing:us-east-1:740749460388:targetgroup/prod-splunk-alb-8089-security/fea03cae1ef02244",
            "lambda_multi_value_headers_enabled": false,
            "load_balancing_algorithm_type": "round_robin",
            "name": "prod-splunk-alb-8089-security",
            "name_prefix": null,
            "port": 8089,
            "protocol": "HTTPS",
            "proxy_protocol_v2": false,
            "slow_start": 0,
            "stickiness": [
              {
                "cookie_duration": 86400,
                "enabled": false,
                "type": "lb_cookie"
              }
            ],
            "tags": {
              "Managed_by": "terraform",
              "Module": "splunk_sh",
              "Name": "prod-splunk-alb-8089-security",
              "application_name": "splunk",
              "created_by": "Juan Becerra",
              "environment": "prod"
            },
            "target_type": "instance",
            "vpc_id": "vpc-0f9afbd827c17d71a"
          },
          "private": "bnVsbA==",
          "dependencies": [
            "module.Security_SH.aws_alb.load_balancer",
            "module.Security_SH.aws_security_group.lb_sg"
          ],
          "create_before_destroy": true
        }
      ]
    },
    {
      "module": "module.Security_SH",
      "mode": "managed",
      "type": "aws_autoscaling_group",
      "name": "asg",
      "provider": "provider[\"registry.terraform.io/hashicorp/aws\"]",
      "instances": [
        {
          "schema_version": 0,
          "attributes": {
            "arn": "arn:aws:autoscaling:us-east-1:740749460388:autoScalingGroup:bcf428c3-6980-4ab6-9ce6-96bcfd11845a:autoScalingGroupName/prod-splunk-asg-security",
            "availability_zones": [
              "us-east-1a",
              "us-east-1b",
              "us-east-1c"
            ],
            "default_cooldown": 300,
            "desired_capacity": 1,
            "enabled_metrics": [],
            "force_delete": false,
            "health_check_grace_period": 300,
            "health_check_type": "EC2",
            "id": "prod-splunk-asg-security",
            "initial_lifecycle_hook": [],
            "launch_configuration": "",
            "launch_template": [
              {
                "id": "lt-089efe16613dd21e5",
                "name": "splunk-search-security_template",
                "version": "$Latest"
              }
            ],
            "load_balancers": [],
            "max_instance_lifetime": 0,
            "max_size": 1,
            "metrics_granularity": "1Minute",
            "min_elb_capacity": null,
            "min_size": 1,
            "mixed_instances_policy": [],
            "name": "prod-splunk-asg-security",
            "name_prefix": null,
            "placement_group": "",
            "protect_from_scale_in": false,
            "service_linked_role_arn": "arn:aws:iam::740749460388:role/aws-service-role/autoscaling.amazonaws.com/AWSServiceRoleForAutoScaling",
            "suspended_processes": [],
            "tag": [
              {
                "key": "Name",
                "propagate_at_launch": true,
                "value": "splunk-search-security"
              },
              {
                "key": "asg:hostname",
                "propagate_at_launch": true,
                "value": "splunk-search-security.splunkinternal.com@Z1025878278SY9EZW6LQL"
              }
            ],
            "tags": null,
            "target_group_arns": [
              "arn:aws:elasticloadbalancing:us-east-1:740749460388:targetgroup/prod-splunk-alb-8000-security/184267379eb9eff1",
              "arn:aws:elasticloadbalancing:us-east-1:740749460388:targetgroup/prod-splunk-alb-8089-security/fea03cae1ef02244"
            ],
            "termination_policies": [],
            "timeouts": null,
            "vpc_zone_identifier": [
              "subnet-02bb68a15c69c57b7",
              "subnet-04e34d59a76c94fb8",
              "subnet-0e8d86d222995993e"
            ],
            "wait_for_capacity_timeout": "0",
            "wait_for_elb_capacity": null
          },
          "private": "eyJlMmJmYjczMC1lY2FhLTExZTYtOGY4OC0zNDM2M2JjN2M0YzAiOnsiZGVsZXRlIjo2MDAwMDAwMDAwMDB9fQ==",
          "dependencies": [
            "module.Security_SH.aws_alb_target_group.lb_target_8000",
            "module.Security_SH.aws_alb_target_group.lb_target_8089",
            "module.Security_SH.aws_alb_target_group.nlb_target_8089",
            "module.Security_SH.aws_launch_template.instance_template",
            "module.Security_SH.aws_security_group.instance_sg",
            "module.Security_SH.data.aws_ami.ami_source",
            "module.Security_SH.data.aws_route53_zone.private_zone",
            "module.common.aws_iam_instance_profile.splunk-instance-profile",
            "module.common.aws_iam_role.splunk-instance-profile",
            "module.common.aws_s3_bucket.inits",
            "module.route53_dns.aws_route53_zone.private"
          ],
          "create_before_destroy": true
        }
      ]
    },
    {
      "module": "module.Security_SH",
      "mode": "managed",
      "type": "aws_autoscaling_lifecycle_hook",
      "name": "asg_launch_hook",
      "provider": "provider[\"registry.terraform.io/hashicorp/aws\"]",
      "instances": [
        {
          "schema_version": 0,
          "attributes": {
            "autoscaling_group_name": "prod-splunk-asg-security",
            "default_result": "CONTINUE",
            "heartbeat_timeout": 60,
            "id": "prod-splunk-asg-security-launch",
            "lifecycle_transition": "autoscaling:EC2_INSTANCE_LAUNCHING",
            "name": "prod-splunk-asg-security-launch",
            "notification_metadata": "",
            "notification_target_arn": "arn:aws:sns:us-east-1:740749460388:ddns_handling",
            "role_arn": "arn:aws:iam::740749460388:role/ddns_lifecycle"
          },
          "private": "bnVsbA==",
          "dependencies": [
            "module.Security_SH.aws_autoscaling_group.asg",
            "module.route53_dns.aws_iam_role.ddns_lifecycle",
            "module.route53_dns.aws_sns_topic.ddns_handling"
          ]
        }
      ]
    },
    {
      "module": "module.Security_SH",
      "mode": "managed",
      "type": "aws_launch_template",
      "name": "instance_template",
      "provider": "provider[\"registry.terraform.io/hashicorp/aws\"]",
      "instances": [
        {
          "schema_version": 0,
          "attributes": {
            "arn": "arn:aws:ec2:us-east-1:740749460388:launch-template/lt-089efe16613dd21e5",
            "block_device_mappings": [
              {
                "device_name": "/dev/xvda",
                "ebs": [
                  {
                    "delete_on_termination": "",
                    "encrypted": "",
                    "iops": 0,
                    "kms_key_id": "",
                    "snapshot_id": "",
                    "volume_size": 300,
                    "volume_type": ""
                  }
                ],
                "no_device": "",
                "virtual_name": ""
              }
            ],
            "capacity_reservation_specification": [],
            "cpu_options": [],
            "credit_specification": [],
            "default_version": 1,
            "description": "",
            "disable_api_termination": false,
            "ebs_optimized": "true",
            "elastic_gpu_specifications": [],
            "elastic_inference_accelerator": [],
            "hibernation_options": [],
            "iam_instance_profile": [
              {
                "arn": "",
                "name": "prod-splunk-ec2-role"
              }
            ],
            "id": "lt-089efe16613dd21e5",
            "image_id": "ami-0dd75d4eff6daad43",
            "instance_initiated_shutdown_behavior": "",
            "instance_market_options": [],
            "instance_type": "c5.9xlarge",
            "kernel_id": "",
            "key_name": "splunk-prod",
            "latest_version": 8,
            "license_specification": [],
            "metadata_options": [],
            "monitoring": [
              {
                "enabled": true
              }
            ],
            "name": "splunk-search-security_template",
            "name_prefix": null,
            "network_interfaces": [],
            "placement": [],
            "ram_disk_id": "",
            "security_group_names": [],
            "tag_specifications": [
              {
                "resource_type": "instance",
                "tags": {
                  "Managed_by": "terraform",
                  "Module": "splunk_sh",
                  "S3_Config_Bucket": "prod-<customer>splunkprod-us-east-1-splunk-initial-configs",
                  "SessionsManager": "Devops",
                  "application_name": "splunk",
                  "created_by": "Juan Becerra",
                  "environment": "prod"
                }
              },
              {
                "resource_type": "volume",
                "tags": {
                  "Managed_by": "terraform",
                  "Module": "splunk_sh",
                  "Name": "splunk-search-security",
                  "application_name": "splunk",
                  "created_by": "Juan Becerra",
                  "environment": "prod"
                }
              }
            ],
            "tags": {},
            "update_default_version": null,
            "user_data": "IyEvdXNyL2Jpbi9lbnYgYmFzaApzZXQgLWUKZXhwb3J0IEFWQUlMQUJJTElUWV9aT05FPSQoY3VybCAtc0xmIGh0dHA6Ly8xNjkuMjU0LjE2OS4yNTQvbGF0ZXN0L21ldGEtZGF0YS9wbGFjZW1lbnQvYXZhaWxhYmlsaXR5LXpvbmUpCmV4cG9ydCBJTlNUQU5DRV9JRD0kKGN1cmwgLXNMZiBodHRwOi8vMTY5LjI1NC4xNjkuMjU0L2xhdGVzdC9tZXRhLWRhdGEvaW5zdGFuY2UtaWQpCmV4cG9ydCBBV1NfUkVHSU9OPSQoY3VybCAtcyAxNjkuMjU0LjE2OS4yNTQvbGF0ZXN0L21ldGEtZGF0YS9wbGFjZW1lbnQvYXZhaWxhYmlsaXR5LXpvbmUgfCBzZWQgJ3MvLiQvLycpCmV4cG9ydCBORVdfSE9TVE5BTUU9JChhd3MgZWMyIGRlc2NyaWJlLXRhZ3MgLS1maWx0ZXJzICJOYW1lPXJlc291cmNlLWlkLFZhbHVlcz0ke0lOU1RBTkNFX0lEfSIgLS1yZWdpb24gJEFXU19SRUdJT04gLS1vdXRwdXQ9dGV4dHwgIGdyZXAgIlxzTmFtZSIgfGF3ayAne3ByaW50ICQ1fScpCmV4cG9ydCBORVdfRlFETj0kKGF3cyBlYzIgZGVzY3JpYmUtdGFncyAtLWZpbHRlcnMgIk5hbWU9cmVzb3VyY2UtaWQsVmFsdWVzPSR7SU5TVEFOQ0VfSUR9IiAtLXJlZ2lvbiAkQVdTX1JFR0lPTiAtLW91dHB1dD10ZXh0fCAgZ3JlcCAiYXNnOmhvc3RuYW1lIiB8YXdrICd7cHJpbnQgJDV9JyB8c2VkICdzL0AuKi8vJykKZXhwb3J0IEFXU19BQ0NPVU5UPSQoYXdzIHN0cyBnZXQtY2FsbGVyLWlkZW50aXR5IHxncmVwIEFjY291bnQgfGF3ayAne3ByaW50ICQyfScgfHNlZCAncy9cIlwsLy8nfHNlZCAncy9cIi8vJykKZXhwb3J0IFMzX0NPTkZJR19CVUNLRVQ9JChhd3MgZWMyIGRlc2NyaWJlLXRhZ3MgLS1maWx0ZXJzICJOYW1lPXJlc291cmNlLWlkLFZhbHVlcz0ke0lOU1RBTkNFX0lEfSIgIk5hbWU9a2V5LFZhbHVlcz1TM19Db25maWdfQnVja2V0IiAtLXJlZ2lvbiAkQVdTX1JFR0lPTiAtLW91dHB1dD10ZXh0IHwgY3V0IC1mNSkKCiNlY2hvICJob3N0IG5hbWUgJElOU1RBTkNFX0lEICwgJEFXU19SRUdJT04gLCAkTkVXX0hPU1ROQU1FIiA+IC90bXAvYm9vdC5sb2cKZWNobyAiMTI3LjAuMC4xICR7TkVXX0hPU1ROQU1FfSAke05FV19GUUROfSBsb2NhbGhvc3QubG9jYWxkb21haW4gbG9jYWxob3N0IiA+IC9ldGMvaG9zdHMKCgpob3N0bmFtZSAke05FV19IT1NUTkFNRX0KCiNlY2hvICJtb3VudGluZyBmaWxlIHN5c3RlbSIgPj4vdG1wL2Jvb3QubG9nCiNta2RpciAvdTAxCgojZm9yIGV4dDIsIGV4dDMsIG9yIGV4dDQgZmlsZSBzeXN0ZW0gcmVzaXplMmZzIC9kZXYveHZkZjEKI21vdW50IC9kZXYveHZkZiAvdTAxID4+L3RtcC9ib290LmxvZwoKI2RmIC1rID4+L3RtcC9ib290LmxvZwojeGZzX2dyb3dmcyAtZCAvdTAxCiNkZiAtayA+Pi90bXAvYm9vdC5sb2cKCi9vcHQvYXdzL2FtYXpvbi1jbG91ZHdhdGNoLWFnZW50L2Jpbi9hbWF6b24tY2xvdWR3YXRjaC1hZ2VudC1jdGwgLWEgZmV0Y2gtY29uZmlnIC1tIGVjMiAtcyAtYyBzc206L0FtYXpvbkNsb3VkV2F0Y2gtU3BsdW5rCgphd3MgY2xvdWR3YXRjaCBwdXQtbWV0cmljLWFsYXJtIC0tYWxhcm0tbmFtZSAiJHtORVdfSE9TVE5BTUV9X2Rpc2tfdXNlZF9wZXJjZW50X1dhcm5pbmdfOTUiIC0tbWV0cmljLW5hbWUgImRpc2tfdXNlZF9wZXJjZW50IiAtLWFsYXJtLWRlc2NyaXB0aW9uICJXYXJuaW5nOiBEaXNrIFVzZWQgaXMgYWJvdmUgOTUlIiAtLW5hbWVzcGFjZSBDV0FnZW50IC0tc3RhdGlzdGljIEF2ZXJhZ2UgLS1wZXJpb2QgNjAgLS10aHJlc2hvbGQgOTUgLS1jb21wYXJpc29uLW9wZXJhdG9yIEdyZWF0ZXJUaGFuVGhyZXNob2xkIC0tZGltZW5zaW9ucyBOYW1lPUluc3RhbmNlSWQsVmFsdWU9JHtJTlNUQU5DRV9JRH0gTmFtZT1wYXRoLFZhbHVlPS8gTmFtZT1kZXZpY2UsVmFsdWU9bnZtZTBuMXAxIE5hbWU9ZnN0eXBlLFZhbHVlPXhmcyAtLWV2YWx1YXRpb24tcGVyaW9kcyA1IC0tYWxhcm0tYWN0aW9ucyBhcm46YXdzOnNuczoke0FXU19SRUdJT059OiR7QVdTX0FDQ09VTlR9OnNwbHVuay1hbGFybXMgLS1yZWdpb24gJHtBV1NfUkVHSU9OfQphd3MgY2xvdWR3YXRjaCBwdXQtbWV0cmljLWFsYXJtIC0tYWxhcm0tbmFtZSAiJHtORVdfSE9TVE5BTUV9X2Rpc2tfdXNlZF9wZXJjZW50X0Vycm9yXzk2IiAtLW1ldHJpYy1uYW1lICJkaXNrX3VzZWRfcGVyY2VudCIgLS1hbGFybS1kZXNjcmlwdGlvbiAiRXJyb3I6IERpc2sgVXNlZCBpcyBhYm92ZSA5NiUiIC0tbmFtZXNwYWNlIENXQWdlbnQgLS1zdGF0aXN0aWMgQXZlcmFnZSAtLXBlcmlvZCA2MCAtLXRocmVzaG9sZCA5NiAtLWNvbXBhcmlzb24tb3BlcmF0b3IgR3JlYXRlclRoYW5UaHJlc2hvbGQgLS1kaW1lbnNpb25zIE5hbWU9SW5zdGFuY2VJZCxWYWx1ZT0ke0lOU1RBTkNFX0lEfSBOYW1lPXBhdGgsVmFsdWU9LyBOYW1lPWRldmljZSxWYWx1ZT1udm1lMG4xcDEgTmFtZT1mc3R5cGUsVmFsdWU9eGZzIC0tZXZhbHVhdGlvbi1wZXJpb2RzIDUgLS1hbGFybS1hY3Rpb25zIGFybjphd3M6c25zOiR7QVdTX1JFR0lPTn06JHtBV1NfQUNDT1VOVH06c3BsdW5rLWFsYXJtcyAtLXJlZ2lvbiAke0FXU19SRUdJT059CmF3cyBjbG91ZHdhdGNoIHB1dC1tZXRyaWMtYWxhcm0gLS1hbGFybS1uYW1lICIke05FV19IT1NUTkFNRX1fZGlza191c2VkX3BlcmNlbnRfQ3JpdGljYWxfOTciIC0tbWV0cmljLW5hbWUgImRpc2tfdXNlZF9wZXJjZW50IiAtLWFsYXJtLWRlc2NyaXB0aW9uICJDcml0aWNhbDogRGlzayBVc2VkIGlzIGFib3ZlIDk3JSIgLS1uYW1lc3BhY2UgQ1dBZ2VudCAtLXN0YXRpc3RpYyBBdmVyYWdlIC0tcGVyaW9kIDYwIC0tdGhyZXNob2xkIDk3IC0tY29tcGFyaXNvbi1vcGVyYXRvciBHcmVhdGVyVGhhblRocmVzaG9sZCAtLWRpbWVuc2lvbnMgTmFtZT1JbnN0YW5jZUlkLFZhbHVlPSR7SU5TVEFOQ0VfSUR9IE5hbWU9cGF0aCxWYWx1ZT0vIE5hbWU9ZGV2aWNlLFZhbHVlPW52bWUwbjFwMSBOYW1lPWZzdHlwZSxWYWx1ZT14ZnMgLS1ldmFsdWF0aW9uLXBlcmlvZHMgNSAtLWFsYXJtLWFjdGlvbnMgYXJuOmF3czpzbnM6JHtBV1NfUkVHSU9OfToke0FXU19BQ0NPVU5UfTpzcGx1bmstYWxhcm1zIC0tcmVnaW9uICR7QVdTX1JFR0lPTn0KCmF3cyBjbG91ZHdhdGNoIHB1dC1tZXRyaWMtYWxhcm0gLS1hbGFybS1uYW1lICIke05FV19IT1NUTkFNRX1fQ1BVVXRpbGl6YXRpb25fV2FybmluZ185MCIgLS1tZXRyaWMtbmFtZSAiQ1BVVXRpbGl6YXRpb24iIC0tYWxhcm0tZGVzY3JpcHRpb24gIldhcm5pbmc6IENQVSBVdGlsaXphdGlvbiBpcyBhYm92ZSA5MCUiIC0tbmFtZXNwYWNlIEFXUy9FQzIgLS1zdGF0aXN0aWMgQXZlcmFnZSAtLXBlcmlvZCA2MCAtLXRocmVzaG9sZCA5MCAtLWNvbXBhcmlzb24tb3BlcmF0b3IgR3JlYXRlclRoYW5UaHJlc2hvbGQgLS1kaW1lbnNpb25zIE5hbWU9SW5zdGFuY2VJZCxWYWx1ZT0ke0lOU1RBTkNFX0lEfSAtLWV2YWx1YXRpb24tcGVyaW9kcyA1IC0tYWxhcm0tYWN0aW9ucyBhcm46YXdzOnNuczoke0FXU19SRUdJT059OiR7QVdTX0FDQ09VTlR9OnNwbHVuay1hbGFybXMgLS1yZWdpb24gJHtBV1NfUkVHSU9OfQphd3MgY2xvdWR3YXRjaCBwdXQtbWV0cmljLWFsYXJtIC0tYWxhcm0tbmFtZSAiJHtORVdfSE9TVE5BTUV9X0NQVVV0aWxpemF0aW9uX0Vycm9yXzk4IiAtLW1ldHJpYy1uYW1lICJDUFVVdGlsaXphdGlvbiIgLS1hbGFybS1kZXNjcmlwdGlvbiAiRXJyb3I6IENQVSBVdGlsaXphdGlvbiBpcyBhYm92ZSA5OCUiIC0tbmFtZXNwYWNlIEFXUy9FQzIgLS1zdGF0aXN0aWMgQXZlcmFnZSAtLXBlcmlvZCA2MCAtLXRocmVzaG9sZCA5OCAtLWNvbXBhcmlzb24tb3BlcmF0b3IgR3JlYXRlclRoYW5UaHJlc2hvbGQgLS1kaW1lbnNpb25zIE5hbWU9SW5zdGFuY2VJZCxWYWx1ZT0ke0lOU1RBTkNFX0lEfSAtLWV2YWx1YXRpb24tcGVyaW9kcyA1IC0tYWxhcm0tYWN0aW9ucyBhcm46YXdzOnNuczoke0FXU19SRUdJT059OiR7QVdTX0FDQ09VTlR9OnNwbHVuay1hbGFybXMgLS1yZWdpb24gJHtBV1NfUkVHSU9OfQoKYXdzIGNsb3Vkd2F0Y2ggcHV0LW1ldHJpYy1hbGFybSAtLWFsYXJtLW5hbWUgIiR7TkVXX0hPU1ROQU1FfV9zd2FwX3VzZWRfcGVyY2VudF9XYXJuaW5nXzc1IiAtLW1ldHJpYy1uYW1lICJzd2FwX3VzZWRfcGVyY2VudCIgLS1hbGFybS1kZXNjcmlwdGlvbiAiV2FybmluZzogU3dhcCB1c2VkIGlzIGFib3ZlIDc1JSIgLS1uYW1lc3BhY2UgQ1dBZ2VudCAtLXN0YXRpc3RpYyBBdmVyYWdlIC0tcGVyaW9kIDYwIC0tdGhyZXNob2xkIDc1IC0tY29tcGFyaXNvbi1vcGVyYXRvciBHcmVhdGVyVGhhblRocmVzaG9sZCAtLWRpbWVuc2lvbnMgTmFtZT1JbnN0YW5jZUlkLFZhbHVlPSR7SU5TVEFOQ0VfSUR9IC0tZXZhbHVhdGlvbi1wZXJpb2RzIDUgLS1hbGFybS1hY3Rpb25zIGFybjphd3M6c25zOiR7QVdTX1JFR0lPTn06JHtBV1NfQUNDT1VOVH06c3BsdW5rLWFsYXJtcyAtLXJlZ2lvbiAke0FXU19SRUdJT059CmF3cyBjbG91ZHdhdGNoIHB1dC1tZXRyaWMtYWxhcm0gLS1hbGFybS1uYW1lICIke05FV19IT1NUTkFNRX1fc3dhcF91c2VkX3BlcmNlbnRfRXJyb3JfODUiIC0tbWV0cmljLW5hbWUgInN3YXBfdXNlZF9wZXJjZW50IiAtLWFsYXJtLWRlc2NyaXB0aW9uICJFcnJvcjogU3dhcCB1c2VkIGlzIGFib3ZlIDU1JSIgLS1uYW1lc3BhY2UgQ1dBZ2VudCAtLXN0YXRpc3RpYyBBdmVyYWdlIC0tcGVyaW9kIDYwIC0tdGhyZXNob2xkIDg1IC0tY29tcGFyaXNvbi1vcGVyYXRvciBHcmVhdGVyVGhhblRocmVzaG9sZCAtLWRpbWVuc2lvbnMgTmFtZT1JbnN0YW5jZUlkLFZhbHVlPSR7SU5TVEFOQ0VfSUR9IC0tZXZhbHVhdGlvbi1wZXJpb2RzIDUgLS1hbGFybS1hY3Rpb25zIGFybjphd3M6c25zOiR7QVdTX1JFR0lPTn06JHtBV1NfQUNDT1VOVH06c3BsdW5rLWFsYXJtcyAtLXJlZ2lvbiAke0FXU19SRUdJT059CmF3cyBjbG91ZHdhdGNoIHB1dC1tZXRyaWMtYWxhcm0gLS1hbGFybS1uYW1lICIke05FV19IT1NUTkFNRX1fc3dhcF91c2VkX3BlcmNlbnRfQ3JpdGljYWxfOTUiIC0tbWV0cmljLW5hbWUgInN3YXBfdXNlZF9wZXJjZW50IiAtLWFsYXJtLWRlc2NyaXB0aW9uICJDcml0aWNhbDogU3dhcCB1c2VkIGlzIGFib3ZlIDk1JSIgLS1uYW1lc3BhY2UgQ1dBZ2VudCAtLXN0YXRpc3RpYyBBdmVyYWdlIC0tcGVyaW9kIDYwIC0tdGhyZXNob2xkIDk1IC0tY29tcGFyaXNvbi1vcGVyYXRvciBHcmVhdGVyVGhhblRocmVzaG9sZCAtLWRpbWVuc2lvbnMgTmFtZT1JbnN0YW5jZUlkLFZhbHVlPSR7SU5TVEFOQ0VfSUR9IC0tZXZhbHVhdGlvbi1wZXJpb2RzIDUgLS1hbGFybS1hY3Rpb25zIGFybjphd3M6c25zOiR7QVdTX1JFR0lPTn06JHtBV1NfQUNDT1VOVH06c3BsdW5rLWFsYXJtcyAtLXJlZ2lvbiAke0FXU19SRUdJT059CgoKaWYgWyAhIC1mICIvZXRjL3N5c3RlbWQvc3lzdGVtL1NwbHVua2Quc2VydmljZSIgXTsgdGhlbgogICAgIyBkbyBmaXJzdC10aW1lIGluaXRpYWxpemlvbi4gTm90IG5lZWRlZCBpZiBuZXcgaW5zdGFuY2UgY2FtZSBmcm9tIGEgc25hcHNob3Qgb2YgYSBydW5uaW5nIGluc3RhbmNlCgogICAgIyBDb3B5IGRvd24gaW5pdGlhbCBjb25maWcgc2NyaXB0cyBmcm9tIFMzCiAgICBhd3MgczMgc3luYyBzMzovLyR7UzNfQ09ORklHX0JVQ0tFVH0vJHtORVdfSE9TVE5BTUV9IC9vcHQvc3BsdW5rCgogICAgIyBzZXQgZGVwbG95bWVudCBjbGllbnQgbmFtZQogICAgY2F0ID4+IC9vcHQvc3BsdW5rL2V0Yy9zeXN0ZW0vbG9jYWwvZGVwbG95bWVudGNsaWVudC5jb25mIDw8IEVPRgpbZGVwbG95bWVudC1jbGllbnRdCmNsaWVudE5hbWUgPSAke05FV19IT1NUTkFNRX0KRU9GCiAgICAKICAgICMgRmluYWwgY2hvd24gdG8gZW5zdXJlIFNwbHVuayBvd25zIGV2ZXJ5dGhpbmcKICAgIHN1ZG8gY2hvd24gLVIgc3BsdW5rOnNwbHVuayAvb3B0L3NwbHVuawoKICAgICMgU2V0IHVsaW1pdHMgZm9yIFNwbHVua2Qgc2VydmljZQogICAgbWtkaXIgLXAgL2V0Yy9zeXN0ZW1kL3N5c3RlbS9TcGx1bmtkLnNlcnZpY2UuZAogICAgY2F0ID4+IC9ldGMvc3lzdGVtZC9zeXN0ZW0vU3BsdW5rZC5zZXJ2aWNlLmQvb3ZlcnJpZGUuY29uZiA8PCBFT0YKW1NlcnZpY2VdCkxpbWl0Tk9GSUxFPTY0MDAwCkxpbWl0TlBST0M9MTYwMDAKTGltaXRGU0laRT1pbmZpbml0eQpUYXNrc01heD0xNjAwMAojIFNlbmQgJEtpbGxTaWduYWwgb25seSB0byBtYWluIChzcGx1bmtkKSBwcm9jZXNzLCBpZiBhbnkgb2YgdGhlIGNoaWxkIHByb2Nlc3NlcyBpcyBzdGlsbCBhbGl2ZSBhZnRlciAkVGltZW91dFN0b3BTZWMsIFNJR0tJTEwgdGhlbS4KS2lsbE1vZGU9bWl4ZWQKIyBTcGx1bmsgZG9lc24ndCBzaHV0ZG93biBncmFjZWZ1bGx5IG9uIFNJR1RFUk0KS2lsbFNpZ25hbD1TSUdJTlQKIyBHaXZlIFNwbHVuayB0aW1lIHRvIHNodXRkb3duIC0gZXNwZWNpYWxseSBidXN5IGluZGV4ZXJzIGNhbiB0YWtlIHRpbWUKVGltZW91dFN0b3BTZWM9MTBtaW4KRU9GCgogICAgIyBTZXQgU3BsdW5rIHRvIHN0YXJ0IGF0IGJvb3QKICAgIC9vcHQvc3BsdW5rL2Jpbi9zcGx1bmsgZW5hYmxlIGJvb3Qtc3RhcnQgLXVzZXIgc3BsdW5rIC1zeXN0ZW1kLW1hbmFnZWQgMSAtLWFjY2VwdC1saWNlbnNlIC0tYW5zd2VyLXllcwoKICAgICMgU3RhcnQgdXAgc3BsdW5rIQogICAgc3lzdGVtY3RsIHN0YXJ0IFNwbHVua2QKCmZpCg==",
            "vpc_security_group_ids": [
              "sg-0a9b9aa7869cb08bb"
            ]
          },
          "private": "bnVsbA==",
          "dependencies": [
            "module.Security_SH.aws_security_group.instance_sg",
            "module.Security_SH.data.aws_ami.ami_source",
            "module.common.aws_iam_instance_profile.splunk-instance-profile",
            "module.common.aws_iam_role.splunk-instance-profile",
            "module.common.aws_s3_bucket.inits"
          ]
        }
      ]
    },
    {
      "module": "module.Security_SH",
      "mode": "managed",
      "type": "aws_route53_record",
      "name": "dns_record",
      "provider": "provider[\"registry.terraform.io/hashicorp/aws\"]",
      "instances": [
        {
          "schema_version": 2,
          "attributes": {
            "alias": [
              {
                "evaluate_target_health": true,
                "name": "prod-splunk-alb-security-269355020.us-east-1.elb.amazonaws.com",
                "zone_id": "Z35SXDOTRQ7X7K"
              }
            ],
            "allow_overwrite": null,
            "failover_routing_policy": [],
            "fqdn": "security.splunk.<customer>home.com",
            "geolocation_routing_policy": [],
            "health_check_id": "",
            "id": "Z07522651BG4B102L9QDK_security.splunk.<customer>home.com_A",
            "latency_routing_policy": [],
            "multivalue_answer_routing_policy": null,
            "name": "security.splunk.<customer>home.com",
            "records": [],
            "set_identifier": "",
            "ttl": 0,
            "type": "A",
            "weighted_routing_policy": [],
            "zone_id": "Z07522651BG4B102L9QDK"
          },
          "private": "eyJzY2hlbWFfdmVyc2lvbiI6IjIifQ==",
          "dependencies": [
            "module.Security_SH.aws_alb.load_balancer",
            "module.Security_SH.aws_security_group.lb_sg",
            "module.Security_SH.data.aws_route53_zone.public_zone"
          ]
        }
      ]
    },
    {
      "module": "module.Security_SH",
      "mode": "managed",
      "type": "aws_s3_bucket_object",
      "name": "userseed",
      "provider": "provider[\"registry.terraform.io/hashicorp/aws\"]",
      "instances": [
        {
          "schema_version": 0,
          "attributes": {
            "acl": "private",
            "bucket": "prod-<customer>splunkprod-us-east-1-splunk-initial-configs",
            "cache_control": "",
            "content": "[user_info]\nUSERNAME = admin\nHASHED_PASSWORD = $6$cLaQ0TcV0eew9X.N$VjgRrGxHePbkp2Bfpc1AZFowV2feMBc598yorNsnagClESc42mQpaT55bHP/gZbkbju13WJfMOFi1S0FoP8LU0",
            "content_base64": null,
            "content_disposition": "",
            "content_encoding": "",
            "content_language": "",
            "content_type": "binary/octet-stream",
            "etag": "3f6afd2cb3361b65721b4693dd79f8a6",
            "force_destroy": false,
            "id": "splunk-search-security/etc/system/local/user-seed.conf",
            "key": "splunk-search-security/etc/system/local/user-seed.conf",
            "kms_key_id": null,
            "metadata": {},
            "object_lock_legal_hold_status": "",
            "object_lock_mode": "",
            "object_lock_retain_until_date": "",
            "server_side_encryption": "",
            "source": null,
            "storage_class": "STANDARD",
            "tags": {},
            "version_id": "",
            "website_redirect": ""
          },
          "private": "bnVsbA==",
          "dependencies": [
            "data.aws_secretsmanager_secret_version.admin_account",
            "module.common.aws_s3_bucket.inits"
          ]
        }
      ]
    },
    {
      "module": "module.Security_SH",
      "mode": "managed",
      "type": "aws_security_group",
      "name": "instance_sg",
      "provider": "provider[\"registry.terraform.io/hashicorp/aws\"]",
      "instances": [
        {
          "schema_version": 1,
          "attributes": {
            "arn": "arn:aws:ec2:us-east-1:740749460388:security-group/sg-0a9b9aa7869cb08bb",
            "description": "Security group for splunk sh and forwarders instances",
            "egress": [
              {
                "cidr_blocks": [
                  "0.0.0.0/0"
                ],
                "description": "",
                "from_port": 0,
                "ipv6_cidr_blocks": [],
                "prefix_list_ids": [],
                "protocol": "-1",
                "security_groups": [],
                "self": false,
                "to_port": 0
              }
            ],
            "id": "sg-0a9b9aa7869cb08bb",
            "ingress": [
              {
                "cidr_blocks": [
                  "0.0.0.0/0"
                ],
                "description": "",
                "from_port": 8089,
                "ipv6_cidr_blocks": [],
                "prefix_list_ids": [],
                "protocol": "tcp",
                "security_groups": [],
                "self": false,
                "to_port": 8089
              },
              {
                "cidr_blocks": [
                  "10.1.0.0/20",
                  "10.1.16.0/20",
                  "10.1.32.0/20"
                ],
                "description": "",
                "from_port": -1,
                "ipv6_cidr_blocks": [],
                "prefix_list_ids": [],
                "protocol": "icmp",
                "security_groups": [],
                "self": false,
                "to_port": -1
              },
              {
                "cidr_blocks": [],
                "description": "",
                "from_port": 8000,
                "ipv6_cidr_blocks": [],
                "prefix_list_ids": [],
                "protocol": "tcp",
                "security_groups": [
                  "sg-00186afe88248ccd0"
                ],
                "self": false,
                "to_port": 8000
              }
            ],
            "name": "prod-splunk-instance-security",
            "name_prefix": null,
            "owner_id": "740749460388",
            "revoke_rules_on_delete": false,
            "tags": {
              "Managed_by": "terraform",
              "Module": "splunk_sh",
              "Name": "prod-splunk-instance-security",
              "application_name": "splunk",
              "created_by": "Juan Becerra",
              "environment": "prod"
            },
            "timeouts": null,
            "vpc_id": "vpc-0f9afbd827c17d71a"
          },
          "private": "eyJlMmJmYjczMC1lY2FhLTExZTYtOGY4OC0zNDM2M2JjN2M0YzAiOnsiY3JlYXRlIjo2MDAwMDAwMDAwMDAsImRlbGV0ZSI6NjAwMDAwMDAwMDAwfSwic2NoZW1hX3ZlcnNpb24iOiIxIn0=",
          "dependencies": [
            "module.Security_SH.aws_security_group.lb_sg"
          ]
        }
      ]
    },
    {
      "module": "module.Security_SH",
      "mode": "managed",
      "type": "aws_security_group",
      "name": "lb_sg",
      "provider": "provider[\"registry.terraform.io/hashicorp/aws\"]",
      "instances": [
        {
          "schema_version": 1,
          "attributes": {
            "arn": "arn:aws:ec2:us-east-1:740749460388:security-group/sg-00186afe88248ccd0",
            "description": "Security group for splunk ALBs",
            "egress": [
              {
                "cidr_blocks": [
                  "0.0.0.0/0"
                ],
                "description": "",
                "from_port": 0,
                "ipv6_cidr_blocks": [],
                "prefix_list_ids": [],
                "protocol": "-1",
                "security_groups": [],
                "self": false,
                "to_port": 0
              }
            ],
            "id": "sg-00186afe88248ccd0",
            "ingress": [
              {
                "cidr_blocks": [
                  "0.0.0.0/0"
                ],
                "description": "",
                "from_port": 443,
                "ipv6_cidr_blocks": [],
                "prefix_list_ids": [],
                "protocol": "tcp",
                "security_groups": [],
                "self": false,
                "to_port": 443
              },
              {
                "cidr_blocks": [
                  "0.0.0.0/0"
                ],
                "description": "",
                "from_port": 80,
                "ipv6_cidr_blocks": [],
                "prefix_list_ids": [],
                "protocol": "tcp",
                "security_groups": [],
                "self": false,
                "to_port": 80
              },
              {
                "cidr_blocks": [
                  "63.128.80.0/24",
                  "53.70.76.8/32",
                  "63.128.86.0/24",
                  "52.23.191.219/32",
                  "3.86.21.143/32"
                ],
                "description": "",
                "from_port": 8089,
                "ipv6_cidr_blocks": [],
                "prefix_list_ids": [],
                "protocol": "tcp",
                "security_groups": [],
                "self": false,
                "to_port": 8089
              }
            ],
            "name": "prod-splunk-alb-security",
            "name_prefix": null,
            "owner_id": "740749460388",
            "revoke_rules_on_delete": false,
            "tags": {
              "Managed_by": "terraform",
              "Module": "splunk_sh",
              "Name": "prod-splunk-alb-security",
              "application_name": "splunk",
              "created_by": "Juan Becerra",
              "environment": "prod"
            },
            "timeouts": null,
            "vpc_id": "vpc-0f9afbd827c17d71a"
          },
          "private": "eyJlMmJmYjczMC1lY2FhLTExZTYtOGY4OC0zNDM2M2JjN2M0YzAiOnsiY3JlYXRlIjo2MDAwMDAwMDAwMDAsImRlbGV0ZSI6NjAwMDAwMDAwMDAwfSwic2NoZW1hX3ZlcnNpb24iOiIxIn0="
        }
      ]
    },
    {
      "module": "module.Security_SH",
      "mode": "managed",
      "type": "aws_wafv2_web_acl_association",
      "name": "load_balancer",
      "provider": "provider[\"registry.terraform.io/hashicorp/aws\"]",
      "instances": [
        {
          "schema_version": 0,
          "attributes": {
            "id": "arn:aws:wafv2:us-east-1:740749460388:regional/webacl/prod-splunk-waf-splunk/bbc8c958-ec97-4708-a740-7fa7b1956e7b,arn:aws:elasticloadbalancing:us-east-1:740749460388:loadbalancer/app/prod-splunk-alb-security/54af86bde2f66530",
            "resource_arn": "arn:aws:elasticloadbalancing:us-east-1:740749460388:loadbalancer/app/prod-splunk-alb-security/54af86bde2f66530",
            "web_acl_arn": "arn:aws:wafv2:us-east-1:740749460388:regional/webacl/prod-splunk-waf-splunk/bbc8c958-ec97-4708-a740-7fa7b1956e7b"
          },
          "private": "bnVsbA==",
          "dependencies": [
            "module.Security_SH.aws_alb.load_balancer",
            "module.Security_SH.aws_security_group.lb_sg",
            "module.common.aws_wafv2_web_acl.waf"
          ]
        }
      ]
    },
    {
      "module": "module.common",
      "mode": "data",
      "type": "archive_file",
      "name": "lambda_SlackAWSAlert",
      "provider": "provider[\"registry.terraform.io/hashicorp/archive\"]",
      "instances": [
        {
          "schema_version": 0,
          "attributes": {
            "excludes": null,
            "id": "3644b6d2a7db2086dea0a0dc09b96e3ac798845f",
            "output_base64sha256": "nt2kiwgLM0qP55CMU8sY9Fq7dZ7ztmeFXFNSPbWIy1c=",
            "output_md5": "11b2f52ff8d28e6bc86061718f90eb49",
            "output_path": "../modules/splunk_common/lambda/dist/SlackAWSAlert.zip",
            "output_sha": "3644b6d2a7db2086dea0a0dc09b96e3ac798845f",
            "output_size": 1222,
            "source": [],
            "source_content": null,
            "source_content_filename": null,
            "source_dir": null,
            "source_file": "../modules/splunk_common/lambda/SlackAWSAlert.py",
            "type": "zip"
          }
        }
      ]
    },
    {
      "module": "module.common",
      "mode": "data",
      "type": "aws_caller_identity",
      "name": "current",
      "provider": "provider[\"registry.terraform.io/hashicorp/aws\"]",
      "instances": [
        {
          "schema_version": 0,
          "attributes": {
            "account_id": "740749460388",
            "arn": "arn:aws:sts::740749460388:assumed-role/Admin/karl.cepull",
            "id": "2020-11-06 21:32:49.004351 +0000 UTC",
            "user_id": "AROA2Y6A3YOSJ2HNCRWUS:karl.cepull"
          }
        }
      ]
    },
    {
      "module": "module.common",
      "mode": "data",
      "type": "aws_iam_policy_document",
      "name": "lambda_slack_assume",
      "provider": "provider[\"registry.terraform.io/hashicorp/aws\"]",
      "instances": [
        {
          "schema_version": 0,
          "attributes": {
            "id": "3693445097",
            "json": "{\n  \"Version\": \"2012-10-17\",\n  \"Statement\": [\n    {\n      \"Sid\": \"\",\n      \"Effect\": \"Allow\",\n      \"Action\": \"sts:AssumeRole\",\n      \"Principal\": {\n        \"Service\": \"lambda.amazonaws.com\"\n      }\n    }\n  ]\n}",
            "override_json": null,
            "policy_id": null,
            "source_json": null,
            "statement": [
              {
                "actions": [
                  "sts:AssumeRole"
                ],
                "condition": [],
                "effect": "Allow",
                "not_actions": [],
                "not_principals": [],
                "not_resources": [],
                "principals": [
                  {
                    "identifiers": [
                      "lambda.amazonaws.com"
                    ],
                    "type": "Service"
                  }
                ],
                "resources": [],
                "sid": ""
              }
            ],
            "version": "2012-10-17"
          }
        }
      ]
    },
    {
      "module": "module.common",
      "mode": "data",
      "type": "aws_iam_policy_document",
      "name": "splunk-instance-profile",
      "provider": "provider[\"registry.terraform.io/hashicorp/aws\"]",
      "instances": [
        {
          "schema_version": 0,
          "attributes": {
            "id": "3246196746",
            "json": "{\n  \"Version\": \"2012-10-17\",\n  \"Statement\": [\n    {\n      \"Sid\": \"allowTagsread\",\n      \"Effect\": \"Allow\",\n      \"Action\": [\n        \"s3:ListAllMyBuckets\",\n        \"s3:HeadBucket\",\n        \"ec2:DescribeTags\"\n      ],\n      \"Resource\": \"*\"\n    },\n    {\n      \"Sid\": \"allowputcwalarms\",\n      \"Effect\": \"Allow\",\n      \"Action\": \"cloudwatch:PutMetricAlarm\",\n      \"Resource\": \"*\"\n    },\n    {\n      \"Sid\": \"allowS3accesss\",\n      \"Effect\": \"Allow\",\n      \"Action\": [\n        \"s3:PutObject*\",\n        \"s3:ListMultipartUploadParts\",\n        \"s3:ListBucketVersions\",\n        \"s3:ListBucketMultipartUploads\",\n        \"s3:ListBucket\",\n        \"s3:GetObject*\",\n        \"s3:DeleteObject*\",\n        \"s3:DeleteBucket\",\n        \"s3:CreateBucket\",\n        \"s3:AbortMultipartUpload\"\n      ],\n      \"Resource\": [\n        \"arn:aws:s3:::prod-<customer>splunkprod-us-east-1-splunk-smartstore/*\",\n        \"arn:aws:s3:::prod-<customer>splunkprod-us-east-1-splunk-smartstore\",\n        \"arn:aws:s3:::prod-<customer>splunkprod-us-east-1-splunk-initial-configs/*\",\n        \"arn:aws:s3:::prod-<customer>splunkprod-us-east-1-splunk-initial-configs\",\n        \"arn:aws:s3:::prod-<customer>splunkprod-us-east-1-splunk-configuration-backup/*\",\n        \"arn:aws:s3:::prod-<customer>splunkprod-us-east-1-splunk-configuration-backup\"\n      ]\n    },\n    {\n      \"Sid\": \"allowS3listaccesss\",\n      \"Effect\": \"Allow\",\n      \"Action\": [\n        \"s3:ListAllMyBuckets\",\n        \"s3:GetBucketLocation\"\n      ],\n      \"Resource\": \"arn:aws:s3:::*\"\n    }\n  ]\n}",
            "override_json": null,
            "policy_id": null,
            "source_json": null,
            "statement": [
              {
                "actions": [
                  "ec2:DescribeTags",
                  "s3:HeadBucket",
                  "s3:ListAllMyBuckets"
                ],
                "condition": [],
                "effect": "Allow",
                "not_actions": [],
                "not_principals": [],
                "not_resources": [],
                "principals": [],
                "resources": [
                  "*"
                ],
                "sid": "allowTagsread"
              },
              {
                "actions": [
                  "cloudwatch:PutMetricAlarm"
                ],
                "condition": [],
                "effect": "Allow",
                "not_actions": [],
                "not_principals": [],
                "not_resources": [],
                "principals": [],
                "resources": [
                  "*"
                ],
                "sid": "allowputcwalarms"
              },
              {
                "actions": [
                  "s3:AbortMultipartUpload",
                  "s3:CreateBucket",
                  "s3:DeleteBucket",
                  "s3:DeleteObject*",
                  "s3:GetObject*",
                  "s3:ListBucket",
                  "s3:ListBucketMultipartUploads",
                  "s3:ListBucketVersions",
                  "s3:ListMultipartUploadParts",
                  "s3:PutObject*"
                ],
                "condition": [],
                "effect": "Allow",
                "not_actions": [],
                "not_principals": [],
                "not_resources": [],
                "principals": [],
                "resources": [
                  "arn:aws:s3:::prod-<customer>splunkprod-us-east-1-splunk-configuration-backup",
                  "arn:aws:s3:::prod-<customer>splunkprod-us-east-1-splunk-configuration-backup/*",
                  "arn:aws:s3:::prod-<customer>splunkprod-us-east-1-splunk-initial-configs",
                  "arn:aws:s3:::prod-<customer>splunkprod-us-east-1-splunk-initial-configs/*",
                  "arn:aws:s3:::prod-<customer>splunkprod-us-east-1-splunk-smartstore",
                  "arn:aws:s3:::prod-<customer>splunkprod-us-east-1-splunk-smartstore/*"
                ],
                "sid": "allowS3accesss"
              },
              {
                "actions": [
                  "s3:GetBucketLocation",
                  "s3:ListAllMyBuckets"
                ],
                "condition": [],
                "effect": "Allow",
                "not_actions": [],
                "not_principals": [],
                "not_resources": [],
                "principals": [],
                "resources": [
                  "arn:aws:s3:::*"
                ],
                "sid": "allowS3listaccesss"
              }
            ],
            "version": "2012-10-17"
          }
        }
      ]
    },
    {
      "module": "module.common",
      "mode": "managed",
      "type": "aws_iam_instance_profile",
      "name": "splunk-instance-profile",
      "provider": "provider[\"registry.terraform.io/hashicorp/aws\"]",
      "instances": [
        {
          "schema_version": 0,
          "attributes": {
            "arn": "arn:aws:iam::740749460388:instance-profile/prod-splunk-ec2-role",
            "create_date": "2020-11-06T14:41:08Z",
            "id": "prod-splunk-ec2-role",
            "name": "prod-splunk-ec2-role",
            "name_prefix": null,
            "path": "/",
            "role": "prod-splunk-ec2-role",
            "roles": [
              "prod-splunk-ec2-role"
            ],
            "unique_id": "AIPA2Y6A3YOSLCJQV5UUK"
          },
          "private": "bnVsbA==",
          "dependencies": [
            "module.common.aws_iam_role.splunk-instance-profile"
          ]
        }
      ]
    },
    {
      "module": "module.common",
      "mode": "managed",
      "type": "aws_iam_policy",
      "name": "splunk-instance-profile",
      "provider": "provider[\"registry.terraform.io/hashicorp/aws\"]",
      "instances": [
        {
          "schema_version": 0,
          "attributes": {
            "arn": "arn:aws:iam::740749460388:policy/prod-splunk-instance-policy",
            "description": "Default instance profile for splunk servers",
            "id": "arn:aws:iam::740749460388:policy/prod-splunk-instance-policy",
            "name": "prod-splunk-instance-policy",
            "name_prefix": null,
            "path": "/",
            "policy": "{\n  \"Version\": \"2012-10-17\",\n  \"Statement\": [\n    {\n      \"Sid\": \"allowTagsread\",\n      \"Effect\": \"Allow\",\n      \"Action\": [\n        \"s3:ListAllMyBuckets\",\n        \"s3:HeadBucket\",\n        \"ec2:DescribeTags\"\n      ],\n      \"Resource\": \"*\"\n    },\n    {\n      \"Sid\": \"allowputcwalarms\",\n      \"Effect\": \"Allow\",\n      \"Action\": \"cloudwatch:PutMetricAlarm\",\n      \"Resource\": \"*\"\n    },\n    {\n      \"Sid\": \"allowS3accesss\",\n      \"Effect\": \"Allow\",\n      \"Action\": [\n        \"s3:PutObject*\",\n        \"s3:ListMultipartUploadParts\",\n        \"s3:ListBucketVersions\",\n        \"s3:ListBucketMultipartUploads\",\n        \"s3:ListBucket\",\n        \"s3:GetObject*\",\n        \"s3:DeleteObject*\",\n        \"s3:DeleteBucket\",\n        \"s3:CreateBucket\",\n        \"s3:AbortMultipartUpload\"\n      ],\n      \"Resource\": [\n        \"arn:aws:s3:::prod-<customer>splunkprod-us-east-1-splunk-smartstore/*\",\n        \"arn:aws:s3:::prod-<customer>splunkprod-us-east-1-splunk-smartstore\",\n        \"arn:aws:s3:::prod-<customer>splunkprod-us-east-1-splunk-initial-configs/*\",\n        \"arn:aws:s3:::prod-<customer>splunkprod-us-east-1-splunk-initial-configs\",\n        \"arn:aws:s3:::prod-<customer>splunkprod-us-east-1-splunk-configuration-backup/*\",\n        \"arn:aws:s3:::prod-<customer>splunkprod-us-east-1-splunk-configuration-backup\"\n      ]\n    },\n    {\n      \"Sid\": \"allowS3listaccesss\",\n      \"Effect\": \"Allow\",\n      \"Action\": [\n        \"s3:ListAllMyBuckets\",\n        \"s3:GetBucketLocation\"\n      ],\n      \"Resource\": \"arn:aws:s3:::*\"\n    }\n  ]\n}"
          },
          "private": "bnVsbA==",
          "dependencies": [
            "module.common.aws_s3_bucket.config",
            "module.common.aws_s3_bucket.inits",
            "module.common.aws_s3_bucket.smartstore",
            "module.common.data.aws_iam_policy_document.splunk-instance-profile"
          ]
        }
      ]
    },
    {
      "module": "module.common",
      "mode": "managed",
      "type": "aws_iam_role",
      "name": "lambda_SlackAWSAlert",
      "provider": "provider[\"registry.terraform.io/hashicorp/aws\"]",
      "instances": [
        {
          "schema_version": 0,
          "attributes": {
            "arn": "arn:aws:iam::740749460388:role/lambda_SlackAWSAlert",
            "assume_role_policy": "{\"Version\":\"2012-10-17\",\"Statement\":[{\"Sid\":\"\",\"Effect\":\"Allow\",\"Principal\":{\"Service\":\"lambda.amazonaws.com\"},\"Action\":\"sts:AssumeRole\"}]}",
            "create_date": "2020-11-06T14:41:07Z",
            "description": "",
            "force_detach_policies": false,
            "id": "lambda_SlackAWSAlert",
            "max_session_duration": 3600,
            "name": "lambda_SlackAWSAlert",
            "name_prefix": null,
            "path": "/",
            "permissions_boundary": null,
            "tags": {},
            "unique_id": "AROA2Y6A3YOSAAPPFWRWT"
          },
          "private": "bnVsbA==",
          "dependencies": [
            "module.common.data.aws_iam_policy_document.lambda_slack_assume"
          ]
        }
      ]
    },
    {
      "module": "module.common",
      "mode": "managed",
      "type": "aws_iam_role",
      "name": "splunk-instance-profile",
      "provider": "provider[\"registry.terraform.io/hashicorp/aws\"]",
      "instances": [
        {
          "schema_version": 0,
          "attributes": {
            "arn": "arn:aws:iam::740749460388:role/prod-splunk-ec2-role",
            "assume_role_policy": "{\"Version\":\"2012-10-17\",\"Statement\":[{\"Sid\":\"\",\"Effect\":\"Allow\",\"Principal\":{\"Service\":\"ec2.amazonaws.com\"},\"Action\":\"sts:AssumeRole\"}]}",
            "create_date": "2020-11-06T14:41:07Z",
            "description": "",
            "force_detach_policies": false,
            "id": "prod-splunk-ec2-role",
            "max_session_duration": 3600,
            "name": "prod-splunk-ec2-role",
            "name_prefix": null,
            "path": "/",
            "permissions_boundary": null,
            "tags": {},
            "unique_id": "AROA2Y6A3YOSCFF2IVD5R"
          },
          "private": "bnVsbA=="
        }
      ]
    },
    {
      "module": "module.common",
      "mode": "managed",
      "type": "aws_iam_role_policy",
      "name": "lambda_SlackAWSAlert",
      "provider": "provider[\"registry.terraform.io/hashicorp/aws\"]",
      "instances": [
        {
          "schema_version": 0,
          "attributes": {
            "id": "lambda_SlackAWSAlert:lambda_SlackAWSAlert",
            "name": "lambda_SlackAWSAlert",
            "name_prefix": null,
            "policy": "{\n  \"Version\": \"2012-10-17\",\n  \"Statement\": [\n    {\n      \"Action\": [\n        \"logs:CreateLogGroup\",\n        \"logs:CreateLogStream\",\n        \"logs:PutLogEvents\"\n      ],\n      \"Effect\": \"Allow\",\n      \"Resource\": \"arn:aws:logs:*:*:*\"\n    },\n    {\n      \"Action\": [\n        \"secretsmanager:GetSecretValue\",\n        \"secretsmanager:Describe*\"\n      ],\n      \"Effect\": \"Allow\",\n      \"Resource\": \"arn:aws:secretsmanager:*:*:secret:<customer>SlackWebHookSecret*\"\n    }\n  ]\n}\n",
            "role": "lambda_SlackAWSAlert"
          },
          "private": "bnVsbA==",
          "dependencies": [
            "module.common.aws_iam_role.lambda_SlackAWSAlert",
            "module.common.data.aws_iam_policy_document.lambda_slack_assume"
          ]
        }
      ]
    },
    {
      "module": "module.common",
      "mode": "managed",
      "type": "aws_iam_role_policy_attachment",
      "name": "splunk-instance-profile",
      "provider": "provider[\"registry.terraform.io/hashicorp/aws\"]",
      "instances": [
        {
          "index_key": 0,
          "schema_version": 0,
          "attributes": {
            "id": "prod-splunk-ec2-role-20201106144108226900000001",
            "policy_arn": "arn:aws:iam::aws:policy/AmazonSSMManagedInstanceCore",
            "role": "prod-splunk-ec2-role"
          },
          "private": "bnVsbA==",
          "dependencies": [
            "module.common.aws_iam_policy.splunk-instance-profile",
            "module.common.aws_iam_role.splunk-instance-profile"
          ]
        },
        {
          "index_key": 1,
          "schema_version": 0,
          "attributes": {
            "id": "prod-splunk-ec2-role-20201106144108299400000003",
            "policy_arn": "arn:aws:iam::aws:policy/CloudWatchAgentServerPolicy",
            "role": "prod-splunk-ec2-role"
          },
          "private": "bnVsbA==",
          "dependencies": [
            "module.common.aws_iam_policy.splunk-instance-profile",
            "module.common.aws_iam_role.splunk-instance-profile"
          ]
        },
        {
          "index_key": 2,
          "schema_version": 0,
          "attributes": {
            "id": "prod-splunk-ec2-role-20201106144108245200000002",
            "policy_arn": "arn:aws:iam::740749460388:policy/prod-splunk-instance-policy",
            "role": "prod-splunk-ec2-role"
          },
          "private": "bnVsbA==",
          "dependencies": [
            "module.common.aws_iam_policy.splunk-instance-profile",
            "module.common.aws_iam_role.splunk-instance-profile"
          ]
        }
      ]
    },
    {
      "module": "module.common",
      "mode": "managed",
      "type": "aws_kms_alias",
      "name": "splunk",
      "provider": "provider[\"registry.terraform.io/hashicorp/aws\"]",
      "instances": [
        {
          "schema_version": 0,
          "attributes": {
            "arn": "arn:aws:kms:us-east-1:740749460388:alias/sse-splunk",
            "id": "alias/sse-splunk",
            "name": "alias/sse-splunk",
            "name_prefix": null,
            "target_key_arn": "arn:aws:kms:us-east-1:740749460388:key/da9432c0-e9c1-4029-9fbd-02ae80b7a2c2",
            "target_key_id": "da9432c0-e9c1-4029-9fbd-02ae80b7a2c2"
          },
          "private": "bnVsbA==",
          "dependencies": [
            "module.common.aws_iam_role.splunk-instance-profile",
            "module.common.aws_kms_key.splunk",
            "module.common.data.aws_caller_identity.current"
          ]
        }
      ]
    },
    {
      "module": "module.common",
      "mode": "managed",
      "type": "aws_kms_key",
      "name": "splunk",
      "provider": "provider[\"registry.terraform.io/hashicorp/aws\"]",
      "instances": [
        {
          "schema_version": 0,
          "attributes": {
            "arn": "arn:aws:kms:us-east-1:740749460388:key/da9432c0-e9c1-4029-9fbd-02ae80b7a2c2",
            "customer_master_key_spec": "SYMMETRIC_DEFAULT",
            "deletion_window_in_days": 7,
            "description": "Key for splunk SSE S3",
            "enable_key_rotation": false,
            "id": "da9432c0-e9c1-4029-9fbd-02ae80b7a2c2",
            "is_enabled": true,
            "key_id": "da9432c0-e9c1-4029-9fbd-02ae80b7a2c2",
            "key_usage": "ENCRYPT_DECRYPT",
            "policy": "{\"Statement\":[{\"Action\":\"kms:*\",\"Effect\":\"Allow\",\"Principal\":{\"AWS\":\"arn:aws:iam::740749460388:root\"},\"Resource\":\"*\",\"Sid\":\"Enable IAM User Permissions\"},{\"Action\":[\"kms:Encrypt\",\"kms:Decrypt\",\"kms:ReEncrypt*\",\"kms:GenerateDataKey*\",\"kms:DescribeKey\"],\"Effect\":\"Allow\",\"Principal\":{\"AWS\":\"arn:aws:iam::740749460388:role/prod-splunk-ec2-role\"},\"Resource\":\"*\",\"Sid\":\"Allow EC2 Role to use key\"}],\"Version\":\"2012-10-17\"}",
            "tags": {
              "Managed_by": "terraform",
              "Module": "splunk_common",
              "Name": "prod-splunk-sse-splunk",
              "application_name": "splunk",
              "environment": "prod",
              "prj_name": "splunk",
              "prj_owner": "Juan Becerra"
            }
          },
          "private": "bnVsbA==",
          "dependencies": [
            "module.common.aws_iam_role.splunk-instance-profile",
            "module.common.data.aws_caller_identity.current"
          ]
        }
      ]
    },
    {
      "module": "module.common",
      "mode": "managed",
      "type": "aws_lambda_function",
      "name": "lambda_SlackAWSAlert",
      "provider": "provider[\"registry.terraform.io/hashicorp/aws\"]",
      "instances": [
        {
          "schema_version": 0,
          "attributes": {
            "arn": "arn:aws:lambda:us-east-1:740749460388:function:splunk_common_SlackAWSAlert",
            "dead_letter_config": [],
            "description": "Sends alerts to Slack WebHook",
            "environment": [],
            "file_system_config": [],
            "filename": "../modules/splunk_common/lambda/dist/SlackAWSAlert.zip",
            "function_name": "splunk_common_SlackAWSAlert",
            "handler": "SlackAWSAlert.lambda_handler",
            "id": "splunk_common_SlackAWSAlert",
            "invoke_arn": "arn:aws:apigateway:us-east-1:lambda:path/2015-03-31/functions/arn:aws:lambda:us-east-1:740749460388:function:splunk_common_SlackAWSAlert/invocations",
            "kms_key_arn": "",
            "last_modified": "2020-11-06T14:41:33.637+0000",
            "layers": [],
            "memory_size": 128,
            "publish": false,
            "qualified_arn": "arn:aws:lambda:us-east-1:740749460388:function:splunk_common_SlackAWSAlert:$LATEST",
            "reserved_concurrent_executions": -1,
            "role": "arn:aws:iam::740749460388:role/lambda_SlackAWSAlert",
            "runtime": "python3.6",
            "s3_bucket": null,
            "s3_key": null,
            "s3_object_version": null,
            "source_code_hash": "nt2kiwgLM0qP55CMU8sY9Fq7dZ7ztmeFXFNSPbWIy1c=",
            "source_code_size": 1222,
            "tags": {},
            "timeout": 600,
            "timeouts": null,
            "tracing_config": [
              {
                "mode": "PassThrough"
              }
            ],
            "version": "$LATEST",
            "vpc_config": []
          },
          "private": "eyJlMmJmYjczMC1lY2FhLTExZTYtOGY4OC0zNDM2M2JjN2M0YzAiOnsiY3JlYXRlIjo2MDAwMDAwMDAwMDB9fQ==",
          "dependencies": [
            "module.common.aws_iam_role.lambda_SlackAWSAlert",
            "module.common.data.archive_file.lambda_SlackAWSAlert",
            "module.common.data.aws_iam_policy_document.lambda_slack_assume"
          ]
        }
      ]
    },
    {
      "module": "module.common",
      "mode": "managed",
      "type": "aws_lambda_permission",
      "name": "with_sns",
      "provider": "provider[\"registry.terraform.io/hashicorp/aws\"]",
      "instances": [
        {
          "schema_version": 0,
          "attributes": {
            "action": "lambda:InvokeFunction",
            "event_source_token": null,
            "function_name": "arn:aws:lambda:us-east-1:740749460388:function:splunk_common_SlackAWSAlert",
            "id": "AllowExecutionFromSNS",
            "principal": "sns.amazonaws.com",
            "qualifier": "",
            "source_account": null,
            "source_arn": "arn:aws:sns:us-east-1:740749460388:splunk-alarms",
            "statement_id": "AllowExecutionFromSNS",
            "statement_id_prefix": null
          },
          "private": "bnVsbA==",
          "dependencies": [
            "module.common.aws_iam_role.lambda_SlackAWSAlert",
            "module.common.aws_lambda_function.lambda_SlackAWSAlert",
            "module.common.aws_sns_topic.splunk-alarms",
            "module.common.data.archive_file.lambda_SlackAWSAlert",
            "module.common.data.aws_iam_policy_document.lambda_slack_assume"
          ]
        }
      ]
    },
    {
      "module": "module.common",
      "mode": "managed",
      "type": "aws_s3_bucket",
      "name": "config",
      "provider": "provider[\"registry.terraform.io/hashicorp/aws\"]",
      "instances": [
        {
          "schema_version": 0,
          "attributes": {
            "acceleration_status": "",
            "acl": "private",
            "arn": "arn:aws:s3:::prod-<customer>splunkprod-us-east-1-splunk-configuration-backup",
            "bucket": "prod-<customer>splunkprod-us-east-1-splunk-configuration-backup",
            "bucket_domain_name": "prod-<customer>splunkprod-us-east-1-splunk-configuration-backup.s3.amazonaws.com",
            "bucket_prefix": null,
            "bucket_regional_domain_name": "prod-<customer>splunkprod-us-east-1-splunk-configuration-backup.s3.amazonaws.com",
            "cors_rule": [],
            "force_destroy": false,
            "grant": [],
            "hosted_zone_id": "Z3AQBSTGFYJSTF",
            "id": "prod-<customer>splunkprod-us-east-1-splunk-configuration-backup",
            "lifecycle_rule": [
              {
                "abort_incomplete_multipart_upload_days": 7,
                "enabled": true,
                "expiration": [
                  {
                    "date": "",
                    "days": 90,
                    "expired_object_delete_marker": false
                  }
                ],
                "id": "expired_after_90",
                "noncurrent_version_expiration": [
                  {
                    "days": 30
                  }
                ],
                "noncurrent_version_transition": [],
                "prefix": "",
                "tags": {},
                "transition": []
              }
            ],
            "logging": [],
            "object_lock_configuration": [],
            "policy": null,
            "region": "us-east-1",
            "replication_configuration": [],
            "request_payer": "BucketOwner",
            "server_side_encryption_configuration": [],
            "tags": {
              "Managed_by": "terraform",
              "Module": "splunk_common",
              "Name": "prod-<customer>splunkprod-us-east-1-splunk-configuration-backup",
              "application_name": "splunk",
              "environment": "prod",
              "prj_name": "splunk",
              "prj_owner": "Juan Becerra"
            },
            "versioning": [
              {
                "enabled": true,
                "mfa_delete": false
              }
            ],
            "website": [],
            "website_domain": null,
            "website_endpoint": null
          },
          "private": "bnVsbA=="
        }
      ]
    },
    {
      "module": "module.common",
      "mode": "managed",
      "type": "aws_s3_bucket",
      "name": "inits",
      "provider": "provider[\"registry.terraform.io/hashicorp/aws\"]",
      "instances": [
        {
          "schema_version": 0,
          "attributes": {
            "acceleration_status": "",
            "acl": "private",
            "arn": "arn:aws:s3:::prod-<customer>splunkprod-us-east-1-splunk-initial-configs",
            "bucket": "prod-<customer>splunkprod-us-east-1-splunk-initial-configs",
            "bucket_domain_name": "prod-<customer>splunkprod-us-east-1-splunk-initial-configs.s3.amazonaws.com",
            "bucket_prefix": null,
            "bucket_regional_domain_name": "prod-<customer>splunkprod-us-east-1-splunk-initial-configs.s3.amazonaws.com",
            "cors_rule": [],
            "force_destroy": false,
            "grant": [],
            "hosted_zone_id": "Z3AQBSTGFYJSTF",
            "id": "prod-<customer>splunkprod-us-east-1-splunk-initial-configs",
            "lifecycle_rule": [],
            "logging": [],
            "object_lock_configuration": [],
            "policy": null,
            "region": "us-east-1",
            "replication_configuration": [],
            "request_payer": "BucketOwner",
            "server_side_encryption_configuration": [],
            "tags": {
              "Managed_by": "terraform",
              "Module": "splunk_common",
              "Name": "prod-<customer>splunkprod-us-east-1-splunk-initial-configs",
              "application_name": "splunk",
              "environment": "prod",
              "prj_name": "splunk",
              "prj_owner": "Juan Becerra"
            },
            "versioning": [
              {
                "enabled": false,
                "mfa_delete": false
              }
            ],
            "website": [],
            "website_domain": null,
            "website_endpoint": null
          },
          "private": "bnVsbA=="
        }
      ]
    },
    {
      "module": "module.common",
      "mode": "managed",
      "type": "aws_s3_bucket",
      "name": "smartstore",
      "provider": "provider[\"registry.terraform.io/hashicorp/aws\"]",
      "instances": [
        {
          "schema_version": 0,
          "attributes": {
            "acceleration_status": "",
            "acl": "private",
            "arn": "arn:aws:s3:::prod-<customer>splunkprod-us-east-1-splunk-smartstore",
            "bucket": "prod-<customer>splunkprod-us-east-1-splunk-smartstore",
            "bucket_domain_name": "prod-<customer>splunkprod-us-east-1-splunk-smartstore.s3.amazonaws.com",
            "bucket_prefix": null,
            "bucket_regional_domain_name": "prod-<customer>splunkprod-us-east-1-splunk-smartstore.s3.amazonaws.com",
            "cors_rule": [],
            "force_destroy": false,
            "grant": [],
            "hosted_zone_id": "Z3AQBSTGFYJSTF",
            "id": "prod-<customer>splunkprod-us-east-1-splunk-smartstore",
            "lifecycle_rule": [],
            "logging": [],
            "object_lock_configuration": [],
            "policy": null,
            "region": "us-east-1",
            "replication_configuration": [],
            "request_payer": "BucketOwner",
            "server_side_encryption_configuration": [],
            "tags": {
              "Managed_by": "terraform",
              "Module": "splunk_common",
              "Name": "prod-<customer>splunkprod-us-east-1-splunk-smartstore",
              "application_name": "splunk",
              "environment": "prod",
              "prj_name": "splunk",
              "prj_owner": "Juan Becerra"
            },
            "versioning": [
              {
                "enabled": false,
                "mfa_delete": false
              }
            ],
            "website": [],
            "website_domain": null,
            "website_endpoint": null
          },
          "private": "bnVsbA=="
        }
      ]
    },
    {
      "module": "module.common",
      "mode": "managed",
      "type": "aws_s3_bucket_object",
      "name": "initial_configs",
      "provider": "provider[\"registry.terraform.io/hashicorp/aws\"]",
      "instances": [
        {
          "index_key": "okta/metadata-customer.xml",
          "schema_version": 0,
          "attributes": {
            "acl": "private",
            "bucket": "prod-<customer>splunkprod-us-east-1-splunk-initial-configs",
            "cache_control": "",
            "content": null,
            "content_base64": null,
            "content_disposition": "",
            "content_encoding": "",
            "content_language": "",
            "content_type": "binary/octet-stream",
            "etag": "764b7b14082a630106cf30ac3ec1670a",
            "force_destroy": false,
            "id": "okta/metadata-customer.xml",
            "key": "okta/metadata-customer.xml",
            "kms_key_id": null,
            "metadata": {},
            "object_lock_legal_hold_status": "",
            "object_lock_mode": "",
            "object_lock_retain_until_date": "",
            "server_side_encryption": "",
            "source": "./init_files_for_s3/okta/metadata-customer.xml",
            "storage_class": "STANDARD",
            "tags": {},
            "version_id": "",
            "website_redirect": ""
          },
          "private": "bnVsbA==",
          "dependencies": [
            "module.common.aws_s3_bucket.inits"
          ]
        },
        {
          "index_key": "okta/metadata-deployment.xml",
          "schema_version": 0,
          "attributes": {
            "acl": "private",
            "bucket": "prod-<customer>splunkprod-us-east-1-splunk-initial-configs",
            "cache_control": "",
            "content": null,
            "content_base64": null,
            "content_disposition": "",
            "content_encoding": "",
            "content_language": "",
            "content_type": "binary/octet-stream",
            "etag": "1e23a75242bd67e51ce336f3a9b109be",
            "force_destroy": false,
            "id": "okta/metadata-deployment.xml",
            "key": "okta/metadata-deployment.xml",
            "kms_key_id": null,
            "metadata": {},
            "object_lock_legal_hold_status": "",
            "object_lock_mode": "",
            "object_lock_retain_until_date": "",
            "server_side_encryption": "",
            "source": "./init_files_for_s3/okta/metadata-deployment.xml",
            "storage_class": "STANDARD",
            "tags": {},
            "version_id": "",
            "website_redirect": ""
          },
          "private": "bnVsbA==",
          "dependencies": [
            "module.common.aws_s3_bucket.inits"
          ]
        },
        {
          "index_key": "okta/metadata-enterprise.xml",
          "schema_version": 0,
          "attributes": {
            "acl": "private",
            "bucket": "prod-<customer>splunkprod-us-east-1-splunk-initial-configs",
            "cache_control": "",
            "content": null,
            "content_base64": null,
            "content_disposition": "",
            "content_encoding": "",
            "content_language": "",
            "content_type": "binary/octet-stream",
            "etag": "8de3e7c8a737d03306eb3766b5367f4d",
            "force_destroy": false,
            "id": "okta/metadata-enterprise.xml",
            "key": "okta/metadata-enterprise.xml",
            "kms_key_id": null,
            "metadata": {},
            "object_lock_legal_hold_status": "",
            "object_lock_mode": "",
            "object_lock_retain_until_date": "",
            "server_side_encryption": "",
            "source": "./init_files_for_s3/okta/metadata-enterprise.xml",
            "storage_class": "STANDARD",
            "tags": {},
            "version_id": "",
            "website_redirect": ""
          },
          "private": "bnVsbA==",
          "dependencies": [
            "module.common.aws_s3_bucket.inits"
          ]
        },
        {
          "index_key": "okta/metadata-forwarder.xml",
          "schema_version": 0,
          "attributes": {
            "acl": "private",
            "bucket": "prod-<customer>splunkprod-us-east-1-splunk-initial-configs",
            "cache_control": "",
            "content": null,
            "content_base64": null,
            "content_disposition": "",
            "content_encoding": "",
            "content_language": "",
            "content_type": "binary/octet-stream",
            "etag": "53b6ed7ec7d74322eaa15e339b57d2b5",
            "force_destroy": false,
            "id": "okta/metadata-forwarder.xml",
            "key": "okta/metadata-forwarder.xml",
            "kms_key_id": null,
            "metadata": {},
            "object_lock_legal_hold_status": "",
            "object_lock_mode": "",
            "object_lock_retain_until_date": "",
            "server_side_encryption": "",
            "source": "./init_files_for_s3/okta/metadata-forwarder.xml",
            "storage_class": "STANDARD",
            "tags": {},
            "version_id": "",
            "website_redirect": ""
          },
          "private": "bnVsbA==",
          "dependencies": [
            "module.common.aws_s3_bucket.inits"
          ]
        },
        {
          "index_key": "okta/metadata-master.xml",
          "schema_version": 0,
          "attributes": {
            "acl": "private",
            "bucket": "prod-<customer>splunkprod-us-east-1-splunk-initial-configs",
            "cache_control": "",
            "content": null,
            "content_base64": null,
            "content_disposition": "",
            "content_encoding": "",
            "content_language": "",
            "content_type": "binary/octet-stream",
            "etag": "c2b72fe05a00d3bbb209d3f2bda3acda",
            "force_destroy": false,
            "id": "okta/metadata-master.xml",
            "key": "okta/metadata-master.xml",
            "kms_key_id": null,
            "metadata": {},
            "object_lock_legal_hold_status": "",
            "object_lock_mode": "",
            "object_lock_retain_until_date": "",
            "server_side_encryption": "",
            "source": "./init_files_for_s3/okta/metadata-master.xml",
            "storage_class": "STANDARD",
            "tags": {},
            "version_id": "",
            "website_redirect": ""
          },
          "private": "bnVsbA==",
          "dependencies": [
            "module.common.aws_s3_bucket.inits"
          ]
        },
        {
          "index_key": "okta/metadata-security.xml",
          "schema_version": 0,
          "attributes": {
            "acl": "private",
            "bucket": "prod-<customer>splunkprod-us-east-1-splunk-initial-configs",
            "cache_control": "",
            "content": null,
            "content_base64": null,
            "content_disposition": "",
            "content_encoding": "",
            "content_language": "",
            "content_type": "binary/octet-stream",
            "etag": "13f0e78df7d499ac923f8e1a1a25c8e0",
            "force_destroy": false,
            "id": "okta/metadata-security.xml",
            "key": "okta/metadata-security.xml",
            "kms_key_id": null,
            "metadata": {},
            "object_lock_legal_hold_status": "",
            "object_lock_mode": "",
            "object_lock_retain_until_date": "",
            "server_side_encryption": "",
            "source": "./init_files_for_s3/okta/metadata-security.xml",
            "storage_class": "STANDARD",
            "tags": {},
            "version_id": "",
            "website_redirect": ""
          },
          "private": "bnVsbA==",
          "dependencies": [
            "module.common.aws_s3_bucket.inits"
          ]
        },
        {
          "index_key": "splunk-deployment/etc/apps/<customer>_all_search_base/local/app.conf",
          "schema_version": 0,
          "attributes": {
            "acl": "private",
            "bucket": "prod-<customer>splunkprod-us-east-1-splunk-initial-configs",
            "cache_control": "",
            "content": null,
            "content_base64": null,
            "content_disposition": "",
            "content_encoding": "",
            "content_language": "",
            "content_type": "binary/octet-stream",
            "etag": "1061dff8c1acaa070adeed80a4f23c22",
            "force_destroy": false,
            "id": "splunk-deployment/etc/apps/<customer>_all_search_base/local/app.conf",
            "key": "splunk-deployment/etc/apps/<customer>_all_search_base/local/app.conf",
            "kms_key_id": null,
            "metadata": {},
            "object_lock_legal_hold_status": "",
            "object_lock_mode": "",
            "object_lock_retain_until_date": "",
            "server_side_encryption": "",
            "source": "./init_files_for_s3/splunk-deployment/etc/apps/<customer>_all_search_base/local/app.conf",
            "storage_class": "STANDARD",
            "tags": {},
            "version_id": "",
            "website_redirect": ""
          },
          "private": "bnVsbA==",
          "dependencies": [
            "module.common.aws_s3_bucket.inits"
          ]
        },
        {
          "index_key": "splunk-deployment/etc/apps/<customer>_all_search_base/local/server.conf",
          "schema_version": 0,
          "attributes": {
            "acl": "private",
            "bucket": "prod-<customer>splunkprod-us-east-1-splunk-initial-configs",
            "cache_control": "",
            "content": null,
            "content_base64": null,
            "content_disposition": "",
            "content_encoding": "",
            "content_language": "",
            "content_type": "binary/octet-stream",
            "etag": "0f3bf816e78a7a31e6af5b0a0779ff5d",
            "force_destroy": false,
            "id": "splunk-deployment/etc/apps/<customer>_all_search_base/local/server.conf",
            "key": "splunk-deployment/etc/apps/<customer>_all_search_base/local/server.conf",
            "kms_key_id": null,
            "metadata": {},
            "object_lock_legal_hold_status": "",
            "object_lock_mode": "",
            "object_lock_retain_until_date": "",
            "server_side_encryption": "",
            "source": "./init_files_for_s3/splunk-deployment/etc/apps/<customer>_all_search_base/local/server.conf",
            "storage_class": "STANDARD",
            "tags": {},
            "version_id": "",
            "website_redirect": ""
          },
          "private": "bnVsbA==",
          "dependencies": [
            "module.common.aws_s3_bucket.inits"
          ]
        },
        {
          "index_key": "splunk-deployment/etc/apps/<customer>_all_search_base/local/web.conf",
          "schema_version": 0,
          "attributes": {
            "acl": "private",
            "bucket": "prod-<customer>splunkprod-us-east-1-splunk-initial-configs",
            "cache_control": "",
            "content": null,
            "content_base64": null,
            "content_disposition": "",
            "content_encoding": "",
            "content_language": "",
            "content_type": "binary/octet-stream",
            "etag": "3f78fc0683d10abf3700e44728759214",
            "force_destroy": false,
            "id": "splunk-deployment/etc/apps/<customer>_all_search_base/local/web.conf",
            "key": "splunk-deployment/etc/apps/<customer>_all_search_base/local/web.conf",
            "kms_key_id": null,
            "metadata": {},
            "object_lock_legal_hold_status": "",
            "object_lock_mode": "",
            "object_lock_retain_until_date": "",
            "server_side_encryption": "",
            "source": "./init_files_for_s3/splunk-deployment/etc/apps/<customer>_all_search_base/local/web.conf",
            "storage_class": "STANDARD",
            "tags": {},
            "version_id": "",
            "website_redirect": ""
          },
          "private": "bnVsbA==",
          "dependencies": [
            "module.common.aws_s3_bucket.inits"
          ]
        },
        {
          "index_key": "splunk-deployment/etc/apps/<customer>_deploymentserver_base/local/server.conf",
          "schema_version": 0,
          "attributes": {
            "acl": "private",
            "bucket": "prod-<customer>splunkprod-us-east-1-splunk-initial-configs",
            "cache_control": "",
            "content": null,
            "content_base64": null,
            "content_disposition": "",
            "content_encoding": "",
            "content_language": "",
            "content_type": "binary/octet-stream",
            "etag": "9dec48582a0642b54b7186b0fe2927ad",
            "force_destroy": false,
            "id": "splunk-deployment/etc/apps/<customer>_deploymentserver_base/local/server.conf",
            "key": "splunk-deployment/etc/apps/<customer>_deploymentserver_base/local/server.conf",
            "kms_key_id": null,
            "metadata": {},
            "object_lock_legal_hold_status": "",
            "object_lock_mode": "",
            "object_lock_retain_until_date": "",
            "server_side_encryption": "",
            "source": "./init_files_for_s3/splunk-deployment/etc/apps/<customer>_deploymentserver_base/local/server.conf",
            "storage_class": "STANDARD",
            "tags": {},
            "version_id": "",
            "website_redirect": ""
          },
          "private": "bnVsbA==",
          "dependencies": [
            "module.common.aws_s3_bucket.inits"
          ]
        },
        {
          "index_key": "splunk-deployment/etc/apps/<customer>_internal_outputs/local/outputs.conf",
          "schema_version": 0,
          "attributes": {
            "acl": "private",
            "bucket": "prod-<customer>splunkprod-us-east-1-splunk-initial-configs",
            "cache_control": "",
            "content": null,
            "content_base64": null,
            "content_disposition": "",
            "content_encoding": "",
            "content_language": "",
            "content_type": "binary/octet-stream",
            "etag": "4560623c7be0cc49e8b35401ecec7779",
            "force_destroy": false,
            "id": "splunk-deployment/etc/apps/<customer>_internal_outputs/local/outputs.conf",
            "key": "splunk-deployment/etc/apps/<customer>_internal_outputs/local/outputs.conf",
            "kms_key_id": null,
            "metadata": {},
            "object_lock_legal_hold_status": "",
            "object_lock_mode": "",
            "object_lock_retain_until_date": "",
            "server_side_encryption": "",
            "source": "./init_files_for_s3/splunk-deployment/etc/apps/<customer>_internal_outputs/local/outputs.conf",
            "storage_class": "STANDARD",
            "tags": {},
            "version_id": "",
            "website_redirect": ""
          },
          "private": "bnVsbA==",
          "dependencies": [
            "module.common.aws_s3_bucket.inits"
          ]
        },
        {
          "index_key": "splunk-deployment/etc/apps/<customer>_internal_outputs/metadata/local.meta",
          "schema_version": 0,
          "attributes": {
            "acl": "private",
            "bucket": "prod-<customer>splunkprod-us-east-1-splunk-initial-configs",
            "cache_control": "",
            "content": null,
            "content_base64": null,
            "content_disposition": "",
            "content_encoding": "",
            "content_language": "",
            "content_type": "binary/octet-stream",
            "etag": "ea9f723158104878ec6b379c8adb6992",
            "force_destroy": false,
            "id": "splunk-deployment/etc/apps/<customer>_internal_outputs/metadata/local.meta",
            "key": "splunk-deployment/etc/apps/<customer>_internal_outputs/metadata/local.meta",
            "kms_key_id": null,
            "metadata": {},
            "object_lock_legal_hold_status": "",
            "object_lock_mode": "",
            "object_lock_retain_until_date": "",
            "server_side_encryption": "",
            "source": "./init_files_for_s3/splunk-deployment/etc/apps/<customer>_internal_outputs/metadata/local.meta",
            "storage_class": "STANDARD",
            "tags": {},
            "version_id": "",
            "website_redirect": ""
          },
          "private": "bnVsbA==",
          "dependencies": [
            "module.common.aws_s3_bucket.inits"
          ]
        },
        {
          "index_key": "splunk-deployment/etc/auth/idpCerts/idpCert.pem",
          "schema_version": 0,
          "attributes": {
            "acl": "private",
            "bucket": "prod-<customer>splunkprod-us-east-1-splunk-initial-configs",
            "cache_control": "",
            "content": null,
            "content_base64": null,
            "content_disposition": "",
            "content_encoding": "",
            "content_language": "",
            "content_type": "binary/octet-stream",
            "etag": "d1bddb2ccebf768a526497e9f15b3960",
            "force_destroy": false,
            "id": "splunk-deployment/etc/auth/idpCerts/idpCert.pem",
            "key": "splunk-deployment/etc/auth/idpCerts/idpCert.pem",
            "kms_key_id": null,
            "metadata": {},
            "object_lock_legal_hold_status": "",
            "object_lock_mode": "",
            "object_lock_retain_until_date": "",
            "server_side_encryption": "",
            "source": "./init_files_for_s3/splunk-deployment/etc/auth/idpCerts/idpCert.pem",
            "storage_class": "STANDARD",
            "tags": {},
            "version_id": "",
            "website_redirect": ""
          },
          "private": "bnVsbA==",
          "dependencies": [
            "module.common.aws_s3_bucket.inits"
          ]
        },
        {
          "index_key": "splunk-deployment/etc/deployment-apps/_cluster/default/indexes.conf",
          "schema_version": 0,
          "attributes": {
            "acl": "private",
            "bucket": "prod-<customer>splunkprod-us-east-1-splunk-initial-configs",
            "cache_control": "",
            "content": null,
            "content_base64": null,
            "content_disposition": "",
            "content_encoding": "",
            "content_language": "",
            "content_type": "binary/octet-stream",
            "etag": "04f6d522fbe5cadc6859465e7a176533",
            "force_destroy": false,
            "id": "splunk-deployment/etc/deployment-apps/_cluster/default/indexes.conf",
            "key": "splunk-deployment/etc/deployment-apps/_cluster/default/indexes.conf",
            "kms_key_id": null,
            "metadata": {},
            "object_lock_legal_hold_status": "",
            "object_lock_mode": "",
            "object_lock_retain_until_date": "",
            "server_side_encryption": "",
            "source": "./init_files_for_s3/splunk-deployment/etc/deployment-apps/_cluster/default/indexes.conf",
            "storage_class": "STANDARD",
            "tags": {},
            "version_id": "",
            "website_redirect": ""
          },
          "private": "bnVsbA==",
          "dependencies": [
            "module.common.aws_s3_bucket.inits"
          ]
        },
        {
          "index_key": "splunk-deployment/etc/deployment-apps/_cluster/local/README",
          "schema_version": 0,
          "attributes": {
            "acl": "private",
            "bucket": "prod-<customer>splunkprod-us-east-1-splunk-initial-configs",
            "cache_control": "",
            "content": null,
            "content_base64": null,
            "content_disposition": "",
            "content_encoding": "",
            "content_language": "",
            "content_type": "binary/octet-stream",
            "etag": "4894cbb897f39adb10ae2b3317fef738",
            "force_destroy": false,
            "id": "splunk-deployment/etc/deployment-apps/_cluster/local/README",
            "key": "splunk-deployment/etc/deployment-apps/_cluster/local/README",
            "kms_key_id": null,
            "metadata": {},
            "object_lock_legal_hold_status": "",
            "object_lock_mode": "",
            "object_lock_retain_until_date": "",
            "server_side_encryption": "",
            "source": "./init_files_for_s3/splunk-deployment/etc/deployment-apps/_cluster/local/README",
            "storage_class": "STANDARD",
            "tags": {},
            "version_id": "",
            "website_redirect": ""
          },
          "private": "bnVsbA==",
          "dependencies": [
            "module.common.aws_s3_bucket.inits"
          ]
        },
        {
          "index_key": "splunk-deployment/etc/deployment-apps/<customer>_all_email/local/alert_actions.conf",
          "schema_version": 0,
          "attributes": {
            "acl": "private",
            "bucket": "prod-<customer>splunkprod-us-east-1-splunk-initial-configs",
            "cache_control": "",
            "content": null,
            "content_base64": null,
            "content_disposition": "",
            "content_encoding": "",
            "content_language": "",
            "content_type": "binary/octet-stream",
            "etag": "63cfde6252f4e965cd5a428e271e322d",
            "force_destroy": false,
            "id": "splunk-deployment/etc/deployment-apps/<customer>_all_email/local/alert_actions.conf",
            "key": "splunk-deployment/etc/deployment-apps/<customer>_all_email/local/alert_actions.conf",
            "kms_key_id": null,
            "metadata": {},
            "object_lock_legal_hold_status": "",
            "object_lock_mode": "",
            "object_lock_retain_until_date": "",
            "server_side_encryption": "",
            "source": "./init_files_for_s3/splunk-deployment/etc/deployment-apps/<customer>_all_email/local/alert_actions.conf",
            "storage_class": "STANDARD",
            "tags": {},
            "version_id": "",
            "website_redirect": ""
          },
          "private": "bnVsbA==",
          "dependencies": [
            "module.common.aws_s3_bucket.inits"
          ]
        },
        {
          "index_key": "splunk-deployment/etc/deployment-apps/<customer>_all_indexer_base/local/app.conf",
          "schema_version": 0,
          "attributes": {
            "acl": "private",
            "bucket": "prod-<customer>splunkprod-us-east-1-splunk-initial-configs",
            "cache_control": "",
            "content": null,
            "content_base64": null,
            "content_disposition": "",
            "content_encoding": "",
            "content_language": "",
            "content_type": "binary/octet-stream",
            "etag": "1061dff8c1acaa070adeed80a4f23c22",
            "force_destroy": false,
            "id": "splunk-deployment/etc/deployment-apps/<customer>_all_indexer_base/local/app.conf",
            "key": "splunk-deployment/etc/deployment-apps/<customer>_all_indexer_base/local/app.conf",
            "kms_key_id": null,
            "metadata": {},
            "object_lock_legal_hold_status": "",
            "object_lock_mode": "",
            "object_lock_retain_until_date": "",
            "server_side_encryption": "",
            "source": "./init_files_for_s3/splunk-deployment/etc/deployment-apps/<customer>_all_indexer_base/local/app.conf",
            "storage_class": "STANDARD",
            "tags": {},
            "version_id": "",
            "website_redirect": ""
          },
          "private": "bnVsbA==",
          "dependencies": [
            "module.common.aws_s3_bucket.inits"
          ]
        },
        {
          "index_key": "splunk-deployment/etc/deployment-apps/<customer>_all_indexer_base/local/limits.conf",
          "schema_version": 0,
          "attributes": {
            "acl": "private",
            "bucket": "prod-<customer>splunkprod-us-east-1-splunk-initial-configs",
            "cache_control": "",
            "content": null,
            "content_base64": null,
            "content_disposition": "",
            "content_encoding": "",
            "content_language": "",
            "content_type": "binary/octet-stream",
            "etag": "034e56f21ef076dc72820a5ea8c9cadc",
            "force_destroy": false,
            "id": "splunk-deployment/etc/deployment-apps/<customer>_all_indexer_base/local/limits.conf",
            "key": "splunk-deployment/etc/deployment-apps/<customer>_all_indexer_base/local/limits.conf",
            "kms_key_id": null,
            "metadata": {},
            "object_lock_legal_hold_status": "",
            "object_lock_mode": "",
            "object_lock_retain_until_date": "",
            "server_side_encryption": "",
            "source": "./init_files_for_s3/splunk-deployment/etc/deployment-apps/<customer>_all_indexer_base/local/limits.conf",
            "storage_class": "STANDARD",
            "tags": {},
            "version_id": "",
            "website_redirect": ""
          },
          "private": "bnVsbA==",
          "dependencies": [
            "module.common.aws_s3_bucket.inits"
          ]
        },
        {
          "index_key": "splunk-deployment/etc/deployment-apps/<customer>_all_indexer_base/local/server.conf",
          "schema_version": 0,
          "attributes": {
            "acl": "private",
            "bucket": "prod-<customer>splunkprod-us-east-1-splunk-initial-configs",
            "cache_control": "",
            "content": null,
            "content_base64": null,
            "content_disposition": "",
            "content_encoding": "",
            "content_language": "",
            "content_type": "binary/octet-stream",
            "etag": "37685d6ee139361598be99bd9a5fb0f9",
            "force_destroy": false,
            "id": "splunk-deployment/etc/deployment-apps/<customer>_all_indexer_base/local/server.conf",
            "key": "splunk-deployment/etc/deployment-apps/<customer>_all_indexer_base/local/server.conf",
            "kms_key_id": null,
            "metadata": {},
            "object_lock_legal_hold_status": "",
            "object_lock_mode": "",
            "object_lock_retain_until_date": "",
            "server_side_encryption": "",
            "source": "./init_files_for_s3/splunk-deployment/etc/deployment-apps/<customer>_all_indexer_base/local/server.conf",
            "storage_class": "STANDARD",
            "tags": {},
            "version_id": "",
            "website_redirect": ""
          },
          "private": "bnVsbA==",
          "dependencies": [
            "module.common.aws_s3_bucket.inits"
          ]
        },
        {
          "index_key": "splunk-deployment/etc/deployment-apps/<customer>_all_indexer_base/local/web.conf",
          "schema_version": 0,
          "attributes": {
            "acl": "private",
            "bucket": "prod-<customer>splunkprod-us-east-1-splunk-initial-configs",
            "cache_control": "",
            "content": null,
            "content_base64": null,
            "content_disposition": "",
            "content_encoding": "",
            "content_language": "",
            "content_type": "binary/octet-stream",
            "etag": "1bda12cb41c200bac9e5ee1a1704fdbe",
            "force_destroy": false,
            "id": "splunk-deployment/etc/deployment-apps/<customer>_all_indexer_base/local/web.conf",
            "key": "splunk-deployment/etc/deployment-apps/<customer>_all_indexer_base/local/web.conf",
            "kms_key_id": null,
            "metadata": {},
            "object_lock_legal_hold_status": "",
            "object_lock_mode": "",
            "object_lock_retain_until_date": "",
            "server_side_encryption": "",
            "source": "./init_files_for_s3/splunk-deployment/etc/deployment-apps/<customer>_all_indexer_base/local/web.conf",
            "storage_class": "STANDARD",
            "tags": {},
            "version_id": "",
            "website_redirect": ""
          },
          "private": "bnVsbA==",
          "dependencies": [
            "module.common.aws_s3_bucket.inits"
          ]
        },
        {
          "index_key": "splunk-deployment/etc/deployment-apps/<customer>_all_indexer_inputs/local/app.conf",
          "schema_version": 0,
          "attributes": {
            "acl": "private",
            "bucket": "prod-<customer>splunkprod-us-east-1-splunk-initial-configs",
            "cache_control": "",
            "content": null,
            "content_base64": null,
            "content_disposition": "",
            "content_encoding": "",
            "content_language": "",
            "content_type": "binary/octet-stream",
            "etag": "1061dff8c1acaa070adeed80a4f23c22",
            "force_destroy": false,
            "id": "splunk-deployment/etc/deployment-apps/<customer>_all_indexer_inputs/local/app.conf",
            "key": "splunk-deployment/etc/deployment-apps/<customer>_all_indexer_inputs/local/app.conf",
            "kms_key_id": null,
            "metadata": {},
            "object_lock_legal_hold_status": "",
            "object_lock_mode": "",
            "object_lock_retain_until_date": "",
            "server_side_encryption": "",
            "source": "./init_files_for_s3/splunk-deployment/etc/deployment-apps/<customer>_all_indexer_inputs/local/app.conf",
            "storage_class": "STANDARD",
            "tags": {},
            "version_id": "",
            "website_redirect": ""
          },
          "private": "bnVsbA==",
          "dependencies": [
            "module.common.aws_s3_bucket.inits"
          ]
        },
        {
          "index_key": "splunk-deployment/etc/deployment-apps/<customer>_all_indexer_inputs/local/inputs.conf",
          "schema_version": 0,
          "attributes": {
            "acl": "private",
            "bucket": "prod-<customer>splunkprod-us-east-1-splunk-initial-configs",
            "cache_control": "",
            "content": null,
            "content_base64": null,
            "content_disposition": "",
            "content_encoding": "",
            "content_language": "",
            "content_type": "binary/octet-stream",
            "etag": "0b559ab07c610cf63bb845d5b4b9fe22",
            "force_destroy": false,
            "id": "splunk-deployment/etc/deployment-apps/<customer>_all_indexer_inputs/local/inputs.conf",
            "key": "splunk-deployment/etc/deployment-apps/<customer>_all_indexer_inputs/local/inputs.conf",
            "kms_key_id": null,
            "metadata": {},
            "object_lock_legal_hold_status": "",
            "object_lock_mode": "",
            "object_lock_retain_until_date": "",
            "server_side_encryption": "",
            "source": "./init_files_for_s3/splunk-deployment/etc/deployment-apps/<customer>_all_indexer_inputs/local/inputs.conf",
            "storage_class": "STANDARD",
            "tags": {},
            "version_id": "",
            "website_redirect": ""
          },
          "private": "bnVsbA==",
          "dependencies": [
            "module.common.aws_s3_bucket.inits"
          ]
        },
        {
          "index_key": "splunk-deployment/etc/deployment-apps/<customer>_all_indexes/bin/cold2FrozenS3Customer.py",
          "schema_version": 0,
          "attributes": {
            "acl": "private",
            "bucket": "prod-<customer>splunkprod-us-east-1-splunk-initial-configs",
            "cache_control": "",
            "content": null,
            "content_base64": null,
            "content_disposition": "",
            "content_encoding": "",
            "content_language": "",
            "content_type": "binary/octet-stream",
            "etag": "bac5624e9c6147a0c38d63e12e0fc3fc",
            "force_destroy": false,
            "id": "splunk-deployment/etc/deployment-apps/<customer>_all_indexes/bin/cold2FrozenS3Customer.py",
            "key": "splunk-deployment/etc/deployment-apps/<customer>_all_indexes/bin/cold2FrozenS3Customer.py",
            "kms_key_id": null,
            "metadata": {},
            "object_lock_legal_hold_status": "",
            "object_lock_mode": "",
            "object_lock_retain_until_date": "",
            "server_side_encryption": "",
            "source": "./init_files_for_s3/splunk-deployment/etc/deployment-apps/<customer>_all_indexes/bin/cold2FrozenS3Customer.py",
            "storage_class": "STANDARD",
            "tags": {},
            "version_id": "",
            "website_redirect": ""
          },
          "private": "bnVsbA==",
          "dependencies": [
            "module.common.aws_s3_bucket.inits"
          ]
        },
        {
          "index_key": "splunk-deployment/etc/deployment-apps/<customer>_all_indexes/bin/cold2FrozenS3POS.py",
          "schema_version": 0,
          "attributes": {
            "acl": "private",
            "bucket": "prod-<customer>splunkprod-us-east-1-splunk-initial-configs",
            "cache_control": "",
            "content": null,
            "content_base64": null,
            "content_disposition": "",
            "content_encoding": "",
            "content_language": "",
            "content_type": "binary/octet-stream",
            "etag": "e6b176315b66817b0bf067686c19aacd",
            "force_destroy": false,
            "id": "splunk-deployment/etc/deployment-apps/<customer>_all_indexes/bin/cold2FrozenS3POS.py",
            "key": "splunk-deployment/etc/deployment-apps/<customer>_all_indexes/bin/cold2FrozenS3POS.py",
            "kms_key_id": null,
            "metadata": {},
            "object_lock_legal_hold_status": "",
            "object_lock_mode": "",
            "object_lock_retain_until_date": "",
            "server_side_encryption": "",
            "source": "./init_files_for_s3/splunk-deployment/etc/deployment-apps/<customer>_all_indexes/bin/cold2FrozenS3POS.py",
            "storage_class": "STANDARD",
            "tags": {},
            "version_id": "",
            "website_redirect": ""
          },
          "private": "bnVsbA==",
          "dependencies": [
            "module.common.aws_s3_bucket.inits"
          ]
        },
        {
          "index_key": "splunk-deployment/etc/deployment-apps/<customer>_all_indexes/local/app.conf",
          "schema_version": 0,
          "attributes": {
            "acl": "private",
            "bucket": "prod-<customer>splunkprod-us-east-1-splunk-initial-configs",
            "cache_control": "",
            "content": null,
            "content_base64": null,
            "content_disposition": "",
            "content_encoding": "",
            "content_language": "",
            "content_type": "binary/octet-stream",
            "etag": "1061dff8c1acaa070adeed80a4f23c22",
            "force_destroy": false,
            "id": "splunk-deployment/etc/deployment-apps/<customer>_all_indexes/local/app.conf",
            "key": "splunk-deployment/etc/deployment-apps/<customer>_all_indexes/local/app.conf",
            "kms_key_id": null,
            "metadata": {},
            "object_lock_legal_hold_status": "",
            "object_lock_mode": "",
            "object_lock_retain_until_date": "",
            "server_side_encryption": "",
            "source": "./init_files_for_s3/splunk-deployment/etc/deployment-apps/<customer>_all_indexes/local/app.conf",
            "storage_class": "STANDARD",
            "tags": {},
            "version_id": "",
            "website_redirect": ""
          },
          "private": "bnVsbA==",
          "dependencies": [
            "module.common.aws_s3_bucket.inits"
          ]
        },
        {
          "index_key": "splunk-deployment/etc/deployment-apps/<customer>_all_indexes/local/indexes.conf",
          "schema_version": 0,
          "attributes": {
            "acl": "private",
            "bucket": "prod-<customer>splunkprod-us-east-1-splunk-initial-configs",
            "cache_control": "",
            "content": null,
            "content_base64": null,
            "content_disposition": "",
            "content_encoding": "",
            "content_language": "",
            "content_type": "binary/octet-stream",
            "etag": "425f283aa5b05b1a07f55937e87215bf",
            "force_destroy": false,
            "id": "splunk-deployment/etc/deployment-apps/<customer>_all_indexes/local/indexes.conf",
            "key": "splunk-deployment/etc/deployment-apps/<customer>_all_indexes/local/indexes.conf",
            "kms_key_id": null,
            "metadata": {},
            "object_lock_legal_hold_status": "",
            "object_lock_mode": "",
            "object_lock_retain_until_date": "",
            "server_side_encryption": "",
            "source": "./init_files_for_s3/splunk-deployment/etc/deployment-apps/<customer>_all_indexes/local/indexes.conf",
            "storage_class": "STANDARD",
            "tags": {},
            "version_id": "",
            "website_redirect": ""
          },
          "private": "bnVsbA==",
          "dependencies": [
            "module.common.aws_s3_bucket.inits"
          ]
        },
        {
          "index_key": "splunk-deployment/etc/deployment-apps/<customer>_all_licenseclient/local/app.conf",
          "schema_version": 0,
          "attributes": {
            "acl": "private",
            "bucket": "prod-<customer>splunkprod-us-east-1-splunk-initial-configs",
            "cache_control": "",
            "content": null,
            "content_base64": null,
            "content_disposition": "",
            "content_encoding": "",
            "content_language": "",
            "content_type": "binary/octet-stream",
            "etag": "1061dff8c1acaa070adeed80a4f23c22",
            "force_destroy": false,
            "id": "splunk-deployment/etc/deployment-apps/<customer>_all_licenseclient/local/app.conf",
            "key": "splunk-deployment/etc/deployment-apps/<customer>_all_licenseclient/local/app.conf",
            "kms_key_id": null,
            "metadata": {},
            "object_lock_legal_hold_status": "",
            "object_lock_mode": "",
            "object_lock_retain_until_date": "",
            "server_side_encryption": "",
            "source": "./init_files_for_s3/splunk-deployment/etc/deployment-apps/<customer>_all_licenseclient/local/app.conf",
            "storage_class": "STANDARD",
            "tags": {},
            "version_id": "",
            "website_redirect": ""
          },
          "private": "bnVsbA==",
          "dependencies": [
            "module.common.aws_s3_bucket.inits"
          ]
        },
        {
          "index_key": "splunk-deployment/etc/deployment-apps/<customer>_all_licenseclient/local/server.conf",
          "schema_version": 0,
          "attributes": {
            "acl": "private",
            "bucket": "prod-<customer>splunkprod-us-east-1-splunk-initial-configs",
            "cache_control": "",
            "content": null,
            "content_base64": null,
            "content_disposition": "",
            "content_encoding": "",
            "content_language": "",
            "content_type": "binary/octet-stream",
            "etag": "e819e18e2690335e53a00981e1d4d12b",
            "force_destroy": false,
            "id": "splunk-deployment/etc/deployment-apps/<customer>_all_licenseclient/local/server.conf",
            "key": "splunk-deployment/etc/deployment-apps/<customer>_all_licenseclient/local/server.conf",
            "kms_key_id": null,
            "metadata": {},
            "object_lock_legal_hold_status": "",
            "object_lock_mode": "",
            "object_lock_retain_until_date": "",
            "server_side_encryption": "",
            "source": "./init_files_for_s3/splunk-deployment/etc/deployment-apps/<customer>_all_licenseclient/local/server.conf",
            "storage_class": "STANDARD",
            "tags": {},
            "version_id": "",
            "website_redirect": ""
          },
          "private": "bnVsbA==",
          "dependencies": [
            "module.common.aws_s3_bucket.inits"
          ]
        },
        {
          "index_key": "splunk-deployment/etc/deployment-apps/<customer>_all_search_base/local/app.conf",
          "schema_version": 0,
          "attributes": {
            "acl": "private",
            "bucket": "prod-<customer>splunkprod-us-east-1-splunk-initial-configs",
            "cache_control": "",
            "content": null,
            "content_base64": null,
            "content_disposition": "",
            "content_encoding": "",
            "content_language": "",
            "content_type": "binary/octet-stream",
            "etag": "1061dff8c1acaa070adeed80a4f23c22",
            "force_destroy": false,
            "id": "splunk-deployment/etc/deployment-apps/<customer>_all_search_base/local/app.conf",
            "key": "splunk-deployment/etc/deployment-apps/<customer>_all_search_base/local/app.conf",
            "kms_key_id": null,
            "metadata": {},
            "object_lock_legal_hold_status": "",
            "object_lock_mode": "",
            "object_lock_retain_until_date": "",
            "server_side_encryption": "",
            "source": "./init_files_for_s3/splunk-deployment/etc/deployment-apps/<customer>_all_search_base/local/app.conf",
            "storage_class": "STANDARD",
            "tags": {},
            "version_id": "",
            "website_redirect": ""
          },
          "private": "bnVsbA==",
          "dependencies": [
            "module.common.aws_s3_bucket.inits"
          ]
        },
        {
          "index_key": "splunk-deployment/etc/deployment-apps/<customer>_all_search_base/local/server.conf",
          "schema_version": 0,
          "attributes": {
            "acl": "private",
            "bucket": "prod-<customer>splunkprod-us-east-1-splunk-initial-configs",
            "cache_control": "",
            "content": null,
            "content_base64": null,
            "content_disposition": "",
            "content_encoding": "",
            "content_language": "",
            "content_type": "binary/octet-stream",
            "etag": "f8cd4f9c7ec3852696735bc326383198",
            "force_destroy": false,
            "id": "splunk-deployment/etc/deployment-apps/<customer>_all_search_base/local/server.conf",
            "key": "splunk-deployment/etc/deployment-apps/<customer>_all_search_base/local/server.conf",
            "kms_key_id": null,
            "metadata": {},
            "object_lock_legal_hold_status": "",
            "object_lock_mode": "",
            "object_lock_retain_until_date": "",
            "server_side_encryption": "",
            "source": "./init_files_for_s3/splunk-deployment/etc/deployment-apps/<customer>_all_search_base/local/server.conf",
            "storage_class": "STANDARD",
            "tags": {},
            "version_id": "",
            "website_redirect": ""
          },
          "private": "bnVsbA==",
          "dependencies": [
            "module.common.aws_s3_bucket.inits"
          ]
        },
        {
          "index_key": "splunk-deployment/etc/deployment-apps/<customer>_all_search_base/local/web.conf",
          "schema_version": 0,
          "attributes": {
            "acl": "private",
            "bucket": "prod-<customer>splunkprod-us-east-1-splunk-initial-configs",
            "cache_control": "",
            "content": null,
            "content_base64": null,
            "content_disposition": "",
            "content_encoding": "",
            "content_language": "",
            "content_type": "binary/octet-stream",
            "etag": "3f78fc0683d10abf3700e44728759214",
            "force_destroy": false,
            "id": "splunk-deployment/etc/deployment-apps/<customer>_all_search_base/local/web.conf",
            "key": "splunk-deployment/etc/deployment-apps/<customer>_all_search_base/local/web.conf",
            "kms_key_id": null,
            "metadata": {},
            "object_lock_legal_hold_status": "",
            "object_lock_mode": "",
            "object_lock_retain_until_date": "",
            "server_side_encryption": "",
            "source": "./init_files_for_s3/splunk-deployment/etc/deployment-apps/<customer>_all_search_base/local/web.conf",
            "storage_class": "STANDARD",
            "tags": {},
            "version_id": "",
            "website_redirect": ""
          },
          "private": "bnVsbA==",
          "dependencies": [
            "module.common.aws_s3_bucket.inits"
          ]
        },
        {
          "index_key": "splunk-deployment/etc/deployment-apps/<customer>_deploymentserver_base/local/server.conf",
          "schema_version": 0,
          "attributes": {
            "acl": "private",
            "bucket": "prod-<customer>splunkprod-us-east-1-splunk-initial-configs",
            "cache_control": "",
            "content": null,
            "content_base64": null,
            "content_disposition": "",
            "content_encoding": "",
            "content_language": "",
            "content_type": "binary/octet-stream",
            "etag": "9dec48582a0642b54b7186b0fe2927ad",
            "force_destroy": false,
            "id": "splunk-deployment/etc/deployment-apps/<customer>_deploymentserver_base/local/server.conf",
            "key": "splunk-deployment/etc/deployment-apps/<customer>_deploymentserver_base/local/server.conf",
            "kms_key_id": null,
            "metadata": {},
            "object_lock_legal_hold_status": "",
            "object_lock_mode": "",
            "object_lock_retain_until_date": "",
            "server_side_encryption": "",
            "source": "./init_files_for_s3/splunk-deployment/etc/deployment-apps/<customer>_deploymentserver_base/local/server.conf",
            "storage_class": "STANDARD",
            "tags": {},
            "version_id": "",
            "website_redirect": ""
          },
          "private": "bnVsbA==",
          "dependencies": [
            "module.common.aws_s3_bucket.inits"
          ]
        },
        {
          "index_key": "splunk-deployment/etc/deployment-apps/<customer>_external_deploymentclient/local/deploymentclient.conf",
          "schema_version": 0,
          "attributes": {
            "acl": "private",
            "bucket": "prod-<customer>splunkprod-us-east-1-splunk-initial-configs",
            "cache_control": "",
            "content": null,
            "content_base64": null,
            "content_disposition": "",
            "content_encoding": "",
            "content_language": "",
            "content_type": "binary/octet-stream",
            "etag": "d046fc218afc61d9c7ef838fcf104265",
            "force_destroy": false,
            "id": "splunk-deployment/etc/deployment-apps/<customer>_external_deploymentclient/local/deploymentclient.conf",
            "key": "splunk-deployment/etc/deployment-apps/<customer>_external_deploymentclient/local/deploymentclient.conf",
            "kms_key_id": null,
            "metadata": {},
            "object_lock_legal_hold_status": "",
            "object_lock_mode": "",
            "object_lock_retain_until_date": "",
            "server_side_encryption": "",
            "source": "./init_files_for_s3/splunk-deployment/etc/deployment-apps/<customer>_external_deploymentclient/local/deploymentclient.conf",
            "storage_class": "STANDARD",
            "tags": {},
            "version_id": "",
            "website_redirect": ""
          },
          "private": "bnVsbA==",
          "dependencies": [
            "module.common.aws_s3_bucket.inits"
          ]
        },
        {
          "index_key": "splunk-deployment/etc/deployment-apps/<customer>_external_outputs/local/outputs.conf",
          "schema_version": 0,
          "attributes": {
            "acl": "private",
            "bucket": "prod-<customer>splunkprod-us-east-1-splunk-initial-configs",
            "cache_control": "",
            "content": null,
            "content_base64": null,
            "content_disposition": "",
            "content_encoding": "",
            "content_language": "",
            "content_type": "binary/octet-stream",
            "etag": "daad92873acca397703b7b0cdfffff92",
            "force_destroy": false,
            "id": "splunk-deployment/etc/deployment-apps/<customer>_external_outputs/local/outputs.conf",
            "key": "splunk-deployment/etc/deployment-apps/<customer>_external_outputs/local/outputs.conf",
            "kms_key_id": null,
            "metadata": {},
            "object_lock_legal_hold_status": "",
            "object_lock_mode": "",
            "object_lock_retain_until_date": "",
            "server_side_encryption": "",
            "source": "./init_files_for_s3/splunk-deployment/etc/deployment-apps/<customer>_external_outputs/local/outputs.conf",
            "storage_class": "STANDARD",
            "tags": {},
            "version_id": "",
            "website_redirect": ""
          },
          "private": "bnVsbA==",
          "dependencies": [
            "module.common.aws_s3_bucket.inits"
          ]
        },
        {
          "index_key": "splunk-deployment/etc/deployment-apps/<customer>_indexer_volumes/local/app.conf",
          "schema_version": 0,
          "attributes": {
            "acl": "private",
            "bucket": "prod-<customer>splunkprod-us-east-1-splunk-initial-configs",
            "cache_control": "",
            "content": null,
            "content_base64": null,
            "content_disposition": "",
            "content_encoding": "",
            "content_language": "",
            "content_type": "binary/octet-stream",
            "etag": "1061dff8c1acaa070adeed80a4f23c22",
            "force_destroy": false,
            "id": "splunk-deployment/etc/deployment-apps/<customer>_indexer_volumes/local/app.conf",
            "key": "splunk-deployment/etc/deployment-apps/<customer>_indexer_volumes/local/app.conf",
            "kms_key_id": null,
            "metadata": {},
            "object_lock_legal_hold_status": "",
            "object_lock_mode": "",
            "object_lock_retain_until_date": "",
            "server_side_encryption": "",
            "source": "./init_files_for_s3/splunk-deployment/etc/deployment-apps/<customer>_indexer_volumes/local/app.conf",
            "storage_class": "STANDARD",
            "tags": {},
            "version_id": "",
            "website_redirect": ""
          },
          "private": "bnVsbA==",
          "dependencies": [
            "module.common.aws_s3_bucket.inits"
          ]
        },
        {
          "index_key": "splunk-deployment/etc/deployment-apps/<customer>_indexer_volumes/local/indexes.conf",
          "schema_version": 0,
          "attributes": {
            "acl": "private",
            "bucket": "prod-<customer>splunkprod-us-east-1-splunk-initial-configs",
            "cache_control": "",
            "content": null,
            "content_base64": null,
            "content_disposition": "",
            "content_encoding": "",
            "content_language": "",
            "content_type": "binary/octet-stream",
            "etag": "42fffe357536946586718edf42ac32fc",
            "force_destroy": false,
            "id": "splunk-deployment/etc/deployment-apps/<customer>_indexer_volumes/local/indexes.conf",
            "key": "splunk-deployment/etc/deployment-apps/<customer>_indexer_volumes/local/indexes.conf",
            "kms_key_id": null,
            "metadata": {},
            "object_lock_legal_hold_status": "",
            "object_lock_mode": "",
            "object_lock_retain_until_date": "",
            "server_side_encryption": "",
            "source": "./init_files_for_s3/splunk-deployment/etc/deployment-apps/<customer>_indexer_volumes/local/indexes.conf",
            "storage_class": "STANDARD",
            "tags": {},
            "version_id": "",
            "website_redirect": ""
          },
          "private": "bnVsbA==",
          "dependencies": [
            "module.common.aws_s3_bucket.inits"
          ]
        },
        {
          "index_key": "splunk-deployment/etc/deployment-apps/<customer>_internal_deploymentclient/local/app.conf",
          "schema_version": 0,
          "attributes": {
            "acl": "private",
            "bucket": "prod-<customer>splunkprod-us-east-1-splunk-initial-configs",
            "cache_control": "",
            "content": null,
            "content_base64": null,
            "content_disposition": "",
            "content_encoding": "",
            "content_language": "",
            "content_type": "binary/octet-stream",
            "etag": "b83ef9c8f2ed9fad6954e2d85f124798",
            "force_destroy": false,
            "id": "splunk-deployment/etc/deployment-apps/<customer>_internal_deploymentclient/local/app.conf",
            "key": "splunk-deployment/etc/deployment-apps/<customer>_internal_deploymentclient/local/app.conf",
            "kms_key_id": null,
            "metadata": {},
            "object_lock_legal_hold_status": "",
            "object_lock_mode": "",
            "object_lock_retain_until_date": "",
            "server_side_encryption": "",
            "source": "./init_files_for_s3/splunk-deployment/etc/deployment-apps/<customer>_internal_deploymentclient/local/app.conf",
            "storage_class": "STANDARD",
            "tags": {},
            "version_id": "",
            "website_redirect": ""
          },
          "private": "bnVsbA==",
          "dependencies": [
            "module.common.aws_s3_bucket.inits"
          ]
        },
        {
          "index_key": "splunk-deployment/etc/deployment-apps/<customer>_internal_deploymentclient/local/deploymentclient.conf",
          "schema_version": 0,
          "attributes": {
            "acl": "private",
            "bucket": "prod-<customer>splunkprod-us-east-1-splunk-initial-configs",
            "cache_control": "",
            "content": null,
            "content_base64": null,
            "content_disposition": "",
            "content_encoding": "",
            "content_language": "",
            "content_type": "binary/octet-stream",
            "etag": "0ad723ac11fc5da173c4963bda1df029",
            "force_destroy": false,
            "id": "splunk-deployment/etc/deployment-apps/<customer>_internal_deploymentclient/local/deploymentclient.conf",
            "key": "splunk-deployment/etc/deployment-apps/<customer>_internal_deploymentclient/local/deploymentclient.conf",
            "kms_key_id": null,
            "metadata": {},
            "object_lock_legal_hold_status": "",
            "object_lock_mode": "",
            "object_lock_retain_until_date": "",
            "server_side_encryption": "",
            "source": "./init_files_for_s3/splunk-deployment/etc/deployment-apps/<customer>_internal_deploymentclient/local/deploymentclient.conf",
            "storage_class": "STANDARD",
            "tags": {},
            "version_id": "",
            "website_redirect": ""
          },
          "private": "bnVsbA==",
          "dependencies": [
            "module.common.aws_s3_bucket.inits"
          ]
        },
        {
          "index_key": "splunk-deployment/etc/deployment-apps/<customer>_internal_outputs/local/app.conf",
          "schema_version": 0,
          "attributes": {
            "acl": "private",
            "bucket": "prod-<customer>splunkprod-us-east-1-splunk-initial-configs",
            "cache_control": "",
            "content": null,
            "content_base64": null,
            "content_disposition": "",
            "content_encoding": "",
            "content_language": "",
            "content_type": "binary/octet-stream",
            "etag": "1061dff8c1acaa070adeed80a4f23c22",
            "force_destroy": false,
            "id": "splunk-deployment/etc/deployment-apps/<customer>_internal_outputs/local/app.conf",
            "key": "splunk-deployment/etc/deployment-apps/<customer>_internal_outputs/local/app.conf",
            "kms_key_id": null,
            "metadata": {},
            "object_lock_legal_hold_status": "",
            "object_lock_mode": "",
            "object_lock_retain_until_date": "",
            "server_side_encryption": "",
            "source": "./init_files_for_s3/splunk-deployment/etc/deployment-apps/<customer>_internal_outputs/local/app.conf",
            "storage_class": "STANDARD",
            "tags": {},
            "version_id": "",
            "website_redirect": ""
          },
          "private": "bnVsbA==",
          "dependencies": [
            "module.common.aws_s3_bucket.inits"
          ]
        },
        {
          "index_key": "splunk-deployment/etc/deployment-apps/<customer>_internal_outputs/local/outputs.conf",
          "schema_version": 0,
          "attributes": {
            "acl": "private",
            "bucket": "prod-<customer>splunkprod-us-east-1-splunk-initial-configs",
            "cache_control": "",
            "content": null,
            "content_base64": null,
            "content_disposition": "",
            "content_encoding": "",
            "content_language": "",
            "content_type": "binary/octet-stream",
            "etag": "4560623c7be0cc49e8b35401ecec7779",
            "force_destroy": false,
            "id": "splunk-deployment/etc/deployment-apps/<customer>_internal_outputs/local/outputs.conf",
            "key": "splunk-deployment/etc/deployment-apps/<customer>_internal_outputs/local/outputs.conf",
            "kms_key_id": null,
            "metadata": {},
            "object_lock_legal_hold_status": "",
            "object_lock_mode": "",
            "object_lock_retain_until_date": "",
            "server_side_encryption": "",
            "source": "./init_files_for_s3/splunk-deployment/etc/deployment-apps/<customer>_internal_outputs/local/outputs.conf",
            "storage_class": "STANDARD",
            "tags": {},
            "version_id": "",
            "website_redirect": ""
          },
          "private": "bnVsbA==",
          "dependencies": [
            "module.common.aws_s3_bucket.inits"
          ]
        },
        {
          "index_key": "splunk-deployment/etc/deployment-apps/<customer>_internal_outputs/metadata/local.meta",
          "schema_version": 0,
          "attributes": {
            "acl": "private",
            "bucket": "prod-<customer>splunkprod-us-east-1-splunk-initial-configs",
            "cache_control": "",
            "content": null,
            "content_base64": null,
            "content_disposition": "",
            "content_encoding": "",
            "content_language": "",
            "content_type": "binary/octet-stream",
            "etag": "ea9f723158104878ec6b379c8adb6992",
            "force_destroy": false,
            "id": "splunk-deployment/etc/deployment-apps/<customer>_internal_outputs/metadata/local.meta",
            "key": "splunk-deployment/etc/deployment-apps/<customer>_internal_outputs/metadata/local.meta",
            "kms_key_id": null,
            "metadata": {},
            "object_lock_legal_hold_status": "",
            "object_lock_mode": "",
            "object_lock_retain_until_date": "",
            "server_side_encryption": "",
            "source": "./init_files_for_s3/splunk-deployment/etc/deployment-apps/<customer>_internal_outputs/metadata/local.meta",
            "storage_class": "STANDARD",
            "tags": {},
            "version_id": "",
            "website_redirect": ""
          },
          "private": "bnVsbA==",
          "dependencies": [
            "module.common.aws_s3_bucket.inits"
          ]
        },
        {
          "index_key": "splunk-deployment/etc/deployment-apps/<customer>_master_node_base/local/deploymentclient.conf",
          "schema_version": 0,
          "attributes": {
            "acl": "private",
            "bucket": "prod-<customer>splunkprod-us-east-1-splunk-initial-configs",
            "cache_control": "",
            "content": null,
            "content_base64": null,
            "content_disposition": "",
            "content_encoding": "",
            "content_language": "",
            "content_type": "binary/octet-stream",
            "etag": "3ffbb99c148ae0305ed3eb4acb059fb9",
            "force_destroy": false,
            "id": "splunk-deployment/etc/deployment-apps/<customer>_master_node_base/local/deploymentclient.conf",
            "key": "splunk-deployment/etc/deployment-apps/<customer>_master_node_base/local/deploymentclient.conf",
            "kms_key_id": null,
            "metadata": {},
            "object_lock_legal_hold_status": "",
            "object_lock_mode": "",
            "object_lock_retain_until_date": "",
            "server_side_encryption": "",
            "source": "./init_files_for_s3/splunk-deployment/etc/deployment-apps/<customer>_master_node_base/local/deploymentclient.conf",
            "storage_class": "STANDARD",
            "tags": {},
            "version_id": "",
            "website_redirect": ""
          },
          "private": "bnVsbA==",
          "dependencies": [
            "module.common.aws_s3_bucket.inits"
          ]
        },
        {
          "index_key": "splunk-deployment/etc/deployment-apps/<customer>_master_node_base/local/server.conf",
          "schema_version": 0,
          "attributes": {
            "acl": "private",
            "bucket": "prod-<customer>splunkprod-us-east-1-splunk-initial-configs",
            "cache_control": "",
            "content": null,
            "content_base64": null,
            "content_disposition": "",
            "content_encoding": "",
            "content_language": "",
            "content_type": "binary/octet-stream",
            "etag": "60e583f774a1150b324535fd81ceaa84",
            "force_destroy": false,
            "id": "splunk-deployment/etc/deployment-apps/<customer>_master_node_base/local/server.conf",
            "key": "splunk-deployment/etc/deployment-apps/<customer>_master_node_base/local/server.conf",
            "kms_key_id": null,
            "metadata": {},
            "object_lock_legal_hold_status": "",
            "object_lock_mode": "",
            "object_lock_retain_until_date": "",
            "server_side_encryption": "",
            "source": "./init_files_for_s3/splunk-deployment/etc/deployment-apps/<customer>_master_node_base/local/server.conf",
            "storage_class": "STANDARD",
            "tags": {},
            "version_id": "",
            "website_redirect": ""
          },
          "private": "bnVsbA==",
          "dependencies": [
            "module.common.aws_s3_bucket.inits"
          ]
        },
        {
          "index_key": "splunk-deployment/etc/deployment-apps/<customer>_master_node_base/local/web.conf",
          "schema_version": 0,
          "attributes": {
            "acl": "private",
            "bucket": "prod-<customer>splunkprod-us-east-1-splunk-initial-configs",
            "cache_control": "",
            "content": null,
            "content_base64": null,
            "content_disposition": "",
            "content_encoding": "",
            "content_language": "",
            "content_type": "binary/octet-stream",
            "etag": "3f78fc0683d10abf3700e44728759214",
            "force_destroy": false,
            "id": "splunk-deployment/etc/deployment-apps/<customer>_master_node_base/local/web.conf",
            "key": "splunk-deployment/etc/deployment-apps/<customer>_master_node_base/local/web.conf",
            "kms_key_id": null,
            "metadata": {},
            "object_lock_legal_hold_status": "",
            "object_lock_mode": "",
            "object_lock_retain_until_date": "",
            "server_side_encryption": "",
            "source": "./init_files_for_s3/splunk-deployment/etc/deployment-apps/<customer>_master_node_base/local/web.conf",
            "storage_class": "STANDARD",
            "tags": {},
            "version_id": "",
            "website_redirect": ""
          },
          "private": "bnVsbA==",
          "dependencies": [
            "module.common.aws_s3_bucket.inits"
          ]
        },
        {
          "index_key": "splunk-deployment/etc/deployment-apps/<customer>_master_node_base/metadata/local.meta",
          "schema_version": 0,
          "attributes": {
            "acl": "private",
            "bucket": "prod-<customer>splunkprod-us-east-1-splunk-initial-configs",
            "cache_control": "",
            "content": null,
            "content_base64": null,
            "content_disposition": "",
            "content_encoding": "",
            "content_language": "",
            "content_type": "binary/octet-stream",
            "etag": "c74c0e55d0cadac5d1975a0ceaa0c710",
            "force_destroy": false,
            "id": "splunk-deployment/etc/deployment-apps/<customer>_master_node_base/metadata/local.meta",
            "key": "splunk-deployment/etc/deployment-apps/<customer>_master_node_base/metadata/local.meta",
            "kms_key_id": null,
            "metadata": {},
            "object_lock_legal_hold_status": "",
            "object_lock_mode": "",
            "object_lock_retain_until_date": "",
            "server_side_encryption": "",
            "source": "./init_files_for_s3/splunk-deployment/etc/deployment-apps/<customer>_master_node_base/metadata/local.meta",
            "storage_class": "STANDARD",
            "tags": {},
            "version_id": "",
            "website_redirect": ""
          },
          "private": "bnVsbA==",
          "dependencies": [
            "module.common.aws_s3_bucket.inits"
          ]
        },
        {
          "index_key": "splunk-deployment/etc/deployment-apps/<customer>_search_volumes/local/app.conf",
          "schema_version": 0,
          "attributes": {
            "acl": "private",
            "bucket": "prod-<customer>splunkprod-us-east-1-splunk-initial-configs",
            "cache_control": "",
            "content": null,
            "content_base64": null,
            "content_disposition": "",
            "content_encoding": "",
            "content_language": "",
            "content_type": "binary/octet-stream",
            "etag": "1061dff8c1acaa070adeed80a4f23c22",
            "force_destroy": false,
            "id": "splunk-deployment/etc/deployment-apps/<customer>_search_volumes/local/app.conf",
            "key": "splunk-deployment/etc/deployment-apps/<customer>_search_volumes/local/app.conf",
            "kms_key_id": null,
            "metadata": {},
            "object_lock_legal_hold_status": "",
            "object_lock_mode": "",
            "object_lock_retain_until_date": "",
            "server_side_encryption": "",
            "source": "./init_files_for_s3/splunk-deployment/etc/deployment-apps/<customer>_search_volumes/local/app.conf",
            "storage_class": "STANDARD",
            "tags": {},
            "version_id": "",
            "website_redirect": ""
          },
          "private": "bnVsbA==",
          "dependencies": [
            "module.common.aws_s3_bucket.inits"
          ]
        },
        {
          "index_key": "splunk-deployment/etc/deployment-apps/<customer>_search_volumes/local/indexes.conf",
          "schema_version": 0,
          "attributes": {
            "acl": "private",
            "bucket": "prod-<customer>splunkprod-us-east-1-splunk-initial-configs",
            "cache_control": "",
            "content": null,
            "content_base64": null,
            "content_disposition": "",
            "content_encoding": "",
            "content_language": "",
            "content_type": "binary/octet-stream",
            "etag": "3178fa81b8f8b78956c3fe1ebc0ff4fa",
            "force_destroy": false,
            "id": "splunk-deployment/etc/deployment-apps/<customer>_search_volumes/local/indexes.conf",
            "key": "splunk-deployment/etc/deployment-apps/<customer>_search_volumes/local/indexes.conf",
            "kms_key_id": null,
            "metadata": {},
            "object_lock_legal_hold_status": "",
            "object_lock_mode": "",
            "object_lock_retain_until_date": "",
            "server_side_encryption": "",
            "source": "./init_files_for_s3/splunk-deployment/etc/deployment-apps/<customer>_search_volumes/local/indexes.conf",
            "storage_class": "STANDARD",
            "tags": {},
            "version_id": "",
            "website_redirect": ""
          },
          "private": "bnVsbA==",
          "dependencies": [
            "module.common.aws_s3_bucket.inits"
          ]
        },
        {
          "index_key": "splunk-deployment/etc/system/local/alert_actions.conf",
          "schema_version": 0,
          "attributes": {
            "acl": "private",
            "bucket": "prod-<customer>splunkprod-us-east-1-splunk-initial-configs",
            "cache_control": "",
            "content": null,
            "content_base64": null,
            "content_disposition": "",
            "content_encoding": "",
            "content_language": "",
            "content_type": "binary/octet-stream",
            "etag": "9613e5990e31a32759681d47f7c23567",
            "force_destroy": false,
            "id": "splunk-deployment/etc/system/local/alert_actions.conf",
            "key": "splunk-deployment/etc/system/local/alert_actions.conf",
            "kms_key_id": null,
            "metadata": {},
            "object_lock_legal_hold_status": "",
            "object_lock_mode": "",
            "object_lock_retain_until_date": "",
            "server_side_encryption": "",
            "source": "./init_files_for_s3/splunk-deployment/etc/system/local/alert_actions.conf",
            "storage_class": "STANDARD",
            "tags": {},
            "version_id": "",
            "website_redirect": ""
          },
          "private": "bnVsbA==",
          "dependencies": [
            "module.common.aws_s3_bucket.inits"
          ]
        },
        {
          "index_key": "splunk-deployment/etc/system/local/authentication.conf",
          "schema_version": 0,
          "attributes": {
            "acl": "private",
            "bucket": "prod-<customer>splunkprod-us-east-1-splunk-initial-configs",
            "cache_control": "",
            "content": null,
            "content_base64": null,
            "content_disposition": "",
            "content_encoding": "",
            "content_language": "",
            "content_type": "binary/octet-stream",
            "etag": "e00851d5dc54df4ca4a71b2e293d0899",
            "force_destroy": false,
            "id": "splunk-deployment/etc/system/local/authentication.conf",
            "key": "splunk-deployment/etc/system/local/authentication.conf",
            "kms_key_id": null,
            "metadata": {},
            "object_lock_legal_hold_status": "",
            "object_lock_mode": "",
            "object_lock_retain_until_date": "",
            "server_side_encryption": "",
            "source": "./init_files_for_s3/splunk-deployment/etc/system/local/authentication.conf",
            "storage_class": "STANDARD",
            "tags": {},
            "version_id": "",
            "website_redirect": ""
          },
          "private": "bnVsbA==",
          "dependencies": [
            "module.common.aws_s3_bucket.inits"
          ]
        },
        {
          "index_key": "splunk-deployment/etc/system/local/serverclass.conf",
          "schema_version": 0,
          "attributes": {
            "acl": "private",
            "bucket": "prod-<customer>splunkprod-us-east-1-splunk-initial-configs",
            "cache_control": "",
            "content": null,
            "content_base64": null,
            "content_disposition": "",
            "content_encoding": "",
            "content_language": "",
            "content_type": "binary/octet-stream",
            "etag": "e5b82e68399f73f1e0ca0bc5d7d224cf",
            "force_destroy": false,
            "id": "splunk-deployment/etc/system/local/serverclass.conf",
            "key": "splunk-deployment/etc/system/local/serverclass.conf",
            "kms_key_id": null,
            "metadata": {},
            "object_lock_legal_hold_status": "",
            "object_lock_mode": "",
            "object_lock_retain_until_date": "",
            "server_side_encryption": "",
            "source": "./init_files_for_s3/splunk-deployment/etc/system/local/serverclass.conf",
            "storage_class": "STANDARD",
            "tags": {},
            "version_id": "",
            "website_redirect": ""
          },
          "private": "bnVsbA==",
          "dependencies": [
            "module.common.aws_s3_bucket.inits"
          ]
        },
        {
          "index_key": "splunk-forwarder/etc/apps/<customer>_all_search_base/local/app.conf",
          "schema_version": 0,
          "attributes": {
            "acl": "private",
            "bucket": "prod-<customer>splunkprod-us-east-1-splunk-initial-configs",
            "cache_control": "",
            "content": null,
            "content_base64": null,
            "content_disposition": "",
            "content_encoding": "",
            "content_language": "",
            "content_type": "binary/octet-stream",
            "etag": "1061dff8c1acaa070adeed80a4f23c22",
            "force_destroy": false,
            "id": "splunk-forwarder/etc/apps/<customer>_all_search_base/local/app.conf",
            "key": "splunk-forwarder/etc/apps/<customer>_all_search_base/local/app.conf",
            "kms_key_id": null,
            "metadata": {},
            "object_lock_legal_hold_status": "",
            "object_lock_mode": "",
            "object_lock_retain_until_date": "",
            "server_side_encryption": "",
            "source": "./init_files_for_s3/splunk-forwarder/etc/apps/<customer>_all_search_base/local/app.conf",
            "storage_class": "STANDARD",
            "tags": {},
            "version_id": "",
            "website_redirect": ""
          },
          "private": "bnVsbA==",
          "dependencies": [
            "module.common.aws_s3_bucket.inits"
          ]
        },
        {
          "index_key": "splunk-forwarder/etc/apps/<customer>_all_search_base/local/server.conf",
          "schema_version": 0,
          "attributes": {
            "acl": "private",
            "bucket": "prod-<customer>splunkprod-us-east-1-splunk-initial-configs",
            "cache_control": "",
            "content": null,
            "content_base64": null,
            "content_disposition": "",
            "content_encoding": "",
            "content_language": "",
            "content_type": "binary/octet-stream",
            "etag": "0f3bf816e78a7a31e6af5b0a0779ff5d",
            "force_destroy": false,
            "id": "splunk-forwarder/etc/apps/<customer>_all_search_base/local/server.conf",
            "key": "splunk-forwarder/etc/apps/<customer>_all_search_base/local/server.conf",
            "kms_key_id": null,
            "metadata": {},
            "object_lock_legal_hold_status": "",
            "object_lock_mode": "",
            "object_lock_retain_until_date": "",
            "server_side_encryption": "",
            "source": "./init_files_for_s3/splunk-forwarder/etc/apps/<customer>_all_search_base/local/server.conf",
            "storage_class": "STANDARD",
            "tags": {},
            "version_id": "",
            "website_redirect": ""
          },
          "private": "bnVsbA==",
          "dependencies": [
            "module.common.aws_s3_bucket.inits"
          ]
        },
        {
          "index_key": "splunk-forwarder/etc/apps/<customer>_all_search_base/local/web.conf",
          "schema_version": 0,
          "attributes": {
            "acl": "private",
            "bucket": "prod-<customer>splunkprod-us-east-1-splunk-initial-configs",
            "cache_control": "",
            "content": null,
            "content_base64": null,
            "content_disposition": "",
            "content_encoding": "",
            "content_language": "",
            "content_type": "binary/octet-stream",
            "etag": "3f78fc0683d10abf3700e44728759214",
            "force_destroy": false,
            "id": "splunk-forwarder/etc/apps/<customer>_all_search_base/local/web.conf",
            "key": "splunk-forwarder/etc/apps/<customer>_all_search_base/local/web.conf",
            "kms_key_id": null,
            "metadata": {},
            "object_lock_legal_hold_status": "",
            "object_lock_mode": "",
            "object_lock_retain_until_date": "",
            "server_side_encryption": "",
            "source": "./init_files_for_s3/splunk-forwarder/etc/apps/<customer>_all_search_base/local/web.conf",
            "storage_class": "STANDARD",
            "tags": {},
            "version_id": "",
            "website_redirect": ""
          },
          "private": "bnVsbA==",
          "dependencies": [
            "module.common.aws_s3_bucket.inits"
          ]
        },
        {
          "index_key": "splunk-forwarder/etc/apps/<customer>_internal_deploymentclient/local/app.conf",
          "schema_version": 0,
          "attributes": {
            "acl": "private",
            "bucket": "prod-<customer>splunkprod-us-east-1-splunk-initial-configs",
            "cache_control": "",
            "content": null,
            "content_base64": null,
            "content_disposition": "",
            "content_encoding": "",
            "content_language": "",
            "content_type": "binary/octet-stream",
            "etag": "b83ef9c8f2ed9fad6954e2d85f124798",
            "force_destroy": false,
            "id": "splunk-forwarder/etc/apps/<customer>_internal_deploymentclient/local/app.conf",
            "key": "splunk-forwarder/etc/apps/<customer>_internal_deploymentclient/local/app.conf",
            "kms_key_id": null,
            "metadata": {},
            "object_lock_legal_hold_status": "",
            "object_lock_mode": "",
            "object_lock_retain_until_date": "",
            "server_side_encryption": "",
            "source": "./init_files_for_s3/splunk-forwarder/etc/apps/<customer>_internal_deploymentclient/local/app.conf",
            "storage_class": "STANDARD",
            "tags": {},
            "version_id": "",
            "website_redirect": ""
          },
          "private": "bnVsbA==",
          "dependencies": [
            "module.common.aws_s3_bucket.inits"
          ]
        },
        {
          "index_key": "splunk-forwarder/etc/apps/<customer>_internal_deploymentclient/local/deploymentclient.conf",
          "schema_version": 0,
          "attributes": {
            "acl": "private",
            "bucket": "prod-<customer>splunkprod-us-east-1-splunk-initial-configs",
            "cache_control": "",
            "content": null,
            "content_base64": null,
            "content_disposition": "",
            "content_encoding": "",
            "content_language": "",
            "content_type": "binary/octet-stream",
            "etag": "0ad723ac11fc5da173c4963bda1df029",
            "force_destroy": false,
            "id": "splunk-forwarder/etc/apps/<customer>_internal_deploymentclient/local/deploymentclient.conf",
            "key": "splunk-forwarder/etc/apps/<customer>_internal_deploymentclient/local/deploymentclient.conf",
            "kms_key_id": null,
            "metadata": {},
            "object_lock_legal_hold_status": "",
            "object_lock_mode": "",
            "object_lock_retain_until_date": "",
            "server_side_encryption": "",
            "source": "./init_files_for_s3/splunk-forwarder/etc/apps/<customer>_internal_deploymentclient/local/deploymentclient.conf",
            "storage_class": "STANDARD",
            "tags": {},
            "version_id": "",
            "website_redirect": ""
          },
          "private": "bnVsbA==",
          "dependencies": [
            "module.common.aws_s3_bucket.inits"
          ]
        },
        {
          "index_key": "splunk-forwarder/etc/auth/idpCerts/idpCert.pem",
          "schema_version": 0,
          "attributes": {
            "acl": "private",
            "bucket": "prod-<customer>splunkprod-us-east-1-splunk-initial-configs",
            "cache_control": "",
            "content": null,
            "content_base64": null,
            "content_disposition": "",
            "content_encoding": "",
            "content_language": "",
            "content_type": "binary/octet-stream",
            "etag": "d1bddb2ccebf768a526497e9f15b3960",
            "force_destroy": false,
            "id": "splunk-forwarder/etc/auth/idpCerts/idpCert.pem",
            "key": "splunk-forwarder/etc/auth/idpCerts/idpCert.pem",
            "kms_key_id": null,
            "metadata": {},
            "object_lock_legal_hold_status": "",
            "object_lock_mode": "",
            "object_lock_retain_until_date": "",
            "server_side_encryption": "",
            "source": "./init_files_for_s3/splunk-forwarder/etc/auth/idpCerts/idpCert.pem",
            "storage_class": "STANDARD",
            "tags": {},
            "version_id": "",
            "website_redirect": ""
          },
          "private": "bnVsbA==",
          "dependencies": [
            "module.common.aws_s3_bucket.inits"
          ]
        },
        {
          "index_key": "splunk-forwarder/etc/system/local/authentication.conf",
          "schema_version": 0,
          "attributes": {
            "acl": "private",
            "bucket": "prod-<customer>splunkprod-us-east-1-splunk-initial-configs",
            "cache_control": "",
            "content": null,
            "content_base64": null,
            "content_disposition": "",
            "content_encoding": "",
            "content_language": "",
            "content_type": "binary/octet-stream",
            "etag": "ce122c43205dfe6f37e0fab6a0827c02",
            "force_destroy": false,
            "id": "splunk-forwarder/etc/system/local/authentication.conf",
            "key": "splunk-forwarder/etc/system/local/authentication.conf",
            "kms_key_id": null,
            "metadata": {},
            "object_lock_legal_hold_status": "",
            "object_lock_mode": "",
            "object_lock_retain_until_date": "",
            "server_side_encryption": "",
            "source": "./init_files_for_s3/splunk-forwarder/etc/system/local/authentication.conf",
            "storage_class": "STANDARD",
            "tags": {},
            "version_id": "",
            "website_redirect": ""
          },
          "private": "bnVsbA==",
          "dependencies": [
            "module.common.aws_s3_bucket.inits"
          ]
        },
        {
          "index_key": "splunk-indexer-01/etc/apps/<customer>_all_indexer_base/local/limits.conf",
          "schema_version": 0,
          "attributes": {
            "acl": "private",
            "bucket": "prod-<customer>splunkprod-us-east-1-splunk-initial-configs",
            "cache_control": "",
            "content": null,
            "content_base64": null,
            "content_disposition": "",
            "content_encoding": "",
            "content_language": "",
            "content_type": "binary/octet-stream",
            "etag": "034e56f21ef076dc72820a5ea8c9cadc",
            "force_destroy": false,
            "id": "splunk-indexer-01/etc/apps/<customer>_all_indexer_base/local/limits.conf",
            "key": "splunk-indexer-01/etc/apps/<customer>_all_indexer_base/local/limits.conf",
            "kms_key_id": null,
            "metadata": {},
            "object_lock_legal_hold_status": "",
            "object_lock_mode": "",
            "object_lock_retain_until_date": "",
            "server_side_encryption": "",
            "source": "./init_files_for_s3/splunk-indexer-01/etc/apps/<customer>_all_indexer_base/local/limits.conf",
            "storage_class": "STANDARD",
            "tags": {},
            "version_id": "",
            "website_redirect": ""
          },
          "private": "bnVsbA==",
          "dependencies": [
            "module.common.aws_s3_bucket.inits"
          ]
        },
        {
          "index_key": "splunk-indexer-01/etc/apps/<customer>_all_indexer_base/local/server.conf",
          "schema_version": 0,
          "attributes": {
            "acl": "private",
            "bucket": "prod-<customer>splunkprod-us-east-1-splunk-initial-configs",
            "cache_control": "",
            "content": null,
            "content_base64": null,
            "content_disposition": "",
            "content_encoding": "",
            "content_language": "",
            "content_type": "binary/octet-stream",
            "etag": "37685d6ee139361598be99bd9a5fb0f9",
            "force_destroy": false,
            "id": "splunk-indexer-01/etc/apps/<customer>_all_indexer_base/local/server.conf",
            "key": "splunk-indexer-01/etc/apps/<customer>_all_indexer_base/local/server.conf",
            "kms_key_id": null,
            "metadata": {},
            "object_lock_legal_hold_status": "",
            "object_lock_mode": "",
            "object_lock_retain_until_date": "",
            "server_side_encryption": "",
            "source": "./init_files_for_s3/splunk-indexer-01/etc/apps/<customer>_all_indexer_base/local/server.conf",
            "storage_class": "STANDARD",
            "tags": {},
            "version_id": "",
            "website_redirect": ""
          },
          "private": "bnVsbA==",
          "dependencies": [
            "module.common.aws_s3_bucket.inits"
          ]
        },
        {
          "index_key": "splunk-indexer-01/etc/apps/<customer>_all_indexer_base/local/web.conf",
          "schema_version": 0,
          "attributes": {
            "acl": "private",
            "bucket": "prod-<customer>splunkprod-us-east-1-splunk-initial-configs",
            "cache_control": "",
            "content": null,
            "content_base64": null,
            "content_disposition": "",
            "content_encoding": "",
            "content_language": "",
            "content_type": "binary/octet-stream",
            "etag": "1bda12cb41c200bac9e5ee1a1704fdbe",
            "force_destroy": false,
            "id": "splunk-indexer-01/etc/apps/<customer>_all_indexer_base/local/web.conf",
            "key": "splunk-indexer-01/etc/apps/<customer>_all_indexer_base/local/web.conf",
            "kms_key_id": null,
            "metadata": {},
            "object_lock_legal_hold_status": "",
            "object_lock_mode": "",
            "object_lock_retain_until_date": "",
            "server_side_encryption": "",
            "source": "./init_files_for_s3/splunk-indexer-01/etc/apps/<customer>_all_indexer_base/local/web.conf",
            "storage_class": "STANDARD",
            "tags": {},
            "version_id": "",
            "website_redirect": ""
          },
          "private": "bnVsbA==",
          "dependencies": [
            "module.common.aws_s3_bucket.inits"
          ]
        },
        {
          "index_key": "splunk-indexer-01/etc/auth/certs/cacert.pem",
          "schema_version": 0,
          "attributes": {
            "acl": "private",
            "bucket": "prod-<customer>splunkprod-us-east-1-splunk-initial-configs",
            "cache_control": "",
            "content": null,
            "content_base64": null,
            "content_disposition": "",
            "content_encoding": "",
            "content_language": "",
            "content_type": "binary/octet-stream",
            "etag": "fb0eab674dee9db5d4ca7f080cb76954",
            "force_destroy": false,
            "id": "splunk-indexer-01/etc/auth/certs/cacert.pem",
            "key": "splunk-indexer-01/etc/auth/certs/cacert.pem",
            "kms_key_id": null,
            "metadata": {},
            "object_lock_legal_hold_status": "",
            "object_lock_mode": "",
            "object_lock_retain_until_date": "",
            "server_side_encryption": "",
            "source": "./init_files_for_s3/splunk-indexer-01/etc/auth/certs/cacert.pem",
            "storage_class": "STANDARD",
            "tags": {},
            "version_id": "",
            "website_redirect": ""
          },
          "private": "bnVsbA==",
          "dependencies": [
            "module.common.aws_s3_bucket.inits"
          ]
        },
        {
          "index_key": "splunk-indexer-01/etc/system/local/inputs.conf",
          "schema_version": 0,
          "attributes": {
            "acl": "private",
            "bucket": "prod-<customer>splunkprod-us-east-1-splunk-initial-configs",
            "cache_control": "",
            "content": null,
            "content_base64": null,
            "content_disposition": "",
            "content_encoding": "",
            "content_language": "",
            "content_type": "binary/octet-stream",
            "etag": "cd08b9dc5e5c1495dfc046232ff199a1",
            "force_destroy": false,
            "id": "splunk-indexer-01/etc/system/local/inputs.conf",
            "key": "splunk-indexer-01/etc/system/local/inputs.conf",
            "kms_key_id": null,
            "metadata": {},
            "object_lock_legal_hold_status": "",
            "object_lock_mode": "",
            "object_lock_retain_until_date": "",
            "server_side_encryption": "",
            "source": "./init_files_for_s3/splunk-indexer-01/etc/system/local/inputs.conf",
            "storage_class": "STANDARD",
            "tags": {},
            "version_id": "",
            "website_redirect": ""
          },
          "private": "bnVsbA==",
          "dependencies": [
            "module.common.aws_s3_bucket.inits"
          ]
        },
        {
          "index_key": "splunk-indexer-02/etc/apps/<customer>_all_indexer_base/local/limits.conf",
          "schema_version": 0,
          "attributes": {
            "acl": "private",
            "bucket": "prod-<customer>splunkprod-us-east-1-splunk-initial-configs",
            "cache_control": "",
            "content": null,
            "content_base64": null,
            "content_disposition": "",
            "content_encoding": "",
            "content_language": "",
            "content_type": "binary/octet-stream",
            "etag": "034e56f21ef076dc72820a5ea8c9cadc",
            "force_destroy": false,
            "id": "splunk-indexer-02/etc/apps/<customer>_all_indexer_base/local/limits.conf",
            "key": "splunk-indexer-02/etc/apps/<customer>_all_indexer_base/local/limits.conf",
            "kms_key_id": null,
            "metadata": {},
            "object_lock_legal_hold_status": "",
            "object_lock_mode": "",
            "object_lock_retain_until_date": "",
            "server_side_encryption": "",
            "source": "./init_files_for_s3/splunk-indexer-02/etc/apps/<customer>_all_indexer_base/local/limits.conf",
            "storage_class": "STANDARD",
            "tags": {},
            "version_id": "",
            "website_redirect": ""
          },
          "private": "bnVsbA==",
          "dependencies": [
            "module.common.aws_s3_bucket.inits"
          ]
        },
        {
          "index_key": "splunk-indexer-02/etc/apps/<customer>_all_indexer_base/local/server.conf",
          "schema_version": 0,
          "attributes": {
            "acl": "private",
            "bucket": "prod-<customer>splunkprod-us-east-1-splunk-initial-configs",
            "cache_control": "",
            "content": null,
            "content_base64": null,
            "content_disposition": "",
            "content_encoding": "",
            "content_language": "",
            "content_type": "binary/octet-stream",
            "etag": "37685d6ee139361598be99bd9a5fb0f9",
            "force_destroy": false,
            "id": "splunk-indexer-02/etc/apps/<customer>_all_indexer_base/local/server.conf",
            "key": "splunk-indexer-02/etc/apps/<customer>_all_indexer_base/local/server.conf",
            "kms_key_id": null,
            "metadata": {},
            "object_lock_legal_hold_status": "",
            "object_lock_mode": "",
            "object_lock_retain_until_date": "",
            "server_side_encryption": "",
            "source": "./init_files_for_s3/splunk-indexer-02/etc/apps/<customer>_all_indexer_base/local/server.conf",
            "storage_class": "STANDARD",
            "tags": {},
            "version_id": "",
            "website_redirect": ""
          },
          "private": "bnVsbA==",
          "dependencies": [
            "module.common.aws_s3_bucket.inits"
          ]
        },
        {
          "index_key": "splunk-indexer-02/etc/apps/<customer>_all_indexer_base/local/web.conf",
          "schema_version": 0,
          "attributes": {
            "acl": "private",
            "bucket": "prod-<customer>splunkprod-us-east-1-splunk-initial-configs",
            "cache_control": "",
            "content": null,
            "content_base64": null,
            "content_disposition": "",
            "content_encoding": "",
            "content_language": "",
            "content_type": "binary/octet-stream",
            "etag": "1bda12cb41c200bac9e5ee1a1704fdbe",
            "force_destroy": false,
            "id": "splunk-indexer-02/etc/apps/<customer>_all_indexer_base/local/web.conf",
            "key": "splunk-indexer-02/etc/apps/<customer>_all_indexer_base/local/web.conf",
            "kms_key_id": null,
            "metadata": {},
            "object_lock_legal_hold_status": "",
            "object_lock_mode": "",
            "object_lock_retain_until_date": "",
            "server_side_encryption": "",
            "source": "./init_files_for_s3/splunk-indexer-02/etc/apps/<customer>_all_indexer_base/local/web.conf",
            "storage_class": "STANDARD",
            "tags": {},
            "version_id": "",
            "website_redirect": ""
          },
          "private": "bnVsbA==",
          "dependencies": [
            "module.common.aws_s3_bucket.inits"
          ]
        },
        {
          "index_key": "splunk-indexer-02/etc/auth/certs/cacert.pem",
          "schema_version": 0,
          "attributes": {
            "acl": "private",
            "bucket": "prod-<customer>splunkprod-us-east-1-splunk-initial-configs",
            "cache_control": "",
            "content": null,
            "content_base64": null,
            "content_disposition": "",
            "content_encoding": "",
            "content_language": "",
            "content_type": "binary/octet-stream",
            "etag": "fb0eab674dee9db5d4ca7f080cb76954",
            "force_destroy": false,
            "id": "splunk-indexer-02/etc/auth/certs/cacert.pem",
            "key": "splunk-indexer-02/etc/auth/certs/cacert.pem",
            "kms_key_id": null,
            "metadata": {},
            "object_lock_legal_hold_status": "",
            "object_lock_mode": "",
            "object_lock_retain_until_date": "",
            "server_side_encryption": "",
            "source": "./init_files_for_s3/splunk-indexer-02/etc/auth/certs/cacert.pem",
            "storage_class": "STANDARD",
            "tags": {},
            "version_id": "",
            "website_redirect": ""
          },
          "private": "bnVsbA==",
          "dependencies": [
            "module.common.aws_s3_bucket.inits"
          ]
        },
        {
          "index_key": "splunk-indexer-02/etc/system/local/inputs.conf",
          "schema_version": 0,
          "attributes": {
            "acl": "private",
            "bucket": "prod-<customer>splunkprod-us-east-1-splunk-initial-configs",
            "cache_control": "",
            "content": null,
            "content_base64": null,
            "content_disposition": "",
            "content_encoding": "",
            "content_language": "",
            "content_type": "binary/octet-stream",
            "etag": "5fa5ed35fb44d0bd4e938d370bd47dae",
            "force_destroy": false,
            "id": "splunk-indexer-02/etc/system/local/inputs.conf",
            "key": "splunk-indexer-02/etc/system/local/inputs.conf",
            "kms_key_id": null,
            "metadata": {},
            "object_lock_legal_hold_status": "",
            "object_lock_mode": "",
            "object_lock_retain_until_date": "",
            "server_side_encryption": "",
            "source": "./init_files_for_s3/splunk-indexer-02/etc/system/local/inputs.conf",
            "storage_class": "STANDARD",
            "tags": {},
            "version_id": "",
            "website_redirect": ""
          },
          "private": "bnVsbA==",
          "dependencies": [
            "module.common.aws_s3_bucket.inits"
          ]
        },
        {
          "index_key": "splunk-indexer-03/etc/apps/<customer>_all_indexer_base/local/limits.conf",
          "schema_version": 0,
          "attributes": {
            "acl": "private",
            "bucket": "prod-<customer>splunkprod-us-east-1-splunk-initial-configs",
            "cache_control": "",
            "content": null,
            "content_base64": null,
            "content_disposition": "",
            "content_encoding": "",
            "content_language": "",
            "content_type": "binary/octet-stream",
            "etag": "034e56f21ef076dc72820a5ea8c9cadc",
            "force_destroy": false,
            "id": "splunk-indexer-03/etc/apps/<customer>_all_indexer_base/local/limits.conf",
            "key": "splunk-indexer-03/etc/apps/<customer>_all_indexer_base/local/limits.conf",
            "kms_key_id": null,
            "metadata": {},
            "object_lock_legal_hold_status": "",
            "object_lock_mode": "",
            "object_lock_retain_until_date": "",
            "server_side_encryption": "",
            "source": "./init_files_for_s3/splunk-indexer-03/etc/apps/<customer>_all_indexer_base/local/limits.conf",
            "storage_class": "STANDARD",
            "tags": {},
            "version_id": "",
            "website_redirect": ""
          },
          "private": "bnVsbA==",
          "dependencies": [
            "module.common.aws_s3_bucket.inits"
          ]
        },
        {
          "index_key": "splunk-indexer-03/etc/apps/<customer>_all_indexer_base/local/server.conf",
          "schema_version": 0,
          "attributes": {
            "acl": "private",
            "bucket": "prod-<customer>splunkprod-us-east-1-splunk-initial-configs",
            "cache_control": "",
            "content": null,
            "content_base64": null,
            "content_disposition": "",
            "content_encoding": "",
            "content_language": "",
            "content_type": "binary/octet-stream",
            "etag": "37685d6ee139361598be99bd9a5fb0f9",
            "force_destroy": false,
            "id": "splunk-indexer-03/etc/apps/<customer>_all_indexer_base/local/server.conf",
            "key": "splunk-indexer-03/etc/apps/<customer>_all_indexer_base/local/server.conf",
            "kms_key_id": null,
            "metadata": {},
            "object_lock_legal_hold_status": "",
            "object_lock_mode": "",
            "object_lock_retain_until_date": "",
            "server_side_encryption": "",
            "source": "./init_files_for_s3/splunk-indexer-03/etc/apps/<customer>_all_indexer_base/local/server.conf",
            "storage_class": "STANDARD",
            "tags": {},
            "version_id": "",
            "website_redirect": ""
          },
          "private": "bnVsbA==",
          "dependencies": [
            "module.common.aws_s3_bucket.inits"
          ]
        },
        {
          "index_key": "splunk-indexer-03/etc/apps/<customer>_all_indexer_base/local/web.conf",
          "schema_version": 0,
          "attributes": {
            "acl": "private",
            "bucket": "prod-<customer>splunkprod-us-east-1-splunk-initial-configs",
            "cache_control": "",
            "content": null,
            "content_base64": null,
            "content_disposition": "",
            "content_encoding": "",
            "content_language": "",
            "content_type": "binary/octet-stream",
            "etag": "1bda12cb41c200bac9e5ee1a1704fdbe",
            "force_destroy": false,
            "id": "splunk-indexer-03/etc/apps/<customer>_all_indexer_base/local/web.conf",
            "key": "splunk-indexer-03/etc/apps/<customer>_all_indexer_base/local/web.conf",
            "kms_key_id": null,
            "metadata": {},
            "object_lock_legal_hold_status": "",
            "object_lock_mode": "",
            "object_lock_retain_until_date": "",
            "server_side_encryption": "",
            "source": "./init_files_for_s3/splunk-indexer-03/etc/apps/<customer>_all_indexer_base/local/web.conf",
            "storage_class": "STANDARD",
            "tags": {},
            "version_id": "",
            "website_redirect": ""
          },
          "private": "bnVsbA==",
          "dependencies": [
            "module.common.aws_s3_bucket.inits"
          ]
        },
        {
          "index_key": "splunk-indexer-03/etc/auth/certs/cacert.pem",
          "schema_version": 0,
          "attributes": {
            "acl": "private",
            "bucket": "prod-<customer>splunkprod-us-east-1-splunk-initial-configs",
            "cache_control": "",
            "content": null,
            "content_base64": null,
            "content_disposition": "",
            "content_encoding": "",
            "content_language": "",
            "content_type": "binary/octet-stream",
            "etag": "fb0eab674dee9db5d4ca7f080cb76954",
            "force_destroy": false,
            "id": "splunk-indexer-03/etc/auth/certs/cacert.pem",
            "key": "splunk-indexer-03/etc/auth/certs/cacert.pem",
            "kms_key_id": null,
            "metadata": {},
            "object_lock_legal_hold_status": "",
            "object_lock_mode": "",
            "object_lock_retain_until_date": "",
            "server_side_encryption": "",
            "source": "./init_files_for_s3/splunk-indexer-03/etc/auth/certs/cacert.pem",
            "storage_class": "STANDARD",
            "tags": {},
            "version_id": "",
            "website_redirect": ""
          },
          "private": "bnVsbA==",
          "dependencies": [
            "module.common.aws_s3_bucket.inits"
          ]
        },
        {
          "index_key": "splunk-indexer-03/etc/system/local/inputs.conf",
          "schema_version": 0,
          "attributes": {
            "acl": "private",
            "bucket": "prod-<customer>splunkprod-us-east-1-splunk-initial-configs",
            "cache_control": "",
            "content": null,
            "content_base64": null,
            "content_disposition": "",
            "content_encoding": "",
            "content_language": "",
            "content_type": "binary/octet-stream",
            "etag": "3ba29f7504386c7b21abe4e703f70838",
            "force_destroy": false,
            "id": "splunk-indexer-03/etc/system/local/inputs.conf",
            "key": "splunk-indexer-03/etc/system/local/inputs.conf",
            "kms_key_id": null,
            "metadata": {},
            "object_lock_legal_hold_status": "",
            "object_lock_mode": "",
            "object_lock_retain_until_date": "",
            "server_side_encryption": "",
            "source": "./init_files_for_s3/splunk-indexer-03/etc/system/local/inputs.conf",
            "storage_class": "STANDARD",
            "tags": {},
            "version_id": "",
            "website_redirect": ""
          },
          "private": "bnVsbA==",
          "dependencies": [
            "module.common.aws_s3_bucket.inits"
          ]
        },
        {
          "index_key": "splunk-indexer-04/etc/apps/<customer>_all_indexer_base/local/limits.conf",
          "schema_version": 0,
          "attributes": {
            "acl": "private",
            "bucket": "prod-<customer>splunkprod-us-east-1-splunk-initial-configs",
            "cache_control": "",
            "content": null,
            "content_base64": null,
            "content_disposition": "",
            "content_encoding": "",
            "content_language": "",
            "content_type": "binary/octet-stream",
            "etag": "034e56f21ef076dc72820a5ea8c9cadc",
            "force_destroy": false,
            "id": "splunk-indexer-04/etc/apps/<customer>_all_indexer_base/local/limits.conf",
            "key": "splunk-indexer-04/etc/apps/<customer>_all_indexer_base/local/limits.conf",
            "kms_key_id": null,
            "metadata": {},
            "object_lock_legal_hold_status": "",
            "object_lock_mode": "",
            "object_lock_retain_until_date": "",
            "server_side_encryption": "",
            "source": "./init_files_for_s3/splunk-indexer-04/etc/apps/<customer>_all_indexer_base/local/limits.conf",
            "storage_class": "STANDARD",
            "tags": {},
            "version_id": "",
            "website_redirect": ""
          },
          "private": "bnVsbA==",
          "dependencies": [
            "module.common.aws_s3_bucket.inits"
          ]
        },
        {
          "index_key": "splunk-indexer-04/etc/apps/<customer>_all_indexer_base/local/server.conf",
          "schema_version": 0,
          "attributes": {
            "acl": "private",
            "bucket": "prod-<customer>splunkprod-us-east-1-splunk-initial-configs",
            "cache_control": "",
            "content": null,
            "content_base64": null,
            "content_disposition": "",
            "content_encoding": "",
            "content_language": "",
            "content_type": "binary/octet-stream",
            "etag": "37685d6ee139361598be99bd9a5fb0f9",
            "force_destroy": false,
            "id": "splunk-indexer-04/etc/apps/<customer>_all_indexer_base/local/server.conf",
            "key": "splunk-indexer-04/etc/apps/<customer>_all_indexer_base/local/server.conf",
            "kms_key_id": null,
            "metadata": {},
            "object_lock_legal_hold_status": "",
            "object_lock_mode": "",
            "object_lock_retain_until_date": "",
            "server_side_encryption": "",
            "source": "./init_files_for_s3/splunk-indexer-04/etc/apps/<customer>_all_indexer_base/local/server.conf",
            "storage_class": "STANDARD",
            "tags": {},
            "version_id": "",
            "website_redirect": ""
          },
          "private": "bnVsbA==",
          "dependencies": [
            "module.common.aws_s3_bucket.inits"
          ]
        },
        {
          "index_key": "splunk-indexer-04/etc/apps/<customer>_all_indexer_base/local/web.conf",
          "schema_version": 0,
          "attributes": {
            "acl": "private",
            "bucket": "prod-<customer>splunkprod-us-east-1-splunk-initial-configs",
            "cache_control": "",
            "content": null,
            "content_base64": null,
            "content_disposition": "",
            "content_encoding": "",
            "content_language": "",
            "content_type": "binary/octet-stream",
            "etag": "1bda12cb41c200bac9e5ee1a1704fdbe",
            "force_destroy": false,
            "id": "splunk-indexer-04/etc/apps/<customer>_all_indexer_base/local/web.conf",
            "key": "splunk-indexer-04/etc/apps/<customer>_all_indexer_base/local/web.conf",
            "kms_key_id": null,
            "metadata": {},
            "object_lock_legal_hold_status": "",
            "object_lock_mode": "",
            "object_lock_retain_until_date": "",
            "server_side_encryption": "",
            "source": "./init_files_for_s3/splunk-indexer-04/etc/apps/<customer>_all_indexer_base/local/web.conf",
            "storage_class": "STANDARD",
            "tags": {},
            "version_id": "",
            "website_redirect": ""
          },
          "private": "bnVsbA==",
          "dependencies": [
            "module.common.aws_s3_bucket.inits"
          ]
        },
        {
          "index_key": "splunk-indexer-04/etc/auth/certs/cacert.pem",
          "schema_version": 0,
          "attributes": {
            "acl": "private",
            "bucket": "prod-<customer>splunkprod-us-east-1-splunk-initial-configs",
            "cache_control": "",
            "content": null,
            "content_base64": null,
            "content_disposition": "",
            "content_encoding": "",
            "content_language": "",
            "content_type": "binary/octet-stream",
            "etag": "fb0eab674dee9db5d4ca7f080cb76954",
            "force_destroy": false,
            "id": "splunk-indexer-04/etc/auth/certs/cacert.pem",
            "key": "splunk-indexer-04/etc/auth/certs/cacert.pem",
            "kms_key_id": null,
            "metadata": {},
            "object_lock_legal_hold_status": "",
            "object_lock_mode": "",
            "object_lock_retain_until_date": "",
            "server_side_encryption": "",
            "source": "./init_files_for_s3/splunk-indexer-04/etc/auth/certs/cacert.pem",
            "storage_class": "STANDARD",
            "tags": {},
            "version_id": "",
            "website_redirect": ""
          },
          "private": "bnVsbA==",
          "dependencies": [
            "module.common.aws_s3_bucket.inits"
          ]
        },
        {
          "index_key": "splunk-indexer-04/etc/system/local/inputs.conf",
          "schema_version": 0,
          "attributes": {
            "acl": "private",
            "bucket": "prod-<customer>splunkprod-us-east-1-splunk-initial-configs",
            "cache_control": "",
            "content": null,
            "content_base64": null,
            "content_disposition": "",
            "content_encoding": "",
            "content_language": "",
            "content_type": "binary/octet-stream",
            "etag": "1d0b42f0590541d9549f2c0d18f4a724",
            "force_destroy": false,
            "id": "splunk-indexer-04/etc/system/local/inputs.conf",
            "key": "splunk-indexer-04/etc/system/local/inputs.conf",
            "kms_key_id": null,
            "metadata": {},
            "object_lock_legal_hold_status": "",
            "object_lock_mode": "",
            "object_lock_retain_until_date": "",
            "server_side_encryption": "",
            "source": "./init_files_for_s3/splunk-indexer-04/etc/system/local/inputs.conf",
            "storage_class": "STANDARD",
            "tags": {},
            "version_id": "",
            "website_redirect": ""
          },
          "private": "bnVsbA==",
          "dependencies": [
            "module.common.aws_s3_bucket.inits"
          ]
        },
        {
          "index_key": "splunk-indexer-05/etc/apps/<customer>_all_indexer_base/local/limits.conf",
          "schema_version": 0,
          "attributes": {
            "acl": "private",
            "bucket": "prod-<customer>splunkprod-us-east-1-splunk-initial-configs",
            "cache_control": "",
            "content": null,
            "content_base64": null,
            "content_disposition": "",
            "content_encoding": "",
            "content_language": "",
            "content_type": "binary/octet-stream",
            "etag": "034e56f21ef076dc72820a5ea8c9cadc",
            "force_destroy": false,
            "id": "splunk-indexer-05/etc/apps/<customer>_all_indexer_base/local/limits.conf",
            "key": "splunk-indexer-05/etc/apps/<customer>_all_indexer_base/local/limits.conf",
            "kms_key_id": null,
            "metadata": {},
            "object_lock_legal_hold_status": "",
            "object_lock_mode": "",
            "object_lock_retain_until_date": "",
            "server_side_encryption": "",
            "source": "./init_files_for_s3/splunk-indexer-05/etc/apps/<customer>_all_indexer_base/local/limits.conf",
            "storage_class": "STANDARD",
            "tags": {},
            "version_id": "",
            "website_redirect": ""
          },
          "private": "bnVsbA==",
          "dependencies": [
            "module.common.aws_s3_bucket.inits"
          ]
        },
        {
          "index_key": "splunk-indexer-05/etc/apps/<customer>_all_indexer_base/local/server.conf",
          "schema_version": 0,
          "attributes": {
            "acl": "private",
            "bucket": "prod-<customer>splunkprod-us-east-1-splunk-initial-configs",
            "cache_control": "",
            "content": null,
            "content_base64": null,
            "content_disposition": "",
            "content_encoding": "",
            "content_language": "",
            "content_type": "binary/octet-stream",
            "etag": "37685d6ee139361598be99bd9a5fb0f9",
            "force_destroy": false,
            "id": "splunk-indexer-05/etc/apps/<customer>_all_indexer_base/local/server.conf",
            "key": "splunk-indexer-05/etc/apps/<customer>_all_indexer_base/local/server.conf",
            "kms_key_id": null,
            "metadata": {},
            "object_lock_legal_hold_status": "",
            "object_lock_mode": "",
            "object_lock_retain_until_date": "",
            "server_side_encryption": "",
            "source": "./init_files_for_s3/splunk-indexer-05/etc/apps/<customer>_all_indexer_base/local/server.conf",
            "storage_class": "STANDARD",
            "tags": {},
            "version_id": "",
            "website_redirect": ""
          },
          "private": "bnVsbA==",
          "dependencies": [
            "module.common.aws_s3_bucket.inits"
          ]
        },
        {
          "index_key": "splunk-indexer-05/etc/apps/<customer>_all_indexer_base/local/web.conf",
          "schema_version": 0,
          "attributes": {
            "acl": "private",
            "bucket": "prod-<customer>splunkprod-us-east-1-splunk-initial-configs",
            "cache_control": "",
            "content": null,
            "content_base64": null,
            "content_disposition": "",
            "content_encoding": "",
            "content_language": "",
            "content_type": "binary/octet-stream",
            "etag": "1bda12cb41c200bac9e5ee1a1704fdbe",
            "force_destroy": false,
            "id": "splunk-indexer-05/etc/apps/<customer>_all_indexer_base/local/web.conf",
            "key": "splunk-indexer-05/etc/apps/<customer>_all_indexer_base/local/web.conf",
            "kms_key_id": null,
            "metadata": {},
            "object_lock_legal_hold_status": "",
            "object_lock_mode": "",
            "object_lock_retain_until_date": "",
            "server_side_encryption": "",
            "source": "./init_files_for_s3/splunk-indexer-05/etc/apps/<customer>_all_indexer_base/local/web.conf",
            "storage_class": "STANDARD",
            "tags": {},
            "version_id": "",
            "website_redirect": ""
          },
          "private": "bnVsbA==",
          "dependencies": [
            "module.common.aws_s3_bucket.inits"
          ]
        },
        {
          "index_key": "splunk-indexer-05/etc/auth/certs/cacert.pem",
          "schema_version": 0,
          "attributes": {
            "acl": "private",
            "bucket": "prod-<customer>splunkprod-us-east-1-splunk-initial-configs",
            "cache_control": "",
            "content": null,
            "content_base64": null,
            "content_disposition": "",
            "content_encoding": "",
            "content_language": "",
            "content_type": "binary/octet-stream",
            "etag": "fb0eab674dee9db5d4ca7f080cb76954",
            "force_destroy": false,
            "id": "splunk-indexer-05/etc/auth/certs/cacert.pem",
            "key": "splunk-indexer-05/etc/auth/certs/cacert.pem",
            "kms_key_id": null,
            "metadata": {},
            "object_lock_legal_hold_status": "",
            "object_lock_mode": "",
            "object_lock_retain_until_date": "",
            "server_side_encryption": "",
            "source": "./init_files_for_s3/splunk-indexer-05/etc/auth/certs/cacert.pem",
            "storage_class": "STANDARD",
            "tags": {},
            "version_id": "",
            "website_redirect": ""
          },
          "private": "bnVsbA==",
          "dependencies": [
            "module.common.aws_s3_bucket.inits"
          ]
        },
        {
          "index_key": "splunk-indexer-05/etc/system/local/inputs.conf",
          "schema_version": 0,
          "attributes": {
            "acl": "private",
            "bucket": "prod-<customer>splunkprod-us-east-1-splunk-initial-configs",
            "cache_control": "",
            "content": null,
            "content_base64": null,
            "content_disposition": "",
            "content_encoding": "",
            "content_language": "",
            "content_type": "binary/octet-stream",
            "etag": "92d5a2b2fac6cbe63625eae98a5de33d",
            "force_destroy": false,
            "id": "splunk-indexer-05/etc/system/local/inputs.conf",
            "key": "splunk-indexer-05/etc/system/local/inputs.conf",
            "kms_key_id": null,
            "metadata": {},
            "object_lock_legal_hold_status": "",
            "object_lock_mode": "",
            "object_lock_retain_until_date": "",
            "server_side_encryption": "",
            "source": "./init_files_for_s3/splunk-indexer-05/etc/system/local/inputs.conf",
            "storage_class": "STANDARD",
            "tags": {},
            "version_id": "",
            "website_redirect": ""
          },
          "private": "bnVsbA==",
          "dependencies": [
            "module.common.aws_s3_bucket.inits"
          ]
        },
        {
          "index_key": "splunk-indexer-06/etc/apps/<customer>_all_indexer_base/local/limits.conf",
          "schema_version": 0,
          "attributes": {
            "acl": "private",
            "bucket": "prod-<customer>splunkprod-us-east-1-splunk-initial-configs",
            "cache_control": "",
            "content": null,
            "content_base64": null,
            "content_disposition": "",
            "content_encoding": "",
            "content_language": "",
            "content_type": "binary/octet-stream",
            "etag": "034e56f21ef076dc72820a5ea8c9cadc",
            "force_destroy": false,
            "id": "splunk-indexer-06/etc/apps/<customer>_all_indexer_base/local/limits.conf",
            "key": "splunk-indexer-06/etc/apps/<customer>_all_indexer_base/local/limits.conf",
            "kms_key_id": null,
            "metadata": {},
            "object_lock_legal_hold_status": "",
            "object_lock_mode": "",
            "object_lock_retain_until_date": "",
            "server_side_encryption": "",
            "source": "./init_files_for_s3/splunk-indexer-06/etc/apps/<customer>_all_indexer_base/local/limits.conf",
            "storage_class": "STANDARD",
            "tags": {},
            "version_id": "",
            "website_redirect": ""
          },
          "private": "bnVsbA==",
          "dependencies": [
            "module.common.aws_s3_bucket.inits"
          ]
        },
        {
          "index_key": "splunk-indexer-06/etc/apps/<customer>_all_indexer_base/local/server.conf",
          "schema_version": 0,
          "attributes": {
            "acl": "private",
            "bucket": "prod-<customer>splunkprod-us-east-1-splunk-initial-configs",
            "cache_control": "",
            "content": null,
            "content_base64": null,
            "content_disposition": "",
            "content_encoding": "",
            "content_language": "",
            "content_type": "binary/octet-stream",
            "etag": "37685d6ee139361598be99bd9a5fb0f9",
            "force_destroy": false,
            "id": "splunk-indexer-06/etc/apps/<customer>_all_indexer_base/local/server.conf",
            "key": "splunk-indexer-06/etc/apps/<customer>_all_indexer_base/local/server.conf",
            "kms_key_id": null,
            "metadata": {},
            "object_lock_legal_hold_status": "",
            "object_lock_mode": "",
            "object_lock_retain_until_date": "",
            "server_side_encryption": "",
            "source": "./init_files_for_s3/splunk-indexer-06/etc/apps/<customer>_all_indexer_base/local/server.conf",
            "storage_class": "STANDARD",
            "tags": {},
            "version_id": "",
            "website_redirect": ""
          },
          "private": "bnVsbA==",
          "dependencies": [
            "module.common.aws_s3_bucket.inits"
          ]
        },
        {
          "index_key": "splunk-indexer-06/etc/apps/<customer>_all_indexer_base/local/web.conf",
          "schema_version": 0,
          "attributes": {
            "acl": "private",
            "bucket": "prod-<customer>splunkprod-us-east-1-splunk-initial-configs",
            "cache_control": "",
            "content": null,
            "content_base64": null,
            "content_disposition": "",
            "content_encoding": "",
            "content_language": "",
            "content_type": "binary/octet-stream",
            "etag": "1bda12cb41c200bac9e5ee1a1704fdbe",
            "force_destroy": false,
            "id": "splunk-indexer-06/etc/apps/<customer>_all_indexer_base/local/web.conf",
            "key": "splunk-indexer-06/etc/apps/<customer>_all_indexer_base/local/web.conf",
            "kms_key_id": null,
            "metadata": {},
            "object_lock_legal_hold_status": "",
            "object_lock_mode": "",
            "object_lock_retain_until_date": "",
            "server_side_encryption": "",
            "source": "./init_files_for_s3/splunk-indexer-06/etc/apps/<customer>_all_indexer_base/local/web.conf",
            "storage_class": "STANDARD",
            "tags": {},
            "version_id": "",
            "website_redirect": ""
          },
          "private": "bnVsbA==",
          "dependencies": [
            "module.common.aws_s3_bucket.inits"
          ]
        },
        {
          "index_key": "splunk-indexer-06/etc/auth/certs/cacert.pem",
          "schema_version": 0,
          "attributes": {
            "acl": "private",
            "bucket": "prod-<customer>splunkprod-us-east-1-splunk-initial-configs",
            "cache_control": "",
            "content": null,
            "content_base64": null,
            "content_disposition": "",
            "content_encoding": "",
            "content_language": "",
            "content_type": "binary/octet-stream",
            "etag": "fb0eab674dee9db5d4ca7f080cb76954",
            "force_destroy": false,
            "id": "splunk-indexer-06/etc/auth/certs/cacert.pem",
            "key": "splunk-indexer-06/etc/auth/certs/cacert.pem",
            "kms_key_id": null,
            "metadata": {},
            "object_lock_legal_hold_status": "",
            "object_lock_mode": "",
            "object_lock_retain_until_date": "",
            "server_side_encryption": "",
            "source": "./init_files_for_s3/splunk-indexer-06/etc/auth/certs/cacert.pem",
            "storage_class": "STANDARD",
            "tags": {},
            "version_id": "",
            "website_redirect": ""
          },
          "private": "bnVsbA==",
          "dependencies": [
            "module.common.aws_s3_bucket.inits"
          ]
        },
        {
          "index_key": "splunk-indexer-06/etc/system/local/inputs.conf",
          "schema_version": 0,
          "attributes": {
            "acl": "private",
            "bucket": "prod-<customer>splunkprod-us-east-1-splunk-initial-configs",
            "cache_control": "",
            "content": null,
            "content_base64": null,
            "content_disposition": "",
            "content_encoding": "",
            "content_language": "",
            "content_type": "binary/octet-stream",
            "etag": "3ffdb67069e0153ac27e996a8f40d0fc",
            "force_destroy": false,
            "id": "splunk-indexer-06/etc/system/local/inputs.conf",
            "key": "splunk-indexer-06/etc/system/local/inputs.conf",
            "kms_key_id": null,
            "metadata": {},
            "object_lock_legal_hold_status": "",
            "object_lock_mode": "",
            "object_lock_retain_until_date": "",
            "server_side_encryption": "",
            "source": "./init_files_for_s3/splunk-indexer-06/etc/system/local/inputs.conf",
            "storage_class": "STANDARD",
            "tags": {},
            "version_id": "",
            "website_redirect": ""
          },
          "private": "bnVsbA==",
          "dependencies": [
            "module.common.aws_s3_bucket.inits"
          ]
        },
        {
          "index_key": "splunk-indexer-07/etc/apps/<customer>_all_indexer_base/local/limits.conf",
          "schema_version": 0,
          "attributes": {
            "acl": "private",
            "bucket": "prod-<customer>splunkprod-us-east-1-splunk-initial-configs",
            "cache_control": "",
            "content": null,
            "content_base64": null,
            "content_disposition": "",
            "content_encoding": "",
            "content_language": "",
            "content_type": "binary/octet-stream",
            "etag": "034e56f21ef076dc72820a5ea8c9cadc",
            "force_destroy": false,
            "id": "splunk-indexer-07/etc/apps/<customer>_all_indexer_base/local/limits.conf",
            "key": "splunk-indexer-07/etc/apps/<customer>_all_indexer_base/local/limits.conf",
            "kms_key_id": null,
            "metadata": {},
            "object_lock_legal_hold_status": "",
            "object_lock_mode": "",
            "object_lock_retain_until_date": "",
            "server_side_encryption": "",
            "source": "./init_files_for_s3/splunk-indexer-07/etc/apps/<customer>_all_indexer_base/local/limits.conf",
            "storage_class": "STANDARD",
            "tags": {},
            "version_id": "",
            "website_redirect": ""
          },
          "private": "bnVsbA==",
          "dependencies": [
            "module.common.aws_s3_bucket.inits"
          ]
        },
        {
          "index_key": "splunk-indexer-07/etc/apps/<customer>_all_indexer_base/local/server.conf",
          "schema_version": 0,
          "attributes": {
            "acl": "private",
            "bucket": "prod-<customer>splunkprod-us-east-1-splunk-initial-configs",
            "cache_control": "",
            "content": null,
            "content_base64": null,
            "content_disposition": "",
            "content_encoding": "",
            "content_language": "",
            "content_type": "binary/octet-stream",
            "etag": "37685d6ee139361598be99bd9a5fb0f9",
            "force_destroy": false,
            "id": "splunk-indexer-07/etc/apps/<customer>_all_indexer_base/local/server.conf",
            "key": "splunk-indexer-07/etc/apps/<customer>_all_indexer_base/local/server.conf",
            "kms_key_id": null,
            "metadata": {},
            "object_lock_legal_hold_status": "",
            "object_lock_mode": "",
            "object_lock_retain_until_date": "",
            "server_side_encryption": "",
            "source": "./init_files_for_s3/splunk-indexer-07/etc/apps/<customer>_all_indexer_base/local/server.conf",
            "storage_class": "STANDARD",
            "tags": {},
            "version_id": "",
            "website_redirect": ""
          },
          "private": "bnVsbA==",
          "dependencies": [
            "module.common.aws_s3_bucket.inits"
          ]
        },
        {
          "index_key": "splunk-indexer-07/etc/apps/<customer>_all_indexer_base/local/web.conf",
          "schema_version": 0,
          "attributes": {
            "acl": "private",
            "bucket": "prod-<customer>splunkprod-us-east-1-splunk-initial-configs",
            "cache_control": "",
            "content": null,
            "content_base64": null,
            "content_disposition": "",
            "content_encoding": "",
            "content_language": "",
            "content_type": "binary/octet-stream",
            "etag": "1bda12cb41c200bac9e5ee1a1704fdbe",
            "force_destroy": false,
            "id": "splunk-indexer-07/etc/apps/<customer>_all_indexer_base/local/web.conf",
            "key": "splunk-indexer-07/etc/apps/<customer>_all_indexer_base/local/web.conf",
            "kms_key_id": null,
            "metadata": {},
            "object_lock_legal_hold_status": "",
            "object_lock_mode": "",
            "object_lock_retain_until_date": "",
            "server_side_encryption": "",
            "source": "./init_files_for_s3/splunk-indexer-07/etc/apps/<customer>_all_indexer_base/local/web.conf",
            "storage_class": "STANDARD",
            "tags": {},
            "version_id": "",
            "website_redirect": ""
          },
          "private": "bnVsbA==",
          "dependencies": [
            "module.common.aws_s3_bucket.inits"
          ]
        },
        {
          "index_key": "splunk-indexer-07/etc/auth/certs/cacert.pem",
          "schema_version": 0,
          "attributes": {
            "acl": "private",
            "bucket": "prod-<customer>splunkprod-us-east-1-splunk-initial-configs",
            "cache_control": "",
            "content": null,
            "content_base64": null,
            "content_disposition": "",
            "content_encoding": "",
            "content_language": "",
            "content_type": "binary/octet-stream",
            "etag": "fb0eab674dee9db5d4ca7f080cb76954",
            "force_destroy": false,
            "id": "splunk-indexer-07/etc/auth/certs/cacert.pem",
            "key": "splunk-indexer-07/etc/auth/certs/cacert.pem",
            "kms_key_id": null,
            "metadata": {},
            "object_lock_legal_hold_status": "",
            "object_lock_mode": "",
            "object_lock_retain_until_date": "",
            "server_side_encryption": "",
            "source": "./init_files_for_s3/splunk-indexer-07/etc/auth/certs/cacert.pem",
            "storage_class": "STANDARD",
            "tags": {},
            "version_id": "",
            "website_redirect": ""
          },
          "private": "bnVsbA==",
          "dependencies": [
            "module.common.aws_s3_bucket.inits"
          ]
        },
        {
          "index_key": "splunk-indexer-07/etc/system/local/inputs.conf",
          "schema_version": 0,
          "attributes": {
            "acl": "private",
            "bucket": "prod-<customer>splunkprod-us-east-1-splunk-initial-configs",
            "cache_control": "",
            "content": null,
            "content_base64": null,
            "content_disposition": "",
            "content_encoding": "",
            "content_language": "",
            "content_type": "binary/octet-stream",
            "etag": "f729bba861209afbbe546c135e5037f0",
            "force_destroy": false,
            "id": "splunk-indexer-07/etc/system/local/inputs.conf",
            "key": "splunk-indexer-07/etc/system/local/inputs.conf",
            "kms_key_id": null,
            "metadata": {},
            "object_lock_legal_hold_status": "",
            "object_lock_mode": "",
            "object_lock_retain_until_date": "",
            "server_side_encryption": "",
            "source": "./init_files_for_s3/splunk-indexer-07/etc/system/local/inputs.conf",
            "storage_class": "STANDARD",
            "tags": {},
            "version_id": "",
            "website_redirect": ""
          },
          "private": "bnVsbA==",
          "dependencies": [
            "module.common.aws_s3_bucket.inits"
          ]
        },
        {
          "index_key": "splunk-master/etc/apps/<customer>_internal_outputs/local/outputs.conf",
          "schema_version": 0,
          "attributes": {
            "acl": "private",
            "bucket": "prod-<customer>splunkprod-us-east-1-splunk-initial-configs",
            "cache_control": "",
            "content": null,
            "content_base64": null,
            "content_disposition": "",
            "content_encoding": "",
            "content_language": "",
            "content_type": "binary/octet-stream",
            "etag": "4560623c7be0cc49e8b35401ecec7779",
            "force_destroy": false,
            "id": "splunk-master/etc/apps/<customer>_internal_outputs/local/outputs.conf",
            "key": "splunk-master/etc/apps/<customer>_internal_outputs/local/outputs.conf",
            "kms_key_id": null,
            "metadata": {},
            "object_lock_legal_hold_status": "",
            "object_lock_mode": "",
            "object_lock_retain_until_date": "",
            "server_side_encryption": "",
            "source": "./init_files_for_s3/splunk-master/etc/apps/<customer>_internal_outputs/local/outputs.conf",
            "storage_class": "STANDARD",
            "tags": {},
            "version_id": "",
            "website_redirect": ""
          },
          "private": "bnVsbA==",
          "dependencies": [
            "module.common.aws_s3_bucket.inits"
          ]
        },
        {
          "index_key": "splunk-master/etc/apps/<customer>_internal_outputs/metadata/local.meta",
          "schema_version": 0,
          "attributes": {
            "acl": "private",
            "bucket": "prod-<customer>splunkprod-us-east-1-splunk-initial-configs",
            "cache_control": "",
            "content": null,
            "content_base64": null,
            "content_disposition": "",
            "content_encoding": "",
            "content_language": "",
            "content_type": "binary/octet-stream",
            "etag": "ea9f723158104878ec6b379c8adb6992",
            "force_destroy": false,
            "id": "splunk-master/etc/apps/<customer>_internal_outputs/metadata/local.meta",
            "key": "splunk-master/etc/apps/<customer>_internal_outputs/metadata/local.meta",
            "kms_key_id": null,
            "metadata": {},
            "object_lock_legal_hold_status": "",
            "object_lock_mode": "",
            "object_lock_retain_until_date": "",
            "server_side_encryption": "",
            "source": "./init_files_for_s3/splunk-master/etc/apps/<customer>_internal_outputs/metadata/local.meta",
            "storage_class": "STANDARD",
            "tags": {},
            "version_id": "",
            "website_redirect": ""
          },
          "private": "bnVsbA==",
          "dependencies": [
            "module.common.aws_s3_bucket.inits"
          ]
        },
        {
          "index_key": "splunk-master/etc/apps/<customer>_master_node_base/local/alert_actions.conf",
          "schema_version": 0,
          "attributes": {
            "acl": "private",
            "bucket": "prod-<customer>splunkprod-us-east-1-splunk-initial-configs",
            "cache_control": "",
            "content": null,
            "content_base64": null,
            "content_disposition": "",
            "content_encoding": "",
            "content_language": "",
            "content_type": "binary/octet-stream",
            "etag": "20d1b559eb71715f5dffc3a9ea39a353",
            "force_destroy": false,
            "id": "splunk-master/etc/apps/<customer>_master_node_base/local/alert_actions.conf",
            "key": "splunk-master/etc/apps/<customer>_master_node_base/local/alert_actions.conf",
            "kms_key_id": null,
            "metadata": {},
            "object_lock_legal_hold_status": "",
            "object_lock_mode": "",
            "object_lock_retain_until_date": "",
            "server_side_encryption": "",
            "source": "./init_files_for_s3/splunk-master/etc/apps/<customer>_master_node_base/local/alert_actions.conf",
            "storage_class": "STANDARD",
            "tags": {},
            "version_id": "",
            "website_redirect": ""
          },
          "private": "bnVsbA==",
          "dependencies": [
            "module.common.aws_s3_bucket.inits"
          ]
        },
        {
          "index_key": "splunk-master/etc/apps/<customer>_master_node_base/local/server.conf",
          "schema_version": 0,
          "attributes": {
            "acl": "private",
            "bucket": "prod-<customer>splunkprod-us-east-1-splunk-initial-configs",
            "cache_control": "",
            "content": null,
            "content_base64": null,
            "content_disposition": "",
            "content_encoding": "",
            "content_language": "",
            "content_type": "binary/octet-stream",
            "etag": "1a2fe108236537950fda8ca9774efbd2",
            "force_destroy": false,
            "id": "splunk-master/etc/apps/<customer>_master_node_base/local/server.conf",
            "key": "splunk-master/etc/apps/<customer>_master_node_base/local/server.conf",
            "kms_key_id": null,
            "metadata": {},
            "object_lock_legal_hold_status": "",
            "object_lock_mode": "",
            "object_lock_retain_until_date": "",
            "server_side_encryption": "",
            "source": "./init_files_for_s3/splunk-master/etc/apps/<customer>_master_node_base/local/server.conf",
            "storage_class": "STANDARD",
            "tags": {},
            "version_id": "",
            "website_redirect": ""
          },
          "private": "bnVsbA==",
          "dependencies": [
            "module.common.aws_s3_bucket.inits"
          ]
        },
        {
          "index_key": "splunk-master/etc/apps/<customer>_master_node_base/local/web.conf",
          "schema_version": 0,
          "attributes": {
            "acl": "private",
            "bucket": "prod-<customer>splunkprod-us-east-1-splunk-initial-configs",
            "cache_control": "",
            "content": null,
            "content_base64": null,
            "content_disposition": "",
            "content_encoding": "",
            "content_language": "",
            "content_type": "binary/octet-stream",
            "etag": "3f78fc0683d10abf3700e44728759214",
            "force_destroy": false,
            "id": "splunk-master/etc/apps/<customer>_master_node_base/local/web.conf",
            "key": "splunk-master/etc/apps/<customer>_master_node_base/local/web.conf",
            "kms_key_id": null,
            "metadata": {},
            "object_lock_legal_hold_status": "",
            "object_lock_mode": "",
            "object_lock_retain_until_date": "",
            "server_side_encryption": "",
            "source": "./init_files_for_s3/splunk-master/etc/apps/<customer>_master_node_base/local/web.conf",
            "storage_class": "STANDARD",
            "tags": {},
            "version_id": "",
            "website_redirect": ""
          },
          "private": "bnVsbA==",
          "dependencies": [
            "module.common.aws_s3_bucket.inits"
          ]
        },
        {
          "index_key": "splunk-master/etc/auth/idpCerts/idpCert.pem",
          "schema_version": 0,
          "attributes": {
            "acl": "private",
            "bucket": "prod-<customer>splunkprod-us-east-1-splunk-initial-configs",
            "cache_control": "",
            "content": null,
            "content_base64": null,
            "content_disposition": "",
            "content_encoding": "",
            "content_language": "",
            "content_type": "binary/octet-stream",
            "etag": "d1bddb2ccebf768a526497e9f15b3960",
            "force_destroy": false,
            "id": "splunk-master/etc/auth/idpCerts/idpCert.pem",
            "key": "splunk-master/etc/auth/idpCerts/idpCert.pem",
            "kms_key_id": null,
            "metadata": {},
            "object_lock_legal_hold_status": "",
            "object_lock_mode": "",
            "object_lock_retain_until_date": "",
            "server_side_encryption": "",
            "source": "./init_files_for_s3/splunk-master/etc/auth/idpCerts/idpCert.pem",
            "storage_class": "STANDARD",
            "tags": {},
            "version_id": "",
            "website_redirect": ""
          },
          "private": "bnVsbA==",
          "dependencies": [
            "module.common.aws_s3_bucket.inits"
          ]
        },
        {
          "index_key": "splunk-master/etc/licenses/enterprise/Splunk-100vCPU-1.lic",
          "schema_version": 0,
          "attributes": {
            "acl": "private",
            "bucket": "prod-<customer>splunkprod-us-east-1-splunk-initial-configs",
            "cache_control": "",
            "content": null,
            "content_base64": null,
            "content_disposition": "",
            "content_encoding": "",
            "content_language": "",
            "content_type": "binary/octet-stream",
            "etag": "528438f36adfe5d3d2756593499199dc",
            "force_destroy": false,
            "id": "splunk-master/etc/licenses/enterprise/Splunk-100vCPU-1.lic",
            "key": "splunk-master/etc/licenses/enterprise/Splunk-100vCPU-1.lic",
            "kms_key_id": null,
            "metadata": {},
            "object_lock_legal_hold_status": "",
            "object_lock_mode": "",
            "object_lock_retain_until_date": "",
            "server_side_encryption": "",
            "source": "./init_files_for_s3/splunk-master/etc/licenses/enterprise/Splunk-100vCPU-1.lic",
            "storage_class": "STANDARD",
            "tags": {},
            "version_id": "",
            "website_redirect": ""
          },
          "private": "bnVsbA==",
          "dependencies": [
            "module.common.aws_s3_bucket.inits"
          ]
        },
        {
          "index_key": "splunk-master/etc/licenses/enterprise/Splunk-100vCPU-2.lic",
          "schema_version": 0,
          "attributes": {
            "acl": "private",
            "bucket": "prod-<customer>splunkprod-us-east-1-splunk-initial-configs",
            "cache_control": "",
            "content": null,
            "content_base64": null,
            "content_disposition": "",
            "content_encoding": "",
            "content_language": "",
            "content_type": "binary/octet-stream",
            "etag": "527c0bcc21360c67eb9d6f26dcd859ab",
            "force_destroy": false,
            "id": "splunk-master/etc/licenses/enterprise/Splunk-100vCPU-2.lic",
            "key": "splunk-master/etc/licenses/enterprise/Splunk-100vCPU-2.lic",
            "kms_key_id": null,
            "metadata": {},
            "object_lock_legal_hold_status": "",
            "object_lock_mode": "",
            "object_lock_retain_until_date": "",
            "server_side_encryption": "",
            "source": "./init_files_for_s3/splunk-master/etc/licenses/enterprise/Splunk-100vCPU-2.lic",
            "storage_class": "STANDARD",
            "tags": {},
            "version_id": "",
            "website_redirect": ""
          },
          "private": "bnVsbA==",
          "dependencies": [
            "module.common.aws_s3_bucket.inits"
          ]
        },
        {
          "index_key": "splunk-master/etc/licenses/enterprise/Splunk-100vCPU-3.lic",
          "schema_version": 0,
          "attributes": {
            "acl": "private",
            "bucket": "prod-<customer>splunkprod-us-east-1-splunk-initial-configs",
            "cache_control": "",
            "content": null,
            "content_base64": null,
            "content_disposition": "",
            "content_encoding": "",
            "content_language": "",
            "content_type": "binary/octet-stream",
            "etag": "bac32634b0b963d61dbd19fa116d95f0",
            "force_destroy": false,
            "id": "splunk-master/etc/licenses/enterprise/Splunk-100vCPU-3.lic",
            "key": "splunk-master/etc/licenses/enterprise/Splunk-100vCPU-3.lic",
            "kms_key_id": null,
            "metadata": {},
            "object_lock_legal_hold_status": "",
            "object_lock_mode": "",
            "object_lock_retain_until_date": "",
            "server_side_encryption": "",
            "source": "./init_files_for_s3/splunk-master/etc/licenses/enterprise/Splunk-100vCPU-3.lic",
            "storage_class": "STANDARD",
            "tags": {},
            "version_id": "",
            "website_redirect": ""
          },
          "private": "bnVsbA==",
          "dependencies": [
            "module.common.aws_s3_bucket.inits"
          ]
        },
        {
          "index_key": "splunk-master/etc/licenses/enterprise/Splunk-100vCPU-4.lic",
          "schema_version": 0,
          "attributes": {
            "acl": "private",
            "bucket": "prod-<customer>splunkprod-us-east-1-splunk-initial-configs",
            "cache_control": "",
            "content": null,
            "content_base64": null,
            "content_disposition": "",
            "content_encoding": "",
            "content_language": "",
            "content_type": "binary/octet-stream",
            "etag": "4913b81a9b2cb7bd31243b5f824c23a0",
            "force_destroy": false,
            "id": "splunk-master/etc/licenses/enterprise/Splunk-100vCPU-4.lic",
            "key": "splunk-master/etc/licenses/enterprise/Splunk-100vCPU-4.lic",
            "kms_key_id": null,
            "metadata": {},
            "object_lock_legal_hold_status": "",
            "object_lock_mode": "",
            "object_lock_retain_until_date": "",
            "server_side_encryption": "",
            "source": "./init_files_for_s3/splunk-master/etc/licenses/enterprise/Splunk-100vCPU-4.lic",
            "storage_class": "STANDARD",
            "tags": {},
            "version_id": "",
            "website_redirect": ""
          },
          "private": "bnVsbA==",
          "dependencies": [
            "module.common.aws_s3_bucket.inits"
          ]
        },
        {
          "index_key": "splunk-master/etc/master-apps/<customer>_all_indexer_base/local/app.conf",
          "schema_version": 0,
          "attributes": {
            "acl": "private",
            "bucket": "prod-<customer>splunkprod-us-east-1-splunk-initial-configs",
            "cache_control": "",
            "content": null,
            "content_base64": null,
            "content_disposition": "",
            "content_encoding": "",
            "content_language": "",
            "content_type": "binary/octet-stream",
            "etag": "1061dff8c1acaa070adeed80a4f23c22",
            "force_destroy": false,
            "id": "splunk-master/etc/master-apps/<customer>_all_indexer_base/local/app.conf",
            "key": "splunk-master/etc/master-apps/<customer>_all_indexer_base/local/app.conf",
            "kms_key_id": null,
            "metadata": {},
            "object_lock_legal_hold_status": "",
            "object_lock_mode": "",
            "object_lock_retain_until_date": "",
            "server_side_encryption": "",
            "source": "./init_files_for_s3/splunk-master/etc/master-apps/<customer>_all_indexer_base/local/app.conf",
            "storage_class": "STANDARD",
            "tags": {},
            "version_id": "",
            "website_redirect": ""
          },
          "private": "bnVsbA==",
          "dependencies": [
            "module.common.aws_s3_bucket.inits"
          ]
        },
        {
          "index_key": "splunk-master/etc/master-apps/<customer>_all_indexer_base/local/limits.conf",
          "schema_version": 0,
          "attributes": {
            "acl": "private",
            "bucket": "prod-<customer>splunkprod-us-east-1-splunk-initial-configs",
            "cache_control": "",
            "content": null,
            "content_base64": null,
            "content_disposition": "",
            "content_encoding": "",
            "content_language": "",
            "content_type": "binary/octet-stream",
            "etag": "034e56f21ef076dc72820a5ea8c9cadc",
            "force_destroy": false,
            "id": "splunk-master/etc/master-apps/<customer>_all_indexer_base/local/limits.conf",
            "key": "splunk-master/etc/master-apps/<customer>_all_indexer_base/local/limits.conf",
            "kms_key_id": null,
            "metadata": {},
            "object_lock_legal_hold_status": "",
            "object_lock_mode": "",
            "object_lock_retain_until_date": "",
            "server_side_encryption": "",
            "source": "./init_files_for_s3/splunk-master/etc/master-apps/<customer>_all_indexer_base/local/limits.conf",
            "storage_class": "STANDARD",
            "tags": {},
            "version_id": "",
            "website_redirect": ""
          },
          "private": "bnVsbA==",
          "dependencies": [
            "module.common.aws_s3_bucket.inits"
          ]
        },
        {
          "index_key": "splunk-master/etc/master-apps/<customer>_all_indexer_base/local/server.conf",
          "schema_version": 0,
          "attributes": {
            "acl": "private",
            "bucket": "prod-<customer>splunkprod-us-east-1-splunk-initial-configs",
            "cache_control": "",
            "content": null,
            "content_base64": null,
            "content_disposition": "",
            "content_encoding": "",
            "content_language": "",
            "content_type": "binary/octet-stream",
            "etag": "37685d6ee139361598be99bd9a5fb0f9",
            "force_destroy": false,
            "id": "splunk-master/etc/master-apps/<customer>_all_indexer_base/local/server.conf",
            "key": "splunk-master/etc/master-apps/<customer>_all_indexer_base/local/server.conf",
            "kms_key_id": null,
            "metadata": {},
            "object_lock_legal_hold_status": "",
            "object_lock_mode": "",
            "object_lock_retain_until_date": "",
            "server_side_encryption": "",
            "source": "./init_files_for_s3/splunk-master/etc/master-apps/<customer>_all_indexer_base/local/server.conf",
            "storage_class": "STANDARD",
            "tags": {},
            "version_id": "",
            "website_redirect": ""
          },
          "private": "bnVsbA==",
          "dependencies": [
            "module.common.aws_s3_bucket.inits"
          ]
        },
        {
          "index_key": "splunk-master/etc/master-apps/<customer>_all_indexer_base/local/web.conf",
          "schema_version": 0,
          "attributes": {
            "acl": "private",
            "bucket": "prod-<customer>splunkprod-us-east-1-splunk-initial-configs",
            "cache_control": "",
            "content": null,
            "content_base64": null,
            "content_disposition": "",
            "content_encoding": "",
            "content_language": "",
            "content_type": "binary/octet-stream",
            "etag": "1bda12cb41c200bac9e5ee1a1704fdbe",
            "force_destroy": false,
            "id": "splunk-master/etc/master-apps/<customer>_all_indexer_base/local/web.conf",
            "key": "splunk-master/etc/master-apps/<customer>_all_indexer_base/local/web.conf",
            "kms_key_id": null,
            "metadata": {},
            "object_lock_legal_hold_status": "",
            "object_lock_mode": "",
            "object_lock_retain_until_date": "",
            "server_side_encryption": "",
            "source": "./init_files_for_s3/splunk-master/etc/master-apps/<customer>_all_indexer_base/local/web.conf",
            "storage_class": "STANDARD",
            "tags": {},
            "version_id": "",
            "website_redirect": ""
          },
          "private": "bnVsbA==",
          "dependencies": [
            "module.common.aws_s3_bucket.inits"
          ]
        },
        {
          "index_key": "splunk-master/etc/master-apps/<customer>_all_indexer_inputs/local/app.conf",
          "schema_version": 0,
          "attributes": {
            "acl": "private",
            "bucket": "prod-<customer>splunkprod-us-east-1-splunk-initial-configs",
            "cache_control": "",
            "content": null,
            "content_base64": null,
            "content_disposition": "",
            "content_encoding": "",
            "content_language": "",
            "content_type": "binary/octet-stream",
            "etag": "1061dff8c1acaa070adeed80a4f23c22",
            "force_destroy": false,
            "id": "splunk-master/etc/master-apps/<customer>_all_indexer_inputs/local/app.conf",
            "key": "splunk-master/etc/master-apps/<customer>_all_indexer_inputs/local/app.conf",
            "kms_key_id": null,
            "metadata": {},
            "object_lock_legal_hold_status": "",
            "object_lock_mode": "",
            "object_lock_retain_until_date": "",
            "server_side_encryption": "",
            "source": "./init_files_for_s3/splunk-master/etc/master-apps/<customer>_all_indexer_inputs/local/app.conf",
            "storage_class": "STANDARD",
            "tags": {},
            "version_id": "",
            "website_redirect": ""
          },
          "private": "bnVsbA==",
          "dependencies": [
            "module.common.aws_s3_bucket.inits"
          ]
        },
        {
          "index_key": "splunk-master/etc/master-apps/<customer>_all_indexer_inputs/local/inputs.conf",
          "schema_version": 0,
          "attributes": {
            "acl": "private",
            "bucket": "prod-<customer>splunkprod-us-east-1-splunk-initial-configs",
            "cache_control": "",
            "content": null,
            "content_base64": null,
            "content_disposition": "",
            "content_encoding": "",
            "content_language": "",
            "content_type": "binary/octet-stream",
            "etag": "0b559ab07c610cf63bb845d5b4b9fe22",
            "force_destroy": false,
            "id": "splunk-master/etc/master-apps/<customer>_all_indexer_inputs/local/inputs.conf",
            "key": "splunk-master/etc/master-apps/<customer>_all_indexer_inputs/local/inputs.conf",
            "kms_key_id": null,
            "metadata": {},
            "object_lock_legal_hold_status": "",
            "object_lock_mode": "",
            "object_lock_retain_until_date": "",
            "server_side_encryption": "",
            "source": "./init_files_for_s3/splunk-master/etc/master-apps/<customer>_all_indexer_inputs/local/inputs.conf",
            "storage_class": "STANDARD",
            "tags": {},
            "version_id": "",
            "website_redirect": ""
          },
          "private": "bnVsbA==",
          "dependencies": [
            "module.common.aws_s3_bucket.inits"
          ]
        },
        {
          "index_key": "splunk-master/etc/master-apps/<customer>_all_indexes/bin/cold2FrozenS3Customer.py",
          "schema_version": 0,
          "attributes": {
            "acl": "private",
            "bucket": "prod-<customer>splunkprod-us-east-1-splunk-initial-configs",
            "cache_control": "",
            "content": null,
            "content_base64": null,
            "content_disposition": "",
            "content_encoding": "",
            "content_language": "",
            "content_type": "binary/octet-stream",
            "etag": "257ae39900279f290ff8dbc9f50b4e14",
            "force_destroy": false,
            "id": "splunk-master/etc/master-apps/<customer>_all_indexes/bin/cold2FrozenS3Customer.py",
            "key": "splunk-master/etc/master-apps/<customer>_all_indexes/bin/cold2FrozenS3Customer.py",
            "kms_key_id": null,
            "metadata": {},
            "object_lock_legal_hold_status": "",
            "object_lock_mode": "",
            "object_lock_retain_until_date": "",
            "server_side_encryption": "",
            "source": "./init_files_for_s3/splunk-master/etc/master-apps/<customer>_all_indexes/bin/cold2FrozenS3Customer.py",
            "storage_class": "STANDARD",
            "tags": {},
            "version_id": "",
            "website_redirect": ""
          },
          "private": "bnVsbA==",
          "dependencies": [
            "module.common.aws_s3_bucket.inits"
          ]
        },
        {
          "index_key": "splunk-master/etc/master-apps/<customer>_all_indexes/bin/cold2FrozenS3POS.py",
          "schema_version": 0,
          "attributes": {
            "acl": "private",
            "bucket": "prod-<customer>splunkprod-us-east-1-splunk-initial-configs",
            "cache_control": "",
            "content": null,
            "content_base64": null,
            "content_disposition": "",
            "content_encoding": "",
            "content_language": "",
            "content_type": "binary/octet-stream",
            "etag": "36cf2ac953e4431fabfc0a48e30090a1",
            "force_destroy": false,
            "id": "splunk-master/etc/master-apps/<customer>_all_indexes/bin/cold2FrozenS3POS.py",
            "key": "splunk-master/etc/master-apps/<customer>_all_indexes/bin/cold2FrozenS3POS.py",
            "kms_key_id": null,
            "metadata": {},
            "object_lock_legal_hold_status": "",
            "object_lock_mode": "",
            "object_lock_retain_until_date": "",
            "server_side_encryption": "",
            "source": "./init_files_for_s3/splunk-master/etc/master-apps/<customer>_all_indexes/bin/cold2FrozenS3POS.py",
            "storage_class": "STANDARD",
            "tags": {},
            "version_id": "",
            "website_redirect": ""
          },
          "private": "bnVsbA==",
          "dependencies": [
            "module.common.aws_s3_bucket.inits"
          ]
        },
        {
          "index_key": "splunk-master/etc/master-apps/<customer>_all_indexes/local/app.conf",
          "schema_version": 0,
          "attributes": {
            "acl": "private",
            "bucket": "prod-<customer>splunkprod-us-east-1-splunk-initial-configs",
            "cache_control": "",
            "content": null,
            "content_base64": null,
            "content_disposition": "",
            "content_encoding": "",
            "content_language": "",
            "content_type": "binary/octet-stream",
            "etag": "1061dff8c1acaa070adeed80a4f23c22",
            "force_destroy": false,
            "id": "splunk-master/etc/master-apps/<customer>_all_indexes/local/app.conf",
            "key": "splunk-master/etc/master-apps/<customer>_all_indexes/local/app.conf",
            "kms_key_id": null,
            "metadata": {},
            "object_lock_legal_hold_status": "",
            "object_lock_mode": "",
            "object_lock_retain_until_date": "",
            "server_side_encryption": "",
            "source": "./init_files_for_s3/splunk-master/etc/master-apps/<customer>_all_indexes/local/app.conf",
            "storage_class": "STANDARD",
            "tags": {},
            "version_id": "",
            "website_redirect": ""
          },
          "private": "bnVsbA==",
          "dependencies": [
            "module.common.aws_s3_bucket.inits"
          ]
        },
        {
          "index_key": "splunk-master/etc/master-apps/<customer>_all_indexes/local/indexes.conf",
          "schema_version": 0,
          "attributes": {
            "acl": "private",
            "bucket": "prod-<customer>splunkprod-us-east-1-splunk-initial-configs",
            "cache_control": "",
            "content": null,
            "content_base64": null,
            "content_disposition": "",
            "content_encoding": "",
            "content_language": "",
            "content_type": "binary/octet-stream",
            "etag": "425f283aa5b05b1a07f55937e87215bf",
            "force_destroy": false,
            "id": "splunk-master/etc/master-apps/<customer>_all_indexes/local/indexes.conf",
            "key": "splunk-master/etc/master-apps/<customer>_all_indexes/local/indexes.conf",
            "kms_key_id": null,
            "metadata": {},
            "object_lock_legal_hold_status": "",
            "object_lock_mode": "",
            "object_lock_retain_until_date": "",
            "server_side_encryption": "",
            "source": "./init_files_for_s3/splunk-master/etc/master-apps/<customer>_all_indexes/local/indexes.conf",
            "storage_class": "STANDARD",
            "tags": {},
            "version_id": "",
            "website_redirect": ""
          },
          "private": "bnVsbA==",
          "dependencies": [
            "module.common.aws_s3_bucket.inits"
          ]
        },
        {
          "index_key": "splunk-master/etc/master-apps/<customer>_all_licenseclient/local/app.conf",
          "schema_version": 0,
          "attributes": {
            "acl": "private",
            "bucket": "prod-<customer>splunkprod-us-east-1-splunk-initial-configs",
            "cache_control": "",
            "content": null,
            "content_base64": null,
            "content_disposition": "",
            "content_encoding": "",
            "content_language": "",
            "content_type": "binary/octet-stream",
            "etag": "1061dff8c1acaa070adeed80a4f23c22",
            "force_destroy": false,
            "id": "splunk-master/etc/master-apps/<customer>_all_licenseclient/local/app.conf",
            "key": "splunk-master/etc/master-apps/<customer>_all_licenseclient/local/app.conf",
            "kms_key_id": null,
            "metadata": {},
            "object_lock_legal_hold_status": "",
            "object_lock_mode": "",
            "object_lock_retain_until_date": "",
            "server_side_encryption": "",
            "source": "./init_files_for_s3/splunk-master/etc/master-apps/<customer>_all_licenseclient/local/app.conf",
            "storage_class": "STANDARD",
            "tags": {},
            "version_id": "",
            "website_redirect": ""
          },
          "private": "bnVsbA==",
          "dependencies": [
            "module.common.aws_s3_bucket.inits"
          ]
        },
        {
          "index_key": "splunk-master/etc/master-apps/<customer>_all_licenseclient/local/server.conf",
          "schema_version": 0,
          "attributes": {
            "acl": "private",
            "bucket": "prod-<customer>splunkprod-us-east-1-splunk-initial-configs",
            "cache_control": "",
            "content": null,
            "content_base64": null,
            "content_disposition": "",
            "content_encoding": "",
            "content_language": "",
            "content_type": "binary/octet-stream",
            "etag": "e819e18e2690335e53a00981e1d4d12b",
            "force_destroy": false,
            "id": "splunk-master/etc/master-apps/<customer>_all_licenseclient/local/server.conf",
            "key": "splunk-master/etc/master-apps/<customer>_all_licenseclient/local/server.conf",
            "kms_key_id": null,
            "metadata": {},
            "object_lock_legal_hold_status": "",
            "object_lock_mode": "",
            "object_lock_retain_until_date": "",
            "server_side_encryption": "",
            "source": "./init_files_for_s3/splunk-master/etc/master-apps/<customer>_all_licenseclient/local/server.conf",
            "storage_class": "STANDARD",
            "tags": {},
            "version_id": "",
            "website_redirect": ""
          },
          "private": "bnVsbA==",
          "dependencies": [
            "module.common.aws_s3_bucket.inits"
          ]
        },
        {
          "index_key": "splunk-master/etc/master-apps/<customer>_indexer_volumes/local/app.conf",
          "schema_version": 0,
          "attributes": {
            "acl": "private",
            "bucket": "prod-<customer>splunkprod-us-east-1-splunk-initial-configs",
            "cache_control": "",
            "content": null,
            "content_base64": null,
            "content_disposition": "",
            "content_encoding": "",
            "content_language": "",
            "content_type": "binary/octet-stream",
            "etag": "1061dff8c1acaa070adeed80a4f23c22",
            "force_destroy": false,
            "id": "splunk-master/etc/master-apps/<customer>_indexer_volumes/local/app.conf",
            "key": "splunk-master/etc/master-apps/<customer>_indexer_volumes/local/app.conf",
            "kms_key_id": null,
            "metadata": {},
            "object_lock_legal_hold_status": "",
            "object_lock_mode": "",
            "object_lock_retain_until_date": "",
            "server_side_encryption": "",
            "source": "./init_files_for_s3/splunk-master/etc/master-apps/<customer>_indexer_volumes/local/app.conf",
            "storage_class": "STANDARD",
            "tags": {},
            "version_id": "",
            "website_redirect": ""
          },
          "private": "bnVsbA==",
          "dependencies": [
            "module.common.aws_s3_bucket.inits"
          ]
        },
        {
          "index_key": "splunk-master/etc/master-apps/<customer>_indexer_volumes/local/indexes.conf",
          "schema_version": 0,
          "attributes": {
            "acl": "private",
            "bucket": "prod-<customer>splunkprod-us-east-1-splunk-initial-configs",
            "cache_control": "",
            "content": null,
            "content_base64": null,
            "content_disposition": "",
            "content_encoding": "",
            "content_language": "",
            "content_type": "binary/octet-stream",
            "etag": "42fffe357536946586718edf42ac32fc",
            "force_destroy": false,
            "id": "splunk-master/etc/master-apps/<customer>_indexer_volumes/local/indexes.conf",
            "key": "splunk-master/etc/master-apps/<customer>_indexer_volumes/local/indexes.conf",
            "kms_key_id": null,
            "metadata": {},
            "object_lock_legal_hold_status": "",
            "object_lock_mode": "",
            "object_lock_retain_until_date": "",
            "server_side_encryption": "",
            "source": "./init_files_for_s3/splunk-master/etc/master-apps/<customer>_indexer_volumes/local/indexes.conf",
            "storage_class": "STANDARD",
            "tags": {},
            "version_id": "",
            "website_redirect": ""
          },
          "private": "bnVsbA==",
          "dependencies": [
            "module.common.aws_s3_bucket.inits"
          ]
        },
        {
          "index_key": "splunk-master/etc/system/local/alert_actions.conf",
          "schema_version": 0,
          "attributes": {
            "acl": "private",
            "bucket": "prod-<customer>splunkprod-us-east-1-splunk-initial-configs",
            "cache_control": "",
            "content": null,
            "content_base64": null,
            "content_disposition": "",
            "content_encoding": "",
            "content_language": "",
            "content_type": "binary/octet-stream",
            "etag": "20d1b559eb71715f5dffc3a9ea39a353",
            "force_destroy": false,
            "id": "splunk-master/etc/system/local/alert_actions.conf",
            "key": "splunk-master/etc/system/local/alert_actions.conf",
            "kms_key_id": null,
            "metadata": {},
            "object_lock_legal_hold_status": "",
            "object_lock_mode": "",
            "object_lock_retain_until_date": "",
            "server_side_encryption": "",
            "source": "./init_files_for_s3/splunk-master/etc/system/local/alert_actions.conf",
            "storage_class": "STANDARD",
            "tags": {},
            "version_id": "",
            "website_redirect": ""
          },
          "private": "bnVsbA==",
          "dependencies": [
            "module.common.aws_s3_bucket.inits"
          ]
        },
        {
          "index_key": "splunk-master/etc/system/local/authentication.conf",
          "schema_version": 0,
          "attributes": {
            "acl": "private",
            "bucket": "prod-<customer>splunkprod-us-east-1-splunk-initial-configs",
            "cache_control": "",
            "content": null,
            "content_base64": null,
            "content_disposition": "",
            "content_encoding": "",
            "content_language": "",
            "content_type": "binary/octet-stream",
            "etag": "647b3e6b78ee6a77a56a90e75bfdaada",
            "force_destroy": false,
            "id": "splunk-master/etc/system/local/authentication.conf",
            "key": "splunk-master/etc/system/local/authentication.conf",
            "kms_key_id": null,
            "metadata": {},
            "object_lock_legal_hold_status": "",
            "object_lock_mode": "",
            "object_lock_retain_until_date": "",
            "server_side_encryption": "",
            "source": "./init_files_for_s3/splunk-master/etc/system/local/authentication.conf",
            "storage_class": "STANDARD",
            "tags": {},
            "version_id": "",
            "website_redirect": ""
          },
          "private": "bnVsbA==",
          "dependencies": [
            "module.common.aws_s3_bucket.inits"
          ]
        },
        {
          "index_key": "splunk-search-customer/etc/apps/<customer>_all_search_base/local/app.conf",
          "schema_version": 0,
          "attributes": {
            "acl": "private",
            "bucket": "prod-<customer>splunkprod-us-east-1-splunk-initial-configs",
            "cache_control": "",
            "content": null,
            "content_base64": null,
            "content_disposition": "",
            "content_encoding": "",
            "content_language": "",
            "content_type": "binary/octet-stream",
            "etag": "1061dff8c1acaa070adeed80a4f23c22",
            "force_destroy": false,
            "id": "splunk-search-customer/etc/apps/<customer>_all_search_base/local/app.conf",
            "key": "splunk-search-customer/etc/apps/<customer>_all_search_base/local/app.conf",
            "kms_key_id": null,
            "metadata": {},
            "object_lock_legal_hold_status": "",
            "object_lock_mode": "",
            "object_lock_retain_until_date": "",
            "server_side_encryption": "",
            "source": "./init_files_for_s3/splunk-search-customer/etc/apps/<customer>_all_search_base/local/app.conf",
            "storage_class": "STANDARD",
            "tags": {},
            "version_id": "",
            "website_redirect": ""
          },
          "private": "bnVsbA==",
          "dependencies": [
            "module.common.aws_s3_bucket.inits"
          ]
        },
        {
          "index_key": "splunk-search-customer/etc/apps/<customer>_all_search_base/local/server.conf",
          "schema_version": 0,
          "attributes": {
            "acl": "private",
            "bucket": "prod-<customer>splunkprod-us-east-1-splunk-initial-configs",
            "cache_control": "",
            "content": null,
            "content_base64": null,
            "content_disposition": "",
            "content_encoding": "",
            "content_language": "",
            "content_type": "binary/octet-stream",
            "etag": "0f3bf816e78a7a31e6af5b0a0779ff5d",
            "force_destroy": false,
            "id": "splunk-search-customer/etc/apps/<customer>_all_search_base/local/server.conf",
            "key": "splunk-search-customer/etc/apps/<customer>_all_search_base/local/server.conf",
            "kms_key_id": null,
            "metadata": {},
            "object_lock_legal_hold_status": "",
            "object_lock_mode": "",
            "object_lock_retain_until_date": "",
            "server_side_encryption": "",
            "source": "./init_files_for_s3/splunk-search-customer/etc/apps/<customer>_all_search_base/local/server.conf",
            "storage_class": "STANDARD",
            "tags": {},
            "version_id": "",
            "website_redirect": ""
          },
          "private": "bnVsbA==",
          "dependencies": [
            "module.common.aws_s3_bucket.inits"
          ]
        },
        {
          "index_key": "splunk-search-customer/etc/apps/<customer>_all_search_base/local/web.conf",
          "schema_version": 0,
          "attributes": {
            "acl": "private",
            "bucket": "prod-<customer>splunkprod-us-east-1-splunk-initial-configs",
            "cache_control": "",
            "content": null,
            "content_base64": null,
            "content_disposition": "",
            "content_encoding": "",
            "content_language": "",
            "content_type": "binary/octet-stream",
            "etag": "3f78fc0683d10abf3700e44728759214",
            "force_destroy": false,
            "id": "splunk-search-customer/etc/apps/<customer>_all_search_base/local/web.conf",
            "key": "splunk-search-customer/etc/apps/<customer>_all_search_base/local/web.conf",
            "kms_key_id": null,
            "metadata": {},
            "object_lock_legal_hold_status": "",
            "object_lock_mode": "",
            "object_lock_retain_until_date": "",
            "server_side_encryption": "",
            "source": "./init_files_for_s3/splunk-search-customer/etc/apps/<customer>_all_search_base/local/web.conf",
            "storage_class": "STANDARD",
            "tags": {},
            "version_id": "",
            "website_redirect": ""
          },
          "private": "bnVsbA==",
          "dependencies": [
            "module.common.aws_s3_bucket.inits"
          ]
        },
        {
          "index_key": "splunk-search-customer/etc/apps/<customer>_internal_deploymentclient/local/app.conf",
          "schema_version": 0,
          "attributes": {
            "acl": "private",
            "bucket": "prod-<customer>splunkprod-us-east-1-splunk-initial-configs",
            "cache_control": "",
            "content": null,
            "content_base64": null,
            "content_disposition": "",
            "content_encoding": "",
            "content_language": "",
            "content_type": "binary/octet-stream",
            "etag": "b83ef9c8f2ed9fad6954e2d85f124798",
            "force_destroy": false,
            "id": "splunk-search-customer/etc/apps/<customer>_internal_deploymentclient/local/app.conf",
            "key": "splunk-search-customer/etc/apps/<customer>_internal_deploymentclient/local/app.conf",
            "kms_key_id": null,
            "metadata": {},
            "object_lock_legal_hold_status": "",
            "object_lock_mode": "",
            "object_lock_retain_until_date": "",
            "server_side_encryption": "",
            "source": "./init_files_for_s3/splunk-search-customer/etc/apps/<customer>_internal_deploymentclient/local/app.conf",
            "storage_class": "STANDARD",
            "tags": {},
            "version_id": "",
            "website_redirect": ""
          },
          "private": "bnVsbA==",
          "dependencies": [
            "module.common.aws_s3_bucket.inits"
          ]
        },
        {
          "index_key": "splunk-search-customer/etc/apps/<customer>_internal_deploymentclient/local/deploymentclient.conf",
          "schema_version": 0,
          "attributes": {
            "acl": "private",
            "bucket": "prod-<customer>splunkprod-us-east-1-splunk-initial-configs",
            "cache_control": "",
            "content": null,
            "content_base64": null,
            "content_disposition": "",
            "content_encoding": "",
            "content_language": "",
            "content_type": "binary/octet-stream",
            "etag": "0ad723ac11fc5da173c4963bda1df029",
            "force_destroy": false,
            "id": "splunk-search-customer/etc/apps/<customer>_internal_deploymentclient/local/deploymentclient.conf",
            "key": "splunk-search-customer/etc/apps/<customer>_internal_deploymentclient/local/deploymentclient.conf",
            "kms_key_id": null,
            "metadata": {},
            "object_lock_legal_hold_status": "",
            "object_lock_mode": "",
            "object_lock_retain_until_date": "",
            "server_side_encryption": "",
            "source": "./init_files_for_s3/splunk-search-customer/etc/apps/<customer>_internal_deploymentclient/local/deploymentclient.conf",
            "storage_class": "STANDARD",
            "tags": {},
            "version_id": "",
            "website_redirect": ""
          },
          "private": "bnVsbA==",
          "dependencies": [
            "module.common.aws_s3_bucket.inits"
          ]
        },
        {
          "index_key": "splunk-search-customer/etc/auth/idpCerts/idpCert.pem",
          "schema_version": 0,
          "attributes": {
            "acl": "private",
            "bucket": "prod-<customer>splunkprod-us-east-1-splunk-initial-configs",
            "cache_control": "",
            "content": null,
            "content_base64": null,
            "content_disposition": "",
            "content_encoding": "",
            "content_language": "",
            "content_type": "binary/octet-stream",
            "etag": "d1bddb2ccebf768a526497e9f15b3960",
            "force_destroy": false,
            "id": "splunk-search-customer/etc/auth/idpCerts/idpCert.pem",
            "key": "splunk-search-customer/etc/auth/idpCerts/idpCert.pem",
            "kms_key_id": null,
            "metadata": {},
            "object_lock_legal_hold_status": "",
            "object_lock_mode": "",
            "object_lock_retain_until_date": "",
            "server_side_encryption": "",
            "source": "./init_files_for_s3/splunk-search-customer/etc/auth/idpCerts/idpCert.pem",
            "storage_class": "STANDARD",
            "tags": {},
            "version_id": "",
            "website_redirect": ""
          },
          "private": "bnVsbA==",
          "dependencies": [
            "module.common.aws_s3_bucket.inits"
          ]
        },
        {
          "index_key": "splunk-search-customer/etc/system/local/alert_actions.conf",
          "schema_version": 0,
          "attributes": {
            "acl": "private",
            "bucket": "prod-<customer>splunkprod-us-east-1-splunk-initial-configs",
            "cache_control": "",
            "content": null,
            "content_base64": null,
            "content_disposition": "",
            "content_encoding": "",
            "content_language": "",
            "content_type": "binary/octet-stream",
            "etag": "b5558787be9381cca08165aabe2cb5df",
            "force_destroy": false,
            "id": "splunk-search-customer/etc/system/local/alert_actions.conf",
            "key": "splunk-search-customer/etc/system/local/alert_actions.conf",
            "kms_key_id": null,
            "metadata": {},
            "object_lock_legal_hold_status": "",
            "object_lock_mode": "",
            "object_lock_retain_until_date": "",
            "server_side_encryption": "",
            "source": "./init_files_for_s3/splunk-search-customer/etc/system/local/alert_actions.conf",
            "storage_class": "STANDARD",
            "tags": {},
            "version_id": "",
            "website_redirect": ""
          },
          "private": "bnVsbA==",
          "dependencies": [
            "module.common.aws_s3_bucket.inits"
          ]
        },
        {
          "index_key": "splunk-search-customer/etc/system/local/authentication.conf",
          "schema_version": 0,
          "attributes": {
            "acl": "private",
            "bucket": "prod-<customer>splunkprod-us-east-1-splunk-initial-configs",
            "cache_control": "",
            "content": null,
            "content_base64": null,
            "content_disposition": "",
            "content_encoding": "",
            "content_language": "",
            "content_type": "binary/octet-stream",
            "etag": "919a133240a4b63540787de38ab650cf",
            "force_destroy": false,
            "id": "splunk-search-customer/etc/system/local/authentication.conf",
            "key": "splunk-search-customer/etc/system/local/authentication.conf",
            "kms_key_id": null,
            "metadata": {},
            "object_lock_legal_hold_status": "",
            "object_lock_mode": "",
            "object_lock_retain_until_date": "",
            "server_side_encryption": "",
            "source": "./init_files_for_s3/splunk-search-customer/etc/system/local/authentication.conf",
            "storage_class": "STANDARD",
            "tags": {},
            "version_id": "",
            "website_redirect": ""
          },
          "private": "bnVsbA==",
          "dependencies": [
            "module.common.aws_s3_bucket.inits"
          ]
        },
        {
          "index_key": "splunk-search-enterprise/etc/apps/<customer>_all_search_base/local/app.conf",
          "schema_version": 0,
          "attributes": {
            "acl": "private",
            "bucket": "prod-<customer>splunkprod-us-east-1-splunk-initial-configs",
            "cache_control": "",
            "content": null,
            "content_base64": null,
            "content_disposition": "",
            "content_encoding": "",
            "content_language": "",
            "content_type": "binary/octet-stream",
            "etag": "1061dff8c1acaa070adeed80a4f23c22",
            "force_destroy": false,
            "id": "splunk-search-enterprise/etc/apps/<customer>_all_search_base/local/app.conf",
            "key": "splunk-search-enterprise/etc/apps/<customer>_all_search_base/local/app.conf",
            "kms_key_id": null,
            "metadata": {},
            "object_lock_legal_hold_status": "",
            "object_lock_mode": "",
            "object_lock_retain_until_date": "",
            "server_side_encryption": "",
            "source": "./init_files_for_s3/splunk-search-enterprise/etc/apps/<customer>_all_search_base/local/app.conf",
            "storage_class": "STANDARD",
            "tags": {},
            "version_id": "",
            "website_redirect": ""
          },
          "private": "bnVsbA==",
          "dependencies": [
            "module.common.aws_s3_bucket.inits"
          ]
        },
        {
          "index_key": "splunk-search-enterprise/etc/apps/<customer>_all_search_base/local/server.conf",
          "schema_version": 0,
          "attributes": {
            "acl": "private",
            "bucket": "prod-<customer>splunkprod-us-east-1-splunk-initial-configs",
            "cache_control": "",
            "content": null,
            "content_base64": null,
            "content_disposition": "",
            "content_encoding": "",
            "content_language": "",
            "content_type": "binary/octet-stream",
            "etag": "0f3bf816e78a7a31e6af5b0a0779ff5d",
            "force_destroy": false,
            "id": "splunk-search-enterprise/etc/apps/<customer>_all_search_base/local/server.conf",
            "key": "splunk-search-enterprise/etc/apps/<customer>_all_search_base/local/server.conf",
            "kms_key_id": null,
            "metadata": {},
            "object_lock_legal_hold_status": "",
            "object_lock_mode": "",
            "object_lock_retain_until_date": "",
            "server_side_encryption": "",
            "source": "./init_files_for_s3/splunk-search-enterprise/etc/apps/<customer>_all_search_base/local/server.conf",
            "storage_class": "STANDARD",
            "tags": {},
            "version_id": "",
            "website_redirect": ""
          },
          "private": "bnVsbA==",
          "dependencies": [
            "module.common.aws_s3_bucket.inits"
          ]
        },
        {
          "index_key": "splunk-search-enterprise/etc/apps/<customer>_all_search_base/local/web.conf",
          "schema_version": 0,
          "attributes": {
            "acl": "private",
            "bucket": "prod-<customer>splunkprod-us-east-1-splunk-initial-configs",
            "cache_control": "",
            "content": null,
            "content_base64": null,
            "content_disposition": "",
            "content_encoding": "",
            "content_language": "",
            "content_type": "binary/octet-stream",
            "etag": "3f78fc0683d10abf3700e44728759214",
            "force_destroy": false,
            "id": "splunk-search-enterprise/etc/apps/<customer>_all_search_base/local/web.conf",
            "key": "splunk-search-enterprise/etc/apps/<customer>_all_search_base/local/web.conf",
            "kms_key_id": null,
            "metadata": {},
            "object_lock_legal_hold_status": "",
            "object_lock_mode": "",
            "object_lock_retain_until_date": "",
            "server_side_encryption": "",
            "source": "./init_files_for_s3/splunk-search-enterprise/etc/apps/<customer>_all_search_base/local/web.conf",
            "storage_class": "STANDARD",
            "tags": {},
            "version_id": "",
            "website_redirect": ""
          },
          "private": "bnVsbA==",
          "dependencies": [
            "module.common.aws_s3_bucket.inits"
          ]
        },
        {
          "index_key": "splunk-search-enterprise/etc/apps/<customer>_internal_deploymentclient/local/app.conf",
          "schema_version": 0,
          "attributes": {
            "acl": "private",
            "bucket": "prod-<customer>splunkprod-us-east-1-splunk-initial-configs",
            "cache_control": "",
            "content": null,
            "content_base64": null,
            "content_disposition": "",
            "content_encoding": "",
            "content_language": "",
            "content_type": "binary/octet-stream",
            "etag": "b83ef9c8f2ed9fad6954e2d85f124798",
            "force_destroy": false,
            "id": "splunk-search-enterprise/etc/apps/<customer>_internal_deploymentclient/local/app.conf",
            "key": "splunk-search-enterprise/etc/apps/<customer>_internal_deploymentclient/local/app.conf",
            "kms_key_id": null,
            "metadata": {},
            "object_lock_legal_hold_status": "",
            "object_lock_mode": "",
            "object_lock_retain_until_date": "",
            "server_side_encryption": "",
            "source": "./init_files_for_s3/splunk-search-enterprise/etc/apps/<customer>_internal_deploymentclient/local/app.conf",
            "storage_class": "STANDARD",
            "tags": {},
            "version_id": "",
            "website_redirect": ""
          },
          "private": "bnVsbA==",
          "dependencies": [
            "module.common.aws_s3_bucket.inits"
          ]
        },
        {
          "index_key": "splunk-search-enterprise/etc/apps/<customer>_internal_deploymentclient/local/deploymentclient.conf",
          "schema_version": 0,
          "attributes": {
            "acl": "private",
            "bucket": "prod-<customer>splunkprod-us-east-1-splunk-initial-configs",
            "cache_control": "",
            "content": null,
            "content_base64": null,
            "content_disposition": "",
            "content_encoding": "",
            "content_language": "",
            "content_type": "binary/octet-stream",
            "etag": "0ad723ac11fc5da173c4963bda1df029",
            "force_destroy": false,
            "id": "splunk-search-enterprise/etc/apps/<customer>_internal_deploymentclient/local/deploymentclient.conf",
            "key": "splunk-search-enterprise/etc/apps/<customer>_internal_deploymentclient/local/deploymentclient.conf",
            "kms_key_id": null,
            "metadata": {},
            "object_lock_legal_hold_status": "",
            "object_lock_mode": "",
            "object_lock_retain_until_date": "",
            "server_side_encryption": "",
            "source": "./init_files_for_s3/splunk-search-enterprise/etc/apps/<customer>_internal_deploymentclient/local/deploymentclient.conf",
            "storage_class": "STANDARD",
            "tags": {},
            "version_id": "",
            "website_redirect": ""
          },
          "private": "bnVsbA==",
          "dependencies": [
            "module.common.aws_s3_bucket.inits"
          ]
        },
        {
          "index_key": "splunk-search-enterprise/etc/auth/idpCerts/idpCert.pem",
          "schema_version": 0,
          "attributes": {
            "acl": "private",
            "bucket": "prod-<customer>splunkprod-us-east-1-splunk-initial-configs",
            "cache_control": "",
            "content": null,
            "content_base64": null,
            "content_disposition": "",
            "content_encoding": "",
            "content_language": "",
            "content_type": "binary/octet-stream",
            "etag": "d1bddb2ccebf768a526497e9f15b3960",
            "force_destroy": false,
            "id": "splunk-search-enterprise/etc/auth/idpCerts/idpCert.pem",
            "key": "splunk-search-enterprise/etc/auth/idpCerts/idpCert.pem",
            "kms_key_id": null,
            "metadata": {},
            "object_lock_legal_hold_status": "",
            "object_lock_mode": "",
            "object_lock_retain_until_date": "",
            "server_side_encryption": "",
            "source": "./init_files_for_s3/splunk-search-enterprise/etc/auth/idpCerts/idpCert.pem",
            "storage_class": "STANDARD",
            "tags": {},
            "version_id": "",
            "website_redirect": ""
          },
          "private": "bnVsbA==",
          "dependencies": [
            "module.common.aws_s3_bucket.inits"
          ]
        },
        {
          "index_key": "splunk-search-enterprise/etc/system/local/alert_actions.conf",
          "schema_version": 0,
          "attributes": {
            "acl": "private",
            "bucket": "prod-<customer>splunkprod-us-east-1-splunk-initial-configs",
            "cache_control": "",
            "content": null,
            "content_base64": null,
            "content_disposition": "",
            "content_encoding": "",
            "content_language": "",
            "content_type": "binary/octet-stream",
            "etag": "b3783a719729932004e1540ce00cc63c",
            "force_destroy": false,
            "id": "splunk-search-enterprise/etc/system/local/alert_actions.conf",
            "key": "splunk-search-enterprise/etc/system/local/alert_actions.conf",
            "kms_key_id": null,
            "metadata": {},
            "object_lock_legal_hold_status": "",
            "object_lock_mode": "",
            "object_lock_retain_until_date": "",
            "server_side_encryption": "",
            "source": "./init_files_for_s3/splunk-search-enterprise/etc/system/local/alert_actions.conf",
            "storage_class": "STANDARD",
            "tags": {},
            "version_id": "",
            "website_redirect": ""
          },
          "private": "bnVsbA==",
          "dependencies": [
            "module.common.aws_s3_bucket.inits"
          ]
        },
        {
          "index_key": "splunk-search-enterprise/etc/system/local/authentication.conf",
          "schema_version": 0,
          "attributes": {
            "acl": "private",
            "bucket": "prod-<customer>splunkprod-us-east-1-splunk-initial-configs",
            "cache_control": "",
            "content": null,
            "content_base64": null,
            "content_disposition": "",
            "content_encoding": "",
            "content_language": "",
            "content_type": "binary/octet-stream",
            "etag": "3112d83a7149bce356115e9d1ebd912b",
            "force_destroy": false,
            "id": "splunk-search-enterprise/etc/system/local/authentication.conf",
            "key": "splunk-search-enterprise/etc/system/local/authentication.conf",
            "kms_key_id": null,
            "metadata": {},
            "object_lock_legal_hold_status": "",
            "object_lock_mode": "",
            "object_lock_retain_until_date": "",
            "server_side_encryption": "",
            "source": "./init_files_for_s3/splunk-search-enterprise/etc/system/local/authentication.conf",
            "storage_class": "STANDARD",
            "tags": {},
            "version_id": "",
            "website_redirect": ""
          },
          "private": "bnVsbA==",
          "dependencies": [
            "module.common.aws_s3_bucket.inits"
          ]
        },
        {
          "index_key": "splunk-search-security/etc/apps/<customer>_all_search_base/local/app.conf",
          "schema_version": 0,
          "attributes": {
            "acl": "private",
            "bucket": "prod-<customer>splunkprod-us-east-1-splunk-initial-configs",
            "cache_control": "",
            "content": null,
            "content_base64": null,
            "content_disposition": "",
            "content_encoding": "",
            "content_language": "",
            "content_type": "binary/octet-stream",
            "etag": "1061dff8c1acaa070adeed80a4f23c22",
            "force_destroy": false,
            "id": "splunk-search-security/etc/apps/<customer>_all_search_base/local/app.conf",
            "key": "splunk-search-security/etc/apps/<customer>_all_search_base/local/app.conf",
            "kms_key_id": null,
            "metadata": {},
            "object_lock_legal_hold_status": "",
            "object_lock_mode": "",
            "object_lock_retain_until_date": "",
            "server_side_encryption": "",
            "source": "./init_files_for_s3/splunk-search-security/etc/apps/<customer>_all_search_base/local/app.conf",
            "storage_class": "STANDARD",
            "tags": {},
            "version_id": "",
            "website_redirect": ""
          },
          "private": "bnVsbA==",
          "dependencies": [
            "module.common.aws_s3_bucket.inits"
          ]
        },
        {
          "index_key": "splunk-search-security/etc/apps/<customer>_all_search_base/local/server.conf",
          "schema_version": 0,
          "attributes": {
            "acl": "private",
            "bucket": "prod-<customer>splunkprod-us-east-1-splunk-initial-configs",
            "cache_control": "",
            "content": null,
            "content_base64": null,
            "content_disposition": "",
            "content_encoding": "",
            "content_language": "",
            "content_type": "binary/octet-stream",
            "etag": "0f3bf816e78a7a31e6af5b0a0779ff5d",
            "force_destroy": false,
            "id": "splunk-search-security/etc/apps/<customer>_all_search_base/local/server.conf",
            "key": "splunk-search-security/etc/apps/<customer>_all_search_base/local/server.conf",
            "kms_key_id": null,
            "metadata": {},
            "object_lock_legal_hold_status": "",
            "object_lock_mode": "",
            "object_lock_retain_until_date": "",
            "server_side_encryption": "",
            "source": "./init_files_for_s3/splunk-search-security/etc/apps/<customer>_all_search_base/local/server.conf",
            "storage_class": "STANDARD",
            "tags": {},
            "version_id": "",
            "website_redirect": ""
          },
          "private": "bnVsbA==",
          "dependencies": [
            "module.common.aws_s3_bucket.inits"
          ]
        },
        {
          "index_key": "splunk-search-security/etc/apps/<customer>_all_search_base/local/web.conf",
          "schema_version": 0,
          "attributes": {
            "acl": "private",
            "bucket": "prod-<customer>splunkprod-us-east-1-splunk-initial-configs",
            "cache_control": "",
            "content": null,
            "content_base64": null,
            "content_disposition": "",
            "content_encoding": "",
            "content_language": "",
            "content_type": "binary/octet-stream",
            "etag": "3f78fc0683d10abf3700e44728759214",
            "force_destroy": false,
            "id": "splunk-search-security/etc/apps/<customer>_all_search_base/local/web.conf",
            "key": "splunk-search-security/etc/apps/<customer>_all_search_base/local/web.conf",
            "kms_key_id": null,
            "metadata": {},
            "object_lock_legal_hold_status": "",
            "object_lock_mode": "",
            "object_lock_retain_until_date": "",
            "server_side_encryption": "",
            "source": "./init_files_for_s3/splunk-search-security/etc/apps/<customer>_all_search_base/local/web.conf",
            "storage_class": "STANDARD",
            "tags": {},
            "version_id": "",
            "website_redirect": ""
          },
          "private": "bnVsbA==",
          "dependencies": [
            "module.common.aws_s3_bucket.inits"
          ]
        },
        {
          "index_key": "splunk-search-security/etc/apps/<customer>_internal_deploymentclient/local/app.conf",
          "schema_version": 0,
          "attributes": {
            "acl": "private",
            "bucket": "prod-<customer>splunkprod-us-east-1-splunk-initial-configs",
            "cache_control": "",
            "content": null,
            "content_base64": null,
            "content_disposition": "",
            "content_encoding": "",
            "content_language": "",
            "content_type": "binary/octet-stream",
            "etag": "b83ef9c8f2ed9fad6954e2d85f124798",
            "force_destroy": false,
            "id": "splunk-search-security/etc/apps/<customer>_internal_deploymentclient/local/app.conf",
            "key": "splunk-search-security/etc/apps/<customer>_internal_deploymentclient/local/app.conf",
            "kms_key_id": null,
            "metadata": {},
            "object_lock_legal_hold_status": "",
            "object_lock_mode": "",
            "object_lock_retain_until_date": "",
            "server_side_encryption": "",
            "source": "./init_files_for_s3/splunk-search-security/etc/apps/<customer>_internal_deploymentclient/local/app.conf",
            "storage_class": "STANDARD",
            "tags": {},
            "version_id": "",
            "website_redirect": ""
          },
          "private": "bnVsbA==",
          "dependencies": [
            "module.common.aws_s3_bucket.inits"
          ]
        },
        {
          "index_key": "splunk-search-security/etc/apps/<customer>_internal_deploymentclient/local/deploymentclient.conf",
          "schema_version": 0,
          "attributes": {
            "acl": "private",
            "bucket": "prod-<customer>splunkprod-us-east-1-splunk-initial-configs",
            "cache_control": "",
            "content": null,
            "content_base64": null,
            "content_disposition": "",
            "content_encoding": "",
            "content_language": "",
            "content_type": "binary/octet-stream",
            "etag": "0ad723ac11fc5da173c4963bda1df029",
            "force_destroy": false,
            "id": "splunk-search-security/etc/apps/<customer>_internal_deploymentclient/local/deploymentclient.conf",
            "key": "splunk-search-security/etc/apps/<customer>_internal_deploymentclient/local/deploymentclient.conf",
            "kms_key_id": null,
            "metadata": {},
            "object_lock_legal_hold_status": "",
            "object_lock_mode": "",
            "object_lock_retain_until_date": "",
            "server_side_encryption": "",
            "source": "./init_files_for_s3/splunk-search-security/etc/apps/<customer>_internal_deploymentclient/local/deploymentclient.conf",
            "storage_class": "STANDARD",
            "tags": {},
            "version_id": "",
            "website_redirect": ""
          },
          "private": "bnVsbA==",
          "dependencies": [
            "module.common.aws_s3_bucket.inits"
          ]
        },
        {
          "index_key": "splunk-search-security/etc/auth/idpCerts/idpCert.pem",
          "schema_version": 0,
          "attributes": {
            "acl": "private",
            "bucket": "prod-<customer>splunkprod-us-east-1-splunk-initial-configs",
            "cache_control": "",
            "content": null,
            "content_base64": null,
            "content_disposition": "",
            "content_encoding": "",
            "content_language": "",
            "content_type": "binary/octet-stream",
            "etag": "d1bddb2ccebf768a526497e9f15b3960",
            "force_destroy": false,
            "id": "splunk-search-security/etc/auth/idpCerts/idpCert.pem",
            "key": "splunk-search-security/etc/auth/idpCerts/idpCert.pem",
            "kms_key_id": null,
            "metadata": {},
            "object_lock_legal_hold_status": "",
            "object_lock_mode": "",
            "object_lock_retain_until_date": "",
            "server_side_encryption": "",
            "source": "./init_files_for_s3/splunk-search-security/etc/auth/idpCerts/idpCert.pem",
            "storage_class": "STANDARD",
            "tags": {},
            "version_id": "",
            "website_redirect": ""
          },
          "private": "bnVsbA==",
          "dependencies": [
            "module.common.aws_s3_bucket.inits"
          ]
        },
        {
          "index_key": "splunk-search-security/etc/system/local/alert_actions.conf",
          "schema_version": 0,
          "attributes": {
            "acl": "private",
            "bucket": "prod-<customer>splunkprod-us-east-1-splunk-initial-configs",
            "cache_control": "",
            "content": null,
            "content_base64": null,
            "content_disposition": "",
            "content_encoding": "",
            "content_language": "",
            "content_type": "binary/octet-stream",
            "etag": "5819fa14cbc200fd2aec3974b328f4ac",
            "force_destroy": false,
            "id": "splunk-search-security/etc/system/local/alert_actions.conf",
            "key": "splunk-search-security/etc/system/local/alert_actions.conf",
            "kms_key_id": null,
            "metadata": {},
            "object_lock_legal_hold_status": "",
            "object_lock_mode": "",
            "object_lock_retain_until_date": "",
            "server_side_encryption": "",
            "source": "./init_files_for_s3/splunk-search-security/etc/system/local/alert_actions.conf",
            "storage_class": "STANDARD",
            "tags": {},
            "version_id": "",
            "website_redirect": ""
          },
          "private": "bnVsbA==",
          "dependencies": [
            "module.common.aws_s3_bucket.inits"
          ]
        },
        {
          "index_key": "splunk-search-security/etc/system/local/authentication.conf",
          "schema_version": 0,
          "attributes": {
            "acl": "private",
            "bucket": "prod-<customer>splunkprod-us-east-1-splunk-initial-configs",
            "cache_control": "",
            "content": null,
            "content_base64": null,
            "content_disposition": "",
            "content_encoding": "",
            "content_language": "",
            "content_type": "binary/octet-stream",
            "etag": "ec95309787ef5ffd1c9ee47ab6d9b685",
            "force_destroy": false,
            "id": "splunk-search-security/etc/system/local/authentication.conf",
            "key": "splunk-search-security/etc/system/local/authentication.conf",
            "kms_key_id": null,
            "metadata": {},
            "object_lock_legal_hold_status": "",
            "object_lock_mode": "",
            "object_lock_retain_until_date": "",
            "server_side_encryption": "",
            "source": "./init_files_for_s3/splunk-search-security/etc/system/local/authentication.conf",
            "storage_class": "STANDARD",
            "tags": {},
            "version_id": "",
            "website_redirect": ""
          },
          "private": "bnVsbA==",
          "dependencies": [
            "module.common.aws_s3_bucket.inits"
          ]
        }
      ]
    },
    {
      "module": "module.common",
      "mode": "managed",
      "type": "aws_s3_bucket_public_access_block",
      "name": "config",
      "provider": "provider[\"registry.terraform.io/hashicorp/aws\"]",
      "instances": [
        {
          "schema_version": 0,
          "attributes": {
            "block_public_acls": true,
            "block_public_policy": true,
            "bucket": "prod-<customer>splunkprod-us-east-1-splunk-configuration-backup",
            "id": "prod-<customer>splunkprod-us-east-1-splunk-configuration-backup",
            "ignore_public_acls": true,
            "restrict_public_buckets": true
          },
          "private": "bnVsbA==",
          "dependencies": [
            "module.common.aws_s3_bucket.config"
          ]
        }
      ]
    },
    {
      "module": "module.common",
      "mode": "managed",
      "type": "aws_s3_bucket_public_access_block",
      "name": "inits",
      "provider": "provider[\"registry.terraform.io/hashicorp/aws\"]",
      "instances": [
        {
          "schema_version": 0,
          "attributes": {
            "block_public_acls": true,
            "block_public_policy": true,
            "bucket": "prod-<customer>splunkprod-us-east-1-splunk-initial-configs",
            "id": "prod-<customer>splunkprod-us-east-1-splunk-initial-configs",
            "ignore_public_acls": true,
            "restrict_public_buckets": true
          },
          "private": "bnVsbA==",
          "dependencies": [
            "module.common.aws_s3_bucket.inits"
          ]
        }
      ]
    },
    {
      "module": "module.common",
      "mode": "managed",
      "type": "aws_s3_bucket_public_access_block",
      "name": "smartstore",
      "provider": "provider[\"registry.terraform.io/hashicorp/aws\"]",
      "instances": [
        {
          "schema_version": 0,
          "attributes": {
            "block_public_acls": true,
            "block_public_policy": true,
            "bucket": "prod-<customer>splunkprod-us-east-1-splunk-smartstore",
            "id": "prod-<customer>splunkprod-us-east-1-splunk-smartstore",
            "ignore_public_acls": true,
            "restrict_public_buckets": true
          },
          "private": "bnVsbA==",
          "dependencies": [
            "module.common.aws_s3_bucket.smartstore"
          ]
        }
      ]
    },
    {
      "module": "module.common",
      "mode": "managed",
      "type": "aws_sns_topic",
      "name": "splunk-alarms",
      "provider": "provider[\"registry.terraform.io/hashicorp/aws\"]",
      "instances": [
        {
          "schema_version": 0,
          "attributes": {
            "application_failure_feedback_role_arn": "",
            "application_success_feedback_role_arn": "",
            "application_success_feedback_sample_rate": null,
            "arn": "arn:aws:sns:us-east-1:740749460388:splunk-alarms",
            "delivery_policy": "",
            "display_name": "",
            "http_failure_feedback_role_arn": "",
            "http_success_feedback_role_arn": "",
            "http_success_feedback_sample_rate": null,
            "id": "arn:aws:sns:us-east-1:740749460388:splunk-alarms",
            "kms_master_key_id": "",
            "lambda_failure_feedback_role_arn": "",
            "lambda_success_feedback_role_arn": "",
            "lambda_success_feedback_sample_rate": null,
            "name": "splunk-alarms",
            "name_prefix": null,
            "policy": "{\"Version\":\"2008-10-17\",\"Id\":\"__default_policy_ID\",\"Statement\":[{\"Sid\":\"__default_statement_ID\",\"Effect\":\"Allow\",\"Principal\":{\"AWS\":\"*\"},\"Action\":[\"SNS:GetTopicAttributes\",\"SNS:SetTopicAttributes\",\"SNS:AddPermission\",\"SNS:RemovePermission\",\"SNS:DeleteTopic\",\"SNS:Subscribe\",\"SNS:ListSubscriptionsByTopic\",\"SNS:Publish\",\"SNS:Receive\"],\"Resource\":\"arn:aws:sns:us-east-1:740749460388:splunk-alarms\",\"Condition\":{\"StringEquals\":{\"AWS:SourceOwner\":\"740749460388\"}}}]}",
            "sqs_failure_feedback_role_arn": "",
            "sqs_success_feedback_role_arn": "",
            "sqs_success_feedback_sample_rate": null,
            "tags": {
              "Managed_by": "terraform",
              "Module": "splunk_common",
              "application_name": "splunk",
              "environment": "prod",
              "prj_name": "splunk",
              "prj_owner": "Juan Becerra"
            }
          },
          "private": "bnVsbA=="
        }
      ]
    },
    {
      "module": "module.common",
      "mode": "managed",
      "type": "aws_sns_topic_subscription",
      "name": "topic_lambda",
      "provider": "provider[\"registry.terraform.io/hashicorp/aws\"]",
      "instances": [
        {
          "schema_version": 0,
          "attributes": {
            "arn": "arn:aws:sns:us-east-1:740749460388:splunk-alarms:d9e9e646-039a-4bc8-91ac-371e4a91104d",
            "confirmation_timeout_in_minutes": 1,
            "delivery_policy": "",
            "endpoint": "arn:aws:lambda:us-east-1:740749460388:function:splunk_common_SlackAWSAlert",
            "endpoint_auto_confirms": false,
            "filter_policy": "",
            "id": "arn:aws:sns:us-east-1:740749460388:splunk-alarms:d9e9e646-039a-4bc8-91ac-371e4a91104d",
            "protocol": "lambda",
            "raw_message_delivery": false,
            "topic_arn": "arn:aws:sns:us-east-1:740749460388:splunk-alarms"
          },
          "private": "bnVsbA==",
          "dependencies": [
            "module.common.aws_iam_role.lambda_SlackAWSAlert",
            "module.common.aws_lambda_function.lambda_SlackAWSAlert",
            "module.common.aws_sns_topic.splunk-alarms",
            "module.common.data.archive_file.lambda_SlackAWSAlert",
            "module.common.data.aws_iam_policy_document.lambda_slack_assume"
          ]
        }
      ]
    },
    {
      "module": "module.common",
      "mode": "managed",
      "type": "aws_ssm_parameter",
      "name": "splunk-cw-config",
      "provider": "provider[\"registry.terraform.io/hashicorp/aws\"]",
      "instances": [
        {
          "schema_version": 0,
          "attributes": {
            "allowed_pattern": "",
            "arn": "arn:aws:ssm:us-east-1:740749460388:parameter/AmazonCloudWatch-Splunk",
            "description": "AWS Cloudwatch metrics configuration ",
            "id": "/AmazonCloudWatch-Splunk",
            "key_id": "",
            "name": "/AmazonCloudWatch-Splunk",
            "overwrite": true,
            "tags": {
              "Managed_by": "terraform",
              "Module": "splunk_common",
              "Name": "/AmazonCloudWatch-Splunk",
              "application_name": "splunk",
              "environment": "prod",
              "prj_name": "splunk",
              "prj_owner": "Juan Becerra"
            },
            "tier": "Standard",
            "type": "String",
            "value": "{\n    \"agent\": {\n            \"metrics_collection_interval\": 60,\n            \"run_as_user\": \"root\"\n    },\n    \"metrics\": {\n            \"append_dimensions\": {\n                    \"InstanceId\": \"${aws:InstanceId}\"\n            },\n            \"metrics_collected\": {\n                    \"collectd\": {\n                            \"metrics_aggregation_interval\": 60\n                    },\n                    \"cpu\": {\n                            \"measurement\": [\n                                    \"cpu_usage_idle\",\n                                    \"cpu_usage_iowait\",\n                                    \"cpu_usage_user\",\n                                    \"cpu_usage_system\"\n                            ],\n                            \"metrics_collection_interval\": 60,\n                            \"totalcpu\": false,\n                            \"resources\": [\n                   \"*\"\n                            ]\n                    },\n                    \"disk\": {\n                            \"measurement\": [\n                                    \"used_percent\",\n                                    \"disk_total\",\n                                    \"disk_used\"\n                            ],\n                            \"metrics_collection_interval\": 60,\n                            \"resources\": [\n                                    \"*\"\n                            ]\n                    },\n                    \"diskio\": {\n                            \"measurement\": [\n                                    \"io_time\",\n                                    \"write_bytes\",\n                                    \"read_bytes\",\n                                    \"writes\",\n                                    \"reads\"\n                            ],\n                            \"metrics_collection_interval\": 60,\n                            \"resources\": [\n                                    \"*\"\n                            ]\n                    },                        \n                    \"mem\": {\n                            \"measurement\": [\n                                    \"mem_used_percent\",\n                                    \"mem_available\",\n                                    \"mem_cached\",\n                                    \"mem_free\",\n                                    \"mem_total\"\n                            ],\n                            \"metrics_collection_interval\": 60\n                    },\n                    \"statsd\": {\n                            \"metrics_aggregation_interval\": 60,\n                            \"metrics_collection_interval\": 30,\n                            \"service_address\": \":8125\"\n                    },\n                    \"swap\": {\n                            \"measurement\": [\n                                    \"swap_used_percent\",\n                                    \"swap_free\",\n                                    \"swap_used\"\n                            ],\n                            \"metrics_collection_interval\": 60\n                    }\n            }\n    }\n}",
            "version": 2
          },
          "private": "bnVsbA=="
        }
      ]
    },
    {
      "module": "module.common",
      "mode": "managed",
      "type": "aws_vpc_endpoint",
      "name": "s3_ep",
      "provider": "provider[\"registry.terraform.io/hashicorp/aws\"]",
      "instances": [
        {
          "schema_version": 0,
          "attributes": {
            "arn": "arn:aws:ec2:us-east-1:740749460388:vpc-endpoint/vpce-0295d167d12ea4795",
            "auto_accept": null,
            "cidr_blocks": [
              "54.231.0.0/17",
              "52.216.0.0/15",
              "3.5.0.0/18"
            ],
            "dns_entry": [],
            "id": "vpce-0295d167d12ea4795",
            "network_interface_ids": [],
            "owner_id": "740749460388",
            "policy": "{\"Statement\":[{\"Action\":\"*\",\"Effect\":\"Allow\",\"Principal\":\"*\",\"Resource\":\"*\"}],\"Version\":\"2008-10-17\"}",
            "prefix_list_id": "pl-63a5400a",
            "private_dns_enabled": false,
            "requester_managed": false,
            "route_table_ids": [
              "rtb-0c10a6fcd155d1171"
            ],
            "security_group_ids": [],
            "service_name": "com.amazonaws.us-east-1.s3",
            "state": "available",
            "subnet_ids": [],
            "tags": {},
            "timeouts": null,
            "vpc_endpoint_type": "Gateway",
            "vpc_id": "vpc-0f9afbd827c17d71a"
          },
          "private": "eyJlMmJmYjczMC1lY2FhLTExZTYtOGY4OC0zNDM2M2JjN2M0YzAiOnsiY3JlYXRlIjo2MDAwMDAwMDAwMDAsImRlbGV0ZSI6NjAwMDAwMDAwMDAwLCJ1cGRhdGUiOjYwMDAwMDAwMDAwMH19"
        }
      ]
    },
    {
      "module": "module.common",
      "mode": "managed",
      "type": "aws_wafv2_web_acl",
      "name": "waf",
      "provider": "provider[\"registry.terraform.io/hashicorp/aws\"]",
      "instances": [
        {
          "schema_version": 0,
          "attributes": {
            "arn": "arn:aws:wafv2:us-east-1:740749460388:regional/webacl/prod-splunk-waf-splunk/bbc8c958-ec97-4708-a740-7fa7b1956e7b",
            "capacity": 20,
            "default_action": [
              {
                "allow": [
                  {}
                ],
                "block": []
              }
            ],
            "description": "",
            "id": "bbc8c958-ec97-4708-a740-7fa7b1956e7b",
            "lock_token": "ff7f429b-36c3-491d-9b7b-f3c49cfdce45",
            "name": "prod-splunk-waf-splunk",
            "rule": [
              {
                "action": [
                  {
                    "allow": [],
                    "block": [
                      {}
                    ],
                    "count": []
                  }
                ],
                "name": "Block-Single-Factor",
                "override_action": [],
                "priority": 0,
                "statement": [
                  {
                    "and_statement": [],
                    "byte_match_statement": [
                      {
                        "field_to_match": [
                          {
                            "all_query_arguments": [],
                            "body": [],
                            "method": [],
                            "query_string": [
                              {}
                            ],
                            "single_header": [],
                            "single_query_argument": [],
                            "uri_path": []
                          }
                        ],
                        "positional_constraint": "CONTAINS",
                        "search_string": "type=splunk",
                        "text_transformation": [
                          {
                            "priority": 0,
                            "type": "LOWERCASE"
                          }
                        ]
                      }
                    ],
                    "geo_match_statement": [],
                    "ip_set_reference_statement": [],
                    "managed_rule_group_statement": [],
                    "not_statement": [],
                    "or_statement": [],
                    "rate_based_statement": [],
                    "regex_pattern_set_reference_statement": [],
                    "rule_group_reference_statement": [],
                    "size_constraint_statement": [],
                    "sqli_match_statement": [],
                    "xss_match_statement": []
                  }
                ],
                "visibility_config": [
                  {
                    "cloudwatch_metrics_enabled": true,
                    "metric_name": "prod-splunk-waf-splunk-block-single",
                    "sampled_requests_enabled": true
                  }
                ]
              }
            ],
            "scope": "REGIONAL",
            "tags": {},
            "visibility_config": [
              {
                "cloudwatch_metrics_enabled": true,
                "metric_name": "prod-splunk-waf-splunk",
                "sampled_requests_enabled": true
              }
            ]
          },
          "private": "bnVsbA=="
        }
      ]
    },
    {
      "module": "module.deployment",
      "mode": "data",
      "type": "aws_ami",
      "name": "ami_source",
      "provider": "provider[\"registry.terraform.io/hashicorp/aws\"]",
      "instances": [
        {
          "schema_version": 0,
          "attributes": {
            "architecture": "x86_64",
            "arn": "arn:aws:ec2:us-east-1::image/ami-0b8b44d7fa3d6be69",
            "block_device_mappings": [
              {
                "device_name": "/dev/xvda",
                "ebs": {
                  "delete_on_termination": "true",
                  "encrypted": "false",
                  "iops": "0",
                  "snapshot_id": "snap-0c3f069fd02222e51",
                  "volume_size": "150",
                  "volume_type": "gp2"
                },
                "no_device": "",
                "virtual_name": ""
              }
            ],
            "creation_date": "2020-11-06T21:26:10.000Z",
            "description": "Lambda created AMI of instance i-0b5ccc2dcfc423636",
            "executable_users": null,
            "filter": [
              {
                "name": "tag:Name",
                "values": [
                  "splunk-base-ami",
                  "splunk-deployment"
                ]
              }
            ],
            "hypervisor": "xen",
            "id": "ami-0b8b44d7fa3d6be69",
            "image_id": "ami-0b8b44d7fa3d6be69",
            "image_location": "740749460388/splunk-deployment_06-11-2020.21.26",
            "image_owner_alias": null,
            "image_type": "machine",
            "kernel_id": null,
            "most_recent": true,
            "name": "splunk-deployment_06-11-2020.21.26",
            "name_regex": null,
            "owner_id": "740749460388",
            "owners": [
              "self"
            ],
            "platform": null,
            "product_codes": [],
            "public": false,
            "ramdisk_id": null,
            "root_device_name": "/dev/xvda",
            "root_device_type": "ebs",
            "root_snapshot_id": "snap-0c3f069fd02222e51",
            "sriov_net_support": "simple",
            "state": "available",
            "state_reason": {
              "code": "UNSET",
              "message": "UNSET"
            },
            "tags": {
              "CreatedOn": "06-11-2020.21.26",
              "Name": "splunk-deployment",
              "Type": "HOURLY"
            },
            "virtualization_type": "hvm"
          }
        }
      ]
    },
    {
      "module": "module.deployment",
      "mode": "data",
      "type": "aws_route53_zone",
      "name": "private_zone",
      "provider": "provider[\"registry.terraform.io/hashicorp/aws\"]",
      "instances": [
        {
          "schema_version": 0,
          "attributes": {
            "caller_reference": "terraform-20201106142453677500000001",
            "comment": "Managed by Terraform",
            "id": "Z1025878278SY9EZW6LQL",
            "linked_service_description": null,
            "linked_service_principal": null,
            "name": "splunkinternal.com.",
            "name_servers": [],
            "private_zone": true,
            "resource_record_set_count": 14,
            "tags": {},
            "vpc_id": null,
            "zone_id": "Z1025878278SY9EZW6LQL"
          }
        }
      ]
    },
    {
      "module": "module.deployment",
      "mode": "data",
      "type": "aws_route53_zone",
      "name": "public_zone",
      "provider": "provider[\"registry.terraform.io/hashicorp/aws\"]",
      "instances": [
        {
          "schema_version": 0,
          "attributes": {
            "caller_reference": "4e9ee2b0-8d7d-45b1-bef2-d843fa05c63b",
            "comment": "Hosted Zone for Splunk URLs",
            "id": "Z07522651BG4B102L9QDK",
            "linked_service_description": null,
            "linked_service_principal": null,
            "name": "splunk.<customer>home.com.",
            "name_servers": [
              "ns-931.awsdns-52.net",
              "ns-153.awsdns-19.com",
              "ns-1627.awsdns-11.co.uk",
              "ns-1098.awsdns-09.org"
            ],
            "private_zone": false,
            "resource_record_set_count": 19,
            "tags": {},
            "vpc_id": null,
            "zone_id": "Z07522651BG4B102L9QDK"
          }
        }
      ]
    },
    {
      "module": "module.deployment",
      "mode": "data",
      "type": "aws_secretsmanager_secret_version",
      "name": "ssl_key",
      "provider": "provider[\"registry.terraform.io/hashicorp/aws\"]",
      "instances": [
        {
          "index_key": 0,
          "schema_version": 0,
          "attributes": {
            "arn": "arn:aws:secretsmanager:us-east-1:740749460388:secret:deployment-mgmt.splunk.<customer>home.com.pem-olVyGB",
            "id": "deployment-mgmt.splunk.<customer>home.com.pem|AWSCURRENT",
            "secret_binary": "-----BEGIN CERTIFICATE-----\nMIIFWzCCBEOgAwIBAgIKfZ9GVgAAAAAXJTANBgkqhkiG9w0BAQsFADBIMRMwEQYK\nCZImiZPyLGQBGRYDY29tMRswGQYKCZImiZPyLGQBGRYLY2hpY2stZmlsLWExFDAS\nBgNVBAMTC0NGQSBFSUNBIDAxMB4XDTIwMTAyODE4NDUzNloXDTI1MTAyNzE4NDUz\nNlowgYUxCzAJBgNVBAYTAlVTMRAwDgYDVQQIEwdHZW9yZ2lhMRAwDgYDVQQHEwdB\ndGxhbnRhMRgwFgYDVQQKEw9DaGljay1maWwtQSBJbmMxCzAJBgNVBAsTAklUMSsw\nKQYDVQQDEyJkZXBsb3ltZW50LW1nbXQuc3BsdW5rLmNmYWhvbWUuY29tMIIBIjAN\nBgkqhkiG9w0BAQEFAAOCAQ8AMIIBCgKCAQEAyZ4Rib8MpExsUKn/2im+oqZKlaFy\nTVEln/axdq5k0EKbx8/AS/cDj9WcfyPwCW2APJTI8i7TXLTmNcTXltf5DyojSBdC\nIsYJy579J2lL1JxnIbSdaIv450AMvtbUPg45p2ImzsuXxiP7oSmC3aiPB2DSpRv/\ngYSWH7vlq4/iwRIIrFZWFbN69pKXax3IUsOX1zmiANbGDtxaBsC4dEg93itXOgFN\nKCUlmEWNuBSSfcMxUZS4qLwq4hH6n4OH8De/AdnWzXEGd8poqtQ/RllM7HWRBWzR\nvaOu3A0iIjA9HIFgWZEM/U+WTXvCnEO8Fm9npmpr1EkOgxWsuaRIP6AijQIDAQAB\no4ICBzCCAgMwHQYDVR0OBBYEFBRJBLrkgj1u9dU7dbyTc55u4yOFMB8GA1UdIwQY\nMBaAFMXO/Lr9x6IFJJal/L2o6nzKJWbDMD8GA1UdHwQ4MDYwNKAyoDCGLmh0dHA6\nLy9jcmwuY2ZhaG9tZS5jb20vUEtJL0NGQSUyMEVJQ0ElMjAwMS5jcmwwggEBBggr\nBgEFBQcBAQSB9DCB8TA6BggrBgEFBQcwAoYuaHR0cDovL2NybC5jZmFob21lLmNv\nbS9QS0kvQ0ZBJTIwRUlDQSUyMDAxLmNydDCBsgYIKwYBBQUHMAKGgaVsZGFwOi8v\nL0NOPUNGQSUyMEVJQ0ElMjAwMSxDTj1BSUEsQ049UHVibGljJTIwS2V5JTIwU2Vy\ndmljZXMsQ049U2VydmljZXMsQ049Q29uZmlndXJhdGlvbixEQz1jaGljay1maWwt\nYSxEQz1jb20/Y0FDZXJ0aWZpY2F0ZT9iYXNlP29iamVjdENsYXNzPWNlcnRpZmlj\nYXRpb25BdXRob3JpdHkwCwYDVR0PBAQDAgWgMDwGCSsGAQQBgjcVBwQvMC0GJSsG\nAQQBgjcVCNSPfoOgihmBoZkjh7z+Uoaly3pqhPDuToOUjT0CAWQCAQYwEwYDVR0l\nBAwwCgYIKwYBBQUHAwEwGwYJKwYBBAGCNxUKBA4wDDAKBggrBgEFBQcDATANBgkq\nhkiG9w0BAQsFAAOCAQEAW10tBKWV7oAu8SXhh2nXFBOJ1vouEelTkDvQnPJYUUIn\nsrNuh3qO92YBcI6lw+G8341xGpndYu47b0GwEufq/eYyAZH4x7vsOJgUNNfmlLOC\nbuOsQp46BkOky5vj3VQu6Hpw8gFy8tbeo4KJZSAd5CCIVT2E+sJ1GA0zjY0NxUcw\nOhndnWcRbyb119In0WZE2HClO4PPiWvnWHvEQ9U6DXrIYbnf+Liy1aMce4eFY8AM\nLifXB7DLTXrju5lD1/sFHQCQ37v7wSIwE77tfkICsnxZCxz/bfFWt8vm1A/9Qkbe\nPEMLnL3/MkED8smBOgW+xzMmB52VcDuXhqgeERLAFA==\n-----END CERTIFICATE-----\n-----BEGIN RSA PRIVATE KEY-----\nProc-Type: 4,ENCRYPTED\nDEK-Info: DES-EDE3-CBC,CC71BF26A3F68976\n\nwBhF3nCeJlDJ97fWP+TCNbKd9QrcKLej/WxEQS2zjEJTL2Yh/1Cf+qUEnOPQns0P\n0DxPW20UkxxvUfzyubJdtSj7lnhpn4To/TRasrwYmv6Gzx0THOvR3cZOep22ExAk\ntWqwINKC38Zgn9dAiL055emAEMQrGs+L6vaE+HQoTwEenuHgEZ26LLw7WPrvf/Kz\nTxW95VPxRKF01xf7j0+xaRF9KxQLTPZOgSgyoJitwCHLDTl8mm0dmfDqofV4SieB\nt+OFn/zFxOQPcXnObQ33gJlFqDj4f/dvVqKl9JhfxfT/HweIctZyMeSvPi+Zi51Y\nDFLD9RCo0kC8qUIYPuoU+1A4tY2qWj5jxvxd7YGZkms7h0yLpLZjQvv6KKzYpkOV\n0PbSh0SZnNtBe6497LC36AHpVMXot958aKKUobwrt5idcd4o4611GrZiCBM9MdwD\n0+qMAEv7IbamBi5UJTtiiN9df6L+ZqWLvJ9dzwFHWI0cbXrxQ/ol7w7CoM3+eDwe\nHklFy7KhZ08+C9E40heCFb7MOZluIClBUC+JeR8eUgEdD4hWV8bSjfTYfV5IPbQW\nPTyukTfrpwHzd4HEYvkE8yKMKrUjC3+cS0SuXUoeCI/XXCP+QOOyKxIJKIB+vfJc\n+DHmMQUnjUuEqNKoYKULeCwhs0b32TwnYyO3M7MI1j0oKAP1z18DjIxNiC4eXr+h\n4dF9q1QsPAq6NWrqBPSYAZAooYXiw07Z1d0hX4wwxG7UAWcXL8tQX781E5i7114f\nUVrPP87MMEMXdMNr+Pe4kXOc2ViVsLSGYzFA/0BEd6SYWU36z1A8qzvRxUBYQ3+W\n4oLV4RZLxWczKpoYD3Q8U2Bjj5UL7dD6gikwaxh/QdbypIrj8vYSRBy7ONKZVq2R\nAkyji+32tno3BTrq0eC9pnkdkA9aua0NfBizRFkv/3wecuJm/193C9wGYJ3AMzBx\ngW+rlzZpgFTVQfnAA0ZR7IS3b4XKyFczhT+Yo3TxmSVJQv7Ar2qbYwH/UqKKcPOB\nIYgKY27nFz/lBWGG6u5r42Pw8efrXSmgZ1QBM1eFUOHVq0xSRuciUfUlrVpBmdhn\nGkI0c5OIEXx3idORj4r7NVEiYom+8sB2+ueYoLwQ6D4IiCFP6OBy9m91XzrSYRQO\nkGj/KT9bsG3d5YwS3B8TwKzEJ+fZWsZHOX/7E13CSdyHwmqEm2WgNljwWNYWAvlI\n5PxF3HNrU0+1mQE5MVsc39xbTeT3TI8NhcMnmSQi4Tz2+WMhkrZxTY0N2TCUmq/A\n8tcdhJY7sCtqH8iklTD1ItUqeeweXrbuHrla0swje0137D8QJNy+tROUESE27cAh\nCetM7at78i2xyHYV8MBLtYrzYegQPpGqcEmwEF5jbHMAxBwYZsV5EjlTe7d6ux9Q\nrlrrLW6O9etiK6Qtb5MdpVlORpN9RPgEroilrtSgBdYrOXWCVhkdgjTn7OGALd/I\ntC6cjRiJTrwzYB7rQ5YnmLAx62HZY2eAj+h55hAxQeq89BRpM5OoiSeUHM/UDuBl\ndhmi0Bp4R4nN1GkMkpE2fps3lo8rfvPlE3f/KvqM3wVrLZaNtvcvZktSWasdlYzG\n-----END RSA PRIVATE KEY-----\n-----BEGIN CERTIFICATE-----\nMIID/TCCAuWgAwIBAgIKEiM3xAAAAAAAAzANBgkqhkiG9w0BAQsFADAVMRMwEQYD\nVQQDEwpDRkEgT1JDQSAxMB4XDTE1MDkwOTE3MDgyNloXDTMxMDkwOTE3MTgyNlow\nSDETMBEGCgmSJomT8ixkARkWA2NvbTEbMBkGCgmSJomT8ixkARkWC2NoaWNrLWZp\nbC1hMRQwEgYDVQQDEwtDRkEgRUlDQSAwMTCCASIwDQYJKoZIhvcNAQEBBQADggEP\nADCCAQoCggEBAL3k3o0/F6/5+wzVQAS8C4A1Mzr+B8aYI+Bvr6aqgXS2oVtVLEHH\nfJc3ax+6uqDxG5/9n41CIkQiCDexri+BGyeI2PoUZNFhQj4aKqYUTJ8CAwZ/ovEk\nLhqPijK4fKeJJ9OWbKTUxtC9sJkH6C3Z7DzegWQRnDxi4SiC+HD2lG5xISdtJEfH\ngf13xMVFveKYsqEfL06Uh4S9aBAcx2aMBHoc2jDBEJM2gdIvxroA9sGtxIsoDAmg\nA2DJ0LP3DcCQoBhLrskTDR7llWtqQAO05ph6+QRfxCsSclNhB/2lXJ0GlORNSXun\nqpUZvYafK6pACZ93zZnMgteb9orqDYB+eQ0CAwEAAaOCARowggEWMBAGCSsGAQQB\ngjcVAQQDAgEAMB0GA1UdDgQWBBTFzvy6/ceiBSSWpfy9qOp8yiVmwzAZBgkrBgEE\nAYI3FAIEDB4KAFMAdQBiAEMAQTALBgNVHQ8EBAMCAYYwDwYDVR0TAQH/BAUwAwEB\n/zAfBgNVHSMEGDAWgBRb5eDPvUJjVLjhYnWq8/E21tSGEDA+BgNVHR8ENzA1MDOg\nMaAvhi1odHRwOi8vY3JsLmNmYWhvbWUuY29tL1BLSS9DRkElMjBPUkNBJTIwMS5j\ncmwwSQYIKwYBBQUHAQEEPTA7MDkGCCsGAQUFBzAChi1odHRwOi8vY3JsLmNmYWhv\nbWUuY29tL1BLSS9DRkElMjBPUkNBJTIwMS5jcnQwDQYJKoZIhvcNAQELBQADggEB\nADe2z2S3BTGqRWTyIJ5/6a9c73Ux37uzfIGSq5uBf3xG2KcUNcMQ9DUVZXSQPIp4\n2u0HIUqyYracqBsMiQbXI2DIq96TqysH6lhy/VoPvTHlICrE5U63bjNz5rP/DaLY\nTzwfAnvnAtUUnRDWO/Xv6pONcqK7Pm+Q56TA1l6wgysCWgtGBSLcWo5CwdIuoNsy\n7X4/Z1MFaCUhSMS4IdCheyxrEIkH+hkXI2ybMKLXTZvPZ8NBfCjWPmYEwxnJwVEg\nttGdOMpu3da3k5nXlNj6mMzt4XTg/cHv0tmxUP0TZPm4q9x7pjvPYYJCazhGAKgn\n883hsUQG3nUHEvOOJChU8/Q=\n-----END CERTIFICATE-----\n\n-----BEGIN CERTIFICATE-----\nMIIDBTCCAe2gAwIBAgIQVDC1fdpAlbJBj1ZRd9SVBTANBgkqhkiG9w0BAQsFADAV\nMRMwEQYDVQQDEwpDRkEgT1JDQSAxMB4XDTE1MDkwOTEzNTUzMFoXDTQ3MDkwOTE0\nMDUyOVowFTETMBEGA1UEAxMKQ0ZBIE9SQ0EgMTCCASIwDQYJKoZIhvcNAQEBBQAD\nggEPADCCAQoCggEBAJRh0BrZ7vr4ua5UCvRFyVdVWhE4UKIlMle6vMn4gY4926ZK\nRx+WO7YTteVTC9SWAJkUL5iU5qkeAtp3xC5waTlK/qzb8tqRW5vPh4MteSS3PW0A\ncZ4Gpd419d8f4LWKwWFUKID48FofUWiDzUJjUXUTKH3zLF6Yso885Q+GPRfFZNtJ\nzhcQhxsdabFCwn8POFNPn+EeLoJS45btHPv9fAhsEPUDSsPVUTLJmCIv1QjOa85d\nFbJoX03wrJicZdGbo/WiQGD4eVd/CzCSpeDtatTRANsIcF4zz+CDhVHpVY2Q2Uq1\ndPP2w7wjpe3pbcTioEJmwRjjtiQnOVkz00eHBZ0CAwEAAaNRME8wCwYDVR0PBAQD\nAgGGMA8GA1UdEwEB/wQFMAMBAf8wHQYDVR0OBBYEFFvl4M+9QmNUuOFidarz8TbW\n1IYQMBAGCSsGAQQBgjcVAQQDAgEAMA0GCSqGSIb3DQEBCwUAA4IBAQBsOhco7uDJ\nseIfeuFgRRuI6evKyCMwwYcJkuWlEPV7HFOJ32BJnpvlloCfuqkBHoWHYecJozIb\nJkLihhhsnb+GvPvc0GIu7/uDX00T8BMB7TndLsCzGLttW07OpdcNkn/pM7uRJPQT\nm53Ld43KlTaO8lLxxAevfwX0HbI0roS0EyOtGXFs6SbIV8NopRw5JAn6wxWa9LQs\ngTvBVckx9JrUbGEiQNyosaTCYTR/4BBujS/REgNsAaJPRJhsQEN87pRrNK8WUGWX\nDDMsnJaUk+0/g1Z81xC4eVsOWqLlm2I2nZuL+TD/c5opGom6cIfmV9cKqE/bIf5P\nRsvz2HuFoGUe\n-----END CERTIFICATE-----\n\n",
            "secret_id": "deployment-mgmt.splunk.<customer>home.com.pem",
            "secret_string": "",
            "version_id": "7b097bd4-405d-4bc1-91c0-315e179dd344",
            "version_stage": "AWSCURRENT",
            "version_stages": [
              "AWSCURRENT"
            ]
          }
        }
      ]
    },
    {
      "module": "module.deployment",
      "mode": "managed",
      "type": "aws_alb",
      "name": "load_balancer",
      "provider": "provider[\"registry.terraform.io/hashicorp/aws\"]",
      "instances": [
        {
          "schema_version": 0,
          "attributes": {
            "access_logs": [
              {
                "bucket": "",
                "enabled": false,
                "prefix": ""
              }
            ],
            "arn": "arn:aws:elasticloadbalancing:us-east-1:740749460388:loadbalancer/app/prod-splunk-alb-deployment/b8b8202cabcced7c",
            "arn_suffix": "app/prod-splunk-alb-deployment/b8b8202cabcced7c",
            "dns_name": "prod-splunk-alb-deployment-1286878645.us-east-1.elb.amazonaws.com",
            "drop_invalid_header_fields": false,
            "enable_cross_zone_load_balancing": null,
            "enable_deletion_protection": false,
            "enable_http2": true,
            "id": "arn:aws:elasticloadbalancing:us-east-1:740749460388:loadbalancer/app/prod-splunk-alb-deployment/b8b8202cabcced7c",
            "idle_timeout": 60,
            "internal": false,
            "ip_address_type": "ipv4",
            "load_balancer_type": "application",
            "name": "prod-splunk-alb-deployment",
            "name_prefix": null,
            "security_groups": [
              "sg-0f479c66d9657f22b"
            ],
            "subnet_mapping": [
              {
                "allocation_id": "",
                "subnet_id": "subnet-0057ea47be6c0a6e1"
              },
              {
                "allocation_id": "",
                "subnet_id": "subnet-09b0446a3f0f2aafa"
              },
              {
                "allocation_id": "",
                "subnet_id": "subnet-0a2528d789dd75efd"
              }
            ],
            "subnets": [
              "subnet-0057ea47be6c0a6e1",
              "subnet-09b0446a3f0f2aafa",
              "subnet-0a2528d789dd75efd"
            ],
            "tags": {
              "Managed_by": "terraform",
              "Module": "splunk_sh",
              "Name": "prod-splunk-alb-deployment",
              "application_name": "splunk",
              "created_by": "Juan Becerra",
              "environment": "prod"
            },
            "timeouts": null,
            "vpc_id": "vpc-0f9afbd827c17d71a",
            "zone_id": "Z35SXDOTRQ7X7K"
          },
          "private": "eyJlMmJmYjczMC1lY2FhLTExZTYtOGY4OC0zNDM2M2JjN2M0YzAiOnsiY3JlYXRlIjo2MDAwMDAwMDAwMDAsImRlbGV0ZSI6NjAwMDAwMDAwMDAwLCJ1cGRhdGUiOjYwMDAwMDAwMDAwMH19",
          "dependencies": [
            "module.deployment.aws_security_group.lb_sg"
          ]
        }
      ]
    },
    {
      "module": "module.deployment",
      "mode": "managed",
      "type": "aws_alb",
      "name": "mgmt_lb",
      "provider": "provider[\"registry.terraform.io/hashicorp/aws\"]",
      "instances": [
        {
          "index_key": 0,
          "schema_version": 0,
          "attributes": {
            "access_logs": [
              {
                "bucket": "",
                "enabled": false,
                "prefix": ""
              }
            ],
            "arn": "arn:aws:elasticloadbalancing:us-east-1:740749460388:loadbalancer/net/prod-splunk-nlb-deployment-mgmt/bcf5f3690710fcac",
            "arn_suffix": "net/prod-splunk-nlb-deployment-mgmt/bcf5f3690710fcac",
            "dns_name": "prod-splunk-nlb-deployment-mgmt-bcf5f3690710fcac.elb.us-east-1.amazonaws.com",
            "drop_invalid_header_fields": null,
            "enable_cross_zone_load_balancing": true,
            "enable_deletion_protection": false,
            "enable_http2": null,
            "id": "arn:aws:elasticloadbalancing:us-east-1:740749460388:loadbalancer/net/prod-splunk-nlb-deployment-mgmt/bcf5f3690710fcac",
            "idle_timeout": null,
            "internal": false,
            "ip_address_type": "ipv4",
            "load_balancer_type": "network",
            "name": "prod-splunk-nlb-deployment-mgmt",
            "name_prefix": null,
            "security_groups": [],
            "subnet_mapping": [
              {
                "allocation_id": "",
                "subnet_id": "subnet-0057ea47be6c0a6e1"
              },
              {
                "allocation_id": "",
                "subnet_id": "subnet-09b0446a3f0f2aafa"
              },
              {
                "allocation_id": "",
                "subnet_id": "subnet-0a2528d789dd75efd"
              }
            ],
            "subnets": [
              "subnet-0057ea47be6c0a6e1",
              "subnet-09b0446a3f0f2aafa",
              "subnet-0a2528d789dd75efd"
            ],
            "tags": {
              "Managed_by": "terraform",
              "Module": "splunk_sh",
              "Name": "prod-splunk-nlb-deployment-mgmt",
              "application_name": "splunk",
              "created_by": "Juan Becerra",
              "environment": "prod"
            },
            "timeouts": null,
            "vpc_id": "vpc-0f9afbd827c17d71a",
            "zone_id": "Z26RNL4JYFTOTI"
          },
          "private": "eyJlMmJmYjczMC1lY2FhLTExZTYtOGY4OC0zNDM2M2JjN2M0YzAiOnsiY3JlYXRlIjo2MDAwMDAwMDAwMDAsImRlbGV0ZSI6NjAwMDAwMDAwMDAwLCJ1cGRhdGUiOjYwMDAwMDAwMDAwMH19"
        }
      ]
    },
    {
      "module": "module.deployment",
      "mode": "managed",
      "type": "aws_alb_listener",
      "name": "load_balancer",
      "provider": "provider[\"registry.terraform.io/hashicorp/aws\"]",
      "instances": [
        {
          "schema_version": 0,
          "attributes": {
            "arn": "arn:aws:elasticloadbalancing:us-east-1:740749460388:listener/app/prod-splunk-alb-deployment/b8b8202cabcced7c/f8ab9b8b7c2d3968",
            "certificate_arn": null,
            "default_action": [
              {
                "authenticate_cognito": [],
                "authenticate_oidc": [],
                "fixed_response": [],
                "forward": [],
                "order": 1,
                "redirect": [
                  {
                    "host": "#{host}",
                    "path": "/#{path}",
                    "port": "443",
                    "protocol": "HTTPS",
                    "query": "#{query}",
                    "status_code": "HTTP_301"
                  }
                ],
                "target_group_arn": "",
                "type": "redirect"
              }
            ],
            "id": "arn:aws:elasticloadbalancing:us-east-1:740749460388:listener/app/prod-splunk-alb-deployment/b8b8202cabcced7c/f8ab9b8b7c2d3968",
            "load_balancer_arn": "arn:aws:elasticloadbalancing:us-east-1:740749460388:loadbalancer/app/prod-splunk-alb-deployment/b8b8202cabcced7c",
            "port": 80,
            "protocol": "HTTP",
            "ssl_policy": "",
            "timeouts": null
          },
          "private": "eyJlMmJmYjczMC1lY2FhLTExZTYtOGY4OC0zNDM2M2JjN2M0YzAiOnsicmVhZCI6NjAwMDAwMDAwMDAwfX0=",
          "dependencies": [
            "module.deployment.aws_alb.load_balancer",
            "module.deployment.aws_security_group.lb_sg"
          ]
        }
      ]
    },
    {
      "module": "module.deployment",
      "mode": "managed",
      "type": "aws_alb_listener",
      "name": "load_balancer_443",
      "provider": "provider[\"registry.terraform.io/hashicorp/aws\"]",
      "instances": [
        {
          "schema_version": 0,
          "attributes": {
            "arn": "arn:aws:elasticloadbalancing:us-east-1:740749460388:listener/app/prod-splunk-alb-deployment/b8b8202cabcced7c/907e0f631489e367",
            "certificate_arn": "arn:aws:acm:us-east-1:740749460388:certificate/4839e66a-518c-4f9c-9554-2e3227386806",
            "default_action": [
              {
                "authenticate_cognito": [],
                "authenticate_oidc": [],
                "fixed_response": [],
                "forward": [],
                "order": 1,
                "redirect": [],
                "target_group_arn": "arn:aws:elasticloadbalancing:us-east-1:740749460388:targetgroup/prod-splunk-alb-8000-deployment/a7d57e901cbf5895",
                "type": "forward"
              }
            ],
            "id": "arn:aws:elasticloadbalancing:us-east-1:740749460388:listener/app/prod-splunk-alb-deployment/b8b8202cabcced7c/907e0f631489e367",
            "load_balancer_arn": "arn:aws:elasticloadbalancing:us-east-1:740749460388:loadbalancer/app/prod-splunk-alb-deployment/b8b8202cabcced7c",
            "port": 443,
            "protocol": "HTTPS",
            "ssl_policy": "ELBSecurityPolicy-2016-08",
            "timeouts": null
          },
          "private": "eyJlMmJmYjczMC1lY2FhLTExZTYtOGY4OC0zNDM2M2JjN2M0YzAiOnsicmVhZCI6NjAwMDAwMDAwMDAwfX0=",
          "dependencies": [
            "module.deployment.aws_alb.load_balancer",
            "module.deployment.aws_alb_target_group.lb_target_8000",
            "module.deployment.aws_security_group.lb_sg",
            "module.route53_dns.aws_acm_certificate.cert",
            "module.route53_dns.data.aws_route53_zone.public_zone"
          ]
        }
      ]
    },
    {
      "module": "module.deployment",
      "mode": "managed",
      "type": "aws_alb_listener",
      "name": "nlb_8089",
      "provider": "provider[\"registry.terraform.io/hashicorp/aws\"]",
      "instances": [
        {
          "index_key": 0,
          "schema_version": 0,
          "attributes": {
            "arn": "arn:aws:elasticloadbalancing:us-east-1:740749460388:listener/net/prod-splunk-nlb-deployment-mgmt/bcf5f3690710fcac/5f777c8b8fc797a4",
            "certificate_arn": null,
            "default_action": [
              {
                "authenticate_cognito": [],
                "authenticate_oidc": [],
                "fixed_response": [],
                "forward": [],
                "order": 1,
                "redirect": [],
                "target_group_arn": "arn:aws:elasticloadbalancing:us-east-1:740749460388:targetgroup/prod-splunk-nlb-deployment-mgmt/469c1f94fd7713d0",
                "type": "forward"
              }
            ],
            "id": "arn:aws:elasticloadbalancing:us-east-1:740749460388:listener/net/prod-splunk-nlb-deployment-mgmt/bcf5f3690710fcac/5f777c8b8fc797a4",
            "load_balancer_arn": "arn:aws:elasticloadbalancing:us-east-1:740749460388:loadbalancer/net/prod-splunk-nlb-deployment-mgmt/bcf5f3690710fcac",
            "port": 443,
            "protocol": "TCP",
            "ssl_policy": "",
            "timeouts": null
          },
          "private": "eyJlMmJmYjczMC1lY2FhLTExZTYtOGY4OC0zNDM2M2JjN2M0YzAiOnsicmVhZCI6NjAwMDAwMDAwMDAwfX0=",
          "dependencies": [
            "module.deployment.aws_alb.mgmt_lb",
            "module.deployment.aws_alb_target_group.nlb_target_8089"
          ]
        }
      ]
    },
    {
      "module": "module.deployment",
      "mode": "managed",
      "type": "aws_alb_target_group",
      "name": "lb_target_8000",
      "provider": "provider[\"registry.terraform.io/hashicorp/aws\"]",
      "instances": [
        {
          "schema_version": 0,
          "attributes": {
            "arn": "arn:aws:elasticloadbalancing:us-east-1:740749460388:targetgroup/prod-splunk-alb-8000-deployment/a7d57e901cbf5895",
            "arn_suffix": "targetgroup/prod-splunk-alb-8000-deployment/a7d57e901cbf5895",
            "deregistration_delay": 300,
            "health_check": [
              {
                "enabled": true,
                "healthy_threshold": 2,
                "interval": 30,
                "matcher": "200",
                "path": "/en-US/account/login",
                "port": "traffic-port",
                "protocol": "HTTPS",
                "timeout": 5,
                "unhealthy_threshold": 5
              }
            ],
            "id": "arn:aws:elasticloadbalancing:us-east-1:740749460388:targetgroup/prod-splunk-alb-8000-deployment/a7d57e901cbf5895",
            "lambda_multi_value_headers_enabled": false,
            "load_balancing_algorithm_type": "round_robin",
            "name": "prod-splunk-alb-8000-deployment",
            "name_prefix": null,
            "port": 8000,
            "protocol": "HTTPS",
            "proxy_protocol_v2": false,
            "slow_start": 0,
            "stickiness": [
              {
                "cookie_duration": 86400,
                "enabled": false,
                "type": "lb_cookie"
              }
            ],
            "tags": {
              "Managed_by": "terraform",
              "Module": "splunk_sh",
              "Name": "prod-splunk-alb-8000-deployment",
              "application_name": "splunk",
              "created_by": "Juan Becerra",
              "environment": "prod"
            },
            "target_type": "instance",
            "vpc_id": "vpc-0f9afbd827c17d71a"
          },
          "private": "bnVsbA==",
          "dependencies": [
            "module.deployment.aws_alb.load_balancer",
            "module.deployment.aws_security_group.lb_sg"
          ],
          "create_before_destroy": true
        }
      ]
    },
    {
      "module": "module.deployment",
      "mode": "managed",
      "type": "aws_alb_target_group",
      "name": "nlb_target_8089",
      "provider": "provider[\"registry.terraform.io/hashicorp/aws\"]",
      "instances": [
        {
          "index_key": 0,
          "schema_version": 0,
          "attributes": {
            "arn": "arn:aws:elasticloadbalancing:us-east-1:740749460388:targetgroup/prod-splunk-nlb-deployment-mgmt/469c1f94fd7713d0",
            "arn_suffix": "targetgroup/prod-splunk-nlb-deployment-mgmt/469c1f94fd7713d0",
            "deregistration_delay": 300,
            "health_check": [
              {
                "enabled": true,
                "healthy_threshold": 3,
                "interval": 30,
                "matcher": "",
                "path": "",
                "port": "traffic-port",
                "protocol": "TCP",
                "timeout": 10,
                "unhealthy_threshold": 3
              }
            ],
            "id": "arn:aws:elasticloadbalancing:us-east-1:740749460388:targetgroup/prod-splunk-nlb-deployment-mgmt/469c1f94fd7713d0",
            "lambda_multi_value_headers_enabled": false,
            "load_balancing_algorithm_type": null,
            "name": "prod-splunk-nlb-deployment-mgmt",
            "name_prefix": null,
            "port": 8089,
            "protocol": "TCP",
            "proxy_protocol_v2": false,
            "slow_start": 0,
            "stickiness": [
              {
                "cookie_duration": 86400,
                "enabled": false,
                "type": "lb_cookie"
              }
            ],
            "tags": {
              "Managed_by": "terraform",
              "Module": "splunk_sh",
              "Name": "prod-splunk-nlb-deployment-mgmt",
              "application_name": "splunk",
              "created_by": "Juan Becerra",
              "environment": "prod"
            },
            "target_type": "instance",
            "vpc_id": "vpc-0f9afbd827c17d71a"
          },
          "private": "bnVsbA=="
        }
      ]
    },
    {
      "module": "module.deployment",
      "mode": "managed",
      "type": "aws_autoscaling_group",
      "name": "asg",
      "provider": "provider[\"registry.terraform.io/hashicorp/aws\"]",
      "instances": [
        {
          "schema_version": 0,
          "attributes": {
            "arn": "arn:aws:autoscaling:us-east-1:740749460388:autoScalingGroup:eb4f06a5-a7b1-4628-9cc5-80c83256698b:autoScalingGroupName/prod-splunk-asg-deployment",
            "availability_zones": [
              "us-east-1a",
              "us-east-1b",
              "us-east-1c"
            ],
            "default_cooldown": 300,
            "desired_capacity": 1,
            "enabled_metrics": [],
            "force_delete": false,
            "health_check_grace_period": 300,
            "health_check_type": "EC2",
            "id": "prod-splunk-asg-deployment",
            "initial_lifecycle_hook": [],
            "launch_configuration": "",
            "launch_template": [
              {
                "id": "lt-0e99aad721253baa5",
                "name": "splunk-deployment_template",
                "version": "$Latest"
              }
            ],
            "load_balancers": [],
            "max_instance_lifetime": 0,
            "max_size": 1,
            "metrics_granularity": "1Minute",
            "min_elb_capacity": null,
            "min_size": 1,
            "mixed_instances_policy": [],
            "name": "prod-splunk-asg-deployment",
            "name_prefix": null,
            "placement_group": "",
            "protect_from_scale_in": false,
            "service_linked_role_arn": "arn:aws:iam::740749460388:role/aws-service-role/autoscaling.amazonaws.com/AWSServiceRoleForAutoScaling",
            "suspended_processes": [],
            "tag": [
              {
                "key": "Name",
                "propagate_at_launch": true,
                "value": "splunk-deployment"
              },
              {
                "key": "asg:hostname",
                "propagate_at_launch": true,
                "value": "splunk-deployment.splunkinternal.com@Z1025878278SY9EZW6LQL"
              }
            ],
            "tags": null,
            "target_group_arns": [
              "arn:aws:elasticloadbalancing:us-east-1:740749460388:targetgroup/prod-splunk-alb-8000-deployment/a7d57e901cbf5895",
              "arn:aws:elasticloadbalancing:us-east-1:740749460388:targetgroup/prod-splunk-nlb-deployment-mgmt/469c1f94fd7713d0"
            ],
            "termination_policies": [],
            "timeouts": null,
            "vpc_zone_identifier": [
              "subnet-02bb68a15c69c57b7",
              "subnet-04e34d59a76c94fb8",
              "subnet-0e8d86d222995993e"
            ],
            "wait_for_capacity_timeout": "0",
            "wait_for_elb_capacity": null
          },
          "private": "eyJlMmJmYjczMC1lY2FhLTExZTYtOGY4OC0zNDM2M2JjN2M0YzAiOnsiZGVsZXRlIjo2MDAwMDAwMDAwMDB9fQ==",
          "dependencies": [
            "module.common.aws_iam_instance_profile.splunk-instance-profile",
            "module.common.aws_iam_role.splunk-instance-profile",
            "module.common.aws_s3_bucket.inits",
            "module.deployment.aws_alb_target_group.lb_target_8000",
            "module.deployment.aws_alb_target_group.lb_target_8089",
            "module.deployment.aws_alb_target_group.nlb_target_8089",
            "module.deployment.aws_launch_template.instance_template",
            "module.deployment.aws_security_group.instance_sg",
            "module.deployment.data.aws_ami.ami_source",
            "module.deployment.data.aws_route53_zone.private_zone",
            "module.route53_dns.aws_route53_zone.private"
          ],
          "create_before_destroy": true
        }
      ]
    },
    {
      "module": "module.deployment",
      "mode": "managed",
      "type": "aws_autoscaling_lifecycle_hook",
      "name": "asg_launch_hook",
      "provider": "provider[\"registry.terraform.io/hashicorp/aws\"]",
      "instances": [
        {
          "schema_version": 0,
          "attributes": {
            "autoscaling_group_name": "prod-splunk-asg-deployment",
            "default_result": "CONTINUE",
            "heartbeat_timeout": 60,
            "id": "prod-splunk-asg-deployment-launch",
            "lifecycle_transition": "autoscaling:EC2_INSTANCE_LAUNCHING",
            "name": "prod-splunk-asg-deployment-launch",
            "notification_metadata": "",
            "notification_target_arn": "arn:aws:sns:us-east-1:740749460388:ddns_handling",
            "role_arn": "arn:aws:iam::740749460388:role/ddns_lifecycle"
          },
          "private": "bnVsbA==",
          "dependencies": [
            "module.deployment.aws_autoscaling_group.asg",
            "module.route53_dns.aws_iam_role.ddns_lifecycle",
            "module.route53_dns.aws_sns_topic.ddns_handling"
          ]
        }
      ]
    },
    {
      "module": "module.deployment",
      "mode": "managed",
      "type": "aws_launch_template",
      "name": "instance_template",
      "provider": "provider[\"registry.terraform.io/hashicorp/aws\"]",
      "instances": [
        {
          "schema_version": 0,
          "attributes": {
            "arn": "arn:aws:ec2:us-east-1:740749460388:launch-template/lt-0e99aad721253baa5",
            "block_device_mappings": [
              {
                "device_name": "/dev/xvda",
                "ebs": [
                  {
                    "delete_on_termination": "",
                    "encrypted": "",
                    "iops": 0,
                    "kms_key_id": "",
                    "snapshot_id": "",
                    "volume_size": 150,
                    "volume_type": ""
                  }
                ],
                "no_device": "",
                "virtual_name": ""
              }
            ],
            "capacity_reservation_specification": [],
            "cpu_options": [],
            "credit_specification": [],
            "default_version": 1,
            "description": "",
            "disable_api_termination": false,
            "ebs_optimized": "true",
            "elastic_gpu_specifications": [],
            "elastic_inference_accelerator": [],
            "hibernation_options": [],
            "iam_instance_profile": [
              {
                "arn": "",
                "name": "prod-splunk-ec2-role"
              }
            ],
            "id": "lt-0e99aad721253baa5",
            "image_id": "ami-0b8b44d7fa3d6be69",
            "instance_initiated_shutdown_behavior": "",
            "instance_market_options": [],
            "instance_type": "m5.large",
            "kernel_id": "",
            "key_name": "splunk-prod",
            "latest_version": 8,
            "license_specification": [],
            "metadata_options": [],
            "monitoring": [
              {
                "enabled": true
              }
            ],
            "name": "splunk-deployment_template",
            "name_prefix": null,
            "network_interfaces": [],
            "placement": [],
            "ram_disk_id": "",
            "security_group_names": [],
            "tag_specifications": [
              {
                "resource_type": "instance",
                "tags": {
                  "Managed_by": "terraform",
                  "Module": "splunk_sh",
                  "S3_Config_Bucket": "prod-<customer>splunkprod-us-east-1-splunk-initial-configs",
                  "SessionsManager": "Devops",
                  "application_name": "splunk",
                  "created_by": "Juan Becerra",
                  "environment": "prod"
                }
              },
              {
                "resource_type": "volume",
                "tags": {
                  "Managed_by": "terraform",
                  "Module": "splunk_sh",
                  "Name": "splunk-deployment",
                  "application_name": "splunk",
                  "created_by": "Juan Becerra",
                  "environment": "prod"
                }
              }
            ],
            "tags": {},
            "update_default_version": null,
            "user_data": "IyEvdXNyL2Jpbi9lbnYgYmFzaApzZXQgLWUKZXhwb3J0IEFWQUlMQUJJTElUWV9aT05FPSQoY3VybCAtc0xmIGh0dHA6Ly8xNjkuMjU0LjE2OS4yNTQvbGF0ZXN0L21ldGEtZGF0YS9wbGFjZW1lbnQvYXZhaWxhYmlsaXR5LXpvbmUpCmV4cG9ydCBJTlNUQU5DRV9JRD0kKGN1cmwgLXNMZiBodHRwOi8vMTY5LjI1NC4xNjkuMjU0L2xhdGVzdC9tZXRhLWRhdGEvaW5zdGFuY2UtaWQpCmV4cG9ydCBBV1NfUkVHSU9OPSQoY3VybCAtcyAxNjkuMjU0LjE2OS4yNTQvbGF0ZXN0L21ldGEtZGF0YS9wbGFjZW1lbnQvYXZhaWxhYmlsaXR5LXpvbmUgfCBzZWQgJ3MvLiQvLycpCmV4cG9ydCBORVdfSE9TVE5BTUU9JChhd3MgZWMyIGRlc2NyaWJlLXRhZ3MgLS1maWx0ZXJzICJOYW1lPXJlc291cmNlLWlkLFZhbHVlcz0ke0lOU1RBTkNFX0lEfSIgLS1yZWdpb24gJEFXU19SRUdJT04gLS1vdXRwdXQ9dGV4dHwgIGdyZXAgIlxzTmFtZSIgfGF3ayAne3ByaW50ICQ1fScpCmV4cG9ydCBORVdfRlFETj0kKGF3cyBlYzIgZGVzY3JpYmUtdGFncyAtLWZpbHRlcnMgIk5hbWU9cmVzb3VyY2UtaWQsVmFsdWVzPSR7SU5TVEFOQ0VfSUR9IiAtLXJlZ2lvbiAkQVdTX1JFR0lPTiAtLW91dHB1dD10ZXh0fCAgZ3JlcCAiYXNnOmhvc3RuYW1lIiB8YXdrICd7cHJpbnQgJDV9JyB8c2VkICdzL0AuKi8vJykKZXhwb3J0IEFXU19BQ0NPVU5UPSQoYXdzIHN0cyBnZXQtY2FsbGVyLWlkZW50aXR5IHxncmVwIEFjY291bnQgfGF3ayAne3ByaW50ICQyfScgfHNlZCAncy9cIlwsLy8nfHNlZCAncy9cIi8vJykKZXhwb3J0IFMzX0NPTkZJR19CVUNLRVQ9JChhd3MgZWMyIGRlc2NyaWJlLXRhZ3MgLS1maWx0ZXJzICJOYW1lPXJlc291cmNlLWlkLFZhbHVlcz0ke0lOU1RBTkNFX0lEfSIgIk5hbWU9a2V5LFZhbHVlcz1TM19Db25maWdfQnVja2V0IiAtLXJlZ2lvbiAkQVdTX1JFR0lPTiAtLW91dHB1dD10ZXh0IHwgY3V0IC1mNSkKCiNlY2hvICJob3N0IG5hbWUgJElOU1RBTkNFX0lEICwgJEFXU19SRUdJT04gLCAkTkVXX0hPU1ROQU1FIiA+IC90bXAvYm9vdC5sb2cKZWNobyAiMTI3LjAuMC4xICR7TkVXX0hPU1ROQU1FfSAke05FV19GUUROfSBsb2NhbGhvc3QubG9jYWxkb21haW4gbG9jYWxob3N0IiA+IC9ldGMvaG9zdHMKCgpob3N0bmFtZSAke05FV19IT1NUTkFNRX0KCiNlY2hvICJtb3VudGluZyBmaWxlIHN5c3RlbSIgPj4vdG1wL2Jvb3QubG9nCiNta2RpciAvdTAxCgojZm9yIGV4dDIsIGV4dDMsIG9yIGV4dDQgZmlsZSBzeXN0ZW0gcmVzaXplMmZzIC9kZXYveHZkZjEKI21vdW50IC9kZXYveHZkZiAvdTAxID4+L3RtcC9ib290LmxvZwoKI2RmIC1rID4+L3RtcC9ib290LmxvZwojeGZzX2dyb3dmcyAtZCAvdTAxCiNkZiAtayA+Pi90bXAvYm9vdC5sb2cKCi9vcHQvYXdzL2FtYXpvbi1jbG91ZHdhdGNoLWFnZW50L2Jpbi9hbWF6b24tY2xvdWR3YXRjaC1hZ2VudC1jdGwgLWEgZmV0Y2gtY29uZmlnIC1tIGVjMiAtcyAtYyBzc206L0FtYXpvbkNsb3VkV2F0Y2gtU3BsdW5rCgphd3MgY2xvdWR3YXRjaCBwdXQtbWV0cmljLWFsYXJtIC0tYWxhcm0tbmFtZSAiJHtORVdfSE9TVE5BTUV9X2Rpc2tfdXNlZF9wZXJjZW50X1dhcm5pbmdfOTUiIC0tbWV0cmljLW5hbWUgImRpc2tfdXNlZF9wZXJjZW50IiAtLWFsYXJtLWRlc2NyaXB0aW9uICJXYXJuaW5nOiBEaXNrIFVzZWQgaXMgYWJvdmUgOTUlIiAtLW5hbWVzcGFjZSBDV0FnZW50IC0tc3RhdGlzdGljIEF2ZXJhZ2UgLS1wZXJpb2QgNjAgLS10aHJlc2hvbGQgOTUgLS1jb21wYXJpc29uLW9wZXJhdG9yIEdyZWF0ZXJUaGFuVGhyZXNob2xkIC0tZGltZW5zaW9ucyBOYW1lPUluc3RhbmNlSWQsVmFsdWU9JHtJTlNUQU5DRV9JRH0gTmFtZT1wYXRoLFZhbHVlPS8gTmFtZT1kZXZpY2UsVmFsdWU9bnZtZTBuMXAxIE5hbWU9ZnN0eXBlLFZhbHVlPXhmcyAtLWV2YWx1YXRpb24tcGVyaW9kcyA1IC0tYWxhcm0tYWN0aW9ucyBhcm46YXdzOnNuczoke0FXU19SRUdJT059OiR7QVdTX0FDQ09VTlR9OnNwbHVuay1hbGFybXMgLS1yZWdpb24gJHtBV1NfUkVHSU9OfQphd3MgY2xvdWR3YXRjaCBwdXQtbWV0cmljLWFsYXJtIC0tYWxhcm0tbmFtZSAiJHtORVdfSE9TVE5BTUV9X2Rpc2tfdXNlZF9wZXJjZW50X0Vycm9yXzk2IiAtLW1ldHJpYy1uYW1lICJkaXNrX3VzZWRfcGVyY2VudCIgLS1hbGFybS1kZXNjcmlwdGlvbiAiRXJyb3I6IERpc2sgVXNlZCBpcyBhYm92ZSA5NiUiIC0tbmFtZXNwYWNlIENXQWdlbnQgLS1zdGF0aXN0aWMgQXZlcmFnZSAtLXBlcmlvZCA2MCAtLXRocmVzaG9sZCA5NiAtLWNvbXBhcmlzb24tb3BlcmF0b3IgR3JlYXRlclRoYW5UaHJlc2hvbGQgLS1kaW1lbnNpb25zIE5hbWU9SW5zdGFuY2VJZCxWYWx1ZT0ke0lOU1RBTkNFX0lEfSBOYW1lPXBhdGgsVmFsdWU9LyBOYW1lPWRldmljZSxWYWx1ZT1udm1lMG4xcDEgTmFtZT1mc3R5cGUsVmFsdWU9eGZzIC0tZXZhbHVhdGlvbi1wZXJpb2RzIDUgLS1hbGFybS1hY3Rpb25zIGFybjphd3M6c25zOiR7QVdTX1JFR0lPTn06JHtBV1NfQUNDT1VOVH06c3BsdW5rLWFsYXJtcyAtLXJlZ2lvbiAke0FXU19SRUdJT059CmF3cyBjbG91ZHdhdGNoIHB1dC1tZXRyaWMtYWxhcm0gLS1hbGFybS1uYW1lICIke05FV19IT1NUTkFNRX1fZGlza191c2VkX3BlcmNlbnRfQ3JpdGljYWxfOTciIC0tbWV0cmljLW5hbWUgImRpc2tfdXNlZF9wZXJjZW50IiAtLWFsYXJtLWRlc2NyaXB0aW9uICJDcml0aWNhbDogRGlzayBVc2VkIGlzIGFib3ZlIDk3JSIgLS1uYW1lc3BhY2UgQ1dBZ2VudCAtLXN0YXRpc3RpYyBBdmVyYWdlIC0tcGVyaW9kIDYwIC0tdGhyZXNob2xkIDk3IC0tY29tcGFyaXNvbi1vcGVyYXRvciBHcmVhdGVyVGhhblRocmVzaG9sZCAtLWRpbWVuc2lvbnMgTmFtZT1JbnN0YW5jZUlkLFZhbHVlPSR7SU5TVEFOQ0VfSUR9IE5hbWU9cGF0aCxWYWx1ZT0vIE5hbWU9ZGV2aWNlLFZhbHVlPW52bWUwbjFwMSBOYW1lPWZzdHlwZSxWYWx1ZT14ZnMgLS1ldmFsdWF0aW9uLXBlcmlvZHMgNSAtLWFsYXJtLWFjdGlvbnMgYXJuOmF3czpzbnM6JHtBV1NfUkVHSU9OfToke0FXU19BQ0NPVU5UfTpzcGx1bmstYWxhcm1zIC0tcmVnaW9uICR7QVdTX1JFR0lPTn0KCmF3cyBjbG91ZHdhdGNoIHB1dC1tZXRyaWMtYWxhcm0gLS1hbGFybS1uYW1lICIke05FV19IT1NUTkFNRX1fQ1BVVXRpbGl6YXRpb25fV2FybmluZ185MCIgLS1tZXRyaWMtbmFtZSAiQ1BVVXRpbGl6YXRpb24iIC0tYWxhcm0tZGVzY3JpcHRpb24gIldhcm5pbmc6IENQVSBVdGlsaXphdGlvbiBpcyBhYm92ZSA5MCUiIC0tbmFtZXNwYWNlIEFXUy9FQzIgLS1zdGF0aXN0aWMgQXZlcmFnZSAtLXBlcmlvZCA2MCAtLXRocmVzaG9sZCA5MCAtLWNvbXBhcmlzb24tb3BlcmF0b3IgR3JlYXRlclRoYW5UaHJlc2hvbGQgLS1kaW1lbnNpb25zIE5hbWU9SW5zdGFuY2VJZCxWYWx1ZT0ke0lOU1RBTkNFX0lEfSAtLWV2YWx1YXRpb24tcGVyaW9kcyA1IC0tYWxhcm0tYWN0aW9ucyBhcm46YXdzOnNuczoke0FXU19SRUdJT059OiR7QVdTX0FDQ09VTlR9OnNwbHVuay1hbGFybXMgLS1yZWdpb24gJHtBV1NfUkVHSU9OfQphd3MgY2xvdWR3YXRjaCBwdXQtbWV0cmljLWFsYXJtIC0tYWxhcm0tbmFtZSAiJHtORVdfSE9TVE5BTUV9X0NQVVV0aWxpemF0aW9uX0Vycm9yXzk4IiAtLW1ldHJpYy1uYW1lICJDUFVVdGlsaXphdGlvbiIgLS1hbGFybS1kZXNjcmlwdGlvbiAiRXJyb3I6IENQVSBVdGlsaXphdGlvbiBpcyBhYm92ZSA5OCUiIC0tbmFtZXNwYWNlIEFXUy9FQzIgLS1zdGF0aXN0aWMgQXZlcmFnZSAtLXBlcmlvZCA2MCAtLXRocmVzaG9sZCA5OCAtLWNvbXBhcmlzb24tb3BlcmF0b3IgR3JlYXRlclRoYW5UaHJlc2hvbGQgLS1kaW1lbnNpb25zIE5hbWU9SW5zdGFuY2VJZCxWYWx1ZT0ke0lOU1RBTkNFX0lEfSAtLWV2YWx1YXRpb24tcGVyaW9kcyA1IC0tYWxhcm0tYWN0aW9ucyBhcm46YXdzOnNuczoke0FXU19SRUdJT059OiR7QVdTX0FDQ09VTlR9OnNwbHVuay1hbGFybXMgLS1yZWdpb24gJHtBV1NfUkVHSU9OfQoKYXdzIGNsb3Vkd2F0Y2ggcHV0LW1ldHJpYy1hbGFybSAtLWFsYXJtLW5hbWUgIiR7TkVXX0hPU1ROQU1FfV9zd2FwX3VzZWRfcGVyY2VudF9XYXJuaW5nXzc1IiAtLW1ldHJpYy1uYW1lICJzd2FwX3VzZWRfcGVyY2VudCIgLS1hbGFybS1kZXNjcmlwdGlvbiAiV2FybmluZzogU3dhcCB1c2VkIGlzIGFib3ZlIDc1JSIgLS1uYW1lc3BhY2UgQ1dBZ2VudCAtLXN0YXRpc3RpYyBBdmVyYWdlIC0tcGVyaW9kIDYwIC0tdGhyZXNob2xkIDc1IC0tY29tcGFyaXNvbi1vcGVyYXRvciBHcmVhdGVyVGhhblRocmVzaG9sZCAtLWRpbWVuc2lvbnMgTmFtZT1JbnN0YW5jZUlkLFZhbHVlPSR7SU5TVEFOQ0VfSUR9IC0tZXZhbHVhdGlvbi1wZXJpb2RzIDUgLS1hbGFybS1hY3Rpb25zIGFybjphd3M6c25zOiR7QVdTX1JFR0lPTn06JHtBV1NfQUNDT1VOVH06c3BsdW5rLWFsYXJtcyAtLXJlZ2lvbiAke0FXU19SRUdJT059CmF3cyBjbG91ZHdhdGNoIHB1dC1tZXRyaWMtYWxhcm0gLS1hbGFybS1uYW1lICIke05FV19IT1NUTkFNRX1fc3dhcF91c2VkX3BlcmNlbnRfRXJyb3JfODUiIC0tbWV0cmljLW5hbWUgInN3YXBfdXNlZF9wZXJjZW50IiAtLWFsYXJtLWRlc2NyaXB0aW9uICJFcnJvcjogU3dhcCB1c2VkIGlzIGFib3ZlIDU1JSIgLS1uYW1lc3BhY2UgQ1dBZ2VudCAtLXN0YXRpc3RpYyBBdmVyYWdlIC0tcGVyaW9kIDYwIC0tdGhyZXNob2xkIDg1IC0tY29tcGFyaXNvbi1vcGVyYXRvciBHcmVhdGVyVGhhblRocmVzaG9sZCAtLWRpbWVuc2lvbnMgTmFtZT1JbnN0YW5jZUlkLFZhbHVlPSR7SU5TVEFOQ0VfSUR9IC0tZXZhbHVhdGlvbi1wZXJpb2RzIDUgLS1hbGFybS1hY3Rpb25zIGFybjphd3M6c25zOiR7QVdTX1JFR0lPTn06JHtBV1NfQUNDT1VOVH06c3BsdW5rLWFsYXJtcyAtLXJlZ2lvbiAke0FXU19SRUdJT059CmF3cyBjbG91ZHdhdGNoIHB1dC1tZXRyaWMtYWxhcm0gLS1hbGFybS1uYW1lICIke05FV19IT1NUTkFNRX1fc3dhcF91c2VkX3BlcmNlbnRfQ3JpdGljYWxfOTUiIC0tbWV0cmljLW5hbWUgInN3YXBfdXNlZF9wZXJjZW50IiAtLWFsYXJtLWRlc2NyaXB0aW9uICJDcml0aWNhbDogU3dhcCB1c2VkIGlzIGFib3ZlIDk1JSIgLS1uYW1lc3BhY2UgQ1dBZ2VudCAtLXN0YXRpc3RpYyBBdmVyYWdlIC0tcGVyaW9kIDYwIC0tdGhyZXNob2xkIDk1IC0tY29tcGFyaXNvbi1vcGVyYXRvciBHcmVhdGVyVGhhblRocmVzaG9sZCAtLWRpbWVuc2lvbnMgTmFtZT1JbnN0YW5jZUlkLFZhbHVlPSR7SU5TVEFOQ0VfSUR9IC0tZXZhbHVhdGlvbi1wZXJpb2RzIDUgLS1hbGFybS1hY3Rpb25zIGFybjphd3M6c25zOiR7QVdTX1JFR0lPTn06JHtBV1NfQUNDT1VOVH06c3BsdW5rLWFsYXJtcyAtLXJlZ2lvbiAke0FXU19SRUdJT059CgoKaWYgWyAhIC1mICIvZXRjL3N5c3RlbWQvc3lzdGVtL1NwbHVua2Quc2VydmljZSIgXTsgdGhlbgogICAgIyBkbyBmaXJzdC10aW1lIGluaXRpYWxpemlvbi4gTm90IG5lZWRlZCBpZiBuZXcgaW5zdGFuY2UgY2FtZSBmcm9tIGEgc25hcHNob3Qgb2YgYSBydW5uaW5nIGluc3RhbmNlCgogICAgIyBDb3B5IGRvd24gaW5pdGlhbCBjb25maWcgc2NyaXB0cyBmcm9tIFMzCiAgICBhd3MgczMgc3luYyBzMzovLyR7UzNfQ09ORklHX0JVQ0tFVH0vJHtORVdfSE9TVE5BTUV9IC9vcHQvc3BsdW5rCgogICAgIyBzZXQgZGVwbG95bWVudCBjbGllbnQgbmFtZQogICAgY2F0ID4+IC9vcHQvc3BsdW5rL2V0Yy9zeXN0ZW0vbG9jYWwvZGVwbG95bWVudGNsaWVudC5jb25mIDw8IEVPRgpbZGVwbG95bWVudC1jbGllbnRdCmNsaWVudE5hbWUgPSAke05FV19IT1NUTkFNRX0KRU9GCiAgICAKICAgICMgRmluYWwgY2hvd24gdG8gZW5zdXJlIFNwbHVuayBvd25zIGV2ZXJ5dGhpbmcKICAgIHN1ZG8gY2hvd24gLVIgc3BsdW5rOnNwbHVuayAvb3B0L3NwbHVuawoKICAgICMgU2V0IHVsaW1pdHMgZm9yIFNwbHVua2Qgc2VydmljZQogICAgbWtkaXIgLXAgL2V0Yy9zeXN0ZW1kL3N5c3RlbS9TcGx1bmtkLnNlcnZpY2UuZAogICAgY2F0ID4+IC9ldGMvc3lzdGVtZC9zeXN0ZW0vU3BsdW5rZC5zZXJ2aWNlLmQvb3ZlcnJpZGUuY29uZiA8PCBFT0YKW1NlcnZpY2VdCkxpbWl0Tk9GSUxFPTY0MDAwCkxpbWl0TlBST0M9MTYwMDAKTGltaXRGU0laRT1pbmZpbml0eQpUYXNrc01heD0xNjAwMAojIFNlbmQgJEtpbGxTaWduYWwgb25seSB0byBtYWluIChzcGx1bmtkKSBwcm9jZXNzLCBpZiBhbnkgb2YgdGhlIGNoaWxkIHByb2Nlc3NlcyBpcyBzdGlsbCBhbGl2ZSBhZnRlciAkVGltZW91dFN0b3BTZWMsIFNJR0tJTEwgdGhlbS4KS2lsbE1vZGU9bWl4ZWQKIyBTcGx1bmsgZG9lc24ndCBzaHV0ZG93biBncmFjZWZ1bGx5IG9uIFNJR1RFUk0KS2lsbFNpZ25hbD1TSUdJTlQKIyBHaXZlIFNwbHVuayB0aW1lIHRvIHNodXRkb3duIC0gZXNwZWNpYWxseSBidXN5IGluZGV4ZXJzIGNhbiB0YWtlIHRpbWUKVGltZW91dFN0b3BTZWM9MTBtaW4KRU9GCgogICAgIyBTZXQgU3BsdW5rIHRvIHN0YXJ0IGF0IGJvb3QKICAgIC9vcHQvc3BsdW5rL2Jpbi9zcGx1bmsgZW5hYmxlIGJvb3Qtc3RhcnQgLXVzZXIgc3BsdW5rIC1zeXN0ZW1kLW1hbmFnZWQgMSAtLWFjY2VwdC1saWNlbnNlIC0tYW5zd2VyLXllcwoKICAgICMgU3RhcnQgdXAgc3BsdW5rIQogICAgc3lzdGVtY3RsIHN0YXJ0IFNwbHVua2QKCmZpCg==",
            "vpc_security_group_ids": [
              "sg-0715d3846275991f4"
            ]
          },
          "private": "bnVsbA==",
          "dependencies": [
            "module.common.aws_iam_instance_profile.splunk-instance-profile",
            "module.common.aws_iam_role.splunk-instance-profile",
            "module.common.aws_s3_bucket.inits",
            "module.deployment.aws_security_group.instance_sg",
            "module.deployment.data.aws_ami.ami_source"
          ]
        }
      ]
    },
    {
      "module": "module.deployment",
      "mode": "managed",
      "type": "aws_route53_record",
      "name": "dns_record",
      "provider": "provider[\"registry.terraform.io/hashicorp/aws\"]",
      "instances": [
        {
          "schema_version": 2,
          "attributes": {
            "alias": [
              {
                "evaluate_target_health": true,
                "name": "prod-splunk-alb-deployment-1286878645.us-east-1.elb.amazonaws.com",
                "zone_id": "Z35SXDOTRQ7X7K"
              }
            ],
            "allow_overwrite": null,
            "failover_routing_policy": [],
            "fqdn": "deployment.splunk.<customer>home.com",
            "geolocation_routing_policy": [],
            "health_check_id": "",
            "id": "Z07522651BG4B102L9QDK_deployment.splunk.<customer>home.com_A",
            "latency_routing_policy": [],
            "multivalue_answer_routing_policy": null,
            "name": "deployment.splunk.<customer>home.com",
            "records": [],
            "set_identifier": "",
            "ttl": 0,
            "type": "A",
            "weighted_routing_policy": [],
            "zone_id": "Z07522651BG4B102L9QDK"
          },
          "private": "eyJzY2hlbWFfdmVyc2lvbiI6IjIifQ==",
          "dependencies": [
            "module.deployment.aws_alb.load_balancer",
            "module.deployment.aws_security_group.lb_sg",
            "module.deployment.data.aws_route53_zone.public_zone"
          ]
        }
      ]
    },
    {
      "module": "module.deployment",
      "mode": "managed",
      "type": "aws_route53_record",
      "name": "dns_record2",
      "provider": "provider[\"registry.terraform.io/hashicorp/aws\"]",
      "instances": [
        {
          "index_key": 0,
          "schema_version": 2,
          "attributes": {
            "alias": [
              {
                "evaluate_target_health": true,
                "name": "prod-splunk-nlb-deployment-mgmt-bcf5f3690710fcac.elb.us-east-1.amazonaws.com",
                "zone_id": "Z26RNL4JYFTOTI"
              }
            ],
            "allow_overwrite": null,
            "failover_routing_policy": [],
            "fqdn": "deployment-mgmt.splunk.<customer>home.com",
            "geolocation_routing_policy": [],
            "health_check_id": "",
            "id": "Z07522651BG4B102L9QDK_deployment-mgmt.splunk.<customer>home.com_A",
            "latency_routing_policy": [],
            "multivalue_answer_routing_policy": null,
            "name": "deployment-mgmt.splunk.<customer>home.com",
            "records": [],
            "set_identifier": "",
            "ttl": 0,
            "type": "A",
            "weighted_routing_policy": [],
            "zone_id": "Z07522651BG4B102L9QDK"
          },
          "private": "eyJzY2hlbWFfdmVyc2lvbiI6IjIifQ==",
          "dependencies": [
            "module.deployment.aws_alb.load_balancer",
            "module.deployment.aws_alb.mgmt_lb",
            "module.deployment.aws_security_group.lb_sg",
            "module.deployment.data.aws_route53_zone.public_zone"
          ]
        }
      ]
    },
    {
      "module": "module.deployment",
      "mode": "managed",
      "type": "aws_s3_bucket_object",
      "name": "initial_configs",
      "provider": "provider[\"registry.terraform.io/hashicorp/aws\"]",
      "instances": [
        {
          "index_key": 0,
          "schema_version": 0,
          "attributes": {
            "acl": "private",
            "bucket": "prod-<customer>splunkprod-us-east-1-splunk-initial-configs",
            "cache_control": "",
            "content": "-----BEGIN CERTIFICATE-----\nMIIFWzCCBEOgAwIBAgIKfZ9GVgAAAAAXJTANBgkqhkiG9w0BAQsFADBIMRMwEQYK\nCZImiZPyLGQBGRYDY29tMRswGQYKCZImiZPyLGQBGRYLY2hpY2stZmlsLWExFDAS\nBgNVBAMTC0NGQSBFSUNBIDAxMB4XDTIwMTAyODE4NDUzNloXDTI1MTAyNzE4NDUz\nNlowgYUxCzAJBgNVBAYTAlVTMRAwDgYDVQQIEwdHZW9yZ2lhMRAwDgYDVQQHEwdB\ndGxhbnRhMRgwFgYDVQQKEw9DaGljay1maWwtQSBJbmMxCzAJBgNVBAsTAklUMSsw\nKQYDVQQDEyJkZXBsb3ltZW50LW1nbXQuc3BsdW5rLmNmYWhvbWUuY29tMIIBIjAN\nBgkqhkiG9w0BAQEFAAOCAQ8AMIIBCgKCAQEAyZ4Rib8MpExsUKn/2im+oqZKlaFy\nTVEln/axdq5k0EKbx8/AS/cDj9WcfyPwCW2APJTI8i7TXLTmNcTXltf5DyojSBdC\nIsYJy579J2lL1JxnIbSdaIv450AMvtbUPg45p2ImzsuXxiP7oSmC3aiPB2DSpRv/\ngYSWH7vlq4/iwRIIrFZWFbN69pKXax3IUsOX1zmiANbGDtxaBsC4dEg93itXOgFN\nKCUlmEWNuBSSfcMxUZS4qLwq4hH6n4OH8De/AdnWzXEGd8poqtQ/RllM7HWRBWzR\nvaOu3A0iIjA9HIFgWZEM/U+WTXvCnEO8Fm9npmpr1EkOgxWsuaRIP6AijQIDAQAB\no4ICBzCCAgMwHQYDVR0OBBYEFBRJBLrkgj1u9dU7dbyTc55u4yOFMB8GA1UdIwQY\nMBaAFMXO/Lr9x6IFJJal/L2o6nzKJWbDMD8GA1UdHwQ4MDYwNKAyoDCGLmh0dHA6\nLy9jcmwuY2ZhaG9tZS5jb20vUEtJL0NGQSUyMEVJQ0ElMjAwMS5jcmwwggEBBggr\nBgEFBQcBAQSB9DCB8TA6BggrBgEFBQcwAoYuaHR0cDovL2NybC5jZmFob21lLmNv\nbS9QS0kvQ0ZBJTIwRUlDQSUyMDAxLmNydDCBsgYIKwYBBQUHMAKGgaVsZGFwOi8v\nL0NOPUNGQSUyMEVJQ0ElMjAwMSxDTj1BSUEsQ049UHVibGljJTIwS2V5JTIwU2Vy\ndmljZXMsQ049U2VydmljZXMsQ049Q29uZmlndXJhdGlvbixEQz1jaGljay1maWwt\nYSxEQz1jb20/Y0FDZXJ0aWZpY2F0ZT9iYXNlP29iamVjdENsYXNzPWNlcnRpZmlj\nYXRpb25BdXRob3JpdHkwCwYDVR0PBAQDAgWgMDwGCSsGAQQBgjcVBwQvMC0GJSsG\nAQQBgjcVCNSPfoOgihmBoZkjh7z+Uoaly3pqhPDuToOUjT0CAWQCAQYwEwYDVR0l\nBAwwCgYIKwYBBQUHAwEwGwYJKwYBBAGCNxUKBA4wDDAKBggrBgEFBQcDATANBgkq\nhkiG9w0BAQsFAAOCAQEAW10tBKWV7oAu8SXhh2nXFBOJ1vouEelTkDvQnPJYUUIn\nsrNuh3qO92YBcI6lw+G8341xGpndYu47b0GwEufq/eYyAZH4x7vsOJgUNNfmlLOC\nbuOsQp46BkOky5vj3VQu6Hpw8gFy8tbeo4KJZSAd5CCIVT2E+sJ1GA0zjY0NxUcw\nOhndnWcRbyb119In0WZE2HClO4PPiWvnWHvEQ9U6DXrIYbnf+Liy1aMce4eFY8AM\nLifXB7DLTXrju5lD1/sFHQCQ37v7wSIwE77tfkICsnxZCxz/bfFWt8vm1A/9Qkbe\nPEMLnL3/MkED8smBOgW+xzMmB52VcDuXhqgeERLAFA==\n-----END CERTIFICATE-----\n-----BEGIN RSA PRIVATE KEY-----\nProc-Type: 4,ENCRYPTED\nDEK-Info: DES-EDE3-CBC,CC71BF26A3F68976\n\nwBhF3nCeJlDJ97fWP+TCNbKd9QrcKLej/WxEQS2zjEJTL2Yh/1Cf+qUEnOPQns0P\n0DxPW20UkxxvUfzyubJdtSj7lnhpn4To/TRasrwYmv6Gzx0THOvR3cZOep22ExAk\ntWqwINKC38Zgn9dAiL055emAEMQrGs+L6vaE+HQoTwEenuHgEZ26LLw7WPrvf/Kz\nTxW95VPxRKF01xf7j0+xaRF9KxQLTPZOgSgyoJitwCHLDTl8mm0dmfDqofV4SieB\nt+OFn/zFxOQPcXnObQ33gJlFqDj4f/dvVqKl9JhfxfT/HweIctZyMeSvPi+Zi51Y\nDFLD9RCo0kC8qUIYPuoU+1A4tY2qWj5jxvxd7YGZkms7h0yLpLZjQvv6KKzYpkOV\n0PbSh0SZnNtBe6497LC36AHpVMXot958aKKUobwrt5idcd4o4611GrZiCBM9MdwD\n0+qMAEv7IbamBi5UJTtiiN9df6L+ZqWLvJ9dzwFHWI0cbXrxQ/ol7w7CoM3+eDwe\nHklFy7KhZ08+C9E40heCFb7MOZluIClBUC+JeR8eUgEdD4hWV8bSjfTYfV5IPbQW\nPTyukTfrpwHzd4HEYvkE8yKMKrUjC3+cS0SuXUoeCI/XXCP+QOOyKxIJKIB+vfJc\n+DHmMQUnjUuEqNKoYKULeCwhs0b32TwnYyO3M7MI1j0oKAP1z18DjIxNiC4eXr+h\n4dF9q1QsPAq6NWrqBPSYAZAooYXiw07Z1d0hX4wwxG7UAWcXL8tQX781E5i7114f\nUVrPP87MMEMXdMNr+Pe4kXOc2ViVsLSGYzFA/0BEd6SYWU36z1A8qzvRxUBYQ3+W\n4oLV4RZLxWczKpoYD3Q8U2Bjj5UL7dD6gikwaxh/QdbypIrj8vYSRBy7ONKZVq2R\nAkyji+32tno3BTrq0eC9pnkdkA9aua0NfBizRFkv/3wecuJm/193C9wGYJ3AMzBx\ngW+rlzZpgFTVQfnAA0ZR7IS3b4XKyFczhT+Yo3TxmSVJQv7Ar2qbYwH/UqKKcPOB\nIYgKY27nFz/lBWGG6u5r42Pw8efrXSmgZ1QBM1eFUOHVq0xSRuciUfUlrVpBmdhn\nGkI0c5OIEXx3idORj4r7NVEiYom+8sB2+ueYoLwQ6D4IiCFP6OBy9m91XzrSYRQO\nkGj/KT9bsG3d5YwS3B8TwKzEJ+fZWsZHOX/7E13CSdyHwmqEm2WgNljwWNYWAvlI\n5PxF3HNrU0+1mQE5MVsc39xbTeT3TI8NhcMnmSQi4Tz2+WMhkrZxTY0N2TCUmq/A\n8tcdhJY7sCtqH8iklTD1ItUqeeweXrbuHrla0swje0137D8QJNy+tROUESE27cAh\nCetM7at78i2xyHYV8MBLtYrzYegQPpGqcEmwEF5jbHMAxBwYZsV5EjlTe7d6ux9Q\nrlrrLW6O9etiK6Qtb5MdpVlORpN9RPgEroilrtSgBdYrOXWCVhkdgjTn7OGALd/I\ntC6cjRiJTrwzYB7rQ5YnmLAx62HZY2eAj+h55hAxQeq89BRpM5OoiSeUHM/UDuBl\ndhmi0Bp4R4nN1GkMkpE2fps3lo8rfvPlE3f/KvqM3wVrLZaNtvcvZktSWasdlYzG\n-----END RSA PRIVATE KEY-----\n-----BEGIN CERTIFICATE-----\nMIID/TCCAuWgAwIBAgIKEiM3xAAAAAAAAzANBgkqhkiG9w0BAQsFADAVMRMwEQYD\nVQQDEwpDRkEgT1JDQSAxMB4XDTE1MDkwOTE3MDgyNloXDTMxMDkwOTE3MTgyNlow\nSDETMBEGCgmSJomT8ixkARkWA2NvbTEbMBkGCgmSJomT8ixkARkWC2NoaWNrLWZp\nbC1hMRQwEgYDVQQDEwtDRkEgRUlDQSAwMTCCASIwDQYJKoZIhvcNAQEBBQADggEP\nADCCAQoCggEBAL3k3o0/F6/5+wzVQAS8C4A1Mzr+B8aYI+Bvr6aqgXS2oVtVLEHH\nfJc3ax+6uqDxG5/9n41CIkQiCDexri+BGyeI2PoUZNFhQj4aKqYUTJ8CAwZ/ovEk\nLhqPijK4fKeJJ9OWbKTUxtC9sJkH6C3Z7DzegWQRnDxi4SiC+HD2lG5xISdtJEfH\ngf13xMVFveKYsqEfL06Uh4S9aBAcx2aMBHoc2jDBEJM2gdIvxroA9sGtxIsoDAmg\nA2DJ0LP3DcCQoBhLrskTDR7llWtqQAO05ph6+QRfxCsSclNhB/2lXJ0GlORNSXun\nqpUZvYafK6pACZ93zZnMgteb9orqDYB+eQ0CAwEAAaOCARowggEWMBAGCSsGAQQB\ngjcVAQQDAgEAMB0GA1UdDgQWBBTFzvy6/ceiBSSWpfy9qOp8yiVmwzAZBgkrBgEE\nAYI3FAIEDB4KAFMAdQBiAEMAQTALBgNVHQ8EBAMCAYYwDwYDVR0TAQH/BAUwAwEB\n/zAfBgNVHSMEGDAWgBRb5eDPvUJjVLjhYnWq8/E21tSGEDA+BgNVHR8ENzA1MDOg\nMaAvhi1odHRwOi8vY3JsLmNmYWhvbWUuY29tL1BLSS9DRkElMjBPUkNBJTIwMS5j\ncmwwSQYIKwYBBQUHAQEEPTA7MDkGCCsGAQUFBzAChi1odHRwOi8vY3JsLmNmYWhv\nbWUuY29tL1BLSS9DRkElMjBPUkNBJTIwMS5jcnQwDQYJKoZIhvcNAQELBQADggEB\nADe2z2S3BTGqRWTyIJ5/6a9c73Ux37uzfIGSq5uBf3xG2KcUNcMQ9DUVZXSQPIp4\n2u0HIUqyYracqBsMiQbXI2DIq96TqysH6lhy/VoPvTHlICrE5U63bjNz5rP/DaLY\nTzwfAnvnAtUUnRDWO/Xv6pONcqK7Pm+Q56TA1l6wgysCWgtGBSLcWo5CwdIuoNsy\n7X4/Z1MFaCUhSMS4IdCheyxrEIkH+hkXI2ybMKLXTZvPZ8NBfCjWPmYEwxnJwVEg\nttGdOMpu3da3k5nXlNj6mMzt4XTg/cHv0tmxUP0TZPm4q9x7pjvPYYJCazhGAKgn\n883hsUQG3nUHEvOOJChU8/Q=\n-----END CERTIFICATE-----\n\n-----BEGIN CERTIFICATE-----\nMIIDBTCCAe2gAwIBAgIQVDC1fdpAlbJBj1ZRd9SVBTANBgkqhkiG9w0BAQsFADAV\nMRMwEQYDVQQDEwpDRkEgT1JDQSAxMB4XDTE1MDkwOTEzNTUzMFoXDTQ3MDkwOTE0\nMDUyOVowFTETMBEGA1UEAxMKQ0ZBIE9SQ0EgMTCCASIwDQYJKoZIhvcNAQEBBQAD\nggEPADCCAQoCggEBAJRh0BrZ7vr4ua5UCvRFyVdVWhE4UKIlMle6vMn4gY4926ZK\nRx+WO7YTteVTC9SWAJkUL5iU5qkeAtp3xC5waTlK/qzb8tqRW5vPh4MteSS3PW0A\ncZ4Gpd419d8f4LWKwWFUKID48FofUWiDzUJjUXUTKH3zLF6Yso885Q+GPRfFZNtJ\nzhcQhxsdabFCwn8POFNPn+EeLoJS45btHPv9fAhsEPUDSsPVUTLJmCIv1QjOa85d\nFbJoX03wrJicZdGbo/WiQGD4eVd/CzCSpeDtatTRANsIcF4zz+CDhVHpVY2Q2Uq1\ndPP2w7wjpe3pbcTioEJmwRjjtiQnOVkz00eHBZ0CAwEAAaNRME8wCwYDVR0PBAQD\nAgGGMA8GA1UdEwEB/wQFMAMBAf8wHQYDVR0OBBYEFFvl4M+9QmNUuOFidarz8TbW\n1IYQMBAGCSsGAQQBgjcVAQQDAgEAMA0GCSqGSIb3DQEBCwUAA4IBAQBsOhco7uDJ\nseIfeuFgRRuI6evKyCMwwYcJkuWlEPV7HFOJ32BJnpvlloCfuqkBHoWHYecJozIb\nJkLihhhsnb+GvPvc0GIu7/uDX00T8BMB7TndLsCzGLttW07OpdcNkn/pM7uRJPQT\nm53Ld43KlTaO8lLxxAevfwX0HbI0roS0EyOtGXFs6SbIV8NopRw5JAn6wxWa9LQs\ngTvBVckx9JrUbGEiQNyosaTCYTR/4BBujS/REgNsAaJPRJhsQEN87pRrNK8WUGWX\nDDMsnJaUk+0/g1Z81xC4eVsOWqLlm2I2nZuL+TD/c5opGom6cIfmV9cKqE/bIf5P\nRsvz2HuFoGUe\n-----END CERTIFICATE-----\n\n",
            "content_base64": null,
            "content_disposition": "",
            "content_encoding": "",
            "content_language": "",
            "content_type": "binary/octet-stream",
            "etag": "c734fc0543fcc8662732b78b04ae1c10",
            "force_destroy": false,
            "id": "splunk-deployment/etc/auth/certs/deployment-mgmt.splunk.<customer>home.com.pem",
            "key": "splunk-deployment/etc/auth/certs/deployment-mgmt.splunk.<customer>home.com.pem",
            "kms_key_id": null,
            "metadata": {},
            "object_lock_legal_hold_status": "",
            "object_lock_mode": "",
            "object_lock_retain_until_date": "",
            "server_side_encryption": "",
            "source": null,
            "storage_class": "STANDARD",
            "tags": {},
            "version_id": "",
            "website_redirect": ""
          },
          "private": "bnVsbA==",
          "dependencies": [
            "module.common.aws_s3_bucket.inits",
            "module.deployment.data.aws_secretsmanager_secret_version.ssl_key"
          ]
        }
      ]
    },
    {
      "module": "module.deployment",
      "mode": "managed",
      "type": "aws_s3_bucket_object",
      "name": "userseed",
      "provider": "provider[\"registry.terraform.io/hashicorp/aws\"]",
      "instances": [
        {
          "schema_version": 0,
          "attributes": {
            "acl": "private",
            "bucket": "prod-<customer>splunkprod-us-east-1-splunk-initial-configs",
            "cache_control": "",
            "content": "[user_info]\nUSERNAME = <customer>_admin_ds\nHASHED_PASSWORD = $6$jkFnKnr8wG90zNOq$.IHlprWUDwAE1QePoXj/Zm9rgq4zRPLN9PSBos2dcnFztAiiPDcP.j8jekEI1zkYP1PmC3tsDzlm/EArEMSh0/",
            "content_base64": null,
            "content_disposition": "",
            "content_encoding": "",
            "content_language": "",
            "content_type": "binary/octet-stream",
            "etag": "98<customer>5f37c1c8e64ec1e168fbaa4687d",
            "force_destroy": false,
            "id": "splunk-deployment/etc/system/local/user-seed.conf",
            "key": "splunk-deployment/etc/system/local/user-seed.conf",
            "kms_key_id": null,
            "metadata": {},
            "object_lock_legal_hold_status": "",
            "object_lock_mode": "",
            "object_lock_retain_until_date": "",
            "server_side_encryption": "",
            "source": null,
            "storage_class": "STANDARD",
            "tags": {},
            "version_id": "",
            "website_redirect": ""
          },
          "private": "bnVsbA==",
          "dependencies": [
            "data.aws_secretsmanager_secret_version.admin_account",
            "module.common.aws_s3_bucket.inits"
          ]
        }
      ]
    },
    {
      "module": "module.deployment",
      "mode": "managed",
      "type": "aws_security_group",
      "name": "instance_sg",
      "provider": "provider[\"registry.terraform.io/hashicorp/aws\"]",
      "instances": [
        {
          "schema_version": 1,
          "attributes": {
            "arn": "arn:aws:ec2:us-east-1:740749460388:security-group/sg-0715d3846275991f4",
            "description": "Security group for splunk sh and forwarders instances",
            "egress": [
              {
                "cidr_blocks": [
                  "0.0.0.0/0"
                ],
                "description": "",
                "from_port": 0,
                "ipv6_cidr_blocks": [],
                "prefix_list_ids": [],
                "protocol": "-1",
                "security_groups": [],
                "self": false,
                "to_port": 0
              }
            ],
            "id": "sg-0715d3846275991f4",
            "ingress": [
              {
                "cidr_blocks": [
                  "0.0.0.0/0"
                ],
                "description": "",
                "from_port": 8089,
                "ipv6_cidr_blocks": [],
                "prefix_list_ids": [],
                "protocol": "tcp",
                "security_groups": [],
                "self": false,
                "to_port": 8089
              },
              {
                "cidr_blocks": [
                  "10.1.0.0/20",
                  "10.1.16.0/20",
                  "10.1.32.0/20"
                ],
                "description": "",
                "from_port": -1,
                "ipv6_cidr_blocks": [],
                "prefix_list_ids": [],
                "protocol": "icmp",
                "security_groups": [],
                "self": false,
                "to_port": -1
              },
              {
                "cidr_blocks": [],
                "description": "",
                "from_port": 8000,
                "ipv6_cidr_blocks": [],
                "prefix_list_ids": [],
                "protocol": "tcp",
                "security_groups": [
                  "sg-0f479c66d9657f22b"
                ],
                "self": false,
                "to_port": 8000
              }
            ],
            "name": "prod-splunk-instance-deployment",
            "name_prefix": null,
            "owner_id": "740749460388",
            "revoke_rules_on_delete": false,
            "tags": {
              "Managed_by": "terraform",
              "Module": "splunk_sh",
              "Name": "prod-splunk-instance-deployment",
              "application_name": "splunk",
              "created_by": "Juan Becerra",
              "environment": "prod"
            },
            "timeouts": null,
            "vpc_id": "vpc-0f9afbd827c17d71a"
          },
          "private": "eyJlMmJmYjczMC1lY2FhLTExZTYtOGY4OC0zNDM2M2JjN2M0YzAiOnsiY3JlYXRlIjo2MDAwMDAwMDAwMDAsImRlbGV0ZSI6NjAwMDAwMDAwMDAwfSwic2NoZW1hX3ZlcnNpb24iOiIxIn0=",
          "dependencies": [
            "module.deployment.aws_security_group.lb_sg"
          ]
        }
      ]
    },
    {
      "module": "module.deployment",
      "mode": "managed",
      "type": "aws_security_group",
      "name": "lb_sg",
      "provider": "provider[\"registry.terraform.io/hashicorp/aws\"]",
      "instances": [
        {
          "schema_version": 1,
          "attributes": {
            "arn": "arn:aws:ec2:us-east-1:740749460388:security-group/sg-0f479c66d9657f22b",
            "description": "Security group for splunk ALBs",
            "egress": [
              {
                "cidr_blocks": [
                  "0.0.0.0/0"
                ],
                "description": "",
                "from_port": 0,
                "ipv6_cidr_blocks": [],
                "prefix_list_ids": [],
                "protocol": "-1",
                "security_groups": [],
                "self": false,
                "to_port": 0
              }
            ],
            "id": "sg-0f479c66d9657f22b",
            "ingress": [
              {
                "cidr_blocks": [
                  "0.0.0.0/0"
                ],
                "description": "",
                "from_port": 443,
                "ipv6_cidr_blocks": [],
                "prefix_list_ids": [],
                "protocol": "tcp",
                "security_groups": [],
                "self": false,
                "to_port": 443
              },
              {
                "cidr_blocks": [
                  "0.0.0.0/0"
                ],
                "description": "",
                "from_port": 80,
                "ipv6_cidr_blocks": [],
                "prefix_list_ids": [],
                "protocol": "tcp",
                "security_groups": [],
                "self": false,
                "to_port": 80
              },
              {
                "cidr_blocks": [
                  "10.1.0.0/20",
                  "10.1.16.0/20",
                  "10.1.32.0/20"
                ],
                "description": "",
                "from_port": 8089,
                "ipv6_cidr_blocks": [],
                "prefix_list_ids": [],
                "protocol": "tcp",
                "security_groups": [],
                "self": false,
                "to_port": 8089
              }
            ],
            "name": "prod-splunk-alb-deployment",
            "name_prefix": null,
            "owner_id": "740749460388",
            "revoke_rules_on_delete": false,
            "tags": {
              "Managed_by": "terraform",
              "Module": "splunk_sh",
              "Name": "prod-splunk-alb-deployment",
              "application_name": "splunk",
              "created_by": "Juan Becerra",
              "environment": "prod"
            },
            "timeouts": null,
            "vpc_id": "vpc-0f9afbd827c17d71a"
          },
          "private": "eyJlMmJmYjczMC1lY2FhLTExZTYtOGY4OC0zNDM2M2JjN2M0YzAiOnsiY3JlYXRlIjo2MDAwMDAwMDAwMDAsImRlbGV0ZSI6NjAwMDAwMDAwMDAwfSwic2NoZW1hX3ZlcnNpb24iOiIxIn0="
        }
      ]
    },
    {
      "module": "module.deployment",
      "mode": "managed",
      "type": "aws_wafv2_web_acl_association",
      "name": "load_balancer",
      "provider": "provider[\"registry.terraform.io/hashicorp/aws\"]",
      "instances": [
        {
          "schema_version": 0,
          "attributes": {
            "id": "arn:aws:wafv2:us-east-1:740749460388:regional/webacl/prod-splunk-waf-splunk/bbc8c958-ec97-4708-a740-7fa7b1956e7b,arn:aws:elasticloadbalancing:us-east-1:740749460388:loadbalancer/app/prod-splunk-alb-deployment/b8b8202cabcced7c",
            "resource_arn": "arn:aws:elasticloadbalancing:us-east-1:740749460388:loadbalancer/app/prod-splunk-alb-deployment/b8b8202cabcced7c",
            "web_acl_arn": "arn:aws:wafv2:us-east-1:740749460388:regional/webacl/prod-splunk-waf-splunk/bbc8c958-ec97-4708-a740-7fa7b1956e7b"
          },
          "private": "bnVsbA==",
          "dependencies": [
            "module.common.aws_wafv2_web_acl.waf",
            "module.deployment.aws_alb.load_balancer",
            "module.deployment.aws_security_group.lb_sg"
          ]
        }
      ]
    },
    {
      "module": "module.forwarder",
      "mode": "data",
      "type": "aws_ami",
      "name": "ami_source",
      "provider": "provider[\"registry.terraform.io/hashicorp/aws\"]",
      "instances": [
        {
          "schema_version": 0,
          "attributes": {
            "architecture": "x86_64",
            "arn": "arn:aws:ec2:us-east-1::image/ami-010a59d6feb957af6",
            "block_device_mappings": [
              {
                "device_name": "/dev/xvda",
                "ebs": {
                  "delete_on_termination": "true",
                  "encrypted": "false",
                  "iops": "0",
                  "snapshot_id": "snap-059fb79a367fb20de",
                  "volume_size": "100",
                  "volume_type": "gp2"
                },
                "no_device": "",
                "virtual_name": ""
              }
            ],
            "creation_date": "2020-11-06T21:26:21.000Z",
            "description": "Lambda created AMI of instance i-0a686c5ae0efd9603",
            "executable_users": null,
            "filter": [
              {
                "name": "tag:Name",
                "values": [
                  "splunk-base-ami",
                  "splunk-forwarder"
                ]
              }
            ],
            "hypervisor": "xen",
            "id": "ami-010a59d6feb957af6",
            "image_id": "ami-010a59d6feb957af6",
            "image_location": "740749460388/splunk-forwarder_06-11-2020.21.26",
            "image_owner_alias": null,
            "image_type": "machine",
            "kernel_id": null,
            "most_recent": true,
            "name": "splunk-forwarder_06-11-2020.21.26",
            "name_regex": null,
            "owner_id": "740749460388",
            "owners": [
              "self"
            ],
            "platform": null,
            "product_codes": [],
            "public": false,
            "ramdisk_id": null,
            "root_device_name": "/dev/xvda",
            "root_device_type": "ebs",
            "root_snapshot_id": "snap-059fb79a367fb20de",
            "sriov_net_support": "simple",
            "state": "available",
            "state_reason": {
              "code": "UNSET",
              "message": "UNSET"
            },
            "tags": {
              "CreatedOn": "06-11-2020.21.26",
              "Name": "splunk-forwarder",
              "Type": "HOURLY"
            },
            "virtualization_type": "hvm"
          }
        }
      ]
    },
    {
      "module": "module.forwarder",
      "mode": "data",
      "type": "aws_route53_zone",
      "name": "private_zone",
      "provider": "provider[\"registry.terraform.io/hashicorp/aws\"]",
      "instances": [
        {
          "schema_version": 0,
          "attributes": {
            "caller_reference": "terraform-20201106142453677500000001",
            "comment": "Managed by Terraform",
            "id": "Z1025878278SY9EZW6LQL",
            "linked_service_description": null,
            "linked_service_principal": null,
            "name": "splunkinternal.com.",
            "name_servers": [],
            "private_zone": true,
            "resource_record_set_count": 14,
            "tags": {},
            "vpc_id": null,
            "zone_id": "Z1025878278SY9EZW6LQL"
          }
        }
      ]
    },
    {
      "module": "module.forwarder",
      "mode": "data",
      "type": "aws_route53_zone",
      "name": "public_zone",
      "provider": "provider[\"registry.terraform.io/hashicorp/aws\"]",
      "instances": [
        {
          "schema_version": 0,
          "attributes": {
            "caller_reference": "4e9ee2b0-8d7d-45b1-bef2-d843fa05c63b",
            "comment": "Hosted Zone for Splunk URLs",
            "id": "Z07522651BG4B102L9QDK",
            "linked_service_description": null,
            "linked_service_principal": null,
            "name": "splunk.<customer>home.com.",
            "name_servers": [
              "ns-931.awsdns-52.net",
              "ns-153.awsdns-19.com",
              "ns-1627.awsdns-11.co.uk",
              "ns-1098.awsdns-09.org"
            ],
            "private_zone": false,
            "resource_record_set_count": 19,
            "tags": {},
            "vpc_id": null,
            "zone_id": "Z07522651BG4B102L9QDK"
          }
        }
      ]
    },
    {
      "module": "module.forwarder",
      "mode": "managed",
      "type": "aws_alb",
      "name": "load_balancer",
      "provider": "provider[\"registry.terraform.io/hashicorp/aws\"]",
      "instances": [
        {
          "schema_version": 0,
          "attributes": {
            "access_logs": [
              {
                "bucket": "",
                "enabled": false,
                "prefix": ""
              }
            ],
            "arn": "arn:aws:elasticloadbalancing:us-east-1:740749460388:loadbalancer/app/prod-splunk-alb-forwarder/09bfb0b413af0066",
            "arn_suffix": "app/prod-splunk-alb-forwarder/09bfb0b413af0066",
            "dns_name": "prod-splunk-alb-forwarder-853564518.us-east-1.elb.amazonaws.com",
            "drop_invalid_header_fields": false,
            "enable_cross_zone_load_balancing": null,
            "enable_deletion_protection": false,
            "enable_http2": true,
            "id": "arn:aws:elasticloadbalancing:us-east-1:740749460388:loadbalancer/app/prod-splunk-alb-forwarder/09bfb0b413af0066",
            "idle_timeout": 60,
            "internal": false,
            "ip_address_type": "ipv4",
            "load_balancer_type": "application",
            "name": "prod-splunk-alb-forwarder",
            "name_prefix": null,
            "security_groups": [
              "sg-0e66b6e9258f8779c"
            ],
            "subnet_mapping": [
              {
                "allocation_id": "",
                "subnet_id": "subnet-0057ea47be6c0a6e1"
              },
              {
                "allocation_id": "",
                "subnet_id": "subnet-09b0446a3f0f2aafa"
              },
              {
                "allocation_id": "",
                "subnet_id": "subnet-0a2528d789dd75efd"
              }
            ],
            "subnets": [
              "subnet-0057ea47be6c0a6e1",
              "subnet-09b0446a3f0f2aafa",
              "subnet-0a2528d789dd75efd"
            ],
            "tags": {
              "Managed_by": "terraform",
              "Module": "splunk_sh",
              "Name": "prod-splunk-alb-forwarder",
              "application_name": "splunk",
              "created_by": "Juan Becerra",
              "environment": "prod"
            },
            "timeouts": null,
            "vpc_id": "vpc-0f9afbd827c17d71a",
            "zone_id": "Z35SXDOTRQ7X7K"
          },
          "private": "eyJlMmJmYjczMC1lY2FhLTExZTYtOGY4OC0zNDM2M2JjN2M0YzAiOnsiY3JlYXRlIjo2MDAwMDAwMDAwMDAsImRlbGV0ZSI6NjAwMDAwMDAwMDAwLCJ1cGRhdGUiOjYwMDAwMDAwMDAwMH19",
          "dependencies": [
            "module.forwarder.aws_security_group.lb_sg"
          ]
        }
      ]
    },
    {
      "module": "module.forwarder",
      "mode": "managed",
      "type": "aws_alb_listener",
      "name": "load_balancer",
      "provider": "provider[\"registry.terraform.io/hashicorp/aws\"]",
      "instances": [
        {
          "schema_version": 0,
          "attributes": {
            "arn": "arn:aws:elasticloadbalancing:us-east-1:740749460388:listener/app/prod-splunk-alb-forwarder/09bfb0b413af0066/252df88ad11a3089",
            "certificate_arn": null,
            "default_action": [
              {
                "authenticate_cognito": [],
                "authenticate_oidc": [],
                "fixed_response": [],
                "forward": [],
                "order": 1,
                "redirect": [
                  {
                    "host": "#{host}",
                    "path": "/#{path}",
                    "port": "443",
                    "protocol": "HTTPS",
                    "query": "#{query}",
                    "status_code": "HTTP_301"
                  }
                ],
                "target_group_arn": "",
                "type": "redirect"
              }
            ],
            "id": "arn:aws:elasticloadbalancing:us-east-1:740749460388:listener/app/prod-splunk-alb-forwarder/09bfb0b413af0066/252df88ad11a3089",
            "load_balancer_arn": "arn:aws:elasticloadbalancing:us-east-1:740749460388:loadbalancer/app/prod-splunk-alb-forwarder/09bfb0b413af0066",
            "port": 80,
            "protocol": "HTTP",
            "ssl_policy": "",
            "timeouts": null
          },
          "private": "eyJlMmJmYjczMC1lY2FhLTExZTYtOGY4OC0zNDM2M2JjN2M0YzAiOnsicmVhZCI6NjAwMDAwMDAwMDAwfX0=",
          "dependencies": [
            "module.forwarder.aws_alb.load_balancer",
            "module.forwarder.aws_security_group.lb_sg"
          ]
        }
      ]
    },
    {
      "module": "module.forwarder",
      "mode": "managed",
      "type": "aws_alb_listener",
      "name": "load_balancer_443",
      "provider": "provider[\"registry.terraform.io/hashicorp/aws\"]",
      "instances": [
        {
          "schema_version": 0,
          "attributes": {
            "arn": "arn:aws:elasticloadbalancing:us-east-1:740749460388:listener/app/prod-splunk-alb-forwarder/09bfb0b413af0066/582050c07397d6e4",
            "certificate_arn": "arn:aws:acm:us-east-1:740749460388:certificate/4839e66a-518c-4f9c-9554-2e3227386806",
            "default_action": [
              {
                "authenticate_cognito": [],
                "authenticate_oidc": [],
                "fixed_response": [],
                "forward": [],
                "order": 1,
                "redirect": [],
                "target_group_arn": "arn:aws:elasticloadbalancing:us-east-1:740749460388:targetgroup/prod-splunk-alb-8000-forwarder/8e2d2844b0e2e839",
                "type": "forward"
              }
            ],
            "id": "arn:aws:elasticloadbalancing:us-east-1:740749460388:listener/app/prod-splunk-alb-forwarder/09bfb0b413af0066/582050c07397d6e4",
            "load_balancer_arn": "arn:aws:elasticloadbalancing:us-east-1:740749460388:loadbalancer/app/prod-splunk-alb-forwarder/09bfb0b413af0066",
            "port": 443,
            "protocol": "HTTPS",
            "ssl_policy": "ELBSecurityPolicy-2016-08",
            "timeouts": null
          },
          "private": "eyJlMmJmYjczMC1lY2FhLTExZTYtOGY4OC0zNDM2M2JjN2M0YzAiOnsicmVhZCI6NjAwMDAwMDAwMDAwfX0=",
          "dependencies": [
            "module.forwarder.aws_alb.load_balancer",
            "module.forwarder.aws_alb_target_group.lb_target_8000",
            "module.forwarder.aws_security_group.lb_sg",
            "module.route53_dns.aws_acm_certificate.cert",
            "module.route53_dns.data.aws_route53_zone.public_zone"
          ]
        }
      ]
    },
    {
      "module": "module.forwarder",
      "mode": "managed",
      "type": "aws_alb_target_group",
      "name": "lb_target_8000",
      "provider": "provider[\"registry.terraform.io/hashicorp/aws\"]",
      "instances": [
        {
          "schema_version": 0,
          "attributes": {
            "arn": "arn:aws:elasticloadbalancing:us-east-1:740749460388:targetgroup/prod-splunk-alb-8000-forwarder/8e2d2844b0e2e839",
            "arn_suffix": "targetgroup/prod-splunk-alb-8000-forwarder/8e2d2844b0e2e839",
            "deregistration_delay": 300,
            "health_check": [
              {
                "enabled": true,
                "healthy_threshold": 2,
                "interval": 30,
                "matcher": "200",
                "path": "/en-US/account/login",
                "port": "traffic-port",
                "protocol": "HTTPS",
                "timeout": 5,
                "unhealthy_threshold": 5
              }
            ],
            "id": "arn:aws:elasticloadbalancing:us-east-1:740749460388:targetgroup/prod-splunk-alb-8000-forwarder/8e2d2844b0e2e839",
            "lambda_multi_value_headers_enabled": false,
            "load_balancing_algorithm_type": "round_robin",
            "name": "prod-splunk-alb-8000-forwarder",
            "name_prefix": null,
            "port": 8000,
            "protocol": "HTTPS",
            "proxy_protocol_v2": false,
            "slow_start": 0,
            "stickiness": [
              {
                "cookie_duration": 86400,
                "enabled": false,
                "type": "lb_cookie"
              }
            ],
            "tags": {
              "Managed_by": "terraform",
              "Module": "splunk_sh",
              "Name": "prod-splunk-alb-8000-forwarder",
              "application_name": "splunk",
              "created_by": "Juan Becerra",
              "environment": "prod"
            },
            "target_type": "instance",
            "vpc_id": "vpc-0f9afbd827c17d71a"
          },
          "private": "bnVsbA==",
          "dependencies": [
            "module.forwarder.aws_alb.load_balancer",
            "module.forwarder.aws_security_group.lb_sg"
          ],
          "create_before_destroy": true
        }
      ]
    },
    {
      "module": "module.forwarder",
      "mode": "managed",
      "type": "aws_autoscaling_group",
      "name": "asg",
      "provider": "provider[\"registry.terraform.io/hashicorp/aws\"]",
      "instances": [
        {
          "schema_version": 0,
          "attributes": {
            "arn": "arn:aws:autoscaling:us-east-1:740749460388:autoScalingGroup:7c111490-fcd0-4a4b-b2a8-8a33a839043d:autoScalingGroupName/prod-splunk-asg-forwarder",
            "availability_zones": [
              "us-east-1a",
              "us-east-1b",
              "us-east-1c"
            ],
            "default_cooldown": 300,
            "desired_capacity": 1,
            "enabled_metrics": [],
            "force_delete": false,
            "health_check_grace_period": 300,
            "health_check_type": "EC2",
            "id": "prod-splunk-asg-forwarder",
            "initial_lifecycle_hook": [],
            "launch_configuration": "",
            "launch_template": [
              {
                "id": "lt-065f77afc6ba52323",
                "name": "splunk-forwarder_template",
                "version": "$Latest"
              }
            ],
            "load_balancers": [],
            "max_instance_lifetime": 0,
            "max_size": 1,
            "metrics_granularity": "1Minute",
            "min_elb_capacity": null,
            "min_size": 1,
            "mixed_instances_policy": [],
            "name": "prod-splunk-asg-forwarder",
            "name_prefix": null,
            "placement_group": "",
            "protect_from_scale_in": false,
            "service_linked_role_arn": "arn:aws:iam::740749460388:role/aws-service-role/autoscaling.amazonaws.com/AWSServiceRoleForAutoScaling",
            "suspended_processes": [],
            "tag": [
              {
                "key": "Name",
                "propagate_at_launch": true,
                "value": "splunk-forwarder"
              },
              {
                "key": "asg:hostname",
                "propagate_at_launch": true,
                "value": "splunk-forwarder.splunkinternal.com@Z1025878278SY9EZW6LQL"
              }
            ],
            "tags": null,
            "target_group_arns": [
              "arn:aws:elasticloadbalancing:us-east-1:740749460388:targetgroup/prod-splunk-alb-8000-forwarder/8e2d2844b0e2e839"
            ],
            "termination_policies": [],
            "timeouts": null,
            "vpc_zone_identifier": [
              "subnet-02bb68a15c69c57b7",
              "subnet-04e34d59a76c94fb8",
              "subnet-0e8d86d222995993e"
            ],
            "wait_for_capacity_timeout": "0",
            "wait_for_elb_capacity": null
          },
          "private": "eyJlMmJmYjczMC1lY2FhLTExZTYtOGY4OC0zNDM2M2JjN2M0YzAiOnsiZGVsZXRlIjo2MDAwMDAwMDAwMDB9fQ==",
          "dependencies": [
            "module.common.aws_iam_instance_profile.splunk-instance-profile",
            "module.common.aws_iam_role.splunk-instance-profile",
            "module.common.aws_s3_bucket.inits",
            "module.forwarder.aws_alb_target_group.lb_target_8000",
            "module.forwarder.aws_alb_target_group.lb_target_8089",
            "module.forwarder.aws_alb_target_group.nlb_target_8089",
            "module.forwarder.aws_launch_template.instance_template",
            "module.forwarder.aws_security_group.instance_sg",
            "module.forwarder.data.aws_ami.ami_source",
            "module.forwarder.data.aws_route53_zone.private_zone",
            "module.route53_dns.aws_route53_zone.private"
          ],
          "create_before_destroy": true
        }
      ]
    },
    {
      "module": "module.forwarder",
      "mode": "managed",
      "type": "aws_autoscaling_lifecycle_hook",
      "name": "asg_launch_hook",
      "provider": "provider[\"registry.terraform.io/hashicorp/aws\"]",
      "instances": [
        {
          "schema_version": 0,
          "attributes": {
            "autoscaling_group_name": "prod-splunk-asg-forwarder",
            "default_result": "CONTINUE",
            "heartbeat_timeout": 60,
            "id": "prod-splunk-asg-forwarder-launch",
            "lifecycle_transition": "autoscaling:EC2_INSTANCE_LAUNCHING",
            "name": "prod-splunk-asg-forwarder-launch",
            "notification_metadata": "",
            "notification_target_arn": "arn:aws:sns:us-east-1:740749460388:ddns_handling",
            "role_arn": "arn:aws:iam::740749460388:role/ddns_lifecycle"
          },
          "private": "bnVsbA==",
          "dependencies": [
            "module.forwarder.aws_autoscaling_group.asg",
            "module.route53_dns.aws_iam_role.ddns_lifecycle",
            "module.route53_dns.aws_sns_topic.ddns_handling"
          ]
        }
      ]
    },
    {
      "module": "module.forwarder",
      "mode": "managed",
      "type": "aws_launch_template",
      "name": "instance_template",
      "provider": "provider[\"registry.terraform.io/hashicorp/aws\"]",
      "instances": [
        {
          "schema_version": 0,
          "attributes": {
            "arn": "arn:aws:ec2:us-east-1:740749460388:launch-template/lt-065f77afc6ba52323",
            "block_device_mappings": [
              {
                "device_name": "/dev/xvda",
                "ebs": [
                  {
                    "delete_on_termination": "",
                    "encrypted": "",
                    "iops": 0,
                    "kms_key_id": "",
                    "snapshot_id": "",
                    "volume_size": 100,
                    "volume_type": ""
                  }
                ],
                "no_device": "",
                "virtual_name": ""
              }
            ],
            "capacity_reservation_specification": [],
            "cpu_options": [],
            "credit_specification": [],
            "default_version": 1,
            "description": "",
            "disable_api_termination": false,
            "ebs_optimized": "true",
            "elastic_gpu_specifications": [],
            "elastic_inference_accelerator": [],
            "hibernation_options": [],
            "iam_instance_profile": [
              {
                "arn": "",
                "name": "prod-splunk-ec2-role"
              }
            ],
            "id": "lt-065f77afc6ba52323",
            "image_id": "ami-010a59d6feb957af6",
            "instance_initiated_shutdown_behavior": "",
            "instance_market_options": [],
            "instance_type": "c5.2xlarge",
            "kernel_id": "",
            "key_name": "splunk-prod",
            "latest_version": 8,
            "license_specification": [],
            "metadata_options": [],
            "monitoring": [
              {
                "enabled": true
              }
            ],
            "name": "splunk-forwarder_template",
            "name_prefix": null,
            "network_interfaces": [],
            "placement": [],
            "ram_disk_id": "",
            "security_group_names": [],
            "tag_specifications": [
              {
                "resource_type": "instance",
                "tags": {
                  "Managed_by": "terraform",
                  "Module": "splunk_sh",
                  "S3_Config_Bucket": "prod-<customer>splunkprod-us-east-1-splunk-initial-configs",
                  "SessionsManager": "Devops",
                  "application_name": "splunk",
                  "created_by": "Juan Becerra",
                  "environment": "prod"
                }
              },
              {
                "resource_type": "volume",
                "tags": {
                  "Managed_by": "terraform",
                  "Module": "splunk_sh",
                  "Name": "splunk-forwarder",
                  "application_name": "splunk",
                  "created_by": "Juan Becerra",
                  "environment": "prod"
                }
              }
            ],
            "tags": {},
            "update_default_version": null,
            "user_data": "IyEvdXNyL2Jpbi9lbnYgYmFzaApzZXQgLWUKZXhwb3J0IEFWQUlMQUJJTElUWV9aT05FPSQoY3VybCAtc0xmIGh0dHA6Ly8xNjkuMjU0LjE2OS4yNTQvbGF0ZXN0L21ldGEtZGF0YS9wbGFjZW1lbnQvYXZhaWxhYmlsaXR5LXpvbmUpCmV4cG9ydCBJTlNUQU5DRV9JRD0kKGN1cmwgLXNMZiBodHRwOi8vMTY5LjI1NC4xNjkuMjU0L2xhdGVzdC9tZXRhLWRhdGEvaW5zdGFuY2UtaWQpCmV4cG9ydCBBV1NfUkVHSU9OPSQoY3VybCAtcyAxNjkuMjU0LjE2OS4yNTQvbGF0ZXN0L21ldGEtZGF0YS9wbGFjZW1lbnQvYXZhaWxhYmlsaXR5LXpvbmUgfCBzZWQgJ3MvLiQvLycpCmV4cG9ydCBORVdfSE9TVE5BTUU9JChhd3MgZWMyIGRlc2NyaWJlLXRhZ3MgLS1maWx0ZXJzICJOYW1lPXJlc291cmNlLWlkLFZhbHVlcz0ke0lOU1RBTkNFX0lEfSIgLS1yZWdpb24gJEFXU19SRUdJT04gLS1vdXRwdXQ9dGV4dHwgIGdyZXAgIlxzTmFtZSIgfGF3ayAne3ByaW50ICQ1fScpCmV4cG9ydCBORVdfRlFETj0kKGF3cyBlYzIgZGVzY3JpYmUtdGFncyAtLWZpbHRlcnMgIk5hbWU9cmVzb3VyY2UtaWQsVmFsdWVzPSR7SU5TVEFOQ0VfSUR9IiAtLXJlZ2lvbiAkQVdTX1JFR0lPTiAtLW91dHB1dD10ZXh0fCAgZ3JlcCAiYXNnOmhvc3RuYW1lIiB8YXdrICd7cHJpbnQgJDV9JyB8c2VkICdzL0AuKi8vJykKZXhwb3J0IEFXU19BQ0NPVU5UPSQoYXdzIHN0cyBnZXQtY2FsbGVyLWlkZW50aXR5IHxncmVwIEFjY291bnQgfGF3ayAne3ByaW50ICQyfScgfHNlZCAncy9cIlwsLy8nfHNlZCAncy9cIi8vJykKZXhwb3J0IFMzX0NPTkZJR19CVUNLRVQ9JChhd3MgZWMyIGRlc2NyaWJlLXRhZ3MgLS1maWx0ZXJzICJOYW1lPXJlc291cmNlLWlkLFZhbHVlcz0ke0lOU1RBTkNFX0lEfSIgIk5hbWU9a2V5LFZhbHVlcz1TM19Db25maWdfQnVja2V0IiAtLXJlZ2lvbiAkQVdTX1JFR0lPTiAtLW91dHB1dD10ZXh0IHwgY3V0IC1mNSkKCiNlY2hvICJob3N0IG5hbWUgJElOU1RBTkNFX0lEICwgJEFXU19SRUdJT04gLCAkTkVXX0hPU1ROQU1FIiA+IC90bXAvYm9vdC5sb2cKZWNobyAiMTI3LjAuMC4xICR7TkVXX0hPU1ROQU1FfSAke05FV19GUUROfSBsb2NhbGhvc3QubG9jYWxkb21haW4gbG9jYWxob3N0IiA+IC9ldGMvaG9zdHMKCgpob3N0bmFtZSAke05FV19IT1NUTkFNRX0KCiNlY2hvICJtb3VudGluZyBmaWxlIHN5c3RlbSIgPj4vdG1wL2Jvb3QubG9nCiNta2RpciAvdTAxCgojZm9yIGV4dDIsIGV4dDMsIG9yIGV4dDQgZmlsZSBzeXN0ZW0gcmVzaXplMmZzIC9kZXYveHZkZjEKI21vdW50IC9kZXYveHZkZiAvdTAxID4+L3RtcC9ib290LmxvZwoKI2RmIC1rID4+L3RtcC9ib290LmxvZwojeGZzX2dyb3dmcyAtZCAvdTAxCiNkZiAtayA+Pi90bXAvYm9vdC5sb2cKCi9vcHQvYXdzL2FtYXpvbi1jbG91ZHdhdGNoLWFnZW50L2Jpbi9hbWF6b24tY2xvdWR3YXRjaC1hZ2VudC1jdGwgLWEgZmV0Y2gtY29uZmlnIC1tIGVjMiAtcyAtYyBzc206L0FtYXpvbkNsb3VkV2F0Y2gtU3BsdW5rCgphd3MgY2xvdWR3YXRjaCBwdXQtbWV0cmljLWFsYXJtIC0tYWxhcm0tbmFtZSAiJHtORVdfSE9TVE5BTUV9X2Rpc2tfdXNlZF9wZXJjZW50X1dhcm5pbmdfOTUiIC0tbWV0cmljLW5hbWUgImRpc2tfdXNlZF9wZXJjZW50IiAtLWFsYXJtLWRlc2NyaXB0aW9uICJXYXJuaW5nOiBEaXNrIFVzZWQgaXMgYWJvdmUgOTUlIiAtLW5hbWVzcGFjZSBDV0FnZW50IC0tc3RhdGlzdGljIEF2ZXJhZ2UgLS1wZXJpb2QgNjAgLS10aHJlc2hvbGQgOTUgLS1jb21wYXJpc29uLW9wZXJhdG9yIEdyZWF0ZXJUaGFuVGhyZXNob2xkIC0tZGltZW5zaW9ucyBOYW1lPUluc3RhbmNlSWQsVmFsdWU9JHtJTlNUQU5DRV9JRH0gTmFtZT1wYXRoLFZhbHVlPS8gTmFtZT1kZXZpY2UsVmFsdWU9bnZtZTBuMXAxIE5hbWU9ZnN0eXBlLFZhbHVlPXhmcyAtLWV2YWx1YXRpb24tcGVyaW9kcyA1IC0tYWxhcm0tYWN0aW9ucyBhcm46YXdzOnNuczoke0FXU19SRUdJT059OiR7QVdTX0FDQ09VTlR9OnNwbHVuay1hbGFybXMgLS1yZWdpb24gJHtBV1NfUkVHSU9OfQphd3MgY2xvdWR3YXRjaCBwdXQtbWV0cmljLWFsYXJtIC0tYWxhcm0tbmFtZSAiJHtORVdfSE9TVE5BTUV9X2Rpc2tfdXNlZF9wZXJjZW50X0Vycm9yXzk2IiAtLW1ldHJpYy1uYW1lICJkaXNrX3VzZWRfcGVyY2VudCIgLS1hbGFybS1kZXNjcmlwdGlvbiAiRXJyb3I6IERpc2sgVXNlZCBpcyBhYm92ZSA5NiUiIC0tbmFtZXNwYWNlIENXQWdlbnQgLS1zdGF0aXN0aWMgQXZlcmFnZSAtLXBlcmlvZCA2MCAtLXRocmVzaG9sZCA5NiAtLWNvbXBhcmlzb24tb3BlcmF0b3IgR3JlYXRlclRoYW5UaHJlc2hvbGQgLS1kaW1lbnNpb25zIE5hbWU9SW5zdGFuY2VJZCxWYWx1ZT0ke0lOU1RBTkNFX0lEfSBOYW1lPXBhdGgsVmFsdWU9LyBOYW1lPWRldmljZSxWYWx1ZT1udm1lMG4xcDEgTmFtZT1mc3R5cGUsVmFsdWU9eGZzIC0tZXZhbHVhdGlvbi1wZXJpb2RzIDUgLS1hbGFybS1hY3Rpb25zIGFybjphd3M6c25zOiR7QVdTX1JFR0lPTn06JHtBV1NfQUNDT1VOVH06c3BsdW5rLWFsYXJtcyAtLXJlZ2lvbiAke0FXU19SRUdJT059CmF3cyBjbG91ZHdhdGNoIHB1dC1tZXRyaWMtYWxhcm0gLS1hbGFybS1uYW1lICIke05FV19IT1NUTkFNRX1fZGlza191c2VkX3BlcmNlbnRfQ3JpdGljYWxfOTciIC0tbWV0cmljLW5hbWUgImRpc2tfdXNlZF9wZXJjZW50IiAtLWFsYXJtLWRlc2NyaXB0aW9uICJDcml0aWNhbDogRGlzayBVc2VkIGlzIGFib3ZlIDk3JSIgLS1uYW1lc3BhY2UgQ1dBZ2VudCAtLXN0YXRpc3RpYyBBdmVyYWdlIC0tcGVyaW9kIDYwIC0tdGhyZXNob2xkIDk3IC0tY29tcGFyaXNvbi1vcGVyYXRvciBHcmVhdGVyVGhhblRocmVzaG9sZCAtLWRpbWVuc2lvbnMgTmFtZT1JbnN0YW5jZUlkLFZhbHVlPSR7SU5TVEFOQ0VfSUR9IE5hbWU9cGF0aCxWYWx1ZT0vIE5hbWU9ZGV2aWNlLFZhbHVlPW52bWUwbjFwMSBOYW1lPWZzdHlwZSxWYWx1ZT14ZnMgLS1ldmFsdWF0aW9uLXBlcmlvZHMgNSAtLWFsYXJtLWFjdGlvbnMgYXJuOmF3czpzbnM6JHtBV1NfUkVHSU9OfToke0FXU19BQ0NPVU5UfTpzcGx1bmstYWxhcm1zIC0tcmVnaW9uICR7QVdTX1JFR0lPTn0KCmF3cyBjbG91ZHdhdGNoIHB1dC1tZXRyaWMtYWxhcm0gLS1hbGFybS1uYW1lICIke05FV19IT1NUTkFNRX1fQ1BVVXRpbGl6YXRpb25fV2FybmluZ185MCIgLS1tZXRyaWMtbmFtZSAiQ1BVVXRpbGl6YXRpb24iIC0tYWxhcm0tZGVzY3JpcHRpb24gIldhcm5pbmc6IENQVSBVdGlsaXphdGlvbiBpcyBhYm92ZSA5MCUiIC0tbmFtZXNwYWNlIEFXUy9FQzIgLS1zdGF0aXN0aWMgQXZlcmFnZSAtLXBlcmlvZCA2MCAtLXRocmVzaG9sZCA5MCAtLWNvbXBhcmlzb24tb3BlcmF0b3IgR3JlYXRlclRoYW5UaHJlc2hvbGQgLS1kaW1lbnNpb25zIE5hbWU9SW5zdGFuY2VJZCxWYWx1ZT0ke0lOU1RBTkNFX0lEfSAtLWV2YWx1YXRpb24tcGVyaW9kcyA1IC0tYWxhcm0tYWN0aW9ucyBhcm46YXdzOnNuczoke0FXU19SRUdJT059OiR7QVdTX0FDQ09VTlR9OnNwbHVuay1hbGFybXMgLS1yZWdpb24gJHtBV1NfUkVHSU9OfQphd3MgY2xvdWR3YXRjaCBwdXQtbWV0cmljLWFsYXJtIC0tYWxhcm0tbmFtZSAiJHtORVdfSE9TVE5BTUV9X0NQVVV0aWxpemF0aW9uX0Vycm9yXzk4IiAtLW1ldHJpYy1uYW1lICJDUFVVdGlsaXphdGlvbiIgLS1hbGFybS1kZXNjcmlwdGlvbiAiRXJyb3I6IENQVSBVdGlsaXphdGlvbiBpcyBhYm92ZSA5OCUiIC0tbmFtZXNwYWNlIEFXUy9FQzIgLS1zdGF0aXN0aWMgQXZlcmFnZSAtLXBlcmlvZCA2MCAtLXRocmVzaG9sZCA5OCAtLWNvbXBhcmlzb24tb3BlcmF0b3IgR3JlYXRlclRoYW5UaHJlc2hvbGQgLS1kaW1lbnNpb25zIE5hbWU9SW5zdGFuY2VJZCxWYWx1ZT0ke0lOU1RBTkNFX0lEfSAtLWV2YWx1YXRpb24tcGVyaW9kcyA1IC0tYWxhcm0tYWN0aW9ucyBhcm46YXdzOnNuczoke0FXU19SRUdJT059OiR7QVdTX0FDQ09VTlR9OnNwbHVuay1hbGFybXMgLS1yZWdpb24gJHtBV1NfUkVHSU9OfQoKYXdzIGNsb3Vkd2F0Y2ggcHV0LW1ldHJpYy1hbGFybSAtLWFsYXJtLW5hbWUgIiR7TkVXX0hPU1ROQU1FfV9zd2FwX3VzZWRfcGVyY2VudF9XYXJuaW5nXzc1IiAtLW1ldHJpYy1uYW1lICJzd2FwX3VzZWRfcGVyY2VudCIgLS1hbGFybS1kZXNjcmlwdGlvbiAiV2FybmluZzogU3dhcCB1c2VkIGlzIGFib3ZlIDc1JSIgLS1uYW1lc3BhY2UgQ1dBZ2VudCAtLXN0YXRpc3RpYyBBdmVyYWdlIC0tcGVyaW9kIDYwIC0tdGhyZXNob2xkIDc1IC0tY29tcGFyaXNvbi1vcGVyYXRvciBHcmVhdGVyVGhhblRocmVzaG9sZCAtLWRpbWVuc2lvbnMgTmFtZT1JbnN0YW5jZUlkLFZhbHVlPSR7SU5TVEFOQ0VfSUR9IC0tZXZhbHVhdGlvbi1wZXJpb2RzIDUgLS1hbGFybS1hY3Rpb25zIGFybjphd3M6c25zOiR7QVdTX1JFR0lPTn06JHtBV1NfQUNDT1VOVH06c3BsdW5rLWFsYXJtcyAtLXJlZ2lvbiAke0FXU19SRUdJT059CmF3cyBjbG91ZHdhdGNoIHB1dC1tZXRyaWMtYWxhcm0gLS1hbGFybS1uYW1lICIke05FV19IT1NUTkFNRX1fc3dhcF91c2VkX3BlcmNlbnRfRXJyb3JfODUiIC0tbWV0cmljLW5hbWUgInN3YXBfdXNlZF9wZXJjZW50IiAtLWFsYXJtLWRlc2NyaXB0aW9uICJFcnJvcjogU3dhcCB1c2VkIGlzIGFib3ZlIDU1JSIgLS1uYW1lc3BhY2UgQ1dBZ2VudCAtLXN0YXRpc3RpYyBBdmVyYWdlIC0tcGVyaW9kIDYwIC0tdGhyZXNob2xkIDg1IC0tY29tcGFyaXNvbi1vcGVyYXRvciBHcmVhdGVyVGhhblRocmVzaG9sZCAtLWRpbWVuc2lvbnMgTmFtZT1JbnN0YW5jZUlkLFZhbHVlPSR7SU5TVEFOQ0VfSUR9IC0tZXZhbHVhdGlvbi1wZXJpb2RzIDUgLS1hbGFybS1hY3Rpb25zIGFybjphd3M6c25zOiR7QVdTX1JFR0lPTn06JHtBV1NfQUNDT1VOVH06c3BsdW5rLWFsYXJtcyAtLXJlZ2lvbiAke0FXU19SRUdJT059CmF3cyBjbG91ZHdhdGNoIHB1dC1tZXRyaWMtYWxhcm0gLS1hbGFybS1uYW1lICIke05FV19IT1NUTkFNRX1fc3dhcF91c2VkX3BlcmNlbnRfQ3JpdGljYWxfOTUiIC0tbWV0cmljLW5hbWUgInN3YXBfdXNlZF9wZXJjZW50IiAtLWFsYXJtLWRlc2NyaXB0aW9uICJDcml0aWNhbDogU3dhcCB1c2VkIGlzIGFib3ZlIDk1JSIgLS1uYW1lc3BhY2UgQ1dBZ2VudCAtLXN0YXRpc3RpYyBBdmVyYWdlIC0tcGVyaW9kIDYwIC0tdGhyZXNob2xkIDk1IC0tY29tcGFyaXNvbi1vcGVyYXRvciBHcmVhdGVyVGhhblRocmVzaG9sZCAtLWRpbWVuc2lvbnMgTmFtZT1JbnN0YW5jZUlkLFZhbHVlPSR7SU5TVEFOQ0VfSUR9IC0tZXZhbHVhdGlvbi1wZXJpb2RzIDUgLS1hbGFybS1hY3Rpb25zIGFybjphd3M6c25zOiR7QVdTX1JFR0lPTn06JHtBV1NfQUNDT1VOVH06c3BsdW5rLWFsYXJtcyAtLXJlZ2lvbiAke0FXU19SRUdJT059CgoKaWYgWyAhIC1mICIvZXRjL3N5c3RlbWQvc3lzdGVtL1NwbHVua2Quc2VydmljZSIgXTsgdGhlbgogICAgIyBkbyBmaXJzdC10aW1lIGluaXRpYWxpemlvbi4gTm90IG5lZWRlZCBpZiBuZXcgaW5zdGFuY2UgY2FtZSBmcm9tIGEgc25hcHNob3Qgb2YgYSBydW5uaW5nIGluc3RhbmNlCgogICAgIyBDb3B5IGRvd24gaW5pdGlhbCBjb25maWcgc2NyaXB0cyBmcm9tIFMzCiAgICBhd3MgczMgc3luYyBzMzovLyR7UzNfQ09ORklHX0JVQ0tFVH0vJHtORVdfSE9TVE5BTUV9IC9vcHQvc3BsdW5rCgogICAgIyBzZXQgZGVwbG95bWVudCBjbGllbnQgbmFtZQogICAgY2F0ID4+IC9vcHQvc3BsdW5rL2V0Yy9zeXN0ZW0vbG9jYWwvZGVwbG95bWVudGNsaWVudC5jb25mIDw8IEVPRgpbZGVwbG95bWVudC1jbGllbnRdCmNsaWVudE5hbWUgPSAke05FV19IT1NUTkFNRX0KRU9GCiAgICAKICAgICMgRmluYWwgY2hvd24gdG8gZW5zdXJlIFNwbHVuayBvd25zIGV2ZXJ5dGhpbmcKICAgIHN1ZG8gY2hvd24gLVIgc3BsdW5rOnNwbHVuayAvb3B0L3NwbHVuawoKICAgICMgU2V0IHVsaW1pdHMgZm9yIFNwbHVua2Qgc2VydmljZQogICAgbWtkaXIgLXAgL2V0Yy9zeXN0ZW1kL3N5c3RlbS9TcGx1bmtkLnNlcnZpY2UuZAogICAgY2F0ID4+IC9ldGMvc3lzdGVtZC9zeXN0ZW0vU3BsdW5rZC5zZXJ2aWNlLmQvb3ZlcnJpZGUuY29uZiA8PCBFT0YKW1NlcnZpY2VdCkxpbWl0Tk9GSUxFPTY0MDAwCkxpbWl0TlBST0M9MTYwMDAKTGltaXRGU0laRT1pbmZpbml0eQpUYXNrc01heD0xNjAwMAojIFNlbmQgJEtpbGxTaWduYWwgb25seSB0byBtYWluIChzcGx1bmtkKSBwcm9jZXNzLCBpZiBhbnkgb2YgdGhlIGNoaWxkIHByb2Nlc3NlcyBpcyBzdGlsbCBhbGl2ZSBhZnRlciAkVGltZW91dFN0b3BTZWMsIFNJR0tJTEwgdGhlbS4KS2lsbE1vZGU9bWl4ZWQKIyBTcGx1bmsgZG9lc24ndCBzaHV0ZG93biBncmFjZWZ1bGx5IG9uIFNJR1RFUk0KS2lsbFNpZ25hbD1TSUdJTlQKIyBHaXZlIFNwbHVuayB0aW1lIHRvIHNodXRkb3duIC0gZXNwZWNpYWxseSBidXN5IGluZGV4ZXJzIGNhbiB0YWtlIHRpbWUKVGltZW91dFN0b3BTZWM9MTBtaW4KRU9GCgogICAgIyBTZXQgU3BsdW5rIHRvIHN0YXJ0IGF0IGJvb3QKICAgIC9vcHQvc3BsdW5rL2Jpbi9zcGx1bmsgZW5hYmxlIGJvb3Qtc3RhcnQgLXVzZXIgc3BsdW5rIC1zeXN0ZW1kLW1hbmFnZWQgMSAtLWFjY2VwdC1saWNlbnNlIC0tYW5zd2VyLXllcwoKICAgICMgU3RhcnQgdXAgc3BsdW5rIQogICAgc3lzdGVtY3RsIHN0YXJ0IFNwbHVua2QKCmZpCg==",
            "vpc_security_group_ids": [
              "sg-013a0fa89e13c2d34"
            ]
          },
          "private": "bnVsbA==",
          "dependencies": [
            "module.common.aws_iam_instance_profile.splunk-instance-profile",
            "module.common.aws_iam_role.splunk-instance-profile",
            "module.common.aws_s3_bucket.inits",
            "module.forwarder.aws_security_group.instance_sg",
            "module.forwarder.data.aws_ami.ami_source"
          ]
        }
      ]
    },
    {
      "module": "module.forwarder",
      "mode": "managed",
      "type": "aws_route53_record",
      "name": "dns_record",
      "provider": "provider[\"registry.terraform.io/hashicorp/aws\"]",
      "instances": [
        {
          "schema_version": 2,
          "attributes": {
            "alias": [
              {
                "evaluate_target_health": true,
                "name": "prod-splunk-alb-forwarder-853564518.us-east-1.elb.amazonaws.com",
                "zone_id": "Z35SXDOTRQ7X7K"
              }
            ],
            "allow_overwrite": null,
            "failover_routing_policy": [],
            "fqdn": "forwarder.splunk.<customer>home.com",
            "geolocation_routing_policy": [],
            "health_check_id": "",
            "id": "Z07522651BG4B102L9QDK_forwarder.splunk.<customer>home.com_A",
            "latency_routing_policy": [],
            "multivalue_answer_routing_policy": null,
            "name": "forwarder.splunk.<customer>home.com",
            "records": [],
            "set_identifier": "",
            "ttl": 0,
            "type": "A",
            "weighted_routing_policy": [],
            "zone_id": "Z07522651BG4B102L9QDK"
          },
          "private": "eyJzY2hlbWFfdmVyc2lvbiI6IjIifQ==",
          "dependencies": [
            "module.forwarder.aws_alb.load_balancer",
            "module.forwarder.aws_security_group.lb_sg",
            "module.forwarder.data.aws_route53_zone.public_zone"
          ]
        }
      ]
    },
    {
      "module": "module.forwarder",
      "mode": "managed",
      "type": "aws_s3_bucket_object",
      "name": "userseed",
      "provider": "provider[\"registry.terraform.io/hashicorp/aws\"]",
      "instances": [
        {
          "schema_version": 0,
          "attributes": {
            "acl": "private",
            "bucket": "prod-<customer>splunkprod-us-east-1-splunk-initial-configs",
            "cache_control": "",
            "content": "[user_info]\nUSERNAME = admin\nHASHED_PASSWORD = $6$cLaQ0TcV0eew9X.N$VjgRrGxHePbkp2Bfpc1AZFowV2feMBc598yorNsnagClESc42mQpaT55bHP/gZbkbju13WJfMOFi1S0FoP8LU0",
            "content_base64": null,
            "content_disposition": "",
            "content_encoding": "",
            "content_language": "",
            "content_type": "binary/octet-stream",
            "etag": "3f6afd2cb3361b65721b4693dd79f8a6",
            "force_destroy": false,
            "id": "splunk-forwarder/etc/system/local/user-seed.conf",
            "key": "splunk-forwarder/etc/system/local/user-seed.conf",
            "kms_key_id": null,
            "metadata": {},
            "object_lock_legal_hold_status": "",
            "object_lock_mode": "",
            "object_lock_retain_until_date": "",
            "server_side_encryption": "",
            "source": null,
            "storage_class": "STANDARD",
            "tags": {},
            "version_id": "",
            "website_redirect": ""
          },
          "private": "bnVsbA==",
          "dependencies": [
            "data.aws_secretsmanager_secret_version.admin_account",
            "module.common.aws_s3_bucket.inits"
          ]
        }
      ]
    },
    {
      "module": "module.forwarder",
      "mode": "managed",
      "type": "aws_security_group",
      "name": "instance_sg",
      "provider": "provider[\"registry.terraform.io/hashicorp/aws\"]",
      "instances": [
        {
          "schema_version": 1,
          "attributes": {
            "arn": "arn:aws:ec2:us-east-1:740749460388:security-group/sg-013a0fa89e13c2d34",
            "description": "Security group for splunk sh and forwarders instances",
            "egress": [
              {
                "cidr_blocks": [
                  "0.0.0.0/0"
                ],
                "description": "",
                "from_port": 0,
                "ipv6_cidr_blocks": [],
                "prefix_list_ids": [],
                "protocol": "-1",
                "security_groups": [],
                "self": false,
                "to_port": 0
              }
            ],
            "id": "sg-013a0fa89e13c2d34",
            "ingress": [
              {
                "cidr_blocks": [
                  "0.0.0.0/0"
                ],
                "description": "",
                "from_port": 8089,
                "ipv6_cidr_blocks": [],
                "prefix_list_ids": [],
                "protocol": "tcp",
                "security_groups": [],
                "self": false,
                "to_port": 8089
              },
              {
                "cidr_blocks": [
                  "10.1.0.0/20",
                  "10.1.16.0/20",
                  "10.1.32.0/20"
                ],
                "description": "",
                "from_port": -1,
                "ipv6_cidr_blocks": [],
                "prefix_list_ids": [],
                "protocol": "icmp",
                "security_groups": [],
                "self": false,
                "to_port": -1
              },
              {
                "cidr_blocks": [],
                "description": "",
                "from_port": 8000,
                "ipv6_cidr_blocks": [],
                "prefix_list_ids": [],
                "protocol": "tcp",
                "security_groups": [
                  "sg-0e66b6e9258f8779c"
                ],
                "self": false,
                "to_port": 8000
              }
            ],
            "name": "prod-splunk-instance-forwarder",
            "name_prefix": null,
            "owner_id": "740749460388",
            "revoke_rules_on_delete": false,
            "tags": {
              "Managed_by": "terraform",
              "Module": "splunk_sh",
              "Name": "prod-splunk-instance-forwarder",
              "application_name": "splunk",
              "created_by": "Juan Becerra",
              "environment": "prod"
            },
            "timeouts": null,
            "vpc_id": "vpc-0f9afbd827c17d71a"
          },
          "private": "eyJlMmJmYjczMC1lY2FhLTExZTYtOGY4OC0zNDM2M2JjN2M0YzAiOnsiY3JlYXRlIjo2MDAwMDAwMDAwMDAsImRlbGV0ZSI6NjAwMDAwMDAwMDAwfSwic2NoZW1hX3ZlcnNpb24iOiIxIn0=",
          "dependencies": [
            "module.forwarder.aws_security_group.lb_sg"
          ]
        }
      ]
    },
    {
      "module": "module.forwarder",
      "mode": "managed",
      "type": "aws_security_group",
      "name": "lb_sg",
      "provider": "provider[\"registry.terraform.io/hashicorp/aws\"]",
      "instances": [
        {
          "schema_version": 1,
          "attributes": {
            "arn": "arn:aws:ec2:us-east-1:740749460388:security-group/sg-0e66b6e9258f8779c",
            "description": "Security group for splunk ALBs",
            "egress": [
              {
                "cidr_blocks": [
                  "0.0.0.0/0"
                ],
                "description": "",
                "from_port": 0,
                "ipv6_cidr_blocks": [],
                "prefix_list_ids": [],
                "protocol": "-1",
                "security_groups": [],
                "self": false,
                "to_port": 0
              }
            ],
            "id": "sg-0e66b6e9258f8779c",
            "ingress": [
              {
                "cidr_blocks": [
                  "0.0.0.0/0"
                ],
                "description": "",
                "from_port": 443,
                "ipv6_cidr_blocks": [],
                "prefix_list_ids": [],
                "protocol": "tcp",
                "security_groups": [],
                "self": false,
                "to_port": 443
              },
              {
                "cidr_blocks": [
                  "0.0.0.0/0"
                ],
                "description": "",
                "from_port": 80,
                "ipv6_cidr_blocks": [],
                "prefix_list_ids": [],
                "protocol": "tcp",
                "security_groups": [],
                "self": false,
                "to_port": 80
              },
              {
                "cidr_blocks": [
                  "10.1.0.0/20",
                  "10.1.16.0/20",
                  "10.1.32.0/20"
                ],
                "description": "",
                "from_port": 8089,
                "ipv6_cidr_blocks": [],
                "prefix_list_ids": [],
                "protocol": "tcp",
                "security_groups": [],
                "self": false,
                "to_port": 8089
              }
            ],
            "name": "prod-splunk-alb-forwarder",
            "name_prefix": null,
            "owner_id": "740749460388",
            "revoke_rules_on_delete": false,
            "tags": {
              "Managed_by": "terraform",
              "Module": "splunk_sh",
              "Name": "prod-splunk-alb-forwarder",
              "application_name": "splunk",
              "created_by": "Juan Becerra",
              "environment": "prod"
            },
            "timeouts": null,
            "vpc_id": "vpc-0f9afbd827c17d71a"
          },
          "private": "eyJlMmJmYjczMC1lY2FhLTExZTYtOGY4OC0zNDM2M2JjN2M0YzAiOnsiY3JlYXRlIjo2MDAwMDAwMDAwMDAsImRlbGV0ZSI6NjAwMDAwMDAwMDAwfSwic2NoZW1hX3ZlcnNpb24iOiIxIn0="
        }
      ]
    },
    {
      "module": "module.forwarder",
      "mode": "managed",
      "type": "aws_wafv2_web_acl_association",
      "name": "load_balancer",
      "provider": "provider[\"registry.terraform.io/hashicorp/aws\"]",
      "instances": [
        {
          "schema_version": 0,
          "attributes": {
            "id": "arn:aws:wafv2:us-east-1:740749460388:regional/webacl/prod-splunk-waf-splunk/bbc8c958-ec97-4708-a740-7fa7b1956e7b,arn:aws:elasticloadbalancing:us-east-1:740749460388:loadbalancer/app/prod-splunk-alb-forwarder/09bfb0b413af0066",
            "resource_arn": "arn:aws:elasticloadbalancing:us-east-1:740749460388:loadbalancer/app/prod-splunk-alb-forwarder/09bfb0b413af0066",
            "web_acl_arn": "arn:aws:wafv2:us-east-1:740749460388:regional/webacl/prod-splunk-waf-splunk/bbc8c958-ec97-4708-a740-7fa7b1956e7b"
          },
          "private": "bnVsbA==",
          "dependencies": [
            "module.common.aws_wafv2_web_acl.waf",
            "module.forwarder.aws_alb.load_balancer",
            "module.forwarder.aws_security_group.lb_sg"
          ]
        }
      ]
    },
    {
      "module": "module.indexers",
      "mode": "data",
      "type": "aws_ami",
      "name": "ami_source",
      "provider": "provider[\"registry.terraform.io/hashicorp/aws\"]",
      "instances": [
        {
          "schema_version": 0,
          "attributes": {
            "architecture": "x86_64",
            "arn": "arn:aws:ec2:us-east-1::image/ami-0ef7c9e41403f3ed1",
            "block_device_mappings": [
              {
                "device_name": "/dev/xvda",
                "ebs": {
                  "delete_on_termination": "true",
                  "encrypted": "false",
                  "iops": "0",
                  "snapshot_id": "snap-09df861607169281c",
                  "volume_size": "100",
                  "volume_type": "gp2"
                },
                "no_device": "",
                "virtual_name": ""
              }
            ],
            "creation_date": "2020-11-05T22:36:04.000Z",
            "description": "",
            "executable_users": null,
            "filter": [
              {
                "name": "tag:Name",
                "values": [
                  "splunk-base-ami"
                ]
              }
            ],
            "hypervisor": "xen",
            "id": "ami-0ef7c9e41403f3ed1",
            "image_id": "ami-0ef7c9e41403f3ed1",
            "image_location": "740749460388/splunk-base-ami-2020-11-05-17-35",
            "image_owner_alias": null,
            "image_type": "machine",
            "kernel_id": null,
            "most_recent": true,
            "name": "splunk-base-ami-2020-11-05-17-35",
            "name_regex": null,
            "owner_id": "740749460388",
            "owners": [
              "self"
            ],
            "platform": null,
            "product_codes": [],
            "public": false,
            "ramdisk_id": null,
            "root_device_name": "/dev/xvda",
            "root_device_type": "ebs",
            "root_snapshot_id": "snap-09df861607169281c",
            "sriov_net_support": "simple",
            "state": "available",
            "state_reason": {
              "code": "UNSET",
              "message": "UNSET"
            },
            "tags": {
              "Name": "splunk-base-ami"
            },
            "virtualization_type": "hvm"
          }
        }
      ]
    },
    {
      "module": "module.indexers",
      "mode": "data",
      "type": "aws_route53_zone",
      "name": "private_zone",
      "provider": "provider[\"registry.terraform.io/hashicorp/aws\"]",
      "instances": [
        {
          "schema_version": 0,
          "attributes": {
            "caller_reference": "terraform-20201106142453677500000001",
            "comment": "Managed by Terraform",
            "id": "Z1025878278SY9EZW6LQL",
            "linked_service_description": null,
            "linked_service_principal": null,
            "name": "splunkinternal.com.",
            "name_servers": [],
            "private_zone": true,
            "resource_record_set_count": 14,
            "tags": {},
            "vpc_id": null,
            "zone_id": "Z1025878278SY9EZW6LQL"
          }
        }
      ]
    },
    {
      "module": "module.indexers",
      "mode": "data",
      "type": "aws_route53_zone",
      "name": "public_zone",
      "provider": "provider[\"registry.terraform.io/hashicorp/aws\"]",
      "instances": [
        {
          "schema_version": 0,
          "attributes": {
            "caller_reference": "4e9ee2b0-8d7d-45b1-bef2-d843fa05c63b",
            "comment": "Hosted Zone for Splunk URLs",
            "id": "Z07522651BG4B102L9QDK",
            "linked_service_description": null,
            "linked_service_principal": null,
            "name": "splunk.<customer>home.com.",
            "name_servers": [
              "ns-931.awsdns-52.net",
              "ns-153.awsdns-19.com",
              "ns-1627.awsdns-11.co.uk",
              "ns-1098.awsdns-09.org"
            ],
            "private_zone": false,
            "resource_record_set_count": 19,
            "tags": {},
            "vpc_id": null,
            "zone_id": "Z07522651BG4B102L9QDK"
          }
        }
      ]
    },
    {
      "module": "module.indexers",
      "mode": "data",
      "type": "aws_secretsmanager_secret_version",
      "name": "ssl_key",
      "provider": "provider[\"registry.terraform.io/hashicorp/aws\"]",
      "instances": [
        {
          "index_key": 0,
          "schema_version": 0,
          "attributes": {
            "arn": "arn:aws:secretsmanager:us-east-1:740749460388:secret:indexer-01.splunk.<customer>home.com.pem-ExbFFg",
            "id": "indexer-01.splunk.<customer>home.com.pem|AWSCURRENT",
            "secret_binary": "-----BEGIN CERTIFICATE-----\nMIIFbDCCBFSgAwIBAgIKF/c8cAAAAAAXNTANBgkqhkiG9w0BAQsFADBIMRMwEQYK\nCZImiZPyLGQBGRYDY29tMRswGQYKCZImiZPyLGQBGRYLY2hpY2stZmlsLWExFDAS\nBgNVBAMTC0NGQSBFSUNBIDAxMB4XDTIwMTEwMjIxMzE0OVoXDTI1MTEwMTIxMzE0\nOVowgZYxCzAJBgNVBAYTAlVTMRAwDgYDVQQIEwdHZW9yZ2lhMRAwDgYDVQQHEwdB\ndGxhbnRhMRowGAYDVQQKExFDaGljay1maWwtQSwgSW5jLjEfMB0GA1UECxMWSW5m\nb3JtYXRpb24gVGVjaG5vbG9neTEmMCQGA1UEAxMdaW5kZXhlci0wMS5zcGx1bmsu\nY2ZhaG9tZS5jb20wggEiMA0GCSqGSIb3DQEBAQUAA4IBDwAwggEKAoIBAQDX8mFg\nmhTbBy/HgecrRPXFI4FXcBOBT/PWvdxF681zZUnMu3npGpmyNAD1q6YNvF9olYVo\n05ScrevWAmwl0hZ07eDqKkG7INRNcWw/E6H5cSjDy86DMWSZWDx4XN01YnJBNuFp\nqa8be1m/AFOKris2u3047bv1aRRz+E9UOXJ5yA39PgeTI7jrJdkxAx5bZER2eXx5\nzc37KUa84H9AMb2M1db0hhw4q/BWv0j2YANwgxNfuPjHx4KxMzW7/VRI6DNmwEUV\nx5N9BwSt3eme+nXr+nBZ0s8F6iNt0c02UwLr3iWjbb7YXhccIUY25zbX4jOlA2Al\ndnAdYQGT30AbTqypAgMBAAGjggIHMIICAzAdBgNVHQ4EFgQUNVZc3NZMrDd9pkEH\nK0PYn3LnIbgwHwYDVR0jBBgwFoAUxc78uv3HogUklqX8vajqfMolZsMwPwYDVR0f\nBDgwNjA0oDKgMIYuaHR0cDovL2NybC5jZmFob21lLmNvbS9QS0kvQ0ZBJTIwRUlD\nQSUyMDAxLmNybDCCAQEGCCsGAQUFBwEBBIH0MIHxMDoGCCsGAQUFBzAChi5odHRw\nOi8vY3JsLmNmYWhvbWUuY29tL1BLSS9DRkElMjBFSUNBJTIwMDEuY3J0MIGyBggr\nBgEFBQcwAoaBpWxkYXA6Ly8vQ049Q0ZBJTIwRUlDQSUyMDAxLENOPUFJQSxDTj1Q\ndWJsaWMlMjBLZXklMjBTZXJ2aWNlcyxDTj1TZXJ2aWNlcyxDTj1Db25maWd1cmF0\naW9uLERDPWNoaWNrLWZpbC1hLERDPWNvbT9jQUNlcnRpZmljYXRlP2Jhc2U/b2Jq\nZWN0Q2xhc3M9Y2VydGlmaWNhdGlvbkF1dGhvcml0eTALBgNVHQ8EBAMCBaAwPAYJ\nKwYBBAGCNxUHBC8wLQYlKwYBBAGCNxUI1I9+g6CKGYGhmSOHvP5ShqXLemqE8O5O\ng5SNPQIBZAIBBjATBgNVHSUEDDAKBggrBgEFBQcDATAbBgkrBgEEAYI3FQoEDjAM\nMAoGCCsGAQUFBwMBMA0GCSqGSIb3DQEBCwUAA4IBAQCJmPSqePl1M12TRtcs5hOn\n1NpVoAlNe6DshL84zMt3yAHIvqltp+0nNKXwd91JEjSsUXnk/LSHX779Rl+qY3gY\nPsrZ2+zxZuaCH/l+xHiafTedl7M0Gdef41ZXcQdBHmSGQ08dVWZCiMNOWyJeU3c2\nVLH/knHLr6CsczEj9SARkdt/aMJ4N8nkUzjYPgonHNJuHSntTGDieNHRdKzWlZ3B\nj/SWm9BX0ZdNhCVhtsoDeBaVUY5nuvlfMmLxJPr+d7/cdEQ+jw9wlD7DTUEJaRnW\n0aEo+Bnq87T7wDRO8Tf7Ci9aehGwIhziBEnvxw6FxPAEM3FLfJdAhYCYlry6tDXr\n-----END CERTIFICATE-----\n-----BEGIN RSA PRIVATE KEY-----\nProc-Type: 4,ENCRYPTED\nDEK-Info: DES-EDE3-CBC,4EE02B0AFFCBBAD7\n\nPcwT3qEhkDTcnuymQ6jtJoZ7O7XIPU+MFWScP3n90uwZAQ9a2PRaqIV9EeI0UvZ3\nJO+45CIw2X3zN+fXYYhuHqzstmx3hFY0oodXiDEq9afkUvQE7UnX3vgHM3i3REGw\ny48cCFyjIT4kXd6zb5MvLTdsa2cRz1F/fhkEN8uYnxbnKYLIL5yIAFlwl8Q2UgkE\n1kQw4thYTpc6cUObK3icy4tx1mIoJgd1Gq8VhX60S9tkK/DpSrzS/sdP9KmIcZpC\nYhncje6AwOJPOwTBCqgt3SeHVdcO7OIvWJu5RzxevxsLDfYJAs8hsNF0mQ1Mu7X5\nnAPdd6vWlAQ44OzEsYYJSEGzazaifoZVFOv5mNi6MFgBEVl7xU+ElW4kfUhkalfL\nDZcR7xAOj3JMyYQgTp6gf0Ogsm3wnkb8upLzHryhPCu0hZaaFxVZGmPuW1Wjy+/p\nEtVCfeFQL3BbTv8FtcriFKB2keVL2e2pOb0tftX4eK/gvDBIqpQVJiNzlxZuCaAT\nEZbXoJLl6zGBzlmBYiYMWh5YgDZdzj2JrbupA7Dq18l3pdS7fPeUAjw6pH1zoeI5\n/JHdxzzBeVhkLVhgFbnuRdeoJpZVNupAF6QEMKdrd3Yfzj8xSJ+ugnFJO/9/Hp2I\nopytcagR/w75eoI89TELw9BAuqxGxE5/eHBvR/H/xPH38QJmz0+donUF8oAQf280\n+GxmGu9Id/GE37WA6n1L3izPZAbUF7R8xU5EDa2AsienuN4QPijJTasZiET2Q0WD\n3oXcKVHhk1m8qqeTrW9tZJLM/bBhvaNXhiTpzNtPz5jwZhLu5HTdazzFfjiHqcJF\n3WtgB1lfLiA58tw8eAqZDVjEd26aIE+7fI7AbsNQ3bLuymwdg3mmy8wzZwvPAD/k\nDd6oS6EqRGch/eXcM/nwK1Cuam8ISu9B1J246mJuW13UWdkYC0w59d2QQnzbII67\nHcmNaxhaoDmEF1SCBJ7MdUTl8fJoFxTCSrGAHVgEw96ZRtJaECxLG/rXgkuB5sP3\narspkZ6LyT06e10Uc1eLFqFkgu5G2lSwnfA7vs5bOxxW8iYEJwV5gRczRaZEQs+o\nObO27mLzsdEkJixf8jzX5O/3wGZSQUNfhvuptXXPnCyt51j10m40KAE6cZvXYJG+\nw1WXlTm0GjDZclEZBNvgyww7Eh5QlcUeiZ0wND3Xf/46y98J66dFxdCRISS5ffbG\nNxpJtKTJG+2IDSFfGPn5da/H/rvrYvrlq64mxncUMAw8U3KRkM/1sljjrNh3AtH3\nsdW/pvo2vqOSlqo7MPkAf1nAwLBXqPFkGtiGzfZEhbXNYGPonbLFNNiKD6ouLRk9\nS7qcYds2IAcPsJV2N3Gfas3WkDc8E6s7FBK7bHOs6uvbCfHOdmL0iiYj/VZ32Sfl\np99azEL6Ify5PNy8lvfKOC0hNTHd8vPiRjYqdEXQbsNDFYiL0oy/ekPL/1kBnYmT\nU3Rc9k/opy2ZbxyOVdsC7mkc4WP1Iynzp4DV2byOF+zygRHQmpn5rnnBDpBdLc+v\nBvuyUYnbnxBY8iJQ+0aiAC+DFwfm0zhKCF8yT8im/Wkm35XSWFvA8tKAMCSLHjx4\n-----END RSA PRIVATE KEY-----\n-----BEGIN CERTIFICATE-----\nMIID/TCCAuWgAwIBAgIKEiM3xAAAAAAAAzANBgkqhkiG9w0BAQsFADAVMRMwEQYD\nVQQDEwpDRkEgT1JDQSAxMB4XDTE1MDkwOTE3MDgyNloXDTMxMDkwOTE3MTgyNlow\nSDETMBEGCgmSJomT8ixkARkWA2NvbTEbMBkGCgmSJomT8ixkARkWC2NoaWNrLWZp\nbC1hMRQwEgYDVQQDEwtDRkEgRUlDQSAwMTCCASIwDQYJKoZIhvcNAQEBBQADggEP\nADCCAQoCggEBAL3k3o0/F6/5+wzVQAS8C4A1Mzr+B8aYI+Bvr6aqgXS2oVtVLEHH\nfJc3ax+6uqDxG5/9n41CIkQiCDexri+BGyeI2PoUZNFhQj4aKqYUTJ8CAwZ/ovEk\nLhqPijK4fKeJJ9OWbKTUxtC9sJkH6C3Z7DzegWQRnDxi4SiC+HD2lG5xISdtJEfH\ngf13xMVFveKYsqEfL06Uh4S9aBAcx2aMBHoc2jDBEJM2gdIvxroA9sGtxIsoDAmg\nA2DJ0LP3DcCQoBhLrskTDR7llWtqQAO05ph6+QRfxCsSclNhB/2lXJ0GlORNSXun\nqpUZvYafK6pACZ93zZnMgteb9orqDYB+eQ0CAwEAAaOCARowggEWMBAGCSsGAQQB\ngjcVAQQDAgEAMB0GA1UdDgQWBBTFzvy6/ceiBSSWpfy9qOp8yiVmwzAZBgkrBgEE\nAYI3FAIEDB4KAFMAdQBiAEMAQTALBgNVHQ8EBAMCAYYwDwYDVR0TAQH/BAUwAwEB\n/zAfBgNVHSMEGDAWgBRb5eDPvUJjVLjhYnWq8/E21tSGEDA+BgNVHR8ENzA1MDOg\nMaAvhi1odHRwOi8vY3JsLmNmYWhvbWUuY29tL1BLSS9DRkElMjBPUkNBJTIwMS5j\ncmwwSQYIKwYBBQUHAQEEPTA7MDkGCCsGAQUFBzAChi1odHRwOi8vY3JsLmNmYWhv\nbWUuY29tL1BLSS9DRkElMjBPUkNBJTIwMS5jcnQwDQYJKoZIhvcNAQELBQADggEB\nADe2z2S3BTGqRWTyIJ5/6a9c73Ux37uzfIGSq5uBf3xG2KcUNcMQ9DUVZXSQPIp4\n2u0HIUqyYracqBsMiQbXI2DIq96TqysH6lhy/VoPvTHlICrE5U63bjNz5rP/DaLY\nTzwfAnvnAtUUnRDWO/Xv6pONcqK7Pm+Q56TA1l6wgysCWgtGBSLcWo5CwdIuoNsy\n7X4/Z1MFaCUhSMS4IdCheyxrEIkH+hkXI2ybMKLXTZvPZ8NBfCjWPmYEwxnJwVEg\nttGdOMpu3da3k5nXlNj6mMzt4XTg/cHv0tmxUP0TZPm4q9x7pjvPYYJCazhGAKgn\n883hsUQG3nUHEvOOJChU8/Q=\n-----END CERTIFICATE-----\n\n-----BEGIN CERTIFICATE-----\nMIIDBTCCAe2gAwIBAgIQVDC1fdpAlbJBj1ZRd9SVBTANBgkqhkiG9w0BAQsFADAV\nMRMwEQYDVQQDEwpDRkEgT1JDQSAxMB4XDTE1MDkwOTEzNTUzMFoXDTQ3MDkwOTE0\nMDUyOVowFTETMBEGA1UEAxMKQ0ZBIE9SQ0EgMTCCASIwDQYJKoZIhvcNAQEBBQAD\nggEPADCCAQoCggEBAJRh0BrZ7vr4ua5UCvRFyVdVWhE4UKIlMle6vMn4gY4926ZK\nRx+WO7YTteVTC9SWAJkUL5iU5qkeAtp3xC5waTlK/qzb8tqRW5vPh4MteSS3PW0A\ncZ4Gpd419d8f4LWKwWFUKID48FofUWiDzUJjUXUTKH3zLF6Yso885Q+GPRfFZNtJ\nzhcQhxsdabFCwn8POFNPn+EeLoJS45btHPv9fAhsEPUDSsPVUTLJmCIv1QjOa85d\nFbJoX03wrJicZdGbo/WiQGD4eVd/CzCSpeDtatTRANsIcF4zz+CDhVHpVY2Q2Uq1\ndPP2w7wjpe3pbcTioEJmwRjjtiQnOVkz00eHBZ0CAwEAAaNRME8wCwYDVR0PBAQD\nAgGGMA8GA1UdEwEB/wQFMAMBAf8wHQYDVR0OBBYEFFvl4M+9QmNUuOFidarz8TbW\n1IYQMBAGCSsGAQQBgjcVAQQDAgEAMA0GCSqGSIb3DQEBCwUAA4IBAQBsOhco7uDJ\nseIfeuFgRRuI6evKyCMwwYcJkuWlEPV7HFOJ32BJnpvlloCfuqkBHoWHYecJozIb\nJkLihhhsnb+GvPvc0GIu7/uDX00T8BMB7TndLsCzGLttW07OpdcNkn/pM7uRJPQT\nm53Ld43KlTaO8lLxxAevfwX0HbI0roS0EyOtGXFs6SbIV8NopRw5JAn6wxWa9LQs\ngTvBVckx9JrUbGEiQNyosaTCYTR/4BBujS/REgNsAaJPRJhsQEN87pRrNK8WUGWX\nDDMsnJaUk+0/g1Z81xC4eVsOWqLlm2I2nZuL+TD/c5opGom6cIfmV9cKqE/bIf5P\nRsvz2HuFoGUe\n-----END CERTIFICATE-----\n\n",
            "secret_id": "indexer-01.splunk.<customer>home.com.pem",
            "secret_string": "",
            "version_id": "798e07ff-187d-4fdd-849a-3a6f704b80a4",
            "version_stage": "AWSCURRENT",
            "version_stages": [
              "AWSCURRENT"
            ]
          }
        },
        {
          "index_key": 1,
          "schema_version": 0,
          "attributes": {
            "arn": "arn:aws:secretsmanager:us-east-1:740749460388:secret:indexer-02.splunk.<customer>home.com.pem-ow7ulz",
            "id": "indexer-02.splunk.<customer>home.com.pem|AWSCURRENT",
            "secret_binary": "-----BEGIN CERTIFICATE-----\nMIIFbDCCBFSgAwIBAgIKF/g2/QAAAAAXNjANBgkqhkiG9w0BAQsFADBIMRMwEQYK\nCZImiZPyLGQBGRYDY29tMRswGQYKCZImiZPyLGQBGRYLY2hpY2stZmlsLWExFDAS\nBgNVBAMTC0NGQSBFSUNBIDAxMB4XDTIwMTEwMjIxMzI1M1oXDTI1MTEwMTIxMzI1\nM1owgZYxCzAJBgNVBAYTAlVTMRAwDgYDVQQIEwdHZW9yZ2lhMRAwDgYDVQQHEwdB\ndGxhbnRhMRowGAYDVQQKExFDaGljay1maWwtQSwgSW5jLjEfMB0GA1UECxMWSW5m\nb3JtYXRpb24gVGVjaG5vbG9neTEmMCQGA1UEAxMdaW5kZXhlci0wMi5zcGx1bmsu\nY2ZhaG9tZS5jb20wggEiMA0GCSqGSIb3DQEBAQUAA4IBDwAwggEKAoIBAQCuVGFP\nnMnAegWGQqTRXKQcAUq01CHQf2BMuNNN0KmdiGrsm4vSKc54GOLDngXkqQdiPMu+\nRkxfyHuunfTj6FWrnGAqdlB7lyf7MApeuoeOVFug8B+vP+TQNYoxXw/TpBeEqc45\nnXMKq64oOyNDSRWnvdbT3iumBHSj9dJgzG224vrN/5JyZ39aZYlmE6BjdTpgXz0x\nJbkqpKt3K0mfEiD2pr0oMGixmFwvhaz5wAOdx+EpLBW3UzxY2LWMLTzIDKsMdjJu\n2iSAUFdV4Ahh50N8OLm6QVKDmSwNuZ+9ZNe93l4UYo5DXKV0XhqupGJSRU/qaBTi\nanT/weu5vVGdwYfHAgMBAAGjggIHMIICAzAdBgNVHQ4EFgQUC+VfBPwF4EOILBvE\n6FNDnI+o/F8wHwYDVR0jBBgwFoAUxc78uv3HogUklqX8vajqfMolZsMwPwYDVR0f\nBDgwNjA0oDKgMIYuaHR0cDovL2NybC5jZmFob21lLmNvbS9QS0kvQ0ZBJTIwRUlD\nQSUyMDAxLmNybDCCAQEGCCsGAQUFBwEBBIH0MIHxMDoGCCsGAQUFBzAChi5odHRw\nOi8vY3JsLmNmYWhvbWUuY29tL1BLSS9DRkElMjBFSUNBJTIwMDEuY3J0MIGyBggr\nBgEFBQcwAoaBpWxkYXA6Ly8vQ049Q0ZBJTIwRUlDQSUyMDAxLENOPUFJQSxDTj1Q\ndWJsaWMlMjBLZXklMjBTZXJ2aWNlcyxDTj1TZXJ2aWNlcyxDTj1Db25maWd1cmF0\naW9uLERDPWNoaWNrLWZpbC1hLERDPWNvbT9jQUNlcnRpZmljYXRlP2Jhc2U/b2Jq\nZWN0Q2xhc3M9Y2VydGlmaWNhdGlvbkF1dGhvcml0eTALBgNVHQ8EBAMCBaAwPAYJ\nKwYBBAGCNxUHBC8wLQYlKwYBBAGCNxUI1I9+g6CKGYGhmSOHvP5ShqXLemqE8O5O\ng5SNPQIBZAIBBjATBgNVHSUEDDAKBggrBgEFBQcDATAbBgkrBgEEAYI3FQoEDjAM\nMAoGCCsGAQUFBwMBMA0GCSqGSIb3DQEBCwUAA4IBAQAenOaewUJfFV9yIlWONdds\nU6xoGGUBKPNpeJwdMWD9vUWm1ogoWVVhLkQc1ao213LAsXiKT4RasIK6b90bVQhc\niPyhcZAlsGrxIXenkTHbkAzZ7x7JQDWFteAgfNltv11sk+HWteHclJm/6MK2mNdo\n1wdG2kMNfHNvmk+5hmLGrRLcEsITGtfMs8VVzzKR6v2L0jgIfRgMu/7eqd4ZXFQL\nkuOhqS2S5ZowcIQgugo2Pv0QE9Zw9XLU5jLsLODJGJEUCmzhsMUT9M2LHiT/5Cvd\nKq5xtfCgrG80cfYQNEk6cFuKh/ccLh+MxN3hBfKLJJqCo6uFzX4JlBEUdC9FtE/+\n-----END CERTIFICATE-----\n-----BEGIN RSA PRIVATE KEY-----\nProc-Type: 4,ENCRYPTED\nDEK-Info: DES-EDE3-CBC,910E9CEBFE59D7C6\n\nMtUD2dNvqQfX01MvbptpOOvC9NoCcJSGnZjuujaq2K71GjZNTX7YGOmo1Ekl6Y/p\n8rQGO8uYawdOEzVBV+dPvSJb4lXcPGiEhIlljkuoh6RiK5T92evBH50sGzSKuqBE\nAxht0iYnMo26rntiB9w8miZ2OUgwXkNximrs4sir42X4ScLumYuSYcFEiOB5w5D2\nmXgISk6QavakWl35MSU6JKliQrubRa7Xwv5r3x7fnqFr+xDRxZjdr8Xk0s8glmnR\nui/KeFkH7B6Q5APQQVpZtAiU6+MzCbkKX4BvMBZB527S3Kqi7Gelz19ZSXFH0iSH\nu0Hpet4DWJh9CMsJSnv3L3Tq9PCg8mzAYMKjLWBnKNffJdmpyc8iESMB3OBldfU9\nM5yDFaJE1FpiZuPjVv4mJlAkasr90svhEnk2xnncuVCqPIO05CVDos0XX8omB2oJ\nhw47uZNYwbLDZXVGsI9N057+h/uZFnuvflbr3h5IXjN1eFlpoFXcnppWrgmiP6R1\nwOR9IOtTM4/yIJ1TW3dI3EfQ9oo5IBihTa4CQwSUH40uCierap+RB5XLpvqH4Ycb\nsitel0ZbrxaC4ocdAOJu7HIhYN0+O8WpLh2WWELLwgzwaLD5/0iMtOEu56XlFQto\nEzCi4h2iVir0owYXsDvjDt/d+Hf/EDRUr+65CedyIDM0Q3vxwCf0Q1UIcyURsJ88\nCBl2mRSRHcia1g+YlciCVP9ZT5IhOW2VVmjjOpuj+lD3UlfH6TX53LHnubqHSba8\nhSXGYmpM/ouVpZPHFNj9JdSi1nCfT4SJ3hRWUAYbK3+IC/ZGj/R83KqXFs7rGJdD\nUVDKPZJ4X0XbRANwfr9lOVXK9ekwNphacsTcSBM42CwQADdVRmmbMoyc1VhPHw2L\nvVbtIFO9qxZFrajBFrULkitHKWY1DT/QT+mPE30lAi5JBh1RZ1dJ2PwH9XIJ3ezw\nQoK0gx3Fp0AumF7aFZHbiU54GfzNuzTyBFwamfK6dDFL6ilxSAsVx1rXHsaxfZ8/\ntWDP914aoRZgmlUX2iKk0Sx5xcASgQ+mZJfJhlglibIX9bedvClRnJmag4l8DSQl\nvCMxgIYsxbMS6HZILoeCBxxe6Tn/oWz/uFijvDKM3B1Abcp173ytm/aFyQp89xbG\nPdmFehYtWNx/l2wNAmK32SrG/MHkP3+ZrfaMGnMspGZZyi6zMHw1obYLB5PFOUuh\n00WJznNzIYD1wnSvcgQkTic8hbOpDt5XVFqVSTSCmy0pWzSDu7hdFnCuZpib3glx\n2O8LHQTAQoN+4ZgapRAVppOyAfSKKwHdtoqBB9D7Hg5o9lcUVy+KnGw3H3YV6DEO\nwCAnGuN4ceuX9BYS1qOOk5CTgZ7pRmz4W41pPnSA+cuCb6OxGS1Qu46nw3yC8hU3\nfzRZ4xp/lf1/HxU3OhezgHZP4GuPS2R4AyH8MFqpasRPafDzmwElniBP6SoyrC/Y\nVtBNzAyMuVpLCE93/hYLv9CFLfKWuG5LWXYLgOApdzIe5NhrQji7F40NEog84pLS\nMagImCbhwF3ARZdCTpxSbROPD9XB/W+uRDas9IvU7e8rQqtB+XsNeefX0IU3OZhn\n-----END RSA PRIVATE KEY-----\n-----BEGIN CERTIFICATE-----\nMIID/TCCAuWgAwIBAgIKEiM3xAAAAAAAAzANBgkqhkiG9w0BAQsFADAVMRMwEQYD\nVQQDEwpDRkEgT1JDQSAxMB4XDTE1MDkwOTE3MDgyNloXDTMxMDkwOTE3MTgyNlow\nSDETMBEGCgmSJomT8ixkARkWA2NvbTEbMBkGCgmSJomT8ixkARkWC2NoaWNrLWZp\nbC1hMRQwEgYDVQQDEwtDRkEgRUlDQSAwMTCCASIwDQYJKoZIhvcNAQEBBQADggEP\nADCCAQoCggEBAL3k3o0/F6/5+wzVQAS8C4A1Mzr+B8aYI+Bvr6aqgXS2oVtVLEHH\nfJc3ax+6uqDxG5/9n41CIkQiCDexri+BGyeI2PoUZNFhQj4aKqYUTJ8CAwZ/ovEk\nLhqPijK4fKeJJ9OWbKTUxtC9sJkH6C3Z7DzegWQRnDxi4SiC+HD2lG5xISdtJEfH\ngf13xMVFveKYsqEfL06Uh4S9aBAcx2aMBHoc2jDBEJM2gdIvxroA9sGtxIsoDAmg\nA2DJ0LP3DcCQoBhLrskTDR7llWtqQAO05ph6+QRfxCsSclNhB/2lXJ0GlORNSXun\nqpUZvYafK6pACZ93zZnMgteb9orqDYB+eQ0CAwEAAaOCARowggEWMBAGCSsGAQQB\ngjcVAQQDAgEAMB0GA1UdDgQWBBTFzvy6/ceiBSSWpfy9qOp8yiVmwzAZBgkrBgEE\nAYI3FAIEDB4KAFMAdQBiAEMAQTALBgNVHQ8EBAMCAYYwDwYDVR0TAQH/BAUwAwEB\n/zAfBgNVHSMEGDAWgBRb5eDPvUJjVLjhYnWq8/E21tSGEDA+BgNVHR8ENzA1MDOg\nMaAvhi1odHRwOi8vY3JsLmNmYWhvbWUuY29tL1BLSS9DRkElMjBPUkNBJTIwMS5j\ncmwwSQYIKwYBBQUHAQEEPTA7MDkGCCsGAQUFBzAChi1odHRwOi8vY3JsLmNmYWhv\nbWUuY29tL1BLSS9DRkElMjBPUkNBJTIwMS5jcnQwDQYJKoZIhvcNAQELBQADggEB\nADe2z2S3BTGqRWTyIJ5/6a9c73Ux37uzfIGSq5uBf3xG2KcUNcMQ9DUVZXSQPIp4\n2u0HIUqyYracqBsMiQbXI2DIq96TqysH6lhy/VoPvTHlICrE5U63bjNz5rP/DaLY\nTzwfAnvnAtUUnRDWO/Xv6pONcqK7Pm+Q56TA1l6wgysCWgtGBSLcWo5CwdIuoNsy\n7X4/Z1MFaCUhSMS4IdCheyxrEIkH+hkXI2ybMKLXTZvPZ8NBfCjWPmYEwxnJwVEg\nttGdOMpu3da3k5nXlNj6mMzt4XTg/cHv0tmxUP0TZPm4q9x7pjvPYYJCazhGAKgn\n883hsUQG3nUHEvOOJChU8/Q=\n-----END CERTIFICATE-----\n\n-----BEGIN CERTIFICATE-----\nMIIDBTCCAe2gAwIBAgIQVDC1fdpAlbJBj1ZRd9SVBTANBgkqhkiG9w0BAQsFADAV\nMRMwEQYDVQQDEwpDRkEgT1JDQSAxMB4XDTE1MDkwOTEzNTUzMFoXDTQ3MDkwOTE0\nMDUyOVowFTETMBEGA1UEAxMKQ0ZBIE9SQ0EgMTCCASIwDQYJKoZIhvcNAQEBBQAD\nggEPADCCAQoCggEBAJRh0BrZ7vr4ua5UCvRFyVdVWhE4UKIlMle6vMn4gY4926ZK\nRx+WO7YTteVTC9SWAJkUL5iU5qkeAtp3xC5waTlK/qzb8tqRW5vPh4MteSS3PW0A\ncZ4Gpd419d8f4LWKwWFUKID48FofUWiDzUJjUXUTKH3zLF6Yso885Q+GPRfFZNtJ\nzhcQhxsdabFCwn8POFNPn+EeLoJS45btHPv9fAhsEPUDSsPVUTLJmCIv1QjOa85d\nFbJoX03wrJicZdGbo/WiQGD4eVd/CzCSpeDtatTRANsIcF4zz+CDhVHpVY2Q2Uq1\ndPP2w7wjpe3pbcTioEJmwRjjtiQnOVkz00eHBZ0CAwEAAaNRME8wCwYDVR0PBAQD\nAgGGMA8GA1UdEwEB/wQFMAMBAf8wHQYDVR0OBBYEFFvl4M+9QmNUuOFidarz8TbW\n1IYQMBAGCSsGAQQBgjcVAQQDAgEAMA0GCSqGSIb3DQEBCwUAA4IBAQBsOhco7uDJ\nseIfeuFgRRuI6evKyCMwwYcJkuWlEPV7HFOJ32BJnpvlloCfuqkBHoWHYecJozIb\nJkLihhhsnb+GvPvc0GIu7/uDX00T8BMB7TndLsCzGLttW07OpdcNkn/pM7uRJPQT\nm53Ld43KlTaO8lLxxAevfwX0HbI0roS0EyOtGXFs6SbIV8NopRw5JAn6wxWa9LQs\ngTvBVckx9JrUbGEiQNyosaTCYTR/4BBujS/REgNsAaJPRJhsQEN87pRrNK8WUGWX\nDDMsnJaUk+0/g1Z81xC4eVsOWqLlm2I2nZuL+TD/c5opGom6cIfmV9cKqE/bIf5P\nRsvz2HuFoGUe\n-----END CERTIFICATE-----\n\n",
            "secret_id": "indexer-02.splunk.<customer>home.com.pem",
            "secret_string": "",
            "version_id": "67ce4ad9-2968-4862-8096-363eb66d25ef",
            "version_stage": "AWSCURRENT",
            "version_stages": [
              "AWSCURRENT"
            ]
          }
        },
        {
          "index_key": 2,
          "schema_version": 0,
          "attributes": {
            "arn": "arn:aws:secretsmanager:us-east-1:740749460388:secret:indexer-03.splunk.<customer>home.com.pem-3xkNQt",
            "id": "indexer-03.splunk.<customer>home.com.pem|AWSCURRENT",
            "secret_binary": "-----BEGIN CERTIFICATE-----\nMIIFbDCCBFSgAwIBAgIKF/n1pAAAAAAXNzANBgkqhkiG9w0BAQsFADBIMRMwEQYK\nCZImiZPyLGQBGRYDY29tMRswGQYKCZImiZPyLGQBGRYLY2hpY2stZmlsLWExFDAS\nBgNVBAMTC0NGQSBFSUNBIDAxMB4XDTIwMTEwMjIxMzQ0OFoXDTI1MTEwMTIxMzQ0\nOFowgZYxCzAJBgNVBAYTAlVTMRAwDgYDVQQIEwdHZW9yZ2lhMRAwDgYDVQQHEwdB\ndGxhbnRhMRowGAYDVQQKExFDaGljay1maWwtQSwgSW5jLjEfMB0GA1UECxMWSW5m\nb3JtYXRpb24gVGVjaG5vbG9neTEmMCQGA1UEAxMdaW5kZXhlci0wMy5zcGx1bmsu\nY2ZhaG9tZS5jb20wggEiMA0GCSqGSIb3DQEBAQUAA4IBDwAwggEKAoIBAQCeeCTc\nd4xMsmwpZf1JaB46fnZU9nDsDGb3qWAOyTYgqiuFRqnW9Gk0Tc9+HO2a0lm/VVuJ\nUTTlFsPB6Ur6HMhJ5fZbMYXRqtMS69Jh9CrwNTO9tBQS9G7b+NJmsY5x/n1yFLYu\nbqkp/DUQn4766MoNTyqIX0rjNFPbeI9KxHM2wcpJMVul6W6u/ybuEMj4Wx4f7BOo\ny1T2MnZHDWehjwwCvbXA5//DEtgJp+Gq6sJviGvwxy9qtOaRV/lLz/Y10aZpAi7x\nwfWzDHI+u3tE7wk9BTBOPWYCd7oD8PBm/MnmVg3bhWyzcrIEMcHZMxzPrppRxrn2\npaXWKM/5wGANhGDTAgMBAAGjggIHMIICAzAdBgNVHQ4EFgQUHMpmv2oeNhMx5U1e\ngukgwn2EeoswHwYDVR0jBBgwFoAUxc78uv3HogUklqX8vajqfMolZsMwPwYDVR0f\nBDgwNjA0oDKgMIYuaHR0cDovL2NybC5jZmFob21lLmNvbS9QS0kvQ0ZBJTIwRUlD\nQSUyMDAxLmNybDCCAQEGCCsGAQUFBwEBBIH0MIHxMDoGCCsGAQUFBzAChi5odHRw\nOi8vY3JsLmNmYWhvbWUuY29tL1BLSS9DRkElMjBFSUNBJTIwMDEuY3J0MIGyBggr\nBgEFBQcwAoaBpWxkYXA6Ly8vQ049Q0ZBJTIwRUlDQSUyMDAxLENOPUFJQSxDTj1Q\ndWJsaWMlMjBLZXklMjBTZXJ2aWNlcyxDTj1TZXJ2aWNlcyxDTj1Db25maWd1cmF0\naW9uLERDPWNoaWNrLWZpbC1hLERDPWNvbT9jQUNlcnRpZmljYXRlP2Jhc2U/b2Jq\nZWN0Q2xhc3M9Y2VydGlmaWNhdGlvbkF1dGhvcml0eTALBgNVHQ8EBAMCBaAwPAYJ\nKwYBBAGCNxUHBC8wLQYlKwYBBAGCNxUI1I9+g6CKGYGhmSOHvP5ShqXLemqE8O5O\ng5SNPQIBZAIBBjATBgNVHSUEDDAKBggrBgEFBQcDATAbBgkrBgEEAYI3FQoEDjAM\nMAoGCCsGAQUFBwMBMA0GCSqGSIb3DQEBCwUAA4IBAQB099M7k9BLJ4cLrqDfbbhe\nSEMWT88hIhuwPTnt1h1SCDstEW27G2xgZG2Tb0yiI3AiITW6PnZjvTelKFNO4xVN\n7lxBOISA5UdhHUUPr1svRxoT+zvRJ8cAT0Zkv6dR77Fqi44glb0FAi4JY5lfWC8u\n7ZlIjbySQ/g628GKX/gAKAc7pXEodvFs2PVH+FhT5DSgvuYsCj26R0Ev8ggj1XzH\nxfljW85lwN8LxDb+0X0/ZXCuH8+M6wEiEVhUh9wtVYem9pPRai+N5fzSbY5vVycP\nWk/h+/zYSSMRujyU6o53oBM15tNpy0jNjD98j5b0VSr3N/wp/HtVRKTTzxZzOWRW\n-----END CERTIFICATE-----\n-----BEGIN RSA PRIVATE KEY-----\nProc-Type: 4,ENCRYPTED\nDEK-Info: DES-EDE3-CBC,642AA5624AC98F18\n\n91h7T0EQywjBL8owGxZVpA7wT+RUL4ldD/P26PsZ14KT7ZO/eqQquc7FpuEa1lKB\nHK58NtRpCX9NcGIYXhjVLGDlTEvWKanlvhexYPIuOLhO5efMQPk0KyaMxWFISoUo\nzaM+H6BTRZt4cQ3ikHJXKzp6189nK+xYUdWNENnTjH9KVlEFUxTAKXG37WW0491L\nDfi1AQhqjS43XvVQBXjFnk8BNyqu9zr6XcSeTH0Ia7I46K9cTztQZcFrLB5itCaG\nlH110MZs+ViReylkQs8fgIvIwIMxNTAXmOp+GX/rvJXAOIwjqkvf36hJR2bdg63n\nxkcYhm7+fn9+G4/GVQ7ba5mJ3P1LOiz5ZhOemTV/06cBzUTdh0G9tYnGz1fDrA3F\n+FsQuUM3l45Fz/RuEjdj3uUj3vTqUW/ZAEiH3Rsx7CG4bGSbx27BbmPoCwU2wq6a\niAWbvolZSBAmWqlMryBGh9m18z2RwGHt0O63xocsNm7+9BaeAVwddinbkKrKs1Xj\nA9bHoQyCIHUN4FSgbzm34E1hYWAQLZfPlkU5yYyh2q2CYSyhCU0FHBobPx3V7iKv\nVLdxQrTfH/O0m4sOuTbtvyspdmqy111dm4yFFm6vsPbOYQwjPb1EN8zxIedx9lo5\nGpAwHFOOttsMarSmarjNqvL+8rmiZJg/Jkda+4e2YkTeRUCkcoUdcg0NKJVRa2ft\nKKTN34Xf8haAqyVp9se6NQKUSIHZsfHIcKYjei4bC7XhrLrBGVSAuk0ujIzVAxae\ngnWPWYBpnOxDHzsPBEUCZZw8Ppw/Kc1t2mkbxBz+ldFU4eqz9uvsTY+4B1almRg3\nPzCcMJRiLzqRu+IrBj6XWiLvDWKlrmDIB45tTHfj6Wu+Y3M11QtErbyKnCP7xpZd\nM8n4lLCNiySWcdkMrGIWJu5Z4SSa1b4Kxg77vKhfrR8CPLmIwhmRUZjm9AbmxgLV\nKLeRZoG/0y484AMJYaXW/I4sTBh6s6EmR4TVaHbhZeg+WtbrfwD+26g3CCVkw51+\niyzbQ9fgqDrQV5A92KWFDvb67rUjC6RGvpLI6pV2yHOEIlh7gMgFv7FG6zNURk6N\nhm6F7w/JrUcg+gvHczic6vpNOoqrQ4HQAlXmsU81jao+6eOG3o7SrmNmUdDv8yan\nMhrng3xPURjK3VNKyYTd4x7w5kyy1+f6zCr5gUltj4uJvKJ9oXDkcQJwprm5vy3U\n8XNx548daKxA5kuqBQf4tKrjmEfU9lRCLj3XtZv8C1i7a5vSUf9YuCG+xs4T0iU6\n2QDav8LtwCzfmYWV6gSPnpG8WpoaiX8x0+jsGowVu98cY4LZcvHuHMdcwSEmqhNZ\nbG+DC99woFb4AUNpxa1XcRWk9doEE0mV3X4aDIyJP2xD4Xy/7m8jHn+AL7HubBfw\nkSEk3aNLMmQ4tpriW6PIm+GQIVRB5BtZHUM4XJnrzgeoceshUwisofOT7oU4evEb\nqz+dkIuxBYrpPwM57uC/Cte63JRG27fv6jzYQ+WbqZVjE+h+ZtLGzkhoUdeMjIOc\nVrwi5acM2b586kbLbcQAAYdp3/4L75e4VmvxHPz4OHCJx/Dfj/C0ueXHpWa7Wjh4\n-----END RSA PRIVATE KEY-----\n-----BEGIN CERTIFICATE-----\nMIID/TCCAuWgAwIBAgIKEiM3xAAAAAAAAzANBgkqhkiG9w0BAQsFADAVMRMwEQYD\nVQQDEwpDRkEgT1JDQSAxMB4XDTE1MDkwOTE3MDgyNloXDTMxMDkwOTE3MTgyNlow\nSDETMBEGCgmSJomT8ixkARkWA2NvbTEbMBkGCgmSJomT8ixkARkWC2NoaWNrLWZp\nbC1hMRQwEgYDVQQDEwtDRkEgRUlDQSAwMTCCASIwDQYJKoZIhvcNAQEBBQADggEP\nADCCAQoCggEBAL3k3o0/F6/5+wzVQAS8C4A1Mzr+B8aYI+Bvr6aqgXS2oVtVLEHH\nfJc3ax+6uqDxG5/9n41CIkQiCDexri+BGyeI2PoUZNFhQj4aKqYUTJ8CAwZ/ovEk\nLhqPijK4fKeJJ9OWbKTUxtC9sJkH6C3Z7DzegWQRnDxi4SiC+HD2lG5xISdtJEfH\ngf13xMVFveKYsqEfL06Uh4S9aBAcx2aMBHoc2jDBEJM2gdIvxroA9sGtxIsoDAmg\nA2DJ0LP3DcCQoBhLrskTDR7llWtqQAO05ph6+QRfxCsSclNhB/2lXJ0GlORNSXun\nqpUZvYafK6pACZ93zZnMgteb9orqDYB+eQ0CAwEAAaOCARowggEWMBAGCSsGAQQB\ngjcVAQQDAgEAMB0GA1UdDgQWBBTFzvy6/ceiBSSWpfy9qOp8yiVmwzAZBgkrBgEE\nAYI3FAIEDB4KAFMAdQBiAEMAQTALBgNVHQ8EBAMCAYYwDwYDVR0TAQH/BAUwAwEB\n/zAfBgNVHSMEGDAWgBRb5eDPvUJjVLjhYnWq8/E21tSGEDA+BgNVHR8ENzA1MDOg\nMaAvhi1odHRwOi8vY3JsLmNmYWhvbWUuY29tL1BLSS9DRkElMjBPUkNBJTIwMS5j\ncmwwSQYIKwYBBQUHAQEEPTA7MDkGCCsGAQUFBzAChi1odHRwOi8vY3JsLmNmYWhv\nbWUuY29tL1BLSS9DRkElMjBPUkNBJTIwMS5jcnQwDQYJKoZIhvcNAQELBQADggEB\nADe2z2S3BTGqRWTyIJ5/6a9c73Ux37uzfIGSq5uBf3xG2KcUNcMQ9DUVZXSQPIp4\n2u0HIUqyYracqBsMiQbXI2DIq96TqysH6lhy/VoPvTHlICrE5U63bjNz5rP/DaLY\nTzwfAnvnAtUUnRDWO/Xv6pONcqK7Pm+Q56TA1l6wgysCWgtGBSLcWo5CwdIuoNsy\n7X4/Z1MFaCUhSMS4IdCheyxrEIkH+hkXI2ybMKLXTZvPZ8NBfCjWPmYEwxnJwVEg\nttGdOMpu3da3k5nXlNj6mMzt4XTg/cHv0tmxUP0TZPm4q9x7pjvPYYJCazhGAKgn\n883hsUQG3nUHEvOOJChU8/Q=\n-----END CERTIFICATE-----\n\n-----BEGIN CERTIFICATE-----\nMIIDBTCCAe2gAwIBAgIQVDC1fdpAlbJBj1ZRd9SVBTANBgkqhkiG9w0BAQsFADAV\nMRMwEQYDVQQDEwpDRkEgT1JDQSAxMB4XDTE1MDkwOTEzNTUzMFoXDTQ3MDkwOTE0\nMDUyOVowFTETMBEGA1UEAxMKQ0ZBIE9SQ0EgMTCCASIwDQYJKoZIhvcNAQEBBQAD\nggEPADCCAQoCggEBAJRh0BrZ7vr4ua5UCvRFyVdVWhE4UKIlMle6vMn4gY4926ZK\nRx+WO7YTteVTC9SWAJkUL5iU5qkeAtp3xC5waTlK/qzb8tqRW5vPh4MteSS3PW0A\ncZ4Gpd419d8f4LWKwWFUKID48FofUWiDzUJjUXUTKH3zLF6Yso885Q+GPRfFZNtJ\nzhcQhxsdabFCwn8POFNPn+EeLoJS45btHPv9fAhsEPUDSsPVUTLJmCIv1QjOa85d\nFbJoX03wrJicZdGbo/WiQGD4eVd/CzCSpeDtatTRANsIcF4zz+CDhVHpVY2Q2Uq1\ndPP2w7wjpe3pbcTioEJmwRjjtiQnOVkz00eHBZ0CAwEAAaNRME8wCwYDVR0PBAQD\nAgGGMA8GA1UdEwEB/wQFMAMBAf8wHQYDVR0OBBYEFFvl4M+9QmNUuOFidarz8TbW\n1IYQMBAGCSsGAQQBgjcVAQQDAgEAMA0GCSqGSIb3DQEBCwUAA4IBAQBsOhco7uDJ\nseIfeuFgRRuI6evKyCMwwYcJkuWlEPV7HFOJ32BJnpvlloCfuqkBHoWHYecJozIb\nJkLihhhsnb+GvPvc0GIu7/uDX00T8BMB7TndLsCzGLttW07OpdcNkn/pM7uRJPQT\nm53Ld43KlTaO8lLxxAevfwX0HbI0roS0EyOtGXFs6SbIV8NopRw5JAn6wxWa9LQs\ngTvBVckx9JrUbGEiQNyosaTCYTR/4BBujS/REgNsAaJPRJhsQEN87pRrNK8WUGWX\nDDMsnJaUk+0/g1Z81xC4eVsOWqLlm2I2nZuL+TD/c5opGom6cIfmV9cKqE/bIf5P\nRsvz2HuFoGUe\n-----END CERTIFICATE-----\n\n",
            "secret_id": "indexer-03.splunk.<customer>home.com.pem",
            "secret_string": "",
            "version_id": "9f08c915-8063-4f6d-8fd5-650084e0a1c5",
            "version_stage": "AWSCURRENT",
            "version_stages": [
              "AWSCURRENT"
            ]
          }
        },
        {
          "index_key": 3,
          "schema_version": 0,
          "attributes": {
            "arn": "arn:aws:secretsmanager:us-east-1:740749460388:secret:indexer-04.splunk.<customer>home.com.pem-BoGe0n",
            "id": "indexer-04.splunk.<customer>home.com.pem|AWSCURRENT",
            "secret_binary": "-----BEGIN CERTIFICATE-----\nMIIFbDCCBFSgAwIBAgIKF/qOSwAAAAAXODANBgkqhkiG9w0BAQsFADBIMRMwEQYK\nCZImiZPyLGQBGRYDY29tMRswGQYKCZImiZPyLGQBGRYLY2hpY2stZmlsLWExFDAS\nBgNVBAMTC0NGQSBFSUNBIDAxMB4XDTIwMTEwMjIxMzUyN1oXDTI1MTEwMTIxMzUy\nN1owgZYxCzAJBgNVBAYTAlVTMRAwDgYDVQQIEwdHZW9yZ2lhMRAwDgYDVQQHEwdB\ndGxhbnRhMRowGAYDVQQKExFDaGljay1maWwtQSwgSW5jLjEfMB0GA1UECxMWSW5m\nb3JtYXRpb24gVGVjaG5vbG9neTEmMCQGA1UEAxMdaW5kZXhlci0wNC5zcGx1bmsu\nY2ZhaG9tZS5jb20wggEiMA0GCSqGSIb3DQEBAQUAA4IBDwAwggEKAoIBAQC/QlQb\n+rj16dqofjnQ+eBX1N0FyJ7y2hxz2HxuHk8p9ilfYJ6RoPWDWlpLtJQNX/qLj2uO\nakb0x/9cRQtMKChJdnNvnkeSDV8PyRErXmHC67CFdrzF0dAzWeoWTHfutX9wywLg\n3xujZYnRXNwViE3dNQJ++51sY/XxoUi9HbqNbHmOgfYxXkile6Qif+tX9Fsn+GE9\nPLvrqQohFjto9Bs7JnrAIUJFFXOmt26a75Fb62imJuakOfHzbHOUNC9L92N5d2YH\nGyznAqCFfT4ha6HgmA3+rUC0bLKgv/9mjfsCv3ogiJg30FjbBn0r86Sqkqd81cHU\n9c9D//owO9vh+sdDAgMBAAGjggIHMIICAzAdBgNVHQ4EFgQUnwkpcJB0Yrg9lJcS\n4ceyg0YF1+swHwYDVR0jBBgwFoAUxc78uv3HogUklqX8vajqfMolZsMwPwYDVR0f\nBDgwNjA0oDKgMIYuaHR0cDovL2NybC5jZmFob21lLmNvbS9QS0kvQ0ZBJTIwRUlD\nQSUyMDAxLmNybDCCAQEGCCsGAQUFBwEBBIH0MIHxMDoGCCsGAQUFBzAChi5odHRw\nOi8vY3JsLmNmYWhvbWUuY29tL1BLSS9DRkElMjBFSUNBJTIwMDEuY3J0MIGyBggr\nBgEFBQcwAoaBpWxkYXA6Ly8vQ049Q0ZBJTIwRUlDQSUyMDAxLENOPUFJQSxDTj1Q\ndWJsaWMlMjBLZXklMjBTZXJ2aWNlcyxDTj1TZXJ2aWNlcyxDTj1Db25maWd1cmF0\naW9uLERDPWNoaWNrLWZpbC1hLERDPWNvbT9jQUNlcnRpZmljYXRlP2Jhc2U/b2Jq\nZWN0Q2xhc3M9Y2VydGlmaWNhdGlvbkF1dGhvcml0eTALBgNVHQ8EBAMCBaAwPAYJ\nKwYBBAGCNxUHBC8wLQYlKwYBBAGCNxUI1I9+g6CKGYGhmSOHvP5ShqXLemqE8O5O\ng5SNPQIBZAIBBjATBgNVHSUEDDAKBggrBgEFBQcDATAbBgkrBgEEAYI3FQoEDjAM\nMAoGCCsGAQUFBwMBMA0GCSqGSIb3DQEBCwUAA4IBAQBKSJTgNMqB3yqUNe48og1u\nnxaIIGhEiBThaAUT7yxusRaWS70Yh8paI6s0ZZSIY+K5e1Kw7xnxgpA3ZPkygsAO\n3TiWDs0d/Ik42I8sKWdfVmKdglg5kj0sXdh0RWYbEIzJ0HeJqrajaZSYERMFyqny\ngAs+/B9pdocpiCUYP79PIASMRrBNbnLmuyRDqakA49BH9KpQ6lvMI4wSm+nlv8V/\nxPLV2VeT6y3WFiEhoyaqJxfrAuK/Bopk9XbEwHhL18whhKhwj2qS4/0sgJyFHoT0\nZYQnPAtnQwPbpNYGgcqnNmFKoQZRFFN/VxnK/SpTFCYj5oucS3tHoq51vqToKzZe\n-----END CERTIFICATE-----\n-----BEGIN RSA PRIVATE KEY-----\nProc-Type: 4,ENCRYPTED\nDEK-Info: DES-EDE3-CBC,A0B5C332C2A8229C\n\nrF1JF+Rf5HTvUG3uKrTqZ5sQ1N1Bk9aR/OUKrulfqQ7hQmUKzR7uSRcU+a4BKskN\nHP4RN0XC+fe1vEPdoiRmD8mPqNiNQWbP5+xCbgDoV10UCKb8bF0Jx1g7zBg+DGC3\ntqxJj0B8N/+4xs/e1Uc0RhhIM+99Za5CjSOFNEWsiPAGRMd05me/SGGjiAhe/0dC\npavHQjFmnkPqHWShDjZI8VwuJob6UhbRi4U9tblIrycduJwk9y8TeRrY56qvJTcJ\nCzSAcOrsoR9rnkiK18ibgGVWqPueA8A7PO/l0rjdv0jL7KqyIqn/jyaRpxKP2/Jb\nfP0oL3d9Fp8qoHfwIXqpMzyOL67qZRY84pFltwvG0Y/+ViGT+e4JoxJFSgb3taw5\n6T6TXfQssE1bKeZQWv3HSe1CQw36GslK1UBDC1PwEbsJzm3vOFv+9QKSFfUOb++W\ncJ19jBqZPJf4wUWPdXOjIQUcwbf60I11Qod6HRbyFEVKltMv8MNS/ii4bm3aIU6l\n763uMqTOJQNE0iP2OuZqFg7NsGS9BvTnhVedvoDCR3nO52RlNYLJQGgHg6rzoxFr\ngHZerlQKG7HzUzmoeaeLE+wkI5DgXI6HWmV7q/jIIVU8BB7uECmZtkYZk6to7SuD\nRYR7aei4Nvmyo3q4EVVvSy5ad5EoiM4VeymMKSeNQnTjwPXLue5MJ1P1SBO88GAM\nsuawnzT5hnCgwT89A7SBz1tnshyNgsVUSly91iWYHJqwm1vGHKmCBS8UuSEB9nyN\nbeJxRPQVwmRwTLmo/lhxxmCQWCkfaiASpNi5lCYYGhmyg3mV1Ab9cvVGHJcmNcsI\nd9HXFr3sV7TYgxqCdwc74D/jmRVM98YHQt8qsTKqsyeibRqz8nnjTyW1lHd7Bv10\nby9MmAkZIwBZgEp4qFqI+AP9Nnn6CnDq+E2ngaa0FGuAEAvackdF12JPPp/IFlIC\nxUPdnrk0LUpXez0K/++6PoEvSIIhubJE2UlLlD6joJ+7zx2G+v2aRuBuvgXAfSEb\nDf++IiGo+3+n+JLANBUzzgsIUfoHjKavM6WW0xRTgNW2FTSnKuDoSu57pqOhk6XH\nhtidtC77ie67S3eXCL958tHiATkCzR4f/w2D01W7y1kxpQ4k43S4Pf6a84fUkmUm\nWXOuNrB9W0ba+G8LfDVFWhMUcFcZFWUhJBKSkUmgnwVUmsuzpkxNxKPkwPO6HgRK\nsBvAP+0icDcMuRk68Iz4I81h790Jf1XN4/ykgDqnGemL4urgFhM00S5mbJWZNspA\nN2cEBzqLDXFo6ZfKfxwH8TcO6Gu50c93OUC95MC6CVjjs6CAmomP+hbpUIZj+00k\n9nFQ4W2oxyhar11lDOfb2y6JvkVnobhH2UvPpi5kImo97tz7TdH7VNiO6ceqxLQz\nYnEQXm9PH1nH7NGsROedOX/8h5J1+kqm+7g7MZFYwbDP5xdW7b9sP93RPVPXkZUJ\nC3RjQFg+xgG6PrBM2Aq8DY7uUgxt21tY25yS8IvF/e1C4LhN90Yzbys7yezK6mRR\nOPRraZ1qvALBY5xiiOrEw41zw2dgw+E976VRVUdHiHaAb6NedFzzWA==\n-----END RSA PRIVATE KEY-----\n-----BEGIN CERTIFICATE-----\nMIID/TCCAuWgAwIBAgIKEiM3xAAAAAAAAzANBgkqhkiG9w0BAQsFADAVMRMwEQYD\nVQQDEwpDRkEgT1JDQSAxMB4XDTE1MDkwOTE3MDgyNloXDTMxMDkwOTE3MTgyNlow\nSDETMBEGCgmSJomT8ixkARkWA2NvbTEbMBkGCgmSJomT8ixkARkWC2NoaWNrLWZp\nbC1hMRQwEgYDVQQDEwtDRkEgRUlDQSAwMTCCASIwDQYJKoZIhvcNAQEBBQADggEP\nADCCAQoCggEBAL3k3o0/F6/5+wzVQAS8C4A1Mzr+B8aYI+Bvr6aqgXS2oVtVLEHH\nfJc3ax+6uqDxG5/9n41CIkQiCDexri+BGyeI2PoUZNFhQj4aKqYUTJ8CAwZ/ovEk\nLhqPijK4fKeJJ9OWbKTUxtC9sJkH6C3Z7DzegWQRnDxi4SiC+HD2lG5xISdtJEfH\ngf13xMVFveKYsqEfL06Uh4S9aBAcx2aMBHoc2jDBEJM2gdIvxroA9sGtxIsoDAmg\nA2DJ0LP3DcCQoBhLrskTDR7llWtqQAO05ph6+QRfxCsSclNhB/2lXJ0GlORNSXun\nqpUZvYafK6pACZ93zZnMgteb9orqDYB+eQ0CAwEAAaOCARowggEWMBAGCSsGAQQB\ngjcVAQQDAgEAMB0GA1UdDgQWBBTFzvy6/ceiBSSWpfy9qOp8yiVmwzAZBgkrBgEE\nAYI3FAIEDB4KAFMAdQBiAEMAQTALBgNVHQ8EBAMCAYYwDwYDVR0TAQH/BAUwAwEB\n/zAfBgNVHSMEGDAWgBRb5eDPvUJjVLjhYnWq8/E21tSGEDA+BgNVHR8ENzA1MDOg\nMaAvhi1odHRwOi8vY3JsLmNmYWhvbWUuY29tL1BLSS9DRkElMjBPUkNBJTIwMS5j\ncmwwSQYIKwYBBQUHAQEEPTA7MDkGCCsGAQUFBzAChi1odHRwOi8vY3JsLmNmYWhv\nbWUuY29tL1BLSS9DRkElMjBPUkNBJTIwMS5jcnQwDQYJKoZIhvcNAQELBQADggEB\nADe2z2S3BTGqRWTyIJ5/6a9c73Ux37uzfIGSq5uBf3xG2KcUNcMQ9DUVZXSQPIp4\n2u0HIUqyYracqBsMiQbXI2DIq96TqysH6lhy/VoPvTHlICrE5U63bjNz5rP/DaLY\nTzwfAnvnAtUUnRDWO/Xv6pONcqK7Pm+Q56TA1l6wgysCWgtGBSLcWo5CwdIuoNsy\n7X4/Z1MFaCUhSMS4IdCheyxrEIkH+hkXI2ybMKLXTZvPZ8NBfCjWPmYEwxnJwVEg\nttGdOMpu3da3k5nXlNj6mMzt4XTg/cHv0tmxUP0TZPm4q9x7pjvPYYJCazhGAKgn\n883hsUQG3nUHEvOOJChU8/Q=\n-----END CERTIFICATE-----\n\n-----BEGIN CERTIFICATE-----\nMIIDBTCCAe2gAwIBAgIQVDC1fdpAlbJBj1ZRd9SVBTANBgkqhkiG9w0BAQsFADAV\nMRMwEQYDVQQDEwpDRkEgT1JDQSAxMB4XDTE1MDkwOTEzNTUzMFoXDTQ3MDkwOTE0\nMDUyOVowFTETMBEGA1UEAxMKQ0ZBIE9SQ0EgMTCCASIwDQYJKoZIhvcNAQEBBQAD\nggEPADCCAQoCggEBAJRh0BrZ7vr4ua5UCvRFyVdVWhE4UKIlMle6vMn4gY4926ZK\nRx+WO7YTteVTC9SWAJkUL5iU5qkeAtp3xC5waTlK/qzb8tqRW5vPh4MteSS3PW0A\ncZ4Gpd419d8f4LWKwWFUKID48FofUWiDzUJjUXUTKH3zLF6Yso885Q+GPRfFZNtJ\nzhcQhxsdabFCwn8POFNPn+EeLoJS45btHPv9fAhsEPUDSsPVUTLJmCIv1QjOa85d\nFbJoX03wrJicZdGbo/WiQGD4eVd/CzCSpeDtatTRANsIcF4zz+CDhVHpVY2Q2Uq1\ndPP2w7wjpe3pbcTioEJmwRjjtiQnOVkz00eHBZ0CAwEAAaNRME8wCwYDVR0PBAQD\nAgGGMA8GA1UdEwEB/wQFMAMBAf8wHQYDVR0OBBYEFFvl4M+9QmNUuOFidarz8TbW\n1IYQMBAGCSsGAQQBgjcVAQQDAgEAMA0GCSqGSIb3DQEBCwUAA4IBAQBsOhco7uDJ\nseIfeuFgRRuI6evKyCMwwYcJkuWlEPV7HFOJ32BJnpvlloCfuqkBHoWHYecJozIb\nJkLihhhsnb+GvPvc0GIu7/uDX00T8BMB7TndLsCzGLttW07OpdcNkn/pM7uRJPQT\nm53Ld43KlTaO8lLxxAevfwX0HbI0roS0EyOtGXFs6SbIV8NopRw5JAn6wxWa9LQs\ngTvBVckx9JrUbGEiQNyosaTCYTR/4BBujS/REgNsAaJPRJhsQEN87pRrNK8WUGWX\nDDMsnJaUk+0/g1Z81xC4eVsOWqLlm2I2nZuL+TD/c5opGom6cIfmV9cKqE/bIf5P\nRsvz2HuFoGUe\n-----END CERTIFICATE-----\n\n",
            "secret_id": "indexer-04.splunk.<customer>home.com.pem",
            "secret_string": "",
            "version_id": "41c41123-cd57-4e91-9e94-0000516db79f",
            "version_stage": "AWSCURRENT",
            "version_stages": [
              "AWSCURRENT"
            ]
          }
        },
        {
          "index_key": 4,
          "schema_version": 0,
          "attributes": {
            "arn": "arn:aws:secretsmanager:us-east-1:740749460388:secret:indexer-05.splunk.<customer>home.com.pem-iHieIA",
            "id": "indexer-05.splunk.<customer>home.com.pem|AWSCURRENT",
            "secret_binary": "-----BEGIN CERTIFICATE-----\nMIIFbDCCBFSgAwIBAgIKF/sHsQAAAAAXOTANBgkqhkiG9w0BAQsFADBIMRMwEQYK\nCZImiZPyLGQBGRYDY29tMRswGQYKCZImiZPyLGQBGRYLY2hpY2stZmlsLWExFDAS\nBgNVBAMTC0NGQSBFSUNBIDAxMB4XDTIwMTEwMjIxMzU1OFoXDTI1MTEwMTIxMzU1\nOFowgZYxCzAJBgNVBAYTAlVTMRAwDgYDVQQIEwdHZW9yZ2lhMRAwDgYDVQQHEwdB\ndGxhbnRhMRowGAYDVQQKExFDaGljay1maWwtQSwgSW5jLjEfMB0GA1UECxMWSW5m\nb3JtYXRpb24gVGVjaG5vbG9neTEmMCQGA1UEAxMdaW5kZXhlci0wNS5zcGx1bmsu\nY2ZhaG9tZS5jb20wggEiMA0GCSqGSIb3DQEBAQUAA4IBDwAwggEKAoIBAQDdt6KK\nKiU32hlKVd8fHhUezrskU6LOB6NDnE5SNSl7UuAhSa8BU+p31ku+ApvkhY25ewON\nstPwcOybCn0moFEL3JDPndmM7MZZ9WYQu8OHmI23KpWMf3v81O8LdX3lJeVPUENV\nMWxc5wE6S5+boJr3DeT1aM4WiHuTT8XbsnPBmmwKl7mffhiaqIPWE4ZDLQx1dnEY\nUjRw/qlGSRL9BBrq/Rt6yTlc1lja1egF7J7ek2yu7O4OwTddlkUWS7Acq8JYOlQm\nufoXba6fdx1QhjbCbfu3HPnSulHssRNW4KkK2m4ywHU/zfRTnS7jCGnsDT8dvMOG\nzw3Z9mbaxvQAWR3pAgMBAAGjggIHMIICAzAdBgNVHQ4EFgQUghiXpkAcqgJS4pFA\n4nhYncgfOMEwHwYDVR0jBBgwFoAUxc78uv3HogUklqX8vajqfMolZsMwPwYDVR0f\nBDgwNjA0oDKgMIYuaHR0cDovL2NybC5jZmFob21lLmNvbS9QS0kvQ0ZBJTIwRUlD\nQSUyMDAxLmNybDCCAQEGCCsGAQUFBwEBBIH0MIHxMDoGCCsGAQUFBzAChi5odHRw\nOi8vY3JsLmNmYWhvbWUuY29tL1BLSS9DRkElMjBFSUNBJTIwMDEuY3J0MIGyBggr\nBgEFBQcwAoaBpWxkYXA6Ly8vQ049Q0ZBJTIwRUlDQSUyMDAxLENOPUFJQSxDTj1Q\ndWJsaWMlMjBLZXklMjBTZXJ2aWNlcyxDTj1TZXJ2aWNlcyxDTj1Db25maWd1cmF0\naW9uLERDPWNoaWNrLWZpbC1hLERDPWNvbT9jQUNlcnRpZmljYXRlP2Jhc2U/b2Jq\nZWN0Q2xhc3M9Y2VydGlmaWNhdGlvbkF1dGhvcml0eTALBgNVHQ8EBAMCBaAwPAYJ\nKwYBBAGCNxUHBC8wLQYlKwYBBAGCNxUI1I9+g6CKGYGhmSOHvP5ShqXLemqE8O5O\ng5SNPQIBZAIBBjATBgNVHSUEDDAKBggrBgEFBQcDATAbBgkrBgEEAYI3FQoEDjAM\nMAoGCCsGAQUFBwMBMA0GCSqGSIb3DQEBCwUAA4IBAQCji2C20F8r1pxPuhHnIpCe\nfkVZE0TneFA5xvkIbFUld6z0nIU9in/2pvrFrco4gZDc1yLLtKSBV+3ouLVBJ3C/\nlmYiYwX369COs4U+9QVc59HoMJh1Xii7q3Os6OPcXJSYhbXxjSnOoSTQTPY243kU\nxjJeEK6LLEK4oNobHcDzy8GMEuOJwY4aT1KtUMf9p+208L5k6taijMvGi8uOkqfQ\nRPI2tPMD0YL3QU8y+Le7ldgoS2keMh2TswTe1FdWUU/nM3KdgsLxpe/76INKwf48\n0aeisDxDMDbz9fLe5JIxOcnzINJdKNMsYoRwmZr69HYcmKpuUrCgZf2o/UgCPqbV\n-----END CERTIFICATE-----\n-----BEGIN RSA PRIVATE KEY-----\nProc-Type: 4,ENCRYPTED\nDEK-Info: DES-EDE3-CBC,2A779B9FA4F8D72D\n\nkeO606aav8FmqaHRsh6L/yYX+/pViCYA9R/m5BmQT7tJubl4484aK1j42DGEhVP9\n1pmkIBB+pbPjik96nMBKcCKHqDNuYR5DdBbw8odGDh0aV6PhkxvvBPTEWPhDedA+\nr7vy+vV4ZPBf9mMk/t62ddLLPt50ShcReQiOuo6IkB/vokVMQAsQ3pORnak9r4dA\nIt3RDh730A7YmOxbnA3DkYb04p+JZb3yO9UG/DN9BGQI8fJImwzddJaW6H5Z0G7+\ntQcgnbfbhcWeORIB6A7krPgglXeHrhZG7mSM3VOfu4MOGZ8pLd+0Ne3dmNGOIico\njll5WbUMbpQVWW2KsWXSj9NlYSVVRW3IT8FhgOIU0C8ggCmMPYzEYAQO8DRCC7HV\nx9CijZGryVjKvP18YrdUpWGgIUqu5VqWGB6WROAE3Piw/Lbr2dwmT69hUxfx8e9X\nhDgI6wHaJHUq/9NhUdcDQWYOUlDvrpCrGldnMysoe3BnytsMQlIINrzH7EqL3PU3\n8QLHkMKxHiokWQl7UzwdhZGIXugBD6Blr/QHNuv5cKEa2FUYNZXl50mG7Y1MdVs5\nKchZScX7Gu7lxE8y0u4J+ZKgHNjfa21IqtcgatLPXlgkZGG93LSxLO9YkwHp0b6Z\n6PqVzHchI8lheTNK+QKawZnzLaQG6tW/AuMiX+iWwADKf1EN5w3c1tEsB22NbAHF\nbXpClAkf6jhxHunnjSuCwhm4YRtWs1ejnSay6a/zF8TV1kUTVzVE/+CcmY7qSVF7\n6j+eFtOrZdYRCgnE+qKrXvaWAeaoL+B92FRuXTZxbTKyjZ433n4DWXVCokjnwrhy\nJf4I1S9PEmR2Awu5AqwSKSJhQ3gkGpDKPtH/ZesTcQs1csaciqqIBSH6Ct4sd6eO\nwaj8wfJzQ0ijIf9+iASZXMfe2N+BHgLIX5exTZkWTzA11Edc3UY9po05KGlNirFc\n3ffN33cGhGST+gVtz3YdVarlcpcTv6Oh8CrLbIGyTUY/seHxH94tI6ArbK3FpcLY\nfibehBdNdDLieeyZ90aoixq7+Gh5rj8yfihl3ttAkMd+CMarzTXtmOsIuT+m+vd/\n/IIpbNB0zd8MP2mjDN10iAjRiIUBp6e6oqGd7VrSwKalYBQCamkvYgqAcuIdsfcf\nRUJN6tQg8eETjVBcelbdyrfFsGtPoVrYVYZcXb7OsqvyDxM5v4y1MXmTYc2+VjGX\nEZPj8Er05+A5XCk7RoXWXswTtawTlzFZXNWJpmuppw+GvjTqxJTX2fVk1AHoABZ1\nelwQxtBTvYFf8RMpfJDjkveqetpgPKJ0pOOd9jawDY6n+WRgAkbCJXwPYsmqfINl\n5cDZck9HHAFnjRCtAM0kjJdF9K9CRgSmdnsO4tFtZ2Kjgy7wzIXMBf+uEEmH7max\nDBQEkFAKhuecl5pOWySvlXB2PZmQtKjIh5syxFyLDCzd5J7OKunBXve+/Ux56eSD\nUi919o1DamvPN4ih5joYVQcIpgUVI1AIE2HKlu2cNzjxXX3dOf16a/Ex7lhNrmXH\nR82rNdBUTvLamZnZH04CGU2MZt6fZ1OKtn4zAmN6tF+IWcnEQ8eidQ==\n-----END RSA PRIVATE KEY-----\n-----BEGIN CERTIFICATE-----\nMIID/TCCAuWgAwIBAgIKEiM3xAAAAAAAAzANBgkqhkiG9w0BAQsFADAVMRMwEQYD\nVQQDEwpDRkEgT1JDQSAxMB4XDTE1MDkwOTE3MDgyNloXDTMxMDkwOTE3MTgyNlow\nSDETMBEGCgmSJomT8ixkARkWA2NvbTEbMBkGCgmSJomT8ixkARkWC2NoaWNrLWZp\nbC1hMRQwEgYDVQQDEwtDRkEgRUlDQSAwMTCCASIwDQYJKoZIhvcNAQEBBQADggEP\nADCCAQoCggEBAL3k3o0/F6/5+wzVQAS8C4A1Mzr+B8aYI+Bvr6aqgXS2oVtVLEHH\nfJc3ax+6uqDxG5/9n41CIkQiCDexri+BGyeI2PoUZNFhQj4aKqYUTJ8CAwZ/ovEk\nLhqPijK4fKeJJ9OWbKTUxtC9sJkH6C3Z7DzegWQRnDxi4SiC+HD2lG5xISdtJEfH\ngf13xMVFveKYsqEfL06Uh4S9aBAcx2aMBHoc2jDBEJM2gdIvxroA9sGtxIsoDAmg\nA2DJ0LP3DcCQoBhLrskTDR7llWtqQAO05ph6+QRfxCsSclNhB/2lXJ0GlORNSXun\nqpUZvYafK6pACZ93zZnMgteb9orqDYB+eQ0CAwEAAaOCARowggEWMBAGCSsGAQQB\ngjcVAQQDAgEAMB0GA1UdDgQWBBTFzvy6/ceiBSSWpfy9qOp8yiVmwzAZBgkrBgEE\nAYI3FAIEDB4KAFMAdQBiAEMAQTALBgNVHQ8EBAMCAYYwDwYDVR0TAQH/BAUwAwEB\n/zAfBgNVHSMEGDAWgBRb5eDPvUJjVLjhYnWq8/E21tSGEDA+BgNVHR8ENzA1MDOg\nMaAvhi1odHRwOi8vY3JsLmNmYWhvbWUuY29tL1BLSS9DRkElMjBPUkNBJTIwMS5j\ncmwwSQYIKwYBBQUHAQEEPTA7MDkGCCsGAQUFBzAChi1odHRwOi8vY3JsLmNmYWhv\nbWUuY29tL1BLSS9DRkElMjBPUkNBJTIwMS5jcnQwDQYJKoZIhvcNAQELBQADggEB\nADe2z2S3BTGqRWTyIJ5/6a9c73Ux37uzfIGSq5uBf3xG2KcUNcMQ9DUVZXSQPIp4\n2u0HIUqyYracqBsMiQbXI2DIq96TqysH6lhy/VoPvTHlICrE5U63bjNz5rP/DaLY\nTzwfAnvnAtUUnRDWO/Xv6pONcqK7Pm+Q56TA1l6wgysCWgtGBSLcWo5CwdIuoNsy\n7X4/Z1MFaCUhSMS4IdCheyxrEIkH+hkXI2ybMKLXTZvPZ8NBfCjWPmYEwxnJwVEg\nttGdOMpu3da3k5nXlNj6mMzt4XTg/cHv0tmxUP0TZPm4q9x7pjvPYYJCazhGAKgn\n883hsUQG3nUHEvOOJChU8/Q=\n-----END CERTIFICATE-----\n\n-----BEGIN CERTIFICATE-----\nMIIDBTCCAe2gAwIBAgIQVDC1fdpAlbJBj1ZRd9SVBTANBgkqhkiG9w0BAQsFADAV\nMRMwEQYDVQQDEwpDRkEgT1JDQSAxMB4XDTE1MDkwOTEzNTUzMFoXDTQ3MDkwOTE0\nMDUyOVowFTETMBEGA1UEAxMKQ0ZBIE9SQ0EgMTCCASIwDQYJKoZIhvcNAQEBBQAD\nggEPADCCAQoCggEBAJRh0BrZ7vr4ua5UCvRFyVdVWhE4UKIlMle6vMn4gY4926ZK\nRx+WO7YTteVTC9SWAJkUL5iU5qkeAtp3xC5waTlK/qzb8tqRW5vPh4MteSS3PW0A\ncZ4Gpd419d8f4LWKwWFUKID48FofUWiDzUJjUXUTKH3zLF6Yso885Q+GPRfFZNtJ\nzhcQhxsdabFCwn8POFNPn+EeLoJS45btHPv9fAhsEPUDSsPVUTLJmCIv1QjOa85d\nFbJoX03wrJicZdGbo/WiQGD4eVd/CzCSpeDtatTRANsIcF4zz+CDhVHpVY2Q2Uq1\ndPP2w7wjpe3pbcTioEJmwRjjtiQnOVkz00eHBZ0CAwEAAaNRME8wCwYDVR0PBAQD\nAgGGMA8GA1UdEwEB/wQFMAMBAf8wHQYDVR0OBBYEFFvl4M+9QmNUuOFidarz8TbW\n1IYQMBAGCSsGAQQBgjcVAQQDAgEAMA0GCSqGSIb3DQEBCwUAA4IBAQBsOhco7uDJ\nseIfeuFgRRuI6evKyCMwwYcJkuWlEPV7HFOJ32BJnpvlloCfuqkBHoWHYecJozIb\nJkLihhhsnb+GvPvc0GIu7/uDX00T8BMB7TndLsCzGLttW07OpdcNkn/pM7uRJPQT\nm53Ld43KlTaO8lLxxAevfwX0HbI0roS0EyOtGXFs6SbIV8NopRw5JAn6wxWa9LQs\ngTvBVckx9JrUbGEiQNyosaTCYTR/4BBujS/REgNsAaJPRJhsQEN87pRrNK8WUGWX\nDDMsnJaUk+0/g1Z81xC4eVsOWqLlm2I2nZuL+TD/c5opGom6cIfmV9cKqE/bIf5P\nRsvz2HuFoGUe\n-----END CERTIFICATE-----\n\n",
            "secret_id": "indexer-05.splunk.<customer>home.com.pem",
            "secret_string": "",
            "version_id": "54240eb4-ee29-44e0-a2bf-d8aefeac1df4",
            "version_stage": "AWSCURRENT",
            "version_stages": [
              "AWSCURRENT"
            ]
          }
        },
        {
          "index_key": 5,
          "schema_version": 0,
          "attributes": {
            "arn": "arn:aws:secretsmanager:us-east-1:740749460388:secret:indexer-06.splunk.<customer>home.com.pem-OYVN8a",
            "id": "indexer-06.splunk.<customer>home.com.pem|AWSCURRENT",
            "secret_binary": "-----BEGIN CERTIFICATE-----\nMIIFbDCCBFSgAwIBAgIKF/ughgAAAAAXOjANBgkqhkiG9w0BAQsFADBIMRMwEQYK\nCZImiZPyLGQBGRYDY29tMRswGQYKCZImiZPyLGQBGRYLY2hpY2stZmlsLWExFDAS\nBgNVBAMTC0NGQSBFSUNBIDAxMB4XDTIwMTEwMjIxMzYzN1oXDTI1MTEwMTIxMzYz\nN1owgZYxCzAJBgNVBAYTAlVTMRAwDgYDVQQIEwdHZW9yZ2lhMRAwDgYDVQQHEwdB\ndGxhbnRhMRowGAYDVQQKExFDaGljay1maWwtQSwgSW5jLjEfMB0GA1UECxMWSW5m\nb3JtYXRpb24gVGVjaG5vbG9neTEmMCQGA1UEAxMdaW5kZXhlci0wNi5zcGx1bmsu\nY2ZhaG9tZS5jb20wggEiMA0GCSqGSIb3DQEBAQUAA4IBDwAwggEKAoIBAQDSjB9Q\nblnAo3Lu/44jhzgYxKBzgNH4/SWhycta7UWJqO8eBqRZCz3ogbpP0IcSHKXLGO+N\nTevyZ0KOY9KvI/sUZKoCDL7sWoqVzEr/nnVzcx0qehhryzovKYxwnMbhMywHp3nJ\nux/pPNaw2DlTmKf8FoArDRMH1gmM4b22g2h8M3RgoFndCbFzQjU7DX848jA3a+Mk\nA4HllOhgoFNFszq9+6D3WittPGEcRg5WmOfHWjVTaQ2B/rs0MDkosymDtRTwPLkn\nGpoC5f/8EKxYw5ymrfHxhFl5WFtMUv2fYXnZO4WQvnuBpUhsMdMNMfL57Mobj82G\n1VRscSnrVhWV3A6lAgMBAAGjggIHMIICAzAdBgNVHQ4EFgQUOSHT1DHE2oAL7qX0\n8sJ1S6179kEwHwYDVR0jBBgwFoAUxc78uv3HogUklqX8vajqfMolZsMwPwYDVR0f\nBDgwNjA0oDKgMIYuaHR0cDovL2NybC5jZmFob21lLmNvbS9QS0kvQ0ZBJTIwRUlD\nQSUyMDAxLmNybDCCAQEGCCsGAQUFBwEBBIH0MIHxMDoGCCsGAQUFBzAChi5odHRw\nOi8vY3JsLmNmYWhvbWUuY29tL1BLSS9DRkElMjBFSUNBJTIwMDEuY3J0MIGyBggr\nBgEFBQcwAoaBpWxkYXA6Ly8vQ049Q0ZBJTIwRUlDQSUyMDAxLENOPUFJQSxDTj1Q\ndWJsaWMlMjBLZXklMjBTZXJ2aWNlcyxDTj1TZXJ2aWNlcyxDTj1Db25maWd1cmF0\naW9uLERDPWNoaWNrLWZpbC1hLERDPWNvbT9jQUNlcnRpZmljYXRlP2Jhc2U/b2Jq\nZWN0Q2xhc3M9Y2VydGlmaWNhdGlvbkF1dGhvcml0eTALBgNVHQ8EBAMCBaAwPAYJ\nKwYBBAGCNxUHBC8wLQYlKwYBBAGCNxUI1I9+g6CKGYGhmSOHvP5ShqXLemqE8O5O\ng5SNPQIBZAIBBjATBgNVHSUEDDAKBggrBgEFBQcDATAbBgkrBgEEAYI3FQoEDjAM\nMAoGCCsGAQUFBwMBMA0GCSqGSIb3DQEBCwUAA4IBAQC8ji4k6ru+s1T4jI0JcVtb\nW3cAXAGMS9adsq+0PTkE3lbb6PE9i7len/rgeLfUAVpNCUiq9CIKYpaTYTSFjPq6\nPWzeICPr2J7VK9rJAKORQPSqA8jBcJXTLVGim9YGKn+UI5hNC4bcJWkGpif6ywyQ\ncaHvcRnbHnpGJ9zKU11ud+A2Hb7bq2MRlUTkawbHXiu+qvQexNfodpR+BB8wakLY\nk+ZH/XK7Q1PfRTxT5sOx858PiOVDRsjvYqd0KA9i24pT1KbCLFclBzURaw7dh66S\nlg/OM24+3hfnbF/mg3TX1arVr2EWUKr8tETF7ICI/Hbgj1+1pKbTVwf1OxXCX/0+\n-----END CERTIFICATE-----\n-----BEGIN RSA PRIVATE KEY-----\nProc-Type: 4,ENCRYPTED\nDEK-Info: DES-EDE3-CBC,4B5573A4ABEF9E1D\n\nTSJ9P+L+3Q3cMOcRaQj8+mWts/Cb6ZbE0oHYtowHEgVWoS9j8/WJJo5D9kEBm8gJ\neZeKGs/fTTSUkajTKgUj/ScNmig19LRY27r2XS8Z9qlaeKqaZmBP3ddXfUqwPViY\nl69o5gpkrc/vHoXKqxE+rPLE3M1ZUObXZLEgIzIrQYTSyTAvOOx0WQd5K+GB6tQH\nEN2kCRTrFISO0NyvhWbVu7CB6OSmWi5Y9XbXhVkXWaSLrpUHtPh47RDzjDigrfD5\niGx2yi1m6KSMux8ah9fzEijavoLL9RHxA0+zXxtvH9Pikhkp2MdJH9Hi/2g4JXS6\n8qDaRMLnsIWQHfC4tq4ACiF7FdVB6xFu/ND9D9303/OM28opZc8e9uq3h7NDqNCA\nVPnfA69TWc5H6A9gYSxmMRYuvjHyrmQAfYCpBPWoB0WZvXBZVKolAmrKvbLOlLdI\nobem5skhr6kr0SbpD3ALoSoa6q/g2a0jXnsT49KLzGPYf8kg868Y6khTnHWGG36r\ni/O4a9hQK1YOUhejXkGZwkLAOeTxNowpON/xQsrBDB3ytw+HbZdjGgNnOuwnJ9Jh\ndfXoEjFpt46GpGS1IH+oA4FMOAndbTMKqDNlEVloBHxx5IGtyKNMo+4nsICw/qnC\nSfD9tEz1P65egRvW4+ag5yv3XfHahbRPSvBqJNd8TuYIh173tBACMONroGQUWIWZ\n6U5PyfUmrFq1Aqm1IXD82foF4PBOG7GZ2lsJCFoVdvl5M1EE3GNFrH2CaCwpvRpl\nX9EjzLoP8dv+tUjrlb0AXhDZ2VgJhx+1k6rwJ74mTDCBC9EmGBEWjb0MJxGNVWuX\nPwzS4xhEV01BmK9kyByLN8nJuI3T4WUZJ3LGQsu/hmjyQb+I9F3MypgnECqDcTO1\nMF4OXCH+ljuE6fJVlyaGbR674hhBaXpraim4Cery4MSAtS9sI9qUxnKKFckCytLT\nAmoFFqn49HIXPWaYiies39+QbH92Kt2I9jUCOGjHEHPeH3j1NH+QeYBMOMVkVuUJ\nX5aSJiYCz9sWJNKtdd591IQoLdD69sud7sTrsSIKC4ghj6czukqTMWbqIPw2oqE9\n9dFw7jy6tSnvemtZL/uq13sgNYj4uQ37XK/XPCCZnjCIpaWIzB+J5IlEOI4GQSgj\nohyyRB/W/1oEk9XHgcpJd1d8hn/m5hZdidfcZGfHVfftagkSg6yyN5nm4VCxVnrU\nM1f99a36+nilPH4zt8bUzL+fJwjANpp3/mU6PHLsFjbyiA+yvfPXmMFm6yvYaXHM\nPqNRcoEuwkFk9NODi++3PsNbqsxpWmn1xugAH4fsnDexLBs/3WeTxT3jvac2Pq3a\nG1JFSkqLFaJ8Yafftf9zEzQ4Yvg2HJx/d2UKXReB8v+DMqm0nO8l+1jK/LvY5/37\nKlmi347qhQESy5ZZb600Sep+qIVBikfE4IscWwrVDpEH+ZEt4l21iEe9V7iwDcsg\ny20nkwcniaqDqpqH7h/gavK/ROpNVNUHjVV24hWDY2h+ZETN905fEGeArNgt/aUo\nkDmBmUh0DVFNLnDezcCZv52OvUgjTO2LHjMyJKDivILiPaSM9iVg3A==\n-----END RSA PRIVATE KEY-----\n-----BEGIN CERTIFICATE-----\nMIID/TCCAuWgAwIBAgIKEiM3xAAAAAAAAzANBgkqhkiG9w0BAQsFADAVMRMwEQYD\nVQQDEwpDRkEgT1JDQSAxMB4XDTE1MDkwOTE3MDgyNloXDTMxMDkwOTE3MTgyNlow\nSDETMBEGCgmSJomT8ixkARkWA2NvbTEbMBkGCgmSJomT8ixkARkWC2NoaWNrLWZp\nbC1hMRQwEgYDVQQDEwtDRkEgRUlDQSAwMTCCASIwDQYJKoZIhvcNAQEBBQADggEP\nADCCAQoCggEBAL3k3o0/F6/5+wzVQAS8C4A1Mzr+B8aYI+Bvr6aqgXS2oVtVLEHH\nfJc3ax+6uqDxG5/9n41CIkQiCDexri+BGyeI2PoUZNFhQj4aKqYUTJ8CAwZ/ovEk\nLhqPijK4fKeJJ9OWbKTUxtC9sJkH6C3Z7DzegWQRnDxi4SiC+HD2lG5xISdtJEfH\ngf13xMVFveKYsqEfL06Uh4S9aBAcx2aMBHoc2jDBEJM2gdIvxroA9sGtxIsoDAmg\nA2DJ0LP3DcCQoBhLrskTDR7llWtqQAO05ph6+QRfxCsSclNhB/2lXJ0GlORNSXun\nqpUZvYafK6pACZ93zZnMgteb9orqDYB+eQ0CAwEAAaOCARowggEWMBAGCSsGAQQB\ngjcVAQQDAgEAMB0GA1UdDgQWBBTFzvy6/ceiBSSWpfy9qOp8yiVmwzAZBgkrBgEE\nAYI3FAIEDB4KAFMAdQBiAEMAQTALBgNVHQ8EBAMCAYYwDwYDVR0TAQH/BAUwAwEB\n/zAfBgNVHSMEGDAWgBRb5eDPvUJjVLjhYnWq8/E21tSGEDA+BgNVHR8ENzA1MDOg\nMaAvhi1odHRwOi8vY3JsLmNmYWhvbWUuY29tL1BLSS9DRkElMjBPUkNBJTIwMS5j\ncmwwSQYIKwYBBQUHAQEEPTA7MDkGCCsGAQUFBzAChi1odHRwOi8vY3JsLmNmYWhv\nbWUuY29tL1BLSS9DRkElMjBPUkNBJTIwMS5jcnQwDQYJKoZIhvcNAQELBQADggEB\nADe2z2S3BTGqRWTyIJ5/6a9c73Ux37uzfIGSq5uBf3xG2KcUNcMQ9DUVZXSQPIp4\n2u0HIUqyYracqBsMiQbXI2DIq96TqysH6lhy/VoPvTHlICrE5U63bjNz5rP/DaLY\nTzwfAnvnAtUUnRDWO/Xv6pONcqK7Pm+Q56TA1l6wgysCWgtGBSLcWo5CwdIuoNsy\n7X4/Z1MFaCUhSMS4IdCheyxrEIkH+hkXI2ybMKLXTZvPZ8NBfCjWPmYEwxnJwVEg\nttGdOMpu3da3k5nXlNj6mMzt4XTg/cHv0tmxUP0TZPm4q9x7pjvPYYJCazhGAKgn\n883hsUQG3nUHEvOOJChU8/Q=\n-----END CERTIFICATE-----\n\n-----BEGIN CERTIFICATE-----\nMIIDBTCCAe2gAwIBAgIQVDC1fdpAlbJBj1ZRd9SVBTANBgkqhkiG9w0BAQsFADAV\nMRMwEQYDVQQDEwpDRkEgT1JDQSAxMB4XDTE1MDkwOTEzNTUzMFoXDTQ3MDkwOTE0\nMDUyOVowFTETMBEGA1UEAxMKQ0ZBIE9SQ0EgMTCCASIwDQYJKoZIhvcNAQEBBQAD\nggEPADCCAQoCggEBAJRh0BrZ7vr4ua5UCvRFyVdVWhE4UKIlMle6vMn4gY4926ZK\nRx+WO7YTteVTC9SWAJkUL5iU5qkeAtp3xC5waTlK/qzb8tqRW5vPh4MteSS3PW0A\ncZ4Gpd419d8f4LWKwWFUKID48FofUWiDzUJjUXUTKH3zLF6Yso885Q+GPRfFZNtJ\nzhcQhxsdabFCwn8POFNPn+EeLoJS45btHPv9fAhsEPUDSsPVUTLJmCIv1QjOa85d\nFbJoX03wrJicZdGbo/WiQGD4eVd/CzCSpeDtatTRANsIcF4zz+CDhVHpVY2Q2Uq1\ndPP2w7wjpe3pbcTioEJmwRjjtiQnOVkz00eHBZ0CAwEAAaNRME8wCwYDVR0PBAQD\nAgGGMA8GA1UdEwEB/wQFMAMBAf8wHQYDVR0OBBYEFFvl4M+9QmNUuOFidarz8TbW\n1IYQMBAGCSsGAQQBgjcVAQQDAgEAMA0GCSqGSIb3DQEBCwUAA4IBAQBsOhco7uDJ\nseIfeuFgRRuI6evKyCMwwYcJkuWlEPV7HFOJ32BJnpvlloCfuqkBHoWHYecJozIb\nJkLihhhsnb+GvPvc0GIu7/uDX00T8BMB7TndLsCzGLttW07OpdcNkn/pM7uRJPQT\nm53Ld43KlTaO8lLxxAevfwX0HbI0roS0EyOtGXFs6SbIV8NopRw5JAn6wxWa9LQs\ngTvBVckx9JrUbGEiQNyosaTCYTR/4BBujS/REgNsAaJPRJhsQEN87pRrNK8WUGWX\nDDMsnJaUk+0/g1Z81xC4eVsOWqLlm2I2nZuL+TD/c5opGom6cIfmV9cKqE/bIf5P\nRsvz2HuFoGUe\n-----END CERTIFICATE-----\n\n",
            "secret_id": "indexer-06.splunk.<customer>home.com.pem",
            "secret_string": "",
            "version_id": "5edd55a6-3e51-4daa-a696-b1b30d6b65d7",
            "version_stage": "AWSCURRENT",
            "version_stages": [
              "AWSCURRENT"
            ]
          }
        },
        {
          "index_key": 6,
          "schema_version": 0,
          "attributes": {
            "arn": "arn:aws:secretsmanager:us-east-1:740749460388:secret:indexer-07.splunk.<customer>home.com.pem-Ip9Uhh",
            "id": "indexer-07.splunk.<customer>home.com.pem|AWSCURRENT",
            "secret_binary": "-----BEGIN CERTIFICATE-----\nMIIFbDCCBFSgAwIBAgIKF/wosQAAAAAXOzANBgkqhkiG9w0BAQsFADBIMRMwEQYK\nCZImiZPyLGQBGRYDY29tMRswGQYKCZImiZPyLGQBGRYLY2hpY2stZmlsLWExFDAS\nBgNVBAMTC0NGQSBFSUNBIDAxMB4XDTIwMTEwMjIxMzcxMloXDTI1MTEwMTIxMzcx\nMlowgZYxCzAJBgNVBAYTAlVTMRAwDgYDVQQIEwdHZW9yZ2lhMRAwDgYDVQQHEwdB\ndGxhbnRhMRowGAYDVQQKExFDaGljay1maWwtQSwgSW5jLjEfMB0GA1UECxMWSW5m\nb3JtYXRpb24gVGVjaG5vbG9neTEmMCQGA1UEAxMdaW5kZXhlci0wNy5zcGx1bmsu\nY2ZhaG9tZS5jb20wggEiMA0GCSqGSIb3DQEBAQUAA4IBDwAwggEKAoIBAQCG1EXz\nU+2eoMV0nS7WF9YlJLX0APw4klb6PokHUuKBj92pfe+TFtLbsN4qbZHecEZKj985\nltENiwGlhV6f8zQ6nVLmMJjv4sm84cA1tEt8Sr6GkpaqWQrjIkCJZ3pBTiVKXuDu\nzcIb5J05l6ctOLIN3aSYHL9B9qgJ9zdPqiZa6lGmzvg8RYhlabjNSpOtk9tlwrvk\nAVVIevRzwwOrhDpgqqtCGuWfQF55wWEJP9Iu2+MkYFVFXt/zHuzylzU6rj2PZLdj\nDLG7YZ/C2J167uJR8qpt+0u80OYl3++gbYngiHDZ8Tz1wRRPZSllNNhN6PYJ1ece\nn2f4KwNMHZI+mTeRAgMBAAGjggIHMIICAzAdBgNVHQ4EFgQUnZh2inoRTwrEFU2W\nGWcFpbQdeaQwHwYDVR0jBBgwFoAUxc78uv3HogUklqX8vajqfMolZsMwPwYDVR0f\nBDgwNjA0oDKgMIYuaHR0cDovL2NybC5jZmFob21lLmNvbS9QS0kvQ0ZBJTIwRUlD\nQSUyMDAxLmNybDCCAQEGCCsGAQUFBwEBBIH0MIHxMDoGCCsGAQUFBzAChi5odHRw\nOi8vY3JsLmNmYWhvbWUuY29tL1BLSS9DRkElMjBFSUNBJTIwMDEuY3J0MIGyBggr\nBgEFBQcwAoaBpWxkYXA6Ly8vQ049Q0ZBJTIwRUlDQSUyMDAxLENOPUFJQSxDTj1Q\ndWJsaWMlMjBLZXklMjBTZXJ2aWNlcyxDTj1TZXJ2aWNlcyxDTj1Db25maWd1cmF0\naW9uLERDPWNoaWNrLWZpbC1hLERDPWNvbT9jQUNlcnRpZmljYXRlP2Jhc2U/b2Jq\nZWN0Q2xhc3M9Y2VydGlmaWNhdGlvbkF1dGhvcml0eTALBgNVHQ8EBAMCBaAwPAYJ\nKwYBBAGCNxUHBC8wLQYlKwYBBAGCNxUI1I9+g6CKGYGhmSOHvP5ShqXLemqE8O5O\ng5SNPQIBZAIBBjATBgNVHSUEDDAKBggrBgEFBQcDATAbBgkrBgEEAYI3FQoEDjAM\nMAoGCCsGAQUFBwMBMA0GCSqGSIb3DQEBCwUAA4IBAQBbekX/b9HX7Mj92DBg0BKk\nl8u4UJPQy4RI9b8KdO2HkQG/2nIMPSD/AC0YoiM+NA53/byIcOp1BlB5muqpvDtl\nOxtuU5cRSlVOw6Dk13X1kflbDKdRyA7mumkJqWjS+v60GS4MNCFTYwD+MbkUou8+\nju3Ivofv7ym1J8aA5QYAT3rbt3dFi88I0kDed7BFD6ux41VJKQYShLxULGRS2V7l\no2vYUsN03jDdC95qf6YCR87/ugaVkZjBBJFn0DbnDHT1a1cgSwiEBovchajl20On\nW+QqiNoWqEQEE2qPYNRmFCfVCsAn1f97krNWhGSrtzYCgmfRbFWp581ahCKskwnK\n-----END CERTIFICATE-----\n-----BEGIN RSA PRIVATE KEY-----\nProc-Type: 4,ENCRYPTED\nDEK-Info: DES-EDE3-CBC,53AE56A361E8B280\n\nzatwwOB7ZojOp5m29GUW2iPi3tkomsFNBISkB83HSpx2qb7beXYqaPfwxZTXS56B\nlE6MIZTXrsofqHELYzawS1BKJLDeP3aRCm8MeC1Gykmv1wH+dbTbYj1Jlt/39kje\nsLH77mGEnRLzxI9qMTawSLz6Wdt31vJyolPyDKgj/i+Y6b0/hF2yq1sPzGy1Vo0i\nycgVr5f0WEBPodnfe4lTCYc9Ziru5eWxc9onEkuCDvJo8PUQg6Pl9CoPXo8+uzKJ\nUX3k/rXA3bP7aiFd4OjV2bdHqhpICgMrfP6+9S6q5dgMMdKMsHHLYQJpR0Yh6iJ5\npuniBCOcO3sOkjVA3f54AMm6U3bjQFhvTi2nd8VOFN1m+nPbeXOjZO5SrG1huk/8\n26oJG9e57OB3vdbPir5nJH3o7NFFZko/oBy0nN/FVJgoJIUJ7malBGyRMNK8pt0g\nuIGw6WY3qjJ+G1V+iUgZRiG3Dl/sR2f8cqTddVgqO/4G4YCrM19uq256/5HBziMQ\n3P6HkI9E/HtOAYmpLK3NX4mPhNMxgFuoUOGhgR4HAWd3Uwkej60ufslI6oa39+m5\n+w3CZ4pxvbCq4sNRJ+KzUC2aT7aJgn+W6mW0zMGH4UqxDlxCsgaLHrbqrCnvUFif\nzdbTP+MAGcOfORfcYLVE2I9jZ7hR9RHsZ6tWfqy8RQoQgEwlGqnITCvUE5ZzIxcf\nfhYEFX/C8txG4HsXxgAyOc9z7f7vv7fQaIqZBEbaz+Ew5khqTqpjiLbv4ITsTD1v\n+gFj8rtYLBnft9R3A/aAUWsc5P0OCIloXdTxm5B+WopFuRfzLaLVwIhmHUJ+NCBj\nuLz8g/yxPyfB2iapL+8p911IIgvQmGN5i/5tS3uEl0pQ2jSZRqA5FNT1tlvcs02K\nl9LZG+AfybdUHKMwI0y/TIYXtQNvFUtzllYuCHisaRnrnGjor59iXMKlDSIKml4I\nE3YP6i0cEGb9WhW86Qs3M76RTshTP75irP+/gjd89Ci+2zoLuzSzSHuGlXDPwJCS\nuMMq3jCA/rkNyabKg66pEKSEZvllirGUscG9Fz8qzBI8mxVc7VGPb0XUw2aBiv6W\nDpeLUzNLkPmwbZhO0DzNevi4hpdJTUxRksgSadB594j4K4AN4ILSeE2joHgZSaJ0\naUAyEAlF1RNoChS5dZzwuNbBCVQxkhGIzTskCAPIwslzDfHyu4yCfCkMfFPVNoHd\nFBXycqmzv6CD7B7ZvR1L8Toa7/eEAFg48KjspNpHmt7F9yVpYup5wK/YdQBLgcbz\nSHL2yO6rsBMRz14wHpPo6cUx4WB2Y5INXTp/DWKGgJQNBiGw2nb8qSLfJwKHF1YU\ngqMecZwf4l2VYp3lXlqdlXc8r1btZ1a/RIzjdCCrot2hXgZQ1toey286LdsqnRZH\nh27R8ZEM8doJoeC8nYVsdfCnhVSnhHwFdwMtfAsFa0V/lVTq4mdz1fzwmmHaRarI\nI1dmmgU4atr5953E5Mjx4DkASioPnsvSFivLSMthnrOWo26FFaKFbG5Rt13o1bXo\nwqIDKZP+EBc0nJTK5mqVW17cVPrWuhuciIwiVLcSnJs1yRO+WH0IIg==\n-----END RSA PRIVATE KEY-----\n-----BEGIN CERTIFICATE-----\nMIID/TCCAuWgAwIBAgIKEiM3xAAAAAAAAzANBgkqhkiG9w0BAQsFADAVMRMwEQYD\nVQQDEwpDRkEgT1JDQSAxMB4XDTE1MDkwOTE3MDgyNloXDTMxMDkwOTE3MTgyNlow\nSDETMBEGCgmSJomT8ixkARkWA2NvbTEbMBkGCgmSJomT8ixkARkWC2NoaWNrLWZp\nbC1hMRQwEgYDVQQDEwtDRkEgRUlDQSAwMTCCASIwDQYJKoZIhvcNAQEBBQADggEP\nADCCAQoCggEBAL3k3o0/F6/5+wzVQAS8C4A1Mzr+B8aYI+Bvr6aqgXS2oVtVLEHH\nfJc3ax+6uqDxG5/9n41CIkQiCDexri+BGyeI2PoUZNFhQj4aKqYUTJ8CAwZ/ovEk\nLhqPijK4fKeJJ9OWbKTUxtC9sJkH6C3Z7DzegWQRnDxi4SiC+HD2lG5xISdtJEfH\ngf13xMVFveKYsqEfL06Uh4S9aBAcx2aMBHoc2jDBEJM2gdIvxroA9sGtxIsoDAmg\nA2DJ0LP3DcCQoBhLrskTDR7llWtqQAO05ph6+QRfxCsSclNhB/2lXJ0GlORNSXun\nqpUZvYafK6pACZ93zZnMgteb9orqDYB+eQ0CAwEAAaOCARowggEWMBAGCSsGAQQB\ngjcVAQQDAgEAMB0GA1UdDgQWBBTFzvy6/ceiBSSWpfy9qOp8yiVmwzAZBgkrBgEE\nAYI3FAIEDB4KAFMAdQBiAEMAQTALBgNVHQ8EBAMCAYYwDwYDVR0TAQH/BAUwAwEB\n/zAfBgNVHSMEGDAWgBRb5eDPvUJjVLjhYnWq8/E21tSGEDA+BgNVHR8ENzA1MDOg\nMaAvhi1odHRwOi8vY3JsLmNmYWhvbWUuY29tL1BLSS9DRkElMjBPUkNBJTIwMS5j\ncmwwSQYIKwYBBQUHAQEEPTA7MDkGCCsGAQUFBzAChi1odHRwOi8vY3JsLmNmYWhv\nbWUuY29tL1BLSS9DRkElMjBPUkNBJTIwMS5jcnQwDQYJKoZIhvcNAQELBQADggEB\nADe2z2S3BTGqRWTyIJ5/6a9c73Ux37uzfIGSq5uBf3xG2KcUNcMQ9DUVZXSQPIp4\n2u0HIUqyYracqBsMiQbXI2DIq96TqysH6lhy/VoPvTHlICrE5U63bjNz5rP/DaLY\nTzwfAnvnAtUUnRDWO/Xv6pONcqK7Pm+Q56TA1l6wgysCWgtGBSLcWo5CwdIuoNsy\n7X4/Z1MFaCUhSMS4IdCheyxrEIkH+hkXI2ybMKLXTZvPZ8NBfCjWPmYEwxnJwVEg\nttGdOMpu3da3k5nXlNj6mMzt4XTg/cHv0tmxUP0TZPm4q9x7pjvPYYJCazhGAKgn\n883hsUQG3nUHEvOOJChU8/Q=\n-----END CERTIFICATE-----\n\n-----BEGIN CERTIFICATE-----\nMIIDBTCCAe2gAwIBAgIQVDC1fdpAlbJBj1ZRd9SVBTANBgkqhkiG9w0BAQsFADAV\nMRMwEQYDVQQDEwpDRkEgT1JDQSAxMB4XDTE1MDkwOTEzNTUzMFoXDTQ3MDkwOTE0\nMDUyOVowFTETMBEGA1UEAxMKQ0ZBIE9SQ0EgMTCCASIwDQYJKoZIhvcNAQEBBQAD\nggEPADCCAQoCggEBAJRh0BrZ7vr4ua5UCvRFyVdVWhE4UKIlMle6vMn4gY4926ZK\nRx+WO7YTteVTC9SWAJkUL5iU5qkeAtp3xC5waTlK/qzb8tqRW5vPh4MteSS3PW0A\ncZ4Gpd419d8f4LWKwWFUKID48FofUWiDzUJjUXUTKH3zLF6Yso885Q+GPRfFZNtJ\nzhcQhxsdabFCwn8POFNPn+EeLoJS45btHPv9fAhsEPUDSsPVUTLJmCIv1QjOa85d\nFbJoX03wrJicZdGbo/WiQGD4eVd/CzCSpeDtatTRANsIcF4zz+CDhVHpVY2Q2Uq1\ndPP2w7wjpe3pbcTioEJmwRjjtiQnOVkz00eHBZ0CAwEAAaNRME8wCwYDVR0PBAQD\nAgGGMA8GA1UdEwEB/wQFMAMBAf8wHQYDVR0OBBYEFFvl4M+9QmNUuOFidarz8TbW\n1IYQMBAGCSsGAQQBgjcVAQQDAgEAMA0GCSqGSIb3DQEBCwUAA4IBAQBsOhco7uDJ\nseIfeuFgRRuI6evKyCMwwYcJkuWlEPV7HFOJ32BJnpvlloCfuqkBHoWHYecJozIb\nJkLihhhsnb+GvPvc0GIu7/uDX00T8BMB7TndLsCzGLttW07OpdcNkn/pM7uRJPQT\nm53Ld43KlTaO8lLxxAevfwX0HbI0roS0EyOtGXFs6SbIV8NopRw5JAn6wxWa9LQs\ngTvBVckx9JrUbGEiQNyosaTCYTR/4BBujS/REgNsAaJPRJhsQEN87pRrNK8WUGWX\nDDMsnJaUk+0/g1Z81xC4eVsOWqLlm2I2nZuL+TD/c5opGom6cIfmV9cKqE/bIf5P\nRsvz2HuFoGUe\n-----END CERTIFICATE-----\n\n",
            "secret_id": "indexer-07.splunk.<customer>home.com.pem",
            "secret_string": "",
            "version_id": "c125d635-771b-4a02-b9cd-88ecc8da11b9",
            "version_stage": "AWSCURRENT",
            "version_stages": [
              "AWSCURRENT"
            ]
          }
        }
      ]
    },
    {
      "module": "module.indexers",
      "mode": "managed",
      "type": "aws_alb",
      "name": "heclb",
      "provider": "provider[\"registry.terraform.io/hashicorp/aws\"]",
      "instances": [
        {
          "schema_version": 0,
          "attributes": {
            "access_logs": [
              {
                "bucket": "",
                "enabled": false,
                "prefix": ""
              }
            ],
            "arn": "arn:aws:elasticloadbalancing:us-east-1:740749460388:loadbalancer/app/prod-splunk-alb-hec/8c37a902d07207a8",
            "arn_suffix": "app/prod-splunk-alb-hec/8c37a902d07207a8",
            "dns_name": "internal-prod-splunk-alb-hec-1456360750.us-east-1.elb.amazonaws.com",
            "drop_invalid_header_fields": false,
            "enable_cross_zone_load_balancing": null,
            "enable_deletion_protection": false,
            "enable_http2": true,
            "id": "arn:aws:elasticloadbalancing:us-east-1:740749460388:loadbalancer/app/prod-splunk-alb-hec/8c37a902d07207a8",
            "idle_timeout": 60,
            "internal": true,
            "ip_address_type": "ipv4",
            "load_balancer_type": "application",
            "name": "prod-splunk-alb-hec",
            "name_prefix": null,
            "security_groups": [
              "sg-00290c4cb8043c0e2"
            ],
            "subnet_mapping": [
              {
                "allocation_id": "",
                "subnet_id": "subnet-02bb68a15c69c57b7"
              },
              {
                "allocation_id": "",
                "subnet_id": "subnet-04e34d59a76c94fb8"
              },
              {
                "allocation_id": "",
                "subnet_id": "subnet-0e8d86d222995993e"
              }
            ],
            "subnets": [
              "subnet-02bb68a15c69c57b7",
              "subnet-04e34d59a76c94fb8",
              "subnet-0e8d86d222995993e"
            ],
            "tags": {
              "Managed_by": "terraform",
              "Module": "splunk_indexers",
              "Name": "prod-splunk-alb-hec",
              "application_name": "splunk",
              "created_by": "Juan Becerra",
              "environment": "prod"
            },
            "timeouts": null,
            "vpc_id": "vpc-0f9afbd827c17d71a",
            "zone_id": "Z35SXDOTRQ7X7K"
          },
          "private": "eyJlMmJmYjczMC1lY2FhLTExZTYtOGY4OC0zNDM2M2JjN2M0YzAiOnsiY3JlYXRlIjo2MDAwMDAwMDAwMDAsImRlbGV0ZSI6NjAwMDAwMDAwMDAwLCJ1cGRhdGUiOjYwMDAwMDAwMDAwMH19",
          "dependencies": [
            "module.indexers.aws_security_group.hec_lb_sg"
          ]
        }
      ]
    },
    {
      "module": "module.indexers",
      "mode": "managed",
      "type": "aws_alb",
      "name": "lb",
      "provider": "provider[\"registry.terraform.io/hashicorp/aws\"]",
      "instances": [
        {
          "index_key": 0,
          "schema_version": 0,
          "attributes": {
            "access_logs": [
              {
                "bucket": "",
                "enabled": false,
                "prefix": ""
              }
            ],
            "arn": "arn:aws:elasticloadbalancing:us-east-1:740749460388:loadbalancer/net/prod-splunk-nlb-indexer-01/31495a4c3f547f5b",
            "arn_suffix": "net/prod-splunk-nlb-indexer-01/31495a4c3f547f5b",
            "dns_name": "prod-splunk-nlb-indexer-01-31495a4c3f547f5b.elb.us-east-1.amazonaws.com",
            "drop_invalid_header_fields": null,
            "enable_cross_zone_load_balancing": false,
            "enable_deletion_protection": false,
            "enable_http2": null,
            "id": "arn:aws:elasticloadbalancing:us-east-1:740749460388:loadbalancer/net/prod-splunk-nlb-indexer-01/31495a4c3f547f5b",
            "idle_timeout": null,
            "internal": false,
            "ip_address_type": "ipv4",
            "load_balancer_type": "network",
            "name": "prod-splunk-nlb-indexer-01",
            "name_prefix": null,
            "security_groups": [],
            "subnet_mapping": [
              {
                "allocation_id": "",
                "subnet_id": "subnet-0057ea47be6c0a6e1"
              }
            ],
            "subnets": [
              "subnet-0057ea47be6c0a6e1"
            ],
            "tags": {
              "Managed_by": "terraform",
              "Module": "splunk_indexers",
              "Name": "prod-splunk-nlb-indexer-01",
              "application_name": "splunk",
              "created_by": "Juan Becerra",
              "environment": "prod"
            },
            "timeouts": null,
            "vpc_id": "vpc-0f9afbd827c17d71a",
            "zone_id": "Z26RNL4JYFTOTI"
          },
          "private": "eyJlMmJmYjczMC1lY2FhLTExZTYtOGY4OC0zNDM2M2JjN2M0YzAiOnsiY3JlYXRlIjo2MDAwMDAwMDAwMDAsImRlbGV0ZSI6NjAwMDAwMDAwMDAwLCJ1cGRhdGUiOjYwMDAwMDAwMDAwMH19"
        },
        {
          "index_key": 1,
          "schema_version": 0,
          "attributes": {
            "access_logs": [
              {
                "bucket": "",
                "enabled": false,
                "prefix": ""
              }
            ],
            "arn": "arn:aws:elasticloadbalancing:us-east-1:740749460388:loadbalancer/net/prod-splunk-nlb-indexer-02/3f2a00a03f7382a3",
            "arn_suffix": "net/prod-splunk-nlb-indexer-02/3f2a00a03f7382a3",
            "dns_name": "prod-splunk-nlb-indexer-02-3f2a00a03f7382a3.elb.us-east-1.amazonaws.com",
            "drop_invalid_header_fields": null,
            "enable_cross_zone_load_balancing": false,
            "enable_deletion_protection": false,
            "enable_http2": null,
            "id": "arn:aws:elasticloadbalancing:us-east-1:740749460388:loadbalancer/net/prod-splunk-nlb-indexer-02/3f2a00a03f7382a3",
            "idle_timeout": null,
            "internal": false,
            "ip_address_type": "ipv4",
            "load_balancer_type": "network",
            "name": "prod-splunk-nlb-indexer-02",
            "name_prefix": null,
            "security_groups": [],
            "subnet_mapping": [
              {
                "allocation_id": "",
                "subnet_id": "subnet-09b0446a3f0f2aafa"
              }
            ],
            "subnets": [
              "subnet-09b0446a3f0f2aafa"
            ],
            "tags": {
              "Managed_by": "terraform",
              "Module": "splunk_indexers",
              "Name": "prod-splunk-nlb-indexer-02",
              "application_name": "splunk",
              "created_by": "Juan Becerra",
              "environment": "prod"
            },
            "timeouts": null,
            "vpc_id": "vpc-0f9afbd827c17d71a",
            "zone_id": "Z26RNL4JYFTOTI"
          },
          "private": "eyJlMmJmYjczMC1lY2FhLTExZTYtOGY4OC0zNDM2M2JjN2M0YzAiOnsiY3JlYXRlIjo2MDAwMDAwMDAwMDAsImRlbGV0ZSI6NjAwMDAwMDAwMDAwLCJ1cGRhdGUiOjYwMDAwMDAwMDAwMH19"
        },
        {
          "index_key": 2,
          "schema_version": 0,
          "attributes": {
            "access_logs": [
              {
                "bucket": "",
                "enabled": false,
                "prefix": ""
              }
            ],
            "arn": "arn:aws:elasticloadbalancing:us-east-1:740749460388:loadbalancer/net/prod-splunk-nlb-indexer-03/517b403cc35a5de6",
            "arn_suffix": "net/prod-splunk-nlb-indexer-03/517b403cc35a5de6",
            "dns_name": "prod-splunk-nlb-indexer-03-517b403cc35a5de6.elb.us-east-1.amazonaws.com",
            "drop_invalid_header_fields": null,
            "enable_cross_zone_load_balancing": false,
            "enable_deletion_protection": false,
            "enable_http2": null,
            "id": "arn:aws:elasticloadbalancing:us-east-1:740749460388:loadbalancer/net/prod-splunk-nlb-indexer-03/517b403cc35a5de6",
            "idle_timeout": null,
            "internal": false,
            "ip_address_type": "ipv4",
            "load_balancer_type": "network",
            "name": "prod-splunk-nlb-indexer-03",
            "name_prefix": null,
            "security_groups": [],
            "subnet_mapping": [
              {
                "allocation_id": "",
                "subnet_id": "subnet-0a2528d789dd75efd"
              }
            ],
            "subnets": [
              "subnet-0a2528d789dd75efd"
            ],
            "tags": {
              "Managed_by": "terraform",
              "Module": "splunk_indexers",
              "Name": "prod-splunk-nlb-indexer-03",
              "application_name": "splunk",
              "created_by": "Juan Becerra",
              "environment": "prod"
            },
            "timeouts": null,
            "vpc_id": "vpc-0f9afbd827c17d71a",
            "zone_id": "Z26RNL4JYFTOTI"
          },
          "private": "eyJlMmJmYjczMC1lY2FhLTExZTYtOGY4OC0zNDM2M2JjN2M0YzAiOnsiY3JlYXRlIjo2MDAwMDAwMDAwMDAsImRlbGV0ZSI6NjAwMDAwMDAwMDAwLCJ1cGRhdGUiOjYwMDAwMDAwMDAwMH19"
        },
        {
          "index_key": 3,
          "schema_version": 0,
          "attributes": {
            "access_logs": [
              {
                "bucket": "",
                "enabled": false,
                "prefix": ""
              }
            ],
            "arn": "arn:aws:elasticloadbalancing:us-east-1:740749460388:loadbalancer/net/prod-splunk-nlb-indexer-04/b22ead75195b4b03",
            "arn_suffix": "net/prod-splunk-nlb-indexer-04/b22ead75195b4b03",
            "dns_name": "prod-splunk-nlb-indexer-04-b22ead75195b4b03.elb.us-east-1.amazonaws.com",
            "drop_invalid_header_fields": null,
            "enable_cross_zone_load_balancing": false,
            "enable_deletion_protection": false,
            "enable_http2": null,
            "id": "arn:aws:elasticloadbalancing:us-east-1:740749460388:loadbalancer/net/prod-splunk-nlb-indexer-04/b22ead75195b4b03",
            "idle_timeout": null,
            "internal": false,
            "ip_address_type": "ipv4",
            "load_balancer_type": "network",
            "name": "prod-splunk-nlb-indexer-04",
            "name_prefix": null,
            "security_groups": [],
            "subnet_mapping": [
              {
                "allocation_id": "",
                "subnet_id": "subnet-0057ea47be6c0a6e1"
              }
            ],
            "subnets": [
              "subnet-0057ea47be6c0a6e1"
            ],
            "tags": {
              "Managed_by": "terraform",
              "Module": "splunk_indexers",
              "Name": "prod-splunk-nlb-indexer-04",
              "application_name": "splunk",
              "created_by": "Juan Becerra",
              "environment": "prod"
            },
            "timeouts": null,
            "vpc_id": "vpc-0f9afbd827c17d71a",
            "zone_id": "Z26RNL4JYFTOTI"
          },
          "private": "eyJlMmJmYjczMC1lY2FhLTExZTYtOGY4OC0zNDM2M2JjN2M0YzAiOnsiY3JlYXRlIjo2MDAwMDAwMDAwMDAsImRlbGV0ZSI6NjAwMDAwMDAwMDAwLCJ1cGRhdGUiOjYwMDAwMDAwMDAwMH19"
        },
        {
          "index_key": 4,
          "schema_version": 0,
          "attributes": {
            "access_logs": [
              {
                "bucket": "",
                "enabled": false,
                "prefix": ""
              }
            ],
            "arn": "arn:aws:elasticloadbalancing:us-east-1:740749460388:loadbalancer/net/prod-splunk-nlb-indexer-05/956d7df883878c1c",
            "arn_suffix": "net/prod-splunk-nlb-indexer-05/956d7df883878c1c",
            "dns_name": "prod-splunk-nlb-indexer-05-956d7df883878c1c.elb.us-east-1.amazonaws.com",
            "drop_invalid_header_fields": null,
            "enable_cross_zone_load_balancing": false,
            "enable_deletion_protection": false,
            "enable_http2": null,
            "id": "arn:aws:elasticloadbalancing:us-east-1:740749460388:loadbalancer/net/prod-splunk-nlb-indexer-05/956d7df883878c1c",
            "idle_timeout": null,
            "internal": false,
            "ip_address_type": "ipv4",
            "load_balancer_type": "network",
            "name": "prod-splunk-nlb-indexer-05",
            "name_prefix": null,
            "security_groups": [],
            "subnet_mapping": [
              {
                "allocation_id": "",
                "subnet_id": "subnet-09b0446a3f0f2aafa"
              }
            ],
            "subnets": [
              "subnet-09b0446a3f0f2aafa"
            ],
            "tags": {
              "Managed_by": "terraform",
              "Module": "splunk_indexers",
              "Name": "prod-splunk-nlb-indexer-05",
              "application_name": "splunk",
              "created_by": "Juan Becerra",
              "environment": "prod"
            },
            "timeouts": null,
            "vpc_id": "vpc-0f9afbd827c17d71a",
            "zone_id": "Z26RNL4JYFTOTI"
          },
          "private": "eyJlMmJmYjczMC1lY2FhLTExZTYtOGY4OC0zNDM2M2JjN2M0YzAiOnsiY3JlYXRlIjo2MDAwMDAwMDAwMDAsImRlbGV0ZSI6NjAwMDAwMDAwMDAwLCJ1cGRhdGUiOjYwMDAwMDAwMDAwMH19"
        },
        {
          "index_key": 5,
          "schema_version": 0,
          "attributes": {
            "access_logs": [
              {
                "bucket": "",
                "enabled": false,
                "prefix": ""
              }
            ],
            "arn": "arn:aws:elasticloadbalancing:us-east-1:740749460388:loadbalancer/net/prod-splunk-nlb-indexer-06/73ec7edecbea4209",
            "arn_suffix": "net/prod-splunk-nlb-indexer-06/73ec7edecbea4209",
            "dns_name": "prod-splunk-nlb-indexer-06-73ec7edecbea4209.elb.us-east-1.amazonaws.com",
            "drop_invalid_header_fields": null,
            "enable_cross_zone_load_balancing": false,
            "enable_deletion_protection": false,
            "enable_http2": null,
            "id": "arn:aws:elasticloadbalancing:us-east-1:740749460388:loadbalancer/net/prod-splunk-nlb-indexer-06/73ec7edecbea4209",
            "idle_timeout": null,
            "internal": false,
            "ip_address_type": "ipv4",
            "load_balancer_type": "network",
            "name": "prod-splunk-nlb-indexer-06",
            "name_prefix": null,
            "security_groups": [],
            "subnet_mapping": [
              {
                "allocation_id": "",
                "subnet_id": "subnet-0a2528d789dd75efd"
              }
            ],
            "subnets": [
              "subnet-0a2528d789dd75efd"
            ],
            "tags": {
              "Managed_by": "terraform",
              "Module": "splunk_indexers",
              "Name": "prod-splunk-nlb-indexer-06",
              "application_name": "splunk",
              "created_by": "Juan Becerra",
              "environment": "prod"
            },
            "timeouts": null,
            "vpc_id": "vpc-0f9afbd827c17d71a",
            "zone_id": "Z26RNL4JYFTOTI"
          },
          "private": "eyJlMmJmYjczMC1lY2FhLTExZTYtOGY4OC0zNDM2M2JjN2M0YzAiOnsiY3JlYXRlIjo2MDAwMDAwMDAwMDAsImRlbGV0ZSI6NjAwMDAwMDAwMDAwLCJ1cGRhdGUiOjYwMDAwMDAwMDAwMH19"
        },
        {
          "index_key": 6,
          "schema_version": 0,
          "attributes": {
            "access_logs": [
              {
                "bucket": "",
                "enabled": false,
                "prefix": ""
              }
            ],
            "arn": "arn:aws:elasticloadbalancing:us-east-1:740749460388:loadbalancer/net/prod-splunk-nlb-indexer-07/506a756628e9494d",
            "arn_suffix": "net/prod-splunk-nlb-indexer-07/506a756628e9494d",
            "dns_name": "prod-splunk-nlb-indexer-07-506a756628e9494d.elb.us-east-1.amazonaws.com",
            "drop_invalid_header_fields": null,
            "enable_cross_zone_load_balancing": false,
            "enable_deletion_protection": false,
            "enable_http2": null,
            "id": "arn:aws:elasticloadbalancing:us-east-1:740749460388:loadbalancer/net/prod-splunk-nlb-indexer-07/506a756628e9494d",
            "idle_timeout": null,
            "internal": false,
            "ip_address_type": "ipv4",
            "load_balancer_type": "network",
            "name": "prod-splunk-nlb-indexer-07",
            "name_prefix": null,
            "security_groups": [],
            "subnet_mapping": [
              {
                "allocation_id": "",
                "subnet_id": "subnet-0057ea47be6c0a6e1"
              }
            ],
            "subnets": [
              "subnet-0057ea47be6c0a6e1"
            ],
            "tags": {
              "Managed_by": "terraform",
              "Module": "splunk_indexers",
              "Name": "prod-splunk-nlb-indexer-07",
              "application_name": "splunk",
              "created_by": "Juan Becerra",
              "environment": "prod"
            },
            "timeouts": null,
            "vpc_id": "vpc-0f9afbd827c17d71a",
            "zone_id": "Z26RNL4JYFTOTI"
          },
          "private": "eyJlMmJmYjczMC1lY2FhLTExZTYtOGY4OC0zNDM2M2JjN2M0YzAiOnsiY3JlYXRlIjo2MDAwMDAwMDAwMDAsImRlbGV0ZSI6NjAwMDAwMDAwMDAwLCJ1cGRhdGUiOjYwMDAwMDAwMDAwMH19"
        }
      ]
    },
    {
      "module": "module.indexers",
      "mode": "managed",
      "type": "aws_alb_listener",
      "name": "heclb_443",
      "provider": "provider[\"registry.terraform.io/hashicorp/aws\"]",
      "instances": [
        {
          "schema_version": 0,
          "attributes": {
            "arn": "arn:aws:elasticloadbalancing:us-east-1:740749460388:listener/app/prod-splunk-alb-hec/8c37a902d07207a8/86d6b172494a218e",
            "certificate_arn": "arn:aws:acm:us-east-1:740749460388:certificate/4839e66a-518c-4f9c-9554-2e3227386806",
            "default_action": [
              {
                "authenticate_cognito": [],
                "authenticate_oidc": [],
                "fixed_response": [],
                "forward": [],
                "order": 1,
                "redirect": [],
                "target_group_arn": "arn:aws:elasticloadbalancing:us-east-1:740749460388:targetgroup/prod-splunk-alb-8088-hec/a7ef3b2f3f447253",
                "type": "forward"
              }
            ],
            "id": "arn:aws:elasticloadbalancing:us-east-1:740749460388:listener/app/prod-splunk-alb-hec/8c37a902d07207a8/86d6b172494a218e",
            "load_balancer_arn": "arn:aws:elasticloadbalancing:us-east-1:740749460388:loadbalancer/app/prod-splunk-alb-hec/8c37a902d07207a8",
            "port": 443,
            "protocol": "HTTPS",
            "ssl_policy": "ELBSecurityPolicy-2016-08",
            "timeouts": null
          },
          "private": "eyJlMmJmYjczMC1lY2FhLTExZTYtOGY4OC0zNDM2M2JjN2M0YzAiOnsicmVhZCI6NjAwMDAwMDAwMDAwfX0=",
          "dependencies": [
            "module.indexers.aws_alb.heclb",
            "module.indexers.aws_alb_target_group.heclb_target_8088",
            "module.indexers.aws_security_group.hec_lb_sg",
            "module.route53_dns.aws_acm_certificate.cert",
            "module.route53_dns.data.aws_route53_zone.public_zone"
          ]
        }
      ]
    },
    {
      "module": "module.indexers",
      "mode": "managed",
      "type": "aws_alb_listener",
      "name": "listen_443",
      "provider": "provider[\"registry.terraform.io/hashicorp/aws\"]",
      "instances": [
        {
          "index_key": 0,
          "schema_version": 0,
          "attributes": {
            "arn": "arn:aws:elasticloadbalancing:us-east-1:740749460388:listener/net/prod-splunk-nlb-indexer-01/31495a4c3f547f5b/f80fe2540301d1c3",
            "certificate_arn": null,
            "default_action": [
              {
                "authenticate_cognito": [],
                "authenticate_oidc": [],
                "fixed_response": [],
                "forward": [],
                "order": 1,
                "redirect": [],
                "target_group_arn": "arn:aws:elasticloadbalancing:us-east-1:740749460388:targetgroup/prod-splunk-nlb-9995-indexer-01/30a245015ced45ea",
                "type": "forward"
              }
            ],
            "id": "arn:aws:elasticloadbalancing:us-east-1:740749460388:listener/net/prod-splunk-nlb-indexer-01/31495a4c3f547f5b/f80fe2540301d1c3",
            "load_balancer_arn": "arn:aws:elasticloadbalancing:us-east-1:740749460388:loadbalancer/net/prod-splunk-nlb-indexer-01/31495a4c3f547f5b",
            "port": 443,
            "protocol": "TCP",
            "ssl_policy": "",
            "timeouts": null
          },
          "private": "eyJlMmJmYjczMC1lY2FhLTExZTYtOGY4OC0zNDM2M2JjN2M0YzAiOnsicmVhZCI6NjAwMDAwMDAwMDAwfX0=",
          "dependencies": [
            "module.indexers.aws_alb.lb",
            "module.indexers.aws_alb_target_group.target_9995"
          ]
        },
        {
          "index_key": 1,
          "schema_version": 0,
          "attributes": {
            "arn": "arn:aws:elasticloadbalancing:us-east-1:740749460388:listener/net/prod-splunk-nlb-indexer-02/3f2a00a03f7382a3/7936335f7434a72d",
            "certificate_arn": null,
            "default_action": [
              {
                "authenticate_cognito": [],
                "authenticate_oidc": [],
                "fixed_response": [],
                "forward": [],
                "order": 1,
                "redirect": [],
                "target_group_arn": "arn:aws:elasticloadbalancing:us-east-1:740749460388:targetgroup/prod-splunk-nlb-9995-indexer-02/6847540a11137c97",
                "type": "forward"
              }
            ],
            "id": "arn:aws:elasticloadbalancing:us-east-1:740749460388:listener/net/prod-splunk-nlb-indexer-02/3f2a00a03f7382a3/7936335f7434a72d",
            "load_balancer_arn": "arn:aws:elasticloadbalancing:us-east-1:740749460388:loadbalancer/net/prod-splunk-nlb-indexer-02/3f2a00a03f7382a3",
            "port": 443,
            "protocol": "TCP",
            "ssl_policy": "",
            "timeouts": null
          },
          "private": "eyJlMmJmYjczMC1lY2FhLTExZTYtOGY4OC0zNDM2M2JjN2M0YzAiOnsicmVhZCI6NjAwMDAwMDAwMDAwfX0=",
          "dependencies": [
            "module.indexers.aws_alb.lb",
            "module.indexers.aws_alb_target_group.target_9995"
          ]
        },
        {
          "index_key": 2,
          "schema_version": 0,
          "attributes": {
            "arn": "arn:aws:elasticloadbalancing:us-east-1:740749460388:listener/net/prod-splunk-nlb-indexer-03/517b403cc35a5de6/59506b5ded475c84",
            "certificate_arn": null,
            "default_action": [
              {
                "authenticate_cognito": [],
                "authenticate_oidc": [],
                "fixed_response": [],
                "forward": [],
                "order": 1,
                "redirect": [],
                "target_group_arn": "arn:aws:elasticloadbalancing:us-east-1:740749460388:targetgroup/prod-splunk-nlb-9995-indexer-03/d877c11472066df7",
                "type": "forward"
              }
            ],
            "id": "arn:aws:elasticloadbalancing:us-east-1:740749460388:listener/net/prod-splunk-nlb-indexer-03/517b403cc35a5de6/59506b5ded475c84",
            "load_balancer_arn": "arn:aws:elasticloadbalancing:us-east-1:740749460388:loadbalancer/net/prod-splunk-nlb-indexer-03/517b403cc35a5de6",
            "port": 443,
            "protocol": "TCP",
            "ssl_policy": "",
            "timeouts": null
          },
          "private": "eyJlMmJmYjczMC1lY2FhLTExZTYtOGY4OC0zNDM2M2JjN2M0YzAiOnsicmVhZCI6NjAwMDAwMDAwMDAwfX0=",
          "dependencies": [
            "module.indexers.aws_alb.lb",
            "module.indexers.aws_alb_target_group.target_9995"
          ]
        },
        {
          "index_key": 3,
          "schema_version": 0,
          "attributes": {
            "arn": "arn:aws:elasticloadbalancing:us-east-1:740749460388:listener/net/prod-splunk-nlb-indexer-04/b22ead75195b4b03/f089467f7ad8cac4",
            "certificate_arn": null,
            "default_action": [
              {
                "authenticate_cognito": [],
                "authenticate_oidc": [],
                "fixed_response": [],
                "forward": [],
                "order": 1,
                "redirect": [],
                "target_group_arn": "arn:aws:elasticloadbalancing:us-east-1:740749460388:targetgroup/prod-splunk-nlb-9995-indexer-04/599b4b23a6391e74",
                "type": "forward"
              }
            ],
            "id": "arn:aws:elasticloadbalancing:us-east-1:740749460388:listener/net/prod-splunk-nlb-indexer-04/b22ead75195b4b03/f089467f7ad8cac4",
            "load_balancer_arn": "arn:aws:elasticloadbalancing:us-east-1:740749460388:loadbalancer/net/prod-splunk-nlb-indexer-04/b22ead75195b4b03",
            "port": 443,
            "protocol": "TCP",
            "ssl_policy": "",
            "timeouts": null
          },
          "private": "eyJlMmJmYjczMC1lY2FhLTExZTYtOGY4OC0zNDM2M2JjN2M0YzAiOnsicmVhZCI6NjAwMDAwMDAwMDAwfX0=",
          "dependencies": [
            "module.indexers.aws_alb.lb",
            "module.indexers.aws_alb_target_group.target_9995"
          ]
        },
        {
          "index_key": 4,
          "schema_version": 0,
          "attributes": {
            "arn": "arn:aws:elasticloadbalancing:us-east-1:740749460388:listener/net/prod-splunk-nlb-indexer-05/956d7df883878c1c/41b1bdbf5f90669a",
            "certificate_arn": null,
            "default_action": [
              {
                "authenticate_cognito": [],
                "authenticate_oidc": [],
                "fixed_response": [],
                "forward": [],
                "order": 1,
                "redirect": [],
                "target_group_arn": "arn:aws:elasticloadbalancing:us-east-1:740749460388:targetgroup/prod-splunk-nlb-9995-indexer-05/5dec86e9603ebcc4",
                "type": "forward"
              }
            ],
            "id": "arn:aws:elasticloadbalancing:us-east-1:740749460388:listener/net/prod-splunk-nlb-indexer-05/956d7df883878c1c/41b1bdbf5f90669a",
            "load_balancer_arn": "arn:aws:elasticloadbalancing:us-east-1:740749460388:loadbalancer/net/prod-splunk-nlb-indexer-05/956d7df883878c1c",
            "port": 443,
            "protocol": "TCP",
            "ssl_policy": "",
            "timeouts": null
          },
          "private": "eyJlMmJmYjczMC1lY2FhLTExZTYtOGY4OC0zNDM2M2JjN2M0YzAiOnsicmVhZCI6NjAwMDAwMDAwMDAwfX0=",
          "dependencies": [
            "module.indexers.aws_alb.lb",
            "module.indexers.aws_alb_target_group.target_9995"
          ]
        },
        {
          "index_key": 5,
          "schema_version": 0,
          "attributes": {
            "arn": "arn:aws:elasticloadbalancing:us-east-1:740749460388:listener/net/prod-splunk-nlb-indexer-06/73ec7edecbea4209/5c9a26d20095af97",
            "certificate_arn": null,
            "default_action": [
              {
                "authenticate_cognito": [],
                "authenticate_oidc": [],
                "fixed_response": [],
                "forward": [],
                "order": 1,
                "redirect": [],
                "target_group_arn": "arn:aws:elasticloadbalancing:us-east-1:740749460388:targetgroup/prod-splunk-nlb-9995-indexer-06/191ff85b8dfffe19",
                "type": "forward"
              }
            ],
            "id": "arn:aws:elasticloadbalancing:us-east-1:740749460388:listener/net/prod-splunk-nlb-indexer-06/73ec7edecbea4209/5c9a26d20095af97",
            "load_balancer_arn": "arn:aws:elasticloadbalancing:us-east-1:740749460388:loadbalancer/net/prod-splunk-nlb-indexer-06/73ec7edecbea4209",
            "port": 443,
            "protocol": "TCP",
            "ssl_policy": "",
            "timeouts": null
          },
          "private": "eyJlMmJmYjczMC1lY2FhLTExZTYtOGY4OC0zNDM2M2JjN2M0YzAiOnsicmVhZCI6NjAwMDAwMDAwMDAwfX0=",
          "dependencies": [
            "module.indexers.aws_alb.lb",
            "module.indexers.aws_alb_target_group.target_9995"
          ]
        },
        {
          "index_key": 6,
          "schema_version": 0,
          "attributes": {
            "arn": "arn:aws:elasticloadbalancing:us-east-1:740749460388:listener/net/prod-splunk-nlb-indexer-07/506a756628e9494d/46da095f327a825a",
            "certificate_arn": null,
            "default_action": [
              {
                "authenticate_cognito": [],
                "authenticate_oidc": [],
                "fixed_response": [],
                "forward": [],
                "order": 1,
                "redirect": [],
                "target_group_arn": "arn:aws:elasticloadbalancing:us-east-1:740749460388:targetgroup/prod-splunk-nlb-9995-indexer-07/d484084052734a7a",
                "type": "forward"
              }
            ],
            "id": "arn:aws:elasticloadbalancing:us-east-1:740749460388:listener/net/prod-splunk-nlb-indexer-07/506a756628e9494d/46da095f327a825a",
            "load_balancer_arn": "arn:aws:elasticloadbalancing:us-east-1:740749460388:loadbalancer/net/prod-splunk-nlb-indexer-07/506a756628e9494d",
            "port": 443,
            "protocol": "TCP",
            "ssl_policy": "",
            "timeouts": null
          },
          "private": "eyJlMmJmYjczMC1lY2FhLTExZTYtOGY4OC0zNDM2M2JjN2M0YzAiOnsicmVhZCI6NjAwMDAwMDAwMDAwfX0=",
          "dependencies": [
            "module.indexers.aws_alb.lb",
            "module.indexers.aws_alb_target_group.target_9995"
          ]
        }
      ]
    },
    {
      "module": "module.indexers",
      "mode": "managed",
      "type": "aws_alb_target_group",
      "name": "heclb_target_8088",
      "provider": "provider[\"registry.terraform.io/hashicorp/aws\"]",
      "instances": [
        {
          "schema_version": 0,
          "attributes": {
            "arn": "arn:aws:elasticloadbalancing:us-east-1:740749460388:targetgroup/prod-splunk-alb-8088-hec/a7ef3b2f3f447253",
            "arn_suffix": "targetgroup/prod-splunk-alb-8088-hec/a7ef3b2f3f447253",
            "deregistration_delay": 300,
            "health_check": [
              {
                "enabled": true,
                "healthy_threshold": 3,
                "interval": 15,
                "matcher": "200",
                "path": "/services/collector/health",
                "port": "traffic-port",
                "protocol": "HTTPS",
                "timeout": 5,
                "unhealthy_threshold": 3
              }
            ],
            "id": "arn:aws:elasticloadbalancing:us-east-1:740749460388:targetgroup/prod-splunk-alb-8088-hec/a7ef3b2f3f447253",
            "lambda_multi_value_headers_enabled": false,
            "load_balancing_algorithm_type": "round_robin",
            "name": "prod-splunk-alb-8088-hec",
            "name_prefix": null,
            "port": 8088,
            "protocol": "HTTPS",
            "proxy_protocol_v2": false,
            "slow_start": 0,
            "stickiness": [
              {
                "cookie_duration": 86400,
                "enabled": false,
                "type": "lb_cookie"
              }
            ],
            "tags": {
              "Managed_by": "terraform",
              "Module": "splunk_indexers",
              "Name": "prod-splunk-alb-8088-hec",
              "application_name": "splunk",
              "created_by": "Juan Becerra",
              "environment": "prod"
            },
            "target_type": "instance",
            "vpc_id": "vpc-0f9afbd827c17d71a"
          },
          "private": "bnVsbA=="
        }
      ]
    },
    {
      "module": "module.indexers",
      "mode": "managed",
      "type": "aws_alb_target_group",
      "name": "target_9995",
      "provider": "provider[\"registry.terraform.io/hashicorp/aws\"]",
      "instances": [
        {
          "index_key": 0,
          "schema_version": 0,
          "attributes": {
            "arn": "arn:aws:elasticloadbalancing:us-east-1:740749460388:targetgroup/prod-splunk-nlb-9995-indexer-01/30a245015ced45ea",
            "arn_suffix": "targetgroup/prod-splunk-nlb-9995-indexer-01/30a245015ced45ea",
            "deregistration_delay": 300,
            "health_check": [
              {
                "enabled": true,
                "healthy_threshold": 3,
                "interval": 30,
                "matcher": "",
                "path": "",
                "port": "traffic-port",
                "protocol": "TCP",
                "timeout": 10,
                "unhealthy_threshold": 3
              }
            ],
            "id": "arn:aws:elasticloadbalancing:us-east-1:740749460388:targetgroup/prod-splunk-nlb-9995-indexer-01/30a245015ced45ea",
            "lambda_multi_value_headers_enabled": false,
            "load_balancing_algorithm_type": null,
            "name": "prod-splunk-nlb-9995-indexer-01",
            "name_prefix": null,
            "port": 9995,
            "protocol": "TCP",
            "proxy_protocol_v2": false,
            "slow_start": 0,
            "stickiness": [],
            "tags": {
              "Managed_by": "terraform",
              "Module": "splunk_indexers",
              "Name": "prod-splunk-nlb-9995-indexer-01",
              "application_name": "splunk",
              "created_by": "Juan Becerra",
              "environment": "prod"
            },
            "target_type": "instance",
            "vpc_id": "vpc-0f9afbd827c17d71a"
          },
          "private": "bnVsbA=="
        },
        {
          "index_key": 1,
          "schema_version": 0,
          "attributes": {
            "arn": "arn:aws:elasticloadbalancing:us-east-1:740749460388:targetgroup/prod-splunk-nlb-9995-indexer-02/6847540a11137c97",
            "arn_suffix": "targetgroup/prod-splunk-nlb-9995-indexer-02/6847540a11137c97",
            "deregistration_delay": 300,
            "health_check": [
              {
                "enabled": true,
                "healthy_threshold": 3,
                "interval": 30,
                "matcher": "",
                "path": "",
                "port": "traffic-port",
                "protocol": "TCP",
                "timeout": 10,
                "unhealthy_threshold": 3
              }
            ],
            "id": "arn:aws:elasticloadbalancing:us-east-1:740749460388:targetgroup/prod-splunk-nlb-9995-indexer-02/6847540a11137c97",
            "lambda_multi_value_headers_enabled": false,
            "load_balancing_algorithm_type": null,
            "name": "prod-splunk-nlb-9995-indexer-02",
            "name_prefix": null,
            "port": 9995,
            "protocol": "TCP",
            "proxy_protocol_v2": false,
            "slow_start": 0,
            "stickiness": [],
            "tags": {
              "Managed_by": "terraform",
              "Module": "splunk_indexers",
              "Name": "prod-splunk-nlb-9995-indexer-02",
              "application_name": "splunk",
              "created_by": "Juan Becerra",
              "environment": "prod"
            },
            "target_type": "instance",
            "vpc_id": "vpc-0f9afbd827c17d71a"
          },
          "private": "bnVsbA=="
        },
        {
          "index_key": 2,
          "schema_version": 0,
          "attributes": {
            "arn": "arn:aws:elasticloadbalancing:us-east-1:740749460388:targetgroup/prod-splunk-nlb-9995-indexer-03/d877c11472066df7",
            "arn_suffix": "targetgroup/prod-splunk-nlb-9995-indexer-03/d877c11472066df7",
            "deregistration_delay": 300,
            "health_check": [
              {
                "enabled": true,
                "healthy_threshold": 3,
                "interval": 30,
                "matcher": "",
                "path": "",
                "port": "traffic-port",
                "protocol": "TCP",
                "timeout": 10,
                "unhealthy_threshold": 3
              }
            ],
            "id": "arn:aws:elasticloadbalancing:us-east-1:740749460388:targetgroup/prod-splunk-nlb-9995-indexer-03/d877c11472066df7",
            "lambda_multi_value_headers_enabled": false,
            "load_balancing_algorithm_type": null,
            "name": "prod-splunk-nlb-9995-indexer-03",
            "name_prefix": null,
            "port": 9995,
            "protocol": "TCP",
            "proxy_protocol_v2": false,
            "slow_start": 0,
            "stickiness": [],
            "tags": {
              "Managed_by": "terraform",
              "Module": "splunk_indexers",
              "Name": "prod-splunk-nlb-9995-indexer-03",
              "application_name": "splunk",
              "created_by": "Juan Becerra",
              "environment": "prod"
            },
            "target_type": "instance",
            "vpc_id": "vpc-0f9afbd827c17d71a"
          },
          "private": "bnVsbA=="
        },
        {
          "index_key": 3,
          "schema_version": 0,
          "attributes": {
            "arn": "arn:aws:elasticloadbalancing:us-east-1:740749460388:targetgroup/prod-splunk-nlb-9995-indexer-04/599b4b23a6391e74",
            "arn_suffix": "targetgroup/prod-splunk-nlb-9995-indexer-04/599b4b23a6391e74",
            "deregistration_delay": 300,
            "health_check": [
              {
                "enabled": true,
                "healthy_threshold": 3,
                "interval": 30,
                "matcher": "",
                "path": "",
                "port": "traffic-port",
                "protocol": "TCP",
                "timeout": 10,
                "unhealthy_threshold": 3
              }
            ],
            "id": "arn:aws:elasticloadbalancing:us-east-1:740749460388:targetgroup/prod-splunk-nlb-9995-indexer-04/599b4b23a6391e74",
            "lambda_multi_value_headers_enabled": false,
            "load_balancing_algorithm_type": null,
            "name": "prod-splunk-nlb-9995-indexer-04",
            "name_prefix": null,
            "port": 9995,
            "protocol": "TCP",
            "proxy_protocol_v2": false,
            "slow_start": 0,
            "stickiness": [],
            "tags": {
              "Managed_by": "terraform",
              "Module": "splunk_indexers",
              "Name": "prod-splunk-nlb-9995-indexer-04",
              "application_name": "splunk",
              "created_by": "Juan Becerra",
              "environment": "prod"
            },
            "target_type": "instance",
            "vpc_id": "vpc-0f9afbd827c17d71a"
          },
          "private": "bnVsbA=="
        },
        {
          "index_key": 4,
          "schema_version": 0,
          "attributes": {
            "arn": "arn:aws:elasticloadbalancing:us-east-1:740749460388:targetgroup/prod-splunk-nlb-9995-indexer-05/5dec86e9603ebcc4",
            "arn_suffix": "targetgroup/prod-splunk-nlb-9995-indexer-05/5dec86e9603ebcc4",
            "deregistration_delay": 300,
            "health_check": [
              {
                "enabled": true,
                "healthy_threshold": 3,
                "interval": 30,
                "matcher": "",
                "path": "",
                "port": "traffic-port",
                "protocol": "TCP",
                "timeout": 10,
                "unhealthy_threshold": 3
              }
            ],
            "id": "arn:aws:elasticloadbalancing:us-east-1:740749460388:targetgroup/prod-splunk-nlb-9995-indexer-05/5dec86e9603ebcc4",
            "lambda_multi_value_headers_enabled": false,
            "load_balancing_algorithm_type": null,
            "name": "prod-splunk-nlb-9995-indexer-05",
            "name_prefix": null,
            "port": 9995,
            "protocol": "TCP",
            "proxy_protocol_v2": false,
            "slow_start": 0,
            "stickiness": [],
            "tags": {
              "Managed_by": "terraform",
              "Module": "splunk_indexers",
              "Name": "prod-splunk-nlb-9995-indexer-05",
              "application_name": "splunk",
              "created_by": "Juan Becerra",
              "environment": "prod"
            },
            "target_type": "instance",
            "vpc_id": "vpc-0f9afbd827c17d71a"
          },
          "private": "bnVsbA=="
        },
        {
          "index_key": 5,
          "schema_version": 0,
          "attributes": {
            "arn": "arn:aws:elasticloadbalancing:us-east-1:740749460388:targetgroup/prod-splunk-nlb-9995-indexer-06/191ff85b8dfffe19",
            "arn_suffix": "targetgroup/prod-splunk-nlb-9995-indexer-06/191ff85b8dfffe19",
            "deregistration_delay": 300,
            "health_check": [
              {
                "enabled": true,
                "healthy_threshold": 3,
                "interval": 30,
                "matcher": "",
                "path": "",
                "port": "traffic-port",
                "protocol": "TCP",
                "timeout": 10,
                "unhealthy_threshold": 3
              }
            ],
            "id": "arn:aws:elasticloadbalancing:us-east-1:740749460388:targetgroup/prod-splunk-nlb-9995-indexer-06/191ff85b8dfffe19",
            "lambda_multi_value_headers_enabled": false,
            "load_balancing_algorithm_type": null,
            "name": "prod-splunk-nlb-9995-indexer-06",
            "name_prefix": null,
            "port": 9995,
            "protocol": "TCP",
            "proxy_protocol_v2": false,
            "slow_start": 0,
            "stickiness": [],
            "tags": {
              "Managed_by": "terraform",
              "Module": "splunk_indexers",
              "Name": "prod-splunk-nlb-9995-indexer-06",
              "application_name": "splunk",
              "created_by": "Juan Becerra",
              "environment": "prod"
            },
            "target_type": "instance",
            "vpc_id": "vpc-0f9afbd827c17d71a"
          },
          "private": "bnVsbA=="
        },
        {
          "index_key": 6,
          "schema_version": 0,
          "attributes": {
            "arn": "arn:aws:elasticloadbalancing:us-east-1:740749460388:targetgroup/prod-splunk-nlb-9995-indexer-07/d484084052734a7a",
            "arn_suffix": "targetgroup/prod-splunk-nlb-9995-indexer-07/d484084052734a7a",
            "deregistration_delay": 300,
            "health_check": [
              {
                "enabled": true,
                "healthy_threshold": 3,
                "interval": 30,
                "matcher": "",
                "path": "",
                "port": "traffic-port",
                "protocol": "TCP",
                "timeout": 10,
                "unhealthy_threshold": 3
              }
            ],
            "id": "arn:aws:elasticloadbalancing:us-east-1:740749460388:targetgroup/prod-splunk-nlb-9995-indexer-07/d484084052734a7a",
            "lambda_multi_value_headers_enabled": false,
            "load_balancing_algorithm_type": null,
            "name": "prod-splunk-nlb-9995-indexer-07",
            "name_prefix": null,
            "port": 9995,
            "protocol": "TCP",
            "proxy_protocol_v2": false,
            "slow_start": 0,
            "stickiness": [],
            "tags": {
              "Managed_by": "terraform",
              "Module": "splunk_indexers",
              "Name": "prod-splunk-nlb-9995-indexer-07",
              "application_name": "splunk",
              "created_by": "Juan Becerra",
              "environment": "prod"
            },
            "target_type": "instance",
            "vpc_id": "vpc-0f9afbd827c17d71a"
          },
          "private": "bnVsbA=="
        }
      ]
    },
    {
      "module": "module.indexers",
      "mode": "managed",
      "type": "aws_autoscaling_group",
      "name": "indexer",
      "provider": "provider[\"registry.terraform.io/hashicorp/aws\"]",
      "instances": [
        {
          "index_key": 0,
          "schema_version": 0,
          "attributes": {
            "arn": "arn:aws:autoscaling:us-east-1:740749460388:autoScalingGroup:85875176-7a77-462c-be62-7d2d24f518ba:autoScalingGroupName/prod-splunk-asg-indexer-01",
            "availability_zones": [
              "us-east-1a"
            ],
            "default_cooldown": 300,
            "desired_capacity": 1,
            "enabled_metrics": [],
            "force_delete": false,
            "health_check_grace_period": 300,
            "health_check_type": "EC2",
            "id": "prod-splunk-asg-indexer-01",
            "initial_lifecycle_hook": [],
            "launch_configuration": "",
            "launch_template": [
              {
                "id": "lt-0272d3f4563a365c2",
                "name": "splunk-indexer_template",
                "version": "$Latest"
              }
            ],
            "load_balancers": [],
            "max_instance_lifetime": 0,
            "max_size": 1,
            "metrics_granularity": "1Minute",
            "min_elb_capacity": null,
            "min_size": 1,
            "mixed_instances_policy": [],
            "name": "prod-splunk-asg-indexer-01",
            "name_prefix": null,
            "placement_group": "",
            "protect_from_scale_in": false,
            "service_linked_role_arn": "arn:aws:iam::740749460388:role/aws-service-role/autoscaling.amazonaws.com/AWSServiceRoleForAutoScaling",
            "suspended_processes": [],
            "tag": [
              {
                "key": "Name",
                "propagate_at_launch": true,
                "value": "splunk-indexer-01"
              },
              {
                "key": "asg:hostname",
                "propagate_at_launch": true,
                "value": "splunk-indexer-01.splunkinternal.com@Z1025878278SY9EZW6LQL"
              }
            ],
            "tags": null,
            "target_group_arns": [
              "arn:aws:elasticloadbalancing:us-east-1:740749460388:targetgroup/prod-splunk-alb-8088-hec/a7ef3b2f3f447253",
              "arn:aws:elasticloadbalancing:us-east-1:740749460388:targetgroup/prod-splunk-nlb-9995-indexer-01/30a245015ced45ea"
            ],
            "termination_policies": [],
            "timeouts": null,
            "vpc_zone_identifier": [
              "subnet-04e34d59a76c94fb8"
            ],
            "wait_for_capacity_timeout": "0",
            "wait_for_elb_capacity": null
          },
          "private": "eyJlMmJmYjczMC1lY2FhLTExZTYtOGY4OC0zNDM2M2JjN2M0YzAiOnsiZGVsZXRlIjo2MDAwMDAwMDAwMDB9fQ==",
          "dependencies": [
            "module.common.aws_iam_instance_profile.splunk-instance-profile",
            "module.common.aws_iam_role.splunk-instance-profile",
            "module.common.aws_s3_bucket.inits",
            "module.indexers.aws_alb_target_group.heclb_target_8088",
            "module.indexers.aws_alb_target_group.target_9995",
            "module.indexers.aws_launch_template.instance_template",
            "module.indexers.aws_security_group.instance_sg",
            "module.indexers.data.aws_ami.ami_source",
            "module.indexers.data.aws_route53_zone.private_zone",
            "module.route53_dns.aws_route53_zone.private"
          ],
          "create_before_destroy": true
        },
        {
          "index_key": 1,
          "schema_version": 0,
          "attributes": {
            "arn": "arn:aws:autoscaling:us-east-1:740749460388:autoScalingGroup:7a47f03b-d161-4ce1-99ef-6493a0f8c3e5:autoScalingGroupName/prod-splunk-asg-indexer-02",
            "availability_zones": [
              "us-east-1b"
            ],
            "default_cooldown": 300,
            "desired_capacity": 1,
            "enabled_metrics": [],
            "force_delete": false,
            "health_check_grace_period": 300,
            "health_check_type": "EC2",
            "id": "prod-splunk-asg-indexer-02",
            "initial_lifecycle_hook": [],
            "launch_configuration": "",
            "launch_template": [
              {
                "id": "lt-0272d3f4563a365c2",
                "name": "splunk-indexer_template",
                "version": "$Latest"
              }
            ],
            "load_balancers": [],
            "max_instance_lifetime": 0,
            "max_size": 1,
            "metrics_granularity": "1Minute",
            "min_elb_capacity": null,
            "min_size": 1,
            "mixed_instances_policy": [],
            "name": "prod-splunk-asg-indexer-02",
            "name_prefix": null,
            "placement_group": "",
            "protect_from_scale_in": false,
            "service_linked_role_arn": "arn:aws:iam::740749460388:role/aws-service-role/autoscaling.amazonaws.com/AWSServiceRoleForAutoScaling",
            "suspended_processes": [],
            "tag": [
              {
                "key": "Name",
                "propagate_at_launch": true,
                "value": "splunk-indexer-02"
              },
              {
                "key": "asg:hostname",
                "propagate_at_launch": true,
                "value": "splunk-indexer-02.splunkinternal.com@Z1025878278SY9EZW6LQL"
              }
            ],
            "tags": null,
            "target_group_arns": [
              "arn:aws:elasticloadbalancing:us-east-1:740749460388:targetgroup/prod-splunk-alb-8088-hec/a7ef3b2f3f447253",
              "arn:aws:elasticloadbalancing:us-east-1:740749460388:targetgroup/prod-splunk-nlb-9995-indexer-02/6847540a11137c97"
            ],
            "termination_policies": [],
            "timeouts": null,
            "vpc_zone_identifier": [
              "subnet-02bb68a15c69c57b7"
            ],
            "wait_for_capacity_timeout": "0",
            "wait_for_elb_capacity": null
          },
          "private": "eyJlMmJmYjczMC1lY2FhLTExZTYtOGY4OC0zNDM2M2JjN2M0YzAiOnsiZGVsZXRlIjo2MDAwMDAwMDAwMDB9fQ==",
          "dependencies": [
            "module.common.aws_iam_instance_profile.splunk-instance-profile",
            "module.common.aws_iam_role.splunk-instance-profile",
            "module.common.aws_s3_bucket.inits",
            "module.indexers.aws_alb_target_group.heclb_target_8088",
            "module.indexers.aws_alb_target_group.target_9995",
            "module.indexers.aws_launch_template.instance_template",
            "module.indexers.aws_security_group.instance_sg",
            "module.indexers.data.aws_ami.ami_source",
            "module.indexers.data.aws_route53_zone.private_zone",
            "module.route53_dns.aws_route53_zone.private"
          ],
          "create_before_destroy": true
        },
        {
          "index_key": 2,
          "schema_version": 0,
          "attributes": {
            "arn": "arn:aws:autoscaling:us-east-1:740749460388:autoScalingGroup:e8e7d4c4-7244-47ce-9e9e-787351808dc2:autoScalingGroupName/prod-splunk-asg-indexer-03",
            "availability_zones": [
              "us-east-1c"
            ],
            "default_cooldown": 300,
            "desired_capacity": 1,
            "enabled_metrics": [],
            "force_delete": false,
            "health_check_grace_period": 300,
            "health_check_type": "EC2",
            "id": "prod-splunk-asg-indexer-03",
            "initial_lifecycle_hook": [],
            "launch_configuration": "",
            "launch_template": [
              {
                "id": "lt-0272d3f4563a365c2",
                "name": "splunk-indexer_template",
                "version": "$Latest"
              }
            ],
            "load_balancers": [],
            "max_instance_lifetime": 0,
            "max_size": 1,
            "metrics_granularity": "1Minute",
            "min_elb_capacity": null,
            "min_size": 1,
            "mixed_instances_policy": [],
            "name": "prod-splunk-asg-indexer-03",
            "name_prefix": null,
            "placement_group": "",
            "protect_from_scale_in": false,
            "service_linked_role_arn": "arn:aws:iam::740749460388:role/aws-service-role/autoscaling.amazonaws.com/AWSServiceRoleForAutoScaling",
            "suspended_processes": [],
            "tag": [
              {
                "key": "Name",
                "propagate_at_launch": true,
                "value": "splunk-indexer-03"
              },
              {
                "key": "asg:hostname",
                "propagate_at_launch": true,
                "value": "splunk-indexer-03.splunkinternal.com@Z1025878278SY9EZW6LQL"
              }
            ],
            "tags": null,
            "target_group_arns": [
              "arn:aws:elasticloadbalancing:us-east-1:740749460388:targetgroup/prod-splunk-alb-8088-hec/a7ef3b2f3f447253",
              "arn:aws:elasticloadbalancing:us-east-1:740749460388:targetgroup/prod-splunk-nlb-9995-indexer-03/d877c11472066df7"
            ],
            "termination_policies": [],
            "timeouts": null,
            "vpc_zone_identifier": [
              "subnet-0e8d86d222995993e"
            ],
            "wait_for_capacity_timeout": "0",
            "wait_for_elb_capacity": null
          },
          "private": "eyJlMmJmYjczMC1lY2FhLTExZTYtOGY4OC0zNDM2M2JjN2M0YzAiOnsiZGVsZXRlIjo2MDAwMDAwMDAwMDB9fQ==",
          "dependencies": [
            "module.common.aws_iam_instance_profile.splunk-instance-profile",
            "module.common.aws_iam_role.splunk-instance-profile",
            "module.common.aws_s3_bucket.inits",
            "module.indexers.aws_alb_target_group.heclb_target_8088",
            "module.indexers.aws_alb_target_group.target_9995",
            "module.indexers.aws_launch_template.instance_template",
            "module.indexers.aws_security_group.instance_sg",
            "module.indexers.data.aws_ami.ami_source",
            "module.indexers.data.aws_route53_zone.private_zone",
            "module.route53_dns.aws_route53_zone.private"
          ],
          "create_before_destroy": true
        },
        {
          "index_key": 3,
          "schema_version": 0,
          "attributes": {
            "arn": "arn:aws:autoscaling:us-east-1:740749460388:autoScalingGroup:54856c0c-ca64-45d2-a045-1ee2b46dfa55:autoScalingGroupName/prod-splunk-asg-indexer-04",
            "availability_zones": [
              "us-east-1a"
            ],
            "default_cooldown": 300,
            "desired_capacity": 1,
            "enabled_metrics": [],
            "force_delete": false,
            "health_check_grace_period": 300,
            "health_check_type": "EC2",
            "id": "prod-splunk-asg-indexer-04",
            "initial_lifecycle_hook": [],
            "launch_configuration": "",
            "launch_template": [
              {
                "id": "lt-0272d3f4563a365c2",
                "name": "splunk-indexer_template",
                "version": "$Latest"
              }
            ],
            "load_balancers": [],
            "max_instance_lifetime": 0,
            "max_size": 1,
            "metrics_granularity": "1Minute",
            "min_elb_capacity": null,
            "min_size": 1,
            "mixed_instances_policy": [],
            "name": "prod-splunk-asg-indexer-04",
            "name_prefix": null,
            "placement_group": "",
            "protect_from_scale_in": false,
            "service_linked_role_arn": "arn:aws:iam::740749460388:role/aws-service-role/autoscaling.amazonaws.com/AWSServiceRoleForAutoScaling",
            "suspended_processes": [],
            "tag": [
              {
                "key": "Name",
                "propagate_at_launch": true,
                "value": "splunk-indexer-04"
              },
              {
                "key": "asg:hostname",
                "propagate_at_launch": true,
                "value": "splunk-indexer-04.splunkinternal.com@Z1025878278SY9EZW6LQL"
              }
            ],
            "tags": null,
            "target_group_arns": [
              "arn:aws:elasticloadbalancing:us-east-1:740749460388:targetgroup/prod-splunk-alb-8088-hec/a7ef3b2f3f447253",
              "arn:aws:elasticloadbalancing:us-east-1:740749460388:targetgroup/prod-splunk-nlb-9995-indexer-04/599b4b23a6391e74"
            ],
            "termination_policies": [],
            "timeouts": null,
            "vpc_zone_identifier": [
              "subnet-04e34d59a76c94fb8"
            ],
            "wait_for_capacity_timeout": "0",
            "wait_for_elb_capacity": null
          },
          "private": "eyJlMmJmYjczMC1lY2FhLTExZTYtOGY4OC0zNDM2M2JjN2M0YzAiOnsiZGVsZXRlIjo2MDAwMDAwMDAwMDB9fQ==",
          "dependencies": [
            "module.common.aws_iam_instance_profile.splunk-instance-profile",
            "module.common.aws_iam_role.splunk-instance-profile",
            "module.common.aws_s3_bucket.inits",
            "module.indexers.aws_alb_target_group.heclb_target_8088",
            "module.indexers.aws_alb_target_group.target_9995",
            "module.indexers.aws_launch_template.instance_template",
            "module.indexers.aws_security_group.instance_sg",
            "module.indexers.data.aws_ami.ami_source",
            "module.indexers.data.aws_route53_zone.private_zone",
            "module.route53_dns.aws_route53_zone.private"
          ],
          "create_before_destroy": true
        },
        {
          "index_key": 4,
          "schema_version": 0,
          "attributes": {
            "arn": "arn:aws:autoscaling:us-east-1:740749460388:autoScalingGroup:5a5e13bf-e2ea-4b05-84bb-7358b90a20e0:autoScalingGroupName/prod-splunk-asg-indexer-05",
            "availability_zones": [
              "us-east-1b"
            ],
            "default_cooldown": 300,
            "desired_capacity": 1,
            "enabled_metrics": [],
            "force_delete": false,
            "health_check_grace_period": 300,
            "health_check_type": "EC2",
            "id": "prod-splunk-asg-indexer-05",
            "initial_lifecycle_hook": [],
            "launch_configuration": "",
            "launch_template": [
              {
                "id": "lt-0272d3f4563a365c2",
                "name": "splunk-indexer_template",
                "version": "$Latest"
              }
            ],
            "load_balancers": [],
            "max_instance_lifetime": 0,
            "max_size": 1,
            "metrics_granularity": "1Minute",
            "min_elb_capacity": null,
            "min_size": 1,
            "mixed_instances_policy": [],
            "name": "prod-splunk-asg-indexer-05",
            "name_prefix": null,
            "placement_group": "",
            "protect_from_scale_in": false,
            "service_linked_role_arn": "arn:aws:iam::740749460388:role/aws-service-role/autoscaling.amazonaws.com/AWSServiceRoleForAutoScaling",
            "suspended_processes": [],
            "tag": [
              {
                "key": "Name",
                "propagate_at_launch": true,
                "value": "splunk-indexer-05"
              },
              {
                "key": "asg:hostname",
                "propagate_at_launch": true,
                "value": "splunk-indexer-05.splunkinternal.com@Z1025878278SY9EZW6LQL"
              }
            ],
            "tags": null,
            "target_group_arns": [
              "arn:aws:elasticloadbalancing:us-east-1:740749460388:targetgroup/prod-splunk-alb-8088-hec/a7ef3b2f3f447253",
              "arn:aws:elasticloadbalancing:us-east-1:740749460388:targetgroup/prod-splunk-nlb-9995-indexer-05/5dec86e9603ebcc4"
            ],
            "termination_policies": [],
            "timeouts": null,
            "vpc_zone_identifier": [
              "subnet-02bb68a15c69c57b7"
            ],
            "wait_for_capacity_timeout": "0",
            "wait_for_elb_capacity": null
          },
          "private": "eyJlMmJmYjczMC1lY2FhLTExZTYtOGY4OC0zNDM2M2JjN2M0YzAiOnsiZGVsZXRlIjo2MDAwMDAwMDAwMDB9fQ==",
          "dependencies": [
            "module.common.aws_iam_instance_profile.splunk-instance-profile",
            "module.common.aws_iam_role.splunk-instance-profile",
            "module.common.aws_s3_bucket.inits",
            "module.indexers.aws_alb_target_group.heclb_target_8088",
            "module.indexers.aws_alb_target_group.target_9995",
            "module.indexers.aws_launch_template.instance_template",
            "module.indexers.aws_security_group.instance_sg",
            "module.indexers.data.aws_ami.ami_source",
            "module.indexers.data.aws_route53_zone.private_zone",
            "module.route53_dns.aws_route53_zone.private"
          ],
          "create_before_destroy": true
        },
        {
          "index_key": 5,
          "schema_version": 0,
          "attributes": {
            "arn": "arn:aws:autoscaling:us-east-1:740749460388:autoScalingGroup:efba1d63-abd2-4df1-805f-6650eaab5531:autoScalingGroupName/prod-splunk-asg-indexer-06",
            "availability_zones": [
              "us-east-1c"
            ],
            "default_cooldown": 300,
            "desired_capacity": 1,
            "enabled_metrics": [],
            "force_delete": false,
            "health_check_grace_period": 300,
            "health_check_type": "EC2",
            "id": "prod-splunk-asg-indexer-06",
            "initial_lifecycle_hook": [],
            "launch_configuration": "",
            "launch_template": [
              {
                "id": "lt-0272d3f4563a365c2",
                "name": "splunk-indexer_template",
                "version": "$Latest"
              }
            ],
            "load_balancers": [],
            "max_instance_lifetime": 0,
            "max_size": 1,
            "metrics_granularity": "1Minute",
            "min_elb_capacity": null,
            "min_size": 1,
            "mixed_instances_policy": [],
            "name": "prod-splunk-asg-indexer-06",
            "name_prefix": null,
            "placement_group": "",
            "protect_from_scale_in": false,
            "service_linked_role_arn": "arn:aws:iam::740749460388:role/aws-service-role/autoscaling.amazonaws.com/AWSServiceRoleForAutoScaling",
            "suspended_processes": [],
            "tag": [
              {
                "key": "Name",
                "propagate_at_launch": true,
                "value": "splunk-indexer-06"
              },
              {
                "key": "asg:hostname",
                "propagate_at_launch": true,
                "value": "splunk-indexer-06.splunkinternal.com@Z1025878278SY9EZW6LQL"
              }
            ],
            "tags": null,
            "target_group_arns": [
              "arn:aws:elasticloadbalancing:us-east-1:740749460388:targetgroup/prod-splunk-alb-8088-hec/a7ef3b2f3f447253",
              "arn:aws:elasticloadbalancing:us-east-1:740749460388:targetgroup/prod-splunk-nlb-9995-indexer-06/191ff85b8dfffe19"
            ],
            "termination_policies": [],
            "timeouts": null,
            "vpc_zone_identifier": [
              "subnet-0e8d86d222995993e"
            ],
            "wait_for_capacity_timeout": "0",
            "wait_for_elb_capacity": null
          },
          "private": "eyJlMmJmYjczMC1lY2FhLTExZTYtOGY4OC0zNDM2M2JjN2M0YzAiOnsiZGVsZXRlIjo2MDAwMDAwMDAwMDB9fQ==",
          "dependencies": [
            "module.common.aws_iam_instance_profile.splunk-instance-profile",
            "module.common.aws_iam_role.splunk-instance-profile",
            "module.common.aws_s3_bucket.inits",
            "module.indexers.aws_alb_target_group.heclb_target_8088",
            "module.indexers.aws_alb_target_group.target_9995",
            "module.indexers.aws_launch_template.instance_template",
            "module.indexers.aws_security_group.instance_sg",
            "module.indexers.data.aws_ami.ami_source",
            "module.indexers.data.aws_route53_zone.private_zone",
            "module.route53_dns.aws_route53_zone.private"
          ],
          "create_before_destroy": true
        },
        {
          "index_key": 6,
          "schema_version": 0,
          "attributes": {
            "arn": "arn:aws:autoscaling:us-east-1:740749460388:autoScalingGroup:0805608a-9684-4eff-8a4a-257bda89eafb:autoScalingGroupName/prod-splunk-asg-indexer-07",
            "availability_zones": [
              "us-east-1a"
            ],
            "default_cooldown": 300,
            "desired_capacity": 1,
            "enabled_metrics": [],
            "force_delete": false,
            "health_check_grace_period": 300,
            "health_check_type": "EC2",
            "id": "prod-splunk-asg-indexer-07",
            "initial_lifecycle_hook": [],
            "launch_configuration": "",
            "launch_template": [
              {
                "id": "lt-0272d3f4563a365c2",
                "name": "splunk-indexer_template",
                "version": "$Latest"
              }
            ],
            "load_balancers": [],
            "max_instance_lifetime": 0,
            "max_size": 1,
            "metrics_granularity": "1Minute",
            "min_elb_capacity": null,
            "min_size": 1,
            "mixed_instances_policy": [],
            "name": "prod-splunk-asg-indexer-07",
            "name_prefix": null,
            "placement_group": "",
            "protect_from_scale_in": false,
            "service_linked_role_arn": "arn:aws:iam::740749460388:role/aws-service-role/autoscaling.amazonaws.com/AWSServiceRoleForAutoScaling",
            "suspended_processes": [],
            "tag": [
              {
                "key": "Name",
                "propagate_at_launch": true,
                "value": "splunk-indexer-07"
              },
              {
                "key": "asg:hostname",
                "propagate_at_launch": true,
                "value": "splunk-indexer-07.splunkinternal.com@Z1025878278SY9EZW6LQL"
              }
            ],
            "tags": null,
            "target_group_arns": [
              "arn:aws:elasticloadbalancing:us-east-1:740749460388:targetgroup/prod-splunk-alb-8088-hec/a7ef3b2f3f447253",
              "arn:aws:elasticloadbalancing:us-east-1:740749460388:targetgroup/prod-splunk-nlb-9995-indexer-07/d484084052734a7a"
            ],
            "termination_policies": [],
            "timeouts": null,
            "vpc_zone_identifier": [
              "subnet-04e34d59a76c94fb8"
            ],
            "wait_for_capacity_timeout": "0",
            "wait_for_elb_capacity": null
          },
          "private": "eyJlMmJmYjczMC1lY2FhLTExZTYtOGY4OC0zNDM2M2JjN2M0YzAiOnsiZGVsZXRlIjo2MDAwMDAwMDAwMDB9fQ==",
          "dependencies": [
            "module.common.aws_iam_instance_profile.splunk-instance-profile",
            "module.common.aws_iam_role.splunk-instance-profile",
            "module.common.aws_s3_bucket.inits",
            "module.indexers.aws_alb_target_group.heclb_target_8088",
            "module.indexers.aws_alb_target_group.target_9995",
            "module.indexers.aws_launch_template.instance_template",
            "module.indexers.aws_security_group.instance_sg",
            "module.indexers.data.aws_ami.ami_source",
            "module.indexers.data.aws_route53_zone.private_zone",
            "module.route53_dns.aws_route53_zone.private"
          ],
          "create_before_destroy": true
        }
      ]
    },
    {
      "module": "module.indexers",
      "mode": "managed",
      "type": "aws_autoscaling_lifecycle_hook",
      "name": "asg_launch_hook",
      "provider": "provider[\"registry.terraform.io/hashicorp/aws\"]",
      "instances": [
        {
          "index_key": 0,
          "schema_version": 0,
          "attributes": {
            "autoscaling_group_name": "prod-splunk-asg-indexer-01",
            "default_result": "CONTINUE",
            "heartbeat_timeout": 60,
            "id": "prod-splunk-asg-indexer-01-launch",
            "lifecycle_transition": "autoscaling:EC2_INSTANCE_LAUNCHING",
            "name": "prod-splunk-asg-indexer-01-launch",
            "notification_metadata": "",
            "notification_target_arn": "arn:aws:sns:us-east-1:740749460388:ddns_handling",
            "role_arn": "arn:aws:iam::740749460388:role/ddns_lifecycle"
          },
          "private": "bnVsbA==",
          "dependencies": [
            "module.common.aws_iam_instance_profile.splunk-instance-profile",
            "module.common.aws_iam_role.splunk-instance-profile",
            "module.common.aws_s3_bucket.inits",
            "module.indexers.aws_alb_target_group.heclb_target_8088",
            "module.indexers.aws_alb_target_group.target_9995",
            "module.indexers.aws_autoscaling_group.indexer",
            "module.indexers.aws_launch_template.instance_template",
            "module.indexers.aws_security_group.instance_sg",
            "module.indexers.data.aws_ami.ami_source",
            "module.indexers.data.aws_route53_zone.private_zone",
            "module.route53_dns.aws_iam_role.ddns_lifecycle",
            "module.route53_dns.aws_route53_zone.private",
            "module.route53_dns.aws_sns_topic.ddns_handling",
            "module.route53_dns.data.aws_iam_policy_document.asg_assume"
          ]
        },
        {
          "index_key": 1,
          "schema_version": 0,
          "attributes": {
            "autoscaling_group_name": "prod-splunk-asg-indexer-02",
            "default_result": "CONTINUE",
            "heartbeat_timeout": 60,
            "id": "prod-splunk-asg-indexer-02-launch",
            "lifecycle_transition": "autoscaling:EC2_INSTANCE_LAUNCHING",
            "name": "prod-splunk-asg-indexer-02-launch",
            "notification_metadata": "",
            "notification_target_arn": "arn:aws:sns:us-east-1:740749460388:ddns_handling",
            "role_arn": "arn:aws:iam::740749460388:role/ddns_lifecycle"
          },
          "private": "bnVsbA==",
          "dependencies": [
            "module.common.aws_iam_instance_profile.splunk-instance-profile",
            "module.common.aws_iam_role.splunk-instance-profile",
            "module.common.aws_s3_bucket.inits",
            "module.indexers.aws_alb_target_group.heclb_target_8088",
            "module.indexers.aws_alb_target_group.target_9995",
            "module.indexers.aws_autoscaling_group.indexer",
            "module.indexers.aws_launch_template.instance_template",
            "module.indexers.aws_security_group.instance_sg",
            "module.indexers.data.aws_ami.ami_source",
            "module.indexers.data.aws_route53_zone.private_zone",
            "module.route53_dns.aws_iam_role.ddns_lifecycle",
            "module.route53_dns.aws_route53_zone.private",
            "module.route53_dns.aws_sns_topic.ddns_handling",
            "module.route53_dns.data.aws_iam_policy_document.asg_assume"
          ]
        },
        {
          "index_key": 2,
          "schema_version": 0,
          "attributes": {
            "autoscaling_group_name": "prod-splunk-asg-indexer-03",
            "default_result": "CONTINUE",
            "heartbeat_timeout": 60,
            "id": "prod-splunk-asg-indexer-03-launch",
            "lifecycle_transition": "autoscaling:EC2_INSTANCE_LAUNCHING",
            "name": "prod-splunk-asg-indexer-03-launch",
            "notification_metadata": "",
            "notification_target_arn": "arn:aws:sns:us-east-1:740749460388:ddns_handling",
            "role_arn": "arn:aws:iam::740749460388:role/ddns_lifecycle"
          },
          "private": "bnVsbA==",
          "dependencies": [
            "module.common.aws_iam_instance_profile.splunk-instance-profile",
            "module.common.aws_iam_role.splunk-instance-profile",
            "module.common.aws_s3_bucket.inits",
            "module.indexers.aws_alb_target_group.heclb_target_8088",
            "module.indexers.aws_alb_target_group.target_9995",
            "module.indexers.aws_autoscaling_group.indexer",
            "module.indexers.aws_launch_template.instance_template",
            "module.indexers.aws_security_group.instance_sg",
            "module.indexers.data.aws_ami.ami_source",
            "module.indexers.data.aws_route53_zone.private_zone",
            "module.route53_dns.aws_iam_role.ddns_lifecycle",
            "module.route53_dns.aws_route53_zone.private",
            "module.route53_dns.aws_sns_topic.ddns_handling",
            "module.route53_dns.data.aws_iam_policy_document.asg_assume"
          ]
        },
        {
          "index_key": 3,
          "schema_version": 0,
          "attributes": {
            "autoscaling_group_name": "prod-splunk-asg-indexer-04",
            "default_result": "CONTINUE",
            "heartbeat_timeout": 60,
            "id": "prod-splunk-asg-indexer-04-launch",
            "lifecycle_transition": "autoscaling:EC2_INSTANCE_LAUNCHING",
            "name": "prod-splunk-asg-indexer-04-launch",
            "notification_metadata": "",
            "notification_target_arn": "arn:aws:sns:us-east-1:740749460388:ddns_handling",
            "role_arn": "arn:aws:iam::740749460388:role/ddns_lifecycle"
          },
          "private": "bnVsbA==",
          "dependencies": [
            "module.common.aws_iam_instance_profile.splunk-instance-profile",
            "module.common.aws_iam_role.splunk-instance-profile",
            "module.common.aws_s3_bucket.inits",
            "module.indexers.aws_alb_target_group.heclb_target_8088",
            "module.indexers.aws_alb_target_group.target_9995",
            "module.indexers.aws_autoscaling_group.indexer",
            "module.indexers.aws_launch_template.instance_template",
            "module.indexers.aws_security_group.instance_sg",
            "module.indexers.data.aws_ami.ami_source",
            "module.indexers.data.aws_route53_zone.private_zone",
            "module.route53_dns.aws_iam_role.ddns_lifecycle",
            "module.route53_dns.aws_route53_zone.private",
            "module.route53_dns.aws_sns_topic.ddns_handling",
            "module.route53_dns.data.aws_iam_policy_document.asg_assume"
          ]
        },
        {
          "index_key": 4,
          "schema_version": 0,
          "attributes": {
            "autoscaling_group_name": "prod-splunk-asg-indexer-05",
            "default_result": "CONTINUE",
            "heartbeat_timeout": 60,
            "id": "prod-splunk-asg-indexer-05-launch",
            "lifecycle_transition": "autoscaling:EC2_INSTANCE_LAUNCHING",
            "name": "prod-splunk-asg-indexer-05-launch",
            "notification_metadata": "",
            "notification_target_arn": "arn:aws:sns:us-east-1:740749460388:ddns_handling",
            "role_arn": "arn:aws:iam::740749460388:role/ddns_lifecycle"
          },
          "private": "bnVsbA==",
          "dependencies": [
            "module.common.aws_iam_instance_profile.splunk-instance-profile",
            "module.common.aws_iam_role.splunk-instance-profile",
            "module.common.aws_s3_bucket.inits",
            "module.indexers.aws_alb_target_group.heclb_target_8088",
            "module.indexers.aws_alb_target_group.target_9995",
            "module.indexers.aws_autoscaling_group.indexer",
            "module.indexers.aws_launch_template.instance_template",
            "module.indexers.aws_security_group.instance_sg",
            "module.indexers.data.aws_ami.ami_source",
            "module.indexers.data.aws_route53_zone.private_zone",
            "module.route53_dns.aws_iam_role.ddns_lifecycle",
            "module.route53_dns.aws_route53_zone.private",
            "module.route53_dns.aws_sns_topic.ddns_handling",
            "module.route53_dns.data.aws_iam_policy_document.asg_assume"
          ]
        },
        {
          "index_key": 5,
          "schema_version": 0,
          "attributes": {
            "autoscaling_group_name": "prod-splunk-asg-indexer-06",
            "default_result": "CONTINUE",
            "heartbeat_timeout": 60,
            "id": "prod-splunk-asg-indexer-06-launch",
            "lifecycle_transition": "autoscaling:EC2_INSTANCE_LAUNCHING",
            "name": "prod-splunk-asg-indexer-06-launch",
            "notification_metadata": "",
            "notification_target_arn": "arn:aws:sns:us-east-1:740749460388:ddns_handling",
            "role_arn": "arn:aws:iam::740749460388:role/ddns_lifecycle"
          },
          "private": "bnVsbA==",
          "dependencies": [
            "module.common.aws_iam_instance_profile.splunk-instance-profile",
            "module.common.aws_iam_role.splunk-instance-profile",
            "module.common.aws_s3_bucket.inits",
            "module.indexers.aws_alb_target_group.heclb_target_8088",
            "module.indexers.aws_alb_target_group.target_9995",
            "module.indexers.aws_autoscaling_group.indexer",
            "module.indexers.aws_launch_template.instance_template",
            "module.indexers.aws_security_group.instance_sg",
            "module.indexers.data.aws_ami.ami_source",
            "module.indexers.data.aws_route53_zone.private_zone",
            "module.route53_dns.aws_iam_role.ddns_lifecycle",
            "module.route53_dns.aws_route53_zone.private",
            "module.route53_dns.aws_sns_topic.ddns_handling",
            "module.route53_dns.data.aws_iam_policy_document.asg_assume"
          ]
        },
        {
          "index_key": 6,
          "schema_version": 0,
          "attributes": {
            "autoscaling_group_name": "prod-splunk-asg-indexer-07",
            "default_result": "CONTINUE",
            "heartbeat_timeout": 60,
            "id": "prod-splunk-asg-indexer-07-launch",
            "lifecycle_transition": "autoscaling:EC2_INSTANCE_LAUNCHING",
            "name": "prod-splunk-asg-indexer-07-launch",
            "notification_metadata": "",
            "notification_target_arn": "arn:aws:sns:us-east-1:740749460388:ddns_handling",
            "role_arn": "arn:aws:iam::740749460388:role/ddns_lifecycle"
          },
          "private": "bnVsbA==",
          "dependencies": [
            "module.common.aws_iam_instance_profile.splunk-instance-profile",
            "module.common.aws_iam_role.splunk-instance-profile",
            "module.common.aws_s3_bucket.inits",
            "module.indexers.aws_alb_target_group.heclb_target_8088",
            "module.indexers.aws_alb_target_group.target_9995",
            "module.indexers.aws_autoscaling_group.indexer",
            "module.indexers.aws_launch_template.instance_template",
            "module.indexers.aws_security_group.instance_sg",
            "module.indexers.data.aws_ami.ami_source",
            "module.indexers.data.aws_route53_zone.private_zone",
            "module.route53_dns.aws_iam_role.ddns_lifecycle",
            "module.route53_dns.aws_route53_zone.private",
            "module.route53_dns.aws_sns_topic.ddns_handling",
            "module.route53_dns.data.aws_iam_policy_document.asg_assume"
          ]
        }
      ]
    },
    {
      "module": "module.indexers",
      "mode": "managed",
      "type": "aws_launch_template",
      "name": "instance_template",
      "provider": "provider[\"registry.terraform.io/hashicorp/aws\"]",
      "instances": [
        {
          "schema_version": 0,
          "attributes": {
            "arn": "arn:aws:ec2:us-east-1:740749460388:launch-template/lt-0272d3f4563a365c2",
            "block_device_mappings": [
              {
                "device_name": "/dev/xvda",
                "ebs": [
                  {
                    "delete_on_termination": "",
                    "encrypted": "",
                    "iops": 0,
                    "kms_key_id": "",
                    "snapshot_id": "",
                    "volume_size": 300,
                    "volume_type": ""
                  }
                ],
                "no_device": "",
                "virtual_name": ""
              },
              {
                "device_name": "/dev/sdg",
                "ebs": [
                  {
                    "delete_on_termination": "",
                    "encrypted": "",
                    "iops": 0,
                    "kms_key_id": "",
                    "snapshot_id": "",
                    "volume_size": 5120,
                    "volume_type": "gp2"
                  }
                ],
                "no_device": "",
                "virtual_name": ""
              }
            ],
            "capacity_reservation_specification": [],
            "cpu_options": [],
            "credit_specification": [],
            "default_version": 1,
            "description": "",
            "disable_api_termination": false,
            "ebs_optimized": "true",
            "elastic_gpu_specifications": [],
            "elastic_inference_accelerator": [],
            "hibernation_options": [],
            "iam_instance_profile": [
              {
                "arn": "",
                "name": "prod-splunk-ec2-role"
              }
            ],
            "id": "lt-0272d3f4563a365c2",
            "image_id": "ami-0ef7c9e41403f3ed1",
            "instance_initiated_shutdown_behavior": "",
            "instance_market_options": [],
            "instance_type": "c5.2xlarge",
            "kernel_id": "",
            "key_name": "splunk-prod",
            "latest_version": 1,
            "license_specification": [],
            "metadata_options": [],
            "monitoring": [
              {
                "enabled": true
              }
            ],
            "name": "splunk-indexer_template",
            "name_prefix": null,
            "network_interfaces": [],
            "placement": [],
            "ram_disk_id": "",
            "security_group_names": [],
            "tag_specifications": [
              {
                "resource_type": "volume",
                "tags": {
                  "Managed_by": "terraform",
                  "Module": "splunk_indexers",
                  "Name": "indexers_volumes",
                  "application_name": "splunk",
                  "created_by": "Juan Becerra",
                  "environment": "prod"
                }
              },
              {
                "resource_type": "instance",
                "tags": {
                  "Managed_by": "terraform",
                  "Module": "splunk_indexers",
                  "S3_Config_Bucket": "prod-<customer>splunkprod-us-east-1-splunk-initial-configs",
                  "SessionsManager": "Devops",
                  "application_name": "splunk",
                  "created_by": "Juan Becerra",
                  "environment": "prod"
                }
              }
            ],
            "tags": {},
            "update_default_version": null,
            "user_data": "IyEvdXNyL2Jpbi9lbnYgYmFzaApzZXQgLWUKZXhwb3J0IEFWQUlMQUJJTElUWV9aT05FPSQoY3VybCAtc0xmIGh0dHA6Ly8xNjkuMjU0LjE2OS4yNTQvbGF0ZXN0L21ldGEtZGF0YS9wbGFjZW1lbnQvYXZhaWxhYmlsaXR5LXpvbmUpCmV4cG9ydCBJTlNUQU5DRV9JRD0kKGN1cmwgLXNMZiBodHRwOi8vMTY5LjI1NC4xNjkuMjU0L2xhdGVzdC9tZXRhLWRhdGEvaW5zdGFuY2UtaWQpCmV4cG9ydCBBV1NfUkVHSU9OPSQoY3VybCAtcyAxNjkuMjU0LjE2OS4yNTQvbGF0ZXN0L21ldGEtZGF0YS9wbGFjZW1lbnQvYXZhaWxhYmlsaXR5LXpvbmUgfCBzZWQgJ3MvLiQvLycpCmV4cG9ydCBORVdfSE9TVE5BTUU9JChhd3MgZWMyIGRlc2NyaWJlLXRhZ3MgLS1maWx0ZXJzICJOYW1lPXJlc291cmNlLWlkLFZhbHVlcz0ke0lOU1RBTkNFX0lEfSIgLS1yZWdpb24gJEFXU19SRUdJT04gLS1vdXRwdXQ9dGV4dHwgIGdyZXAgIlxzTmFtZSIgfGF3ayAne3ByaW50ICQ1fScpCmV4cG9ydCBORVdfRlFETj0kKGF3cyBlYzIgZGVzY3JpYmUtdGFncyAtLWZpbHRlcnMgIk5hbWU9cmVzb3VyY2UtaWQsVmFsdWVzPSR7SU5TVEFOQ0VfSUR9IiAtLXJlZ2lvbiAkQVdTX1JFR0lPTiAtLW91dHB1dD10ZXh0fCAgZ3JlcCAiYXNnOmhvc3RuYW1lIiB8YXdrICd7cHJpbnQgJDV9JyB8c2VkICdzL0AuKi8vJykKZXhwb3J0IEFXU19BQ0NPVU5UPSQoYXdzIHN0cyBnZXQtY2FsbGVyLWlkZW50aXR5IHxncmVwIEFjY291bnQgfGF3ayAne3ByaW50ICQyfScgfHNlZCAncy9cIlwsLy8nfHNlZCAncy9cIi8vJykKZXhwb3J0IFMzX0NPTkZJR19CVUNLRVQ9JChhd3MgZWMyIGRlc2NyaWJlLXRhZ3MgLS1maWx0ZXJzICJOYW1lPXJlc291cmNlLWlkLFZhbHVlcz0ke0lOU1RBTkNFX0lEfSIgIk5hbWU9a2V5LFZhbHVlcz1TM19Db25maWdfQnVja2V0IiAtLXJlZ2lvbiAkQVdTX1JFR0lPTiAtLW91dHB1dD10ZXh0IHwgY3V0IC1mNSkKCgplY2hvICJob3N0IG5hbWUgJElOU1RBTkNFX0lEICwgJEFXU19SRUdJT04gLCAkTkVXX0hPU1ROQU1FIiA+PiAvdG1wL2Jvb3QubG9nCmVjaG8gIjEyNy4wLjAuMSAke05FV19IT1NUTkFNRX0gJHtORVdfRlFETn0gbG9jYWxob3N0LmxvY2FsZG9tYWluIGxvY2FsaG9zdCIgPj4gL2V0Yy9ob3N0cwoKCmhvc3RuYW1lICR7TkVXX0hPU1ROQU1FfS0ke0lOU1RBTkNFX0lEfQoKI21vdW50IGFuZCBmb3JtYXQgZGF0YSBkaXNrCgppZiBncmVwIC1xICJYRlMiIDw8PCAkKHN1ZG8gZmlsZSAtcyAvZGV2L252bWUxbjEpOyB0aGVuCiAgIGVjaG8gIkZpbGVTeXN0ZW0gcHJlc2VudCBvbiAvRGF0YSIgPj4gL3RtcC9ib290LmxvZwplbHNlCiAgIGVjaG8gIkNyZWF0ZWQgRmlsZVN5c3RlbSBvbiAvRGF0YSIgPj4gL3RtcC9ib290LmxvZwogICBzdWRvIG1rZnMgLXQgeGZzIC9kZXYvbnZtZTFuMSAKZmkKCnN1ZG8gbWtkaXIgLXAgL2RhdGEgCnN1ZG8gbW91bnQgL2Rldi9udm1lMW4xIC9kYXRhIApjaG93biAtUiBzcGx1bms6c3BsdW5rIC9kYXRhCgovb3B0L2F3cy9hbWF6b24tY2xvdWR3YXRjaC1hZ2VudC9iaW4vYW1hem9uLWNsb3Vkd2F0Y2gtYWdlbnQtY3RsIC1hIGZldGNoLWNvbmZpZyAtbSBlYzIgLXMgLWMgc3NtOi9BbWF6b25DbG91ZFdhdGNoLVNwbHVuawoKYXdzIGNsb3Vkd2F0Y2ggcHV0LW1ldHJpYy1hbGFybSAtLWFsYXJtLW5hbWUgIiR7TkVXX0hPU1ROQU1FfV9kaXNrX3VzZWRfcGVyY2VudF9XYXJuaW5nXzk1IiAtLW1ldHJpYy1uYW1lICJkaXNrX3VzZWRfcGVyY2VudCIgLS1hbGFybS1kZXNjcmlwdGlvbiAiV2FybmluZzogRGlzayBVc2VkIGlzIGFib3ZlIDk1JSIgLS1uYW1lc3BhY2UgQ1dBZ2VudCAtLXN0YXRpc3RpYyBBdmVyYWdlIC0tcGVyaW9kIDYwIC0tdGhyZXNob2xkIDk1IC0tY29tcGFyaXNvbi1vcGVyYXRvciBHcmVhdGVyVGhhblRocmVzaG9sZCAtLWRpbWVuc2lvbnMgTmFtZT1JbnN0YW5jZUlkLFZhbHVlPSR7SU5TVEFOQ0VfSUR9IE5hbWU9cGF0aCxWYWx1ZT0vIE5hbWU9ZGV2aWNlLFZhbHVlPW52bWUwbjFwMSBOYW1lPWZzdHlwZSxWYWx1ZT14ZnMgLS1ldmFsdWF0aW9uLXBlcmlvZHMgNSAtLWFsYXJtLWFjdGlvbnMgYXJuOmF3czpzbnM6JHtBV1NfUkVHSU9OfToke0FXU19BQ0NPVU5UfTpzcGx1bmstYWxhcm1zIC0tcmVnaW9uICR7QVdTX1JFR0lPTn0KYXdzIGNsb3Vkd2F0Y2ggcHV0LW1ldHJpYy1hbGFybSAtLWFsYXJtLW5hbWUgIiR7TkVXX0hPU1ROQU1FfV9kaXNrX3VzZWRfcGVyY2VudF9FcnJvcl85NiIgLS1tZXRyaWMtbmFtZSAiZGlza191c2VkX3BlcmNlbnQiIC0tYWxhcm0tZGVzY3JpcHRpb24gIkVycm9yOiBEaXNrIFVzZWQgaXMgYWJvdmUgOTYlIiAtLW5hbWVzcGFjZSBDV0FnZW50IC0tc3RhdGlzdGljIEF2ZXJhZ2UgLS1wZXJpb2QgNjAgLS10aHJlc2hvbGQgOTYgLS1jb21wYXJpc29uLW9wZXJhdG9yIEdyZWF0ZXJUaGFuVGhyZXNob2xkIC0tZGltZW5zaW9ucyBOYW1lPUluc3RhbmNlSWQsVmFsdWU9JHtJTlNUQU5DRV9JRH0gTmFtZT1wYXRoLFZhbHVlPS8gTmFtZT1kZXZpY2UsVmFsdWU9bnZtZTBuMXAxIE5hbWU9ZnN0eXBlLFZhbHVlPXhmcyAtLWV2YWx1YXRpb24tcGVyaW9kcyA1IC0tYWxhcm0tYWN0aW9ucyBhcm46YXdzOnNuczoke0FXU19SRUdJT059OiR7QVdTX0FDQ09VTlR9OnNwbHVuay1hbGFybXMgLS1yZWdpb24gJHtBV1NfUkVHSU9OfQphd3MgY2xvdWR3YXRjaCBwdXQtbWV0cmljLWFsYXJtIC0tYWxhcm0tbmFtZSAiJHtORVdfSE9TVE5BTUV9X2Rpc2tfdXNlZF9wZXJjZW50X0NyaXRpY2FsXzk3IiAtLW1ldHJpYy1uYW1lICJkaXNrX3VzZWRfcGVyY2VudCIgLS1hbGFybS1kZXNjcmlwdGlvbiAiQ3JpdGljYWw6IERpc2sgVXNlZCBpcyBhYm92ZSA5NyUiIC0tbmFtZXNwYWNlIENXQWdlbnQgLS1zdGF0aXN0aWMgQXZlcmFnZSAtLXBlcmlvZCA2MCAtLXRocmVzaG9sZCA5NyAtLWNvbXBhcmlzb24tb3BlcmF0b3IgR3JlYXRlclRoYW5UaHJlc2hvbGQgLS1kaW1lbnNpb25zIE5hbWU9SW5zdGFuY2VJZCxWYWx1ZT0ke0lOU1RBTkNFX0lEfSBOYW1lPXBhdGgsVmFsdWU9LyBOYW1lPWRldmljZSxWYWx1ZT1udm1lMG4xcDEgTmFtZT1mc3R5cGUsVmFsdWU9eGZzIC0tZXZhbHVhdGlvbi1wZXJpb2RzIDUgLS1hbGFybS1hY3Rpb25zIGFybjphd3M6c25zOiR7QVdTX1JFR0lPTn06JHtBV1NfQUNDT1VOVH06c3BsdW5rLWFsYXJtcyAtLXJlZ2lvbiAke0FXU19SRUdJT059Cgphd3MgY2xvdWR3YXRjaCBwdXQtbWV0cmljLWFsYXJtIC0tYWxhcm0tbmFtZSAiJHtORVdfSE9TVE5BTUV9X2RhdGFfZGlza191c2VkX3BlcmNlbnRfV2FybmluZ185NSIgLS1tZXRyaWMtbmFtZSAiZGlza191c2VkX3BlcmNlbnQiIC0tYWxhcm0tZGVzY3JpcHRpb24gIldhcm5pbmc6IERpc2sgVXNlZCBpcyBhYm92ZSA5NSUiIC0tbmFtZXNwYWNlIENXQWdlbnQgLS1zdGF0aXN0aWMgQXZlcmFnZSAtLXBlcmlvZCA2MCAtLXRocmVzaG9sZCA5NSAtLWNvbXBhcmlzb24tb3BlcmF0b3IgR3JlYXRlclRoYW5UaHJlc2hvbGQgLS1kaW1lbnNpb25zIE5hbWU9SW5zdGFuY2VJZCxWYWx1ZT0ke0lOU1RBTkNFX0lEfSBOYW1lPXBhdGgsVmFsdWU9L2RhdGEgTmFtZT1kZXZpY2UsVmFsdWU9bnZtZTFuMSBOYW1lPWZzdHlwZSxWYWx1ZT14ZnMgLS1ldmFsdWF0aW9uLXBlcmlvZHMgNSAtLWFsYXJtLWFjdGlvbnMgYXJuOmF3czpzbnM6JHtBV1NfUkVHSU9OfToke0FXU19BQ0NPVU5UfTpzcGx1bmstYWxhcm1zIC0tcmVnaW9uICR7QVdTX1JFR0lPTn0KYXdzIGNsb3Vkd2F0Y2ggcHV0LW1ldHJpYy1hbGFybSAtLWFsYXJtLW5hbWUgIiR7TkVXX0hPU1ROQU1FfV9kYXRhX2Rpc2tfdXNlZF9wZXJjZW50X0Vycm9yXzk2IiAtLW1ldHJpYy1uYW1lICJkaXNrX3VzZWRfcGVyY2VudCIgLS1hbGFybS1kZXNjcmlwdGlvbiAiRXJyb3I6IERpc2sgVXNlZCBpcyBhYm92ZSA5NiUiIC0tbmFtZXNwYWNlIENXQWdlbnQgLS1zdGF0aXN0aWMgQXZlcmFnZSAtLXBlcmlvZCA2MCAtLXRocmVzaG9sZCA5NiAtLWNvbXBhcmlzb24tb3BlcmF0b3IgR3JlYXRlclRoYW5UaHJlc2hvbGQgLS1kaW1lbnNpb25zIE5hbWU9SW5zdGFuY2VJZCxWYWx1ZT0ke0lOU1RBTkNFX0lEfSBOYW1lPXBhdGgsVmFsdWU9L2RhdGEgTmFtZT1kZXZpY2UsVmFsdWU9bnZtZTFuMSBOYW1lPWZzdHlwZSxWYWx1ZT14ZnMgLS1ldmFsdWF0aW9uLXBlcmlvZHMgNSAtLWFsYXJtLWFjdGlvbnMgYXJuOmF3czpzbnM6JHtBV1NfUkVHSU9OfToke0FXU19BQ0NPVU5UfTpzcGx1bmstYWxhcm1zIC0tcmVnaW9uICR7QVdTX1JFR0lPTn0KYXdzIGNsb3Vkd2F0Y2ggcHV0LW1ldHJpYy1hbGFybSAtLWFsYXJtLW5hbWUgIiR7TkVXX0hPU1ROQU1FfV9kYXRhX2Rpc2tfdXNlZF9wZXJjZW50X0NyaXRpY2FsXzk3IiAtLW1ldHJpYy1uYW1lICJkaXNrX3VzZWRfcGVyY2VudCIgLS1hbGFybS1kZXNjcmlwdGlvbiAiQ3JpdGljYWw6IERpc2sgVXNlZCBpcyBhYm92ZSA5NyUiIC0tbmFtZXNwYWNlIENXQWdlbnQgLS1zdGF0aXN0aWMgQXZlcmFnZSAtLXBlcmlvZCA2MCAtLXRocmVzaG9sZCA5NyAtLWNvbXBhcmlzb24tb3BlcmF0b3IgR3JlYXRlclRoYW5UaHJlc2hvbGQgLS1kaW1lbnNpb25zIE5hbWU9SW5zdGFuY2VJZCxWYWx1ZT0ke0lOU1RBTkNFX0lEfSBOYW1lPXBhdGgsVmFsdWU9L2RhdGEgTmFtZT1kZXZpY2UsVmFsdWU9bnZtZTFuMSBOYW1lPWZzdHlwZSxWYWx1ZT14ZnMgLS1ldmFsdWF0aW9uLXBlcmlvZHMgNSAtLWFsYXJtLWFjdGlvbnMgYXJuOmF3czpzbnM6JHtBV1NfUkVHSU9OfToke0FXU19BQ0NPVU5UfTpzcGx1bmstYWxhcm1zIC0tcmVnaW9uICR7QVdTX1JFR0lPTn0KCmF3cyBjbG91ZHdhdGNoIHB1dC1tZXRyaWMtYWxhcm0gLS1hbGFybS1uYW1lICIke05FV19IT1NUTkFNRX1fQ1BVVXRpbGl6YXRpb25fV2FybmluZ185MCIgLS1tZXRyaWMtbmFtZSAiQ1BVVXRpbGl6YXRpb24iIC0tYWxhcm0tZGVzY3JpcHRpb24gIldhcm5pbmc6IENQVSBVdGlsaXphdGlvbiBpcyBhYm92ZSA5MCUiIC0tbmFtZXNwYWNlIEFXUy9FQzIgLS1zdGF0aXN0aWMgQXZlcmFnZSAtLXBlcmlvZCA2MCAtLXRocmVzaG9sZCA5MCAtLWNvbXBhcmlzb24tb3BlcmF0b3IgR3JlYXRlclRoYW5UaHJlc2hvbGQgLS1kaW1lbnNpb25zIE5hbWU9SW5zdGFuY2VJZCxWYWx1ZT0ke0lOU1RBTkNFX0lEfSAtLWV2YWx1YXRpb24tcGVyaW9kcyA1IC0tYWxhcm0tYWN0aW9ucyBhcm46YXdzOnNuczoke0FXU19SRUdJT059OiR7QVdTX0FDQ09VTlR9OnNwbHVuay1hbGFybXMgLS1yZWdpb24gJHtBV1NfUkVHSU9OfQphd3MgY2xvdWR3YXRjaCBwdXQtbWV0cmljLWFsYXJtIC0tYWxhcm0tbmFtZSAiJHtORVdfSE9TVE5BTUV9X0NQVVV0aWxpemF0aW9uX0Vycm9yXzk4IiAtLW1ldHJpYy1uYW1lICJDUFVVdGlsaXphdGlvbiIgLS1hbGFybS1kZXNjcmlwdGlvbiAiRXJyb3I6IENQVSBVdGlsaXphdGlvbiBpcyBhYm92ZSA5OCUiIC0tbmFtZXNwYWNlIEFXUy9FQzIgLS1zdGF0aXN0aWMgQXZlcmFnZSAtLXBlcmlvZCA2MCAtLXRocmVzaG9sZCA5OCAtLWNvbXBhcmlzb24tb3BlcmF0b3IgR3JlYXRlclRoYW5UaHJlc2hvbGQgLS1kaW1lbnNpb25zIE5hbWU9SW5zdGFuY2VJZCxWYWx1ZT0ke0lOU1RBTkNFX0lEfSAtLWV2YWx1YXRpb24tcGVyaW9kcyA1IC0tYWxhcm0tYWN0aW9ucyBhcm46YXdzOnNuczoke0FXU19SRUdJT059OiR7QVdTX0FDQ09VTlR9OnNwbHVuay1hbGFybXMgLS1yZWdpb24gJHtBV1NfUkVHSU9OfQoKYXdzIGNsb3Vkd2F0Y2ggcHV0LW1ldHJpYy1hbGFybSAtLWFsYXJtLW5hbWUgIiR7TkVXX0hPU1ROQU1FfV9zd2FwX3VzZWRfcGVyY2VudF9XYXJuaW5nXzc1IiAtLW1ldHJpYy1uYW1lICJzd2FwX3VzZWRfcGVyY2VudCIgLS1hbGFybS1kZXNjcmlwdGlvbiAiV2FybmluZzogU3dhcCB1c2VkIGlzIGFib3ZlIDc1JSIgLS1uYW1lc3BhY2UgQ1dBZ2VudCAtLXN0YXRpc3RpYyBBdmVyYWdlIC0tcGVyaW9kIDYwIC0tdGhyZXNob2xkIDc1IC0tY29tcGFyaXNvbi1vcGVyYXRvciBHcmVhdGVyVGhhblRocmVzaG9sZCAtLWRpbWVuc2lvbnMgTmFtZT1JbnN0YW5jZUlkLFZhbHVlPSR7SU5TVEFOQ0VfSUR9IC0tZXZhbHVhdGlvbi1wZXJpb2RzIDUgLS1hbGFybS1hY3Rpb25zIGFybjphd3M6c25zOiR7QVdTX1JFR0lPTn06JHtBV1NfQUNDT1VOVH06c3BsdW5rLWFsYXJtcyAtLXJlZ2lvbiAke0FXU19SRUdJT059CmF3cyBjbG91ZHdhdGNoIHB1dC1tZXRyaWMtYWxhcm0gLS1hbGFybS1uYW1lICIke05FV19IT1NUTkFNRX1fc3dhcF91c2VkX3BlcmNlbnRfRXJyb3JfODUiIC0tbWV0cmljLW5hbWUgInN3YXBfdXNlZF9wZXJjZW50IiAtLWFsYXJtLWRlc2NyaXB0aW9uICJFcnJvcjogU3dhcCB1c2VkIGlzIGFib3ZlIDU1JSIgLS1uYW1lc3BhY2UgQ1dBZ2VudCAtLXN0YXRpc3RpYyBBdmVyYWdlIC0tcGVyaW9kIDYwIC0tdGhyZXNob2xkIDg1IC0tY29tcGFyaXNvbi1vcGVyYXRvciBHcmVhdGVyVGhhblRocmVzaG9sZCAtLWRpbWVuc2lvbnMgTmFtZT1JbnN0YW5jZUlkLFZhbHVlPSR7SU5TVEFOQ0VfSUR9IC0tZXZhbHVhdGlvbi1wZXJpb2RzIDUgLS1hbGFybS1hY3Rpb25zIGFybjphd3M6c25zOiR7QVdTX1JFR0lPTn06JHtBV1NfQUNDT1VOVH06c3BsdW5rLWFsYXJtcyAtLXJlZ2lvbiAke0FXU19SRUdJT059CmF3cyBjbG91ZHdhdGNoIHB1dC1tZXRyaWMtYWxhcm0gLS1hbGFybS1uYW1lICIke05FV19IT1NUTkFNRX1fc3dhcF91c2VkX3BlcmNlbnRfQ3JpdGljYWxfOTUiIC0tbWV0cmljLW5hbWUgInN3YXBfdXNlZF9wZXJjZW50IiAtLWFsYXJtLWRlc2NyaXB0aW9uICJDcml0aWNhbDogU3dhcCB1c2VkIGlzIGFib3ZlIDk1JSIgLS1uYW1lc3BhY2UgQ1dBZ2VudCAtLXN0YXRpc3RpYyBBdmVyYWdlIC0tcGVyaW9kIDYwIC0tdGhyZXNob2xkIDk1IC0tY29tcGFyaXNvbi1vcGVyYXRvciBHcmVhdGVyVGhhblRocmVzaG9sZCAtLWRpbWVuc2lvbnMgTmFtZT1JbnN0YW5jZUlkLFZhbHVlPSR7SU5TVEFOQ0VfSUR9IC0tZXZhbHVhdGlvbi1wZXJpb2RzIDUgLS1hbGFybS1hY3Rpb25zIGFybjphd3M6c25zOiR7QVdTX1JFR0lPTn06JHtBV1NfQUNDT1VOVH06c3BsdW5rLWFsYXJtcyAtLXJlZ2lvbiAke0FXU19SRUdJT059CgojIFNldCB1bGltaXRzIGZvciBTcGx1bmtkIHNlcnZpY2UKbWtkaXIgLXAgL2V0Yy9zeXN0ZW1kL3N5c3RlbS9TcGx1bmtkLnNlcnZpY2UuZApjYXQgPj4gL2V0Yy9zeXN0ZW1kL3N5c3RlbS9TcGx1bmtkLnNlcnZpY2UuZC9vdmVycmlkZS5jb25mIDw8IEVPRgpbU2VydmljZV0KTGltaXROT0ZJTEU9NjQwMDAKTGltaXROUFJPQz0xNjAwMApMaW1pdEZTSVpFPWluZmluaXR5ClRhc2tzTWF4PTE2MDAwCiMgU2VuZCAkS2lsbFNpZ25hbCBvbmx5IHRvIG1haW4gKHNwbHVua2QpIHByb2Nlc3MsIGlmIGFueSBvZiB0aGUgY2hpbGQgcHJvY2Vzc2VzIGlzIHN0aWxsIGFsaXZlIGFmdGVyICRUaW1lb3V0U3RvcFNlYywgU0lHS0lMTCB0aGVtLgpLaWxsTW9kZT1taXhlZAojIFNwbHVuayBkb2Vzbid0IHNodXRkb3duIGdyYWNlZnVsbHkgb24gU0lHVEVSTQpLaWxsU2lnbmFsPVNJR0lOVAojIEdpdmUgU3BsdW5rIHRpbWUgdG8gc2h1dGRvd24gLSBlc3BlY2lhbGx5IGJ1c3kgaW5kZXhlcnMgY2FuIHRha2UgdGltZQpUaW1lb3V0U3RvcFNlYz0xMG1pbgpFT0YKCiMgQ29weSBkb3duIGluaXRpYWwgY29uZmlnIHNjcmlwdHMgZnJvbSBTMwphd3MgczMgc3luYyBzMzovLyR7UzNfQ09ORklHX0JVQ0tFVH0vJHtORVdfSE9TVE5BTUV9IC9vcHQvc3BsdW5rCiAKIyBGaW5hbCBjaG93biB0byBlbnN1cmUgU3BsdW5rIG93bnMgZXZlcnl0aGluZwpzdWRvIGNob3duIC1SIHNwbHVuazpzcGx1bmsgL29wdC9zcGx1bmsKCiMgU2V0IFNwbHVuayB0byBzdGFydCBhdCBib290Ci9vcHQvc3BsdW5rL2Jpbi9zcGx1bmsgZW5hYmxlIGJvb3Qtc3RhcnQgLXVzZXIgc3BsdW5rIC1zeXN0ZW1kLW1hbmFnZWQgMSAtLWFjY2VwdC1saWNlbnNlIC0tYW5zd2VyLXllcwoKIyBTdGFydCB1cCBzcGx1bmshCnN5c3RlbWN0bCBzdGFydCBTcGx1bmtk",
            "vpc_security_group_ids": [
              "sg-0e4a43b9a26702c9d"
            ]
          },
          "private": "bnVsbA==",
          "dependencies": [
            "module.common.aws_iam_instance_profile.splunk-instance-profile",
            "module.common.aws_iam_role.splunk-instance-profile",
            "module.common.aws_s3_bucket.inits",
            "module.indexers.aws_security_group.instance_sg",
            "module.indexers.data.aws_ami.ami_source"
          ]
        }
      ]
    },
    {
      "module": "module.indexers",
      "mode": "managed",
      "type": "aws_route53_record",
      "name": "dns_record",
      "provider": "provider[\"registry.terraform.io/hashicorp/aws\"]",
      "instances": [
        {
          "index_key": 0,
          "schema_version": 2,
          "attributes": {
            "alias": [
              {
                "evaluate_target_health": true,
                "name": "prod-splunk-nlb-indexer-01-31495a4c3f547f5b.elb.us-east-1.amazonaws.com",
                "zone_id": "Z26RNL4JYFTOTI"
              }
            ],
            "allow_overwrite": null,
            "failover_routing_policy": [],
            "fqdn": "indexer-01.splunk.<customer>home.com",
            "geolocation_routing_policy": [],
            "health_check_id": "",
            "id": "Z07522651BG4B102L9QDK_indexer-01.splunk.<customer>home.com_A",
            "latency_routing_policy": [],
            "multivalue_answer_routing_policy": null,
            "name": "indexer-01.splunk.<customer>home.com",
            "records": [],
            "set_identifier": "",
            "ttl": 0,
            "type": "A",
            "weighted_routing_policy": [],
            "zone_id": "Z07522651BG4B102L9QDK"
          },
          "private": "eyJzY2hlbWFfdmVyc2lvbiI6IjIifQ==",
          "dependencies": [
            "module.indexers.aws_alb.lb",
            "module.indexers.data.aws_route53_zone.public_zone"
          ]
        },
        {
          "index_key": 1,
          "schema_version": 2,
          "attributes": {
            "alias": [
              {
                "evaluate_target_health": true,
                "name": "prod-splunk-nlb-indexer-02-3f2a00a03f7382a3.elb.us-east-1.amazonaws.com",
                "zone_id": "Z26RNL4JYFTOTI"
              }
            ],
            "allow_overwrite": null,
            "failover_routing_policy": [],
            "fqdn": "indexer-02.splunk.<customer>home.com",
            "geolocation_routing_policy": [],
            "health_check_id": "",
            "id": "Z07522651BG4B102L9QDK_indexer-02.splunk.<customer>home.com_A",
            "latency_routing_policy": [],
            "multivalue_answer_routing_policy": null,
            "name": "indexer-02.splunk.<customer>home.com",
            "records": [],
            "set_identifier": "",
            "ttl": 0,
            "type": "A",
            "weighted_routing_policy": [],
            "zone_id": "Z07522651BG4B102L9QDK"
          },
          "private": "eyJzY2hlbWFfdmVyc2lvbiI6IjIifQ==",
          "dependencies": [
            "module.indexers.aws_alb.lb",
            "module.indexers.data.aws_route53_zone.public_zone"
          ]
        },
        {
          "index_key": 2,
          "schema_version": 2,
          "attributes": {
            "alias": [
              {
                "evaluate_target_health": true,
                "name": "prod-splunk-nlb-indexer-03-517b403cc35a5de6.elb.us-east-1.amazonaws.com",
                "zone_id": "Z26RNL4JYFTOTI"
              }
            ],
            "allow_overwrite": null,
            "failover_routing_policy": [],
            "fqdn": "indexer-03.splunk.<customer>home.com",
            "geolocation_routing_policy": [],
            "health_check_id": "",
            "id": "Z07522651BG4B102L9QDK_indexer-03.splunk.<customer>home.com_A",
            "latency_routing_policy": [],
            "multivalue_answer_routing_policy": null,
            "name": "indexer-03.splunk.<customer>home.com",
            "records": [],
            "set_identifier": "",
            "ttl": 0,
            "type": "A",
            "weighted_routing_policy": [],
            "zone_id": "Z07522651BG4B102L9QDK"
          },
          "private": "eyJzY2hlbWFfdmVyc2lvbiI6IjIifQ==",
          "dependencies": [
            "module.indexers.aws_alb.lb",
            "module.indexers.data.aws_route53_zone.public_zone"
          ]
        },
        {
          "index_key": 3,
          "schema_version": 2,
          "attributes": {
            "alias": [
              {
                "evaluate_target_health": true,
                "name": "prod-splunk-nlb-indexer-04-b22ead75195b4b03.elb.us-east-1.amazonaws.com",
                "zone_id": "Z26RNL4JYFTOTI"
              }
            ],
            "allow_overwrite": null,
            "failover_routing_policy": [],
            "fqdn": "indexer-04.splunk.<customer>home.com",
            "geolocation_routing_policy": [],
            "health_check_id": "",
            "id": "Z07522651BG4B102L9QDK_indexer-04.splunk.<customer>home.com_A",
            "latency_routing_policy": [],
            "multivalue_answer_routing_policy": null,
            "name": "indexer-04.splunk.<customer>home.com",
            "records": [],
            "set_identifier": "",
            "ttl": 0,
            "type": "A",
            "weighted_routing_policy": [],
            "zone_id": "Z07522651BG4B102L9QDK"
          },
          "private": "eyJzY2hlbWFfdmVyc2lvbiI6IjIifQ==",
          "dependencies": [
            "module.indexers.aws_alb.lb",
            "module.indexers.data.aws_route53_zone.public_zone"
          ]
        },
        {
          "index_key": 4,
          "schema_version": 2,
          "attributes": {
            "alias": [
              {
                "evaluate_target_health": true,
                "name": "prod-splunk-nlb-indexer-05-956d7df883878c1c.elb.us-east-1.amazonaws.com",
                "zone_id": "Z26RNL4JYFTOTI"
              }
            ],
            "allow_overwrite": null,
            "failover_routing_policy": [],
            "fqdn": "indexer-05.splunk.<customer>home.com",
            "geolocation_routing_policy": [],
            "health_check_id": "",
            "id": "Z07522651BG4B102L9QDK_indexer-05.splunk.<customer>home.com_A",
            "latency_routing_policy": [],
            "multivalue_answer_routing_policy": null,
            "name": "indexer-05.splunk.<customer>home.com",
            "records": [],
            "set_identifier": "",
            "ttl": 0,
            "type": "A",
            "weighted_routing_policy": [],
            "zone_id": "Z07522651BG4B102L9QDK"
          },
          "private": "eyJzY2hlbWFfdmVyc2lvbiI6IjIifQ==",
          "dependencies": [
            "module.indexers.aws_alb.lb",
            "module.indexers.data.aws_route53_zone.public_zone"
          ]
        },
        {
          "index_key": 5,
          "schema_version": 2,
          "attributes": {
            "alias": [
              {
                "evaluate_target_health": true,
                "name": "prod-splunk-nlb-indexer-06-73ec7edecbea4209.elb.us-east-1.amazonaws.com",
                "zone_id": "Z26RNL4JYFTOTI"
              }
            ],
            "allow_overwrite": null,
            "failover_routing_policy": [],
            "fqdn": "indexer-06.splunk.<customer>home.com",
            "geolocation_routing_policy": [],
            "health_check_id": "",
            "id": "Z07522651BG4B102L9QDK_indexer-06.splunk.<customer>home.com_A",
            "latency_routing_policy": [],
            "multivalue_answer_routing_policy": null,
            "name": "indexer-06.splunk.<customer>home.com",
            "records": [],
            "set_identifier": "",
            "ttl": 0,
            "type": "A",
            "weighted_routing_policy": [],
            "zone_id": "Z07522651BG4B102L9QDK"
          },
          "private": "eyJzY2hlbWFfdmVyc2lvbiI6IjIifQ==",
          "dependencies": [
            "module.indexers.aws_alb.lb",
            "module.indexers.data.aws_route53_zone.public_zone"
          ]
        },
        {
          "index_key": 6,
          "schema_version": 2,
          "attributes": {
            "alias": [
              {
                "evaluate_target_health": true,
                "name": "prod-splunk-nlb-indexer-07-506a756628e9494d.elb.us-east-1.amazonaws.com",
                "zone_id": "Z26RNL4JYFTOTI"
              }
            ],
            "allow_overwrite": null,
            "failover_routing_policy": [],
            "fqdn": "indexer-07.splunk.<customer>home.com",
            "geolocation_routing_policy": [],
            "health_check_id": "",
            "id": "Z07522651BG4B102L9QDK_indexer-07.splunk.<customer>home.com_A",
            "latency_routing_policy": [],
            "multivalue_answer_routing_policy": null,
            "name": "indexer-07.splunk.<customer>home.com",
            "records": [],
            "set_identifier": "",
            "ttl": 0,
            "type": "A",
            "weighted_routing_policy": [],
            "zone_id": "Z07522651BG4B102L9QDK"
          },
          "private": "eyJzY2hlbWFfdmVyc2lvbiI6IjIifQ==",
          "dependencies": [
            "module.indexers.aws_alb.lb",
            "module.indexers.data.aws_route53_zone.public_zone"
          ]
        }
      ]
    },
    {
      "module": "module.indexers",
      "mode": "managed",
      "type": "aws_route53_record",
      "name": "dns_record_hec",
      "provider": "provider[\"registry.terraform.io/hashicorp/aws\"]",
      "instances": [
        {
          "schema_version": 2,
          "attributes": {
            "alias": [
              {
                "evaluate_target_health": true,
                "name": "internal-prod-splunk-alb-hec-1456360750.us-east-1.elb.amazonaws.com",
                "zone_id": "Z35SXDOTRQ7X7K"
              }
            ],
            "allow_overwrite": null,
            "failover_routing_policy": [],
            "fqdn": "hec.splunk.<customer>home.com",
            "geolocation_routing_policy": [],
            "health_check_id": "",
            "id": "Z07522651BG4B102L9QDK_hec.splunk.<customer>home.com_A",
            "latency_routing_policy": [],
            "multivalue_answer_routing_policy": null,
            "name": "hec.splunk.<customer>home.com",
            "records": [],
            "set_identifier": "",
            "ttl": 0,
            "type": "A",
            "weighted_routing_policy": [],
            "zone_id": "Z07522651BG4B102L9QDK"
          },
          "private": "eyJzY2hlbWFfdmVyc2lvbiI6IjIifQ==",
          "dependencies": [
            "module.indexers.aws_alb.heclb",
            "module.indexers.aws_security_group.hec_lb_sg",
            "module.indexers.data.aws_route53_zone.public_zone"
          ]
        }
      ]
    },
    {
      "module": "module.indexers",
      "mode": "managed",
      "type": "aws_s3_bucket_object",
      "name": "initial_configs",
      "provider": "provider[\"registry.terraform.io/hashicorp/aws\"]",
      "instances": [
        {
          "index_key": 0,
          "schema_version": 0,
          "attributes": {
            "acl": "private",
            "bucket": "prod-<customer>splunkprod-us-east-1-splunk-initial-configs",
            "cache_control": "",
            "content": "-----BEGIN CERTIFICATE-----\nMIIFbDCCBFSgAwIBAgIKF/c8cAAAAAAXNTANBgkqhkiG9w0BAQsFADBIMRMwEQYK\nCZImiZPyLGQBGRYDY29tMRswGQYKCZImiZPyLGQBGRYLY2hpY2stZmlsLWExFDAS\nBgNVBAMTC0NGQSBFSUNBIDAxMB4XDTIwMTEwMjIxMzE0OVoXDTI1MTEwMTIxMzE0\nOVowgZYxCzAJBgNVBAYTAlVTMRAwDgYDVQQIEwdHZW9yZ2lhMRAwDgYDVQQHEwdB\ndGxhbnRhMRowGAYDVQQKExFDaGljay1maWwtQSwgSW5jLjEfMB0GA1UECxMWSW5m\nb3JtYXRpb24gVGVjaG5vbG9neTEmMCQGA1UEAxMdaW5kZXhlci0wMS5zcGx1bmsu\nY2ZhaG9tZS5jb20wggEiMA0GCSqGSIb3DQEBAQUAA4IBDwAwggEKAoIBAQDX8mFg\nmhTbBy/HgecrRPXFI4FXcBOBT/PWvdxF681zZUnMu3npGpmyNAD1q6YNvF9olYVo\n05ScrevWAmwl0hZ07eDqKkG7INRNcWw/E6H5cSjDy86DMWSZWDx4XN01YnJBNuFp\nqa8be1m/AFOKris2u3047bv1aRRz+E9UOXJ5yA39PgeTI7jrJdkxAx5bZER2eXx5\nzc37KUa84H9AMb2M1db0hhw4q/BWv0j2YANwgxNfuPjHx4KxMzW7/VRI6DNmwEUV\nx5N9BwSt3eme+nXr+nBZ0s8F6iNt0c02UwLr3iWjbb7YXhccIUY25zbX4jOlA2Al\ndnAdYQGT30AbTqypAgMBAAGjggIHMIICAzAdBgNVHQ4EFgQUNVZc3NZMrDd9pkEH\nK0PYn3LnIbgwHwYDVR0jBBgwFoAUxc78uv3HogUklqX8vajqfMolZsMwPwYDVR0f\nBDgwNjA0oDKgMIYuaHR0cDovL2NybC5jZmFob21lLmNvbS9QS0kvQ0ZBJTIwRUlD\nQSUyMDAxLmNybDCCAQEGCCsGAQUFBwEBBIH0MIHxMDoGCCsGAQUFBzAChi5odHRw\nOi8vY3JsLmNmYWhvbWUuY29tL1BLSS9DRkElMjBFSUNBJTIwMDEuY3J0MIGyBggr\nBgEFBQcwAoaBpWxkYXA6Ly8vQ049Q0ZBJTIwRUlDQSUyMDAxLENOPUFJQSxDTj1Q\ndWJsaWMlMjBLZXklMjBTZXJ2aWNlcyxDTj1TZXJ2aWNlcyxDTj1Db25maWd1cmF0\naW9uLERDPWNoaWNrLWZpbC1hLERDPWNvbT9jQUNlcnRpZmljYXRlP2Jhc2U/b2Jq\nZWN0Q2xhc3M9Y2VydGlmaWNhdGlvbkF1dGhvcml0eTALBgNVHQ8EBAMCBaAwPAYJ\nKwYBBAGCNxUHBC8wLQYlKwYBBAGCNxUI1I9+g6CKGYGhmSOHvP5ShqXLemqE8O5O\ng5SNPQIBZAIBBjATBgNVHSUEDDAKBggrBgEFBQcDATAbBgkrBgEEAYI3FQoEDjAM\nMAoGCCsGAQUFBwMBMA0GCSqGSIb3DQEBCwUAA4IBAQCJmPSqePl1M12TRtcs5hOn\n1NpVoAlNe6DshL84zMt3yAHIvqltp+0nNKXwd91JEjSsUXnk/LSHX779Rl+qY3gY\nPsrZ2+zxZuaCH/l+xHiafTedl7M0Gdef41ZXcQdBHmSGQ08dVWZCiMNOWyJeU3c2\nVLH/knHLr6CsczEj9SARkdt/aMJ4N8nkUzjYPgonHNJuHSntTGDieNHRdKzWlZ3B\nj/SWm9BX0ZdNhCVhtsoDeBaVUY5nuvlfMmLxJPr+d7/cdEQ+jw9wlD7DTUEJaRnW\n0aEo+Bnq87T7wDRO8Tf7Ci9aehGwIhziBEnvxw6FxPAEM3FLfJdAhYCYlry6tDXr\n-----END CERTIFICATE-----\n-----BEGIN RSA PRIVATE KEY-----\nProc-Type: 4,ENCRYPTED\nDEK-Info: DES-EDE3-CBC,4EE02B0AFFCBBAD7\n\nPcwT3qEhkDTcnuymQ6jtJoZ7O7XIPU+MFWScP3n90uwZAQ9a2PRaqIV9EeI0UvZ3\nJO+45CIw2X3zN+fXYYhuHqzstmx3hFY0oodXiDEq9afkUvQE7UnX3vgHM3i3REGw\ny48cCFyjIT4kXd6zb5MvLTdsa2cRz1F/fhkEN8uYnxbnKYLIL5yIAFlwl8Q2UgkE\n1kQw4thYTpc6cUObK3icy4tx1mIoJgd1Gq8VhX60S9tkK/DpSrzS/sdP9KmIcZpC\nYhncje6AwOJPOwTBCqgt3SeHVdcO7OIvWJu5RzxevxsLDfYJAs8hsNF0mQ1Mu7X5\nnAPdd6vWlAQ44OzEsYYJSEGzazaifoZVFOv5mNi6MFgBEVl7xU+ElW4kfUhkalfL\nDZcR7xAOj3JMyYQgTp6gf0Ogsm3wnkb8upLzHryhPCu0hZaaFxVZGmPuW1Wjy+/p\nEtVCfeFQL3BbTv8FtcriFKB2keVL2e2pOb0tftX4eK/gvDBIqpQVJiNzlxZuCaAT\nEZbXoJLl6zGBzlmBYiYMWh5YgDZdzj2JrbupA7Dq18l3pdS7fPeUAjw6pH1zoeI5\n/JHdxzzBeVhkLVhgFbnuRdeoJpZVNupAF6QEMKdrd3Yfzj8xSJ+ugnFJO/9/Hp2I\nopytcagR/w75eoI89TELw9BAuqxGxE5/eHBvR/H/xPH38QJmz0+donUF8oAQf280\n+GxmGu9Id/GE37WA6n1L3izPZAbUF7R8xU5EDa2AsienuN4QPijJTasZiET2Q0WD\n3oXcKVHhk1m8qqeTrW9tZJLM/bBhvaNXhiTpzNtPz5jwZhLu5HTdazzFfjiHqcJF\n3WtgB1lfLiA58tw8eAqZDVjEd26aIE+7fI7AbsNQ3bLuymwdg3mmy8wzZwvPAD/k\nDd6oS6EqRGch/eXcM/nwK1Cuam8ISu9B1J246mJuW13UWdkYC0w59d2QQnzbII67\nHcmNaxhaoDmEF1SCBJ7MdUTl8fJoFxTCSrGAHVgEw96ZRtJaECxLG/rXgkuB5sP3\narspkZ6LyT06e10Uc1eLFqFkgu5G2lSwnfA7vs5bOxxW8iYEJwV5gRczRaZEQs+o\nObO27mLzsdEkJixf8jzX5O/3wGZSQUNfhvuptXXPnCyt51j10m40KAE6cZvXYJG+\nw1WXlTm0GjDZclEZBNvgyww7Eh5QlcUeiZ0wND3Xf/46y98J66dFxdCRISS5ffbG\nNxpJtKTJG+2IDSFfGPn5da/H/rvrYvrlq64mxncUMAw8U3KRkM/1sljjrNh3AtH3\nsdW/pvo2vqOSlqo7MPkAf1nAwLBXqPFkGtiGzfZEhbXNYGPonbLFNNiKD6ouLRk9\nS7qcYds2IAcPsJV2N3Gfas3WkDc8E6s7FBK7bHOs6uvbCfHOdmL0iiYj/VZ32Sfl\np99azEL6Ify5PNy8lvfKOC0hNTHd8vPiRjYqdEXQbsNDFYiL0oy/ekPL/1kBnYmT\nU3Rc9k/opy2ZbxyOVdsC7mkc4WP1Iynzp4DV2byOF+zygRHQmpn5rnnBDpBdLc+v\nBvuyUYnbnxBY8iJQ+0aiAC+DFwfm0zhKCF8yT8im/Wkm35XSWFvA8tKAMCSLHjx4\n-----END RSA PRIVATE KEY-----\n-----BEGIN CERTIFICATE-----\nMIID/TCCAuWgAwIBAgIKEiM3xAAAAAAAAzANBgkqhkiG9w0BAQsFADAVMRMwEQYD\nVQQDEwpDRkEgT1JDQSAxMB4XDTE1MDkwOTE3MDgyNloXDTMxMDkwOTE3MTgyNlow\nSDETMBEGCgmSJomT8ixkARkWA2NvbTEbMBkGCgmSJomT8ixkARkWC2NoaWNrLWZp\nbC1hMRQwEgYDVQQDEwtDRkEgRUlDQSAwMTCCASIwDQYJKoZIhvcNAQEBBQADggEP\nADCCAQoCggEBAL3k3o0/F6/5+wzVQAS8C4A1Mzr+B8aYI+Bvr6aqgXS2oVtVLEHH\nfJc3ax+6uqDxG5/9n41CIkQiCDexri+BGyeI2PoUZNFhQj4aKqYUTJ8CAwZ/ovEk\nLhqPijK4fKeJJ9OWbKTUxtC9sJkH6C3Z7DzegWQRnDxi4SiC+HD2lG5xISdtJEfH\ngf13xMVFveKYsqEfL06Uh4S9aBAcx2aMBHoc2jDBEJM2gdIvxroA9sGtxIsoDAmg\nA2DJ0LP3DcCQoBhLrskTDR7llWtqQAO05ph6+QRfxCsSclNhB/2lXJ0GlORNSXun\nqpUZvYafK6pACZ93zZnMgteb9orqDYB+eQ0CAwEAAaOCARowggEWMBAGCSsGAQQB\ngjcVAQQDAgEAMB0GA1UdDgQWBBTFzvy6/ceiBSSWpfy9qOp8yiVmwzAZBgkrBgEE\nAYI3FAIEDB4KAFMAdQBiAEMAQTALBgNVHQ8EBAMCAYYwDwYDVR0TAQH/BAUwAwEB\n/zAfBgNVHSMEGDAWgBRb5eDPvUJjVLjhYnWq8/E21tSGEDA+BgNVHR8ENzA1MDOg\nMaAvhi1odHRwOi8vY3JsLmNmYWhvbWUuY29tL1BLSS9DRkElMjBPUkNBJTIwMS5j\ncmwwSQYIKwYBBQUHAQEEPTA7MDkGCCsGAQUFBzAChi1odHRwOi8vY3JsLmNmYWhv\nbWUuY29tL1BLSS9DRkElMjBPUkNBJTIwMS5jcnQwDQYJKoZIhvcNAQELBQADggEB\nADe2z2S3BTGqRWTyIJ5/6a9c73Ux37uzfIGSq5uBf3xG2KcUNcMQ9DUVZXSQPIp4\n2u0HIUqyYracqBsMiQbXI2DIq96TqysH6lhy/VoPvTHlICrE5U63bjNz5rP/DaLY\nTzwfAnvnAtUUnRDWO/Xv6pONcqK7Pm+Q56TA1l6wgysCWgtGBSLcWo5CwdIuoNsy\n7X4/Z1MFaCUhSMS4IdCheyxrEIkH+hkXI2ybMKLXTZvPZ8NBfCjWPmYEwxnJwVEg\nttGdOMpu3da3k5nXlNj6mMzt4XTg/cHv0tmxUP0TZPm4q9x7pjvPYYJCazhGAKgn\n883hsUQG3nUHEvOOJChU8/Q=\n-----END CERTIFICATE-----\n\n-----BEGIN CERTIFICATE-----\nMIIDBTCCAe2gAwIBAgIQVDC1fdpAlbJBj1ZRd9SVBTANBgkqhkiG9w0BAQsFADAV\nMRMwEQYDVQQDEwpDRkEgT1JDQSAxMB4XDTE1MDkwOTEzNTUzMFoXDTQ3MDkwOTE0\nMDUyOVowFTETMBEGA1UEAxMKQ0ZBIE9SQ0EgMTCCASIwDQYJKoZIhvcNAQEBBQAD\nggEPADCCAQoCggEBAJRh0BrZ7vr4ua5UCvRFyVdVWhE4UKIlMle6vMn4gY4926ZK\nRx+WO7YTteVTC9SWAJkUL5iU5qkeAtp3xC5waTlK/qzb8tqRW5vPh4MteSS3PW0A\ncZ4Gpd419d8f4LWKwWFUKID48FofUWiDzUJjUXUTKH3zLF6Yso885Q+GPRfFZNtJ\nzhcQhxsdabFCwn8POFNPn+EeLoJS45btHPv9fAhsEPUDSsPVUTLJmCIv1QjOa85d\nFbJoX03wrJicZdGbo/WiQGD4eVd/CzCSpeDtatTRANsIcF4zz+CDhVHpVY2Q2Uq1\ndPP2w7wjpe3pbcTioEJmwRjjtiQnOVkz00eHBZ0CAwEAAaNRME8wCwYDVR0PBAQD\nAgGGMA8GA1UdEwEB/wQFMAMBAf8wHQYDVR0OBBYEFFvl4M+9QmNUuOFidarz8TbW\n1IYQMBAGCSsGAQQBgjcVAQQDAgEAMA0GCSqGSIb3DQEBCwUAA4IBAQBsOhco7uDJ\nseIfeuFgRRuI6evKyCMwwYcJkuWlEPV7HFOJ32BJnpvlloCfuqkBHoWHYecJozIb\nJkLihhhsnb+GvPvc0GIu7/uDX00T8BMB7TndLsCzGLttW07OpdcNkn/pM7uRJPQT\nm53Ld43KlTaO8lLxxAevfwX0HbI0roS0EyOtGXFs6SbIV8NopRw5JAn6wxWa9LQs\ngTvBVckx9JrUbGEiQNyosaTCYTR/4BBujS/REgNsAaJPRJhsQEN87pRrNK8WUGWX\nDDMsnJaUk+0/g1Z81xC4eVsOWqLlm2I2nZuL+TD/c5opGom6cIfmV9cKqE/bIf5P\nRsvz2HuFoGUe\n-----END CERTIFICATE-----\n\n",
            "content_base64": null,
            "content_disposition": "",
            "content_encoding": "",
            "content_language": "",
            "content_type": "binary/octet-stream",
            "etag": "2f705894774fd48cab1407845af5eff9",
            "force_destroy": false,
            "id": "splunk-indexer-01/etc/auth/certs/indexer-01.splunk.<customer>home.com.pem",
            "key": "splunk-indexer-01/etc/auth/certs/indexer-01.splunk.<customer>home.com.pem",
            "kms_key_id": null,
            "metadata": {},
            "object_lock_legal_hold_status": "",
            "object_lock_mode": "",
            "object_lock_retain_until_date": "",
            "server_side_encryption": "",
            "source": null,
            "storage_class": "STANDARD",
            "tags": {},
            "version_id": "",
            "website_redirect": ""
          },
          "private": "bnVsbA==",
          "dependencies": [
            "module.common.aws_s3_bucket.inits",
            "module.indexers.data.aws_secretsmanager_secret_version.ssl_key"
          ]
        },
        {
          "index_key": 1,
          "schema_version": 0,
          "attributes": {
            "acl": "private",
            "bucket": "prod-<customer>splunkprod-us-east-1-splunk-initial-configs",
            "cache_control": "",
            "content": "-----BEGIN CERTIFICATE-----\nMIIFbDCCBFSgAwIBAgIKF/g2/QAAAAAXNjANBgkqhkiG9w0BAQsFADBIMRMwEQYK\nCZImiZPyLGQBGRYDY29tMRswGQYKCZImiZPyLGQBGRYLY2hpY2stZmlsLWExFDAS\nBgNVBAMTC0NGQSBFSUNBIDAxMB4XDTIwMTEwMjIxMzI1M1oXDTI1MTEwMTIxMzI1\nM1owgZYxCzAJBgNVBAYTAlVTMRAwDgYDVQQIEwdHZW9yZ2lhMRAwDgYDVQQHEwdB\ndGxhbnRhMRowGAYDVQQKExFDaGljay1maWwtQSwgSW5jLjEfMB0GA1UECxMWSW5m\nb3JtYXRpb24gVGVjaG5vbG9neTEmMCQGA1UEAxMdaW5kZXhlci0wMi5zcGx1bmsu\nY2ZhaG9tZS5jb20wggEiMA0GCSqGSIb3DQEBAQUAA4IBDwAwggEKAoIBAQCuVGFP\nnMnAegWGQqTRXKQcAUq01CHQf2BMuNNN0KmdiGrsm4vSKc54GOLDngXkqQdiPMu+\nRkxfyHuunfTj6FWrnGAqdlB7lyf7MApeuoeOVFug8B+vP+TQNYoxXw/TpBeEqc45\nnXMKq64oOyNDSRWnvdbT3iumBHSj9dJgzG224vrN/5JyZ39aZYlmE6BjdTpgXz0x\nJbkqpKt3K0mfEiD2pr0oMGixmFwvhaz5wAOdx+EpLBW3UzxY2LWMLTzIDKsMdjJu\n2iSAUFdV4Ahh50N8OLm6QVKDmSwNuZ+9ZNe93l4UYo5DXKV0XhqupGJSRU/qaBTi\nanT/weu5vVGdwYfHAgMBAAGjggIHMIICAzAdBgNVHQ4EFgQUC+VfBPwF4EOILBvE\n6FNDnI+o/F8wHwYDVR0jBBgwFoAUxc78uv3HogUklqX8vajqfMolZsMwPwYDVR0f\nBDgwNjA0oDKgMIYuaHR0cDovL2NybC5jZmFob21lLmNvbS9QS0kvQ0ZBJTIwRUlD\nQSUyMDAxLmNybDCCAQEGCCsGAQUFBwEBBIH0MIHxMDoGCCsGAQUFBzAChi5odHRw\nOi8vY3JsLmNmYWhvbWUuY29tL1BLSS9DRkElMjBFSUNBJTIwMDEuY3J0MIGyBggr\nBgEFBQcwAoaBpWxkYXA6Ly8vQ049Q0ZBJTIwRUlDQSUyMDAxLENOPUFJQSxDTj1Q\ndWJsaWMlMjBLZXklMjBTZXJ2aWNlcyxDTj1TZXJ2aWNlcyxDTj1Db25maWd1cmF0\naW9uLERDPWNoaWNrLWZpbC1hLERDPWNvbT9jQUNlcnRpZmljYXRlP2Jhc2U/b2Jq\nZWN0Q2xhc3M9Y2VydGlmaWNhdGlvbkF1dGhvcml0eTALBgNVHQ8EBAMCBaAwPAYJ\nKwYBBAGCNxUHBC8wLQYlKwYBBAGCNxUI1I9+g6CKGYGhmSOHvP5ShqXLemqE8O5O\ng5SNPQIBZAIBBjATBgNVHSUEDDAKBggrBgEFBQcDATAbBgkrBgEEAYI3FQoEDjAM\nMAoGCCsGAQUFBwMBMA0GCSqGSIb3DQEBCwUAA4IBAQAenOaewUJfFV9yIlWONdds\nU6xoGGUBKPNpeJwdMWD9vUWm1ogoWVVhLkQc1ao213LAsXiKT4RasIK6b90bVQhc\niPyhcZAlsGrxIXenkTHbkAzZ7x7JQDWFteAgfNltv11sk+HWteHclJm/6MK2mNdo\n1wdG2kMNfHNvmk+5hmLGrRLcEsITGtfMs8VVzzKR6v2L0jgIfRgMu/7eqd4ZXFQL\nkuOhqS2S5ZowcIQgugo2Pv0QE9Zw9XLU5jLsLODJGJEUCmzhsMUT9M2LHiT/5Cvd\nKq5xtfCgrG80cfYQNEk6cFuKh/ccLh+MxN3hBfKLJJqCo6uFzX4JlBEUdC9FtE/+\n-----END CERTIFICATE-----\n-----BEGIN RSA PRIVATE KEY-----\nProc-Type: 4,ENCRYPTED\nDEK-Info: DES-EDE3-CBC,910E9CEBFE59D7C6\n\nMtUD2dNvqQfX01MvbptpOOvC9NoCcJSGnZjuujaq2K71GjZNTX7YGOmo1Ekl6Y/p\n8rQGO8uYawdOEzVBV+dPvSJb4lXcPGiEhIlljkuoh6RiK5T92evBH50sGzSKuqBE\nAxht0iYnMo26rntiB9w8miZ2OUgwXkNximrs4sir42X4ScLumYuSYcFEiOB5w5D2\nmXgISk6QavakWl35MSU6JKliQrubRa7Xwv5r3x7fnqFr+xDRxZjdr8Xk0s8glmnR\nui/KeFkH7B6Q5APQQVpZtAiU6+MzCbkKX4BvMBZB527S3Kqi7Gelz19ZSXFH0iSH\nu0Hpet4DWJh9CMsJSnv3L3Tq9PCg8mzAYMKjLWBnKNffJdmpyc8iESMB3OBldfU9\nM5yDFaJE1FpiZuPjVv4mJlAkasr90svhEnk2xnncuVCqPIO05CVDos0XX8omB2oJ\nhw47uZNYwbLDZXVGsI9N057+h/uZFnuvflbr3h5IXjN1eFlpoFXcnppWrgmiP6R1\nwOR9IOtTM4/yIJ1TW3dI3EfQ9oo5IBihTa4CQwSUH40uCierap+RB5XLpvqH4Ycb\nsitel0ZbrxaC4ocdAOJu7HIhYN0+O8WpLh2WWELLwgzwaLD5/0iMtOEu56XlFQto\nEzCi4h2iVir0owYXsDvjDt/d+Hf/EDRUr+65CedyIDM0Q3vxwCf0Q1UIcyURsJ88\nCBl2mRSRHcia1g+YlciCVP9ZT5IhOW2VVmjjOpuj+lD3UlfH6TX53LHnubqHSba8\nhSXGYmpM/ouVpZPHFNj9JdSi1nCfT4SJ3hRWUAYbK3+IC/ZGj/R83KqXFs7rGJdD\nUVDKPZJ4X0XbRANwfr9lOVXK9ekwNphacsTcSBM42CwQADdVRmmbMoyc1VhPHw2L\nvVbtIFO9qxZFrajBFrULkitHKWY1DT/QT+mPE30lAi5JBh1RZ1dJ2PwH9XIJ3ezw\nQoK0gx3Fp0AumF7aFZHbiU54GfzNuzTyBFwamfK6dDFL6ilxSAsVx1rXHsaxfZ8/\ntWDP914aoRZgmlUX2iKk0Sx5xcASgQ+mZJfJhlglibIX9bedvClRnJmag4l8DSQl\nvCMxgIYsxbMS6HZILoeCBxxe6Tn/oWz/uFijvDKM3B1Abcp173ytm/aFyQp89xbG\nPdmFehYtWNx/l2wNAmK32SrG/MHkP3+ZrfaMGnMspGZZyi6zMHw1obYLB5PFOUuh\n00WJznNzIYD1wnSvcgQkTic8hbOpDt5XVFqVSTSCmy0pWzSDu7hdFnCuZpib3glx\n2O8LHQTAQoN+4ZgapRAVppOyAfSKKwHdtoqBB9D7Hg5o9lcUVy+KnGw3H3YV6DEO\nwCAnGuN4ceuX9BYS1qOOk5CTgZ7pRmz4W41pPnSA+cuCb6OxGS1Qu46nw3yC8hU3\nfzRZ4xp/lf1/HxU3OhezgHZP4GuPS2R4AyH8MFqpasRPafDzmwElniBP6SoyrC/Y\nVtBNzAyMuVpLCE93/hYLv9CFLfKWuG5LWXYLgOApdzIe5NhrQji7F40NEog84pLS\nMagImCbhwF3ARZdCTpxSbROPD9XB/W+uRDas9IvU7e8rQqtB+XsNeefX0IU3OZhn\n-----END RSA PRIVATE KEY-----\n-----BEGIN CERTIFICATE-----\nMIID/TCCAuWgAwIBAgIKEiM3xAAAAAAAAzANBgkqhkiG9w0BAQsFADAVMRMwEQYD\nVQQDEwpDRkEgT1JDQSAxMB4XDTE1MDkwOTE3MDgyNloXDTMxMDkwOTE3MTgyNlow\nSDETMBEGCgmSJomT8ixkARkWA2NvbTEbMBkGCgmSJomT8ixkARkWC2NoaWNrLWZp\nbC1hMRQwEgYDVQQDEwtDRkEgRUlDQSAwMTCCASIwDQYJKoZIhvcNAQEBBQADggEP\nADCCAQoCggEBAL3k3o0/F6/5+wzVQAS8C4A1Mzr+B8aYI+Bvr6aqgXS2oVtVLEHH\nfJc3ax+6uqDxG5/9n41CIkQiCDexri+BGyeI2PoUZNFhQj4aKqYUTJ8CAwZ/ovEk\nLhqPijK4fKeJJ9OWbKTUxtC9sJkH6C3Z7DzegWQRnDxi4SiC+HD2lG5xISdtJEfH\ngf13xMVFveKYsqEfL06Uh4S9aBAcx2aMBHoc2jDBEJM2gdIvxroA9sGtxIsoDAmg\nA2DJ0LP3DcCQoBhLrskTDR7llWtqQAO05ph6+QRfxCsSclNhB/2lXJ0GlORNSXun\nqpUZvYafK6pACZ93zZnMgteb9orqDYB+eQ0CAwEAAaOCARowggEWMBAGCSsGAQQB\ngjcVAQQDAgEAMB0GA1UdDgQWBBTFzvy6/ceiBSSWpfy9qOp8yiVmwzAZBgkrBgEE\nAYI3FAIEDB4KAFMAdQBiAEMAQTALBgNVHQ8EBAMCAYYwDwYDVR0TAQH/BAUwAwEB\n/zAfBgNVHSMEGDAWgBRb5eDPvUJjVLjhYnWq8/E21tSGEDA+BgNVHR8ENzA1MDOg\nMaAvhi1odHRwOi8vY3JsLmNmYWhvbWUuY29tL1BLSS9DRkElMjBPUkNBJTIwMS5j\ncmwwSQYIKwYBBQUHAQEEPTA7MDkGCCsGAQUFBzAChi1odHRwOi8vY3JsLmNmYWhv\nbWUuY29tL1BLSS9DRkElMjBPUkNBJTIwMS5jcnQwDQYJKoZIhvcNAQELBQADggEB\nADe2z2S3BTGqRWTyIJ5/6a9c73Ux37uzfIGSq5uBf3xG2KcUNcMQ9DUVZXSQPIp4\n2u0HIUqyYracqBsMiQbXI2DIq96TqysH6lhy/VoPvTHlICrE5U63bjNz5rP/DaLY\nTzwfAnvnAtUUnRDWO/Xv6pONcqK7Pm+Q56TA1l6wgysCWgtGBSLcWo5CwdIuoNsy\n7X4/Z1MFaCUhSMS4IdCheyxrEIkH+hkXI2ybMKLXTZvPZ8NBfCjWPmYEwxnJwVEg\nttGdOMpu3da3k5nXlNj6mMzt4XTg/cHv0tmxUP0TZPm4q9x7pjvPYYJCazhGAKgn\n883hsUQG3nUHEvOOJChU8/Q=\n-----END CERTIFICATE-----\n\n-----BEGIN CERTIFICATE-----\nMIIDBTCCAe2gAwIBAgIQVDC1fdpAlbJBj1ZRd9SVBTANBgkqhkiG9w0BAQsFADAV\nMRMwEQYDVQQDEwpDRkEgT1JDQSAxMB4XDTE1MDkwOTEzNTUzMFoXDTQ3MDkwOTE0\nMDUyOVowFTETMBEGA1UEAxMKQ0ZBIE9SQ0EgMTCCASIwDQYJKoZIhvcNAQEBBQAD\nggEPADCCAQoCggEBAJRh0BrZ7vr4ua5UCvRFyVdVWhE4UKIlMle6vMn4gY4926ZK\nRx+WO7YTteVTC9SWAJkUL5iU5qkeAtp3xC5waTlK/qzb8tqRW5vPh4MteSS3PW0A\ncZ4Gpd419d8f4LWKwWFUKID48FofUWiDzUJjUXUTKH3zLF6Yso885Q+GPRfFZNtJ\nzhcQhxsdabFCwn8POFNPn+EeLoJS45btHPv9fAhsEPUDSsPVUTLJmCIv1QjOa85d\nFbJoX03wrJicZdGbo/WiQGD4eVd/CzCSpeDtatTRANsIcF4zz+CDhVHpVY2Q2Uq1\ndPP2w7wjpe3pbcTioEJmwRjjtiQnOVkz00eHBZ0CAwEAAaNRME8wCwYDVR0PBAQD\nAgGGMA8GA1UdEwEB/wQFMAMBAf8wHQYDVR0OBBYEFFvl4M+9QmNUuOFidarz8TbW\n1IYQMBAGCSsGAQQBgjcVAQQDAgEAMA0GCSqGSIb3DQEBCwUAA4IBAQBsOhco7uDJ\nseIfeuFgRRuI6evKyCMwwYcJkuWlEPV7HFOJ32BJnpvlloCfuqkBHoWHYecJozIb\nJkLihhhsnb+GvPvc0GIu7/uDX00T8BMB7TndLsCzGLttW07OpdcNkn/pM7uRJPQT\nm53Ld43KlTaO8lLxxAevfwX0HbI0roS0EyOtGXFs6SbIV8NopRw5JAn6wxWa9LQs\ngTvBVckx9JrUbGEiQNyosaTCYTR/4BBujS/REgNsAaJPRJhsQEN87pRrNK8WUGWX\nDDMsnJaUk+0/g1Z81xC4eVsOWqLlm2I2nZuL+TD/c5opGom6cIfmV9cKqE/bIf5P\nRsvz2HuFoGUe\n-----END CERTIFICATE-----\n\n",
            "content_base64": null,
            "content_disposition": "",
            "content_encoding": "",
            "content_language": "",
            "content_type": "binary/octet-stream",
            "etag": "bd8d079124ead97de60b2818086c093b",
            "force_destroy": false,
            "id": "splunk-indexer-02/etc/auth/certs/indexer-02.splunk.<customer>home.com.pem",
            "key": "splunk-indexer-02/etc/auth/certs/indexer-02.splunk.<customer>home.com.pem",
            "kms_key_id": null,
            "metadata": {},
            "object_lock_legal_hold_status": "",
            "object_lock_mode": "",
            "object_lock_retain_until_date": "",
            "server_side_encryption": "",
            "source": null,
            "storage_class": "STANDARD",
            "tags": {},
            "version_id": "",
            "website_redirect": ""
          },
          "private": "bnVsbA==",
          "dependencies": [
            "module.common.aws_s3_bucket.inits",
            "module.indexers.data.aws_secretsmanager_secret_version.ssl_key"
          ]
        },
        {
          "index_key": 2,
          "schema_version": 0,
          "attributes": {
            "acl": "private",
            "bucket": "prod-<customer>splunkprod-us-east-1-splunk-initial-configs",
            "cache_control": "",
            "content": "-----BEGIN CERTIFICATE-----\nMIIFbDCCBFSgAwIBAgIKF/n1pAAAAAAXNzANBgkqhkiG9w0BAQsFADBIMRMwEQYK\nCZImiZPyLGQBGRYDY29tMRswGQYKCZImiZPyLGQBGRYLY2hpY2stZmlsLWExFDAS\nBgNVBAMTC0NGQSBFSUNBIDAxMB4XDTIwMTEwMjIxMzQ0OFoXDTI1MTEwMTIxMzQ0\nOFowgZYxCzAJBgNVBAYTAlVTMRAwDgYDVQQIEwdHZW9yZ2lhMRAwDgYDVQQHEwdB\ndGxhbnRhMRowGAYDVQQKExFDaGljay1maWwtQSwgSW5jLjEfMB0GA1UECxMWSW5m\nb3JtYXRpb24gVGVjaG5vbG9neTEmMCQGA1UEAxMdaW5kZXhlci0wMy5zcGx1bmsu\nY2ZhaG9tZS5jb20wggEiMA0GCSqGSIb3DQEBAQUAA4IBDwAwggEKAoIBAQCeeCTc\nd4xMsmwpZf1JaB46fnZU9nDsDGb3qWAOyTYgqiuFRqnW9Gk0Tc9+HO2a0lm/VVuJ\nUTTlFsPB6Ur6HMhJ5fZbMYXRqtMS69Jh9CrwNTO9tBQS9G7b+NJmsY5x/n1yFLYu\nbqkp/DUQn4766MoNTyqIX0rjNFPbeI9KxHM2wcpJMVul6W6u/ybuEMj4Wx4f7BOo\ny1T2MnZHDWehjwwCvbXA5//DEtgJp+Gq6sJviGvwxy9qtOaRV/lLz/Y10aZpAi7x\nwfWzDHI+u3tE7wk9BTBOPWYCd7oD8PBm/MnmVg3bhWyzcrIEMcHZMxzPrppRxrn2\npaXWKM/5wGANhGDTAgMBAAGjggIHMIICAzAdBgNVHQ4EFgQUHMpmv2oeNhMx5U1e\ngukgwn2EeoswHwYDVR0jBBgwFoAUxc78uv3HogUklqX8vajqfMolZsMwPwYDVR0f\nBDgwNjA0oDKgMIYuaHR0cDovL2NybC5jZmFob21lLmNvbS9QS0kvQ0ZBJTIwRUlD\nQSUyMDAxLmNybDCCAQEGCCsGAQUFBwEBBIH0MIHxMDoGCCsGAQUFBzAChi5odHRw\nOi8vY3JsLmNmYWhvbWUuY29tL1BLSS9DRkElMjBFSUNBJTIwMDEuY3J0MIGyBggr\nBgEFBQcwAoaBpWxkYXA6Ly8vQ049Q0ZBJTIwRUlDQSUyMDAxLENOPUFJQSxDTj1Q\ndWJsaWMlMjBLZXklMjBTZXJ2aWNlcyxDTj1TZXJ2aWNlcyxDTj1Db25maWd1cmF0\naW9uLERDPWNoaWNrLWZpbC1hLERDPWNvbT9jQUNlcnRpZmljYXRlP2Jhc2U/b2Jq\nZWN0Q2xhc3M9Y2VydGlmaWNhdGlvbkF1dGhvcml0eTALBgNVHQ8EBAMCBaAwPAYJ\nKwYBBAGCNxUHBC8wLQYlKwYBBAGCNxUI1I9+g6CKGYGhmSOHvP5ShqXLemqE8O5O\ng5SNPQIBZAIBBjATBgNVHSUEDDAKBggrBgEFBQcDATAbBgkrBgEEAYI3FQoEDjAM\nMAoGCCsGAQUFBwMBMA0GCSqGSIb3DQEBCwUAA4IBAQB099M7k9BLJ4cLrqDfbbhe\nSEMWT88hIhuwPTnt1h1SCDstEW27G2xgZG2Tb0yiI3AiITW6PnZjvTelKFNO4xVN\n7lxBOISA5UdhHUUPr1svRxoT+zvRJ8cAT0Zkv6dR77Fqi44glb0FAi4JY5lfWC8u\n7ZlIjbySQ/g628GKX/gAKAc7pXEodvFs2PVH+FhT5DSgvuYsCj26R0Ev8ggj1XzH\nxfljW85lwN8LxDb+0X0/ZXCuH8+M6wEiEVhUh9wtVYem9pPRai+N5fzSbY5vVycP\nWk/h+/zYSSMRujyU6o53oBM15tNpy0jNjD98j5b0VSr3N/wp/HtVRKTTzxZzOWRW\n-----END CERTIFICATE-----\n-----BEGIN RSA PRIVATE KEY-----\nProc-Type: 4,ENCRYPTED\nDEK-Info: DES-EDE3-CBC,642AA5624AC98F18\n\n91h7T0EQywjBL8owGxZVpA7wT+RUL4ldD/P26PsZ14KT7ZO/eqQquc7FpuEa1lKB\nHK58NtRpCX9NcGIYXhjVLGDlTEvWKanlvhexYPIuOLhO5efMQPk0KyaMxWFISoUo\nzaM+H6BTRZt4cQ3ikHJXKzp6189nK+xYUdWNENnTjH9KVlEFUxTAKXG37WW0491L\nDfi1AQhqjS43XvVQBXjFnk8BNyqu9zr6XcSeTH0Ia7I46K9cTztQZcFrLB5itCaG\nlH110MZs+ViReylkQs8fgIvIwIMxNTAXmOp+GX/rvJXAOIwjqkvf36hJR2bdg63n\nxkcYhm7+fn9+G4/GVQ7ba5mJ3P1LOiz5ZhOemTV/06cBzUTdh0G9tYnGz1fDrA3F\n+FsQuUM3l45Fz/RuEjdj3uUj3vTqUW/ZAEiH3Rsx7CG4bGSbx27BbmPoCwU2wq6a\niAWbvolZSBAmWqlMryBGh9m18z2RwGHt0O63xocsNm7+9BaeAVwddinbkKrKs1Xj\nA9bHoQyCIHUN4FSgbzm34E1hYWAQLZfPlkU5yYyh2q2CYSyhCU0FHBobPx3V7iKv\nVLdxQrTfH/O0m4sOuTbtvyspdmqy111dm4yFFm6vsPbOYQwjPb1EN8zxIedx9lo5\nGpAwHFOOttsMarSmarjNqvL+8rmiZJg/Jkda+4e2YkTeRUCkcoUdcg0NKJVRa2ft\nKKTN34Xf8haAqyVp9se6NQKUSIHZsfHIcKYjei4bC7XhrLrBGVSAuk0ujIzVAxae\ngnWPWYBpnOxDHzsPBEUCZZw8Ppw/Kc1t2mkbxBz+ldFU4eqz9uvsTY+4B1almRg3\nPzCcMJRiLzqRu+IrBj6XWiLvDWKlrmDIB45tTHfj6Wu+Y3M11QtErbyKnCP7xpZd\nM8n4lLCNiySWcdkMrGIWJu5Z4SSa1b4Kxg77vKhfrR8CPLmIwhmRUZjm9AbmxgLV\nKLeRZoG/0y484AMJYaXW/I4sTBh6s6EmR4TVaHbhZeg+WtbrfwD+26g3CCVkw51+\niyzbQ9fgqDrQV5A92KWFDvb67rUjC6RGvpLI6pV2yHOEIlh7gMgFv7FG6zNURk6N\nhm6F7w/JrUcg+gvHczic6vpNOoqrQ4HQAlXmsU81jao+6eOG3o7SrmNmUdDv8yan\nMhrng3xPURjK3VNKyYTd4x7w5kyy1+f6zCr5gUltj4uJvKJ9oXDkcQJwprm5vy3U\n8XNx548daKxA5kuqBQf4tKrjmEfU9lRCLj3XtZv8C1i7a5vSUf9YuCG+xs4T0iU6\n2QDav8LtwCzfmYWV6gSPnpG8WpoaiX8x0+jsGowVu98cY4LZcvHuHMdcwSEmqhNZ\nbG+DC99woFb4AUNpxa1XcRWk9doEE0mV3X4aDIyJP2xD4Xy/7m8jHn+AL7HubBfw\nkSEk3aNLMmQ4tpriW6PIm+GQIVRB5BtZHUM4XJnrzgeoceshUwisofOT7oU4evEb\nqz+dkIuxBYrpPwM57uC/Cte63JRG27fv6jzYQ+WbqZVjE+h+ZtLGzkhoUdeMjIOc\nVrwi5acM2b586kbLbcQAAYdp3/4L75e4VmvxHPz4OHCJx/Dfj/C0ueXHpWa7Wjh4\n-----END RSA PRIVATE KEY-----\n-----BEGIN CERTIFICATE-----\nMIID/TCCAuWgAwIBAgIKEiM3xAAAAAAAAzANBgkqhkiG9w0BAQsFADAVMRMwEQYD\nVQQDEwpDRkEgT1JDQSAxMB4XDTE1MDkwOTE3MDgyNloXDTMxMDkwOTE3MTgyNlow\nSDETMBEGCgmSJomT8ixkARkWA2NvbTEbMBkGCgmSJomT8ixkARkWC2NoaWNrLWZp\nbC1hMRQwEgYDVQQDEwtDRkEgRUlDQSAwMTCCASIwDQYJKoZIhvcNAQEBBQADggEP\nADCCAQoCggEBAL3k3o0/F6/5+wzVQAS8C4A1Mzr+B8aYI+Bvr6aqgXS2oVtVLEHH\nfJc3ax+6uqDxG5/9n41CIkQiCDexri+BGyeI2PoUZNFhQj4aKqYUTJ8CAwZ/ovEk\nLhqPijK4fKeJJ9OWbKTUxtC9sJkH6C3Z7DzegWQRnDxi4SiC+HD2lG5xISdtJEfH\ngf13xMVFveKYsqEfL06Uh4S9aBAcx2aMBHoc2jDBEJM2gdIvxroA9sGtxIsoDAmg\nA2DJ0LP3DcCQoBhLrskTDR7llWtqQAO05ph6+QRfxCsSclNhB/2lXJ0GlORNSXun\nqpUZvYafK6pACZ93zZnMgteb9orqDYB+eQ0CAwEAAaOCARowggEWMBAGCSsGAQQB\ngjcVAQQDAgEAMB0GA1UdDgQWBBTFzvy6/ceiBSSWpfy9qOp8yiVmwzAZBgkrBgEE\nAYI3FAIEDB4KAFMAdQBiAEMAQTALBgNVHQ8EBAMCAYYwDwYDVR0TAQH/BAUwAwEB\n/zAfBgNVHSMEGDAWgBRb5eDPvUJjVLjhYnWq8/E21tSGEDA+BgNVHR8ENzA1MDOg\nMaAvhi1odHRwOi8vY3JsLmNmYWhvbWUuY29tL1BLSS9DRkElMjBPUkNBJTIwMS5j\ncmwwSQYIKwYBBQUHAQEEPTA7MDkGCCsGAQUFBzAChi1odHRwOi8vY3JsLmNmYWhv\nbWUuY29tL1BLSS9DRkElMjBPUkNBJTIwMS5jcnQwDQYJKoZIhvcNAQELBQADggEB\nADe2z2S3BTGqRWTyIJ5/6a9c73Ux37uzfIGSq5uBf3xG2KcUNcMQ9DUVZXSQPIp4\n2u0HIUqyYracqBsMiQbXI2DIq96TqysH6lhy/VoPvTHlICrE5U63bjNz5rP/DaLY\nTzwfAnvnAtUUnRDWO/Xv6pONcqK7Pm+Q56TA1l6wgysCWgtGBSLcWo5CwdIuoNsy\n7X4/Z1MFaCUhSMS4IdCheyxrEIkH+hkXI2ybMKLXTZvPZ8NBfCjWPmYEwxnJwVEg\nttGdOMpu3da3k5nXlNj6mMzt4XTg/cHv0tmxUP0TZPm4q9x7pjvPYYJCazhGAKgn\n883hsUQG3nUHEvOOJChU8/Q=\n-----END CERTIFICATE-----\n\n-----BEGIN CERTIFICATE-----\nMIIDBTCCAe2gAwIBAgIQVDC1fdpAlbJBj1ZRd9SVBTANBgkqhkiG9w0BAQsFADAV\nMRMwEQYDVQQDEwpDRkEgT1JDQSAxMB4XDTE1MDkwOTEzNTUzMFoXDTQ3MDkwOTE0\nMDUyOVowFTETMBEGA1UEAxMKQ0ZBIE9SQ0EgMTCCASIwDQYJKoZIhvcNAQEBBQAD\nggEPADCCAQoCggEBAJRh0BrZ7vr4ua5UCvRFyVdVWhE4UKIlMle6vMn4gY4926ZK\nRx+WO7YTteVTC9SWAJkUL5iU5qkeAtp3xC5waTlK/qzb8tqRW5vPh4MteSS3PW0A\ncZ4Gpd419d8f4LWKwWFUKID48FofUWiDzUJjUXUTKH3zLF6Yso885Q+GPRfFZNtJ\nzhcQhxsdabFCwn8POFNPn+EeLoJS45btHPv9fAhsEPUDSsPVUTLJmCIv1QjOa85d\nFbJoX03wrJicZdGbo/WiQGD4eVd/CzCSpeDtatTRANsIcF4zz+CDhVHpVY2Q2Uq1\ndPP2w7wjpe3pbcTioEJmwRjjtiQnOVkz00eHBZ0CAwEAAaNRME8wCwYDVR0PBAQD\nAgGGMA8GA1UdEwEB/wQFMAMBAf8wHQYDVR0OBBYEFFvl4M+9QmNUuOFidarz8TbW\n1IYQMBAGCSsGAQQBgjcVAQQDAgEAMA0GCSqGSIb3DQEBCwUAA4IBAQBsOhco7uDJ\nseIfeuFgRRuI6evKyCMwwYcJkuWlEPV7HFOJ32BJnpvlloCfuqkBHoWHYecJozIb\nJkLihhhsnb+GvPvc0GIu7/uDX00T8BMB7TndLsCzGLttW07OpdcNkn/pM7uRJPQT\nm53Ld43KlTaO8lLxxAevfwX0HbI0roS0EyOtGXFs6SbIV8NopRw5JAn6wxWa9LQs\ngTvBVckx9JrUbGEiQNyosaTCYTR/4BBujS/REgNsAaJPRJhsQEN87pRrNK8WUGWX\nDDMsnJaUk+0/g1Z81xC4eVsOWqLlm2I2nZuL+TD/c5opGom6cIfmV9cKqE/bIf5P\nRsvz2HuFoGUe\n-----END CERTIFICATE-----\n\n",
            "content_base64": null,
            "content_disposition": "",
            "content_encoding": "",
            "content_language": "",
            "content_type": "binary/octet-stream",
            "etag": "e6fe0e3fe1ede0fe8be7099f7020bbf4",
            "force_destroy": false,
            "id": "splunk-indexer-03/etc/auth/certs/indexer-03.splunk.<customer>home.com.pem",
            "key": "splunk-indexer-03/etc/auth/certs/indexer-03.splunk.<customer>home.com.pem",
            "kms_key_id": null,
            "metadata": {},
            "object_lock_legal_hold_status": "",
            "object_lock_mode": "",
            "object_lock_retain_until_date": "",
            "server_side_encryption": "",
            "source": null,
            "storage_class": "STANDARD",
            "tags": {},
            "version_id": "",
            "website_redirect": ""
          },
          "private": "bnVsbA==",
          "dependencies": [
            "module.common.aws_s3_bucket.inits",
            "module.indexers.data.aws_secretsmanager_secret_version.ssl_key"
          ]
        },
        {
          "index_key": 3,
          "schema_version": 0,
          "attributes": {
            "acl": "private",
            "bucket": "prod-<customer>splunkprod-us-east-1-splunk-initial-configs",
            "cache_control": "",
            "content": "-----BEGIN CERTIFICATE-----\nMIIFbDCCBFSgAwIBAgIKF/qOSwAAAAAXODANBgkqhkiG9w0BAQsFADBIMRMwEQYK\nCZImiZPyLGQBGRYDY29tMRswGQYKCZImiZPyLGQBGRYLY2hpY2stZmlsLWExFDAS\nBgNVBAMTC0NGQSBFSUNBIDAxMB4XDTIwMTEwMjIxMzUyN1oXDTI1MTEwMTIxMzUy\nN1owgZYxCzAJBgNVBAYTAlVTMRAwDgYDVQQIEwdHZW9yZ2lhMRAwDgYDVQQHEwdB\ndGxhbnRhMRowGAYDVQQKExFDaGljay1maWwtQSwgSW5jLjEfMB0GA1UECxMWSW5m\nb3JtYXRpb24gVGVjaG5vbG9neTEmMCQGA1UEAxMdaW5kZXhlci0wNC5zcGx1bmsu\nY2ZhaG9tZS5jb20wggEiMA0GCSqGSIb3DQEBAQUAA4IBDwAwggEKAoIBAQC/QlQb\n+rj16dqofjnQ+eBX1N0FyJ7y2hxz2HxuHk8p9ilfYJ6RoPWDWlpLtJQNX/qLj2uO\nakb0x/9cRQtMKChJdnNvnkeSDV8PyRErXmHC67CFdrzF0dAzWeoWTHfutX9wywLg\n3xujZYnRXNwViE3dNQJ++51sY/XxoUi9HbqNbHmOgfYxXkile6Qif+tX9Fsn+GE9\nPLvrqQohFjto9Bs7JnrAIUJFFXOmt26a75Fb62imJuakOfHzbHOUNC9L92N5d2YH\nGyznAqCFfT4ha6HgmA3+rUC0bLKgv/9mjfsCv3ogiJg30FjbBn0r86Sqkqd81cHU\n9c9D//owO9vh+sdDAgMBAAGjggIHMIICAzAdBgNVHQ4EFgQUnwkpcJB0Yrg9lJcS\n4ceyg0YF1+swHwYDVR0jBBgwFoAUxc78uv3HogUklqX8vajqfMolZsMwPwYDVR0f\nBDgwNjA0oDKgMIYuaHR0cDovL2NybC5jZmFob21lLmNvbS9QS0kvQ0ZBJTIwRUlD\nQSUyMDAxLmNybDCCAQEGCCsGAQUFBwEBBIH0MIHxMDoGCCsGAQUFBzAChi5odHRw\nOi8vY3JsLmNmYWhvbWUuY29tL1BLSS9DRkElMjBFSUNBJTIwMDEuY3J0MIGyBggr\nBgEFBQcwAoaBpWxkYXA6Ly8vQ049Q0ZBJTIwRUlDQSUyMDAxLENOPUFJQSxDTj1Q\ndWJsaWMlMjBLZXklMjBTZXJ2aWNlcyxDTj1TZXJ2aWNlcyxDTj1Db25maWd1cmF0\naW9uLERDPWNoaWNrLWZpbC1hLERDPWNvbT9jQUNlcnRpZmljYXRlP2Jhc2U/b2Jq\nZWN0Q2xhc3M9Y2VydGlmaWNhdGlvbkF1dGhvcml0eTALBgNVHQ8EBAMCBaAwPAYJ\nKwYBBAGCNxUHBC8wLQYlKwYBBAGCNxUI1I9+g6CKGYGhmSOHvP5ShqXLemqE8O5O\ng5SNPQIBZAIBBjATBgNVHSUEDDAKBggrBgEFBQcDATAbBgkrBgEEAYI3FQoEDjAM\nMAoGCCsGAQUFBwMBMA0GCSqGSIb3DQEBCwUAA4IBAQBKSJTgNMqB3yqUNe48og1u\nnxaIIGhEiBThaAUT7yxusRaWS70Yh8paI6s0ZZSIY+K5e1Kw7xnxgpA3ZPkygsAO\n3TiWDs0d/Ik42I8sKWdfVmKdglg5kj0sXdh0RWYbEIzJ0HeJqrajaZSYERMFyqny\ngAs+/B9pdocpiCUYP79PIASMRrBNbnLmuyRDqakA49BH9KpQ6lvMI4wSm+nlv8V/\nxPLV2VeT6y3WFiEhoyaqJxfrAuK/Bopk9XbEwHhL18whhKhwj2qS4/0sgJyFHoT0\nZYQnPAtnQwPbpNYGgcqnNmFKoQZRFFN/VxnK/SpTFCYj5oucS3tHoq51vqToKzZe\n-----END CERTIFICATE-----\n-----BEGIN RSA PRIVATE KEY-----\nProc-Type: 4,ENCRYPTED\nDEK-Info: DES-EDE3-CBC,A0B5C332C2A8229C\n\nrF1JF+Rf5HTvUG3uKrTqZ5sQ1N1Bk9aR/OUKrulfqQ7hQmUKzR7uSRcU+a4BKskN\nHP4RN0XC+fe1vEPdoiRmD8mPqNiNQWbP5+xCbgDoV10UCKb8bF0Jx1g7zBg+DGC3\ntqxJj0B8N/+4xs/e1Uc0RhhIM+99Za5CjSOFNEWsiPAGRMd05me/SGGjiAhe/0dC\npavHQjFmnkPqHWShDjZI8VwuJob6UhbRi4U9tblIrycduJwk9y8TeRrY56qvJTcJ\nCzSAcOrsoR9rnkiK18ibgGVWqPueA8A7PO/l0rjdv0jL7KqyIqn/jyaRpxKP2/Jb\nfP0oL3d9Fp8qoHfwIXqpMzyOL67qZRY84pFltwvG0Y/+ViGT+e4JoxJFSgb3taw5\n6T6TXfQssE1bKeZQWv3HSe1CQw36GslK1UBDC1PwEbsJzm3vOFv+9QKSFfUOb++W\ncJ19jBqZPJf4wUWPdXOjIQUcwbf60I11Qod6HRbyFEVKltMv8MNS/ii4bm3aIU6l\n763uMqTOJQNE0iP2OuZqFg7NsGS9BvTnhVedvoDCR3nO52RlNYLJQGgHg6rzoxFr\ngHZerlQKG7HzUzmoeaeLE+wkI5DgXI6HWmV7q/jIIVU8BB7uECmZtkYZk6to7SuD\nRYR7aei4Nvmyo3q4EVVvSy5ad5EoiM4VeymMKSeNQnTjwPXLue5MJ1P1SBO88GAM\nsuawnzT5hnCgwT89A7SBz1tnshyNgsVUSly91iWYHJqwm1vGHKmCBS8UuSEB9nyN\nbeJxRPQVwmRwTLmo/lhxxmCQWCkfaiASpNi5lCYYGhmyg3mV1Ab9cvVGHJcmNcsI\nd9HXFr3sV7TYgxqCdwc74D/jmRVM98YHQt8qsTKqsyeibRqz8nnjTyW1lHd7Bv10\nby9MmAkZIwBZgEp4qFqI+AP9Nnn6CnDq+E2ngaa0FGuAEAvackdF12JPPp/IFlIC\nxUPdnrk0LUpXez0K/++6PoEvSIIhubJE2UlLlD6joJ+7zx2G+v2aRuBuvgXAfSEb\nDf++IiGo+3+n+JLANBUzzgsIUfoHjKavM6WW0xRTgNW2FTSnKuDoSu57pqOhk6XH\nhtidtC77ie67S3eXCL958tHiATkCzR4f/w2D01W7y1kxpQ4k43S4Pf6a84fUkmUm\nWXOuNrB9W0ba+G8LfDVFWhMUcFcZFWUhJBKSkUmgnwVUmsuzpkxNxKPkwPO6HgRK\nsBvAP+0icDcMuRk68Iz4I81h790Jf1XN4/ykgDqnGemL4urgFhM00S5mbJWZNspA\nN2cEBzqLDXFo6ZfKfxwH8TcO6Gu50c93OUC95MC6CVjjs6CAmomP+hbpUIZj+00k\n9nFQ4W2oxyhar11lDOfb2y6JvkVnobhH2UvPpi5kImo97tz7TdH7VNiO6ceqxLQz\nYnEQXm9PH1nH7NGsROedOX/8h5J1+kqm+7g7MZFYwbDP5xdW7b9sP93RPVPXkZUJ\nC3RjQFg+xgG6PrBM2Aq8DY7uUgxt21tY25yS8IvF/e1C4LhN90Yzbys7yezK6mRR\nOPRraZ1qvALBY5xiiOrEw41zw2dgw+E976VRVUdHiHaAb6NedFzzWA==\n-----END RSA PRIVATE KEY-----\n-----BEGIN CERTIFICATE-----\nMIID/TCCAuWgAwIBAgIKEiM3xAAAAAAAAzANBgkqhkiG9w0BAQsFADAVMRMwEQYD\nVQQDEwpDRkEgT1JDQSAxMB4XDTE1MDkwOTE3MDgyNloXDTMxMDkwOTE3MTgyNlow\nSDETMBEGCgmSJomT8ixkARkWA2NvbTEbMBkGCgmSJomT8ixkARkWC2NoaWNrLWZp\nbC1hMRQwEgYDVQQDEwtDRkEgRUlDQSAwMTCCASIwDQYJKoZIhvcNAQEBBQADggEP\nADCCAQoCggEBAL3k3o0/F6/5+wzVQAS8C4A1Mzr+B8aYI+Bvr6aqgXS2oVtVLEHH\nfJc3ax+6uqDxG5/9n41CIkQiCDexri+BGyeI2PoUZNFhQj4aKqYUTJ8CAwZ/ovEk\nLhqPijK4fKeJJ9OWbKTUxtC9sJkH6C3Z7DzegWQRnDxi4SiC+HD2lG5xISdtJEfH\ngf13xMVFveKYsqEfL06Uh4S9aBAcx2aMBHoc2jDBEJM2gdIvxroA9sGtxIsoDAmg\nA2DJ0LP3DcCQoBhLrskTDR7llWtqQAO05ph6+QRfxCsSclNhB/2lXJ0GlORNSXun\nqpUZvYafK6pACZ93zZnMgteb9orqDYB+eQ0CAwEAAaOCARowggEWMBAGCSsGAQQB\ngjcVAQQDAgEAMB0GA1UdDgQWBBTFzvy6/ceiBSSWpfy9qOp8yiVmwzAZBgkrBgEE\nAYI3FAIEDB4KAFMAdQBiAEMAQTALBgNVHQ8EBAMCAYYwDwYDVR0TAQH/BAUwAwEB\n/zAfBgNVHSMEGDAWgBRb5eDPvUJjVLjhYnWq8/E21tSGEDA+BgNVHR8ENzA1MDOg\nMaAvhi1odHRwOi8vY3JsLmNmYWhvbWUuY29tL1BLSS9DRkElMjBPUkNBJTIwMS5j\ncmwwSQYIKwYBBQUHAQEEPTA7MDkGCCsGAQUFBzAChi1odHRwOi8vY3JsLmNmYWhv\nbWUuY29tL1BLSS9DRkElMjBPUkNBJTIwMS5jcnQwDQYJKoZIhvcNAQELBQADggEB\nADe2z2S3BTGqRWTyIJ5/6a9c73Ux37uzfIGSq5uBf3xG2KcUNcMQ9DUVZXSQPIp4\n2u0HIUqyYracqBsMiQbXI2DIq96TqysH6lhy/VoPvTHlICrE5U63bjNz5rP/DaLY\nTzwfAnvnAtUUnRDWO/Xv6pONcqK7Pm+Q56TA1l6wgysCWgtGBSLcWo5CwdIuoNsy\n7X4/Z1MFaCUhSMS4IdCheyxrEIkH+hkXI2ybMKLXTZvPZ8NBfCjWPmYEwxnJwVEg\nttGdOMpu3da3k5nXlNj6mMzt4XTg/cHv0tmxUP0TZPm4q9x7pjvPYYJCazhGAKgn\n883hsUQG3nUHEvOOJChU8/Q=\n-----END CERTIFICATE-----\n\n-----BEGIN CERTIFICATE-----\nMIIDBTCCAe2gAwIBAgIQVDC1fdpAlbJBj1ZRd9SVBTANBgkqhkiG9w0BAQsFADAV\nMRMwEQYDVQQDEwpDRkEgT1JDQSAxMB4XDTE1MDkwOTEzNTUzMFoXDTQ3MDkwOTE0\nMDUyOVowFTETMBEGA1UEAxMKQ0ZBIE9SQ0EgMTCCASIwDQYJKoZIhvcNAQEBBQAD\nggEPADCCAQoCggEBAJRh0BrZ7vr4ua5UCvRFyVdVWhE4UKIlMle6vMn4gY4926ZK\nRx+WO7YTteVTC9SWAJkUL5iU5qkeAtp3xC5waTlK/qzb8tqRW5vPh4MteSS3PW0A\ncZ4Gpd419d8f4LWKwWFUKID48FofUWiDzUJjUXUTKH3zLF6Yso885Q+GPRfFZNtJ\nzhcQhxsdabFCwn8POFNPn+EeLoJS45btHPv9fAhsEPUDSsPVUTLJmCIv1QjOa85d\nFbJoX03wrJicZdGbo/WiQGD4eVd/CzCSpeDtatTRANsIcF4zz+CDhVHpVY2Q2Uq1\ndPP2w7wjpe3pbcTioEJmwRjjtiQnOVkz00eHBZ0CAwEAAaNRME8wCwYDVR0PBAQD\nAgGGMA8GA1UdEwEB/wQFMAMBAf8wHQYDVR0OBBYEFFvl4M+9QmNUuOFidarz8TbW\n1IYQMBAGCSsGAQQBgjcVAQQDAgEAMA0GCSqGSIb3DQEBCwUAA4IBAQBsOhco7uDJ\nseIfeuFgRRuI6evKyCMwwYcJkuWlEPV7HFOJ32BJnpvlloCfuqkBHoWHYecJozIb\nJkLihhhsnb+GvPvc0GIu7/uDX00T8BMB7TndLsCzGLttW07OpdcNkn/pM7uRJPQT\nm53Ld43KlTaO8lLxxAevfwX0HbI0roS0EyOtGXFs6SbIV8NopRw5JAn6wxWa9LQs\ngTvBVckx9JrUbGEiQNyosaTCYTR/4BBujS/REgNsAaJPRJhsQEN87pRrNK8WUGWX\nDDMsnJaUk+0/g1Z81xC4eVsOWqLlm2I2nZuL+TD/c5opGom6cIfmV9cKqE/bIf5P\nRsvz2HuFoGUe\n-----END CERTIFICATE-----\n\n",
            "content_base64": null,
            "content_disposition": "",
            "content_encoding": "",
            "content_language": "",
            "content_type": "binary/octet-stream",
            "etag": "8045168205f2fcfd46a0a15a4613cacf",
            "force_destroy": false,
            "id": "splunk-indexer-04/etc/auth/certs/indexer-04.splunk.<customer>home.com.pem",
            "key": "splunk-indexer-04/etc/auth/certs/indexer-04.splunk.<customer>home.com.pem",
            "kms_key_id": null,
            "metadata": {},
            "object_lock_legal_hold_status": "",
            "object_lock_mode": "",
            "object_lock_retain_until_date": "",
            "server_side_encryption": "",
            "source": null,
            "storage_class": "STANDARD",
            "tags": {},
            "version_id": "",
            "website_redirect": ""
          },
          "private": "bnVsbA==",
          "dependencies": [
            "module.common.aws_s3_bucket.inits",
            "module.indexers.data.aws_secretsmanager_secret_version.ssl_key"
          ]
        },
        {
          "index_key": 4,
          "schema_version": 0,
          "attributes": {
            "acl": "private",
            "bucket": "prod-<customer>splunkprod-us-east-1-splunk-initial-configs",
            "cache_control": "",
            "content": "-----BEGIN CERTIFICATE-----\nMIIFbDCCBFSgAwIBAgIKF/sHsQAAAAAXOTANBgkqhkiG9w0BAQsFADBIMRMwEQYK\nCZImiZPyLGQBGRYDY29tMRswGQYKCZImiZPyLGQBGRYLY2hpY2stZmlsLWExFDAS\nBgNVBAMTC0NGQSBFSUNBIDAxMB4XDTIwMTEwMjIxMzU1OFoXDTI1MTEwMTIxMzU1\nOFowgZYxCzAJBgNVBAYTAlVTMRAwDgYDVQQIEwdHZW9yZ2lhMRAwDgYDVQQHEwdB\ndGxhbnRhMRowGAYDVQQKExFDaGljay1maWwtQSwgSW5jLjEfMB0GA1UECxMWSW5m\nb3JtYXRpb24gVGVjaG5vbG9neTEmMCQGA1UEAxMdaW5kZXhlci0wNS5zcGx1bmsu\nY2ZhaG9tZS5jb20wggEiMA0GCSqGSIb3DQEBAQUAA4IBDwAwggEKAoIBAQDdt6KK\nKiU32hlKVd8fHhUezrskU6LOB6NDnE5SNSl7UuAhSa8BU+p31ku+ApvkhY25ewON\nstPwcOybCn0moFEL3JDPndmM7MZZ9WYQu8OHmI23KpWMf3v81O8LdX3lJeVPUENV\nMWxc5wE6S5+boJr3DeT1aM4WiHuTT8XbsnPBmmwKl7mffhiaqIPWE4ZDLQx1dnEY\nUjRw/qlGSRL9BBrq/Rt6yTlc1lja1egF7J7ek2yu7O4OwTddlkUWS7Acq8JYOlQm\nufoXba6fdx1QhjbCbfu3HPnSulHssRNW4KkK2m4ywHU/zfRTnS7jCGnsDT8dvMOG\nzw3Z9mbaxvQAWR3pAgMBAAGjggIHMIICAzAdBgNVHQ4EFgQUghiXpkAcqgJS4pFA\n4nhYncgfOMEwHwYDVR0jBBgwFoAUxc78uv3HogUklqX8vajqfMolZsMwPwYDVR0f\nBDgwNjA0oDKgMIYuaHR0cDovL2NybC5jZmFob21lLmNvbS9QS0kvQ0ZBJTIwRUlD\nQSUyMDAxLmNybDCCAQEGCCsGAQUFBwEBBIH0MIHxMDoGCCsGAQUFBzAChi5odHRw\nOi8vY3JsLmNmYWhvbWUuY29tL1BLSS9DRkElMjBFSUNBJTIwMDEuY3J0MIGyBggr\nBgEFBQcwAoaBpWxkYXA6Ly8vQ049Q0ZBJTIwRUlDQSUyMDAxLENOPUFJQSxDTj1Q\ndWJsaWMlMjBLZXklMjBTZXJ2aWNlcyxDTj1TZXJ2aWNlcyxDTj1Db25maWd1cmF0\naW9uLERDPWNoaWNrLWZpbC1hLERDPWNvbT9jQUNlcnRpZmljYXRlP2Jhc2U/b2Jq\nZWN0Q2xhc3M9Y2VydGlmaWNhdGlvbkF1dGhvcml0eTALBgNVHQ8EBAMCBaAwPAYJ\nKwYBBAGCNxUHBC8wLQYlKwYBBAGCNxUI1I9+g6CKGYGhmSOHvP5ShqXLemqE8O5O\ng5SNPQIBZAIBBjATBgNVHSUEDDAKBggrBgEFBQcDATAbBgkrBgEEAYI3FQoEDjAM\nMAoGCCsGAQUFBwMBMA0GCSqGSIb3DQEBCwUAA4IBAQCji2C20F8r1pxPuhHnIpCe\nfkVZE0TneFA5xvkIbFUld6z0nIU9in/2pvrFrco4gZDc1yLLtKSBV+3ouLVBJ3C/\nlmYiYwX369COs4U+9QVc59HoMJh1Xii7q3Os6OPcXJSYhbXxjSnOoSTQTPY243kU\nxjJeEK6LLEK4oNobHcDzy8GMEuOJwY4aT1KtUMf9p+208L5k6taijMvGi8uOkqfQ\nRPI2tPMD0YL3QU8y+Le7ldgoS2keMh2TswTe1FdWUU/nM3KdgsLxpe/76INKwf48\n0aeisDxDMDbz9fLe5JIxOcnzINJdKNMsYoRwmZr69HYcmKpuUrCgZf2o/UgCPqbV\n-----END CERTIFICATE-----\n-----BEGIN RSA PRIVATE KEY-----\nProc-Type: 4,ENCRYPTED\nDEK-Info: DES-EDE3-CBC,2A779B9FA4F8D72D\n\nkeO606aav8FmqaHRsh6L/yYX+/pViCYA9R/m5BmQT7tJubl4484aK1j42DGEhVP9\n1pmkIBB+pbPjik96nMBKcCKHqDNuYR5DdBbw8odGDh0aV6PhkxvvBPTEWPhDedA+\nr7vy+vV4ZPBf9mMk/t62ddLLPt50ShcReQiOuo6IkB/vokVMQAsQ3pORnak9r4dA\nIt3RDh730A7YmOxbnA3DkYb04p+JZb3yO9UG/DN9BGQI8fJImwzddJaW6H5Z0G7+\ntQcgnbfbhcWeORIB6A7krPgglXeHrhZG7mSM3VOfu4MOGZ8pLd+0Ne3dmNGOIico\njll5WbUMbpQVWW2KsWXSj9NlYSVVRW3IT8FhgOIU0C8ggCmMPYzEYAQO8DRCC7HV\nx9CijZGryVjKvP18YrdUpWGgIUqu5VqWGB6WROAE3Piw/Lbr2dwmT69hUxfx8e9X\nhDgI6wHaJHUq/9NhUdcDQWYOUlDvrpCrGldnMysoe3BnytsMQlIINrzH7EqL3PU3\n8QLHkMKxHiokWQl7UzwdhZGIXugBD6Blr/QHNuv5cKEa2FUYNZXl50mG7Y1MdVs5\nKchZScX7Gu7lxE8y0u4J+ZKgHNjfa21IqtcgatLPXlgkZGG93LSxLO9YkwHp0b6Z\n6PqVzHchI8lheTNK+QKawZnzLaQG6tW/AuMiX+iWwADKf1EN5w3c1tEsB22NbAHF\nbXpClAkf6jhxHunnjSuCwhm4YRtWs1ejnSay6a/zF8TV1kUTVzVE/+CcmY7qSVF7\n6j+eFtOrZdYRCgnE+qKrXvaWAeaoL+B92FRuXTZxbTKyjZ433n4DWXVCokjnwrhy\nJf4I1S9PEmR2Awu5AqwSKSJhQ3gkGpDKPtH/ZesTcQs1csaciqqIBSH6Ct4sd6eO\nwaj8wfJzQ0ijIf9+iASZXMfe2N+BHgLIX5exTZkWTzA11Edc3UY9po05KGlNirFc\n3ffN33cGhGST+gVtz3YdVarlcpcTv6Oh8CrLbIGyTUY/seHxH94tI6ArbK3FpcLY\nfibehBdNdDLieeyZ90aoixq7+Gh5rj8yfihl3ttAkMd+CMarzTXtmOsIuT+m+vd/\n/IIpbNB0zd8MP2mjDN10iAjRiIUBp6e6oqGd7VrSwKalYBQCamkvYgqAcuIdsfcf\nRUJN6tQg8eETjVBcelbdyrfFsGtPoVrYVYZcXb7OsqvyDxM5v4y1MXmTYc2+VjGX\nEZPj8Er05+A5XCk7RoXWXswTtawTlzFZXNWJpmuppw+GvjTqxJTX2fVk1AHoABZ1\nelwQxtBTvYFf8RMpfJDjkveqetpgPKJ0pOOd9jawDY6n+WRgAkbCJXwPYsmqfINl\n5cDZck9HHAFnjRCtAM0kjJdF9K9CRgSmdnsO4tFtZ2Kjgy7wzIXMBf+uEEmH7max\nDBQEkFAKhuecl5pOWySvlXB2PZmQtKjIh5syxFyLDCzd5J7OKunBXve+/Ux56eSD\nUi919o1DamvPN4ih5joYVQcIpgUVI1AIE2HKlu2cNzjxXX3dOf16a/Ex7lhNrmXH\nR82rNdBUTvLamZnZH04CGU2MZt6fZ1OKtn4zAmN6tF+IWcnEQ8eidQ==\n-----END RSA PRIVATE KEY-----\n-----BEGIN CERTIFICATE-----\nMIID/TCCAuWgAwIBAgIKEiM3xAAAAAAAAzANBgkqhkiG9w0BAQsFADAVMRMwEQYD\nVQQDEwpDRkEgT1JDQSAxMB4XDTE1MDkwOTE3MDgyNloXDTMxMDkwOTE3MTgyNlow\nSDETMBEGCgmSJomT8ixkARkWA2NvbTEbMBkGCgmSJomT8ixkARkWC2NoaWNrLWZp\nbC1hMRQwEgYDVQQDEwtDRkEgRUlDQSAwMTCCASIwDQYJKoZIhvcNAQEBBQADggEP\nADCCAQoCggEBAL3k3o0/F6/5+wzVQAS8C4A1Mzr+B8aYI+Bvr6aqgXS2oVtVLEHH\nfJc3ax+6uqDxG5/9n41CIkQiCDexri+BGyeI2PoUZNFhQj4aKqYUTJ8CAwZ/ovEk\nLhqPijK4fKeJJ9OWbKTUxtC9sJkH6C3Z7DzegWQRnDxi4SiC+HD2lG5xISdtJEfH\ngf13xMVFveKYsqEfL06Uh4S9aBAcx2aMBHoc2jDBEJM2gdIvxroA9sGtxIsoDAmg\nA2DJ0LP3DcCQoBhLrskTDR7llWtqQAO05ph6+QRfxCsSclNhB/2lXJ0GlORNSXun\nqpUZvYafK6pACZ93zZnMgteb9orqDYB+eQ0CAwEAAaOCARowggEWMBAGCSsGAQQB\ngjcVAQQDAgEAMB0GA1UdDgQWBBTFzvy6/ceiBSSWpfy9qOp8yiVmwzAZBgkrBgEE\nAYI3FAIEDB4KAFMAdQBiAEMAQTALBgNVHQ8EBAMCAYYwDwYDVR0TAQH/BAUwAwEB\n/zAfBgNVHSMEGDAWgBRb5eDPvUJjVLjhYnWq8/E21tSGEDA+BgNVHR8ENzA1MDOg\nMaAvhi1odHRwOi8vY3JsLmNmYWhvbWUuY29tL1BLSS9DRkElMjBPUkNBJTIwMS5j\ncmwwSQYIKwYBBQUHAQEEPTA7MDkGCCsGAQUFBzAChi1odHRwOi8vY3JsLmNmYWhv\nbWUuY29tL1BLSS9DRkElMjBPUkNBJTIwMS5jcnQwDQYJKoZIhvcNAQELBQADggEB\nADe2z2S3BTGqRWTyIJ5/6a9c73Ux37uzfIGSq5uBf3xG2KcUNcMQ9DUVZXSQPIp4\n2u0HIUqyYracqBsMiQbXI2DIq96TqysH6lhy/VoPvTHlICrE5U63bjNz5rP/DaLY\nTzwfAnvnAtUUnRDWO/Xv6pONcqK7Pm+Q56TA1l6wgysCWgtGBSLcWo5CwdIuoNsy\n7X4/Z1MFaCUhSMS4IdCheyxrEIkH+hkXI2ybMKLXTZvPZ8NBfCjWPmYEwxnJwVEg\nttGdOMpu3da3k5nXlNj6mMzt4XTg/cHv0tmxUP0TZPm4q9x7pjvPYYJCazhGAKgn\n883hsUQG3nUHEvOOJChU8/Q=\n-----END CERTIFICATE-----\n\n-----BEGIN CERTIFICATE-----\nMIIDBTCCAe2gAwIBAgIQVDC1fdpAlbJBj1ZRd9SVBTANBgkqhkiG9w0BAQsFADAV\nMRMwEQYDVQQDEwpDRkEgT1JDQSAxMB4XDTE1MDkwOTEzNTUzMFoXDTQ3MDkwOTE0\nMDUyOVowFTETMBEGA1UEAxMKQ0ZBIE9SQ0EgMTCCASIwDQYJKoZIhvcNAQEBBQAD\nggEPADCCAQoCggEBAJRh0BrZ7vr4ua5UCvRFyVdVWhE4UKIlMle6vMn4gY4926ZK\nRx+WO7YTteVTC9SWAJkUL5iU5qkeAtp3xC5waTlK/qzb8tqRW5vPh4MteSS3PW0A\ncZ4Gpd419d8f4LWKwWFUKID48FofUWiDzUJjUXUTKH3zLF6Yso885Q+GPRfFZNtJ\nzhcQhxsdabFCwn8POFNPn+EeLoJS45btHPv9fAhsEPUDSsPVUTLJmCIv1QjOa85d\nFbJoX03wrJicZdGbo/WiQGD4eVd/CzCSpeDtatTRANsIcF4zz+CDhVHpVY2Q2Uq1\ndPP2w7wjpe3pbcTioEJmwRjjtiQnOVkz00eHBZ0CAwEAAaNRME8wCwYDVR0PBAQD\nAgGGMA8GA1UdEwEB/wQFMAMBAf8wHQYDVR0OBBYEFFvl4M+9QmNUuOFidarz8TbW\n1IYQMBAGCSsGAQQBgjcVAQQDAgEAMA0GCSqGSIb3DQEBCwUAA4IBAQBsOhco7uDJ\nseIfeuFgRRuI6evKyCMwwYcJkuWlEPV7HFOJ32BJnpvlloCfuqkBHoWHYecJozIb\nJkLihhhsnb+GvPvc0GIu7/uDX00T8BMB7TndLsCzGLttW07OpdcNkn/pM7uRJPQT\nm53Ld43KlTaO8lLxxAevfwX0HbI0roS0EyOtGXFs6SbIV8NopRw5JAn6wxWa9LQs\ngTvBVckx9JrUbGEiQNyosaTCYTR/4BBujS/REgNsAaJPRJhsQEN87pRrNK8WUGWX\nDDMsnJaUk+0/g1Z81xC4eVsOWqLlm2I2nZuL+TD/c5opGom6cIfmV9cKqE/bIf5P\nRsvz2HuFoGUe\n-----END CERTIFICATE-----\n\n",
            "content_base64": null,
            "content_disposition": "",
            "content_encoding": "",
            "content_language": "",
            "content_type": "binary/octet-stream",
            "etag": "ea9999852895de6450e4ee2f88441878",
            "force_destroy": false,
            "id": "splunk-indexer-05/etc/auth/certs/indexer-05.splunk.<customer>home.com.pem",
            "key": "splunk-indexer-05/etc/auth/certs/indexer-05.splunk.<customer>home.com.pem",
            "kms_key_id": null,
            "metadata": {},
            "object_lock_legal_hold_status": "",
            "object_lock_mode": "",
            "object_lock_retain_until_date": "",
            "server_side_encryption": "",
            "source": null,
            "storage_class": "STANDARD",
            "tags": {},
            "version_id": "",
            "website_redirect": ""
          },
          "private": "bnVsbA==",
          "dependencies": [
            "module.common.aws_s3_bucket.inits",
            "module.indexers.data.aws_secretsmanager_secret_version.ssl_key"
          ]
        },
        {
          "index_key": 5,
          "schema_version": 0,
          "attributes": {
            "acl": "private",
            "bucket": "prod-<customer>splunkprod-us-east-1-splunk-initial-configs",
            "cache_control": "",
            "content": "-----BEGIN CERTIFICATE-----\nMIIFbDCCBFSgAwIBAgIKF/ughgAAAAAXOjANBgkqhkiG9w0BAQsFADBIMRMwEQYK\nCZImiZPyLGQBGRYDY29tMRswGQYKCZImiZPyLGQBGRYLY2hpY2stZmlsLWExFDAS\nBgNVBAMTC0NGQSBFSUNBIDAxMB4XDTIwMTEwMjIxMzYzN1oXDTI1MTEwMTIxMzYz\nN1owgZYxCzAJBgNVBAYTAlVTMRAwDgYDVQQIEwdHZW9yZ2lhMRAwDgYDVQQHEwdB\ndGxhbnRhMRowGAYDVQQKExFDaGljay1maWwtQSwgSW5jLjEfMB0GA1UECxMWSW5m\nb3JtYXRpb24gVGVjaG5vbG9neTEmMCQGA1UEAxMdaW5kZXhlci0wNi5zcGx1bmsu\nY2ZhaG9tZS5jb20wggEiMA0GCSqGSIb3DQEBAQUAA4IBDwAwggEKAoIBAQDSjB9Q\nblnAo3Lu/44jhzgYxKBzgNH4/SWhycta7UWJqO8eBqRZCz3ogbpP0IcSHKXLGO+N\nTevyZ0KOY9KvI/sUZKoCDL7sWoqVzEr/nnVzcx0qehhryzovKYxwnMbhMywHp3nJ\nux/pPNaw2DlTmKf8FoArDRMH1gmM4b22g2h8M3RgoFndCbFzQjU7DX848jA3a+Mk\nA4HllOhgoFNFszq9+6D3WittPGEcRg5WmOfHWjVTaQ2B/rs0MDkosymDtRTwPLkn\nGpoC5f/8EKxYw5ymrfHxhFl5WFtMUv2fYXnZO4WQvnuBpUhsMdMNMfL57Mobj82G\n1VRscSnrVhWV3A6lAgMBAAGjggIHMIICAzAdBgNVHQ4EFgQUOSHT1DHE2oAL7qX0\n8sJ1S6179kEwHwYDVR0jBBgwFoAUxc78uv3HogUklqX8vajqfMolZsMwPwYDVR0f\nBDgwNjA0oDKgMIYuaHR0cDovL2NybC5jZmFob21lLmNvbS9QS0kvQ0ZBJTIwRUlD\nQSUyMDAxLmNybDCCAQEGCCsGAQUFBwEBBIH0MIHxMDoGCCsGAQUFBzAChi5odHRw\nOi8vY3JsLmNmYWhvbWUuY29tL1BLSS9DRkElMjBFSUNBJTIwMDEuY3J0MIGyBggr\nBgEFBQcwAoaBpWxkYXA6Ly8vQ049Q0ZBJTIwRUlDQSUyMDAxLENOPUFJQSxDTj1Q\ndWJsaWMlMjBLZXklMjBTZXJ2aWNlcyxDTj1TZXJ2aWNlcyxDTj1Db25maWd1cmF0\naW9uLERDPWNoaWNrLWZpbC1hLERDPWNvbT9jQUNlcnRpZmljYXRlP2Jhc2U/b2Jq\nZWN0Q2xhc3M9Y2VydGlmaWNhdGlvbkF1dGhvcml0eTALBgNVHQ8EBAMCBaAwPAYJ\nKwYBBAGCNxUHBC8wLQYlKwYBBAGCNxUI1I9+g6CKGYGhmSOHvP5ShqXLemqE8O5O\ng5SNPQIBZAIBBjATBgNVHSUEDDAKBggrBgEFBQcDATAbBgkrBgEEAYI3FQoEDjAM\nMAoGCCsGAQUFBwMBMA0GCSqGSIb3DQEBCwUAA4IBAQC8ji4k6ru+s1T4jI0JcVtb\nW3cAXAGMS9adsq+0PTkE3lbb6PE9i7len/rgeLfUAVpNCUiq9CIKYpaTYTSFjPq6\nPWzeICPr2J7VK9rJAKORQPSqA8jBcJXTLVGim9YGKn+UI5hNC4bcJWkGpif6ywyQ\ncaHvcRnbHnpGJ9zKU11ud+A2Hb7bq2MRlUTkawbHXiu+qvQexNfodpR+BB8wakLY\nk+ZH/XK7Q1PfRTxT5sOx858PiOVDRsjvYqd0KA9i24pT1KbCLFclBzURaw7dh66S\nlg/OM24+3hfnbF/mg3TX1arVr2EWUKr8tETF7ICI/Hbgj1+1pKbTVwf1OxXCX/0+\n-----END CERTIFICATE-----\n-----BEGIN RSA PRIVATE KEY-----\nProc-Type: 4,ENCRYPTED\nDEK-Info: DES-EDE3-CBC,4B5573A4ABEF9E1D\n\nTSJ9P+L+3Q3cMOcRaQj8+mWts/Cb6ZbE0oHYtowHEgVWoS9j8/WJJo5D9kEBm8gJ\neZeKGs/fTTSUkajTKgUj/ScNmig19LRY27r2XS8Z9qlaeKqaZmBP3ddXfUqwPViY\nl69o5gpkrc/vHoXKqxE+rPLE3M1ZUObXZLEgIzIrQYTSyTAvOOx0WQd5K+GB6tQH\nEN2kCRTrFISO0NyvhWbVu7CB6OSmWi5Y9XbXhVkXWaSLrpUHtPh47RDzjDigrfD5\niGx2yi1m6KSMux8ah9fzEijavoLL9RHxA0+zXxtvH9Pikhkp2MdJH9Hi/2g4JXS6\n8qDaRMLnsIWQHfC4tq4ACiF7FdVB6xFu/ND9D9303/OM28opZc8e9uq3h7NDqNCA\nVPnfA69TWc5H6A9gYSxmMRYuvjHyrmQAfYCpBPWoB0WZvXBZVKolAmrKvbLOlLdI\nobem5skhr6kr0SbpD3ALoSoa6q/g2a0jXnsT49KLzGPYf8kg868Y6khTnHWGG36r\ni/O4a9hQK1YOUhejXkGZwkLAOeTxNowpON/xQsrBDB3ytw+HbZdjGgNnOuwnJ9Jh\ndfXoEjFpt46GpGS1IH+oA4FMOAndbTMKqDNlEVloBHxx5IGtyKNMo+4nsICw/qnC\nSfD9tEz1P65egRvW4+ag5yv3XfHahbRPSvBqJNd8TuYIh173tBACMONroGQUWIWZ\n6U5PyfUmrFq1Aqm1IXD82foF4PBOG7GZ2lsJCFoVdvl5M1EE3GNFrH2CaCwpvRpl\nX9EjzLoP8dv+tUjrlb0AXhDZ2VgJhx+1k6rwJ74mTDCBC9EmGBEWjb0MJxGNVWuX\nPwzS4xhEV01BmK9kyByLN8nJuI3T4WUZJ3LGQsu/hmjyQb+I9F3MypgnECqDcTO1\nMF4OXCH+ljuE6fJVlyaGbR674hhBaXpraim4Cery4MSAtS9sI9qUxnKKFckCytLT\nAmoFFqn49HIXPWaYiies39+QbH92Kt2I9jUCOGjHEHPeH3j1NH+QeYBMOMVkVuUJ\nX5aSJiYCz9sWJNKtdd591IQoLdD69sud7sTrsSIKC4ghj6czukqTMWbqIPw2oqE9\n9dFw7jy6tSnvemtZL/uq13sgNYj4uQ37XK/XPCCZnjCIpaWIzB+J5IlEOI4GQSgj\nohyyRB/W/1oEk9XHgcpJd1d8hn/m5hZdidfcZGfHVfftagkSg6yyN5nm4VCxVnrU\nM1f99a36+nilPH4zt8bUzL+fJwjANpp3/mU6PHLsFjbyiA+yvfPXmMFm6yvYaXHM\nPqNRcoEuwkFk9NODi++3PsNbqsxpWmn1xugAH4fsnDexLBs/3WeTxT3jvac2Pq3a\nG1JFSkqLFaJ8Yafftf9zEzQ4Yvg2HJx/d2UKXReB8v+DMqm0nO8l+1jK/LvY5/37\nKlmi347qhQESy5ZZb600Sep+qIVBikfE4IscWwrVDpEH+ZEt4l21iEe9V7iwDcsg\ny20nkwcniaqDqpqH7h/gavK/ROpNVNUHjVV24hWDY2h+ZETN905fEGeArNgt/aUo\nkDmBmUh0DVFNLnDezcCZv52OvUgjTO2LHjMyJKDivILiPaSM9iVg3A==\n-----END RSA PRIVATE KEY-----\n-----BEGIN CERTIFICATE-----\nMIID/TCCAuWgAwIBAgIKEiM3xAAAAAAAAzANBgkqhkiG9w0BAQsFADAVMRMwEQYD\nVQQDEwpDRkEgT1JDQSAxMB4XDTE1MDkwOTE3MDgyNloXDTMxMDkwOTE3MTgyNlow\nSDETMBEGCgmSJomT8ixkARkWA2NvbTEbMBkGCgmSJomT8ixkARkWC2NoaWNrLWZp\nbC1hMRQwEgYDVQQDEwtDRkEgRUlDQSAwMTCCASIwDQYJKoZIhvcNAQEBBQADggEP\nADCCAQoCggEBAL3k3o0/F6/5+wzVQAS8C4A1Mzr+B8aYI+Bvr6aqgXS2oVtVLEHH\nfJc3ax+6uqDxG5/9n41CIkQiCDexri+BGyeI2PoUZNFhQj4aKqYUTJ8CAwZ/ovEk\nLhqPijK4fKeJJ9OWbKTUxtC9sJkH6C3Z7DzegWQRnDxi4SiC+HD2lG5xISdtJEfH\ngf13xMVFveKYsqEfL06Uh4S9aBAcx2aMBHoc2jDBEJM2gdIvxroA9sGtxIsoDAmg\nA2DJ0LP3DcCQoBhLrskTDR7llWtqQAO05ph6+QRfxCsSclNhB/2lXJ0GlORNSXun\nqpUZvYafK6pACZ93zZnMgteb9orqDYB+eQ0CAwEAAaOCARowggEWMBAGCSsGAQQB\ngjcVAQQDAgEAMB0GA1UdDgQWBBTFzvy6/ceiBSSWpfy9qOp8yiVmwzAZBgkrBgEE\nAYI3FAIEDB4KAFMAdQBiAEMAQTALBgNVHQ8EBAMCAYYwDwYDVR0TAQH/BAUwAwEB\n/zAfBgNVHSMEGDAWgBRb5eDPvUJjVLjhYnWq8/E21tSGEDA+BgNVHR8ENzA1MDOg\nMaAvhi1odHRwOi8vY3JsLmNmYWhvbWUuY29tL1BLSS9DRkElMjBPUkNBJTIwMS5j\ncmwwSQYIKwYBBQUHAQEEPTA7MDkGCCsGAQUFBzAChi1odHRwOi8vY3JsLmNmYWhv\nbWUuY29tL1BLSS9DRkElMjBPUkNBJTIwMS5jcnQwDQYJKoZIhvcNAQELBQADggEB\nADe2z2S3BTGqRWTyIJ5/6a9c73Ux37uzfIGSq5uBf3xG2KcUNcMQ9DUVZXSQPIp4\n2u0HIUqyYracqBsMiQbXI2DIq96TqysH6lhy/VoPvTHlICrE5U63bjNz5rP/DaLY\nTzwfAnvnAtUUnRDWO/Xv6pONcqK7Pm+Q56TA1l6wgysCWgtGBSLcWo5CwdIuoNsy\n7X4/Z1MFaCUhSMS4IdCheyxrEIkH+hkXI2ybMKLXTZvPZ8NBfCjWPmYEwxnJwVEg\nttGdOMpu3da3k5nXlNj6mMzt4XTg/cHv0tmxUP0TZPm4q9x7pjvPYYJCazhGAKgn\n883hsUQG3nUHEvOOJChU8/Q=\n-----END CERTIFICATE-----\n\n-----BEGIN CERTIFICATE-----\nMIIDBTCCAe2gAwIBAgIQVDC1fdpAlbJBj1ZRd9SVBTANBgkqhkiG9w0BAQsFADAV\nMRMwEQYDVQQDEwpDRkEgT1JDQSAxMB4XDTE1MDkwOTEzNTUzMFoXDTQ3MDkwOTE0\nMDUyOVowFTETMBEGA1UEAxMKQ0ZBIE9SQ0EgMTCCASIwDQYJKoZIhvcNAQEBBQAD\nggEPADCCAQoCggEBAJRh0BrZ7vr4ua5UCvRFyVdVWhE4UKIlMle6vMn4gY4926ZK\nRx+WO7YTteVTC9SWAJkUL5iU5qkeAtp3xC5waTlK/qzb8tqRW5vPh4MteSS3PW0A\ncZ4Gpd419d8f4LWKwWFUKID48FofUWiDzUJjUXUTKH3zLF6Yso885Q+GPRfFZNtJ\nzhcQhxsdabFCwn8POFNPn+EeLoJS45btHPv9fAhsEPUDSsPVUTLJmCIv1QjOa85d\nFbJoX03wrJicZdGbo/WiQGD4eVd/CzCSpeDtatTRANsIcF4zz+CDhVHpVY2Q2Uq1\ndPP2w7wjpe3pbcTioEJmwRjjtiQnOVkz00eHBZ0CAwEAAaNRME8wCwYDVR0PBAQD\nAgGGMA8GA1UdEwEB/wQFMAMBAf8wHQYDVR0OBBYEFFvl4M+9QmNUuOFidarz8TbW\n1IYQMBAGCSsGAQQBgjcVAQQDAgEAMA0GCSqGSIb3DQEBCwUAA4IBAQBsOhco7uDJ\nseIfeuFgRRuI6evKyCMwwYcJkuWlEPV7HFOJ32BJnpvlloCfuqkBHoWHYecJozIb\nJkLihhhsnb+GvPvc0GIu7/uDX00T8BMB7TndLsCzGLttW07OpdcNkn/pM7uRJPQT\nm53Ld43KlTaO8lLxxAevfwX0HbI0roS0EyOtGXFs6SbIV8NopRw5JAn6wxWa9LQs\ngTvBVckx9JrUbGEiQNyosaTCYTR/4BBujS/REgNsAaJPRJhsQEN87pRrNK8WUGWX\nDDMsnJaUk+0/g1Z81xC4eVsOWqLlm2I2nZuL+TD/c5opGom6cIfmV9cKqE/bIf5P\nRsvz2HuFoGUe\n-----END CERTIFICATE-----\n\n",
            "content_base64": null,
            "content_disposition": "",
            "content_encoding": "",
            "content_language": "",
            "content_type": "binary/octet-stream",
            "etag": "04e0d72f015378625bfe2112e2a4fafc",
            "force_destroy": false,
            "id": "splunk-indexer-06/etc/auth/certs/indexer-06.splunk.<customer>home.com.pem",
            "key": "splunk-indexer-06/etc/auth/certs/indexer-06.splunk.<customer>home.com.pem",
            "kms_key_id": null,
            "metadata": {},
            "object_lock_legal_hold_status": "",
            "object_lock_mode": "",
            "object_lock_retain_until_date": "",
            "server_side_encryption": "",
            "source": null,
            "storage_class": "STANDARD",
            "tags": {},
            "version_id": "",
            "website_redirect": ""
          },
          "private": "bnVsbA==",
          "dependencies": [
            "module.common.aws_s3_bucket.inits",
            "module.indexers.data.aws_secretsmanager_secret_version.ssl_key"
          ]
        },
        {
          "index_key": 6,
          "schema_version": 0,
          "attributes": {
            "acl": "private",
            "bucket": "prod-<customer>splunkprod-us-east-1-splunk-initial-configs",
            "cache_control": "",
            "content": "-----BEGIN CERTIFICATE-----\nMIIFbDCCBFSgAwIBAgIKF/wosQAAAAAXOzANBgkqhkiG9w0BAQsFADBIMRMwEQYK\nCZImiZPyLGQBGRYDY29tMRswGQYKCZImiZPyLGQBGRYLY2hpY2stZmlsLWExFDAS\nBgNVBAMTC0NGQSBFSUNBIDAxMB4XDTIwMTEwMjIxMzcxMloXDTI1MTEwMTIxMzcx\nMlowgZYxCzAJBgNVBAYTAlVTMRAwDgYDVQQIEwdHZW9yZ2lhMRAwDgYDVQQHEwdB\ndGxhbnRhMRowGAYDVQQKExFDaGljay1maWwtQSwgSW5jLjEfMB0GA1UECxMWSW5m\nb3JtYXRpb24gVGVjaG5vbG9neTEmMCQGA1UEAxMdaW5kZXhlci0wNy5zcGx1bmsu\nY2ZhaG9tZS5jb20wggEiMA0GCSqGSIb3DQEBAQUAA4IBDwAwggEKAoIBAQCG1EXz\nU+2eoMV0nS7WF9YlJLX0APw4klb6PokHUuKBj92pfe+TFtLbsN4qbZHecEZKj985\nltENiwGlhV6f8zQ6nVLmMJjv4sm84cA1tEt8Sr6GkpaqWQrjIkCJZ3pBTiVKXuDu\nzcIb5J05l6ctOLIN3aSYHL9B9qgJ9zdPqiZa6lGmzvg8RYhlabjNSpOtk9tlwrvk\nAVVIevRzwwOrhDpgqqtCGuWfQF55wWEJP9Iu2+MkYFVFXt/zHuzylzU6rj2PZLdj\nDLG7YZ/C2J167uJR8qpt+0u80OYl3++gbYngiHDZ8Tz1wRRPZSllNNhN6PYJ1ece\nn2f4KwNMHZI+mTeRAgMBAAGjggIHMIICAzAdBgNVHQ4EFgQUnZh2inoRTwrEFU2W\nGWcFpbQdeaQwHwYDVR0jBBgwFoAUxc78uv3HogUklqX8vajqfMolZsMwPwYDVR0f\nBDgwNjA0oDKgMIYuaHR0cDovL2NybC5jZmFob21lLmNvbS9QS0kvQ0ZBJTIwRUlD\nQSUyMDAxLmNybDCCAQEGCCsGAQUFBwEBBIH0MIHxMDoGCCsGAQUFBzAChi5odHRw\nOi8vY3JsLmNmYWhvbWUuY29tL1BLSS9DRkElMjBFSUNBJTIwMDEuY3J0MIGyBggr\nBgEFBQcwAoaBpWxkYXA6Ly8vQ049Q0ZBJTIwRUlDQSUyMDAxLENOPUFJQSxDTj1Q\ndWJsaWMlMjBLZXklMjBTZXJ2aWNlcyxDTj1TZXJ2aWNlcyxDTj1Db25maWd1cmF0\naW9uLERDPWNoaWNrLWZpbC1hLERDPWNvbT9jQUNlcnRpZmljYXRlP2Jhc2U/b2Jq\nZWN0Q2xhc3M9Y2VydGlmaWNhdGlvbkF1dGhvcml0eTALBgNVHQ8EBAMCBaAwPAYJ\nKwYBBAGCNxUHBC8wLQYlKwYBBAGCNxUI1I9+g6CKGYGhmSOHvP5ShqXLemqE8O5O\ng5SNPQIBZAIBBjATBgNVHSUEDDAKBggrBgEFBQcDATAbBgkrBgEEAYI3FQoEDjAM\nMAoGCCsGAQUFBwMBMA0GCSqGSIb3DQEBCwUAA4IBAQBbekX/b9HX7Mj92DBg0BKk\nl8u4UJPQy4RI9b8KdO2HkQG/2nIMPSD/AC0YoiM+NA53/byIcOp1BlB5muqpvDtl\nOxtuU5cRSlVOw6Dk13X1kflbDKdRyA7mumkJqWjS+v60GS4MNCFTYwD+MbkUou8+\nju3Ivofv7ym1J8aA5QYAT3rbt3dFi88I0kDed7BFD6ux41VJKQYShLxULGRS2V7l\no2vYUsN03jDdC95qf6YCR87/ugaVkZjBBJFn0DbnDHT1a1cgSwiEBovchajl20On\nW+QqiNoWqEQEE2qPYNRmFCfVCsAn1f97krNWhGSrtzYCgmfRbFWp581ahCKskwnK\n-----END CERTIFICATE-----\n-----BEGIN RSA PRIVATE KEY-----\nProc-Type: 4,ENCRYPTED\nDEK-Info: DES-EDE3-CBC,53AE56A361E8B280\n\nzatwwOB7ZojOp5m29GUW2iPi3tkomsFNBISkB83HSpx2qb7beXYqaPfwxZTXS56B\nlE6MIZTXrsofqHELYzawS1BKJLDeP3aRCm8MeC1Gykmv1wH+dbTbYj1Jlt/39kje\nsLH77mGEnRLzxI9qMTawSLz6Wdt31vJyolPyDKgj/i+Y6b0/hF2yq1sPzGy1Vo0i\nycgVr5f0WEBPodnfe4lTCYc9Ziru5eWxc9onEkuCDvJo8PUQg6Pl9CoPXo8+uzKJ\nUX3k/rXA3bP7aiFd4OjV2bdHqhpICgMrfP6+9S6q5dgMMdKMsHHLYQJpR0Yh6iJ5\npuniBCOcO3sOkjVA3f54AMm6U3bjQFhvTi2nd8VOFN1m+nPbeXOjZO5SrG1huk/8\n26oJG9e57OB3vdbPir5nJH3o7NFFZko/oBy0nN/FVJgoJIUJ7malBGyRMNK8pt0g\nuIGw6WY3qjJ+G1V+iUgZRiG3Dl/sR2f8cqTddVgqO/4G4YCrM19uq256/5HBziMQ\n3P6HkI9E/HtOAYmpLK3NX4mPhNMxgFuoUOGhgR4HAWd3Uwkej60ufslI6oa39+m5\n+w3CZ4pxvbCq4sNRJ+KzUC2aT7aJgn+W6mW0zMGH4UqxDlxCsgaLHrbqrCnvUFif\nzdbTP+MAGcOfORfcYLVE2I9jZ7hR9RHsZ6tWfqy8RQoQgEwlGqnITCvUE5ZzIxcf\nfhYEFX/C8txG4HsXxgAyOc9z7f7vv7fQaIqZBEbaz+Ew5khqTqpjiLbv4ITsTD1v\n+gFj8rtYLBnft9R3A/aAUWsc5P0OCIloXdTxm5B+WopFuRfzLaLVwIhmHUJ+NCBj\nuLz8g/yxPyfB2iapL+8p911IIgvQmGN5i/5tS3uEl0pQ2jSZRqA5FNT1tlvcs02K\nl9LZG+AfybdUHKMwI0y/TIYXtQNvFUtzllYuCHisaRnrnGjor59iXMKlDSIKml4I\nE3YP6i0cEGb9WhW86Qs3M76RTshTP75irP+/gjd89Ci+2zoLuzSzSHuGlXDPwJCS\nuMMq3jCA/rkNyabKg66pEKSEZvllirGUscG9Fz8qzBI8mxVc7VGPb0XUw2aBiv6W\nDpeLUzNLkPmwbZhO0DzNevi4hpdJTUxRksgSadB594j4K4AN4ILSeE2joHgZSaJ0\naUAyEAlF1RNoChS5dZzwuNbBCVQxkhGIzTskCAPIwslzDfHyu4yCfCkMfFPVNoHd\nFBXycqmzv6CD7B7ZvR1L8Toa7/eEAFg48KjspNpHmt7F9yVpYup5wK/YdQBLgcbz\nSHL2yO6rsBMRz14wHpPo6cUx4WB2Y5INXTp/DWKGgJQNBiGw2nb8qSLfJwKHF1YU\ngqMecZwf4l2VYp3lXlqdlXc8r1btZ1a/RIzjdCCrot2hXgZQ1toey286LdsqnRZH\nh27R8ZEM8doJoeC8nYVsdfCnhVSnhHwFdwMtfAsFa0V/lVTq4mdz1fzwmmHaRarI\nI1dmmgU4atr5953E5Mjx4DkASioPnsvSFivLSMthnrOWo26FFaKFbG5Rt13o1bXo\nwqIDKZP+EBc0nJTK5mqVW17cVPrWuhuciIwiVLcSnJs1yRO+WH0IIg==\n-----END RSA PRIVATE KEY-----\n-----BEGIN CERTIFICATE-----\nMIID/TCCAuWgAwIBAgIKEiM3xAAAAAAAAzANBgkqhkiG9w0BAQsFADAVMRMwEQYD\nVQQDEwpDRkEgT1JDQSAxMB4XDTE1MDkwOTE3MDgyNloXDTMxMDkwOTE3MTgyNlow\nSDETMBEGCgmSJomT8ixkARkWA2NvbTEbMBkGCgmSJomT8ixkARkWC2NoaWNrLWZp\nbC1hMRQwEgYDVQQDEwtDRkEgRUlDQSAwMTCCASIwDQYJKoZIhvcNAQEBBQADggEP\nADCCAQoCggEBAL3k3o0/F6/5+wzVQAS8C4A1Mzr+B8aYI+Bvr6aqgXS2oVtVLEHH\nfJc3ax+6uqDxG5/9n41CIkQiCDexri+BGyeI2PoUZNFhQj4aKqYUTJ8CAwZ/ovEk\nLhqPijK4fKeJJ9OWbKTUxtC9sJkH6C3Z7DzegWQRnDxi4SiC+HD2lG5xISdtJEfH\ngf13xMVFveKYsqEfL06Uh4S9aBAcx2aMBHoc2jDBEJM2gdIvxroA9sGtxIsoDAmg\nA2DJ0LP3DcCQoBhLrskTDR7llWtqQAO05ph6+QRfxCsSclNhB/2lXJ0GlORNSXun\nqpUZvYafK6pACZ93zZnMgteb9orqDYB+eQ0CAwEAAaOCARowggEWMBAGCSsGAQQB\ngjcVAQQDAgEAMB0GA1UdDgQWBBTFzvy6/ceiBSSWpfy9qOp8yiVmwzAZBgkrBgEE\nAYI3FAIEDB4KAFMAdQBiAEMAQTALBgNVHQ8EBAMCAYYwDwYDVR0TAQH/BAUwAwEB\n/zAfBgNVHSMEGDAWgBRb5eDPvUJjVLjhYnWq8/E21tSGEDA+BgNVHR8ENzA1MDOg\nMaAvhi1odHRwOi8vY3JsLmNmYWhvbWUuY29tL1BLSS9DRkElMjBPUkNBJTIwMS5j\ncmwwSQYIKwYBBQUHAQEEPTA7MDkGCCsGAQUFBzAChi1odHRwOi8vY3JsLmNmYWhv\nbWUuY29tL1BLSS9DRkElMjBPUkNBJTIwMS5jcnQwDQYJKoZIhvcNAQELBQADggEB\nADe2z2S3BTGqRWTyIJ5/6a9c73Ux37uzfIGSq5uBf3xG2KcUNcMQ9DUVZXSQPIp4\n2u0HIUqyYracqBsMiQbXI2DIq96TqysH6lhy/VoPvTHlICrE5U63bjNz5rP/DaLY\nTzwfAnvnAtUUnRDWO/Xv6pONcqK7Pm+Q56TA1l6wgysCWgtGBSLcWo5CwdIuoNsy\n7X4/Z1MFaCUhSMS4IdCheyxrEIkH+hkXI2ybMKLXTZvPZ8NBfCjWPmYEwxnJwVEg\nttGdOMpu3da3k5nXlNj6mMzt4XTg/cHv0tmxUP0TZPm4q9x7pjvPYYJCazhGAKgn\n883hsUQG3nUHEvOOJChU8/Q=\n-----END CERTIFICATE-----\n\n-----BEGIN CERTIFICATE-----\nMIIDBTCCAe2gAwIBAgIQVDC1fdpAlbJBj1ZRd9SVBTANBgkqhkiG9w0BAQsFADAV\nMRMwEQYDVQQDEwpDRkEgT1JDQSAxMB4XDTE1MDkwOTEzNTUzMFoXDTQ3MDkwOTE0\nMDUyOVowFTETMBEGA1UEAxMKQ0ZBIE9SQ0EgMTCCASIwDQYJKoZIhvcNAQEBBQAD\nggEPADCCAQoCggEBAJRh0BrZ7vr4ua5UCvRFyVdVWhE4UKIlMle6vMn4gY4926ZK\nRx+WO7YTteVTC9SWAJkUL5iU5qkeAtp3xC5waTlK/qzb8tqRW5vPh4MteSS3PW0A\ncZ4Gpd419d8f4LWKwWFUKID48FofUWiDzUJjUXUTKH3zLF6Yso885Q+GPRfFZNtJ\nzhcQhxsdabFCwn8POFNPn+EeLoJS45btHPv9fAhsEPUDSsPVUTLJmCIv1QjOa85d\nFbJoX03wrJicZdGbo/WiQGD4eVd/CzCSpeDtatTRANsIcF4zz+CDhVHpVY2Q2Uq1\ndPP2w7wjpe3pbcTioEJmwRjjtiQnOVkz00eHBZ0CAwEAAaNRME8wCwYDVR0PBAQD\nAgGGMA8GA1UdEwEB/wQFMAMBAf8wHQYDVR0OBBYEFFvl4M+9QmNUuOFidarz8TbW\n1IYQMBAGCSsGAQQBgjcVAQQDAgEAMA0GCSqGSIb3DQEBCwUAA4IBAQBsOhco7uDJ\nseIfeuFgRRuI6evKyCMwwYcJkuWlEPV7HFOJ32BJnpvlloCfuqkBHoWHYecJozIb\nJkLihhhsnb+GvPvc0GIu7/uDX00T8BMB7TndLsCzGLttW07OpdcNkn/pM7uRJPQT\nm53Ld43KlTaO8lLxxAevfwX0HbI0roS0EyOtGXFs6SbIV8NopRw5JAn6wxWa9LQs\ngTvBVckx9JrUbGEiQNyosaTCYTR/4BBujS/REgNsAaJPRJhsQEN87pRrNK8WUGWX\nDDMsnJaUk+0/g1Z81xC4eVsOWqLlm2I2nZuL+TD/c5opGom6cIfmV9cKqE/bIf5P\nRsvz2HuFoGUe\n-----END CERTIFICATE-----\n\n",
            "content_base64": null,
            "content_disposition": "",
            "content_encoding": "",
            "content_language": "",
            "content_type": "binary/octet-stream",
            "etag": "9c067716eb33ac90429924fc7149bfda",
            "force_destroy": false,
            "id": "splunk-indexer-07/etc/auth/certs/indexer-07.splunk.<customer>home.com.pem",
            "key": "splunk-indexer-07/etc/auth/certs/indexer-07.splunk.<customer>home.com.pem",
            "kms_key_id": null,
            "metadata": {},
            "object_lock_legal_hold_status": "",
            "object_lock_mode": "",
            "object_lock_retain_until_date": "",
            "server_side_encryption": "",
            "source": null,
            "storage_class": "STANDARD",
            "tags": {},
            "version_id": "",
            "website_redirect": ""
          },
          "private": "bnVsbA==",
          "dependencies": [
            "module.common.aws_s3_bucket.inits",
            "module.indexers.data.aws_secretsmanager_secret_version.ssl_key"
          ]
        }
      ]
    },
    {
      "module": "module.indexers",
      "mode": "managed",
      "type": "aws_s3_bucket_object",
      "name": "userseed",
      "provider": "provider[\"registry.terraform.io/hashicorp/aws\"]",
      "instances": [
        {
          "index_key": 0,
          "schema_version": 0,
          "attributes": {
            "acl": "private",
            "bucket": "prod-<customer>splunkprod-us-east-1-splunk-initial-configs",
            "cache_control": "",
            "content": "[user_info]\nUSERNAME = admin\nHASHED_PASSWORD = $6$cLaQ0TcV0eew9X.N$VjgRrGxHePbkp2Bfpc1AZFowV2feMBc598yorNsnagClESc42mQpaT55bHP/gZbkbju13WJfMOFi1S0FoP8LU0",
            "content_base64": null,
            "content_disposition": "",
            "content_encoding": "",
            "content_language": "",
            "content_type": "binary/octet-stream",
            "etag": "3f6afd2cb3361b65721b4693dd79f8a6",
            "force_destroy": false,
            "id": "splunk-indexer-01/etc/system/local/user-seed.conf",
            "key": "splunk-indexer-01/etc/system/local/user-seed.conf",
            "kms_key_id": null,
            "metadata": {},
            "object_lock_legal_hold_status": "",
            "object_lock_mode": "",
            "object_lock_retain_until_date": "",
            "server_side_encryption": "",
            "source": null,
            "storage_class": "STANDARD",
            "tags": {},
            "version_id": "",
            "website_redirect": ""
          },
          "private": "bnVsbA==",
          "dependencies": [
            "data.aws_secretsmanager_secret_version.admin_account",
            "module.common.aws_s3_bucket.inits"
          ]
        },
        {
          "index_key": 1,
          "schema_version": 0,
          "attributes": {
            "acl": "private",
            "bucket": "prod-<customer>splunkprod-us-east-1-splunk-initial-configs",
            "cache_control": "",
            "content": "[user_info]\nUSERNAME = admin\nHASHED_PASSWORD = $6$cLaQ0TcV0eew9X.N$VjgRrGxHePbkp2Bfpc1AZFowV2feMBc598yorNsnagClESc42mQpaT55bHP/gZbkbju13WJfMOFi1S0FoP8LU0",
            "content_base64": null,
            "content_disposition": "",
            "content_encoding": "",
            "content_language": "",
            "content_type": "binary/octet-stream",
            "etag": "3f6afd2cb3361b65721b4693dd79f8a6",
            "force_destroy": false,
            "id": "splunk-indexer-02/etc/system/local/user-seed.conf",
            "key": "splunk-indexer-02/etc/system/local/user-seed.conf",
            "kms_key_id": null,
            "metadata": {},
            "object_lock_legal_hold_status": "",
            "object_lock_mode": "",
            "object_lock_retain_until_date": "",
            "server_side_encryption": "",
            "source": null,
            "storage_class": "STANDARD",
            "tags": {},
            "version_id": "",
            "website_redirect": ""
          },
          "private": "bnVsbA==",
          "dependencies": [
            "data.aws_secretsmanager_secret_version.admin_account",
            "module.common.aws_s3_bucket.inits"
          ]
        },
        {
          "index_key": 2,
          "schema_version": 0,
          "attributes": {
            "acl": "private",
            "bucket": "prod-<customer>splunkprod-us-east-1-splunk-initial-configs",
            "cache_control": "",
            "content": "[user_info]\nUSERNAME = admin\nHASHED_PASSWORD = $6$cLaQ0TcV0eew9X.N$VjgRrGxHePbkp2Bfpc1AZFowV2feMBc598yorNsnagClESc42mQpaT55bHP/gZbkbju13WJfMOFi1S0FoP8LU0",
            "content_base64": null,
            "content_disposition": "",
            "content_encoding": "",
            "content_language": "",
            "content_type": "binary/octet-stream",
            "etag": "3f6afd2cb3361b65721b4693dd79f8a6",
            "force_destroy": false,
            "id": "splunk-indexer-03/etc/system/local/user-seed.conf",
            "key": "splunk-indexer-03/etc/system/local/user-seed.conf",
            "kms_key_id": null,
            "metadata": {},
            "object_lock_legal_hold_status": "",
            "object_lock_mode": "",
            "object_lock_retain_until_date": "",
            "server_side_encryption": "",
            "source": null,
            "storage_class": "STANDARD",
            "tags": {},
            "version_id": "",
            "website_redirect": ""
          },
          "private": "bnVsbA==",
          "dependencies": [
            "data.aws_secretsmanager_secret_version.admin_account",
            "module.common.aws_s3_bucket.inits"
          ]
        },
        {
          "index_key": 3,
          "schema_version": 0,
          "attributes": {
            "acl": "private",
            "bucket": "prod-<customer>splunkprod-us-east-1-splunk-initial-configs",
            "cache_control": "",
            "content": "[user_info]\nUSERNAME = admin\nHASHED_PASSWORD = $6$cLaQ0TcV0eew9X.N$VjgRrGxHePbkp2Bfpc1AZFowV2feMBc598yorNsnagClESc42mQpaT55bHP/gZbkbju13WJfMOFi1S0FoP8LU0",
            "content_base64": null,
            "content_disposition": "",
            "content_encoding": "",
            "content_language": "",
            "content_type": "binary/octet-stream",
            "etag": "3f6afd2cb3361b65721b4693dd79f8a6",
            "force_destroy": false,
            "id": "splunk-indexer-04/etc/system/local/user-seed.conf",
            "key": "splunk-indexer-04/etc/system/local/user-seed.conf",
            "kms_key_id": null,
            "metadata": {},
            "object_lock_legal_hold_status": "",
            "object_lock_mode": "",
            "object_lock_retain_until_date": "",
            "server_side_encryption": "",
            "source": null,
            "storage_class": "STANDARD",
            "tags": {},
            "version_id": "",
            "website_redirect": ""
          },
          "private": "bnVsbA==",
          "dependencies": [
            "data.aws_secretsmanager_secret_version.admin_account",
            "module.common.aws_s3_bucket.inits"
          ]
        },
        {
          "index_key": 4,
          "schema_version": 0,
          "attributes": {
            "acl": "private",
            "bucket": "prod-<customer>splunkprod-us-east-1-splunk-initial-configs",
            "cache_control": "",
            "content": "[user_info]\nUSERNAME = admin\nHASHED_PASSWORD = $6$cLaQ0TcV0eew9X.N$VjgRrGxHePbkp2Bfpc1AZFowV2feMBc598yorNsnagClESc42mQpaT55bHP/gZbkbju13WJfMOFi1S0FoP8LU0",
            "content_base64": null,
            "content_disposition": "",
            "content_encoding": "",
            "content_language": "",
            "content_type": "binary/octet-stream",
            "etag": "3f6afd2cb3361b65721b4693dd79f8a6",
            "force_destroy": false,
            "id": "splunk-indexer-05/etc/system/local/user-seed.conf",
            "key": "splunk-indexer-05/etc/system/local/user-seed.conf",
            "kms_key_id": null,
            "metadata": {},
            "object_lock_legal_hold_status": "",
            "object_lock_mode": "",
            "object_lock_retain_until_date": "",
            "server_side_encryption": "",
            "source": null,
            "storage_class": "STANDARD",
            "tags": {},
            "version_id": "",
            "website_redirect": ""
          },
          "private": "bnVsbA==",
          "dependencies": [
            "data.aws_secretsmanager_secret_version.admin_account",
            "module.common.aws_s3_bucket.inits"
          ]
        },
        {
          "index_key": 5,
          "schema_version": 0,
          "attributes": {
            "acl": "private",
            "bucket": "prod-<customer>splunkprod-us-east-1-splunk-initial-configs",
            "cache_control": "",
            "content": "[user_info]\nUSERNAME = admin\nHASHED_PASSWORD = $6$cLaQ0TcV0eew9X.N$VjgRrGxHePbkp2Bfpc1AZFowV2feMBc598yorNsnagClESc42mQpaT55bHP/gZbkbju13WJfMOFi1S0FoP8LU0",
            "content_base64": null,
            "content_disposition": "",
            "content_encoding": "",
            "content_language": "",
            "content_type": "binary/octet-stream",
            "etag": "3f6afd2cb3361b65721b4693dd79f8a6",
            "force_destroy": false,
            "id": "splunk-indexer-06/etc/system/local/user-seed.conf",
            "key": "splunk-indexer-06/etc/system/local/user-seed.conf",
            "kms_key_id": null,
            "metadata": {},
            "object_lock_legal_hold_status": "",
            "object_lock_mode": "",
            "object_lock_retain_until_date": "",
            "server_side_encryption": "",
            "source": null,
            "storage_class": "STANDARD",
            "tags": {},
            "version_id": "",
            "website_redirect": ""
          },
          "private": "bnVsbA==",
          "dependencies": [
            "data.aws_secretsmanager_secret_version.admin_account",
            "module.common.aws_s3_bucket.inits"
          ]
        },
        {
          "index_key": 6,
          "schema_version": 0,
          "attributes": {
            "acl": "private",
            "bucket": "prod-<customer>splunkprod-us-east-1-splunk-initial-configs",
            "cache_control": "",
            "content": "[user_info]\nUSERNAME = admin\nHASHED_PASSWORD = $6$cLaQ0TcV0eew9X.N$VjgRrGxHePbkp2Bfpc1AZFowV2feMBc598yorNsnagClESc42mQpaT55bHP/gZbkbju13WJfMOFi1S0FoP8LU0",
            "content_base64": null,
            "content_disposition": "",
            "content_encoding": "",
            "content_language": "",
            "content_type": "binary/octet-stream",
            "etag": "3f6afd2cb3361b65721b4693dd79f8a6",
            "force_destroy": false,
            "id": "splunk-indexer-07/etc/system/local/user-seed.conf",
            "key": "splunk-indexer-07/etc/system/local/user-seed.conf",
            "kms_key_id": null,
            "metadata": {},
            "object_lock_legal_hold_status": "",
            "object_lock_mode": "",
            "object_lock_retain_until_date": "",
            "server_side_encryption": "",
            "source": null,
            "storage_class": "STANDARD",
            "tags": {},
            "version_id": "",
            "website_redirect": ""
          },
          "private": "bnVsbA==",
          "dependencies": [
            "data.aws_secretsmanager_secret_version.admin_account",
            "module.common.aws_s3_bucket.inits"
          ]
        }
      ]
    },
    {
      "module": "module.indexers",
      "mode": "managed",
      "type": "aws_security_group",
      "name": "hec_lb_sg",
      "provider": "provider[\"registry.terraform.io/hashicorp/aws\"]",
      "instances": [
        {
          "schema_version": 1,
          "attributes": {
            "arn": "arn:aws:ec2:us-east-1:740749460388:security-group/sg-00290c4cb8043c0e2",
            "description": "Security group for HEC ALB",
            "egress": [
              {
                "cidr_blocks": [
                  "0.0.0.0/0"
                ],
                "description": "",
                "from_port": 0,
                "ipv6_cidr_blocks": [],
                "prefix_list_ids": [],
                "protocol": "-1",
                "security_groups": [],
                "self": false,
                "to_port": 0
              }
            ],
            "id": "sg-00290c4cb8043c0e2",
            "ingress": [
              {
                "cidr_blocks": [
                  "0.0.0.0/0"
                ],
                "description": "",
                "from_port": 443,
                "ipv6_cidr_blocks": [],
                "prefix_list_ids": [],
                "protocol": "tcp",
                "security_groups": [],
                "self": false,
                "to_port": 443
              },
              {
                "cidr_blocks": [
                  "10.0.0.0/8"
                ],
                "description": "",
                "from_port": 443,
                "ipv6_cidr_blocks": [],
                "prefix_list_ids": [],
                "protocol": "tcp",
                "security_groups": [],
                "self": false,
                "to_port": 443
              }
            ],
            "name": "prod-splunk-alb-hec",
            "name_prefix": null,
            "owner_id": "740749460388",
            "revoke_rules_on_delete": false,
            "tags": {
              "Managed_by": "terraform",
              "Module": "splunk_indexers",
              "Name": "prod-splunk-alb-hec",
              "application_name": "splunk",
              "created_by": "Juan Becerra",
              "environment": "prod"
            },
            "timeouts": null,
            "vpc_id": "vpc-0f9afbd827c17d71a"
          },
          "private": "eyJlMmJmYjczMC1lY2FhLTExZTYtOGY4OC0zNDM2M2JjN2M0YzAiOnsiY3JlYXRlIjo2MDAwMDAwMDAwMDAsImRlbGV0ZSI6NjAwMDAwMDAwMDAwfSwic2NoZW1hX3ZlcnNpb24iOiIxIn0="
        }
      ]
    },
    {
      "module": "module.indexers",
      "mode": "managed",
      "type": "aws_security_group",
      "name": "instance_sg",
      "provider": "provider[\"registry.terraform.io/hashicorp/aws\"]",
      "instances": [
        {
          "schema_version": 1,
          "attributes": {
            "arn": "arn:aws:ec2:us-east-1:740749460388:security-group/sg-0e4a43b9a26702c9d",
            "description": "Security group for Indexers",
            "egress": [
              {
                "cidr_blocks": [
                  "0.0.0.0/0"
                ],
                "description": "",
                "from_port": 0,
                "ipv6_cidr_blocks": [],
                "prefix_list_ids": [],
                "protocol": "-1",
                "security_groups": [],
                "self": false,
                "to_port": 0
              }
            ],
            "id": "sg-0e4a43b9a26702c9d",
            "ingress": [
              {
                "cidr_blocks": [
                  "0.0.0.0/0"
                ],
                "description": "",
                "from_port": 9995,
                "ipv6_cidr_blocks": [],
                "prefix_list_ids": [],
                "protocol": "tcp",
                "security_groups": [],
                "self": false,
                "to_port": 9995
              },
              {
                "cidr_blocks": [
                  "10.1.0.0/20",
                  "10.1.16.0/20",
                  "10.1.32.0/20"
                ],
                "description": "",
                "from_port": -1,
                "ipv6_cidr_blocks": [],
                "prefix_list_ids": [],
                "protocol": "icmp",
                "security_groups": [],
                "self": false,
                "to_port": -1
              },
              {
                "cidr_blocks": [
                  "10.1.0.0/20",
                  "10.1.16.0/20",
                  "10.1.32.0/20"
                ],
                "description": "",
                "from_port": 8089,
                "ipv6_cidr_blocks": [],
                "prefix_list_ids": [],
                "protocol": "tcp",
                "security_groups": [],
                "self": false,
                "to_port": 8089
              },
              {
                "cidr_blocks": [
                  "10.1.0.0/20",
                  "10.1.16.0/20",
                  "10.1.32.0/20"
                ],
                "description": "",
                "from_port": 9997,
                "ipv6_cidr_blocks": [],
                "prefix_list_ids": [],
                "protocol": "tcp",
                "security_groups": [],
                "self": false,
                "to_port": 9997
              },
              {
                "cidr_blocks": [],
                "description": "",
                "from_port": 8088,
                "ipv6_cidr_blocks": [],
                "prefix_list_ids": [],
                "protocol": "tcp",
                "security_groups": [
                  "sg-00290c4cb8043c0e2"
                ],
                "self": false,
                "to_port": 8088
              },
              {
                "cidr_blocks": [],
                "description": "",
                "from_port": 9887,
                "ipv6_cidr_blocks": [],
                "prefix_list_ids": [],
                "protocol": "tcp",
                "security_groups": [],
                "self": true,
                "to_port": 9887
              }
            ],
            "name": "prod-splunk-instance-indexers",
            "name_prefix": null,
            "owner_id": "740749460388",
            "revoke_rules_on_delete": false,
            "tags": {
              "Managed_by": "terraform",
              "Module": "splunk_indexers",
              "Name": "prod-splunk-instance-indexers",
              "application_name": "splunk",
              "created_by": "Juan Becerra",
              "environment": "prod"
            },
            "timeouts": null,
            "vpc_id": "vpc-0f9afbd827c17d71a"
          },
          "private": "eyJlMmJmYjczMC1lY2FhLTExZTYtOGY4OC0zNDM2M2JjN2M0YzAiOnsiY3JlYXRlIjo2MDAwMDAwMDAwMDAsImRlbGV0ZSI6NjAwMDAwMDAwMDAwfSwic2NoZW1hX3ZlcnNpb24iOiIxIn0=",
          "dependencies": [
            "module.indexers.aws_security_group.hec_lb_sg"
          ]
        }
      ]
    },
    {
      "module": "module.master",
      "mode": "data",
      "type": "aws_ami",
      "name": "ami_source",
      "provider": "provider[\"registry.terraform.io/hashicorp/aws\"]",
      "instances": [
        {
          "schema_version": 0,
          "attributes": {
            "architecture": "x86_64",
            "arn": "arn:aws:ec2:us-east-1::image/ami-020cd8cafa1731e86",
            "block_device_mappings": [
              {
                "device_name": "/dev/xvda",
                "ebs": {
                  "delete_on_termination": "true",
                  "encrypted": "false",
                  "iops": "0",
                  "snapshot_id": "snap-09547150ed1dd5857",
                  "volume_size": "100",
                  "volume_type": "gp2"
                },
                "no_device": "",
                "virtual_name": ""
              }
            ],
            "creation_date": "2020-11-06T21:26:00.000Z",
            "description": "Lambda created AMI of instance i-03558b868818eef21",
            "executable_users": null,
            "filter": [
              {
                "name": "tag:Name",
                "values": [
                  "splunk-base-ami",
                  "splunk-master"
                ]
              }
            ],
            "hypervisor": "xen",
            "id": "ami-020cd8cafa1731e86",
            "image_id": "ami-020cd8cafa1731e86",
            "image_location": "740749460388/splunk-master_06-11-2020.21.25",
            "image_owner_alias": null,
            "image_type": "machine",
            "kernel_id": null,
            "most_recent": true,
            "name": "splunk-master_06-11-2020.21.25",
            "name_regex": null,
            "owner_id": "740749460388",
            "owners": [
              "self"
            ],
            "platform": null,
            "product_codes": [],
            "public": false,
            "ramdisk_id": null,
            "root_device_name": "/dev/xvda",
            "root_device_type": "ebs",
            "root_snapshot_id": "snap-09547150ed1dd5857",
            "sriov_net_support": "simple",
            "state": "available",
            "state_reason": {
              "code": "UNSET",
              "message": "UNSET"
            },
            "tags": {
              "CreatedOn": "06-11-2020.21.26",
              "Name": "splunk-master",
              "Type": "HOURLY"
            },
            "virtualization_type": "hvm"
          }
        }
      ]
    },
    {
      "module": "module.master",
      "mode": "data",
      "type": "aws_route53_zone",
      "name": "private_zone",
      "provider": "provider[\"registry.terraform.io/hashicorp/aws\"]",
      "instances": [
        {
          "schema_version": 0,
          "attributes": {
            "caller_reference": "terraform-20201106142453677500000001",
            "comment": "Managed by Terraform",
            "id": "Z1025878278SY9EZW6LQL",
            "linked_service_description": null,
            "linked_service_principal": null,
            "name": "splunkinternal.com.",
            "name_servers": [],
            "private_zone": true,
            "resource_record_set_count": 14,
            "tags": {},
            "vpc_id": null,
            "zone_id": "Z1025878278SY9EZW6LQL"
          }
        }
      ]
    },
    {
      "module": "module.master",
      "mode": "data",
      "type": "aws_route53_zone",
      "name": "public_zone",
      "provider": "provider[\"registry.terraform.io/hashicorp/aws\"]",
      "instances": [
        {
          "schema_version": 0,
          "attributes": {
            "caller_reference": "4e9ee2b0-8d7d-45b1-bef2-d843fa05c63b",
            "comment": "Hosted Zone for Splunk URLs",
            "id": "Z07522651BG4B102L9QDK",
            "linked_service_description": null,
            "linked_service_principal": null,
            "name": "splunk.<customer>home.com.",
            "name_servers": [
              "ns-931.awsdns-52.net",
              "ns-153.awsdns-19.com",
              "ns-1627.awsdns-11.co.uk",
              "ns-1098.awsdns-09.org"
            ],
            "private_zone": false,
            "resource_record_set_count": 19,
            "tags": {},
            "vpc_id": null,
            "zone_id": "Z07522651BG4B102L9QDK"
          }
        }
      ]
    },
    {
      "module": "module.master",
      "mode": "data",
      "type": "aws_secretsmanager_secret_version",
      "name": "ssl_key",
      "provider": "provider[\"registry.terraform.io/hashicorp/aws\"]",
      "instances": [
        {
          "index_key": 0,
          "schema_version": 0,
          "attributes": {
            "arn": "arn:aws:secretsmanager:us-east-1:740749460388:secret:master-mgmt.splunk.<customer>home.com.pem-YoXy5D",
            "id": "master-mgmt.splunk.<customer>home.com.pem|AWSCURRENT",
            "secret_binary": "-----BEGIN CERTIFICATE-----\nMIIFbTCCBFWgAwIBAgIKF/ym+QAAAAAXPDANBgkqhkiG9w0BAQsFADBIMRMwEQYK\nCZImiZPyLGQBGRYDY29tMRswGQYKCZImiZPyLGQBGRYLY2hpY2stZmlsLWExFDAS\nBgNVBAMTC0NGQSBFSUNBIDAxMB4XDTIwMTEwMjIxMzc0NFoXDTI1MTEwMTIxMzc0\nNFowgZcxCzAJBgNVBAYTAlVTMRAwDgYDVQQIEwdHZW9yZ2lhMRAwDgYDVQQHEwdB\ndGxhbnRhMRowGAYDVQQKExFDaGljay1maWwtQSwgSW5jLjEfMB0GA1UECxMWSW5m\nb3JtYXRpb24gVGVjaG5vbG9neTEnMCUGA1UEAxMebWFzdGVyLW1nbXQuc3BsdW5r\nLmNmYWhvbWUuY29tMIIBIjANBgkqhkiG9w0BAQEFAAOCAQ8AMIIBCgKCAQEAy15e\nXsbSxqe8T0HLi2gT+Fsu5ogKFFKB9r7LEopBQQOKoZYwGlNnLlevBmMEIck2CmFe\nwZnz/kg+sMNOOoZ7WC46qu0CZsUm7y4Ju5oB6/mRb3KAZYhljQJzQf0FsbYsPrmE\nlWyyRGVdXaCt3HUrE2KAKKhkMmZMW8rzE7wxymcTGqk2BDiqC/aqQ1m6s3ZOevJV\nVvmq5gcx5y9bSQjv+MF/+5yIyVJDLf79LLSJJ5P2vlVbaablZevBXc/B35R2u+Hm\nNYwRBnI6/HB7fozoLju/sprO92kOxYgUQpvAtAUFCVRpj5Ape5qfIzaUfdJNQKkU\nimTpb0QukDW8/4QOHwIDAQABo4ICBzCCAgMwHQYDVR0OBBYEFONXHtk7jViRtJ+c\naiBH1JFtBrcIMB8GA1UdIwQYMBaAFMXO/Lr9x6IFJJal/L2o6nzKJWbDMD8GA1Ud\nHwQ4MDYwNKAyoDCGLmh0dHA6Ly9jcmwuY2ZhaG9tZS5jb20vUEtJL0NGQSUyMEVJ\nQ0ElMjAwMS5jcmwwggEBBggrBgEFBQcBAQSB9DCB8TA6BggrBgEFBQcwAoYuaHR0\ncDovL2NybC5jZmFob21lLmNvbS9QS0kvQ0ZBJTIwRUlDQSUyMDAxLmNydDCBsgYI\nKwYBBQUHMAKGgaVsZGFwOi8vL0NOPUNGQSUyMEVJQ0ElMjAwMSxDTj1BSUEsQ049\nUHVibGljJTIwS2V5JTIwU2VydmljZXMsQ049U2VydmljZXMsQ049Q29uZmlndXJh\ndGlvbixEQz1jaGljay1maWwtYSxEQz1jb20/Y0FDZXJ0aWZpY2F0ZT9iYXNlP29i\namVjdENsYXNzPWNlcnRpZmljYXRpb25BdXRob3JpdHkwCwYDVR0PBAQDAgWgMDwG\nCSsGAQQBgjcVBwQvMC0GJSsGAQQBgjcVCNSPfoOgihmBoZkjh7z+Uoaly3pqhPDu\nToOUjT0CAWQCAQYwEwYDVR0lBAwwCgYIKwYBBQUHAwEwGwYJKwYBBAGCNxUKBA4w\nDDAKBggrBgEFBQcDATANBgkqhkiG9w0BAQsFAAOCAQEAXXfulvNMGspIyGEtfPY6\nxJBgglvg/xciu/XGddz/v+G0tp7HDdvygYx/YwhJ1PNV7a0YY7g/5aS04LljNaPZ\nr/ZmfMoH54U2Dza5BjV+q00j50LSFTp/OB6hlb+e4A4d2mqoFYfwnBULFya9hhd4\nmySzl573DBOyTnEBXvpHRk3v0EzjurdjW5MYYsE7xOv6/nDTejghl7jWFTylBhWQ\n/4ELdZhoyhKxEZvsG2t8gWXDOVVx/a9qqXozcJjnxcO6Ip0PG8CqhEZOTTIbg+24\nQTm9rY6MVBRCY+jwmr4lMT/fovR6IcdQyCCEDFl2RpSNmqdrm/94Wmp4kqmZ7ZFH\nAg==\n-----END CERTIFICATE-----\n-----BEGIN RSA PRIVATE KEY-----\nProc-Type: 4,ENCRYPTED\nDEK-Info: DES-EDE3-CBC,0B33F3C60E3B5433\n\nrDAebhq3Ez8f4t1KyMPQ77LRQ5OOWMYU7rx2R/oJBQ+tCv2NqCnxsnZEAAt5PiW1\n+jdhEMrQ2PaYhMuLSfdJ5gggUEcJXdPz9YZ7jz/GQ3tjQAC8SZoh22sdLQu+nc7c\nTCJ+/mdbtT4ScWVMEwiJAojfn/wv9CIEmA4RjN6Sj4fOYFjqlIcsFKi6L2BRKZ9i\nQvcmAJfPB1dILZwEpYMd1O0ef+nK2t5AJTEr2YgR/8IhfxcJvhU8HmoGZv8Q+Zyw\nS8Tvbs405IU2JuzFWoPy3satnlDzwZg+SvdDnBVbstjfgnDWZOAlaU/bHwc329YF\nMc+R971IWQMLj6LE2xjV+b99FFjBuE2WnFGZlJ0yLp4nyfvpAEyhceY05F6md022\nw4TzY+jilyny1G1hucenYkbySBCegUPGM5wfucKz+V7P5H8uUrijcHPWMXIt0eZ/\nm8rjJZqoCeXi3TBEAQTlj214D14MdtYdQYThQxGE+3cEJSAHjBYqrS6bSiOZrapO\nwzncSWW4Nkw0QHmc7aWOjxgdtKao4TdEWLESgqs5x+rrtJeyZvCGnim+DU+FAc4l\n9sgrDm2hgeytxV5Tj3mkfl7rnkqSyksKmhooqdEfVfUWLN0HVykInheLSR/9cm9W\ntUXBXVhytwi1r7AkUSmS9gPF1ERvATjU2rn/Zz0rmRK0AiXb3eb5SROJ5+6dUtEL\nYDBU5XtQSI/itRhh+3lueAHtAKsblNQZ0YcTk4L6Xutr1PAP1Tn9JXxUOS+l8GP7\nAOsol8jDurWPP7s3JObRwwOUE8fCHF8Xlz//3Zd6QMWRkzYpfLSRfmyt5nRXk6Id\n7m8vN0RdMmvyRf6LIK4uvBCPsaOz9EpGvskiPeX0o77B/EjgVX2mZ2nPmi0uzh0U\n/O8M+wZKgC+FvfawJNVhU7JbQk8PX7fFSbaK59AJWM1z3oobS1j3LeMoI0f8MYxL\ntd72vSswkb21F+Bll2Bk+6A456lI8O+fLG4ahm5qqa4IPqS1AN66vVnJt4SX8Kej\nX/m7JrPjI+D+dEGBjOtzkclSgeLqGYpNM13Ey3V/P0Cw1Eq/Uw/o7MjfQtln3cFX\n0tGfRXfft08E16g3D5mpiuADaXe+3BddEmz0xCd0lAAHc1qX3dTDv60J6VDJGMzK\nhdMSOcsHnK1dqjjvSw3KnRm+z9P+VdNIkzpRDKY7/KuqJ2B2kkxwbedDuJB1aPW9\nxWWRTYgEVXfQ7aKrA8Q9mUIoHMsVZgcv4S4B+vJZi7MToPe+SZdo44XNxVBmptZI\nT0ZZ33EthGIWLOgrFymkJS0DBGUX3KuAVWEmAEaYCCi6Y2M4ToixqSH8ZpX8quJ0\nG1181z1Gsjf8Xf7fypqnVZwGV0BoGtzRd12QEyrAkoKnjhoY+nunDSbyhG2DE+dc\n6IRxrJBWPCTGy/oKjyqfvAngSngOAUBzLwEZXmSDWzHfyspGYRxisthjVRngZDXr\ncnE6ugKVQKyG2jkZEnC10lnN0o3JHZA+nv3e1ARh0JgjMIjU04j8+nTiDUuxXDpM\nbS86Fy4f1GsrDcQRNEe42b92MwQ0RT6onEoxjACl0PZahSFm4cB0DA==\n-----END RSA PRIVATE KEY-----\n-----BEGIN CERTIFICATE-----\nMIID/TCCAuWgAwIBAgIKEiM3xAAAAAAAAzANBgkqhkiG9w0BAQsFADAVMRMwEQYD\nVQQDEwpDRkEgT1JDQSAxMB4XDTE1MDkwOTE3MDgyNloXDTMxMDkwOTE3MTgyNlow\nSDETMBEGCgmSJomT8ixkARkWA2NvbTEbMBkGCgmSJomT8ixkARkWC2NoaWNrLWZp\nbC1hMRQwEgYDVQQDEwtDRkEgRUlDQSAwMTCCASIwDQYJKoZIhvcNAQEBBQADggEP\nADCCAQoCggEBAL3k3o0/F6/5+wzVQAS8C4A1Mzr+B8aYI+Bvr6aqgXS2oVtVLEHH\nfJc3ax+6uqDxG5/9n41CIkQiCDexri+BGyeI2PoUZNFhQj4aKqYUTJ8CAwZ/ovEk\nLhqPijK4fKeJJ9OWbKTUxtC9sJkH6C3Z7DzegWQRnDxi4SiC+HD2lG5xISdtJEfH\ngf13xMVFveKYsqEfL06Uh4S9aBAcx2aMBHoc2jDBEJM2gdIvxroA9sGtxIsoDAmg\nA2DJ0LP3DcCQoBhLrskTDR7llWtqQAO05ph6+QRfxCsSclNhB/2lXJ0GlORNSXun\nqpUZvYafK6pACZ93zZnMgteb9orqDYB+eQ0CAwEAAaOCARowggEWMBAGCSsGAQQB\ngjcVAQQDAgEAMB0GA1UdDgQWBBTFzvy6/ceiBSSWpfy9qOp8yiVmwzAZBgkrBgEE\nAYI3FAIEDB4KAFMAdQBiAEMAQTALBgNVHQ8EBAMCAYYwDwYDVR0TAQH/BAUwAwEB\n/zAfBgNVHSMEGDAWgBRb5eDPvUJjVLjhYnWq8/E21tSGEDA+BgNVHR8ENzA1MDOg\nMaAvhi1odHRwOi8vY3JsLmNmYWhvbWUuY29tL1BLSS9DRkElMjBPUkNBJTIwMS5j\ncmwwSQYIKwYBBQUHAQEEPTA7MDkGCCsGAQUFBzAChi1odHRwOi8vY3JsLmNmYWhv\nbWUuY29tL1BLSS9DRkElMjBPUkNBJTIwMS5jcnQwDQYJKoZIhvcNAQELBQADggEB\nADe2z2S3BTGqRWTyIJ5/6a9c73Ux37uzfIGSq5uBf3xG2KcUNcMQ9DUVZXSQPIp4\n2u0HIUqyYracqBsMiQbXI2DIq96TqysH6lhy/VoPvTHlICrE5U63bjNz5rP/DaLY\nTzwfAnvnAtUUnRDWO/Xv6pONcqK7Pm+Q56TA1l6wgysCWgtGBSLcWo5CwdIuoNsy\n7X4/Z1MFaCUhSMS4IdCheyxrEIkH+hkXI2ybMKLXTZvPZ8NBfCjWPmYEwxnJwVEg\nttGdOMpu3da3k5nXlNj6mMzt4XTg/cHv0tmxUP0TZPm4q9x7pjvPYYJCazhGAKgn\n883hsUQG3nUHEvOOJChU8/Q=\n-----END CERTIFICATE-----\n\n-----BEGIN CERTIFICATE-----\nMIIDBTCCAe2gAwIBAgIQVDC1fdpAlbJBj1ZRd9SVBTANBgkqhkiG9w0BAQsFADAV\nMRMwEQYDVQQDEwpDRkEgT1JDQSAxMB4XDTE1MDkwOTEzNTUzMFoXDTQ3MDkwOTE0\nMDUyOVowFTETMBEGA1UEAxMKQ0ZBIE9SQ0EgMTCCASIwDQYJKoZIhvcNAQEBBQAD\nggEPADCCAQoCggEBAJRh0BrZ7vr4ua5UCvRFyVdVWhE4UKIlMle6vMn4gY4926ZK\nRx+WO7YTteVTC9SWAJkUL5iU5qkeAtp3xC5waTlK/qzb8tqRW5vPh4MteSS3PW0A\ncZ4Gpd419d8f4LWKwWFUKID48FofUWiDzUJjUXUTKH3zLF6Yso885Q+GPRfFZNtJ\nzhcQhxsdabFCwn8POFNPn+EeLoJS45btHPv9fAhsEPUDSsPVUTLJmCIv1QjOa85d\nFbJoX03wrJicZdGbo/WiQGD4eVd/CzCSpeDtatTRANsIcF4zz+CDhVHpVY2Q2Uq1\ndPP2w7wjpe3pbcTioEJmwRjjtiQnOVkz00eHBZ0CAwEAAaNRME8wCwYDVR0PBAQD\nAgGGMA8GA1UdEwEB/wQFMAMBAf8wHQYDVR0OBBYEFFvl4M+9QmNUuOFidarz8TbW\n1IYQMBAGCSsGAQQBgjcVAQQDAgEAMA0GCSqGSIb3DQEBCwUAA4IBAQBsOhco7uDJ\nseIfeuFgRRuI6evKyCMwwYcJkuWlEPV7HFOJ32BJnpvlloCfuqkBHoWHYecJozIb\nJkLihhhsnb+GvPvc0GIu7/uDX00T8BMB7TndLsCzGLttW07OpdcNkn/pM7uRJPQT\nm53Ld43KlTaO8lLxxAevfwX0HbI0roS0EyOtGXFs6SbIV8NopRw5JAn6wxWa9LQs\ngTvBVckx9JrUbGEiQNyosaTCYTR/4BBujS/REgNsAaJPRJhsQEN87pRrNK8WUGWX\nDDMsnJaUk+0/g1Z81xC4eVsOWqLlm2I2nZuL+TD/c5opGom6cIfmV9cKqE/bIf5P\nRsvz2HuFoGUe\n-----END CERTIFICATE-----\n\n",
            "secret_id": "master-mgmt.splunk.<customer>home.com.pem",
            "secret_string": "",
            "version_id": "5f0bde2f-566e-4bca-9c4f-2c30c5e6180a",
            "version_stage": "AWSCURRENT",
            "version_stages": [
              "AWSCURRENT"
            ]
          }
        }
      ]
    },
    {
      "module": "module.master",
      "mode": "managed",
      "type": "aws_alb",
      "name": "load_balancer",
      "provider": "provider[\"registry.terraform.io/hashicorp/aws\"]",
      "instances": [
        {
          "schema_version": 0,
          "attributes": {
            "access_logs": [
              {
                "bucket": "",
                "enabled": false,
                "prefix": ""
              }
            ],
            "arn": "arn:aws:elasticloadbalancing:us-east-1:740749460388:loadbalancer/app/prod-splunk-alb-master/b4a13d1add819c3c",
            "arn_suffix": "app/prod-splunk-alb-master/b4a13d1add819c3c",
            "dns_name": "prod-splunk-alb-master-1794936815.us-east-1.elb.amazonaws.com",
            "drop_invalid_header_fields": false,
            "enable_cross_zone_load_balancing": null,
            "enable_deletion_protection": false,
            "enable_http2": true,
            "id": "arn:aws:elasticloadbalancing:us-east-1:740749460388:loadbalancer/app/prod-splunk-alb-master/b4a13d1add819c3c",
            "idle_timeout": 60,
            "internal": false,
            "ip_address_type": "ipv4",
            "load_balancer_type": "application",
            "name": "prod-splunk-alb-master",
            "name_prefix": null,
            "security_groups": [
              "sg-05a76424c6add8532"
            ],
            "subnet_mapping": [
              {
                "allocation_id": "",
                "subnet_id": "subnet-0057ea47be6c0a6e1"
              },
              {
                "allocation_id": "",
                "subnet_id": "subnet-09b0446a3f0f2aafa"
              },
              {
                "allocation_id": "",
                "subnet_id": "subnet-0a2528d789dd75efd"
              }
            ],
            "subnets": [
              "subnet-0057ea47be6c0a6e1",
              "subnet-09b0446a3f0f2aafa",
              "subnet-0a2528d789dd75efd"
            ],
            "tags": {
              "Managed_by": "terraform",
              "Module": "splunk_sh",
              "Name": "prod-splunk-alb-master",
              "application_name": "splunk",
              "created_by": "Juan Becerra",
              "environment": "prod"
            },
            "timeouts": null,
            "vpc_id": "vpc-0f9afbd827c17d71a",
            "zone_id": "Z35SXDOTRQ7X7K"
          },
          "private": "eyJlMmJmYjczMC1lY2FhLTExZTYtOGY4OC0zNDM2M2JjN2M0YzAiOnsiY3JlYXRlIjo2MDAwMDAwMDAwMDAsImRlbGV0ZSI6NjAwMDAwMDAwMDAwLCJ1cGRhdGUiOjYwMDAwMDAwMDAwMH19",
          "dependencies": [
            "module.master.aws_security_group.lb_sg"
          ]
        }
      ]
    },
    {
      "module": "module.master",
      "mode": "managed",
      "type": "aws_alb",
      "name": "mgmt_lb",
      "provider": "provider[\"registry.terraform.io/hashicorp/aws\"]",
      "instances": [
        {
          "index_key": 0,
          "schema_version": 0,
          "attributes": {
            "access_logs": [
              {
                "bucket": "",
                "enabled": false,
                "prefix": ""
              }
            ],
            "arn": "arn:aws:elasticloadbalancing:us-east-1:740749460388:loadbalancer/net/prod-splunk-nlb-master-mgmt/f67ab421762c7ee7",
            "arn_suffix": "net/prod-splunk-nlb-master-mgmt/f67ab421762c7ee7",
            "dns_name": "prod-splunk-nlb-master-mgmt-f67ab421762c7ee7.elb.us-east-1.amazonaws.com",
            "drop_invalid_header_fields": null,
            "enable_cross_zone_load_balancing": true,
            "enable_deletion_protection": false,
            "enable_http2": null,
            "id": "arn:aws:elasticloadbalancing:us-east-1:740749460388:loadbalancer/net/prod-splunk-nlb-master-mgmt/f67ab421762c7ee7",
            "idle_timeout": null,
            "internal": false,
            "ip_address_type": "ipv4",
            "load_balancer_type": "network",
            "name": "prod-splunk-nlb-master-mgmt",
            "name_prefix": null,
            "security_groups": [],
            "subnet_mapping": [
              {
                "allocation_id": "",
                "subnet_id": "subnet-0057ea47be6c0a6e1"
              },
              {
                "allocation_id": "",
                "subnet_id": "subnet-09b0446a3f0f2aafa"
              },
              {
                "allocation_id": "",
                "subnet_id": "subnet-0a2528d789dd75efd"
              }
            ],
            "subnets": [
              "subnet-0057ea47be6c0a6e1",
              "subnet-09b0446a3f0f2aafa",
              "subnet-0a2528d789dd75efd"
            ],
            "tags": {
              "Managed_by": "terraform",
              "Module": "splunk_sh",
              "Name": "prod-splunk-nlb-master-mgmt",
              "application_name": "splunk",
              "created_by": "Juan Becerra",
              "environment": "prod"
            },
            "timeouts": null,
            "vpc_id": "vpc-0f9afbd827c17d71a",
            "zone_id": "Z26RNL4JYFTOTI"
          },
          "private": "eyJlMmJmYjczMC1lY2FhLTExZTYtOGY4OC0zNDM2M2JjN2M0YzAiOnsiY3JlYXRlIjo2MDAwMDAwMDAwMDAsImRlbGV0ZSI6NjAwMDAwMDAwMDAwLCJ1cGRhdGUiOjYwMDAwMDAwMDAwMH19"
        }
      ]
    },
    {
      "module": "module.master",
      "mode": "managed",
      "type": "aws_alb_listener",
      "name": "load_balancer",
      "provider": "provider[\"registry.terraform.io/hashicorp/aws\"]",
      "instances": [
        {
          "schema_version": 0,
          "attributes": {
            "arn": "arn:aws:elasticloadbalancing:us-east-1:740749460388:listener/app/prod-splunk-alb-master/b4a13d1add819c3c/59919ae804705036",
            "certificate_arn": null,
            "default_action": [
              {
                "authenticate_cognito": [],
                "authenticate_oidc": [],
                "fixed_response": [],
                "forward": [],
                "order": 1,
                "redirect": [
                  {
                    "host": "#{host}",
                    "path": "/#{path}",
                    "port": "443",
                    "protocol": "HTTPS",
                    "query": "#{query}",
                    "status_code": "HTTP_301"
                  }
                ],
                "target_group_arn": "",
                "type": "redirect"
              }
            ],
            "id": "arn:aws:elasticloadbalancing:us-east-1:740749460388:listener/app/prod-splunk-alb-master/b4a13d1add819c3c/59919ae804705036",
            "load_balancer_arn": "arn:aws:elasticloadbalancing:us-east-1:740749460388:loadbalancer/app/prod-splunk-alb-master/b4a13d1add819c3c",
            "port": 80,
            "protocol": "HTTP",
            "ssl_policy": "",
            "timeouts": null
          },
          "private": "eyJlMmJmYjczMC1lY2FhLTExZTYtOGY4OC0zNDM2M2JjN2M0YzAiOnsicmVhZCI6NjAwMDAwMDAwMDAwfX0=",
          "dependencies": [
            "module.master.aws_alb.load_balancer",
            "module.master.aws_security_group.lb_sg"
          ]
        }
      ]
    },
    {
      "module": "module.master",
      "mode": "managed",
      "type": "aws_alb_listener",
      "name": "load_balancer_443",
      "provider": "provider[\"registry.terraform.io/hashicorp/aws\"]",
      "instances": [
        {
          "schema_version": 0,
          "attributes": {
            "arn": "arn:aws:elasticloadbalancing:us-east-1:740749460388:listener/app/prod-splunk-alb-master/b4a13d1add819c3c/b69b43237b00045d",
            "certificate_arn": "arn:aws:acm:us-east-1:740749460388:certificate/4839e66a-518c-4f9c-9554-2e3227386806",
            "default_action": [
              {
                "authenticate_cognito": [],
                "authenticate_oidc": [],
                "fixed_response": [],
                "forward": [],
                "order": 1,
                "redirect": [],
                "target_group_arn": "arn:aws:elasticloadbalancing:us-east-1:740749460388:targetgroup/prod-splunk-alb-8000-master/7b13b1d114f47b7b",
                "type": "forward"
              }
            ],
            "id": "arn:aws:elasticloadbalancing:us-east-1:740749460388:listener/app/prod-splunk-alb-master/b4a13d1add819c3c/b69b43237b00045d",
            "load_balancer_arn": "arn:aws:elasticloadbalancing:us-east-1:740749460388:loadbalancer/app/prod-splunk-alb-master/b4a13d1add819c3c",
            "port": 443,
            "protocol": "HTTPS",
            "ssl_policy": "ELBSecurityPolicy-2016-08",
            "timeouts": null
          },
          "private": "eyJlMmJmYjczMC1lY2FhLTExZTYtOGY4OC0zNDM2M2JjN2M0YzAiOnsicmVhZCI6NjAwMDAwMDAwMDAwfX0=",
          "dependencies": [
            "module.master.aws_alb.load_balancer",
            "module.master.aws_alb_target_group.lb_target_8000",
            "module.master.aws_security_group.lb_sg",
            "module.route53_dns.aws_acm_certificate.cert",
            "module.route53_dns.data.aws_route53_zone.public_zone"
          ]
        }
      ]
    },
    {
      "module": "module.master",
      "mode": "managed",
      "type": "aws_alb_listener",
      "name": "nlb_8089",
      "provider": "provider[\"registry.terraform.io/hashicorp/aws\"]",
      "instances": [
        {
          "index_key": 0,
          "schema_version": 0,
          "attributes": {
            "arn": "arn:aws:elasticloadbalancing:us-east-1:740749460388:listener/net/prod-splunk-nlb-master-mgmt/f67ab421762c7ee7/259cac16d1e1834b",
            "certificate_arn": null,
            "default_action": [
              {
                "authenticate_cognito": [],
                "authenticate_oidc": [],
                "fixed_response": [],
                "forward": [],
                "order": 1,
                "redirect": [],
                "target_group_arn": "arn:aws:elasticloadbalancing:us-east-1:740749460388:targetgroup/prod-splunk-nlb-master-mgmt/70ec399643ef94e8",
                "type": "forward"
              }
            ],
            "id": "arn:aws:elasticloadbalancing:us-east-1:740749460388:listener/net/prod-splunk-nlb-master-mgmt/f67ab421762c7ee7/259cac16d1e1834b",
            "load_balancer_arn": "arn:aws:elasticloadbalancing:us-east-1:740749460388:loadbalancer/net/prod-splunk-nlb-master-mgmt/f67ab421762c7ee7",
            "port": 443,
            "protocol": "TCP",
            "ssl_policy": "",
            "timeouts": null
          },
          "private": "eyJlMmJmYjczMC1lY2FhLTExZTYtOGY4OC0zNDM2M2JjN2M0YzAiOnsicmVhZCI6NjAwMDAwMDAwMDAwfX0=",
          "dependencies": [
            "module.master.aws_alb.mgmt_lb",
            "module.master.aws_alb_target_group.nlb_target_8089"
          ]
        }
      ]
    },
    {
      "module": "module.master",
      "mode": "managed",
      "type": "aws_alb_target_group",
      "name": "lb_target_8000",
      "provider": "provider[\"registry.terraform.io/hashicorp/aws\"]",
      "instances": [
        {
          "schema_version": 0,
          "attributes": {
            "arn": "arn:aws:elasticloadbalancing:us-east-1:740749460388:targetgroup/prod-splunk-alb-8000-master/7b13b1d114f47b7b",
            "arn_suffix": "targetgroup/prod-splunk-alb-8000-master/7b13b1d114f47b7b",
            "deregistration_delay": 300,
            "health_check": [
              {
                "enabled": true,
                "healthy_threshold": 2,
                "interval": 30,
                "matcher": "200",
                "path": "/en-US/account/login",
                "port": "traffic-port",
                "protocol": "HTTPS",
                "timeout": 5,
                "unhealthy_threshold": 5
              }
            ],
            "id": "arn:aws:elasticloadbalancing:us-east-1:740749460388:targetgroup/prod-splunk-alb-8000-master/7b13b1d114f47b7b",
            "lambda_multi_value_headers_enabled": false,
            "load_balancing_algorithm_type": "round_robin",
            "name": "prod-splunk-alb-8000-master",
            "name_prefix": null,
            "port": 8000,
            "protocol": "HTTPS",
            "proxy_protocol_v2": false,
            "slow_start": 0,
            "stickiness": [
              {
                "cookie_duration": 86400,
                "enabled": false,
                "type": "lb_cookie"
              }
            ],
            "tags": {
              "Managed_by": "terraform",
              "Module": "splunk_sh",
              "Name": "prod-splunk-alb-8000-master",
              "application_name": "splunk",
              "created_by": "Juan Becerra",
              "environment": "prod"
            },
            "target_type": "instance",
            "vpc_id": "vpc-0f9afbd827c17d71a"
          },
          "private": "bnVsbA==",
          "dependencies": [
            "module.master.aws_alb.load_balancer",
            "module.master.aws_security_group.lb_sg"
          ],
          "create_before_destroy": true
        }
      ]
    },
    {
      "module": "module.master",
      "mode": "managed",
      "type": "aws_alb_target_group",
      "name": "nlb_target_8089",
      "provider": "provider[\"registry.terraform.io/hashicorp/aws\"]",
      "instances": [
        {
          "index_key": 0,
          "schema_version": 0,
          "attributes": {
            "arn": "arn:aws:elasticloadbalancing:us-east-1:740749460388:targetgroup/prod-splunk-nlb-master-mgmt/70ec399643ef94e8",
            "arn_suffix": "targetgroup/prod-splunk-nlb-master-mgmt/70ec399643ef94e8",
            "deregistration_delay": 300,
            "health_check": [
              {
                "enabled": true,
                "healthy_threshold": 3,
                "interval": 30,
                "matcher": "",
                "path": "",
                "port": "traffic-port",
                "protocol": "TCP",
                "timeout": 10,
                "unhealthy_threshold": 3
              }
            ],
            "id": "arn:aws:elasticloadbalancing:us-east-1:740749460388:targetgroup/prod-splunk-nlb-master-mgmt/70ec399643ef94e8",
            "lambda_multi_value_headers_enabled": false,
            "load_balancing_algorithm_type": null,
            "name": "prod-splunk-nlb-master-mgmt",
            "name_prefix": null,
            "port": 8089,
            "protocol": "TCP",
            "proxy_protocol_v2": false,
            "slow_start": 0,
            "stickiness": [
              {
                "cookie_duration": 86400,
                "enabled": false,
                "type": "lb_cookie"
              }
            ],
            "tags": {
              "Managed_by": "terraform",
              "Module": "splunk_sh",
              "Name": "prod-splunk-nlb-master-mgmt",
              "application_name": "splunk",
              "created_by": "Juan Becerra",
              "environment": "prod"
            },
            "target_type": "instance",
            "vpc_id": "vpc-0f9afbd827c17d71a"
          },
          "private": "bnVsbA=="
        }
      ]
    },
    {
      "module": "module.master",
      "mode": "managed",
      "type": "aws_autoscaling_group",
      "name": "asg",
      "provider": "provider[\"registry.terraform.io/hashicorp/aws\"]",
      "instances": [
        {
          "schema_version": 0,
          "attributes": {
            "arn": "arn:aws:autoscaling:us-east-1:740749460388:autoScalingGroup:7b14d358-9e82-469c-9934-aa9946b01c3a:autoScalingGroupName/prod-splunk-asg-master",
            "availability_zones": [
              "us-east-1a",
              "us-east-1b",
              "us-east-1c"
            ],
            "default_cooldown": 300,
            "desired_capacity": 1,
            "enabled_metrics": [],
            "force_delete": false,
            "health_check_grace_period": 300,
            "health_check_type": "EC2",
            "id": "prod-splunk-asg-master",
            "initial_lifecycle_hook": [],
            "launch_configuration": "",
            "launch_template": [
              {
                "id": "lt-0ea85a50cbb36ebf1",
                "name": "splunk-master_template",
                "version": "$Latest"
              }
            ],
            "load_balancers": [],
            "max_instance_lifetime": 0,
            "max_size": 1,
            "metrics_granularity": "1Minute",
            "min_elb_capacity": null,
            "min_size": 1,
            "mixed_instances_policy": [],
            "name": "prod-splunk-asg-master",
            "name_prefix": null,
            "placement_group": "",
            "protect_from_scale_in": false,
            "service_linked_role_arn": "arn:aws:iam::740749460388:role/aws-service-role/autoscaling.amazonaws.com/AWSServiceRoleForAutoScaling",
            "suspended_processes": [],
            "tag": [
              {
                "key": "Name",
                "propagate_at_launch": true,
                "value": "splunk-master"
              },
              {
                "key": "asg:hostname",
                "propagate_at_launch": true,
                "value": "splunk-master.splunkinternal.com@Z1025878278SY9EZW6LQL"
              }
            ],
            "tags": null,
            "target_group_arns": [
              "arn:aws:elasticloadbalancing:us-east-1:740749460388:targetgroup/prod-splunk-alb-8000-master/7b13b1d114f47b7b",
              "arn:aws:elasticloadbalancing:us-east-1:740749460388:targetgroup/prod-splunk-nlb-master-mgmt/70ec399643ef94e8"
            ],
            "termination_policies": [],
            "timeouts": null,
            "vpc_zone_identifier": [
              "subnet-02bb68a15c69c57b7",
              "subnet-04e34d59a76c94fb8",
              "subnet-0e8d86d222995993e"
            ],
            "wait_for_capacity_timeout": "0",
            "wait_for_elb_capacity": null
          },
          "private": "eyJlMmJmYjczMC1lY2FhLTExZTYtOGY4OC0zNDM2M2JjN2M0YzAiOnsiZGVsZXRlIjo2MDAwMDAwMDAwMDB9fQ==",
          "dependencies": [
            "module.common.aws_iam_instance_profile.splunk-instance-profile",
            "module.common.aws_iam_role.splunk-instance-profile",
            "module.common.aws_s3_bucket.inits",
            "module.master.aws_alb_target_group.lb_target_8000",
            "module.master.aws_alb_target_group.lb_target_8089",
            "module.master.aws_alb_target_group.nlb_target_8089",
            "module.master.aws_launch_template.instance_template",
            "module.master.aws_security_group.instance_sg",
            "module.master.data.aws_ami.ami_source",
            "module.master.data.aws_route53_zone.private_zone",
            "module.route53_dns.aws_route53_zone.private"
          ],
          "create_before_destroy": true
        }
      ]
    },
    {
      "module": "module.master",
      "mode": "managed",
      "type": "aws_autoscaling_lifecycle_hook",
      "name": "asg_launch_hook",
      "provider": "provider[\"registry.terraform.io/hashicorp/aws\"]",
      "instances": [
        {
          "schema_version": 0,
          "attributes": {
            "autoscaling_group_name": "prod-splunk-asg-master",
            "default_result": "CONTINUE",
            "heartbeat_timeout": 60,
            "id": "prod-splunk-asg-master-launch",
            "lifecycle_transition": "autoscaling:EC2_INSTANCE_LAUNCHING",
            "name": "prod-splunk-asg-master-launch",
            "notification_metadata": "",
            "notification_target_arn": "arn:aws:sns:us-east-1:740749460388:ddns_handling",
            "role_arn": "arn:aws:iam::740749460388:role/ddns_lifecycle"
          },
          "private": "bnVsbA==",
          "dependencies": [
            "module.master.aws_autoscaling_group.asg",
            "module.route53_dns.aws_iam_role.ddns_lifecycle",
            "module.route53_dns.aws_sns_topic.ddns_handling"
          ]
        }
      ]
    },
    {
      "module": "module.master",
      "mode": "managed",
      "type": "aws_launch_template",
      "name": "instance_template",
      "provider": "provider[\"registry.terraform.io/hashicorp/aws\"]",
      "instances": [
        {
          "schema_version": 0,
          "attributes": {
            "arn": "arn:aws:ec2:us-east-1:740749460388:launch-template/lt-0ea85a50cbb36ebf1",
            "block_device_mappings": [
              {
                "device_name": "/dev/xvda",
                "ebs": [
                  {
                    "delete_on_termination": "",
                    "encrypted": "",
                    "iops": 0,
                    "kms_key_id": "",
                    "snapshot_id": "",
                    "volume_size": 100,
                    "volume_type": ""
                  }
                ],
                "no_device": "",
                "virtual_name": ""
              }
            ],
            "capacity_reservation_specification": [],
            "cpu_options": [],
            "credit_specification": [],
            "default_version": 1,
            "description": "",
            "disable_api_termination": false,
            "ebs_optimized": "true",
            "elastic_gpu_specifications": [],
            "elastic_inference_accelerator": [],
            "hibernation_options": [],
            "iam_instance_profile": [
              {
                "arn": "",
                "name": "prod-splunk-ec2-role"
              }
            ],
            "id": "lt-0ea85a50cbb36ebf1",
            "image_id": "ami-020cd8cafa1731e86",
            "instance_initiated_shutdown_behavior": "",
            "instance_market_options": [],
            "instance_type": "c5.xlarge",
            "kernel_id": "",
            "key_name": "splunk-prod",
            "latest_version": 6,
            "license_specification": [],
            "metadata_options": [],
            "monitoring": [
              {
                "enabled": true
              }
            ],
            "name": "splunk-master_template",
            "name_prefix": null,
            "network_interfaces": [],
            "placement": [],
            "ram_disk_id": "",
            "security_group_names": [],
            "tag_specifications": [
              {
                "resource_type": "instance",
                "tags": {
                  "Managed_by": "terraform",
                  "Module": "splunk_sh",
                  "S3_Config_Bucket": "prod-<customer>splunkprod-us-east-1-splunk-initial-configs",
                  "SessionsManager": "Devops",
                  "application_name": "splunk",
                  "created_by": "Juan Becerra",
                  "environment": "prod"
                }
              },
              {
                "resource_type": "volume",
                "tags": {
                  "Managed_by": "terraform",
                  "Module": "splunk_sh",
                  "Name": "splunk-master",
                  "application_name": "splunk",
                  "created_by": "Juan Becerra",
                  "environment": "prod"
                }
              }
            ],
            "tags": {},
            "update_default_version": null,
            "user_data": "IyEvdXNyL2Jpbi9lbnYgYmFzaApzZXQgLWUKZXhwb3J0IEFWQUlMQUJJTElUWV9aT05FPSQoY3VybCAtc0xmIGh0dHA6Ly8xNjkuMjU0LjE2OS4yNTQvbGF0ZXN0L21ldGEtZGF0YS9wbGFjZW1lbnQvYXZhaWxhYmlsaXR5LXpvbmUpCmV4cG9ydCBJTlNUQU5DRV9JRD0kKGN1cmwgLXNMZiBodHRwOi8vMTY5LjI1NC4xNjkuMjU0L2xhdGVzdC9tZXRhLWRhdGEvaW5zdGFuY2UtaWQpCmV4cG9ydCBBV1NfUkVHSU9OPSQoY3VybCAtcyAxNjkuMjU0LjE2OS4yNTQvbGF0ZXN0L21ldGEtZGF0YS9wbGFjZW1lbnQvYXZhaWxhYmlsaXR5LXpvbmUgfCBzZWQgJ3MvLiQvLycpCmV4cG9ydCBORVdfSE9TVE5BTUU9JChhd3MgZWMyIGRlc2NyaWJlLXRhZ3MgLS1maWx0ZXJzICJOYW1lPXJlc291cmNlLWlkLFZhbHVlcz0ke0lOU1RBTkNFX0lEfSIgLS1yZWdpb24gJEFXU19SRUdJT04gLS1vdXRwdXQ9dGV4dHwgIGdyZXAgIlxzTmFtZSIgfGF3ayAne3ByaW50ICQ1fScpCmV4cG9ydCBORVdfRlFETj0kKGF3cyBlYzIgZGVzY3JpYmUtdGFncyAtLWZpbHRlcnMgIk5hbWU9cmVzb3VyY2UtaWQsVmFsdWVzPSR7SU5TVEFOQ0VfSUR9IiAtLXJlZ2lvbiAkQVdTX1JFR0lPTiAtLW91dHB1dD10ZXh0fCAgZ3JlcCAiYXNnOmhvc3RuYW1lIiB8YXdrICd7cHJpbnQgJDV9JyB8c2VkICdzL0AuKi8vJykKZXhwb3J0IEFXU19BQ0NPVU5UPSQoYXdzIHN0cyBnZXQtY2FsbGVyLWlkZW50aXR5IHxncmVwIEFjY291bnQgfGF3ayAne3ByaW50ICQyfScgfHNlZCAncy9cIlwsLy8nfHNlZCAncy9cIi8vJykKZXhwb3J0IFMzX0NPTkZJR19CVUNLRVQ9JChhd3MgZWMyIGRlc2NyaWJlLXRhZ3MgLS1maWx0ZXJzICJOYW1lPXJlc291cmNlLWlkLFZhbHVlcz0ke0lOU1RBTkNFX0lEfSIgIk5hbWU9a2V5LFZhbHVlcz1TM19Db25maWdfQnVja2V0IiAtLXJlZ2lvbiAkQVdTX1JFR0lPTiAtLW91dHB1dD10ZXh0IHwgY3V0IC1mNSkKCiNlY2hvICJob3N0IG5hbWUgJElOU1RBTkNFX0lEICwgJEFXU19SRUdJT04gLCAkTkVXX0hPU1ROQU1FIiA+IC90bXAvYm9vdC5sb2cKZWNobyAiMTI3LjAuMC4xICR7TkVXX0hPU1ROQU1FfSAke05FV19GUUROfSBsb2NhbGhvc3QubG9jYWxkb21haW4gbG9jYWxob3N0IiA+IC9ldGMvaG9zdHMKCgpob3N0bmFtZSAke05FV19IT1NUTkFNRX0KCiNlY2hvICJtb3VudGluZyBmaWxlIHN5c3RlbSIgPj4vdG1wL2Jvb3QubG9nCiNta2RpciAvdTAxCgojZm9yIGV4dDIsIGV4dDMsIG9yIGV4dDQgZmlsZSBzeXN0ZW0gcmVzaXplMmZzIC9kZXYveHZkZjEKI21vdW50IC9kZXYveHZkZiAvdTAxID4+L3RtcC9ib290LmxvZwoKI2RmIC1rID4+L3RtcC9ib290LmxvZwojeGZzX2dyb3dmcyAtZCAvdTAxCiNkZiAtayA+Pi90bXAvYm9vdC5sb2cKCi9vcHQvYXdzL2FtYXpvbi1jbG91ZHdhdGNoLWFnZW50L2Jpbi9hbWF6b24tY2xvdWR3YXRjaC1hZ2VudC1jdGwgLWEgZmV0Y2gtY29uZmlnIC1tIGVjMiAtcyAtYyBzc206L0FtYXpvbkNsb3VkV2F0Y2gtU3BsdW5rCgphd3MgY2xvdWR3YXRjaCBwdXQtbWV0cmljLWFsYXJtIC0tYWxhcm0tbmFtZSAiJHtORVdfSE9TVE5BTUV9X2Rpc2tfdXNlZF9wZXJjZW50X1dhcm5pbmdfOTUiIC0tbWV0cmljLW5hbWUgImRpc2tfdXNlZF9wZXJjZW50IiAtLWFsYXJtLWRlc2NyaXB0aW9uICJXYXJuaW5nOiBEaXNrIFVzZWQgaXMgYWJvdmUgOTUlIiAtLW5hbWVzcGFjZSBDV0FnZW50IC0tc3RhdGlzdGljIEF2ZXJhZ2UgLS1wZXJpb2QgNjAgLS10aHJlc2hvbGQgOTUgLS1jb21wYXJpc29uLW9wZXJhdG9yIEdyZWF0ZXJUaGFuVGhyZXNob2xkIC0tZGltZW5zaW9ucyBOYW1lPUluc3RhbmNlSWQsVmFsdWU9JHtJTlNUQU5DRV9JRH0gTmFtZT1wYXRoLFZhbHVlPS8gTmFtZT1kZXZpY2UsVmFsdWU9bnZtZTBuMXAxIE5hbWU9ZnN0eXBlLFZhbHVlPXhmcyAtLWV2YWx1YXRpb24tcGVyaW9kcyA1IC0tYWxhcm0tYWN0aW9ucyBhcm46YXdzOnNuczoke0FXU19SRUdJT059OiR7QVdTX0FDQ09VTlR9OnNwbHVuay1hbGFybXMgLS1yZWdpb24gJHtBV1NfUkVHSU9OfQphd3MgY2xvdWR3YXRjaCBwdXQtbWV0cmljLWFsYXJtIC0tYWxhcm0tbmFtZSAiJHtORVdfSE9TVE5BTUV9X2Rpc2tfdXNlZF9wZXJjZW50X0Vycm9yXzk2IiAtLW1ldHJpYy1uYW1lICJkaXNrX3VzZWRfcGVyY2VudCIgLS1hbGFybS1kZXNjcmlwdGlvbiAiRXJyb3I6IERpc2sgVXNlZCBpcyBhYm92ZSA5NiUiIC0tbmFtZXNwYWNlIENXQWdlbnQgLS1zdGF0aXN0aWMgQXZlcmFnZSAtLXBlcmlvZCA2MCAtLXRocmVzaG9sZCA5NiAtLWNvbXBhcmlzb24tb3BlcmF0b3IgR3JlYXRlclRoYW5UaHJlc2hvbGQgLS1kaW1lbnNpb25zIE5hbWU9SW5zdGFuY2VJZCxWYWx1ZT0ke0lOU1RBTkNFX0lEfSBOYW1lPXBhdGgsVmFsdWU9LyBOYW1lPWRldmljZSxWYWx1ZT1udm1lMG4xcDEgTmFtZT1mc3R5cGUsVmFsdWU9eGZzIC0tZXZhbHVhdGlvbi1wZXJpb2RzIDUgLS1hbGFybS1hY3Rpb25zIGFybjphd3M6c25zOiR7QVdTX1JFR0lPTn06JHtBV1NfQUNDT1VOVH06c3BsdW5rLWFsYXJtcyAtLXJlZ2lvbiAke0FXU19SRUdJT059CmF3cyBjbG91ZHdhdGNoIHB1dC1tZXRyaWMtYWxhcm0gLS1hbGFybS1uYW1lICIke05FV19IT1NUTkFNRX1fZGlza191c2VkX3BlcmNlbnRfQ3JpdGljYWxfOTciIC0tbWV0cmljLW5hbWUgImRpc2tfdXNlZF9wZXJjZW50IiAtLWFsYXJtLWRlc2NyaXB0aW9uICJDcml0aWNhbDogRGlzayBVc2VkIGlzIGFib3ZlIDk3JSIgLS1uYW1lc3BhY2UgQ1dBZ2VudCAtLXN0YXRpc3RpYyBBdmVyYWdlIC0tcGVyaW9kIDYwIC0tdGhyZXNob2xkIDk3IC0tY29tcGFyaXNvbi1vcGVyYXRvciBHcmVhdGVyVGhhblRocmVzaG9sZCAtLWRpbWVuc2lvbnMgTmFtZT1JbnN0YW5jZUlkLFZhbHVlPSR7SU5TVEFOQ0VfSUR9IE5hbWU9cGF0aCxWYWx1ZT0vIE5hbWU9ZGV2aWNlLFZhbHVlPW52bWUwbjFwMSBOYW1lPWZzdHlwZSxWYWx1ZT14ZnMgLS1ldmFsdWF0aW9uLXBlcmlvZHMgNSAtLWFsYXJtLWFjdGlvbnMgYXJuOmF3czpzbnM6JHtBV1NfUkVHSU9OfToke0FXU19BQ0NPVU5UfTpzcGx1bmstYWxhcm1zIC0tcmVnaW9uICR7QVdTX1JFR0lPTn0KCmF3cyBjbG91ZHdhdGNoIHB1dC1tZXRyaWMtYWxhcm0gLS1hbGFybS1uYW1lICIke05FV19IT1NUTkFNRX1fQ1BVVXRpbGl6YXRpb25fV2FybmluZ185MCIgLS1tZXRyaWMtbmFtZSAiQ1BVVXRpbGl6YXRpb24iIC0tYWxhcm0tZGVzY3JpcHRpb24gIldhcm5pbmc6IENQVSBVdGlsaXphdGlvbiBpcyBhYm92ZSA5MCUiIC0tbmFtZXNwYWNlIEFXUy9FQzIgLS1zdGF0aXN0aWMgQXZlcmFnZSAtLXBlcmlvZCA2MCAtLXRocmVzaG9sZCA5MCAtLWNvbXBhcmlzb24tb3BlcmF0b3IgR3JlYXRlclRoYW5UaHJlc2hvbGQgLS1kaW1lbnNpb25zIE5hbWU9SW5zdGFuY2VJZCxWYWx1ZT0ke0lOU1RBTkNFX0lEfSAtLWV2YWx1YXRpb24tcGVyaW9kcyA1IC0tYWxhcm0tYWN0aW9ucyBhcm46YXdzOnNuczoke0FXU19SRUdJT059OiR7QVdTX0FDQ09VTlR9OnNwbHVuay1hbGFybXMgLS1yZWdpb24gJHtBV1NfUkVHSU9OfQphd3MgY2xvdWR3YXRjaCBwdXQtbWV0cmljLWFsYXJtIC0tYWxhcm0tbmFtZSAiJHtORVdfSE9TVE5BTUV9X0NQVVV0aWxpemF0aW9uX0Vycm9yXzk4IiAtLW1ldHJpYy1uYW1lICJDUFVVdGlsaXphdGlvbiIgLS1hbGFybS1kZXNjcmlwdGlvbiAiRXJyb3I6IENQVSBVdGlsaXphdGlvbiBpcyBhYm92ZSA5OCUiIC0tbmFtZXNwYWNlIEFXUy9FQzIgLS1zdGF0aXN0aWMgQXZlcmFnZSAtLXBlcmlvZCA2MCAtLXRocmVzaG9sZCA5OCAtLWNvbXBhcmlzb24tb3BlcmF0b3IgR3JlYXRlclRoYW5UaHJlc2hvbGQgLS1kaW1lbnNpb25zIE5hbWU9SW5zdGFuY2VJZCxWYWx1ZT0ke0lOU1RBTkNFX0lEfSAtLWV2YWx1YXRpb24tcGVyaW9kcyA1IC0tYWxhcm0tYWN0aW9ucyBhcm46YXdzOnNuczoke0FXU19SRUdJT059OiR7QVdTX0FDQ09VTlR9OnNwbHVuay1hbGFybXMgLS1yZWdpb24gJHtBV1NfUkVHSU9OfQoKYXdzIGNsb3Vkd2F0Y2ggcHV0LW1ldHJpYy1hbGFybSAtLWFsYXJtLW5hbWUgIiR7TkVXX0hPU1ROQU1FfV9zd2FwX3VzZWRfcGVyY2VudF9XYXJuaW5nXzc1IiAtLW1ldHJpYy1uYW1lICJzd2FwX3VzZWRfcGVyY2VudCIgLS1hbGFybS1kZXNjcmlwdGlvbiAiV2FybmluZzogU3dhcCB1c2VkIGlzIGFib3ZlIDc1JSIgLS1uYW1lc3BhY2UgQ1dBZ2VudCAtLXN0YXRpc3RpYyBBdmVyYWdlIC0tcGVyaW9kIDYwIC0tdGhyZXNob2xkIDc1IC0tY29tcGFyaXNvbi1vcGVyYXRvciBHcmVhdGVyVGhhblRocmVzaG9sZCAtLWRpbWVuc2lvbnMgTmFtZT1JbnN0YW5jZUlkLFZhbHVlPSR7SU5TVEFOQ0VfSUR9IC0tZXZhbHVhdGlvbi1wZXJpb2RzIDUgLS1hbGFybS1hY3Rpb25zIGFybjphd3M6c25zOiR7QVdTX1JFR0lPTn06JHtBV1NfQUNDT1VOVH06c3BsdW5rLWFsYXJtcyAtLXJlZ2lvbiAke0FXU19SRUdJT059CmF3cyBjbG91ZHdhdGNoIHB1dC1tZXRyaWMtYWxhcm0gLS1hbGFybS1uYW1lICIke05FV19IT1NUTkFNRX1fc3dhcF91c2VkX3BlcmNlbnRfRXJyb3JfODUiIC0tbWV0cmljLW5hbWUgInN3YXBfdXNlZF9wZXJjZW50IiAtLWFsYXJtLWRlc2NyaXB0aW9uICJFcnJvcjogU3dhcCB1c2VkIGlzIGFib3ZlIDU1JSIgLS1uYW1lc3BhY2UgQ1dBZ2VudCAtLXN0YXRpc3RpYyBBdmVyYWdlIC0tcGVyaW9kIDYwIC0tdGhyZXNob2xkIDg1IC0tY29tcGFyaXNvbi1vcGVyYXRvciBHcmVhdGVyVGhhblRocmVzaG9sZCAtLWRpbWVuc2lvbnMgTmFtZT1JbnN0YW5jZUlkLFZhbHVlPSR7SU5TVEFOQ0VfSUR9IC0tZXZhbHVhdGlvbi1wZXJpb2RzIDUgLS1hbGFybS1hY3Rpb25zIGFybjphd3M6c25zOiR7QVdTX1JFR0lPTn06JHtBV1NfQUNDT1VOVH06c3BsdW5rLWFsYXJtcyAtLXJlZ2lvbiAke0FXU19SRUdJT059CmF3cyBjbG91ZHdhdGNoIHB1dC1tZXRyaWMtYWxhcm0gLS1hbGFybS1uYW1lICIke05FV19IT1NUTkFNRX1fc3dhcF91c2VkX3BlcmNlbnRfQ3JpdGljYWxfOTUiIC0tbWV0cmljLW5hbWUgInN3YXBfdXNlZF9wZXJjZW50IiAtLWFsYXJtLWRlc2NyaXB0aW9uICJDcml0aWNhbDogU3dhcCB1c2VkIGlzIGFib3ZlIDk1JSIgLS1uYW1lc3BhY2UgQ1dBZ2VudCAtLXN0YXRpc3RpYyBBdmVyYWdlIC0tcGVyaW9kIDYwIC0tdGhyZXNob2xkIDk1IC0tY29tcGFyaXNvbi1vcGVyYXRvciBHcmVhdGVyVGhhblRocmVzaG9sZCAtLWRpbWVuc2lvbnMgTmFtZT1JbnN0YW5jZUlkLFZhbHVlPSR7SU5TVEFOQ0VfSUR9IC0tZXZhbHVhdGlvbi1wZXJpb2RzIDUgLS1hbGFybS1hY3Rpb25zIGFybjphd3M6c25zOiR7QVdTX1JFR0lPTn06JHtBV1NfQUNDT1VOVH06c3BsdW5rLWFsYXJtcyAtLXJlZ2lvbiAke0FXU19SRUdJT059CgoKaWYgWyAhIC1mICIvZXRjL3N5c3RlbWQvc3lzdGVtL1NwbHVua2Quc2VydmljZSIgXTsgdGhlbgogICAgIyBkbyBmaXJzdC10aW1lIGluaXRpYWxpemlvbi4gTm90IG5lZWRlZCBpZiBuZXcgaW5zdGFuY2UgY2FtZSBmcm9tIGEgc25hcHNob3Qgb2YgYSBydW5uaW5nIGluc3RhbmNlCgogICAgIyBDb3B5IGRvd24gaW5pdGlhbCBjb25maWcgc2NyaXB0cyBmcm9tIFMzCiAgICBhd3MgczMgc3luYyBzMzovLyR7UzNfQ09ORklHX0JVQ0tFVH0vJHtORVdfSE9TVE5BTUV9IC9vcHQvc3BsdW5rCgogICAgIyBzZXQgZGVwbG95bWVudCBjbGllbnQgbmFtZQogICAgY2F0ID4+IC9vcHQvc3BsdW5rL2V0Yy9zeXN0ZW0vbG9jYWwvZGVwbG95bWVudGNsaWVudC5jb25mIDw8IEVPRgpbZGVwbG95bWVudC1jbGllbnRdCmNsaWVudE5hbWUgPSAke05FV19IT1NUTkFNRX0KRU9GCiAgICAKICAgICMgRmluYWwgY2hvd24gdG8gZW5zdXJlIFNwbHVuayBvd25zIGV2ZXJ5dGhpbmcKICAgIHN1ZG8gY2hvd24gLVIgc3BsdW5rOnNwbHVuayAvb3B0L3NwbHVuawoKICAgICMgU2V0IHVsaW1pdHMgZm9yIFNwbHVua2Qgc2VydmljZQogICAgbWtkaXIgLXAgL2V0Yy9zeXN0ZW1kL3N5c3RlbS9TcGx1bmtkLnNlcnZpY2UuZAogICAgY2F0ID4+IC9ldGMvc3lzdGVtZC9zeXN0ZW0vU3BsdW5rZC5zZXJ2aWNlLmQvb3ZlcnJpZGUuY29uZiA8PCBFT0YKW1NlcnZpY2VdCkxpbWl0Tk9GSUxFPTY0MDAwCkxpbWl0TlBST0M9MTYwMDAKTGltaXRGU0laRT1pbmZpbml0eQpUYXNrc01heD0xNjAwMAojIFNlbmQgJEtpbGxTaWduYWwgb25seSB0byBtYWluIChzcGx1bmtkKSBwcm9jZXNzLCBpZiBhbnkgb2YgdGhlIGNoaWxkIHByb2Nlc3NlcyBpcyBzdGlsbCBhbGl2ZSBhZnRlciAkVGltZW91dFN0b3BTZWMsIFNJR0tJTEwgdGhlbS4KS2lsbE1vZGU9bWl4ZWQKIyBTcGx1bmsgZG9lc24ndCBzaHV0ZG93biBncmFjZWZ1bGx5IG9uIFNJR1RFUk0KS2lsbFNpZ25hbD1TSUdJTlQKIyBHaXZlIFNwbHVuayB0aW1lIHRvIHNodXRkb3duIC0gZXNwZWNpYWxseSBidXN5IGluZGV4ZXJzIGNhbiB0YWtlIHRpbWUKVGltZW91dFN0b3BTZWM9MTBtaW4KRU9GCgogICAgIyBTZXQgU3BsdW5rIHRvIHN0YXJ0IGF0IGJvb3QKICAgIC9vcHQvc3BsdW5rL2Jpbi9zcGx1bmsgZW5hYmxlIGJvb3Qtc3RhcnQgLXVzZXIgc3BsdW5rIC1zeXN0ZW1kLW1hbmFnZWQgMSAtLWFjY2VwdC1saWNlbnNlIC0tYW5zd2VyLXllcwoKICAgICMgU3RhcnQgdXAgc3BsdW5rIQogICAgc3lzdGVtY3RsIHN0YXJ0IFNwbHVua2QKCmZpCg==",
            "vpc_security_group_ids": [
              "sg-024ca26d7e020196b"
            ]
          },
          "private": "bnVsbA==",
          "dependencies": [
            "module.common.aws_iam_instance_profile.splunk-instance-profile",
            "module.common.aws_iam_role.splunk-instance-profile",
            "module.common.aws_s3_bucket.inits",
            "module.master.aws_security_group.instance_sg",
            "module.master.data.aws_ami.ami_source"
          ]
        }
      ]
    },
    {
      "module": "module.master",
      "mode": "managed",
      "type": "aws_route53_record",
      "name": "dns_record",
      "provider": "provider[\"registry.terraform.io/hashicorp/aws\"]",
      "instances": [
        {
          "schema_version": 2,
          "attributes": {
            "alias": [
              {
                "evaluate_target_health": true,
                "name": "prod-splunk-alb-master-1794936815.us-east-1.elb.amazonaws.com",
                "zone_id": "Z35SXDOTRQ7X7K"
              }
            ],
            "allow_overwrite": null,
            "failover_routing_policy": [],
            "fqdn": "master.splunk.<customer>home.com",
            "geolocation_routing_policy": [],
            "health_check_id": "",
            "id": "Z07522651BG4B102L9QDK_master.splunk.<customer>home.com_A",
            "latency_routing_policy": [],
            "multivalue_answer_routing_policy": null,
            "name": "master.splunk.<customer>home.com",
            "records": [],
            "set_identifier": "",
            "ttl": 0,
            "type": "A",
            "weighted_routing_policy": [],
            "zone_id": "Z07522651BG4B102L9QDK"
          },
          "private": "eyJzY2hlbWFfdmVyc2lvbiI6IjIifQ==",
          "dependencies": [
            "module.master.aws_alb.load_balancer",
            "module.master.aws_security_group.lb_sg",
            "module.master.data.aws_route53_zone.public_zone"
          ]
        }
      ]
    },
    {
      "module": "module.master",
      "mode": "managed",
      "type": "aws_route53_record",
      "name": "dns_record2",
      "provider": "provider[\"registry.terraform.io/hashicorp/aws\"]",
      "instances": [
        {
          "index_key": 0,
          "schema_version": 2,
          "attributes": {
            "alias": [
              {
                "evaluate_target_health": true,
                "name": "prod-splunk-nlb-master-mgmt-f67ab421762c7ee7.elb.us-east-1.amazonaws.com",
                "zone_id": "Z26RNL4JYFTOTI"
              }
            ],
            "allow_overwrite": null,
            "failover_routing_policy": [],
            "fqdn": "master-mgmt.splunk.<customer>home.com",
            "geolocation_routing_policy": [],
            "health_check_id": "",
            "id": "Z07522651BG4B102L9QDK_master-mgmt.splunk.<customer>home.com_A",
            "latency_routing_policy": [],
            "multivalue_answer_routing_policy": null,
            "name": "master-mgmt.splunk.<customer>home.com",
            "records": [],
            "set_identifier": "",
            "ttl": 0,
            "type": "A",
            "weighted_routing_policy": [],
            "zone_id": "Z07522651BG4B102L9QDK"
          },
          "private": "eyJzY2hlbWFfdmVyc2lvbiI6IjIifQ==",
          "dependencies": [
            "module.master.aws_alb.load_balancer",
            "module.master.aws_alb.mgmt_lb",
            "module.master.aws_security_group.lb_sg",
            "module.master.data.aws_route53_zone.public_zone"
          ]
        }
      ]
    },
    {
      "module": "module.master",
      "mode": "managed",
      "type": "aws_s3_bucket_object",
      "name": "initial_configs",
      "provider": "provider[\"registry.terraform.io/hashicorp/aws\"]",
      "instances": [
        {
          "index_key": 0,
          "schema_version": 0,
          "attributes": {
            "acl": "private",
            "bucket": "prod-<customer>splunkprod-us-east-1-splunk-initial-configs",
            "cache_control": "",
            "content": "-----BEGIN CERTIFICATE-----\nMIIFbTCCBFWgAwIBAgIKF/ym+QAAAAAXPDANBgkqhkiG9w0BAQsFADBIMRMwEQYK\nCZImiZPyLGQBGRYDY29tMRswGQYKCZImiZPyLGQBGRYLY2hpY2stZmlsLWExFDAS\nBgNVBAMTC0NGQSBFSUNBIDAxMB4XDTIwMTEwMjIxMzc0NFoXDTI1MTEwMTIxMzc0\nNFowgZcxCzAJBgNVBAYTAlVTMRAwDgYDVQQIEwdHZW9yZ2lhMRAwDgYDVQQHEwdB\ndGxhbnRhMRowGAYDVQQKExFDaGljay1maWwtQSwgSW5jLjEfMB0GA1UECxMWSW5m\nb3JtYXRpb24gVGVjaG5vbG9neTEnMCUGA1UEAxMebWFzdGVyLW1nbXQuc3BsdW5r\nLmNmYWhvbWUuY29tMIIBIjANBgkqhkiG9w0BAQEFAAOCAQ8AMIIBCgKCAQEAy15e\nXsbSxqe8T0HLi2gT+Fsu5ogKFFKB9r7LEopBQQOKoZYwGlNnLlevBmMEIck2CmFe\nwZnz/kg+sMNOOoZ7WC46qu0CZsUm7y4Ju5oB6/mRb3KAZYhljQJzQf0FsbYsPrmE\nlWyyRGVdXaCt3HUrE2KAKKhkMmZMW8rzE7wxymcTGqk2BDiqC/aqQ1m6s3ZOevJV\nVvmq5gcx5y9bSQjv+MF/+5yIyVJDLf79LLSJJ5P2vlVbaablZevBXc/B35R2u+Hm\nNYwRBnI6/HB7fozoLju/sprO92kOxYgUQpvAtAUFCVRpj5Ape5qfIzaUfdJNQKkU\nimTpb0QukDW8/4QOHwIDAQABo4ICBzCCAgMwHQYDVR0OBBYEFONXHtk7jViRtJ+c\naiBH1JFtBrcIMB8GA1UdIwQYMBaAFMXO/Lr9x6IFJJal/L2o6nzKJWbDMD8GA1Ud\nHwQ4MDYwNKAyoDCGLmh0dHA6Ly9jcmwuY2ZhaG9tZS5jb20vUEtJL0NGQSUyMEVJ\nQ0ElMjAwMS5jcmwwggEBBggrBgEFBQcBAQSB9DCB8TA6BggrBgEFBQcwAoYuaHR0\ncDovL2NybC5jZmFob21lLmNvbS9QS0kvQ0ZBJTIwRUlDQSUyMDAxLmNydDCBsgYI\nKwYBBQUHMAKGgaVsZGFwOi8vL0NOPUNGQSUyMEVJQ0ElMjAwMSxDTj1BSUEsQ049\nUHVibGljJTIwS2V5JTIwU2VydmljZXMsQ049U2VydmljZXMsQ049Q29uZmlndXJh\ndGlvbixEQz1jaGljay1maWwtYSxEQz1jb20/Y0FDZXJ0aWZpY2F0ZT9iYXNlP29i\namVjdENsYXNzPWNlcnRpZmljYXRpb25BdXRob3JpdHkwCwYDVR0PBAQDAgWgMDwG\nCSsGAQQBgjcVBwQvMC0GJSsGAQQBgjcVCNSPfoOgihmBoZkjh7z+Uoaly3pqhPDu\nToOUjT0CAWQCAQYwEwYDVR0lBAwwCgYIKwYBBQUHAwEwGwYJKwYBBAGCNxUKBA4w\nDDAKBggrBgEFBQcDATANBgkqhkiG9w0BAQsFAAOCAQEAXXfulvNMGspIyGEtfPY6\nxJBgglvg/xciu/XGddz/v+G0tp7HDdvygYx/YwhJ1PNV7a0YY7g/5aS04LljNaPZ\nr/ZmfMoH54U2Dza5BjV+q00j50LSFTp/OB6hlb+e4A4d2mqoFYfwnBULFya9hhd4\nmySzl573DBOyTnEBXvpHRk3v0EzjurdjW5MYYsE7xOv6/nDTejghl7jWFTylBhWQ\n/4ELdZhoyhKxEZvsG2t8gWXDOVVx/a9qqXozcJjnxcO6Ip0PG8CqhEZOTTIbg+24\nQTm9rY6MVBRCY+jwmr4lMT/fovR6IcdQyCCEDFl2RpSNmqdrm/94Wmp4kqmZ7ZFH\nAg==\n-----END CERTIFICATE-----\n-----BEGIN RSA PRIVATE KEY-----\nProc-Type: 4,ENCRYPTED\nDEK-Info: DES-EDE3-CBC,0B33F3C60E3B5433\n\nrDAebhq3Ez8f4t1KyMPQ77LRQ5OOWMYU7rx2R/oJBQ+tCv2NqCnxsnZEAAt5PiW1\n+jdhEMrQ2PaYhMuLSfdJ5gggUEcJXdPz9YZ7jz/GQ3tjQAC8SZoh22sdLQu+nc7c\nTCJ+/mdbtT4ScWVMEwiJAojfn/wv9CIEmA4RjN6Sj4fOYFjqlIcsFKi6L2BRKZ9i\nQvcmAJfPB1dILZwEpYMd1O0ef+nK2t5AJTEr2YgR/8IhfxcJvhU8HmoGZv8Q+Zyw\nS8Tvbs405IU2JuzFWoPy3satnlDzwZg+SvdDnBVbstjfgnDWZOAlaU/bHwc329YF\nMc+R971IWQMLj6LE2xjV+b99FFjBuE2WnFGZlJ0yLp4nyfvpAEyhceY05F6md022\nw4TzY+jilyny1G1hucenYkbySBCegUPGM5wfucKz+V7P5H8uUrijcHPWMXIt0eZ/\nm8rjJZqoCeXi3TBEAQTlj214D14MdtYdQYThQxGE+3cEJSAHjBYqrS6bSiOZrapO\nwzncSWW4Nkw0QHmc7aWOjxgdtKao4TdEWLESgqs5x+rrtJeyZvCGnim+DU+FAc4l\n9sgrDm2hgeytxV5Tj3mkfl7rnkqSyksKmhooqdEfVfUWLN0HVykInheLSR/9cm9W\ntUXBXVhytwi1r7AkUSmS9gPF1ERvATjU2rn/Zz0rmRK0AiXb3eb5SROJ5+6dUtEL\nYDBU5XtQSI/itRhh+3lueAHtAKsblNQZ0YcTk4L6Xutr1PAP1Tn9JXxUOS+l8GP7\nAOsol8jDurWPP7s3JObRwwOUE8fCHF8Xlz//3Zd6QMWRkzYpfLSRfmyt5nRXk6Id\n7m8vN0RdMmvyRf6LIK4uvBCPsaOz9EpGvskiPeX0o77B/EjgVX2mZ2nPmi0uzh0U\n/O8M+wZKgC+FvfawJNVhU7JbQk8PX7fFSbaK59AJWM1z3oobS1j3LeMoI0f8MYxL\ntd72vSswkb21F+Bll2Bk+6A456lI8O+fLG4ahm5qqa4IPqS1AN66vVnJt4SX8Kej\nX/m7JrPjI+D+dEGBjOtzkclSgeLqGYpNM13Ey3V/P0Cw1Eq/Uw/o7MjfQtln3cFX\n0tGfRXfft08E16g3D5mpiuADaXe+3BddEmz0xCd0lAAHc1qX3dTDv60J6VDJGMzK\nhdMSOcsHnK1dqjjvSw3KnRm+z9P+VdNIkzpRDKY7/KuqJ2B2kkxwbedDuJB1aPW9\nxWWRTYgEVXfQ7aKrA8Q9mUIoHMsVZgcv4S4B+vJZi7MToPe+SZdo44XNxVBmptZI\nT0ZZ33EthGIWLOgrFymkJS0DBGUX3KuAVWEmAEaYCCi6Y2M4ToixqSH8ZpX8quJ0\nG1181z1Gsjf8Xf7fypqnVZwGV0BoGtzRd12QEyrAkoKnjhoY+nunDSbyhG2DE+dc\n6IRxrJBWPCTGy/oKjyqfvAngSngOAUBzLwEZXmSDWzHfyspGYRxisthjVRngZDXr\ncnE6ugKVQKyG2jkZEnC10lnN0o3JHZA+nv3e1ARh0JgjMIjU04j8+nTiDUuxXDpM\nbS86Fy4f1GsrDcQRNEe42b92MwQ0RT6onEoxjACl0PZahSFm4cB0DA==\n-----END RSA PRIVATE KEY-----\n-----BEGIN CERTIFICATE-----\nMIID/TCCAuWgAwIBAgIKEiM3xAAAAAAAAzANBgkqhkiG9w0BAQsFADAVMRMwEQYD\nVQQDEwpDRkEgT1JDQSAxMB4XDTE1MDkwOTE3MDgyNloXDTMxMDkwOTE3MTgyNlow\nSDETMBEGCgmSJomT8ixkARkWA2NvbTEbMBkGCgmSJomT8ixkARkWC2NoaWNrLWZp\nbC1hMRQwEgYDVQQDEwtDRkEgRUlDQSAwMTCCASIwDQYJKoZIhvcNAQEBBQADggEP\nADCCAQoCggEBAL3k3o0/F6/5+wzVQAS8C4A1Mzr+B8aYI+Bvr6aqgXS2oVtVLEHH\nfJc3ax+6uqDxG5/9n41CIkQiCDexri+BGyeI2PoUZNFhQj4aKqYUTJ8CAwZ/ovEk\nLhqPijK4fKeJJ9OWbKTUxtC9sJkH6C3Z7DzegWQRnDxi4SiC+HD2lG5xISdtJEfH\ngf13xMVFveKYsqEfL06Uh4S9aBAcx2aMBHoc2jDBEJM2gdIvxroA9sGtxIsoDAmg\nA2DJ0LP3DcCQoBhLrskTDR7llWtqQAO05ph6+QRfxCsSclNhB/2lXJ0GlORNSXun\nqpUZvYafK6pACZ93zZnMgteb9orqDYB+eQ0CAwEAAaOCARowggEWMBAGCSsGAQQB\ngjcVAQQDAgEAMB0GA1UdDgQWBBTFzvy6/ceiBSSWpfy9qOp8yiVmwzAZBgkrBgEE\nAYI3FAIEDB4KAFMAdQBiAEMAQTALBgNVHQ8EBAMCAYYwDwYDVR0TAQH/BAUwAwEB\n/zAfBgNVHSMEGDAWgBRb5eDPvUJjVLjhYnWq8/E21tSGEDA+BgNVHR8ENzA1MDOg\nMaAvhi1odHRwOi8vY3JsLmNmYWhvbWUuY29tL1BLSS9DRkElMjBPUkNBJTIwMS5j\ncmwwSQYIKwYBBQUHAQEEPTA7MDkGCCsGAQUFBzAChi1odHRwOi8vY3JsLmNmYWhv\nbWUuY29tL1BLSS9DRkElMjBPUkNBJTIwMS5jcnQwDQYJKoZIhvcNAQELBQADggEB\nADe2z2S3BTGqRWTyIJ5/6a9c73Ux37uzfIGSq5uBf3xG2KcUNcMQ9DUVZXSQPIp4\n2u0HIUqyYracqBsMiQbXI2DIq96TqysH6lhy/VoPvTHlICrE5U63bjNz5rP/DaLY\nTzwfAnvnAtUUnRDWO/Xv6pONcqK7Pm+Q56TA1l6wgysCWgtGBSLcWo5CwdIuoNsy\n7X4/Z1MFaCUhSMS4IdCheyxrEIkH+hkXI2ybMKLXTZvPZ8NBfCjWPmYEwxnJwVEg\nttGdOMpu3da3k5nXlNj6mMzt4XTg/cHv0tmxUP0TZPm4q9x7pjvPYYJCazhGAKgn\n883hsUQG3nUHEvOOJChU8/Q=\n-----END CERTIFICATE-----\n\n-----BEGIN CERTIFICATE-----\nMIIDBTCCAe2gAwIBAgIQVDC1fdpAlbJBj1ZRd9SVBTANBgkqhkiG9w0BAQsFADAV\nMRMwEQYDVQQDEwpDRkEgT1JDQSAxMB4XDTE1MDkwOTEzNTUzMFoXDTQ3MDkwOTE0\nMDUyOVowFTETMBEGA1UEAxMKQ0ZBIE9SQ0EgMTCCASIwDQYJKoZIhvcNAQEBBQAD\nggEPADCCAQoCggEBAJRh0BrZ7vr4ua5UCvRFyVdVWhE4UKIlMle6vMn4gY4926ZK\nRx+WO7YTteVTC9SWAJkUL5iU5qkeAtp3xC5waTlK/qzb8tqRW5vPh4MteSS3PW0A\ncZ4Gpd419d8f4LWKwWFUKID48FofUWiDzUJjUXUTKH3zLF6Yso885Q+GPRfFZNtJ\nzhcQhxsdabFCwn8POFNPn+EeLoJS45btHPv9fAhsEPUDSsPVUTLJmCIv1QjOa85d\nFbJoX03wrJicZdGbo/WiQGD4eVd/CzCSpeDtatTRANsIcF4zz+CDhVHpVY2Q2Uq1\ndPP2w7wjpe3pbcTioEJmwRjjtiQnOVkz00eHBZ0CAwEAAaNRME8wCwYDVR0PBAQD\nAgGGMA8GA1UdEwEB/wQFMAMBAf8wHQYDVR0OBBYEFFvl4M+9QmNUuOFidarz8TbW\n1IYQMBAGCSsGAQQBgjcVAQQDAgEAMA0GCSqGSIb3DQEBCwUAA4IBAQBsOhco7uDJ\nseIfeuFgRRuI6evKyCMwwYcJkuWlEPV7HFOJ32BJnpvlloCfuqkBHoWHYecJozIb\nJkLihhhsnb+GvPvc0GIu7/uDX00T8BMB7TndLsCzGLttW07OpdcNkn/pM7uRJPQT\nm53Ld43KlTaO8lLxxAevfwX0HbI0roS0EyOtGXFs6SbIV8NopRw5JAn6wxWa9LQs\ngTvBVckx9JrUbGEiQNyosaTCYTR/4BBujS/REgNsAaJPRJhsQEN87pRrNK8WUGWX\nDDMsnJaUk+0/g1Z81xC4eVsOWqLlm2I2nZuL+TD/c5opGom6cIfmV9cKqE/bIf5P\nRsvz2HuFoGUe\n-----END CERTIFICATE-----\n\n",
            "content_base64": null,
            "content_disposition": "",
            "content_encoding": "",
            "content_language": "",
            "content_type": "binary/octet-stream",
            "etag": "e53ef9ca832af8e9fc70edfbbb1b0a49",
            "force_destroy": false,
            "id": "splunk-master/etc/auth/certs/master-mgmt.splunk.<customer>home.com.pem",
            "key": "splunk-master/etc/auth/certs/master-mgmt.splunk.<customer>home.com.pem",
            "kms_key_id": null,
            "metadata": {},
            "object_lock_legal_hold_status": "",
            "object_lock_mode": "",
            "object_lock_retain_until_date": "",
            "server_side_encryption": "",
            "source": null,
            "storage_class": "STANDARD",
            "tags": {},
            "version_id": "",
            "website_redirect": ""
          },
          "private": "bnVsbA==",
          "dependencies": [
            "module.common.aws_s3_bucket.inits",
            "module.master.data.aws_secretsmanager_secret_version.ssl_key"
          ]
        }
      ]
    },
    {
      "module": "module.master",
      "mode": "managed",
      "type": "aws_s3_bucket_object",
      "name": "userseed",
      "provider": "provider[\"registry.terraform.io/hashicorp/aws\"]",
      "instances": [
        {
          "schema_version": 0,
          "attributes": {
            "acl": "private",
            "bucket": "prod-<customer>splunkprod-us-east-1-splunk-initial-configs",
            "cache_control": "",
            "content": "[user_info]\nUSERNAME = admin\nHASHED_PASSWORD = $6$cLaQ0TcV0eew9X.N$VjgRrGxHePbkp2Bfpc1AZFowV2feMBc598yorNsnagClESc42mQpaT55bHP/gZbkbju13WJfMOFi1S0FoP8LU0",
            "content_base64": null,
            "content_disposition": "",
            "content_encoding": "",
            "content_language": "",
            "content_type": "binary/octet-stream",
            "etag": "3f6afd2cb3361b65721b4693dd79f8a6",
            "force_destroy": false,
            "id": "splunk-master/etc/system/local/user-seed.conf",
            "key": "splunk-master/etc/system/local/user-seed.conf",
            "kms_key_id": null,
            "metadata": {},
            "object_lock_legal_hold_status": "",
            "object_lock_mode": "",
            "object_lock_retain_until_date": "",
            "server_side_encryption": "",
            "source": null,
            "storage_class": "STANDARD",
            "tags": {},
            "version_id": "",
            "website_redirect": ""
          },
          "private": "bnVsbA==",
          "dependencies": [
            "data.aws_secretsmanager_secret_version.admin_account",
            "module.common.aws_s3_bucket.inits"
          ]
        }
      ]
    },
    {
      "module": "module.master",
      "mode": "managed",
      "type": "aws_security_group",
      "name": "instance_sg",
      "provider": "provider[\"registry.terraform.io/hashicorp/aws\"]",
      "instances": [
        {
          "schema_version": 1,
          "attributes": {
            "arn": "arn:aws:ec2:us-east-1:740749460388:security-group/sg-024ca26d7e020196b",
            "description": "Security group for splunk sh and forwarders instances",
            "egress": [
              {
                "cidr_blocks": [
                  "0.0.0.0/0"
                ],
                "description": "",
                "from_port": 0,
                "ipv6_cidr_blocks": [],
                "prefix_list_ids": [],
                "protocol": "-1",
                "security_groups": [],
                "self": false,
                "to_port": 0
              }
            ],
            "id": "sg-024ca26d7e020196b",
            "ingress": [
              {
                "cidr_blocks": [
                  "0.0.0.0/0"
                ],
                "description": "",
                "from_port": 8089,
                "ipv6_cidr_blocks": [],
                "prefix_list_ids": [],
                "protocol": "tcp",
                "security_groups": [],
                "self": false,
                "to_port": 8089
              },
              {
                "cidr_blocks": [
                  "10.1.0.0/20",
                  "10.1.16.0/20",
                  "10.1.32.0/20"
                ],
                "description": "",
                "from_port": -1,
                "ipv6_cidr_blocks": [],
                "prefix_list_ids": [],
                "protocol": "icmp",
                "security_groups": [],
                "self": false,
                "to_port": -1
              },
              {
                "cidr_blocks": [],
                "description": "",
                "from_port": 8000,
                "ipv6_cidr_blocks": [],
                "prefix_list_ids": [],
                "protocol": "tcp",
                "security_groups": [
                  "sg-05a76424c6add8532"
                ],
                "self": false,
                "to_port": 8000
              }
            ],
            "name": "prod-splunk-instance-master",
            "name_prefix": null,
            "owner_id": "740749460388",
            "revoke_rules_on_delete": false,
            "tags": {
              "Managed_by": "terraform",
              "Module": "splunk_sh",
              "Name": "prod-splunk-instance-master",
              "application_name": "splunk",
              "created_by": "Juan Becerra",
              "environment": "prod"
            },
            "timeouts": null,
            "vpc_id": "vpc-0f9afbd827c17d71a"
          },
          "private": "eyJlMmJmYjczMC1lY2FhLTExZTYtOGY4OC0zNDM2M2JjN2M0YzAiOnsiY3JlYXRlIjo2MDAwMDAwMDAwMDAsImRlbGV0ZSI6NjAwMDAwMDAwMDAwfSwic2NoZW1hX3ZlcnNpb24iOiIxIn0=",
          "dependencies": [
            "module.master.aws_security_group.lb_sg"
          ]
        }
      ]
    },
    {
      "module": "module.master",
      "mode": "managed",
      "type": "aws_security_group",
      "name": "lb_sg",
      "provider": "provider[\"registry.terraform.io/hashicorp/aws\"]",
      "instances": [
        {
          "schema_version": 1,
          "attributes": {
            "arn": "arn:aws:ec2:us-east-1:740749460388:security-group/sg-05a76424c6add8532",
            "description": "Security group for splunk ALBs",
            "egress": [
              {
                "cidr_blocks": [
                  "0.0.0.0/0"
                ],
                "description": "",
                "from_port": 0,
                "ipv6_cidr_blocks": [],
                "prefix_list_ids": [],
                "protocol": "-1",
                "security_groups": [],
                "self": false,
                "to_port": 0
              }
            ],
            "id": "sg-05a76424c6add8532",
            "ingress": [
              {
                "cidr_blocks": [
                  "0.0.0.0/0"
                ],
                "description": "",
                "from_port": 443,
                "ipv6_cidr_blocks": [],
                "prefix_list_ids": [],
                "protocol": "tcp",
                "security_groups": [],
                "self": false,
                "to_port": 443
              },
              {
                "cidr_blocks": [
                  "0.0.0.0/0"
                ],
                "description": "",
                "from_port": 80,
                "ipv6_cidr_blocks": [],
                "prefix_list_ids": [],
                "protocol": "tcp",
                "security_groups": [],
                "self": false,
                "to_port": 80
              },
              {
                "cidr_blocks": [
                  "10.1.0.0/20",
                  "10.1.16.0/20",
                  "10.1.32.0/20"
                ],
                "description": "",
                "from_port": 8089,
                "ipv6_cidr_blocks": [],
                "prefix_list_ids": [],
                "protocol": "tcp",
                "security_groups": [],
                "self": false,
                "to_port": 8089
              }
            ],
            "name": "prod-splunk-alb-master",
            "name_prefix": null,
            "owner_id": "740749460388",
            "revoke_rules_on_delete": false,
            "tags": {
              "Managed_by": "terraform",
              "Module": "splunk_sh",
              "Name": "prod-splunk-alb-master",
              "application_name": "splunk",
              "created_by": "Juan Becerra",
              "environment": "prod"
            },
            "timeouts": null,
            "vpc_id": "vpc-0f9afbd827c17d71a"
          },
          "private": "eyJlMmJmYjczMC1lY2FhLTExZTYtOGY4OC0zNDM2M2JjN2M0YzAiOnsiY3JlYXRlIjo2MDAwMDAwMDAwMDAsImRlbGV0ZSI6NjAwMDAwMDAwMDAwfSwic2NoZW1hX3ZlcnNpb24iOiIxIn0="
        }
      ]
    },
    {
      "module": "module.master",
      "mode": "managed",
      "type": "aws_wafv2_web_acl_association",
      "name": "load_balancer",
      "provider": "provider[\"registry.terraform.io/hashicorp/aws\"]",
      "instances": [
        {
          "schema_version": 0,
          "attributes": {
            "id": "arn:aws:wafv2:us-east-1:740749460388:regional/webacl/prod-splunk-waf-splunk/bbc8c958-ec97-4708-a740-7fa7b1956e7b,arn:aws:elasticloadbalancing:us-east-1:740749460388:loadbalancer/app/prod-splunk-alb-master/b4a13d1add819c3c",
            "resource_arn": "arn:aws:elasticloadbalancing:us-east-1:740749460388:loadbalancer/app/prod-splunk-alb-master/b4a13d1add819c3c",
            "web_acl_arn": "arn:aws:wafv2:us-east-1:740749460388:regional/webacl/prod-splunk-waf-splunk/bbc8c958-ec97-4708-a740-7fa7b1956e7b"
          },
          "private": "bnVsbA==",
          "dependencies": [
            "module.common.aws_wafv2_web_acl.waf",
            "module.master.aws_alb.load_balancer",
            "module.master.aws_security_group.lb_sg"
          ]
        }
      ]
    },
    {
      "module": "module.route53_dns",
      "mode": "data",
      "type": "archive_file",
      "name": "ddns_handling",
      "provider": "provider[\"registry.terraform.io/hashicorp/archive\"]",
      "instances": [
        {
          "schema_version": 0,
          "attributes": {
            "excludes": null,
            "id": "35eccb34c3f923c523bb5a98c4a26c17cc843d4a",
            "output_base64sha256": "5IapCoFrRhuLZ2SqaQcF7L1sAdx5+D2ZGswUH7AHe5A=",
            "output_md5": "d2f2fa71988563f9d9bdb376a408a0ae",
            "output_path": "../modules/route53_dns/lambda/dist/ddns_handling.zip",
            "output_sha": "35eccb34c3f923c523bb5a98c4a26c17cc843d4a",
            "output_size": 1858,
            "source": [],
            "source_content": null,
            "source_content_filename": null,
            "source_dir": null,
            "source_file": "../modules/route53_dns/lambda/ddns_handling.py",
            "type": "zip"
          }
        }
      ]
    },
    {
      "module": "module.route53_dns",
      "mode": "data",
      "type": "aws_iam_policy_document",
      "name": "asg_assume",
      "provider": "provider[\"registry.terraform.io/hashicorp/aws\"]",
      "instances": [
        {
          "schema_version": 0,
          "attributes": {
            "id": "1696731479",
            "json": "{\n  \"Version\": \"2012-10-17\",\n  \"Statement\": [\n    {\n      \"Sid\": \"\",\n      \"Effect\": \"Allow\",\n      \"Action\": \"sts:AssumeRole\",\n      \"Principal\": {\n        \"Service\": \"autoscaling.amazonaws.com\"\n      }\n    }\n  ]\n}",
            "override_json": null,
            "policy_id": null,
            "source_json": null,
            "statement": [
              {
                "actions": [
                  "sts:AssumeRole"
                ],
                "condition": [],
                "effect": "Allow",
                "not_actions": [],
                "not_principals": [],
                "not_resources": [],
                "principals": [
                  {
                    "identifiers": [
                      "autoscaling.amazonaws.com"
                    ],
                    "type": "Service"
                  }
                ],
                "resources": [],
                "sid": ""
              }
            ],
            "version": "2012-10-17"
          }
        }
      ]
    },
    {
      "module": "module.route53_dns",
      "mode": "data",
      "type": "aws_iam_policy_document",
      "name": "ddns_lifecycle",
      "provider": "provider[\"registry.terraform.io/hashicorp/aws\"]",
      "instances": [
        {
          "schema_version": 0,
          "attributes": {
            "id": "3941967261",
            "json": "{\n  \"Version\": \"2012-10-17\",\n  \"Statement\": [\n    {\n      \"Sid\": \"\",\n      \"Effect\": \"Allow\",\n      \"Action\": [\n        \"sns:Publish\",\n        \"autoscaling:CompleteLifecycleAction\"\n      ],\n      \"Resource\": \"arn:aws:sns:us-east-1:740749460388:ddns_handling\"\n    }\n  ]\n}",
            "override_json": null,
            "policy_id": null,
            "source_json": null,
            "statement": [
              {
                "actions": [
                  "autoscaling:CompleteLifecycleAction",
                  "sns:Publish"
                ],
                "condition": [],
                "effect": "Allow",
                "not_actions": [],
                "not_principals": [],
                "not_resources": [],
                "principals": [],
                "resources": [
                  "arn:aws:sns:us-east-1:740749460388:ddns_handling"
                ],
                "sid": ""
              }
            ],
            "version": "2012-10-17"
          }
        }
      ]
    },
    {
      "module": "module.route53_dns",
      "mode": "data",
      "type": "aws_iam_policy_document",
      "name": "lambda_assume",
      "provider": "provider[\"registry.terraform.io/hashicorp/aws\"]",
      "instances": [
        {
          "schema_version": 0,
          "attributes": {
            "id": "3693445097",
            "json": "{\n  \"Version\": \"2012-10-17\",\n  \"Statement\": [\n    {\n      \"Sid\": \"\",\n      \"Effect\": \"Allow\",\n      \"Action\": \"sts:AssumeRole\",\n      \"Principal\": {\n        \"Service\": \"lambda.amazonaws.com\"\n      }\n    }\n  ]\n}",
            "override_json": null,
            "policy_id": null,
            "source_json": null,
            "statement": [
              {
                "actions": [
                  "sts:AssumeRole"
                ],
                "condition": [],
                "effect": "Allow",
                "not_actions": [],
                "not_principals": [],
                "not_resources": [],
                "principals": [
                  {
                    "identifiers": [
                      "lambda.amazonaws.com"
                    ],
                    "type": "Service"
                  }
                ],
                "resources": [],
                "sid": ""
              }
            ],
            "version": "2012-10-17"
          }
        }
      ]
    },
    {
      "module": "module.route53_dns",
      "mode": "data",
      "type": "aws_route53_zone",
      "name": "public_zone",
      "provider": "provider[\"registry.terraform.io/hashicorp/aws\"]",
      "instances": [
        {
          "schema_version": 0,
          "attributes": {
            "caller_reference": "4e9ee2b0-8d7d-45b1-bef2-d843fa05c63b",
            "comment": "Hosted Zone for Splunk URLs",
            "id": "Z07522651BG4B102L9QDK",
            "linked_service_description": null,
            "linked_service_principal": null,
            "name": "splunk.<customer>home.com.",
            "name_servers": [
              "ns-931.awsdns-52.net",
              "ns-153.awsdns-19.com",
              "ns-1627.awsdns-11.co.uk",
              "ns-1098.awsdns-09.org"
            ],
            "private_zone": false,
            "resource_record_set_count": 19,
            "tags": {},
            "vpc_id": null,
            "zone_id": "Z07522651BG4B102L9QDK"
          }
        }
      ]
    },
    {
      "module": "module.route53_dns",
      "mode": "managed",
      "type": "aws_acm_certificate",
      "name": "cert",
      "provider": "provider[\"registry.terraform.io/hashicorp/aws\"]",
      "instances": [
        {
          "schema_version": 0,
          "attributes": {
            "arn": "arn:aws:acm:us-east-1:740749460388:certificate/4839e66a-518c-4f9c-9554-2e3227386806",
            "certificate_authority_arn": "",
            "certificate_body": null,
            "certificate_chain": null,
            "domain_name": "*.splunk.<customer>home.com",
            "domain_validation_options": [
              {
                "domain_name": "*.splunk.<customer>home.com",
                "resource_record_name": "_e9d163b8dad3f81d96ed3ddad58b030d.splunk.<customer>home.com.",
                "resource_record_type": "CNAME",
                "resource_record_value": "_94541c6fbfc25db404e97f83c251b5ae.zbkrxsrfvj.acm-validations.aws."
              }
            ],
            "id": "arn:aws:acm:us-east-1:740749460388:certificate/4839e66a-518c-4f9c-9554-2e3227386806",
            "options": [
              {
                "certificate_transparency_logging_preference": "ENABLED"
              }
            ],
            "private_key": null,
            "status": "ISSUED",
            "subject_alternative_names": [],
            "tags": {
              "Managed_by": "terraform",
              "Name": "Subdomain Cert for splunk.<customer>home.com",
              "application_name": "splunk",
              "environment": "prod"
            },
            "validation_emails": [],
            "validation_method": "DNS"
          },
          "private": "bnVsbA==",
          "dependencies": [
            "module.route53_dns.data.aws_route53_zone.public_zone"
          ],
          "create_before_destroy": true
        }
      ]
    },
    {
      "module": "module.route53_dns",
      "mode": "managed",
      "type": "aws_acm_certificate_validation",
      "name": "cert",
      "provider": "provider[\"registry.terraform.io/hashicorp/aws\"]",
      "instances": [
        {
          "schema_version": 0,
          "attributes": {
            "certificate_arn": "arn:aws:acm:us-east-1:740749460388:certificate/4839e66a-518c-4f9c-9554-2e3227386806",
            "id": "2020-11-06 14:30:19 +0000 UTC",
            "timeouts": null,
            "validation_record_fqdns": [
              "_e9d163b8dad3f81d96ed3ddad58b030d.splunk.<customer>home.com"
            ]
          },
          "private": "eyJlMmJmYjczMC1lY2FhLTExZTYtOGY4OC0zNDM2M2JjN2M0YzAiOnsiY3JlYXRlIjoyNzAwMDAwMDAwMDAwfX0=",
          "dependencies": [
            "module.route53_dns.aws_acm_certificate.cert",
            "module.route53_dns.aws_route53_record.cert_validation",
            "module.route53_dns.data.aws_route53_zone.public_zone"
          ]
        }
      ]
    },
    {
      "module": "module.route53_dns",
      "mode": "managed",
      "type": "aws_iam_role",
      "name": "ddns_handling",
      "provider": "provider[\"registry.terraform.io/hashicorp/aws\"]",
      "instances": [
        {
          "schema_version": 0,
          "attributes": {
            "arn": "arn:aws:iam::740749460388:role/ddns_handling",
            "assume_role_policy": "{\"Version\":\"2012-10-17\",\"Statement\":[{\"Sid\":\"\",\"Effect\":\"Allow\",\"Principal\":{\"Service\":\"lambda.amazonaws.com\"},\"Action\":\"sts:AssumeRole\"}]}",
            "create_date": "2020-11-06T14:41:07Z",
            "description": "",
            "force_detach_policies": false,
            "id": "ddns_handling",
            "max_session_duration": 3600,
            "name": "ddns_handling",
            "name_prefix": null,
            "path": "/",
            "permissions_boundary": null,
            "tags": {},
            "unique_id": "AROA2Y6A3YOSNXBEO7SH7"
          },
          "private": "bnVsbA==",
          "dependencies": [
            "module.route53_dns.data.aws_iam_policy_document.lambda_assume"
          ]
        }
      ]
    },
    {
      "module": "module.route53_dns",
      "mode": "managed",
      "type": "aws_iam_role",
      "name": "ddns_lifecycle",
      "provider": "provider[\"registry.terraform.io/hashicorp/aws\"]",
      "instances": [
        {
          "schema_version": 0,
          "attributes": {
            "arn": "arn:aws:iam::740749460388:role/ddns_lifecycle",
            "assume_role_policy": "{\"Version\":\"2012-10-17\",\"Statement\":[{\"Sid\":\"\",\"Effect\":\"Allow\",\"Principal\":{\"Service\":\"autoscaling.amazonaws.com\"},\"Action\":\"sts:AssumeRole\"}]}",
            "create_date": "2020-11-06T14:41:07Z",
            "description": "",
            "force_detach_policies": false,
            "id": "ddns_lifecycle",
            "max_session_duration": 3600,
            "name": "ddns_lifecycle",
            "name_prefix": null,
            "path": "/",
            "permissions_boundary": null,
            "tags": {},
            "unique_id": "AROA2Y6A3YOSGB4LMM7MK"
          },
          "private": "bnVsbA==",
          "dependencies": [
            "module.route53_dns.data.aws_iam_policy_document.asg_assume"
          ]
        }
      ]
    },
    {
      "module": "module.route53_dns",
      "mode": "managed",
      "type": "aws_iam_role_policy",
      "name": "ddns_handling",
      "provider": "provider[\"registry.terraform.io/hashicorp/aws\"]",
      "instances": [
        {
          "schema_version": 0,
          "attributes": {
            "id": "ddns_handling:ddns_handling",
            "name": "ddns_handling",
            "name_prefix": null,
            "policy": "{\n  \"Version\": \"2012-10-17\",\n  \"Statement\": [\n    {\n      \"Action\": [\n        \"logs:CreateLogGroup\",\n        \"logs:CreateLogStream\",\n        \"logs:PutLogEvents\"\n      ],\n      \"Effect\": \"Allow\",\n      \"Resource\": \"arn:aws:logs:*:*:*\"\n    },\n    {\n      \"Action\":[\n        \"autoscaling:DescribeTags\",\n        \"autoscaling:DescribeAutoScalingGroups\",\n        \"autoscaling:CompleteLifecycleAction\",\n        \"ec2:DescribeInstances\",\n        \"route53:GetHostedZone\",\n        \"ec2:CreateTags\"\n      ],\n      \"Effect\":\"Allow\",\n      \"Resource\":\"*\"\n    },\n    {\n      \"Action\":[\n        \"route53:ChangeResourceRecordSets\",\n        \"route53:ListResourceRecordSets\"\n      ],\n      \"Effect\":\"Allow\",\n      \"Resource\":\"arn:aws:route53:::hostedzone/Z1025878278SY9EZW6LQL\"\n    }\n  ]\n}\n",
            "role": "ddns_handling"
          },
          "private": "bnVsbA==",
          "dependencies": [
            "module.route53_dns.aws_iam_role.ddns_handling",
            "module.route53_dns.aws_route53_zone.private",
            "module.route53_dns.data.aws_iam_policy_document.lambda_assume"
          ]
        }
      ]
    },
    {
      "module": "module.route53_dns",
      "mode": "managed",
      "type": "aws_iam_role_policy",
      "name": "ddns_lifecycle",
      "provider": "provider[\"registry.terraform.io/hashicorp/aws\"]",
      "instances": [
        {
          "schema_version": 0,
          "attributes": {
            "id": "ddns_lifecycle:ddns_lifecycle",
            "name": "ddns_lifecycle",
            "name_prefix": null,
            "policy": "{\n  \"Version\": \"2012-10-17\",\n  \"Statement\": [\n    {\n      \"Sid\": \"\",\n      \"Effect\": \"Allow\",\n      \"Action\": [\n        \"sns:Publish\",\n        \"autoscaling:CompleteLifecycleAction\"\n      ],\n      \"Resource\": \"arn:aws:sns:us-east-1:740749460388:ddns_handling\"\n    }\n  ]\n}",
            "role": "ddns_lifecycle"
          },
          "private": "bnVsbA==",
          "dependencies": [
            "module.route53_dns.aws_iam_role.ddns_lifecycle",
            "module.route53_dns.data.aws_iam_policy_document.asg_assume",
            "module.route53_dns.data.aws_iam_policy_document.ddns_lifecycle"
          ]
        }
      ]
    },
    {
      "module": "module.route53_dns",
      "mode": "managed",
      "type": "aws_lambda_function",
      "name": "ddns_handling",
      "provider": "provider[\"registry.terraform.io/hashicorp/aws\"]",
      "instances": [
        {
          "schema_version": 0,
          "attributes": {
            "arn": "arn:aws:lambda:us-east-1:740749460388:function:ddns_handling",
            "dead_letter_config": [],
            "description": "Handles DNS for autoscaling groups by receiving autoscaling notifications and setting/deleting records from route53",
            "environment": [],
            "file_system_config": [],
            "filename": "../modules/route53_dns/lambda/dist/ddns_handling.zip",
            "function_name": "ddns_handling",
            "handler": "ddns_handling.lambda_handler",
            "id": "ddns_handling",
            "invoke_arn": "arn:aws:apigateway:us-east-1:lambda:path/2015-03-31/functions/arn:aws:lambda:us-east-1:740749460388:function:ddns_handling/invocations",
            "kms_key_arn": "",
            "last_modified": "2020-11-06T14:41:22.085+0000",
            "layers": [],
            "memory_size": 128,
            "publish": false,
            "qualified_arn": "arn:aws:lambda:us-east-1:740749460388:function:ddns_handling:$LATEST",
            "reserved_concurrent_executions": -1,
            "role": "arn:aws:iam::740749460388:role/ddns_handling",
            "runtime": "python2.7",
            "s3_bucket": null,
            "s3_key": null,
            "s3_object_version": null,
            "source_code_hash": "5IapCoFrRhuLZ2SqaQcF7L1sAdx5+D2ZGswUH7AHe5A=",
            "source_code_size": 1858,
            "tags": {},
            "timeout": 3,
            "timeouts": null,
            "tracing_config": [
              {
                "mode": "PassThrough"
              }
            ],
            "version": "$LATEST",
            "vpc_config": []
          },
          "private": "eyJlMmJmYjczMC1lY2FhLTExZTYtOGY4OC0zNDM2M2JjN2M0YzAiOnsiY3JlYXRlIjo2MDAwMDAwMDAwMDB9fQ==",
          "dependencies": [
            "module.route53_dns.aws_iam_role.ddns_handling",
            "module.route53_dns.aws_sns_topic.ddns_handling",
            "module.route53_dns.data.archive_file.ddns_handling",
            "module.route53_dns.data.aws_iam_policy_document.lambda_assume"
          ]
        }
      ]
    },
    {
      "module": "module.route53_dns",
      "mode": "managed",
      "type": "aws_lambda_permission",
      "name": "ddns_handling",
      "provider": "provider[\"registry.terraform.io/hashicorp/aws\"]",
      "instances": [
        {
          "schema_version": 0,
          "attributes": {
            "action": "lambda:InvokeFunction",
            "event_source_token": null,
            "function_name": "arn:aws:lambda:us-east-1:740749460388:function:ddns_handling",
            "id": "AllowExecutionFromSNS",
            "principal": "sns.amazonaws.com",
            "qualifier": "",
            "source_account": null,
            "source_arn": "arn:aws:sns:us-east-1:740749460388:ddns_handling",
            "statement_id": "AllowExecutionFromSNS",
            "statement_id_prefix": null
          },
          "private": "bnVsbA==",
          "dependencies": [
            "module.route53_dns.aws_iam_role.ddns_handling",
            "module.route53_dns.aws_lambda_function.ddns_handling",
            "module.route53_dns.aws_sns_topic.ddns_handling",
            "module.route53_dns.data.archive_file.ddns_handling",
            "module.route53_dns.data.aws_iam_policy_document.lambda_assume"
          ]
        }
      ]
    },
    {
      "module": "module.route53_dns",
      "mode": "managed",
      "type": "aws_route53_record",
      "name": "cert_validation",
      "provider": "provider[\"registry.terraform.io/hashicorp/aws\"]",
      "instances": [
        {
          "schema_version": 2,
          "attributes": {
            "alias": [],
            "allow_overwrite": null,
            "failover_routing_policy": [],
            "fqdn": "_e9d163b8dad3f81d96ed3ddad58b030d.splunk.<customer>home.com",
            "geolocation_routing_policy": [],
            "health_check_id": "",
            "id": "Z07522651BG4B102L9QDK__e9d163b8dad3f81d96ed3ddad58b030d.splunk.<customer>home.com._CNAME",
            "latency_routing_policy": [],
            "multivalue_answer_routing_policy": null,
            "name": "_e9d163b8dad3f81d96ed3ddad58b030d.splunk.<customer>home.com",
            "records": [
              "_94541c6fbfc25db404e97f83c251b5ae.zbkrxsrfvj.acm-validations.aws."
            ],
            "set_identifier": "",
            "ttl": 60,
            "type": "CNAME",
            "weighted_routing_policy": [],
            "zone_id": "Z07522651BG4B102L9QDK"
          },
          "private": "eyJzY2hlbWFfdmVyc2lvbiI6IjIifQ==",
          "dependencies": [
            "module.route53_dns.aws_acm_certificate.cert",
            "module.route53_dns.data.aws_route53_zone.public_zone"
          ]
        }
      ]
    },
    {
      "module": "module.route53_dns",
      "mode": "managed",
      "type": "aws_route53_zone",
      "name": "private",
      "provider": "provider[\"registry.terraform.io/hashicorp/aws\"]",
      "instances": [
        {
          "schema_version": 0,
          "attributes": {
            "comment": "Managed by Terraform",
            "delegation_set_id": "",
            "force_destroy": false,
            "id": "Z1025878278SY9EZW6LQL",
            "name": "splunkinternal.com.",
            "name_servers": [
              "ns-0.awsdns-00.com.",
              "ns-1024.awsdns-00.org.",
              "ns-1536.awsdns-00.co.uk.",
              "ns-512.awsdns-00.net."
            ],
            "tags": {},
            "vpc": [
              {
                "vpc_id": "vpc-0f9afbd827c17d71a",
                "vpc_region": "us-east-1"
              }
            ],
            "vpc_id": null,
            "vpc_region": null,
            "zone_id": "Z1025878278SY9EZW6LQL"
          },
          "private": "bnVsbA=="
        }
      ]
    },
    {
      "module": "module.route53_dns",
      "mode": "managed",
      "type": "aws_sns_topic",
      "name": "ddns_handling",
      "provider": "provider[\"registry.terraform.io/hashicorp/aws\"]",
      "instances": [
        {
          "schema_version": 0,
          "attributes": {
            "application_failure_feedback_role_arn": "",
            "application_success_feedback_role_arn": "",
            "application_success_feedback_sample_rate": null,
            "arn": "arn:aws:sns:us-east-1:740749460388:ddns_handling",
            "delivery_policy": "",
            "display_name": "",
            "http_failure_feedback_role_arn": "",
            "http_success_feedback_role_arn": "",
            "http_success_feedback_sample_rate": null,
            "id": "arn:aws:sns:us-east-1:740749460388:ddns_handling",
            "kms_master_key_id": "",
            "lambda_failure_feedback_role_arn": "",
            "lambda_success_feedback_role_arn": "",
            "lambda_success_feedback_sample_rate": null,
            "name": "ddns_handling",
            "name_prefix": null,
            "policy": "{\"Version\":\"2008-10-17\",\"Id\":\"__default_policy_ID\",\"Statement\":[{\"Sid\":\"__default_statement_ID\",\"Effect\":\"Allow\",\"Principal\":{\"AWS\":\"*\"},\"Action\":[\"SNS:GetTopicAttributes\",\"SNS:SetTopicAttributes\",\"SNS:AddPermission\",\"SNS:RemovePermission\",\"SNS:DeleteTopic\",\"SNS:Subscribe\",\"SNS:ListSubscriptionsByTopic\",\"SNS:Publish\",\"SNS:Receive\"],\"Resource\":\"arn:aws:sns:us-east-1:740749460388:ddns_handling\",\"Condition\":{\"StringEquals\":{\"AWS:SourceOwner\":\"740749460388\"}}}]}",
            "sqs_failure_feedback_role_arn": "",
            "sqs_success_feedback_role_arn": "",
            "sqs_success_feedback_sample_rate": null,
            "tags": {}
          },
          "private": "bnVsbA=="
        }
      ]
    },
    {
      "module": "module.route53_dns",
      "mode": "managed",
      "type": "aws_sns_topic_subscription",
      "name": "ddns_handling",
      "provider": "provider[\"registry.terraform.io/hashicorp/aws\"]",
      "instances": [
        {
          "schema_version": 0,
          "attributes": {
            "arn": "arn:aws:sns:us-east-1:740749460388:ddns_handling:d22ae9b8-1d4c-4d1e-94ed-81c7222b1026",
            "confirmation_timeout_in_minutes": 1,
            "delivery_policy": "",
            "endpoint": "arn:aws:lambda:us-east-1:740749460388:function:ddns_handling",
            "endpoint_auto_confirms": false,
            "filter_policy": "",
            "id": "arn:aws:sns:us-east-1:740749460388:ddns_handling:d22ae9b8-1d4c-4d1e-94ed-81c7222b1026",
            "protocol": "lambda",
            "raw_message_delivery": false,
            "topic_arn": "arn:aws:sns:us-east-1:740749460388:ddns_handling"
          },
          "private": "bnVsbA==",
          "dependencies": [
            "module.route53_dns.aws_iam_role.ddns_handling",
            "module.route53_dns.aws_lambda_function.ddns_handling",
            "module.route53_dns.aws_lambda_permission.ddns_handling",
            "module.route53_dns.aws_sns_topic.ddns_handling",
            "module.route53_dns.data.archive_file.ddns_handling",
            "module.route53_dns.data.aws_iam_policy_document.lambda_assume"
          ]
        }
      ]
    },
    {
      "module": "module.splunk_backups",
      "mode": "data",
      "type": "archive_file",
      "name": "lambda_create_amis",
      "provider": "provider[\"registry.terraform.io/hashicorp/archive\"]",
      "instances": [
        {
          "schema_version": 0,
          "attributes": {
            "excludes": null,
            "id": "46374726a30e97aff7d559175bfa3b1edd17ca05",
            "output_base64sha256": "jITbhkT3s3+nY3ba+LVcqHjCLBwvgGV9XCvTB9x2vP4=",
            "output_md5": "0bb4df9f871152258458bd40027fc48d",
            "output_path": "../modules/splunk_backups/lambda/dist/lambda_create_amis.zip",
            "output_sha": "46374726a30e97aff7d559175bfa3b1edd17ca05",
            "output_size": 2085,
            "source": [],
            "source_content": null,
            "source_content_filename": null,
            "source_dir": null,
            "source_file": "../modules/splunk_backups/lambda/lambda_create_amis.py",
            "type": "zip"
          }
        }
      ]
    },
    {
      "module": "module.splunk_backups",
      "mode": "data",
      "type": "aws_iam_policy_document",
      "name": "lambda_assume",
      "provider": "provider[\"registry.terraform.io/hashicorp/aws\"]",
      "instances": [
        {
          "schema_version": 0,
          "attributes": {
            "id": "3693445097",
            "json": "{\n  \"Version\": \"2012-10-17\",\n  \"Statement\": [\n    {\n      \"Sid\": \"\",\n      \"Effect\": \"Allow\",\n      \"Action\": \"sts:AssumeRole\",\n      \"Principal\": {\n        \"Service\": \"lambda.amazonaws.com\"\n      }\n    }\n  ]\n}",
            "override_json": null,
            "policy_id": null,
            "source_json": null,
            "statement": [
              {
                "actions": [
                  "sts:AssumeRole"
                ],
                "condition": [],
                "effect": "Allow",
                "not_actions": [],
                "not_principals": [],
                "not_resources": [],
                "principals": [
                  {
                    "identifiers": [
                      "lambda.amazonaws.com"
                    ],
                    "type": "Service"
                  }
                ],
                "resources": [],
                "sid": ""
              }
            ],
            "version": "2012-10-17"
          }
        }
      ]
    },
    {
      "module": "module.splunk_backups",
      "mode": "managed",
      "type": "aws_cloudwatch_event_rule",
      "name": "daily_backups",
      "provider": "provider[\"registry.terraform.io/hashicorp/aws\"]",
      "instances": [
        {
          "schema_version": 0,
          "attributes": {
            "arn": "arn:aws:events:us-east-1:740749460388:rule/daily_backups",
            "description": "triggers deletion of new AMIs every one hour",
            "event_pattern": null,
            "id": "daily_backups",
            "is_enabled": true,
            "name": "daily_backups",
            "name_prefix": null,
            "role_arn": "",
            "schedule_expression": "rate(1 day)",
            "tags": {}
          },
          "private": "bnVsbA=="
        }
      ]
    },
    {
      "module": "module.splunk_backups",
      "mode": "managed",
      "type": "aws_cloudwatch_event_rule",
      "name": "hourly_backups",
      "provider": "provider[\"registry.terraform.io/hashicorp/aws\"]",
      "instances": [
        {
          "schema_version": 0,
          "attributes": {
            "arn": "arn:aws:events:us-east-1:740749460388:rule/hourly_backups",
            "description": "triggers deletion of new AMIs every one hour",
            "event_pattern": null,
            "id": "hourly_backups",
            "is_enabled": true,
            "name": "hourly_backups",
            "name_prefix": null,
            "role_arn": "",
            "schedule_expression": "rate(1 hour)",
            "tags": {}
          },
          "private": "bnVsbA=="
        }
      ]
    },
    {
      "module": "module.splunk_backups",
      "mode": "managed",
      "type": "aws_cloudwatch_event_target",
      "name": "daily_backups",
      "provider": "provider[\"registry.terraform.io/hashicorp/aws\"]",
      "instances": [
        {
          "schema_version": 0,
          "attributes": {
            "arn": "arn:aws:lambda:us-east-1:740749460388:function:splunk_backups_create_amis",
            "batch_target": [],
            "ecs_target": [],
            "id": "daily_backups-lambda",
            "input": "  {\n      \"INSTANCE_TAGS\": [\"splunk-search-security\",\"splunk-search-customer\",\"splunk-search-enterprise\",\"splunk-master\",\"splunk-deployment\",\"splunk-forwarder\"],\n      \"RETENTION\": 7,\n      \"TYPE\": \"DAILY\"\n  }\n",
            "input_path": "",
            "input_transformer": [],
            "kinesis_target": [],
            "role_arn": "",
            "rule": "daily_backups",
            "run_command_targets": [],
            "sqs_target": [],
            "target_id": "lambda"
          },
          "private": "bnVsbA==",
          "dependencies": [
            "module.splunk_backups.aws_cloudwatch_event_rule.daily_backups",
            "module.splunk_backups.aws_lambda_function.lambda_create_amis"
          ]
        }
      ]
    },
    {
      "module": "module.splunk_backups",
      "mode": "managed",
      "type": "aws_cloudwatch_event_target",
      "name": "hourly_backups",
      "provider": "provider[\"registry.terraform.io/hashicorp/aws\"]",
      "instances": [
        {
          "schema_version": 0,
          "attributes": {
            "arn": "arn:aws:lambda:us-east-1:740749460388:function:splunk_backups_create_amis",
            "batch_target": [],
            "ecs_target": [],
            "id": "hourly_backups-lambda",
            "input": "  {\n      \"INSTANCE_TAGS\": [\"splunk-search-security\",\"splunk-search-customer\",\"splunk-search-enterprise\",\"splunk-master\",\"splunk-deployment\",\"splunk-forwarder\"],\n      \"RETENTION\": 3,\n      \"TYPE\": \"HOURLY\"\n  }\n",
            "input_path": "",
            "input_transformer": [],
            "kinesis_target": [],
            "role_arn": "",
            "rule": "hourly_backups",
            "run_command_targets": [],
            "sqs_target": [],
            "target_id": "lambda"
          },
          "private": "bnVsbA==",
          "dependencies": [
            "module.splunk_backups.aws_cloudwatch_event_rule.hourly_backups",
            "module.splunk_backups.aws_lambda_function.lambda_create_amis"
          ]
        }
      ]
    },
    {
      "module": "module.splunk_backups",
      "mode": "managed",
      "type": "aws_iam_role",
      "name": "lambda_backups",
      "provider": "provider[\"registry.terraform.io/hashicorp/aws\"]",
      "instances": [
        {
          "schema_version": 0,
          "attributes": {
            "arn": "arn:aws:iam::740749460388:role/lambda_backups",
            "assume_role_policy": "{\"Version\":\"2012-10-17\",\"Statement\":[{\"Sid\":\"\",\"Effect\":\"Allow\",\"Principal\":{\"Service\":\"lambda.amazonaws.com\"},\"Action\":\"sts:AssumeRole\"}]}",
            "create_date": "2020-11-06T14:41:07Z",
            "description": "",
            "force_detach_policies": false,
            "id": "lambda_backups",
            "max_session_duration": 3600,
            "name": "lambda_backups",
            "name_prefix": null,
            "path": "/",
            "permissions_boundary": null,
            "tags": {},
            "unique_id": "AROA2Y6A3YOSG6VVUDQG5"
          },
          "private": "bnVsbA==",
          "dependencies": [
            "module.splunk_backups.data.aws_iam_policy_document.lambda_assume"
          ]
        }
      ]
    },
    {
      "module": "module.splunk_backups",
      "mode": "managed",
      "type": "aws_iam_role_policy",
      "name": "lambda_backups",
      "provider": "provider[\"registry.terraform.io/hashicorp/aws\"]",
      "instances": [
        {
          "schema_version": 0,
          "attributes": {
            "id": "lambda_backups:lambda_backups",
            "name": "lambda_backups",
            "name_prefix": null,
            "policy": "{\n  \"Version\": \"2012-10-17\",\n  \"Statement\": [\n    {\n      \"Action\": [\n        \"logs:CreateLogGroup\",\n        \"logs:CreateLogStream\",\n        \"logs:PutLogEvents\"\n      ],\n      \"Effect\": \"Allow\",\n      \"Resource\": \"arn:aws:logs:*:*:*\"\n    },\n    {\n      \"Action\":[\n        \"ec2:*\"\n      ],\n      \"Effect\":\"Allow\",\n      \"Resource\":\"*\"\n    }\n  ]\n}\n",
            "role": "lambda_backups"
          },
          "private": "bnVsbA==",
          "dependencies": [
            "module.splunk_backups.aws_iam_role.lambda_backups",
            "module.splunk_backups.data.aws_iam_policy_document.lambda_assume"
          ]
        }
      ]
    },
    {
      "module": "module.splunk_backups",
      "mode": "managed",
      "type": "aws_lambda_function",
      "name": "lambda_create_amis",
      "provider": "provider[\"registry.terraform.io/hashicorp/aws\"]",
      "instances": [
        {
          "schema_version": 0,
          "attributes": {
            "arn": "arn:aws:lambda:us-east-1:740749460388:function:splunk_backups_create_amis",
            "dead_letter_config": [],
            "description": "Looks up splunk instances and creates AMIs",
            "environment": [],
            "file_system_config": [],
            "filename": "../modules/splunk_backups/lambda/dist/lambda_create_amis.zip",
            "function_name": "splunk_backups_create_amis",
            "handler": "lambda_create_amis.lambda_handler",
            "id": "splunk_backups_create_amis",
            "invoke_arn": "arn:aws:apigateway:us-east-1:lambda:path/2015-03-31/functions/arn:aws:lambda:us-east-1:740749460388:function:splunk_backups_create_amis/invocations",
            "kms_key_arn": "",
            "last_modified": "2020-11-06T14:41:28.144+0000",
            "layers": [],
            "memory_size": 128,
            "publish": false,
            "qualified_arn": "arn:aws:lambda:us-east-1:740749460388:function:splunk_backups_create_amis:$LATEST",
            "reserved_concurrent_executions": -1,
            "role": "arn:aws:iam::740749460388:role/lambda_backups",
            "runtime": "python2.7",
            "s3_bucket": null,
            "s3_key": null,
            "s3_object_version": null,
            "source_code_hash": "jITbhkT3s3+nY3ba+LVcqHjCLBwvgGV9XCvTB9x2vP4=",
            "source_code_size": 2085,
            "tags": {},
            "timeout": 600,
            "timeouts": null,
            "tracing_config": [
              {
                "mode": "PassThrough"
              }
            ],
            "version": "$LATEST",
            "vpc_config": []
          },
          "private": "eyJlMmJmYjczMC1lY2FhLTExZTYtOGY4OC0zNDM2M2JjN2M0YzAiOnsiY3JlYXRlIjo2MDAwMDAwMDAwMDB9fQ==",
          "dependencies": [
            "module.splunk_backups.aws_iam_role.lambda_backups",
            "module.splunk_backups.data.archive_file.lambda_create_amis",
            "module.splunk_backups.data.aws_iam_policy_document.lambda_assume"
          ]
        }
      ]
    },
    {
      "module": "module.splunk_backups",
      "mode": "managed",
      "type": "aws_lambda_permission",
      "name": "daily_backups",
      "provider": "provider[\"registry.terraform.io/hashicorp/aws\"]",
      "instances": [
        {
          "schema_version": 0,
          "attributes": {
            "action": "lambda:InvokeFunction",
            "event_source_token": null,
            "function_name": "arn:aws:lambda:us-east-1:740749460388:function:splunk_backups_create_amis",
            "id": "AllowExecutionFromCloudWatch2",
            "principal": "events.amazonaws.com",
            "qualifier": "",
            "source_account": null,
            "source_arn": "arn:aws:events:us-east-1:740749460388:rule/daily_backups",
            "statement_id": "AllowExecutionFromCloudWatch2",
            "statement_id_prefix": null
          },
          "private": "bnVsbA==",
          "dependencies": [
            "module.splunk_backups.aws_cloudwatch_event_rule.daily_backups",
            "module.splunk_backups.aws_iam_role.lambda_backups",
            "module.splunk_backups.aws_lambda_function.lambda_create_amis",
            "module.splunk_backups.data.archive_file.lambda_create_amis",
            "module.splunk_backups.data.aws_iam_policy_document.lambda_assume"
          ]
        }
      ]
    },
    {
      "module": "module.splunk_backups",
      "mode": "managed",
      "type": "aws_lambda_permission",
      "name": "hourly_backups",
      "provider": "provider[\"registry.terraform.io/hashicorp/aws\"]",
      "instances": [
        {
          "schema_version": 0,
          "attributes": {
            "action": "lambda:InvokeFunction",
            "event_source_token": null,
            "function_name": "arn:aws:lambda:us-east-1:740749460388:function:splunk_backups_create_amis",
            "id": "AllowExecutionFromCloudWatch",
            "principal": "events.amazonaws.com",
            "qualifier": "",
            "source_account": null,
            "source_arn": "arn:aws:events:us-east-1:740749460388:rule/hourly_backups",
            "statement_id": "AllowExecutionFromCloudWatch",
            "statement_id_prefix": null
          },
          "private": "bnVsbA==",
          "dependencies": [
            "module.splunk_backups.aws_cloudwatch_event_rule.hourly_backups",
            "module.splunk_backups.aws_iam_role.lambda_backups",
            "module.splunk_backups.aws_lambda_function.lambda_create_amis",
            "module.splunk_backups.data.archive_file.lambda_create_amis",
            "module.splunk_backups.data.aws_iam_policy_document.lambda_assume"
          ]
        }
      ]
    }
  ]
}
